{
  "version": 4,
  "terraform_version": "1.10.3",
  "serial": 2667,
  "lineage": "a1ad0426-0a84-188d-af72-792d9d0f82f3",
  "outputs": {
    "kubeconfig": {
      "value": "apiVersion: v1\nclusters:\n- cluster:\n    server: \n    certificate-authority-data: \n  name: kubernetes\ncontexts:\n- context:\n    cluster: kubernetes\n    user: aws\n  name: aws\ncurrent-context: aws\nkind: Config\npreferences: {}\nusers:\n- name: aws\n  user:\n    exec:\n      apiVersion: client.authentication.k8s.io/v1alpha1\n      command: aws-iam-authenticator\n      args:\n        - \"token\"\n        - \"-i\"\n        - \"cicd-dev\"\n      env:\n        - name: AWS_ACCESS_KEY_ID\n          value: \"AKIAQR5EPTOOAFOYWOME\"\n        - name: AWS_SECRET_ACCESS_KEY\n          value: \"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\"\n        - name: AWS_PROFILE\n          value: \"dev\"\n",
      "type": "string"
    }
  },
  "resources": [
    {
      "mode": "data",
      "type": "aws_internet_gateway",
      "name": "internet_gateway_info",
      "provider": "provider[\"registry.terraform.io/hashicorp/aws\"]",
      "instances": [
        {
          "schema_version": 0,
          "attributes": {
            "arn": "arn:aws:ec2:ap-northeast-2:038462790556:internet-gateway/igw-0dd5869eadc0eca49",
            "attachments": [
              {
                "state": "available",
                "vpc_id": "vpc-049e1a29af79bc829"
              }
            ],
            "filter": [
              {
                "name": "attachment.vpc-id",
                "values": [
                  "vpc-049e1a29af79bc829"
                ]
              }
            ],
            "id": "igw-0dd5869eadc0eca49",
            "internet_gateway_id": "igw-0dd5869eadc0eca49",
            "owner_id": "038462790556",
            "tags": {
              "Name": "cicd-internet_gw"
            },
            "timeouts": null
          },
          "sensitive_attributes": []
        }
      ]
    },
    {
      "mode": "data",
      "type": "aws_vpc",
      "name": "vpc_info",
      "provider": "provider[\"registry.terraform.io/hashicorp/aws\"]",
      "instances": [
        {
          "schema_version": 0,
          "attributes": {
            "arn": "arn:aws:ec2:ap-northeast-2:038462790556:vpc/vpc-049e1a29af79bc829",
            "cidr_block": "10.0.0.0/16",
            "cidr_block_associations": [
              {
                "association_id": "vpc-cidr-assoc-08467d883fa9e7deb",
                "cidr_block": "10.0.0.0/16",
                "state": "associated"
              }
            ],
            "default": false,
            "dhcp_options_id": "dopt-0a03607f9ce8a9f22",
            "enable_dns_hostnames": true,
            "enable_dns_support": true,
            "enable_network_address_usage_metrics": false,
            "filter": null,
            "id": "vpc-049e1a29af79bc829",
            "instance_tenancy": "default",
            "ipv6_association_id": "",
            "ipv6_cidr_block": "",
            "main_route_table_id": "rtb-063aefcc8b2e96ef5",
            "owner_id": "038462790556",
            "state": null,
            "tags": {
              "Name": "cicd"
            },
            "timeouts": null
          },
          "sensitive_attributes": []
        }
      ]
    },
    {
      "mode": "managed",
      "type": "aws_key_pair",
      "name": "sol_loginkey",
      "provider": "provider[\"registry.terraform.io/hashicorp/aws\"]",
      "instances": [
        {
          "schema_version": 1,
          "attributes": {
            "arn": "arn:aws:ec2:ap-northeast-2:038462790556:key-pair/cicd-dev-key",
            "fingerprint": "32:ba:e9:10:76:3e:49:5d:f3:1e:c5:c4:4a:62:fc:3d",
            "id": "cicd-dev-key",
            "key_name": "cicd-dev-key",
            "key_name_prefix": "",
            "key_pair_id": "key-0c3a7b161d91b4bf5",
            "key_type": "rsa",
            "public_key": "ssh-rsa AAAAB3NzaC1yc2EAAAADAQABAAABAQDpBLW/4KDuVsSZvReq1QZ9BXAYhhYTo3X7OfKpd7fFBOgJZS9K6cnEHB/jtlaISxWvkHehVruOCeltbZG0eOTUDO+YgXkh6BIDkCxoeW4W1DLewwQ6Y7Q2I4873uFEmERgIr7X9rbbkKnmsSbiA+dHd0LSBzQbXJeCgR7Y5L+cbsATk1itNqN+8EDXAHhqr/iJJ+FNOD0cG0GvO3hGtUAqwMYmYHFpFTXrunDcKIdWcfeRz/rEAoYFSE7duUCStf8R9BP8SLyp+IxZkCM1I3gJ0ERz5ee1CZFnUeRpqashOKBCfI6NE/wlW3jUzjmlVWmATe6wZ6B+nSjsEJ1sd7AB sol@localhost.localdomain",
            "tags": {},
            "tags_all": {}
          },
          "sensitive_attributes": [],
          "private": "eyJzY2hlbWFfdmVyc2lvbiI6IjEifQ=="
        }
      ]
    },
    {
      "module": "module.hosts[0]",
      "mode": "managed",
      "type": "local_file",
      "name": "hosts_manual_cfg",
      "provider": "provider[\"registry.terraform.io/hashicorp/local\"]",
      "instances": [
        {
          "schema_version": 0,
          "attributes": {
            "content": "\n[infra1]\n10.0.2.164\n\n[infra:children]\ninfra1\n\n\n\n[master1]\n10.0.2.108\n\n\n[master:children]\nmaster1\n\n\n\n[gitlab:children]\ninfra1\n[harbor:children]\ninfra1\n[jenkins:children]\ninfra1\n[portal:children]\ninfra1\n[nas:children]\ninfra1\n[nexus:children]\ninfra1\n[kafka:children]\ninfra1\n[ldap:children]\ninfra1\n[mattermost:children]\ninfra1\n[sonarqube:children]\ninfra1\n[mysql:children]\ninfra1\n\n[infra:vars]\nansible_python_interpreter=/usr/bin/python3\nansible_ssh_common_args='-o StrictHostKeyChecking=no -o UserKnownHostsFile=/dev/null -o ProxyCommand=\"ssh -W %h:%p -q sol@3.34.229.156\"'\n\n[master:vars]\nansible_python_interpreter=/usr/bin/python3\nansible_ssh_common_args='-o StrictHostKeyChecking=no -o UserKnownHostsFile=/dev/null -o ProxyCommand=\"ssh -W %h:%p -q sol@3.34.229.156\"'\n\n\n\n\n",
            "content_base64": null,
            "content_base64sha256": "OIv+wck0YOfY7HfBewm5lPUgeRvFqvBDQXJT8N4Xn68=",
            "content_base64sha512": "QhWx/xYdKtCWs3176pMft01sIOqOAx7uHfRzLTwD/krefXKdBiD+mJb1fEdGRpAZh+LwfXzLmgXHG4fAqh6ybA==",
            "content_md5": "ce0323172b0aade41d9bf70aeb0cd65d",
            "content_sha1": "115af01eab2942541418e3f595cfd5ba979346ba",
            "content_sha256": "388bfec1c93460e7d8ec77c17b09b994f520791bc5aaf043417253f0de179faf",
            "content_sha512": "4215b1ff161d2ad096b37d7bea931fb74d6c20ea8e031eee1df4732d3c03fe4ade7d729d0620fe9896f57c474646901987e2f07d7ccb9a05c71b87c0aa1eb26c",
            "directory_permission": "0777",
            "file_permission": "0777",
            "filename": "/home/sol/cicd-project/automation/ansible/inventory/hosts_aws_cicd_dev",
            "id": "115af01eab2942541418e3f595cfd5ba979346ba",
            "sensitive_content": null,
            "source": null
          },
          "sensitive_attributes": [
            [
              {
                "type": "get_attr",
                "value": "sensitive_content"
              }
            ]
          ],
          "dependencies": [
            "aws_key_pair.sol_loginkey",
            "data.aws_internet_gateway.internet_gateway_info",
            "data.aws_vpc.vpc_info",
            "module.sol_eip_for_ec2.aws_eip.sol_eip",
            "module.sol_iam_master_profile.aws_iam_instance_profile.sol_iam_profile",
            "module.sol_iam_master_role.aws_iam_role.sol_iam_role",
            "module.sol_iam_worker_profile_ec2.aws_iam_instance_profile.sol_iam_profile",
            "module.sol_iam_worker_role_ec2.aws_iam_role.sol_iam_role",
            "module.sol_infra_node.aws_instance.sol_ec2",
            "module.sol_infra_sg.aws_security_group.sol_sg",
            "module.sol_internet_gateway.aws_internet_gateway.sol_internet_gateway",
            "module.sol_master_node.aws_instance.sol_ec2",
            "module.sol_master_sg.aws_security_group.sol_sg",
            "module.sol_nat_eip.aws_eip.sol_eip",
            "module.sol_nic_master.aws_network_interface.sol_nic",
            "module.sol_nic_private.aws_network_interface.sol_nic",
            "module.sol_nic_worker.aws_network_interface.sol_nic",
            "module.sol_subnet_private.aws_subnet.sol_subnet",
            "module.sol_vpc.aws_vpc.sol_vpc",
            "module.sol_worker_ec2_sg.aws_security_group.sol_sg",
            "module.sol_worker_node.aws_instance.sol_ec2"
          ]
        }
      ]
    },
    {
      "module": "module.sol_ami_k8s[0]",
      "mode": "managed",
      "type": "aws_ami_from_instance",
      "name": "sol_k8s_ami",
      "provider": "provider[\"registry.terraform.io/hashicorp/aws\"]",
      "instances": [
        {
          "schema_version": 0,
          "attributes": {
            "architecture": "x86_64",
            "arn": "arn:aws:ec2:ap-northeast-2::image/ami-02eeddc4ba7b79203",
            "boot_mode": "",
            "deprecation_time": "",
            "description": "",
            "ebs_block_device": [
              {
                "delete_on_termination": true,
                "device_name": "/dev/sda1",
                "encrypted": false,
                "iops": 0,
                "outpost_arn": "",
                "snapshot_id": "snap-008f8d9e2b1ced079",
                "throughput": 0,
                "volume_size": 50,
                "volume_type": "gp2"
              },
              {
                "delete_on_termination": true,
                "device_name": "/dev/sdf",
                "encrypted": false,
                "iops": 0,
                "outpost_arn": "",
                "snapshot_id": "snap-079fcd0dd57d38e63",
                "throughput": 0,
                "volume_size": 10,
                "volume_type": "gp2"
              }
            ],
            "ena_support": true,
            "ephemeral_block_device": [],
            "hypervisor": "xen",
            "id": "ami-02eeddc4ba7b79203",
            "image_location": "038462790556/cicd-dev-k8s-ami",
            "image_owner_alias": "",
            "image_type": "machine",
            "imds_support": "",
            "kernel_id": "",
            "manage_ebs_snapshots": true,
            "name": "cicd-dev-k8s-ami",
            "owner_id": "038462790556",
            "platform": "",
            "platform_details": "Linux/UNIX",
            "public": false,
            "ramdisk_id": "",
            "root_device_name": "/dev/sda1",
            "root_snapshot_id": "snap-008f8d9e2b1ced079",
            "snapshot_without_reboot": null,
            "source_instance_id": "i-0c9a5db7a9aabf429",
            "sriov_net_support": "simple",
            "tags": null,
            "tags_all": {},
            "timeouts": null,
            "tpm_support": "",
            "usage_operation": "RunInstances",
            "virtualization_type": "hvm"
          },
          "sensitive_attributes": [],
          "private": "eyJlMmJmYjczMC1lY2FhLTExZTYtOGY4OC0zNDM2M2JjN2M0YzAiOnsiY3JlYXRlIjoyNDAwMDAwMDAwMDAwLCJkZWxldGUiOjU0MDAwMDAwMDAwMDAsInVwZGF0ZSI6MjQwMDAwMDAwMDAwMH19",
          "dependencies": [
            "aws_key_pair.sol_loginkey",
            "data.aws_internet_gateway.internet_gateway_info",
            "data.aws_vpc.vpc_info",
            "module.sol_iam_master_profile.aws_iam_instance_profile.sol_iam_profile",
            "module.sol_iam_master_role.aws_iam_role.sol_iam_role",
            "module.sol_infra_node.aws_instance.sol_ec2",
            "module.sol_infra_sg.aws_security_group.sol_sg",
            "module.sol_internet_gateway.aws_internet_gateway.sol_internet_gateway",
            "module.sol_master_node.aws_instance.sol_ec2",
            "module.sol_master_sg.aws_security_group.sol_sg",
            "module.sol_nat_eip.aws_eip.sol_eip",
            "module.sol_nic_master.aws_network_interface.sol_nic",
            "module.sol_nic_private.aws_network_interface.sol_nic",
            "module.sol_subnet_private.aws_subnet.sol_subnet",
            "module.sol_vpc.aws_vpc.sol_vpc"
          ]
        }
      ]
    },
    {
      "module": "module.sol_bastion_node[0]",
      "mode": "managed",
      "type": "aws_instance",
      "name": "sol_ec2",
      "provider": "provider[\"registry.terraform.io/hashicorp/aws\"]",
      "instances": [
        {
          "schema_version": 1,
          "attributes": {
            "ami": "ami-0a0cd2f78e9ef322a",
            "arn": "arn:aws:ec2:ap-northeast-2:038462790556:instance/i-03be2cd1159388388",
            "associate_public_ip_address": true,
            "availability_zone": "ap-northeast-2a",
            "capacity_reservation_specification": [
              {
                "capacity_reservation_preference": "open",
                "capacity_reservation_target": []
              }
            ],
            "cpu_core_count": 2,
            "cpu_options": [
              {
                "amd_sev_snp": "",
                "core_count": 2,
                "threads_per_core": 1
              }
            ],
            "cpu_threads_per_core": 1,
            "credit_specification": [
              {
                "cpu_credits": "standard"
              }
            ],
            "disable_api_stop": false,
            "disable_api_termination": false,
            "ebs_block_device": [],
            "ebs_optimized": false,
            "enable_primary_ipv6": null,
            "enclave_options": [
              {
                "enabled": false
              }
            ],
            "ephemeral_block_device": [],
            "get_password_data": false,
            "hibernation": false,
            "host_id": "",
            "host_resource_group_arn": null,
            "iam_instance_profile": "",
            "id": "i-03be2cd1159388388",
            "instance_initiated_shutdown_behavior": "stop",
            "instance_lifecycle": "",
            "instance_market_options": [],
            "instance_state": "running",
            "instance_type": "t2.medium",
            "ipv6_address_count": 0,
            "ipv6_addresses": [],
            "key_name": "cicd-dev-key",
            "launch_template": [],
            "maintenance_options": [
              {
                "auto_recovery": "default"
              }
            ],
            "metadata_options": [
              {
                "http_endpoint": "enabled",
                "http_protocol_ipv6": "disabled",
                "http_put_response_hop_limit": 1,
                "http_tokens": "optional",
                "instance_metadata_tags": "disabled"
              }
            ],
            "monitoring": false,
            "network_interface": [
              {
                "delete_on_termination": false,
                "device_index": 0,
                "network_card_index": 0,
                "network_interface_id": "eni-0da3e0b14e6ede995"
              }
            ],
            "outpost_arn": "",
            "password_data": "",
            "placement_group": "",
            "placement_partition_number": 0,
            "primary_network_interface_id": "eni-0da3e0b14e6ede995",
            "private_dns": "ip-10-0-1-62.ap-northeast-2.compute.internal",
            "private_dns_name_options": [
              {
                "enable_resource_name_dns_a_record": false,
                "enable_resource_name_dns_aaaa_record": false,
                "hostname_type": "ip-name"
              }
            ],
            "private_ip": "10.0.1.62",
            "public_dns": "ec2-3-34-229-156.ap-northeast-2.compute.amazonaws.com",
            "public_ip": "3.34.229.156",
            "root_block_device": [
              {
                "delete_on_termination": true,
                "device_name": "/dev/sda1",
                "encrypted": false,
                "iops": 100,
                "kms_key_id": "",
                "tags": {},
                "tags_all": {},
                "throughput": 0,
                "volume_id": "vol-0168b5e6dd2c122a9",
                "volume_size": 16,
                "volume_type": "gp2"
              }
            ],
            "secondary_private_ips": [],
            "security_groups": [],
            "source_dest_check": true,
            "spot_instance_request_id": "",
            "subnet_id": "subnet-0fadb2de5cf20a464",
            "tags": {
              "Name": "cicd-dev-jumpbox-0"
            },
            "tags_all": {
              "Name": "cicd-dev-jumpbox-0"
            },
            "tenancy": "default",
            "timeouts": null,
            "user_data": "3823cb383bef9552ac686e484963cea81d5101b4",
            "user_data_base64": null,
            "user_data_replace_on_change": false,
            "volume_tags": null,
            "vpc_security_group_ids": [
              "sg-031f0fb0337fdf1d4"
            ]
          },
          "sensitive_attributes": [],
          "private": "eyJlMmJmYjczMC1lY2FhLTExZTYtOGY4OC0zNDM2M2JjN2M0YzAiOnsiY3JlYXRlIjo2MDAwMDAwMDAwMDAsImRlbGV0ZSI6MTIwMDAwMDAwMDAwMCwicmVhZCI6OTAwMDAwMDAwMDAwLCJ1cGRhdGUiOjYwMDAwMDAwMDAwMH0sInNjaGVtYV92ZXJzaW9uIjoiMSJ9",
          "dependencies": [
            "aws_key_pair.sol_loginkey",
            "data.aws_vpc.vpc_info",
            "module.sol_jumpbox_sg.aws_security_group.sol_sg",
            "module.sol_nic_public.aws_network_interface.sol_nic",
            "module.sol_subnet_public.aws_subnet.sol_subnet",
            "module.sol_vpc.aws_vpc.sol_vpc"
          ]
        }
      ]
    },
    {
      "module": "module.sol_default_route[0]",
      "mode": "managed",
      "type": "aws_route",
      "name": "sol_default_route",
      "provider": "provider[\"registry.terraform.io/hashicorp/aws\"]",
      "instances": [
        {
          "schema_version": 0,
          "attributes": {
            "carrier_gateway_id": "",
            "core_network_arn": "",
            "destination_cidr_block": "0.0.0.0/0",
            "destination_ipv6_cidr_block": "",
            "destination_prefix_list_id": "",
            "egress_only_gateway_id": "",
            "gateway_id": "igw-0dd5869eadc0eca49",
            "id": "r-rtb-063aefcc8b2e96ef51080289494",
            "instance_id": "",
            "instance_owner_id": "",
            "local_gateway_id": "",
            "nat_gateway_id": "",
            "network_interface_id": "",
            "origin": "CreateRoute",
            "route_table_id": "rtb-063aefcc8b2e96ef5",
            "state": "active",
            "timeouts": null,
            "transit_gateway_id": "",
            "vpc_endpoint_id": "",
            "vpc_peering_connection_id": ""
          },
          "sensitive_attributes": [],
          "private": "eyJlMmJmYjczMC1lY2FhLTExZTYtOGY4OC0zNDM2M2JjN2M0YzAiOnsiY3JlYXRlIjozMDAwMDAwMDAwMDAsImRlbGV0ZSI6MzAwMDAwMDAwMDAwLCJ1cGRhdGUiOjEyMDAwMDAwMDAwMH19",
          "dependencies": [
            "module.sol_internet_gateway.aws_internet_gateway.sol_internet_gateway",
            "module.sol_vpc.aws_vpc.sol_vpc"
          ]
        }
      ]
    },
    {
      "module": "module.sol_default_route_table[0]",
      "mode": "managed",
      "type": "aws_default_route_table",
      "name": "sol_default_route_table",
      "provider": "provider[\"registry.terraform.io/hashicorp/aws\"]",
      "instances": [
        {
          "schema_version": 0,
          "attributes": {
            "arn": "arn:aws:ec2:ap-northeast-2:038462790556:route-table/rtb-063aefcc8b2e96ef5",
            "default_route_table_id": "rtb-063aefcc8b2e96ef5",
            "id": "rtb-063aefcc8b2e96ef5",
            "owner_id": "038462790556",
            "propagating_vgws": [],
            "route": [
              {
                "cidr_block": "0.0.0.0/0",
                "core_network_arn": "",
                "destination_prefix_list_id": "",
                "egress_only_gateway_id": "",
                "gateway_id": "igw-0dd5869eadc0eca49",
                "instance_id": "",
                "ipv6_cidr_block": "",
                "nat_gateway_id": "",
                "network_interface_id": "",
                "transit_gateway_id": "",
                "vpc_endpoint_id": "",
                "vpc_peering_connection_id": ""
              }
            ],
            "tags": {
              "Name": "cicd-main_route_table"
            },
            "tags_all": {
              "Name": "cicd-main_route_table"
            },
            "timeouts": null,
            "vpc_id": "vpc-049e1a29af79bc829"
          },
          "sensitive_attributes": [],
          "private": "eyJlMmJmYjczMC1lY2FhLTExZTYtOGY4OC0zNDM2M2JjN2M0YzAiOnsiY3JlYXRlIjoxMjAwMDAwMDAwMDAsInVwZGF0ZSI6MTIwMDAwMDAwMDAwfX0=",
          "dependencies": [
            "module.sol_vpc.aws_vpc.sol_vpc"
          ]
        }
      ]
    },
    {
      "module": "module.sol_eip_association_for_ec2[0]",
      "mode": "managed",
      "type": "aws_eip_association",
      "name": "tf_bxcr_eip_association",
      "provider": "provider[\"registry.terraform.io/hashicorp/aws\"]",
      "instances": [
        {
          "schema_version": 0,
          "attributes": {
            "allocation_id": "eipalloc-07bfbf966bc854810",
            "allow_reassociation": null,
            "id": "eipassoc-040f09a16c606424c",
            "instance_id": "i-03be2cd1159388388",
            "network_interface_id": "eni-0da3e0b14e6ede995",
            "private_ip_address": "10.0.1.62",
            "public_ip": "3.34.229.156"
          },
          "sensitive_attributes": [],
          "private": "bnVsbA==",
          "dependencies": [
            "aws_key_pair.sol_loginkey",
            "data.aws_internet_gateway.internet_gateway_info",
            "data.aws_vpc.vpc_info",
            "module.sol_bastion_node.aws_instance.sol_ec2",
            "module.sol_eip_for_ec2.aws_eip.sol_eip",
            "module.sol_internet_gateway.aws_internet_gateway.sol_internet_gateway",
            "module.sol_jumpbox_sg.aws_security_group.sol_sg",
            "module.sol_nic_public.aws_network_interface.sol_nic",
            "module.sol_subnet_public.aws_subnet.sol_subnet",
            "module.sol_vpc.aws_vpc.sol_vpc"
          ]
        }
      ]
    },
    {
      "module": "module.sol_eip_for_ec2[0]",
      "mode": "managed",
      "type": "aws_eip",
      "name": "sol_eip",
      "provider": "provider[\"registry.terraform.io/hashicorp/aws\"]",
      "instances": [
        {
          "schema_version": 0,
          "attributes": {
            "address": null,
            "allocation_id": "eipalloc-07bfbf966bc854810",
            "arn": "arn:aws:ec2:ap-northeast-2:038462790556:elastic-ip/eipalloc-07bfbf966bc854810",
            "associate_with_private_ip": null,
            "association_id": "eipassoc-040f09a16c606424c",
            "carrier_ip": "",
            "customer_owned_ip": "",
            "customer_owned_ipv4_pool": "",
            "domain": "vpc",
            "id": "eipalloc-07bfbf966bc854810",
            "instance": "i-03be2cd1159388388",
            "ipam_pool_id": null,
            "network_border_group": "ap-northeast-2",
            "network_interface": "eni-0da3e0b14e6ede995",
            "private_dns": "ip-10-0-1-62.ap-northeast-2.compute.internal",
            "private_ip": "10.0.1.62",
            "ptr_record": "",
            "public_dns": "ec2-3-34-229-156.ap-northeast-2.compute.amazonaws.com",
            "public_ip": "3.34.229.156",
            "public_ipv4_pool": "amazon",
            "tags": {
              "Name": "cicd-dev-ap-northeast-2a-ec2-eip"
            },
            "tags_all": {
              "Name": "cicd-dev-ap-northeast-2a-ec2-eip"
            },
            "timeouts": null,
            "vpc": true
          },
          "sensitive_attributes": [],
          "private": "eyJlMmJmYjczMC1lY2FhLTExZTYtOGY4OC0zNDM2M2JjN2M0YzAiOnsiZGVsZXRlIjoxODAwMDAwMDAwMDAsInJlYWQiOjkwMDAwMDAwMDAwMCwidXBkYXRlIjozMDAwMDAwMDAwMDB9fQ==",
          "dependencies": [
            "data.aws_internet_gateway.internet_gateway_info",
            "data.aws_vpc.vpc_info",
            "module.sol_internet_gateway.aws_internet_gateway.sol_internet_gateway",
            "module.sol_vpc.aws_vpc.sol_vpc"
          ]
        }
      ]
    },
    {
      "module": "module.sol_iam_master_policy[0]",
      "mode": "managed",
      "type": "aws_iam_policy",
      "name": "sol_iam_policy",
      "provider": "provider[\"registry.terraform.io/hashicorp/aws\"]",
      "instances": [
        {
          "schema_version": 0,
          "attributes": {
            "arn": "arn:aws:iam::038462790556:policy/cicd-dev-master_policy",
            "attachment_count": 1,
            "description": "",
            "id": "arn:aws:iam::038462790556:policy/cicd-dev-master_policy",
            "name": "cicd-dev-master_policy",
            "name_prefix": "",
            "path": "/",
            "policy": "{\"Statement\":[{\"Action\":[\"ec2:*\",\"elasticloadbalancing:*\",\"route53:*\",\"ecr:GetAuthorizationToken\",\"ecr:BatchCheckLayerAvailability\",\"ecr:GetDownloadUrlForLayer\",\"ecr:GetRepositoryPolicy\",\"ecr:DescribeRepositories\",\"ecr:ListImages\",\"ecr:BatchGetImage\",\"kms:DescribeKey\",\"kms:Decrypt\",\"kms:GenerateDataKeyWithoutPlaintext\",\"kms:CreateGrant\"],\"Effect\":\"Allow\",\"Resource\":\"*\"}],\"Version\":\"2012-10-17\"}",
            "policy_id": "ANPAQR5EPTOOLTH63R7GX",
            "tags": {},
            "tags_all": {}
          },
          "sensitive_attributes": [],
          "private": "bnVsbA=="
        }
      ]
    },
    {
      "module": "module.sol_iam_master_policy_attachment[0]",
      "mode": "managed",
      "type": "aws_iam_role_policy_attachment",
      "name": "sol_iam_role_policy_attachment",
      "provider": "provider[\"registry.terraform.io/hashicorp/aws\"]",
      "instances": [
        {
          "schema_version": 0,
          "attributes": {
            "id": "cicd-dev-master_role-20250326002130967700000001",
            "policy_arn": "arn:aws:iam::038462790556:policy/cicd-dev-master_policy",
            "role": "cicd-dev-master_role"
          },
          "sensitive_attributes": [],
          "private": "bnVsbA==",
          "dependencies": [
            "module.sol_iam_master_policy.aws_iam_policy.sol_iam_policy",
            "module.sol_iam_master_role.aws_iam_role.sol_iam_role"
          ]
        }
      ]
    },
    {
      "module": "module.sol_iam_master_profile[0]",
      "mode": "managed",
      "type": "aws_iam_instance_profile",
      "name": "sol_iam_profile",
      "provider": "provider[\"registry.terraform.io/hashicorp/aws\"]",
      "instances": [
        {
          "schema_version": 0,
          "attributes": {
            "arn": "arn:aws:iam::038462790556:instance-profile/cicd-dev-master_profile",
            "create_date": "2025-03-26T00:21:30Z",
            "id": "cicd-dev-master_profile",
            "name": "cicd-dev-master_profile",
            "name_prefix": "",
            "path": "/",
            "role": "cicd-dev-master_role",
            "tags": {},
            "tags_all": {},
            "unique_id": "AIPAQR5EPTOOHO3EGJZR2"
          },
          "sensitive_attributes": [],
          "private": "bnVsbA==",
          "dependencies": [
            "module.sol_iam_master_role.aws_iam_role.sol_iam_role"
          ]
        }
      ]
    },
    {
      "module": "module.sol_iam_master_role[0]",
      "mode": "managed",
      "type": "aws_iam_role",
      "name": "sol_iam_role",
      "provider": "provider[\"registry.terraform.io/hashicorp/aws\"]",
      "instances": [
        {
          "schema_version": 0,
          "attributes": {
            "arn": "arn:aws:iam::038462790556:role/cicd-dev-master_role",
            "assume_role_policy": "{\"Statement\":[{\"Action\":\"sts:AssumeRole\",\"Effect\":\"Allow\",\"Principal\":{\"Service\":\"ec2.amazonaws.com\"}}],\"Version\":\"2012-10-17\"}",
            "create_date": "2025-03-26T00:21:29Z",
            "description": "",
            "force_detach_policies": false,
            "id": "cicd-dev-master_role",
            "inline_policy": [],
            "managed_policy_arns": [
              "arn:aws:iam::038462790556:policy/cicd-dev-master_policy"
            ],
            "max_session_duration": 3600,
            "name": "cicd-dev-master_role",
            "name_prefix": "",
            "path": "/",
            "permissions_boundary": "",
            "tags": {
              "name": "cicd-dev-master_role"
            },
            "tags_all": {
              "name": "cicd-dev-master_role"
            },
            "unique_id": "AROAQR5EPTOOF56Q6GE7D"
          },
          "sensitive_attributes": [],
          "private": "bnVsbA=="
        }
      ]
    },
    {
      "module": "module.sol_infra_lb_sg[0]",
      "mode": "managed",
      "type": "aws_security_group",
      "name": "sol_sg",
      "provider": "provider[\"registry.terraform.io/hashicorp/aws\"]",
      "instances": [
        {
          "schema_version": 1,
          "attributes": {
            "arn": "arn:aws:ec2:ap-northeast-2:038462790556:security-group/sg-06ecef2215b34c7b6",
            "description": "Security Group For infra lb",
            "egress": [
              {
                "cidr_blocks": [
                  "0.0.0.0/0"
                ],
                "description": "",
                "from_port": 0,
                "ipv6_cidr_blocks": [],
                "prefix_list_ids": [],
                "protocol": "-1",
                "security_groups": [],
                "self": false,
                "to_port": 0
              }
            ],
            "id": "sg-06ecef2215b34c7b6",
            "ingress": [
              {
                "cidr_blocks": [
                  "0.0.0.0/0"
                ],
                "description": "",
                "from_port": 0,
                "ipv6_cidr_blocks": [],
                "prefix_list_ids": [],
                "protocol": "-1",
                "security_groups": [],
                "self": false,
                "to_port": 0
              },
              {
                "cidr_blocks": [
                  "10.0.2.0/24"
                ],
                "description": "",
                "from_port": 0,
                "ipv6_cidr_blocks": [],
                "prefix_list_ids": [],
                "protocol": "-1",
                "security_groups": [],
                "self": false,
                "to_port": 0
              },
              {
                "cidr_blocks": [
                  "220.118.2.248/32"
                ],
                "description": "",
                "from_port": 0,
                "ipv6_cidr_blocks": [],
                "prefix_list_ids": [],
                "protocol": "-1",
                "security_groups": [],
                "self": false,
                "to_port": 0
              }
            ],
            "name": "cicd-dev-infra-lb-sg",
            "name_prefix": "",
            "owner_id": "038462790556",
            "revoke_rules_on_delete": false,
            "tags": {
              "Name": "cicd-dev-infra-lb-sg",
              "kubernetes.io/cluster/cicd/dev": "owned"
            },
            "tags_all": {
              "Name": "cicd-dev-infra-lb-sg",
              "kubernetes.io/cluster/cicd/dev": "owned"
            },
            "timeouts": null,
            "vpc_id": "vpc-049e1a29af79bc829"
          },
          "sensitive_attributes": [],
          "private": "eyJlMmJmYjczMC1lY2FhLTExZTYtOGY4OC0zNDM2M2JjN2M0YzAiOnsiY3JlYXRlIjo2MDAwMDAwMDAwMDAsImRlbGV0ZSI6OTAwMDAwMDAwMDAwfSwic2NoZW1hX3ZlcnNpb24iOiIxIn0=",
          "dependencies": [
            "data.aws_vpc.vpc_info",
            "module.sol_vpc.aws_vpc.sol_vpc"
          ]
        }
      ]
    },
    {
      "module": "module.sol_infra_node[0]",
      "mode": "managed",
      "type": "aws_instance",
      "name": "sol_ec2",
      "provider": "provider[\"registry.terraform.io/hashicorp/aws\"]",
      "instances": [
        {
          "schema_version": 1,
          "attributes": {
            "ami": "ami-0a0cd2f78e9ef322a",
            "arn": "arn:aws:ec2:ap-northeast-2:038462790556:instance/i-0684fd877b6a2680a",
            "associate_public_ip_address": false,
            "availability_zone": "ap-northeast-2a",
            "capacity_reservation_specification": [
              {
                "capacity_reservation_preference": "open",
                "capacity_reservation_target": []
              }
            ],
            "cpu_core_count": 2,
            "cpu_options": [
              {
                "amd_sev_snp": "",
                "core_count": 2,
                "threads_per_core": 2
              }
            ],
            "cpu_threads_per_core": 2,
            "credit_specification": [
              {
                "cpu_credits": "unlimited"
              }
            ],
            "disable_api_stop": false,
            "disable_api_termination": false,
            "ebs_block_device": [
              {
                "delete_on_termination": true,
                "device_name": "/dev/sdf",
                "encrypted": false,
                "iops": 210,
                "kms_key_id": "",
                "snapshot_id": "",
                "tags": {},
                "tags_all": {},
                "throughput": 0,
                "volume_id": "vol-0a526da9251e16211",
                "volume_size": 70,
                "volume_type": "gp2"
              }
            ],
            "ebs_optimized": false,
            "enable_primary_ipv6": null,
            "enclave_options": [
              {
                "enabled": false
              }
            ],
            "ephemeral_block_device": [],
            "get_password_data": false,
            "hibernation": false,
            "host_id": "",
            "host_resource_group_arn": null,
            "iam_instance_profile": "",
            "id": "i-0684fd877b6a2680a",
            "instance_initiated_shutdown_behavior": "stop",
            "instance_lifecycle": "",
            "instance_market_options": [],
            "instance_state": "running",
            "instance_type": "t3.xlarge",
            "ipv6_address_count": 0,
            "ipv6_addresses": [],
            "key_name": "cicd-dev-key",
            "launch_template": [],
            "maintenance_options": [
              {
                "auto_recovery": "default"
              }
            ],
            "metadata_options": [
              {
                "http_endpoint": "enabled",
                "http_protocol_ipv6": "disabled",
                "http_put_response_hop_limit": 1,
                "http_tokens": "optional",
                "instance_metadata_tags": "disabled"
              }
            ],
            "monitoring": false,
            "network_interface": [
              {
                "delete_on_termination": false,
                "device_index": 0,
                "network_card_index": 0,
                "network_interface_id": "eni-076e16a1addb7b677"
              }
            ],
            "outpost_arn": "",
            "password_data": "",
            "placement_group": "",
            "placement_partition_number": 0,
            "primary_network_interface_id": "eni-076e16a1addb7b677",
            "private_dns": "ip-10-0-2-164.ap-northeast-2.compute.internal",
            "private_dns_name_options": [
              {
                "enable_resource_name_dns_a_record": false,
                "enable_resource_name_dns_aaaa_record": false,
                "hostname_type": "ip-name"
              }
            ],
            "private_ip": "10.0.2.164",
            "public_dns": "",
            "public_ip": "",
            "root_block_device": [
              {
                "delete_on_termination": true,
                "device_name": "/dev/sda1",
                "encrypted": false,
                "iops": 150,
                "kms_key_id": "",
                "tags": {},
                "tags_all": {},
                "throughput": 0,
                "volume_id": "vol-0a8f287ff542718aa",
                "volume_size": 50,
                "volume_type": "gp2"
              }
            ],
            "secondary_private_ips": [],
            "security_groups": [],
            "source_dest_check": true,
            "spot_instance_request_id": "",
            "subnet_id": "subnet-09cd4b8c8f1c1eb67",
            "tags": {
              "Name": "cicd-dev-infra-0"
            },
            "tags_all": {
              "Name": "cicd-dev-infra-0"
            },
            "tenancy": "default",
            "timeouts": null,
            "user_data": "3823cb383bef9552ac686e484963cea81d5101b4",
            "user_data_base64": null,
            "user_data_replace_on_change": false,
            "volume_tags": null,
            "vpc_security_group_ids": [
              "sg-07571c50eeab39d4e"
            ]
          },
          "sensitive_attributes": [],
          "private": "eyJlMmJmYjczMC1lY2FhLTExZTYtOGY4OC0zNDM2M2JjN2M0YzAiOnsiY3JlYXRlIjo2MDAwMDAwMDAwMDAsImRlbGV0ZSI6MTIwMDAwMDAwMDAwMCwicmVhZCI6OTAwMDAwMDAwMDAwLCJ1cGRhdGUiOjYwMDAwMDAwMDAwMH0sInNjaGVtYV92ZXJzaW9uIjoiMSJ9",
          "dependencies": [
            "aws_key_pair.sol_loginkey",
            "data.aws_internet_gateway.internet_gateway_info",
            "data.aws_vpc.vpc_info",
            "module.sol_infra_sg.aws_security_group.sol_sg",
            "module.sol_internet_gateway.aws_internet_gateway.sol_internet_gateway",
            "module.sol_nat_eip.aws_eip.sol_eip",
            "module.sol_nic_private.aws_network_interface.sol_nic",
            "module.sol_subnet_private.aws_subnet.sol_subnet",
            "module.sol_vpc.aws_vpc.sol_vpc"
          ]
        }
      ]
    },
    {
      "module": "module.sol_infra_sg[0]",
      "mode": "managed",
      "type": "aws_security_group",
      "name": "sol_sg",
      "provider": "provider[\"registry.terraform.io/hashicorp/aws\"]",
      "instances": [
        {
          "schema_version": 1,
          "attributes": {
            "arn": "arn:aws:ec2:ap-northeast-2:038462790556:security-group/sg-07571c50eeab39d4e",
            "description": "Security Group For Infra Node",
            "egress": [
              {
                "cidr_blocks": [
                  "0.0.0.0/0"
                ],
                "description": "",
                "from_port": 0,
                "ipv6_cidr_blocks": [],
                "prefix_list_ids": [],
                "protocol": "-1",
                "security_groups": [],
                "self": false,
                "to_port": 0
              }
            ],
            "id": "sg-07571c50eeab39d4e",
            "ingress": [
              {
                "cidr_blocks": [
                  "0.0.0.0/0"
                ],
                "description": "",
                "from_port": 0,
                "ipv6_cidr_blocks": [],
                "prefix_list_ids": [],
                "protocol": "-1",
                "security_groups": [],
                "self": false,
                "to_port": 0
              },
              {
                "cidr_blocks": [
                  "10.0.2.0/24"
                ],
                "description": "",
                "from_port": 0,
                "ipv6_cidr_blocks": [],
                "prefix_list_ids": [],
                "protocol": "-1",
                "security_groups": [],
                "self": false,
                "to_port": 0
              },
              {
                "cidr_blocks": [
                  "220.118.2.248/32"
                ],
                "description": "",
                "from_port": 0,
                "ipv6_cidr_blocks": [],
                "prefix_list_ids": [],
                "protocol": "-1",
                "security_groups": [],
                "self": false,
                "to_port": 0
              },
              {
                "cidr_blocks": [
                  "3.38.60.113/32"
                ],
                "description": "",
                "from_port": 0,
                "ipv6_cidr_blocks": [],
                "prefix_list_ids": [],
                "protocol": "-1",
                "security_groups": [],
                "self": false,
                "to_port": 0
              }
            ],
            "name": "cicd-dev-infra-sg",
            "name_prefix": "",
            "owner_id": "038462790556",
            "revoke_rules_on_delete": false,
            "tags": {
              "Name": "cicd-dev-infra-sg",
              "kubernetes.io/cluster/cicd/dev": "owned"
            },
            "tags_all": {
              "Name": "cicd-dev-infra-sg",
              "kubernetes.io/cluster/cicd/dev": "owned"
            },
            "timeouts": null,
            "vpc_id": "vpc-049e1a29af79bc829"
          },
          "sensitive_attributes": [],
          "private": "eyJlMmJmYjczMC1lY2FhLTExZTYtOGY4OC0zNDM2M2JjN2M0YzAiOnsiY3JlYXRlIjo2MDAwMDAwMDAwMDAsImRlbGV0ZSI6OTAwMDAwMDAwMDAwfSwic2NoZW1hX3ZlcnNpb24iOiIxIn0=",
          "dependencies": [
            "data.aws_internet_gateway.internet_gateway_info",
            "data.aws_vpc.vpc_info",
            "module.sol_internet_gateway.aws_internet_gateway.sol_internet_gateway",
            "module.sol_nat_eip.aws_eip.sol_eip",
            "module.sol_vpc.aws_vpc.sol_vpc"
          ]
        }
      ]
    },
    {
      "module": "module.sol_internet_gateway[0]",
      "mode": "managed",
      "type": "aws_internet_gateway",
      "name": "sol_internet_gateway",
      "provider": "provider[\"registry.terraform.io/hashicorp/aws\"]",
      "instances": [
        {
          "schema_version": 0,
          "attributes": {
            "arn": "arn:aws:ec2:ap-northeast-2:038462790556:internet-gateway/igw-0dd5869eadc0eca49",
            "id": "igw-0dd5869eadc0eca49",
            "owner_id": "038462790556",
            "tags": {
              "Name": "cicd-internet_gw"
            },
            "tags_all": {
              "Name": "cicd-internet_gw"
            },
            "timeouts": null,
            "vpc_id": "vpc-049e1a29af79bc829"
          },
          "sensitive_attributes": [],
          "private": "eyJlMmJmYjczMC1lY2FhLTExZTYtOGY4OC0zNDM2M2JjN2M0YzAiOnsiY3JlYXRlIjoxMjAwMDAwMDAwMDAwLCJkZWxldGUiOjEyMDAwMDAwMDAwMDAsInVwZGF0ZSI6MTIwMDAwMDAwMDAwMH19",
          "dependencies": [
            "module.sol_vpc.aws_vpc.sol_vpc"
          ]
        }
      ]
    },
    {
      "module": "module.sol_jumpbox_sg",
      "mode": "managed",
      "type": "aws_security_group",
      "name": "sol_sg",
      "provider": "provider[\"registry.terraform.io/hashicorp/aws\"]",
      "instances": [
        {
          "schema_version": 1,
          "attributes": {
            "arn": "arn:aws:ec2:ap-northeast-2:038462790556:security-group/sg-031f0fb0337fdf1d4",
            "description": "Security Group For Jumpbox",
            "egress": [
              {
                "cidr_blocks": [
                  "0.0.0.0/0"
                ],
                "description": "",
                "from_port": 0,
                "ipv6_cidr_blocks": [],
                "prefix_list_ids": [],
                "protocol": "-1",
                "security_groups": [],
                "self": false,
                "to_port": 0
              }
            ],
            "id": "sg-031f0fb0337fdf1d4",
            "ingress": [
              {
                "cidr_blocks": [
                  "0.0.0.0/0"
                ],
                "description": "",
                "from_port": 0,
                "ipv6_cidr_blocks": [],
                "prefix_list_ids": [],
                "protocol": "-1",
                "security_groups": [],
                "self": false,
                "to_port": 0
              },
              {
                "cidr_blocks": [
                  "10.0.2.0/24"
                ],
                "description": "",
                "from_port": 0,
                "ipv6_cidr_blocks": [],
                "prefix_list_ids": [],
                "protocol": "-1",
                "security_groups": [],
                "self": false,
                "to_port": 0
              },
              {
                "cidr_blocks": [
                  "220.118.2.248/32"
                ],
                "description": "",
                "from_port": 0,
                "ipv6_cidr_blocks": [],
                "prefix_list_ids": [],
                "protocol": "-1",
                "security_groups": [],
                "self": false,
                "to_port": 0
              }
            ],
            "name": "cicd-dev-jumpbox-sg",
            "name_prefix": "",
            "owner_id": "038462790556",
            "revoke_rules_on_delete": false,
            "tags": {
              "Name": "cicd-dev-jumpbox-sg",
              "kubernetes.io/cluster/cicd/dev": "owned"
            },
            "tags_all": {
              "Name": "cicd-dev-jumpbox-sg",
              "kubernetes.io/cluster/cicd/dev": "owned"
            },
            "timeouts": null,
            "vpc_id": "vpc-049e1a29af79bc829"
          },
          "sensitive_attributes": [],
          "private": "eyJlMmJmYjczMC1lY2FhLTExZTYtOGY4OC0zNDM2M2JjN2M0YzAiOnsiY3JlYXRlIjo2MDAwMDAwMDAwMDAsImRlbGV0ZSI6OTAwMDAwMDAwMDAwfSwic2NoZW1hX3ZlcnNpb24iOiIxIn0=",
          "dependencies": [
            "data.aws_vpc.vpc_info",
            "module.sol_vpc.aws_vpc.sol_vpc"
          ]
        }
      ]
    },
    {
      "module": "module.sol_k8s_lb_sg[0]",
      "mode": "managed",
      "type": "aws_security_group",
      "name": "sol_sg",
      "provider": "provider[\"registry.terraform.io/hashicorp/aws\"]",
      "instances": [
        {
          "schema_version": 1,
          "attributes": {
            "arn": "arn:aws:ec2:ap-northeast-2:038462790556:security-group/sg-014ccf75c8718a2a6",
            "description": "Security Group For k8s lb",
            "egress": [
              {
                "cidr_blocks": [
                  "0.0.0.0/0"
                ],
                "description": "",
                "from_port": 0,
                "ipv6_cidr_blocks": [],
                "prefix_list_ids": [],
                "protocol": "-1",
                "security_groups": [],
                "self": false,
                "to_port": 0
              }
            ],
            "id": "sg-014ccf75c8718a2a6",
            "ingress": [
              {
                "cidr_blocks": [
                  "0.0.0.0/0"
                ],
                "description": "",
                "from_port": 0,
                "ipv6_cidr_blocks": [],
                "prefix_list_ids": [],
                "protocol": "-1",
                "security_groups": [],
                "self": false,
                "to_port": 0
              },
              {
                "cidr_blocks": [
                  "10.0.2.0/24"
                ],
                "description": "",
                "from_port": 0,
                "ipv6_cidr_blocks": [],
                "prefix_list_ids": [],
                "protocol": "-1",
                "security_groups": [],
                "self": false,
                "to_port": 0
              },
              {
                "cidr_blocks": [
                  "220.118.2.248/32"
                ],
                "description": "",
                "from_port": 0,
                "ipv6_cidr_blocks": [],
                "prefix_list_ids": [],
                "protocol": "-1",
                "security_groups": [],
                "self": false,
                "to_port": 0
              }
            ],
            "name": "cicd-dev-k8s-lb-sg",
            "name_prefix": "",
            "owner_id": "038462790556",
            "revoke_rules_on_delete": false,
            "tags": {
              "Name": "cicd-dev-k8s-lb-sg",
              "kubernetes.io/cluster/cicd/dev": "owned"
            },
            "tags_all": {
              "Name": "cicd-dev-k8s-lb-sg",
              "kubernetes.io/cluster/cicd/dev": "owned"
            },
            "timeouts": null,
            "vpc_id": "vpc-049e1a29af79bc829"
          },
          "sensitive_attributes": [],
          "private": "eyJlMmJmYjczMC1lY2FhLTExZTYtOGY4OC0zNDM2M2JjN2M0YzAiOnsiY3JlYXRlIjo2MDAwMDAwMDAwMDAsImRlbGV0ZSI6OTAwMDAwMDAwMDAwfSwic2NoZW1hX3ZlcnNpb24iOiIxIn0=",
          "dependencies": [
            "data.aws_vpc.vpc_info",
            "module.sol_vpc.aws_vpc.sol_vpc"
          ]
        }
      ]
    },
    {
      "module": "module.sol_lb_infra[0]",
      "mode": "managed",
      "type": "aws_lb",
      "name": "sol_lb",
      "provider": "provider[\"registry.terraform.io/hashicorp/aws\"]",
      "instances": [
        {
          "schema_version": 0,
          "attributes": {
            "access_logs": [
              {
                "bucket": "",
                "enabled": false,
                "prefix": ""
              }
            ],
            "arn": "arn:aws:elasticloadbalancing:ap-northeast-2:038462790556:loadbalancer/net/cicd-dev-infra-lb/7f7e62117b32556e",
            "arn_suffix": "net/cicd-dev-infra-lb/7f7e62117b32556e",
            "client_keep_alive": null,
            "connection_logs": [],
            "customer_owned_ipv4_pool": "",
            "desync_mitigation_mode": null,
            "dns_name": "cicd-dev-infra-lb-7f7e62117b32556e.elb.ap-northeast-2.amazonaws.com",
            "dns_record_client_routing_policy": "any_availability_zone",
            "drop_invalid_header_fields": null,
            "enable_cross_zone_load_balancing": false,
            "enable_deletion_protection": false,
            "enable_http2": null,
            "enable_tls_version_and_cipher_suite_headers": null,
            "enable_waf_fail_open": null,
            "enable_xff_client_port": null,
            "enable_zonal_shift": false,
            "enforce_security_group_inbound_rules_on_private_link_traffic": "",
            "id": "arn:aws:elasticloadbalancing:ap-northeast-2:038462790556:loadbalancer/net/cicd-dev-infra-lb/7f7e62117b32556e",
            "idle_timeout": null,
            "internal": false,
            "ip_address_type": "ipv4",
            "load_balancer_type": "network",
            "name": "cicd-dev-infra-lb",
            "name_prefix": "",
            "preserve_host_header": null,
            "security_groups": [
              "sg-06ecef2215b34c7b6"
            ],
            "subnet_mapping": [
              {
                "allocation_id": "",
                "ipv6_address": "",
                "outpost_id": "",
                "private_ipv4_address": "",
                "subnet_id": "subnet-0fadb2de5cf20a464"
              }
            ],
            "subnets": [
              "subnet-0fadb2de5cf20a464"
            ],
            "tags": {
              "Name": "cicd-dev-infra-lb",
              "kubernetes.io/cluster/cicd/dev": "owned"
            },
            "tags_all": {
              "Name": "cicd-dev-infra-lb",
              "kubernetes.io/cluster/cicd/dev": "owned"
            },
            "timeouts": null,
            "vpc_id": "vpc-049e1a29af79bc829",
            "xff_header_processing_mode": null,
            "zone_id": "ZIBE1TIR4HY56"
          },
          "sensitive_attributes": [],
          "private": "eyJlMmJmYjczMC1lY2FhLTExZTYtOGY4OC0zNDM2M2JjN2M0YzAiOnsiY3JlYXRlIjo2MDAwMDAwMDAwMDAsImRlbGV0ZSI6NjAwMDAwMDAwMDAwLCJ1cGRhdGUiOjYwMDAwMDAwMDAwMH19",
          "dependencies": [
            "data.aws_vpc.vpc_info",
            "module.sol_infra_lb_sg.aws_security_group.sol_sg",
            "module.sol_subnet_public.aws_subnet.sol_subnet",
            "module.sol_vpc.aws_vpc.sol_vpc"
          ]
        }
      ]
    },
    {
      "module": "module.sol_lb_infra_target_group[0]",
      "mode": "managed",
      "type": "aws_lb_target_group",
      "name": "sol_target_group",
      "provider": "provider[\"registry.terraform.io/hashicorp/aws\"]",
      "instances": [
        {
          "schema_version": 0,
          "attributes": {
            "arn": "arn:aws:elasticloadbalancing:ap-northeast-2:038462790556:targetgroup/cicd-dev-infra-tg-harbor/6feaac4db9e151d2",
            "arn_suffix": "targetgroup/cicd-dev-infra-tg-harbor/6feaac4db9e151d2",
            "connection_termination": false,
            "deregistration_delay": "300",
            "health_check": [
              {
                "enabled": true,
                "healthy_threshold": 2,
                "interval": 30,
                "matcher": "",
                "path": "",
                "port": "5443",
                "protocol": "TCP",
                "timeout": 10,
                "unhealthy_threshold": 2
              }
            ],
            "id": "arn:aws:elasticloadbalancing:ap-northeast-2:038462790556:targetgroup/cicd-dev-infra-tg-harbor/6feaac4db9e151d2",
            "ip_address_type": "ipv4",
            "lambda_multi_value_headers_enabled": false,
            "load_balancer_arns": [
              "arn:aws:elasticloadbalancing:ap-northeast-2:038462790556:loadbalancer/net/cicd-dev-infra-lb/7f7e62117b32556e"
            ],
            "load_balancing_algorithm_type": null,
            "load_balancing_anomaly_mitigation": null,
            "load_balancing_cross_zone_enabled": "false",
            "name": "cicd-dev-infra-tg-harbor",
            "name_prefix": "",
            "port": 5443,
            "preserve_client_ip": "true",
            "protocol": "TCP",
            "protocol_version": null,
            "proxy_protocol_v2": false,
            "slow_start": 0,
            "stickiness": [
              {
                "cookie_duration": 0,
                "cookie_name": "",
                "enabled": false,
                "type": "source_ip"
              }
            ],
            "tags": {
              "Name": "cicd-dev-infra-tg-harbor"
            },
            "tags_all": {
              "Name": "cicd-dev-infra-tg-harbor"
            },
            "target_failover": [
              {
                "on_deregistration": null,
                "on_unhealthy": null
              }
            ],
            "target_group_health": [
              {
                "dns_failover": [
                  {
                    "minimum_healthy_targets_count": "1",
                    "minimum_healthy_targets_percentage": "off"
                  }
                ],
                "unhealthy_state_routing": [
                  {
                    "minimum_healthy_targets_count": 1,
                    "minimum_healthy_targets_percentage": "off"
                  }
                ]
              }
            ],
            "target_health_state": [
              {
                "enable_unhealthy_connection_termination": true,
                "unhealthy_draining_interval": 0
              }
            ],
            "target_type": "instance",
            "vpc_id": "vpc-049e1a29af79bc829"
          },
          "sensitive_attributes": [],
          "private": "bnVsbA==",
          "dependencies": [
            "data.aws_vpc.vpc_info",
            "module.sol_vpc.aws_vpc.sol_vpc"
          ]
        }
      ]
    },
    {
      "module": "module.sol_lb_infra_target_group[1]",
      "mode": "managed",
      "type": "aws_lb_target_group",
      "name": "sol_target_group",
      "provider": "provider[\"registry.terraform.io/hashicorp/aws\"]",
      "instances": [
        {
          "schema_version": 0,
          "attributes": {
            "arn": "arn:aws:elasticloadbalancing:ap-northeast-2:038462790556:targetgroup/cicd-dev-infra-tg-gitlab/a3d17e9f97bb0fef",
            "arn_suffix": "targetgroup/cicd-dev-infra-tg-gitlab/a3d17e9f97bb0fef",
            "connection_termination": false,
            "deregistration_delay": "300",
            "health_check": [
              {
                "enabled": true,
                "healthy_threshold": 2,
                "interval": 30,
                "matcher": "",
                "path": "",
                "port": "8443",
                "protocol": "TCP",
                "timeout": 10,
                "unhealthy_threshold": 2
              }
            ],
            "id": "arn:aws:elasticloadbalancing:ap-northeast-2:038462790556:targetgroup/cicd-dev-infra-tg-gitlab/a3d17e9f97bb0fef",
            "ip_address_type": "ipv4",
            "lambda_multi_value_headers_enabled": false,
            "load_balancer_arns": [
              "arn:aws:elasticloadbalancing:ap-northeast-2:038462790556:loadbalancer/net/cicd-dev-infra-lb/7f7e62117b32556e"
            ],
            "load_balancing_algorithm_type": null,
            "load_balancing_anomaly_mitigation": null,
            "load_balancing_cross_zone_enabled": "false",
            "name": "cicd-dev-infra-tg-gitlab",
            "name_prefix": "",
            "port": 8443,
            "preserve_client_ip": "true",
            "protocol": "TCP",
            "protocol_version": null,
            "proxy_protocol_v2": false,
            "slow_start": 0,
            "stickiness": [
              {
                "cookie_duration": 0,
                "cookie_name": "",
                "enabled": false,
                "type": "source_ip"
              }
            ],
            "tags": {
              "Name": "cicd-dev-infra-tg-gitlab"
            },
            "tags_all": {
              "Name": "cicd-dev-infra-tg-gitlab"
            },
            "target_failover": [
              {
                "on_deregistration": null,
                "on_unhealthy": null
              }
            ],
            "target_group_health": [
              {
                "dns_failover": [
                  {
                    "minimum_healthy_targets_count": "1",
                    "minimum_healthy_targets_percentage": "off"
                  }
                ],
                "unhealthy_state_routing": [
                  {
                    "minimum_healthy_targets_count": 1,
                    "minimum_healthy_targets_percentage": "off"
                  }
                ]
              }
            ],
            "target_health_state": [
              {
                "enable_unhealthy_connection_termination": true,
                "unhealthy_draining_interval": 0
              }
            ],
            "target_type": "instance",
            "vpc_id": "vpc-049e1a29af79bc829"
          },
          "sensitive_attributes": [],
          "private": "bnVsbA==",
          "dependencies": [
            "data.aws_vpc.vpc_info",
            "module.sol_vpc.aws_vpc.sol_vpc"
          ]
        }
      ]
    },
    {
      "module": "module.sol_lb_infra_target_group[2]",
      "mode": "managed",
      "type": "aws_lb_target_group",
      "name": "sol_target_group",
      "provider": "provider[\"registry.terraform.io/hashicorp/aws\"]",
      "instances": [
        {
          "schema_version": 0,
          "attributes": {
            "arn": "arn:aws:elasticloadbalancing:ap-northeast-2:038462790556:targetgroup/cicd-dev-infra-tg-nexus/0eff2a2ec96e8eca",
            "arn_suffix": "targetgroup/cicd-dev-infra-tg-nexus/0eff2a2ec96e8eca",
            "connection_termination": false,
            "deregistration_delay": "300",
            "health_check": [
              {
                "enabled": true,
                "healthy_threshold": 2,
                "interval": 30,
                "matcher": "",
                "path": "",
                "port": "8081",
                "protocol": "TCP",
                "timeout": 10,
                "unhealthy_threshold": 2
              }
            ],
            "id": "arn:aws:elasticloadbalancing:ap-northeast-2:038462790556:targetgroup/cicd-dev-infra-tg-nexus/0eff2a2ec96e8eca",
            "ip_address_type": "ipv4",
            "lambda_multi_value_headers_enabled": false,
            "load_balancer_arns": [
              "arn:aws:elasticloadbalancing:ap-northeast-2:038462790556:loadbalancer/net/cicd-dev-infra-lb/7f7e62117b32556e"
            ],
            "load_balancing_algorithm_type": null,
            "load_balancing_anomaly_mitigation": null,
            "load_balancing_cross_zone_enabled": "false",
            "name": "cicd-dev-infra-tg-nexus",
            "name_prefix": "",
            "port": 8081,
            "preserve_client_ip": "true",
            "protocol": "TCP",
            "protocol_version": null,
            "proxy_protocol_v2": false,
            "slow_start": 0,
            "stickiness": [
              {
                "cookie_duration": 0,
                "cookie_name": "",
                "enabled": false,
                "type": "source_ip"
              }
            ],
            "tags": {
              "Name": "cicd-dev-infra-tg-nexus"
            },
            "tags_all": {
              "Name": "cicd-dev-infra-tg-nexus"
            },
            "target_failover": [
              {
                "on_deregistration": null,
                "on_unhealthy": null
              }
            ],
            "target_group_health": [
              {
                "dns_failover": [
                  {
                    "minimum_healthy_targets_count": "1",
                    "minimum_healthy_targets_percentage": "off"
                  }
                ],
                "unhealthy_state_routing": [
                  {
                    "minimum_healthy_targets_count": 1,
                    "minimum_healthy_targets_percentage": "off"
                  }
                ]
              }
            ],
            "target_health_state": [
              {
                "enable_unhealthy_connection_termination": true,
                "unhealthy_draining_interval": 0
              }
            ],
            "target_type": "instance",
            "vpc_id": "vpc-049e1a29af79bc829"
          },
          "sensitive_attributes": [],
          "private": "bnVsbA==",
          "dependencies": [
            "data.aws_vpc.vpc_info",
            "module.sol_vpc.aws_vpc.sol_vpc"
          ]
        }
      ]
    },
    {
      "module": "module.sol_lb_infra_target_group[3]",
      "mode": "managed",
      "type": "aws_lb_target_group",
      "name": "sol_target_group",
      "provider": "provider[\"registry.terraform.io/hashicorp/aws\"]",
      "instances": [
        {
          "schema_version": 0,
          "attributes": {
            "arn": "arn:aws:elasticloadbalancing:ap-northeast-2:038462790556:targetgroup/cicd-dev-infra-tg-jenkins/5e02068ab833f721",
            "arn_suffix": "targetgroup/cicd-dev-infra-tg-jenkins/5e02068ab833f721",
            "connection_termination": false,
            "deregistration_delay": "300",
            "health_check": [
              {
                "enabled": true,
                "healthy_threshold": 2,
                "interval": 30,
                "matcher": "",
                "path": "",
                "port": "8080",
                "protocol": "TCP",
                "timeout": 10,
                "unhealthy_threshold": 2
              }
            ],
            "id": "arn:aws:elasticloadbalancing:ap-northeast-2:038462790556:targetgroup/cicd-dev-infra-tg-jenkins/5e02068ab833f721",
            "ip_address_type": "ipv4",
            "lambda_multi_value_headers_enabled": false,
            "load_balancer_arns": [
              "arn:aws:elasticloadbalancing:ap-northeast-2:038462790556:loadbalancer/net/cicd-dev-infra-lb/7f7e62117b32556e"
            ],
            "load_balancing_algorithm_type": null,
            "load_balancing_anomaly_mitigation": null,
            "load_balancing_cross_zone_enabled": "false",
            "name": "cicd-dev-infra-tg-jenkins",
            "name_prefix": "",
            "port": 8080,
            "preserve_client_ip": "true",
            "protocol": "TCP",
            "protocol_version": null,
            "proxy_protocol_v2": false,
            "slow_start": 0,
            "stickiness": [
              {
                "cookie_duration": 0,
                "cookie_name": "",
                "enabled": false,
                "type": "source_ip"
              }
            ],
            "tags": {
              "Name": "cicd-dev-infra-tg-jenkins"
            },
            "tags_all": {
              "Name": "cicd-dev-infra-tg-jenkins"
            },
            "target_failover": [
              {
                "on_deregistration": null,
                "on_unhealthy": null
              }
            ],
            "target_group_health": [
              {
                "dns_failover": [
                  {
                    "minimum_healthy_targets_count": "1",
                    "minimum_healthy_targets_percentage": "off"
                  }
                ],
                "unhealthy_state_routing": [
                  {
                    "minimum_healthy_targets_count": 1,
                    "minimum_healthy_targets_percentage": "off"
                  }
                ]
              }
            ],
            "target_health_state": [
              {
                "enable_unhealthy_connection_termination": true,
                "unhealthy_draining_interval": 0
              }
            ],
            "target_type": "instance",
            "vpc_id": "vpc-049e1a29af79bc829"
          },
          "sensitive_attributes": [],
          "private": "bnVsbA==",
          "dependencies": [
            "data.aws_vpc.vpc_info",
            "module.sol_vpc.aws_vpc.sol_vpc"
          ]
        }
      ]
    },
    {
      "module": "module.sol_lb_infra_target_group[4]",
      "mode": "managed",
      "type": "aws_lb_target_group",
      "name": "sol_target_group",
      "provider": "provider[\"registry.terraform.io/hashicorp/aws\"]",
      "instances": [
        {
          "schema_version": 0,
          "attributes": {
            "arn": "arn:aws:elasticloadbalancing:ap-northeast-2:038462790556:targetgroup/cicd-dev-infra-tg-sonarqube/a536a3e10dae6030",
            "arn_suffix": "targetgroup/cicd-dev-infra-tg-sonarqube/a536a3e10dae6030",
            "connection_termination": false,
            "deregistration_delay": "300",
            "health_check": [
              {
                "enabled": true,
                "healthy_threshold": 2,
                "interval": 30,
                "matcher": "",
                "path": "",
                "port": "9000",
                "protocol": "TCP",
                "timeout": 10,
                "unhealthy_threshold": 2
              }
            ],
            "id": "arn:aws:elasticloadbalancing:ap-northeast-2:038462790556:targetgroup/cicd-dev-infra-tg-sonarqube/a536a3e10dae6030",
            "ip_address_type": "ipv4",
            "lambda_multi_value_headers_enabled": false,
            "load_balancer_arns": [
              "arn:aws:elasticloadbalancing:ap-northeast-2:038462790556:loadbalancer/net/cicd-dev-infra-lb/7f7e62117b32556e"
            ],
            "load_balancing_algorithm_type": null,
            "load_balancing_anomaly_mitigation": null,
            "load_balancing_cross_zone_enabled": "false",
            "name": "cicd-dev-infra-tg-sonarqube",
            "name_prefix": "",
            "port": 9000,
            "preserve_client_ip": "true",
            "protocol": "TCP",
            "protocol_version": null,
            "proxy_protocol_v2": false,
            "slow_start": 0,
            "stickiness": [
              {
                "cookie_duration": 0,
                "cookie_name": "",
                "enabled": false,
                "type": "source_ip"
              }
            ],
            "tags": {
              "Name": "cicd-dev-infra-tg-sonarqube"
            },
            "tags_all": {
              "Name": "cicd-dev-infra-tg-sonarqube"
            },
            "target_failover": [
              {
                "on_deregistration": null,
                "on_unhealthy": null
              }
            ],
            "target_group_health": [
              {
                "dns_failover": [
                  {
                    "minimum_healthy_targets_count": "1",
                    "minimum_healthy_targets_percentage": "off"
                  }
                ],
                "unhealthy_state_routing": [
                  {
                    "minimum_healthy_targets_count": 1,
                    "minimum_healthy_targets_percentage": "off"
                  }
                ]
              }
            ],
            "target_health_state": [
              {
                "enable_unhealthy_connection_termination": true,
                "unhealthy_draining_interval": 0
              }
            ],
            "target_type": "instance",
            "vpc_id": "vpc-049e1a29af79bc829"
          },
          "sensitive_attributes": [],
          "private": "bnVsbA==",
          "dependencies": [
            "data.aws_vpc.vpc_info",
            "module.sol_vpc.aws_vpc.sol_vpc"
          ]
        }
      ]
    },
    {
      "module": "module.sol_lb_infra_target_group[5]",
      "mode": "managed",
      "type": "aws_lb_target_group",
      "name": "sol_target_group",
      "provider": "provider[\"registry.terraform.io/hashicorp/aws\"]",
      "instances": [
        {
          "schema_version": 0,
          "attributes": {
            "arn": "arn:aws:elasticloadbalancing:ap-northeast-2:038462790556:targetgroup/cicd-dev-infra-tg-mattermost/8d9a916dfdb479d1",
            "arn_suffix": "targetgroup/cicd-dev-infra-tg-mattermost/8d9a916dfdb479d1",
            "connection_termination": false,
            "deregistration_delay": "300",
            "health_check": [
              {
                "enabled": true,
                "healthy_threshold": 2,
                "interval": 30,
                "matcher": "",
                "path": "",
                "port": "8085",
                "protocol": "TCP",
                "timeout": 10,
                "unhealthy_threshold": 2
              }
            ],
            "id": "arn:aws:elasticloadbalancing:ap-northeast-2:038462790556:targetgroup/cicd-dev-infra-tg-mattermost/8d9a916dfdb479d1",
            "ip_address_type": "ipv4",
            "lambda_multi_value_headers_enabled": false,
            "load_balancer_arns": [
              "arn:aws:elasticloadbalancing:ap-northeast-2:038462790556:loadbalancer/net/cicd-dev-infra-lb/7f7e62117b32556e"
            ],
            "load_balancing_algorithm_type": null,
            "load_balancing_anomaly_mitigation": null,
            "load_balancing_cross_zone_enabled": "false",
            "name": "cicd-dev-infra-tg-mattermost",
            "name_prefix": "",
            "port": 8085,
            "preserve_client_ip": "true",
            "protocol": "TCP",
            "protocol_version": null,
            "proxy_protocol_v2": false,
            "slow_start": 0,
            "stickiness": [
              {
                "cookie_duration": 0,
                "cookie_name": "",
                "enabled": false,
                "type": "source_ip"
              }
            ],
            "tags": {
              "Name": "cicd-dev-infra-tg-mattermost"
            },
            "tags_all": {
              "Name": "cicd-dev-infra-tg-mattermost"
            },
            "target_failover": [
              {
                "on_deregistration": null,
                "on_unhealthy": null
              }
            ],
            "target_group_health": [
              {
                "dns_failover": [
                  {
                    "minimum_healthy_targets_count": "1",
                    "minimum_healthy_targets_percentage": "off"
                  }
                ],
                "unhealthy_state_routing": [
                  {
                    "minimum_healthy_targets_count": 1,
                    "minimum_healthy_targets_percentage": "off"
                  }
                ]
              }
            ],
            "target_health_state": [
              {
                "enable_unhealthy_connection_termination": true,
                "unhealthy_draining_interval": 0
              }
            ],
            "target_type": "instance",
            "vpc_id": "vpc-049e1a29af79bc829"
          },
          "sensitive_attributes": [],
          "private": "bnVsbA==",
          "dependencies": [
            "data.aws_vpc.vpc_info",
            "module.sol_vpc.aws_vpc.sol_vpc"
          ]
        }
      ]
    },
    {
      "module": "module.sol_lb_infra_target_group_attachment_infra1[0]",
      "mode": "managed",
      "type": "aws_lb_target_group_attachment",
      "name": "sol_target_group_attachment",
      "provider": "provider[\"registry.terraform.io/hashicorp/aws\"]",
      "instances": [
        {
          "schema_version": 0,
          "attributes": {
            "availability_zone": null,
            "id": "arn:aws:elasticloadbalancing:ap-northeast-2:038462790556:targetgroup/cicd-dev-infra-tg-harbor/6feaac4db9e151d2-20250326002540299400000006",
            "port": null,
            "target_group_arn": "arn:aws:elasticloadbalancing:ap-northeast-2:038462790556:targetgroup/cicd-dev-infra-tg-harbor/6feaac4db9e151d2",
            "target_id": "i-0684fd877b6a2680a"
          },
          "sensitive_attributes": [],
          "private": "bnVsbA==",
          "dependencies": [
            "aws_key_pair.sol_loginkey",
            "data.aws_internet_gateway.internet_gateway_info",
            "data.aws_vpc.vpc_info",
            "module.sol_infra_node.aws_instance.sol_ec2",
            "module.sol_infra_sg.aws_security_group.sol_sg",
            "module.sol_internet_gateway.aws_internet_gateway.sol_internet_gateway",
            "module.sol_lb_infra_target_group.aws_lb_target_group.sol_target_group",
            "module.sol_nat_eip.aws_eip.sol_eip",
            "module.sol_nic_private.aws_network_interface.sol_nic",
            "module.sol_subnet_private.aws_subnet.sol_subnet",
            "module.sol_vpc.aws_vpc.sol_vpc"
          ]
        }
      ]
    },
    {
      "module": "module.sol_lb_infra_target_group_attachment_infra1[1]",
      "mode": "managed",
      "type": "aws_lb_target_group_attachment",
      "name": "sol_target_group_attachment",
      "provider": "provider[\"registry.terraform.io/hashicorp/aws\"]",
      "instances": [
        {
          "schema_version": 0,
          "attributes": {
            "availability_zone": null,
            "id": "arn:aws:elasticloadbalancing:ap-northeast-2:038462790556:targetgroup/cicd-dev-infra-tg-gitlab/a3d17e9f97bb0fef-2025032600254229750000000a",
            "port": null,
            "target_group_arn": "arn:aws:elasticloadbalancing:ap-northeast-2:038462790556:targetgroup/cicd-dev-infra-tg-gitlab/a3d17e9f97bb0fef",
            "target_id": "i-0684fd877b6a2680a"
          },
          "sensitive_attributes": [],
          "private": "bnVsbA==",
          "dependencies": [
            "aws_key_pair.sol_loginkey",
            "data.aws_internet_gateway.internet_gateway_info",
            "data.aws_vpc.vpc_info",
            "module.sol_infra_node.aws_instance.sol_ec2",
            "module.sol_infra_sg.aws_security_group.sol_sg",
            "module.sol_internet_gateway.aws_internet_gateway.sol_internet_gateway",
            "module.sol_lb_infra_target_group.aws_lb_target_group.sol_target_group",
            "module.sol_nat_eip.aws_eip.sol_eip",
            "module.sol_nic_private.aws_network_interface.sol_nic",
            "module.sol_subnet_private.aws_subnet.sol_subnet",
            "module.sol_vpc.aws_vpc.sol_vpc"
          ]
        }
      ]
    },
    {
      "module": "module.sol_lb_infra_target_group_attachment_infra1[2]",
      "mode": "managed",
      "type": "aws_lb_target_group_attachment",
      "name": "sol_target_group_attachment",
      "provider": "provider[\"registry.terraform.io/hashicorp/aws\"]",
      "instances": [
        {
          "schema_version": 0,
          "attributes": {
            "availability_zone": null,
            "id": "arn:aws:elasticloadbalancing:ap-northeast-2:038462790556:targetgroup/cicd-dev-infra-tg-nexus/0eff2a2ec96e8eca-20250326002540517500000008",
            "port": null,
            "target_group_arn": "arn:aws:elasticloadbalancing:ap-northeast-2:038462790556:targetgroup/cicd-dev-infra-tg-nexus/0eff2a2ec96e8eca",
            "target_id": "i-0684fd877b6a2680a"
          },
          "sensitive_attributes": [],
          "private": "bnVsbA==",
          "dependencies": [
            "aws_key_pair.sol_loginkey",
            "data.aws_internet_gateway.internet_gateway_info",
            "data.aws_vpc.vpc_info",
            "module.sol_infra_node.aws_instance.sol_ec2",
            "module.sol_infra_sg.aws_security_group.sol_sg",
            "module.sol_internet_gateway.aws_internet_gateway.sol_internet_gateway",
            "module.sol_lb_infra_target_group.aws_lb_target_group.sol_target_group",
            "module.sol_nat_eip.aws_eip.sol_eip",
            "module.sol_nic_private.aws_network_interface.sol_nic",
            "module.sol_subnet_private.aws_subnet.sol_subnet",
            "module.sol_vpc.aws_vpc.sol_vpc"
          ]
        }
      ]
    },
    {
      "module": "module.sol_lb_infra_target_group_attachment_infra1[3]",
      "mode": "managed",
      "type": "aws_lb_target_group_attachment",
      "name": "sol_target_group_attachment",
      "provider": "provider[\"registry.terraform.io/hashicorp/aws\"]",
      "instances": [
        {
          "schema_version": 0,
          "attributes": {
            "availability_zone": null,
            "id": "arn:aws:elasticloadbalancing:ap-northeast-2:038462790556:targetgroup/cicd-dev-infra-tg-jenkins/5e02068ab833f721-20250326002540231700000005",
            "port": null,
            "target_group_arn": "arn:aws:elasticloadbalancing:ap-northeast-2:038462790556:targetgroup/cicd-dev-infra-tg-jenkins/5e02068ab833f721",
            "target_id": "i-0684fd877b6a2680a"
          },
          "sensitive_attributes": [],
          "private": "bnVsbA==",
          "dependencies": [
            "aws_key_pair.sol_loginkey",
            "data.aws_internet_gateway.internet_gateway_info",
            "data.aws_vpc.vpc_info",
            "module.sol_infra_node.aws_instance.sol_ec2",
            "module.sol_infra_sg.aws_security_group.sol_sg",
            "module.sol_internet_gateway.aws_internet_gateway.sol_internet_gateway",
            "module.sol_lb_infra_target_group.aws_lb_target_group.sol_target_group",
            "module.sol_nat_eip.aws_eip.sol_eip",
            "module.sol_nic_private.aws_network_interface.sol_nic",
            "module.sol_subnet_private.aws_subnet.sol_subnet",
            "module.sol_vpc.aws_vpc.sol_vpc"
          ]
        }
      ]
    },
    {
      "module": "module.sol_lb_infra_target_group_attachment_infra1[4]",
      "mode": "managed",
      "type": "aws_lb_target_group_attachment",
      "name": "sol_target_group_attachment",
      "provider": "provider[\"registry.terraform.io/hashicorp/aws\"]",
      "instances": [
        {
          "schema_version": 0,
          "attributes": {
            "availability_zone": null,
            "id": "arn:aws:elasticloadbalancing:ap-northeast-2:038462790556:targetgroup/cicd-dev-infra-tg-sonarqube/a536a3e10dae6030-20250326002540610600000009",
            "port": null,
            "target_group_arn": "arn:aws:elasticloadbalancing:ap-northeast-2:038462790556:targetgroup/cicd-dev-infra-tg-sonarqube/a536a3e10dae6030",
            "target_id": "i-0684fd877b6a2680a"
          },
          "sensitive_attributes": [],
          "private": "bnVsbA==",
          "dependencies": [
            "aws_key_pair.sol_loginkey",
            "data.aws_internet_gateway.internet_gateway_info",
            "data.aws_vpc.vpc_info",
            "module.sol_infra_node.aws_instance.sol_ec2",
            "module.sol_infra_sg.aws_security_group.sol_sg",
            "module.sol_internet_gateway.aws_internet_gateway.sol_internet_gateway",
            "module.sol_lb_infra_target_group.aws_lb_target_group.sol_target_group",
            "module.sol_nat_eip.aws_eip.sol_eip",
            "module.sol_nic_private.aws_network_interface.sol_nic",
            "module.sol_subnet_private.aws_subnet.sol_subnet",
            "module.sol_vpc.aws_vpc.sol_vpc"
          ]
        }
      ]
    },
    {
      "module": "module.sol_lb_infra_target_group_attachment_infra1[5]",
      "mode": "managed",
      "type": "aws_lb_target_group_attachment",
      "name": "sol_target_group_attachment",
      "provider": "provider[\"registry.terraform.io/hashicorp/aws\"]",
      "instances": [
        {
          "schema_version": 0,
          "attributes": {
            "availability_zone": null,
            "id": "arn:aws:elasticloadbalancing:ap-northeast-2:038462790556:targetgroup/cicd-dev-infra-tg-mattermost/8d9a916dfdb479d1-20250326002540338000000007",
            "port": null,
            "target_group_arn": "arn:aws:elasticloadbalancing:ap-northeast-2:038462790556:targetgroup/cicd-dev-infra-tg-mattermost/8d9a916dfdb479d1",
            "target_id": "i-0684fd877b6a2680a"
          },
          "sensitive_attributes": [],
          "private": "bnVsbA==",
          "dependencies": [
            "aws_key_pair.sol_loginkey",
            "data.aws_internet_gateway.internet_gateway_info",
            "data.aws_vpc.vpc_info",
            "module.sol_infra_node.aws_instance.sol_ec2",
            "module.sol_infra_sg.aws_security_group.sol_sg",
            "module.sol_internet_gateway.aws_internet_gateway.sol_internet_gateway",
            "module.sol_lb_infra_target_group.aws_lb_target_group.sol_target_group",
            "module.sol_nat_eip.aws_eip.sol_eip",
            "module.sol_nic_private.aws_network_interface.sol_nic",
            "module.sol_subnet_private.aws_subnet.sol_subnet",
            "module.sol_vpc.aws_vpc.sol_vpc"
          ]
        }
      ]
    },
    {
      "module": "module.sol_lb_k8s[0]",
      "mode": "managed",
      "type": "aws_lb",
      "name": "sol_lb",
      "provider": "provider[\"registry.terraform.io/hashicorp/aws\"]",
      "instances": [
        {
          "schema_version": 0,
          "attributes": {
            "access_logs": [
              {
                "bucket": "",
                "enabled": false,
                "prefix": ""
              }
            ],
            "arn": "arn:aws:elasticloadbalancing:ap-northeast-2:038462790556:loadbalancer/net/cicd-dev-k8s-lb/c8ee1ce0c9be888a",
            "arn_suffix": "net/cicd-dev-k8s-lb/c8ee1ce0c9be888a",
            "client_keep_alive": null,
            "connection_logs": [],
            "customer_owned_ipv4_pool": "",
            "desync_mitigation_mode": null,
            "dns_name": "cicd-dev-k8s-lb-c8ee1ce0c9be888a.elb.ap-northeast-2.amazonaws.com",
            "dns_record_client_routing_policy": "any_availability_zone",
            "drop_invalid_header_fields": null,
            "enable_cross_zone_load_balancing": false,
            "enable_deletion_protection": false,
            "enable_http2": null,
            "enable_tls_version_and_cipher_suite_headers": null,
            "enable_waf_fail_open": null,
            "enable_xff_client_port": null,
            "enable_zonal_shift": false,
            "enforce_security_group_inbound_rules_on_private_link_traffic": "",
            "id": "arn:aws:elasticloadbalancing:ap-northeast-2:038462790556:loadbalancer/net/cicd-dev-k8s-lb/c8ee1ce0c9be888a",
            "idle_timeout": null,
            "internal": false,
            "ip_address_type": "ipv4",
            "load_balancer_type": "network",
            "name": "cicd-dev-k8s-lb",
            "name_prefix": "",
            "preserve_host_header": null,
            "security_groups": [
              "sg-014ccf75c8718a2a6"
            ],
            "subnet_mapping": [
              {
                "allocation_id": "",
                "ipv6_address": "",
                "outpost_id": "",
                "private_ipv4_address": "",
                "subnet_id": "subnet-0fadb2de5cf20a464"
              }
            ],
            "subnets": [
              "subnet-0fadb2de5cf20a464"
            ],
            "tags": {
              "Name": "cicd-dev-k8s-lb",
              "kubernetes.io/cluster/cicd/dev": "owned"
            },
            "tags_all": {
              "Name": "cicd-dev-k8s-lb",
              "kubernetes.io/cluster/cicd/dev": "owned"
            },
            "timeouts": null,
            "vpc_id": "vpc-049e1a29af79bc829",
            "xff_header_processing_mode": null,
            "zone_id": "ZIBE1TIR4HY56"
          },
          "sensitive_attributes": [],
          "private": "eyJlMmJmYjczMC1lY2FhLTExZTYtOGY4OC0zNDM2M2JjN2M0YzAiOnsiY3JlYXRlIjo2MDAwMDAwMDAwMDAsImRlbGV0ZSI6NjAwMDAwMDAwMDAwLCJ1cGRhdGUiOjYwMDAwMDAwMDAwMH19",
          "dependencies": [
            "data.aws_vpc.vpc_info",
            "module.sol_k8s_lb_sg.aws_security_group.sol_sg",
            "module.sol_subnet_public.aws_subnet.sol_subnet",
            "module.sol_vpc.aws_vpc.sol_vpc"
          ]
        }
      ]
    },
    {
      "module": "module.sol_lb_k8s_listener[0]",
      "mode": "managed",
      "type": "aws_lb_listener",
      "name": "sol_lb_listener",
      "provider": "provider[\"registry.terraform.io/hashicorp/aws\"]",
      "instances": [
        {
          "schema_version": 0,
          "attributes": {
            "alpn_policy": null,
            "arn": "arn:aws:elasticloadbalancing:ap-northeast-2:038462790556:listener/net/cicd-dev-k8s-lb/c8ee1ce0c9be888a/add5d532317980c8",
            "certificate_arn": null,
            "default_action": [
              {
                "authenticate_cognito": [],
                "authenticate_oidc": [],
                "fixed_response": [],
                "forward": [],
                "order": 1,
                "redirect": [],
                "target_group_arn": "arn:aws:elasticloadbalancing:ap-northeast-2:038462790556:targetgroup/cicd-dev-k8s-tg-k8s/aa23a1dc66f1ecd8",
                "type": "forward"
              }
            ],
            "id": "arn:aws:elasticloadbalancing:ap-northeast-2:038462790556:listener/net/cicd-dev-k8s-lb/c8ee1ce0c9be888a/add5d532317980c8",
            "load_balancer_arn": "arn:aws:elasticloadbalancing:ap-northeast-2:038462790556:loadbalancer/net/cicd-dev-k8s-lb/c8ee1ce0c9be888a",
            "mutual_authentication": [],
            "port": 6443,
            "protocol": "TCP",
            "ssl_policy": "",
            "tags": {},
            "tags_all": {},
            "tcp_idle_timeout_seconds": 360,
            "timeouts": null
          },
          "sensitive_attributes": [],
          "private": "eyJlMmJmYjczMC1lY2FhLTExZTYtOGY4OC0zNDM2M2JjN2M0YzAiOnsiY3JlYXRlIjozMDAwMDAwMDAwMDAsInVwZGF0ZSI6MzAwMDAwMDAwMDAwfX0=",
          "dependencies": [
            "data.aws_vpc.vpc_info",
            "module.sol_k8s_lb_sg.aws_security_group.sol_sg",
            "module.sol_lb_k8s.aws_lb.sol_lb",
            "module.sol_lb_k8s_target_group.aws_lb_target_group.sol_target_group",
            "module.sol_subnet_public.aws_subnet.sol_subnet",
            "module.sol_vpc.aws_vpc.sol_vpc"
          ]
        }
      ]
    },
    {
      "module": "module.sol_lb_k8s_listener[1]",
      "mode": "managed",
      "type": "aws_lb_listener",
      "name": "sol_lb_listener",
      "provider": "provider[\"registry.terraform.io/hashicorp/aws\"]",
      "instances": [
        {
          "schema_version": 0,
          "attributes": {
            "alpn_policy": null,
            "arn": "arn:aws:elasticloadbalancing:ap-northeast-2:038462790556:listener/net/cicd-dev-k8s-lb/c8ee1ce0c9be888a/69ceeef66b1efdd4",
            "certificate_arn": null,
            "default_action": [
              {
                "authenticate_cognito": [],
                "authenticate_oidc": [],
                "fixed_response": [],
                "forward": [],
                "order": 1,
                "redirect": [],
                "target_group_arn": "arn:aws:elasticloadbalancing:ap-northeast-2:038462790556:targetgroup/cicd-dev-k8s-tg-grafana/857140decd05e7a1",
                "type": "forward"
              }
            ],
            "id": "arn:aws:elasticloadbalancing:ap-northeast-2:038462790556:listener/net/cicd-dev-k8s-lb/c8ee1ce0c9be888a/69ceeef66b1efdd4",
            "load_balancer_arn": "arn:aws:elasticloadbalancing:ap-northeast-2:038462790556:loadbalancer/net/cicd-dev-k8s-lb/c8ee1ce0c9be888a",
            "mutual_authentication": [],
            "port": 31020,
            "protocol": "TCP",
            "ssl_policy": "",
            "tags": {},
            "tags_all": {},
            "tcp_idle_timeout_seconds": 360,
            "timeouts": null
          },
          "sensitive_attributes": [],
          "private": "eyJlMmJmYjczMC1lY2FhLTExZTYtOGY4OC0zNDM2M2JjN2M0YzAiOnsiY3JlYXRlIjozMDAwMDAwMDAwMDAsInVwZGF0ZSI6MzAwMDAwMDAwMDAwfX0=",
          "dependencies": [
            "data.aws_vpc.vpc_info",
            "module.sol_k8s_lb_sg.aws_security_group.sol_sg",
            "module.sol_lb_k8s.aws_lb.sol_lb",
            "module.sol_lb_k8s_target_group.aws_lb_target_group.sol_target_group",
            "module.sol_subnet_public.aws_subnet.sol_subnet",
            "module.sol_vpc.aws_vpc.sol_vpc"
          ]
        }
      ]
    },
    {
      "module": "module.sol_lb_k8s_listener[2]",
      "mode": "managed",
      "type": "aws_lb_listener",
      "name": "sol_lb_listener",
      "provider": "provider[\"registry.terraform.io/hashicorp/aws\"]",
      "instances": [
        {
          "schema_version": 0,
          "attributes": {
            "alpn_policy": null,
            "arn": "arn:aws:elasticloadbalancing:ap-northeast-2:038462790556:listener/net/cicd-dev-k8s-lb/c8ee1ce0c9be888a/ea74aef807ed4d64",
            "certificate_arn": null,
            "default_action": [
              {
                "authenticate_cognito": [],
                "authenticate_oidc": [],
                "fixed_response": [],
                "forward": [],
                "order": 1,
                "redirect": [],
                "target_group_arn": "arn:aws:elasticloadbalancing:ap-northeast-2:038462790556:targetgroup/cicd-dev-k8s-tg-kiali/3ba8d330af28d20a",
                "type": "forward"
              }
            ],
            "id": "arn:aws:elasticloadbalancing:ap-northeast-2:038462790556:listener/net/cicd-dev-k8s-lb/c8ee1ce0c9be888a/ea74aef807ed4d64",
            "load_balancer_arn": "arn:aws:elasticloadbalancing:ap-northeast-2:038462790556:loadbalancer/net/cicd-dev-k8s-lb/c8ee1ce0c9be888a",
            "mutual_authentication": [],
            "port": 31030,
            "protocol": "TCP",
            "ssl_policy": "",
            "tags": {},
            "tags_all": {},
            "tcp_idle_timeout_seconds": 360,
            "timeouts": null
          },
          "sensitive_attributes": [],
          "private": "eyJlMmJmYjczMC1lY2FhLTExZTYtOGY4OC0zNDM2M2JjN2M0YzAiOnsiY3JlYXRlIjozMDAwMDAwMDAwMDAsInVwZGF0ZSI6MzAwMDAwMDAwMDAwfX0=",
          "dependencies": [
            "data.aws_vpc.vpc_info",
            "module.sol_k8s_lb_sg.aws_security_group.sol_sg",
            "module.sol_lb_k8s.aws_lb.sol_lb",
            "module.sol_lb_k8s_target_group.aws_lb_target_group.sol_target_group",
            "module.sol_subnet_public.aws_subnet.sol_subnet",
            "module.sol_vpc.aws_vpc.sol_vpc"
          ]
        }
      ]
    },
    {
      "module": "module.sol_lb_k8s_listener[3]",
      "mode": "managed",
      "type": "aws_lb_listener",
      "name": "sol_lb_listener",
      "provider": "provider[\"registry.terraform.io/hashicorp/aws\"]",
      "instances": [
        {
          "schema_version": 0,
          "attributes": {
            "alpn_policy": null,
            "arn": "arn:aws:elasticloadbalancing:ap-northeast-2:038462790556:listener/net/cicd-dev-k8s-lb/c8ee1ce0c9be888a/010937ee6d546e7c",
            "certificate_arn": null,
            "default_action": [
              {
                "authenticate_cognito": [],
                "authenticate_oidc": [],
                "fixed_response": [],
                "forward": [],
                "order": 1,
                "redirect": [],
                "target_group_arn": "arn:aws:elasticloadbalancing:ap-northeast-2:038462790556:targetgroup/cicd-dev-k8s-tg-jaeger/91446b6486cc914a",
                "type": "forward"
              }
            ],
            "id": "arn:aws:elasticloadbalancing:ap-northeast-2:038462790556:listener/net/cicd-dev-k8s-lb/c8ee1ce0c9be888a/010937ee6d546e7c",
            "load_balancer_arn": "arn:aws:elasticloadbalancing:ap-northeast-2:038462790556:loadbalancer/net/cicd-dev-k8s-lb/c8ee1ce0c9be888a",
            "mutual_authentication": [],
            "port": 31050,
            "protocol": "TCP",
            "ssl_policy": "",
            "tags": {},
            "tags_all": {},
            "tcp_idle_timeout_seconds": 360,
            "timeouts": null
          },
          "sensitive_attributes": [],
          "private": "eyJlMmJmYjczMC1lY2FhLTExZTYtOGY4OC0zNDM2M2JjN2M0YzAiOnsiY3JlYXRlIjozMDAwMDAwMDAwMDAsInVwZGF0ZSI6MzAwMDAwMDAwMDAwfX0=",
          "dependencies": [
            "data.aws_vpc.vpc_info",
            "module.sol_k8s_lb_sg.aws_security_group.sol_sg",
            "module.sol_lb_k8s.aws_lb.sol_lb",
            "module.sol_lb_k8s_target_group.aws_lb_target_group.sol_target_group",
            "module.sol_subnet_public.aws_subnet.sol_subnet",
            "module.sol_vpc.aws_vpc.sol_vpc"
          ]
        }
      ]
    },
    {
      "module": "module.sol_lb_k8s_listener[4]",
      "mode": "managed",
      "type": "aws_lb_listener",
      "name": "sol_lb_listener",
      "provider": "provider[\"registry.terraform.io/hashicorp/aws\"]",
      "instances": [
        {
          "schema_version": 0,
          "attributes": {
            "alpn_policy": null,
            "arn": "arn:aws:elasticloadbalancing:ap-northeast-2:038462790556:listener/net/cicd-dev-k8s-lb/c8ee1ce0c9be888a/0f5c927ccb1bcc30",
            "certificate_arn": null,
            "default_action": [
              {
                "authenticate_cognito": [],
                "authenticate_oidc": [],
                "fixed_response": [],
                "forward": [],
                "order": 1,
                "redirect": [],
                "target_group_arn": "arn:aws:elasticloadbalancing:ap-northeast-2:038462790556:targetgroup/cicd-dev-k8s-tg-p8s/3d26b69398306b28",
                "type": "forward"
              }
            ],
            "id": "arn:aws:elasticloadbalancing:ap-northeast-2:038462790556:listener/net/cicd-dev-k8s-lb/c8ee1ce0c9be888a/0f5c927ccb1bcc30",
            "load_balancer_arn": "arn:aws:elasticloadbalancing:ap-northeast-2:038462790556:loadbalancer/net/cicd-dev-k8s-lb/c8ee1ce0c9be888a",
            "mutual_authentication": [],
            "port": 31060,
            "protocol": "TCP",
            "ssl_policy": "",
            "tags": {},
            "tags_all": {},
            "tcp_idle_timeout_seconds": 360,
            "timeouts": null
          },
          "sensitive_attributes": [],
          "private": "eyJlMmJmYjczMC1lY2FhLTExZTYtOGY4OC0zNDM2M2JjN2M0YzAiOnsiY3JlYXRlIjozMDAwMDAwMDAwMDAsInVwZGF0ZSI6MzAwMDAwMDAwMDAwfX0=",
          "dependencies": [
            "data.aws_vpc.vpc_info",
            "module.sol_k8s_lb_sg.aws_security_group.sol_sg",
            "module.sol_lb_k8s.aws_lb.sol_lb",
            "module.sol_lb_k8s_target_group.aws_lb_target_group.sol_target_group",
            "module.sol_subnet_public.aws_subnet.sol_subnet",
            "module.sol_vpc.aws_vpc.sol_vpc"
          ]
        }
      ]
    },
    {
      "module": "module.sol_lb_k8s_listener[5]",
      "mode": "managed",
      "type": "aws_lb_listener",
      "name": "sol_lb_listener",
      "provider": "provider[\"registry.terraform.io/hashicorp/aws\"]",
      "instances": [
        {
          "schema_version": 0,
          "attributes": {
            "alpn_policy": null,
            "arn": "arn:aws:elasticloadbalancing:ap-northeast-2:038462790556:listener/net/cicd-dev-k8s-lb/c8ee1ce0c9be888a/b10274e6850fc89f",
            "certificate_arn": null,
            "default_action": [
              {
                "authenticate_cognito": [],
                "authenticate_oidc": [],
                "fixed_response": [],
                "forward": [],
                "order": 1,
                "redirect": [],
                "target_group_arn": "arn:aws:elasticloadbalancing:ap-northeast-2:038462790556:targetgroup/cicd-dev-k8s-tg-istio/0d6cbb5c89a69e89",
                "type": "forward"
              }
            ],
            "id": "arn:aws:elasticloadbalancing:ap-northeast-2:038462790556:listener/net/cicd-dev-k8s-lb/c8ee1ce0c9be888a/b10274e6850fc89f",
            "load_balancer_arn": "arn:aws:elasticloadbalancing:ap-northeast-2:038462790556:loadbalancer/net/cicd-dev-k8s-lb/c8ee1ce0c9be888a",
            "mutual_authentication": [],
            "port": 30080,
            "protocol": "TCP",
            "ssl_policy": "",
            "tags": {},
            "tags_all": {},
            "tcp_idle_timeout_seconds": 360,
            "timeouts": null
          },
          "sensitive_attributes": [],
          "private": "eyJlMmJmYjczMC1lY2FhLTExZTYtOGY4OC0zNDM2M2JjN2M0YzAiOnsiY3JlYXRlIjozMDAwMDAwMDAwMDAsInVwZGF0ZSI6MzAwMDAwMDAwMDAwfX0=",
          "dependencies": [
            "data.aws_vpc.vpc_info",
            "module.sol_k8s_lb_sg.aws_security_group.sol_sg",
            "module.sol_lb_k8s.aws_lb.sol_lb",
            "module.sol_lb_k8s_target_group.aws_lb_target_group.sol_target_group",
            "module.sol_subnet_public.aws_subnet.sol_subnet",
            "module.sol_vpc.aws_vpc.sol_vpc"
          ]
        }
      ]
    },
    {
      "module": "module.sol_lb_k8s_listener[6]",
      "mode": "managed",
      "type": "aws_lb_listener",
      "name": "sol_lb_listener",
      "provider": "provider[\"registry.terraform.io/hashicorp/aws\"]",
      "instances": [
        {
          "schema_version": 0,
          "attributes": {
            "alpn_policy": null,
            "arn": "arn:aws:elasticloadbalancing:ap-northeast-2:038462790556:listener/net/cicd-dev-k8s-lb/c8ee1ce0c9be888a/6155e31d11c58a37",
            "certificate_arn": null,
            "default_action": [
              {
                "authenticate_cognito": [],
                "authenticate_oidc": [],
                "fixed_response": [],
                "forward": [],
                "order": 1,
                "redirect": [],
                "target_group_arn": "arn:aws:elasticloadbalancing:ap-northeast-2:038462790556:targetgroup/cicd-dev-k8s-tg-argocd/e29cdfaaf04db726",
                "type": "forward"
              }
            ],
            "id": "arn:aws:elasticloadbalancing:ap-northeast-2:038462790556:listener/net/cicd-dev-k8s-lb/c8ee1ce0c9be888a/6155e31d11c58a37",
            "load_balancer_arn": "arn:aws:elasticloadbalancing:ap-northeast-2:038462790556:loadbalancer/net/cicd-dev-k8s-lb/c8ee1ce0c9be888a",
            "mutual_authentication": [],
            "port": 31080,
            "protocol": "TCP",
            "ssl_policy": "",
            "tags": {},
            "tags_all": {},
            "tcp_idle_timeout_seconds": 360,
            "timeouts": null
          },
          "sensitive_attributes": [],
          "private": "eyJlMmJmYjczMC1lY2FhLTExZTYtOGY4OC0zNDM2M2JjN2M0YzAiOnsiY3JlYXRlIjozMDAwMDAwMDAwMDAsInVwZGF0ZSI6MzAwMDAwMDAwMDAwfX0=",
          "dependencies": [
            "data.aws_vpc.vpc_info",
            "module.sol_k8s_lb_sg.aws_security_group.sol_sg",
            "module.sol_lb_k8s.aws_lb.sol_lb",
            "module.sol_lb_k8s_target_group.aws_lb_target_group.sol_target_group",
            "module.sol_subnet_public.aws_subnet.sol_subnet",
            "module.sol_vpc.aws_vpc.sol_vpc"
          ]
        }
      ]
    },
    {
      "module": "module.sol_lb_k8s_listener[7]",
      "mode": "managed",
      "type": "aws_lb_listener",
      "name": "sol_lb_listener",
      "provider": "provider[\"registry.terraform.io/hashicorp/aws\"]",
      "instances": [
        {
          "schema_version": 0,
          "attributes": {
            "alpn_policy": null,
            "arn": "arn:aws:elasticloadbalancing:ap-northeast-2:038462790556:listener/net/cicd-dev-k8s-lb/c8ee1ce0c9be888a/0367f27ad9d99c79",
            "certificate_arn": null,
            "default_action": [
              {
                "authenticate_cognito": [],
                "authenticate_oidc": [],
                "fixed_response": [],
                "forward": [],
                "order": 1,
                "redirect": [],
                "target_group_arn": "arn:aws:elasticloadbalancing:ap-northeast-2:038462790556:targetgroup/cicd-dev-k8s-tg-argo-tls/5b192ffd5319e9eb",
                "type": "forward"
              }
            ],
            "id": "arn:aws:elasticloadbalancing:ap-northeast-2:038462790556:listener/net/cicd-dev-k8s-lb/c8ee1ce0c9be888a/0367f27ad9d99c79",
            "load_balancer_arn": "arn:aws:elasticloadbalancing:ap-northeast-2:038462790556:loadbalancer/net/cicd-dev-k8s-lb/c8ee1ce0c9be888a",
            "mutual_authentication": [],
            "port": 31081,
            "protocol": "TCP",
            "ssl_policy": "",
            "tags": {},
            "tags_all": {},
            "tcp_idle_timeout_seconds": 360,
            "timeouts": null
          },
          "sensitive_attributes": [],
          "private": "eyJlMmJmYjczMC1lY2FhLTExZTYtOGY4OC0zNDM2M2JjN2M0YzAiOnsiY3JlYXRlIjozMDAwMDAwMDAwMDAsInVwZGF0ZSI6MzAwMDAwMDAwMDAwfX0=",
          "dependencies": [
            "data.aws_vpc.vpc_info",
            "module.sol_k8s_lb_sg.aws_security_group.sol_sg",
            "module.sol_lb_k8s.aws_lb.sol_lb",
            "module.sol_lb_k8s_target_group.aws_lb_target_group.sol_target_group",
            "module.sol_subnet_public.aws_subnet.sol_subnet",
            "module.sol_vpc.aws_vpc.sol_vpc"
          ]
        }
      ]
    },
    {
      "module": "module.sol_lb_k8s_target_group[0]",
      "mode": "managed",
      "type": "aws_lb_target_group",
      "name": "sol_target_group",
      "provider": "provider[\"registry.terraform.io/hashicorp/aws\"]",
      "instances": [
        {
          "schema_version": 0,
          "attributes": {
            "arn": "arn:aws:elasticloadbalancing:ap-northeast-2:038462790556:targetgroup/cicd-dev-k8s-tg-k8s/aa23a1dc66f1ecd8",
            "arn_suffix": "targetgroup/cicd-dev-k8s-tg-k8s/aa23a1dc66f1ecd8",
            "connection_termination": false,
            "deregistration_delay": "300",
            "health_check": [
              {
                "enabled": true,
                "healthy_threshold": 2,
                "interval": 30,
                "matcher": "",
                "path": "",
                "port": "6443",
                "protocol": "TCP",
                "timeout": 10,
                "unhealthy_threshold": 2
              }
            ],
            "id": "arn:aws:elasticloadbalancing:ap-northeast-2:038462790556:targetgroup/cicd-dev-k8s-tg-k8s/aa23a1dc66f1ecd8",
            "ip_address_type": "ipv4",
            "lambda_multi_value_headers_enabled": false,
            "load_balancer_arns": [
              "arn:aws:elasticloadbalancing:ap-northeast-2:038462790556:loadbalancer/net/cicd-dev-k8s-lb/c8ee1ce0c9be888a"
            ],
            "load_balancing_algorithm_type": null,
            "load_balancing_anomaly_mitigation": null,
            "load_balancing_cross_zone_enabled": "false",
            "name": "cicd-dev-k8s-tg-k8s",
            "name_prefix": "",
            "port": 6443,
            "preserve_client_ip": "true",
            "protocol": "TCP",
            "protocol_version": null,
            "proxy_protocol_v2": false,
            "slow_start": 0,
            "stickiness": [
              {
                "cookie_duration": 0,
                "cookie_name": "",
                "enabled": false,
                "type": "source_ip"
              }
            ],
            "tags": {
              "Name": "cicd-dev-k8s-tg-k8s"
            },
            "tags_all": {
              "Name": "cicd-dev-k8s-tg-k8s"
            },
            "target_failover": [
              {
                "on_deregistration": null,
                "on_unhealthy": null
              }
            ],
            "target_group_health": [
              {
                "dns_failover": [
                  {
                    "minimum_healthy_targets_count": "1",
                    "minimum_healthy_targets_percentage": "off"
                  }
                ],
                "unhealthy_state_routing": [
                  {
                    "minimum_healthy_targets_count": 1,
                    "minimum_healthy_targets_percentage": "off"
                  }
                ]
              }
            ],
            "target_health_state": [
              {
                "enable_unhealthy_connection_termination": true,
                "unhealthy_draining_interval": 0
              }
            ],
            "target_type": "instance",
            "vpc_id": "vpc-049e1a29af79bc829"
          },
          "sensitive_attributes": [],
          "private": "bnVsbA==",
          "dependencies": [
            "data.aws_vpc.vpc_info",
            "module.sol_vpc.aws_vpc.sol_vpc"
          ]
        }
      ]
    },
    {
      "module": "module.sol_lb_k8s_target_group[1]",
      "mode": "managed",
      "type": "aws_lb_target_group",
      "name": "sol_target_group",
      "provider": "provider[\"registry.terraform.io/hashicorp/aws\"]",
      "instances": [
        {
          "schema_version": 0,
          "attributes": {
            "arn": "arn:aws:elasticloadbalancing:ap-northeast-2:038462790556:targetgroup/cicd-dev-k8s-tg-grafana/857140decd05e7a1",
            "arn_suffix": "targetgroup/cicd-dev-k8s-tg-grafana/857140decd05e7a1",
            "connection_termination": false,
            "deregistration_delay": "300",
            "health_check": [
              {
                "enabled": true,
                "healthy_threshold": 2,
                "interval": 30,
                "matcher": "",
                "path": "",
                "port": "31020",
                "protocol": "TCP",
                "timeout": 10,
                "unhealthy_threshold": 2
              }
            ],
            "id": "arn:aws:elasticloadbalancing:ap-northeast-2:038462790556:targetgroup/cicd-dev-k8s-tg-grafana/857140decd05e7a1",
            "ip_address_type": "ipv4",
            "lambda_multi_value_headers_enabled": false,
            "load_balancer_arns": [
              "arn:aws:elasticloadbalancing:ap-northeast-2:038462790556:loadbalancer/net/cicd-dev-k8s-lb/c8ee1ce0c9be888a"
            ],
            "load_balancing_algorithm_type": null,
            "load_balancing_anomaly_mitigation": null,
            "load_balancing_cross_zone_enabled": "false",
            "name": "cicd-dev-k8s-tg-grafana",
            "name_prefix": "",
            "port": 31020,
            "preserve_client_ip": "true",
            "protocol": "TCP",
            "protocol_version": null,
            "proxy_protocol_v2": false,
            "slow_start": 0,
            "stickiness": [
              {
                "cookie_duration": 0,
                "cookie_name": "",
                "enabled": false,
                "type": "source_ip"
              }
            ],
            "tags": {
              "Name": "cicd-dev-k8s-tg-grafana"
            },
            "tags_all": {
              "Name": "cicd-dev-k8s-tg-grafana"
            },
            "target_failover": [
              {
                "on_deregistration": null,
                "on_unhealthy": null
              }
            ],
            "target_group_health": [
              {
                "dns_failover": [
                  {
                    "minimum_healthy_targets_count": "1",
                    "minimum_healthy_targets_percentage": "off"
                  }
                ],
                "unhealthy_state_routing": [
                  {
                    "minimum_healthy_targets_count": 1,
                    "minimum_healthy_targets_percentage": "off"
                  }
                ]
              }
            ],
            "target_health_state": [
              {
                "enable_unhealthy_connection_termination": true,
                "unhealthy_draining_interval": 0
              }
            ],
            "target_type": "instance",
            "vpc_id": "vpc-049e1a29af79bc829"
          },
          "sensitive_attributes": [],
          "private": "bnVsbA==",
          "dependencies": [
            "data.aws_vpc.vpc_info",
            "module.sol_vpc.aws_vpc.sol_vpc"
          ]
        }
      ]
    },
    {
      "module": "module.sol_lb_k8s_target_group[2]",
      "mode": "managed",
      "type": "aws_lb_target_group",
      "name": "sol_target_group",
      "provider": "provider[\"registry.terraform.io/hashicorp/aws\"]",
      "instances": [
        {
          "schema_version": 0,
          "attributes": {
            "arn": "arn:aws:elasticloadbalancing:ap-northeast-2:038462790556:targetgroup/cicd-dev-k8s-tg-kiali/3ba8d330af28d20a",
            "arn_suffix": "targetgroup/cicd-dev-k8s-tg-kiali/3ba8d330af28d20a",
            "connection_termination": false,
            "deregistration_delay": "300",
            "health_check": [
              {
                "enabled": true,
                "healthy_threshold": 2,
                "interval": 30,
                "matcher": "",
                "path": "",
                "port": "31030",
                "protocol": "TCP",
                "timeout": 10,
                "unhealthy_threshold": 2
              }
            ],
            "id": "arn:aws:elasticloadbalancing:ap-northeast-2:038462790556:targetgroup/cicd-dev-k8s-tg-kiali/3ba8d330af28d20a",
            "ip_address_type": "ipv4",
            "lambda_multi_value_headers_enabled": false,
            "load_balancer_arns": [
              "arn:aws:elasticloadbalancing:ap-northeast-2:038462790556:loadbalancer/net/cicd-dev-k8s-lb/c8ee1ce0c9be888a"
            ],
            "load_balancing_algorithm_type": null,
            "load_balancing_anomaly_mitigation": null,
            "load_balancing_cross_zone_enabled": "false",
            "name": "cicd-dev-k8s-tg-kiali",
            "name_prefix": "",
            "port": 31030,
            "preserve_client_ip": "true",
            "protocol": "TCP",
            "protocol_version": null,
            "proxy_protocol_v2": false,
            "slow_start": 0,
            "stickiness": [
              {
                "cookie_duration": 0,
                "cookie_name": "",
                "enabled": false,
                "type": "source_ip"
              }
            ],
            "tags": {
              "Name": "cicd-dev-k8s-tg-kiali"
            },
            "tags_all": {
              "Name": "cicd-dev-k8s-tg-kiali"
            },
            "target_failover": [
              {
                "on_deregistration": null,
                "on_unhealthy": null
              }
            ],
            "target_group_health": [
              {
                "dns_failover": [
                  {
                    "minimum_healthy_targets_count": "1",
                    "minimum_healthy_targets_percentage": "off"
                  }
                ],
                "unhealthy_state_routing": [
                  {
                    "minimum_healthy_targets_count": 1,
                    "minimum_healthy_targets_percentage": "off"
                  }
                ]
              }
            ],
            "target_health_state": [
              {
                "enable_unhealthy_connection_termination": true,
                "unhealthy_draining_interval": 0
              }
            ],
            "target_type": "instance",
            "vpc_id": "vpc-049e1a29af79bc829"
          },
          "sensitive_attributes": [],
          "private": "bnVsbA==",
          "dependencies": [
            "data.aws_vpc.vpc_info",
            "module.sol_vpc.aws_vpc.sol_vpc"
          ]
        }
      ]
    },
    {
      "module": "module.sol_lb_k8s_target_group[3]",
      "mode": "managed",
      "type": "aws_lb_target_group",
      "name": "sol_target_group",
      "provider": "provider[\"registry.terraform.io/hashicorp/aws\"]",
      "instances": [
        {
          "schema_version": 0,
          "attributes": {
            "arn": "arn:aws:elasticloadbalancing:ap-northeast-2:038462790556:targetgroup/cicd-dev-k8s-tg-jaeger/91446b6486cc914a",
            "arn_suffix": "targetgroup/cicd-dev-k8s-tg-jaeger/91446b6486cc914a",
            "connection_termination": false,
            "deregistration_delay": "300",
            "health_check": [
              {
                "enabled": true,
                "healthy_threshold": 2,
                "interval": 30,
                "matcher": "",
                "path": "",
                "port": "31050",
                "protocol": "TCP",
                "timeout": 10,
                "unhealthy_threshold": 2
              }
            ],
            "id": "arn:aws:elasticloadbalancing:ap-northeast-2:038462790556:targetgroup/cicd-dev-k8s-tg-jaeger/91446b6486cc914a",
            "ip_address_type": "ipv4",
            "lambda_multi_value_headers_enabled": false,
            "load_balancer_arns": [
              "arn:aws:elasticloadbalancing:ap-northeast-2:038462790556:loadbalancer/net/cicd-dev-k8s-lb/c8ee1ce0c9be888a"
            ],
            "load_balancing_algorithm_type": null,
            "load_balancing_anomaly_mitigation": null,
            "load_balancing_cross_zone_enabled": "false",
            "name": "cicd-dev-k8s-tg-jaeger",
            "name_prefix": "",
            "port": 31050,
            "preserve_client_ip": "true",
            "protocol": "TCP",
            "protocol_version": null,
            "proxy_protocol_v2": false,
            "slow_start": 0,
            "stickiness": [
              {
                "cookie_duration": 0,
                "cookie_name": "",
                "enabled": false,
                "type": "source_ip"
              }
            ],
            "tags": {
              "Name": "cicd-dev-k8s-tg-jaeger"
            },
            "tags_all": {
              "Name": "cicd-dev-k8s-tg-jaeger"
            },
            "target_failover": [
              {
                "on_deregistration": null,
                "on_unhealthy": null
              }
            ],
            "target_group_health": [
              {
                "dns_failover": [
                  {
                    "minimum_healthy_targets_count": "1",
                    "minimum_healthy_targets_percentage": "off"
                  }
                ],
                "unhealthy_state_routing": [
                  {
                    "minimum_healthy_targets_count": 1,
                    "minimum_healthy_targets_percentage": "off"
                  }
                ]
              }
            ],
            "target_health_state": [
              {
                "enable_unhealthy_connection_termination": true,
                "unhealthy_draining_interval": 0
              }
            ],
            "target_type": "instance",
            "vpc_id": "vpc-049e1a29af79bc829"
          },
          "sensitive_attributes": [],
          "private": "bnVsbA==",
          "dependencies": [
            "data.aws_vpc.vpc_info",
            "module.sol_vpc.aws_vpc.sol_vpc"
          ]
        }
      ]
    },
    {
      "module": "module.sol_lb_k8s_target_group[4]",
      "mode": "managed",
      "type": "aws_lb_target_group",
      "name": "sol_target_group",
      "provider": "provider[\"registry.terraform.io/hashicorp/aws\"]",
      "instances": [
        {
          "schema_version": 0,
          "attributes": {
            "arn": "arn:aws:elasticloadbalancing:ap-northeast-2:038462790556:targetgroup/cicd-dev-k8s-tg-p8s/3d26b69398306b28",
            "arn_suffix": "targetgroup/cicd-dev-k8s-tg-p8s/3d26b69398306b28",
            "connection_termination": false,
            "deregistration_delay": "300",
            "health_check": [
              {
                "enabled": true,
                "healthy_threshold": 2,
                "interval": 30,
                "matcher": "",
                "path": "",
                "port": "31060",
                "protocol": "TCP",
                "timeout": 10,
                "unhealthy_threshold": 2
              }
            ],
            "id": "arn:aws:elasticloadbalancing:ap-northeast-2:038462790556:targetgroup/cicd-dev-k8s-tg-p8s/3d26b69398306b28",
            "ip_address_type": "ipv4",
            "lambda_multi_value_headers_enabled": false,
            "load_balancer_arns": [
              "arn:aws:elasticloadbalancing:ap-northeast-2:038462790556:loadbalancer/net/cicd-dev-k8s-lb/c8ee1ce0c9be888a"
            ],
            "load_balancing_algorithm_type": null,
            "load_balancing_anomaly_mitigation": null,
            "load_balancing_cross_zone_enabled": "false",
            "name": "cicd-dev-k8s-tg-p8s",
            "name_prefix": "",
            "port": 31060,
            "preserve_client_ip": "true",
            "protocol": "TCP",
            "protocol_version": null,
            "proxy_protocol_v2": false,
            "slow_start": 0,
            "stickiness": [
              {
                "cookie_duration": 0,
                "cookie_name": "",
                "enabled": false,
                "type": "source_ip"
              }
            ],
            "tags": {
              "Name": "cicd-dev-k8s-tg-p8s"
            },
            "tags_all": {
              "Name": "cicd-dev-k8s-tg-p8s"
            },
            "target_failover": [
              {
                "on_deregistration": null,
                "on_unhealthy": null
              }
            ],
            "target_group_health": [
              {
                "dns_failover": [
                  {
                    "minimum_healthy_targets_count": "1",
                    "minimum_healthy_targets_percentage": "off"
                  }
                ],
                "unhealthy_state_routing": [
                  {
                    "minimum_healthy_targets_count": 1,
                    "minimum_healthy_targets_percentage": "off"
                  }
                ]
              }
            ],
            "target_health_state": [
              {
                "enable_unhealthy_connection_termination": true,
                "unhealthy_draining_interval": 0
              }
            ],
            "target_type": "instance",
            "vpc_id": "vpc-049e1a29af79bc829"
          },
          "sensitive_attributes": [],
          "private": "bnVsbA==",
          "dependencies": [
            "data.aws_vpc.vpc_info",
            "module.sol_vpc.aws_vpc.sol_vpc"
          ]
        }
      ]
    },
    {
      "module": "module.sol_lb_k8s_target_group[5]",
      "mode": "managed",
      "type": "aws_lb_target_group",
      "name": "sol_target_group",
      "provider": "provider[\"registry.terraform.io/hashicorp/aws\"]",
      "instances": [
        {
          "schema_version": 0,
          "attributes": {
            "arn": "arn:aws:elasticloadbalancing:ap-northeast-2:038462790556:targetgroup/cicd-dev-k8s-tg-istio/0d6cbb5c89a69e89",
            "arn_suffix": "targetgroup/cicd-dev-k8s-tg-istio/0d6cbb5c89a69e89",
            "connection_termination": false,
            "deregistration_delay": "300",
            "health_check": [
              {
                "enabled": true,
                "healthy_threshold": 2,
                "interval": 30,
                "matcher": "",
                "path": "",
                "port": "30080",
                "protocol": "TCP",
                "timeout": 10,
                "unhealthy_threshold": 2
              }
            ],
            "id": "arn:aws:elasticloadbalancing:ap-northeast-2:038462790556:targetgroup/cicd-dev-k8s-tg-istio/0d6cbb5c89a69e89",
            "ip_address_type": "ipv4",
            "lambda_multi_value_headers_enabled": false,
            "load_balancer_arns": [
              "arn:aws:elasticloadbalancing:ap-northeast-2:038462790556:loadbalancer/net/cicd-dev-k8s-lb/c8ee1ce0c9be888a"
            ],
            "load_balancing_algorithm_type": null,
            "load_balancing_anomaly_mitigation": null,
            "load_balancing_cross_zone_enabled": "false",
            "name": "cicd-dev-k8s-tg-istio",
            "name_prefix": "",
            "port": 30080,
            "preserve_client_ip": "true",
            "protocol": "TCP",
            "protocol_version": null,
            "proxy_protocol_v2": false,
            "slow_start": 0,
            "stickiness": [
              {
                "cookie_duration": 0,
                "cookie_name": "",
                "enabled": false,
                "type": "source_ip"
              }
            ],
            "tags": {
              "Name": "cicd-dev-k8s-tg-istio"
            },
            "tags_all": {
              "Name": "cicd-dev-k8s-tg-istio"
            },
            "target_failover": [
              {
                "on_deregistration": null,
                "on_unhealthy": null
              }
            ],
            "target_group_health": [
              {
                "dns_failover": [
                  {
                    "minimum_healthy_targets_count": "1",
                    "minimum_healthy_targets_percentage": "off"
                  }
                ],
                "unhealthy_state_routing": [
                  {
                    "minimum_healthy_targets_count": 1,
                    "minimum_healthy_targets_percentage": "off"
                  }
                ]
              }
            ],
            "target_health_state": [
              {
                "enable_unhealthy_connection_termination": true,
                "unhealthy_draining_interval": 0
              }
            ],
            "target_type": "instance",
            "vpc_id": "vpc-049e1a29af79bc829"
          },
          "sensitive_attributes": [],
          "private": "bnVsbA==",
          "dependencies": [
            "data.aws_vpc.vpc_info",
            "module.sol_vpc.aws_vpc.sol_vpc"
          ]
        }
      ]
    },
    {
      "module": "module.sol_lb_k8s_target_group[6]",
      "mode": "managed",
      "type": "aws_lb_target_group",
      "name": "sol_target_group",
      "provider": "provider[\"registry.terraform.io/hashicorp/aws\"]",
      "instances": [
        {
          "schema_version": 0,
          "attributes": {
            "arn": "arn:aws:elasticloadbalancing:ap-northeast-2:038462790556:targetgroup/cicd-dev-k8s-tg-argocd/e29cdfaaf04db726",
            "arn_suffix": "targetgroup/cicd-dev-k8s-tg-argocd/e29cdfaaf04db726",
            "connection_termination": false,
            "deregistration_delay": "300",
            "health_check": [
              {
                "enabled": true,
                "healthy_threshold": 2,
                "interval": 30,
                "matcher": "",
                "path": "",
                "port": "31080",
                "protocol": "TCP",
                "timeout": 10,
                "unhealthy_threshold": 2
              }
            ],
            "id": "arn:aws:elasticloadbalancing:ap-northeast-2:038462790556:targetgroup/cicd-dev-k8s-tg-argocd/e29cdfaaf04db726",
            "ip_address_type": "ipv4",
            "lambda_multi_value_headers_enabled": false,
            "load_balancer_arns": [
              "arn:aws:elasticloadbalancing:ap-northeast-2:038462790556:loadbalancer/net/cicd-dev-k8s-lb/c8ee1ce0c9be888a"
            ],
            "load_balancing_algorithm_type": null,
            "load_balancing_anomaly_mitigation": null,
            "load_balancing_cross_zone_enabled": "false",
            "name": "cicd-dev-k8s-tg-argocd",
            "name_prefix": "",
            "port": 31080,
            "preserve_client_ip": "true",
            "protocol": "TCP",
            "protocol_version": null,
            "proxy_protocol_v2": false,
            "slow_start": 0,
            "stickiness": [
              {
                "cookie_duration": 0,
                "cookie_name": "",
                "enabled": false,
                "type": "source_ip"
              }
            ],
            "tags": {
              "Name": "cicd-dev-k8s-tg-argocd"
            },
            "tags_all": {
              "Name": "cicd-dev-k8s-tg-argocd"
            },
            "target_failover": [
              {
                "on_deregistration": null,
                "on_unhealthy": null
              }
            ],
            "target_group_health": [
              {
                "dns_failover": [
                  {
                    "minimum_healthy_targets_count": "1",
                    "minimum_healthy_targets_percentage": "off"
                  }
                ],
                "unhealthy_state_routing": [
                  {
                    "minimum_healthy_targets_count": 1,
                    "minimum_healthy_targets_percentage": "off"
                  }
                ]
              }
            ],
            "target_health_state": [
              {
                "enable_unhealthy_connection_termination": true,
                "unhealthy_draining_interval": 0
              }
            ],
            "target_type": "instance",
            "vpc_id": "vpc-049e1a29af79bc829"
          },
          "sensitive_attributes": [],
          "private": "bnVsbA==",
          "dependencies": [
            "data.aws_vpc.vpc_info",
            "module.sol_vpc.aws_vpc.sol_vpc"
          ]
        }
      ]
    },
    {
      "module": "module.sol_lb_k8s_target_group[7]",
      "mode": "managed",
      "type": "aws_lb_target_group",
      "name": "sol_target_group",
      "provider": "provider[\"registry.terraform.io/hashicorp/aws\"]",
      "instances": [
        {
          "schema_version": 0,
          "attributes": {
            "arn": "arn:aws:elasticloadbalancing:ap-northeast-2:038462790556:targetgroup/cicd-dev-k8s-tg-argo-tls/5b192ffd5319e9eb",
            "arn_suffix": "targetgroup/cicd-dev-k8s-tg-argo-tls/5b192ffd5319e9eb",
            "connection_termination": false,
            "deregistration_delay": "300",
            "health_check": [
              {
                "enabled": true,
                "healthy_threshold": 2,
                "interval": 30,
                "matcher": "",
                "path": "",
                "port": "31081",
                "protocol": "TCP",
                "timeout": 10,
                "unhealthy_threshold": 2
              }
            ],
            "id": "arn:aws:elasticloadbalancing:ap-northeast-2:038462790556:targetgroup/cicd-dev-k8s-tg-argo-tls/5b192ffd5319e9eb",
            "ip_address_type": "ipv4",
            "lambda_multi_value_headers_enabled": false,
            "load_balancer_arns": [
              "arn:aws:elasticloadbalancing:ap-northeast-2:038462790556:loadbalancer/net/cicd-dev-k8s-lb/c8ee1ce0c9be888a"
            ],
            "load_balancing_algorithm_type": null,
            "load_balancing_anomaly_mitigation": null,
            "load_balancing_cross_zone_enabled": "false",
            "name": "cicd-dev-k8s-tg-argo-tls",
            "name_prefix": "",
            "port": 31081,
            "preserve_client_ip": "true",
            "protocol": "TCP",
            "protocol_version": null,
            "proxy_protocol_v2": false,
            "slow_start": 0,
            "stickiness": [
              {
                "cookie_duration": 0,
                "cookie_name": "",
                "enabled": false,
                "type": "source_ip"
              }
            ],
            "tags": {
              "Name": "cicd-dev-k8s-tg-argo-tls"
            },
            "tags_all": {
              "Name": "cicd-dev-k8s-tg-argo-tls"
            },
            "target_failover": [
              {
                "on_deregistration": null,
                "on_unhealthy": null
              }
            ],
            "target_group_health": [
              {
                "dns_failover": [
                  {
                    "minimum_healthy_targets_count": "1",
                    "minimum_healthy_targets_percentage": "off"
                  }
                ],
                "unhealthy_state_routing": [
                  {
                    "minimum_healthy_targets_count": 1,
                    "minimum_healthy_targets_percentage": "off"
                  }
                ]
              }
            ],
            "target_health_state": [
              {
                "enable_unhealthy_connection_termination": true,
                "unhealthy_draining_interval": 0
              }
            ],
            "target_type": "instance",
            "vpc_id": "vpc-049e1a29af79bc829"
          },
          "sensitive_attributes": [],
          "private": "bnVsbA==",
          "dependencies": [
            "data.aws_vpc.vpc_info",
            "module.sol_vpc.aws_vpc.sol_vpc"
          ]
        }
      ]
    },
    {
      "module": "module.sol_lb_k8s_target_group_attachment_master1[0]",
      "mode": "managed",
      "type": "aws_lb_target_group_attachment",
      "name": "sol_target_group_attachment",
      "provider": "provider[\"registry.terraform.io/hashicorp/aws\"]",
      "instances": [
        {
          "schema_version": 0,
          "attributes": {
            "availability_zone": null,
            "id": "arn:aws:elasticloadbalancing:ap-northeast-2:038462790556:targetgroup/cicd-dev-k8s-tg-k8s/aa23a1dc66f1ecd8-2025032600255306340000000e",
            "port": null,
            "target_group_arn": "arn:aws:elasticloadbalancing:ap-northeast-2:038462790556:targetgroup/cicd-dev-k8s-tg-k8s/aa23a1dc66f1ecd8",
            "target_id": "i-0c9a5db7a9aabf429"
          },
          "sensitive_attributes": [],
          "private": "bnVsbA==",
          "dependencies": [
            "aws_key_pair.sol_loginkey",
            "data.aws_internet_gateway.internet_gateway_info",
            "data.aws_vpc.vpc_info",
            "module.sol_iam_master_profile.aws_iam_instance_profile.sol_iam_profile",
            "module.sol_iam_master_role.aws_iam_role.sol_iam_role",
            "module.sol_infra_node.aws_instance.sol_ec2",
            "module.sol_infra_sg.aws_security_group.sol_sg",
            "module.sol_internet_gateway.aws_internet_gateway.sol_internet_gateway",
            "module.sol_lb_k8s_target_group.aws_lb_target_group.sol_target_group",
            "module.sol_master_node.aws_instance.sol_ec2",
            "module.sol_master_sg.aws_security_group.sol_sg",
            "module.sol_nat_eip.aws_eip.sol_eip",
            "module.sol_nic_master.aws_network_interface.sol_nic",
            "module.sol_nic_private.aws_network_interface.sol_nic",
            "module.sol_subnet_private.aws_subnet.sol_subnet",
            "module.sol_vpc.aws_vpc.sol_vpc"
          ]
        }
      ]
    },
    {
      "module": "module.sol_lb_k8s_target_group_attachment_master1[1]",
      "mode": "managed",
      "type": "aws_lb_target_group_attachment",
      "name": "sol_target_group_attachment",
      "provider": "provider[\"registry.terraform.io/hashicorp/aws\"]",
      "instances": [
        {
          "schema_version": 0,
          "attributes": {
            "availability_zone": null,
            "id": "arn:aws:elasticloadbalancing:ap-northeast-2:038462790556:targetgroup/cicd-dev-k8s-tg-grafana/857140decd05e7a1-2025032600255299840000000d",
            "port": null,
            "target_group_arn": "arn:aws:elasticloadbalancing:ap-northeast-2:038462790556:targetgroup/cicd-dev-k8s-tg-grafana/857140decd05e7a1",
            "target_id": "i-0c9a5db7a9aabf429"
          },
          "sensitive_attributes": [],
          "private": "bnVsbA==",
          "dependencies": [
            "aws_key_pair.sol_loginkey",
            "data.aws_internet_gateway.internet_gateway_info",
            "data.aws_vpc.vpc_info",
            "module.sol_iam_master_profile.aws_iam_instance_profile.sol_iam_profile",
            "module.sol_iam_master_role.aws_iam_role.sol_iam_role",
            "module.sol_infra_node.aws_instance.sol_ec2",
            "module.sol_infra_sg.aws_security_group.sol_sg",
            "module.sol_internet_gateway.aws_internet_gateway.sol_internet_gateway",
            "module.sol_lb_k8s_target_group.aws_lb_target_group.sol_target_group",
            "module.sol_master_node.aws_instance.sol_ec2",
            "module.sol_master_sg.aws_security_group.sol_sg",
            "module.sol_nat_eip.aws_eip.sol_eip",
            "module.sol_nic_master.aws_network_interface.sol_nic",
            "module.sol_nic_private.aws_network_interface.sol_nic",
            "module.sol_subnet_private.aws_subnet.sol_subnet",
            "module.sol_vpc.aws_vpc.sol_vpc"
          ]
        }
      ]
    },
    {
      "module": "module.sol_lb_k8s_target_group_attachment_master1[2]",
      "mode": "managed",
      "type": "aws_lb_target_group_attachment",
      "name": "sol_target_group_attachment",
      "provider": "provider[\"registry.terraform.io/hashicorp/aws\"]",
      "instances": [
        {
          "schema_version": 0,
          "attributes": {
            "availability_zone": null,
            "id": "arn:aws:elasticloadbalancing:ap-northeast-2:038462790556:targetgroup/cicd-dev-k8s-tg-kiali/3ba8d330af28d20a-2025032600255296670000000c",
            "port": null,
            "target_group_arn": "arn:aws:elasticloadbalancing:ap-northeast-2:038462790556:targetgroup/cicd-dev-k8s-tg-kiali/3ba8d330af28d20a",
            "target_id": "i-0c9a5db7a9aabf429"
          },
          "sensitive_attributes": [],
          "private": "bnVsbA==",
          "dependencies": [
            "aws_key_pair.sol_loginkey",
            "data.aws_internet_gateway.internet_gateway_info",
            "data.aws_vpc.vpc_info",
            "module.sol_iam_master_profile.aws_iam_instance_profile.sol_iam_profile",
            "module.sol_iam_master_role.aws_iam_role.sol_iam_role",
            "module.sol_infra_node.aws_instance.sol_ec2",
            "module.sol_infra_sg.aws_security_group.sol_sg",
            "module.sol_internet_gateway.aws_internet_gateway.sol_internet_gateway",
            "module.sol_lb_k8s_target_group.aws_lb_target_group.sol_target_group",
            "module.sol_master_node.aws_instance.sol_ec2",
            "module.sol_master_sg.aws_security_group.sol_sg",
            "module.sol_nat_eip.aws_eip.sol_eip",
            "module.sol_nic_master.aws_network_interface.sol_nic",
            "module.sol_nic_private.aws_network_interface.sol_nic",
            "module.sol_subnet_private.aws_subnet.sol_subnet",
            "module.sol_vpc.aws_vpc.sol_vpc"
          ]
        }
      ]
    },
    {
      "module": "module.sol_lb_k8s_target_group_attachment_master1[3]",
      "mode": "managed",
      "type": "aws_lb_target_group_attachment",
      "name": "sol_target_group_attachment",
      "provider": "provider[\"registry.terraform.io/hashicorp/aws\"]",
      "instances": [
        {
          "schema_version": 0,
          "attributes": {
            "availability_zone": null,
            "id": "arn:aws:elasticloadbalancing:ap-northeast-2:038462790556:targetgroup/cicd-dev-k8s-tg-jaeger/91446b6486cc914a-20250326002554209000000012",
            "port": null,
            "target_group_arn": "arn:aws:elasticloadbalancing:ap-northeast-2:038462790556:targetgroup/cicd-dev-k8s-tg-jaeger/91446b6486cc914a",
            "target_id": "i-0c9a5db7a9aabf429"
          },
          "sensitive_attributes": [],
          "private": "bnVsbA==",
          "dependencies": [
            "aws_key_pair.sol_loginkey",
            "data.aws_internet_gateway.internet_gateway_info",
            "data.aws_vpc.vpc_info",
            "module.sol_iam_master_profile.aws_iam_instance_profile.sol_iam_profile",
            "module.sol_iam_master_role.aws_iam_role.sol_iam_role",
            "module.sol_infra_node.aws_instance.sol_ec2",
            "module.sol_infra_sg.aws_security_group.sol_sg",
            "module.sol_internet_gateway.aws_internet_gateway.sol_internet_gateway",
            "module.sol_lb_k8s_target_group.aws_lb_target_group.sol_target_group",
            "module.sol_master_node.aws_instance.sol_ec2",
            "module.sol_master_sg.aws_security_group.sol_sg",
            "module.sol_nat_eip.aws_eip.sol_eip",
            "module.sol_nic_master.aws_network_interface.sol_nic",
            "module.sol_nic_private.aws_network_interface.sol_nic",
            "module.sol_subnet_private.aws_subnet.sol_subnet",
            "module.sol_vpc.aws_vpc.sol_vpc"
          ]
        }
      ]
    },
    {
      "module": "module.sol_lb_k8s_target_group_attachment_master1[4]",
      "mode": "managed",
      "type": "aws_lb_target_group_attachment",
      "name": "sol_target_group_attachment",
      "provider": "provider[\"registry.terraform.io/hashicorp/aws\"]",
      "instances": [
        {
          "schema_version": 0,
          "attributes": {
            "availability_zone": null,
            "id": "arn:aws:elasticloadbalancing:ap-northeast-2:038462790556:targetgroup/cicd-dev-k8s-tg-p8s/3d26b69398306b28-2025032600255323800000000f",
            "port": null,
            "target_group_arn": "arn:aws:elasticloadbalancing:ap-northeast-2:038462790556:targetgroup/cicd-dev-k8s-tg-p8s/3d26b69398306b28",
            "target_id": "i-0c9a5db7a9aabf429"
          },
          "sensitive_attributes": [],
          "private": "bnVsbA==",
          "dependencies": [
            "aws_key_pair.sol_loginkey",
            "data.aws_internet_gateway.internet_gateway_info",
            "data.aws_vpc.vpc_info",
            "module.sol_iam_master_profile.aws_iam_instance_profile.sol_iam_profile",
            "module.sol_iam_master_role.aws_iam_role.sol_iam_role",
            "module.sol_infra_node.aws_instance.sol_ec2",
            "module.sol_infra_sg.aws_security_group.sol_sg",
            "module.sol_internet_gateway.aws_internet_gateway.sol_internet_gateway",
            "module.sol_lb_k8s_target_group.aws_lb_target_group.sol_target_group",
            "module.sol_master_node.aws_instance.sol_ec2",
            "module.sol_master_sg.aws_security_group.sol_sg",
            "module.sol_nat_eip.aws_eip.sol_eip",
            "module.sol_nic_master.aws_network_interface.sol_nic",
            "module.sol_nic_private.aws_network_interface.sol_nic",
            "module.sol_subnet_private.aws_subnet.sol_subnet",
            "module.sol_vpc.aws_vpc.sol_vpc"
          ]
        }
      ]
    },
    {
      "module": "module.sol_lb_k8s_target_group_attachment_master1[5]",
      "mode": "managed",
      "type": "aws_lb_target_group_attachment",
      "name": "sol_target_group_attachment",
      "provider": "provider[\"registry.terraform.io/hashicorp/aws\"]",
      "instances": [
        {
          "schema_version": 0,
          "attributes": {
            "availability_zone": null,
            "id": "arn:aws:elasticloadbalancing:ap-northeast-2:038462790556:targetgroup/cicd-dev-k8s-tg-istio/0d6cbb5c89a69e89-20250326002553283300000010",
            "port": null,
            "target_group_arn": "arn:aws:elasticloadbalancing:ap-northeast-2:038462790556:targetgroup/cicd-dev-k8s-tg-istio/0d6cbb5c89a69e89",
            "target_id": "i-0c9a5db7a9aabf429"
          },
          "sensitive_attributes": [],
          "private": "bnVsbA==",
          "dependencies": [
            "aws_key_pair.sol_loginkey",
            "data.aws_internet_gateway.internet_gateway_info",
            "data.aws_vpc.vpc_info",
            "module.sol_iam_master_profile.aws_iam_instance_profile.sol_iam_profile",
            "module.sol_iam_master_role.aws_iam_role.sol_iam_role",
            "module.sol_infra_node.aws_instance.sol_ec2",
            "module.sol_infra_sg.aws_security_group.sol_sg",
            "module.sol_internet_gateway.aws_internet_gateway.sol_internet_gateway",
            "module.sol_lb_k8s_target_group.aws_lb_target_group.sol_target_group",
            "module.sol_master_node.aws_instance.sol_ec2",
            "module.sol_master_sg.aws_security_group.sol_sg",
            "module.sol_nat_eip.aws_eip.sol_eip",
            "module.sol_nic_master.aws_network_interface.sol_nic",
            "module.sol_nic_private.aws_network_interface.sol_nic",
            "module.sol_subnet_private.aws_subnet.sol_subnet",
            "module.sol_vpc.aws_vpc.sol_vpc"
          ]
        }
      ]
    },
    {
      "module": "module.sol_lb_k8s_target_group_attachment_master1[6]",
      "mode": "managed",
      "type": "aws_lb_target_group_attachment",
      "name": "sol_target_group_attachment",
      "provider": "provider[\"registry.terraform.io/hashicorp/aws\"]",
      "instances": [
        {
          "schema_version": 0,
          "attributes": {
            "availability_zone": null,
            "id": "arn:aws:elasticloadbalancing:ap-northeast-2:038462790556:targetgroup/cicd-dev-k8s-tg-argocd/e29cdfaaf04db726-2025032600255291410000000b",
            "port": null,
            "target_group_arn": "arn:aws:elasticloadbalancing:ap-northeast-2:038462790556:targetgroup/cicd-dev-k8s-tg-argocd/e29cdfaaf04db726",
            "target_id": "i-0c9a5db7a9aabf429"
          },
          "sensitive_attributes": [],
          "private": "bnVsbA==",
          "dependencies": [
            "aws_key_pair.sol_loginkey",
            "data.aws_internet_gateway.internet_gateway_info",
            "data.aws_vpc.vpc_info",
            "module.sol_iam_master_profile.aws_iam_instance_profile.sol_iam_profile",
            "module.sol_iam_master_role.aws_iam_role.sol_iam_role",
            "module.sol_infra_node.aws_instance.sol_ec2",
            "module.sol_infra_sg.aws_security_group.sol_sg",
            "module.sol_internet_gateway.aws_internet_gateway.sol_internet_gateway",
            "module.sol_lb_k8s_target_group.aws_lb_target_group.sol_target_group",
            "module.sol_master_node.aws_instance.sol_ec2",
            "module.sol_master_sg.aws_security_group.sol_sg",
            "module.sol_nat_eip.aws_eip.sol_eip",
            "module.sol_nic_master.aws_network_interface.sol_nic",
            "module.sol_nic_private.aws_network_interface.sol_nic",
            "module.sol_subnet_private.aws_subnet.sol_subnet",
            "module.sol_vpc.aws_vpc.sol_vpc"
          ]
        }
      ]
    },
    {
      "module": "module.sol_lb_k8s_target_group_attachment_master1[7]",
      "mode": "managed",
      "type": "aws_lb_target_group_attachment",
      "name": "sol_target_group_attachment",
      "provider": "provider[\"registry.terraform.io/hashicorp/aws\"]",
      "instances": [
        {
          "schema_version": 0,
          "attributes": {
            "availability_zone": null,
            "id": "arn:aws:elasticloadbalancing:ap-northeast-2:038462790556:targetgroup/cicd-dev-k8s-tg-argo-tls/5b192ffd5319e9eb-20250326002553389000000011",
            "port": null,
            "target_group_arn": "arn:aws:elasticloadbalancing:ap-northeast-2:038462790556:targetgroup/cicd-dev-k8s-tg-argo-tls/5b192ffd5319e9eb",
            "target_id": "i-0c9a5db7a9aabf429"
          },
          "sensitive_attributes": [],
          "private": "bnVsbA==",
          "dependencies": [
            "aws_key_pair.sol_loginkey",
            "data.aws_internet_gateway.internet_gateway_info",
            "data.aws_vpc.vpc_info",
            "module.sol_iam_master_profile.aws_iam_instance_profile.sol_iam_profile",
            "module.sol_iam_master_role.aws_iam_role.sol_iam_role",
            "module.sol_infra_node.aws_instance.sol_ec2",
            "module.sol_infra_sg.aws_security_group.sol_sg",
            "module.sol_internet_gateway.aws_internet_gateway.sol_internet_gateway",
            "module.sol_lb_k8s_target_group.aws_lb_target_group.sol_target_group",
            "module.sol_master_node.aws_instance.sol_ec2",
            "module.sol_master_sg.aws_security_group.sol_sg",
            "module.sol_nat_eip.aws_eip.sol_eip",
            "module.sol_nic_master.aws_network_interface.sol_nic",
            "module.sol_nic_private.aws_network_interface.sol_nic",
            "module.sol_subnet_private.aws_subnet.sol_subnet",
            "module.sol_vpc.aws_vpc.sol_vpc"
          ]
        }
      ]
    },
    {
      "module": "module.sol_lb_listener[0]",
      "mode": "managed",
      "type": "aws_lb_listener",
      "name": "sol_lb_listener",
      "provider": "provider[\"registry.terraform.io/hashicorp/aws\"]",
      "instances": [
        {
          "schema_version": 0,
          "attributes": {
            "alpn_policy": null,
            "arn": "arn:aws:elasticloadbalancing:ap-northeast-2:038462790556:listener/net/cicd-dev-infra-lb/7f7e62117b32556e/c2d248e9b27b7c30",
            "certificate_arn": null,
            "default_action": [
              {
                "authenticate_cognito": [],
                "authenticate_oidc": [],
                "fixed_response": [],
                "forward": [],
                "order": 1,
                "redirect": [],
                "target_group_arn": "arn:aws:elasticloadbalancing:ap-northeast-2:038462790556:targetgroup/cicd-dev-infra-tg-harbor/6feaac4db9e151d2",
                "type": "forward"
              }
            ],
            "id": "arn:aws:elasticloadbalancing:ap-northeast-2:038462790556:listener/net/cicd-dev-infra-lb/7f7e62117b32556e/c2d248e9b27b7c30",
            "load_balancer_arn": "arn:aws:elasticloadbalancing:ap-northeast-2:038462790556:loadbalancer/net/cicd-dev-infra-lb/7f7e62117b32556e",
            "mutual_authentication": [],
            "port": 5443,
            "protocol": "TCP",
            "ssl_policy": "",
            "tags": {},
            "tags_all": {},
            "tcp_idle_timeout_seconds": 360,
            "timeouts": null
          },
          "sensitive_attributes": [],
          "private": "eyJlMmJmYjczMC1lY2FhLTExZTYtOGY4OC0zNDM2M2JjN2M0YzAiOnsiY3JlYXRlIjozMDAwMDAwMDAwMDAsInVwZGF0ZSI6MzAwMDAwMDAwMDAwfX0=",
          "dependencies": [
            "data.aws_vpc.vpc_info",
            "module.sol_infra_lb_sg.aws_security_group.sol_sg",
            "module.sol_lb_infra.aws_lb.sol_lb",
            "module.sol_lb_infra_target_group.aws_lb_target_group.sol_target_group",
            "module.sol_subnet_public.aws_subnet.sol_subnet",
            "module.sol_vpc.aws_vpc.sol_vpc"
          ]
        }
      ]
    },
    {
      "module": "module.sol_lb_listener[1]",
      "mode": "managed",
      "type": "aws_lb_listener",
      "name": "sol_lb_listener",
      "provider": "provider[\"registry.terraform.io/hashicorp/aws\"]",
      "instances": [
        {
          "schema_version": 0,
          "attributes": {
            "alpn_policy": null,
            "arn": "arn:aws:elasticloadbalancing:ap-northeast-2:038462790556:listener/net/cicd-dev-infra-lb/7f7e62117b32556e/96c620378d9e1bb2",
            "certificate_arn": null,
            "default_action": [
              {
                "authenticate_cognito": [],
                "authenticate_oidc": [],
                "fixed_response": [],
                "forward": [],
                "order": 1,
                "redirect": [],
                "target_group_arn": "arn:aws:elasticloadbalancing:ap-northeast-2:038462790556:targetgroup/cicd-dev-infra-tg-gitlab/a3d17e9f97bb0fef",
                "type": "forward"
              }
            ],
            "id": "arn:aws:elasticloadbalancing:ap-northeast-2:038462790556:listener/net/cicd-dev-infra-lb/7f7e62117b32556e/96c620378d9e1bb2",
            "load_balancer_arn": "arn:aws:elasticloadbalancing:ap-northeast-2:038462790556:loadbalancer/net/cicd-dev-infra-lb/7f7e62117b32556e",
            "mutual_authentication": [],
            "port": 8443,
            "protocol": "TCP",
            "ssl_policy": "",
            "tags": {},
            "tags_all": {},
            "tcp_idle_timeout_seconds": 360,
            "timeouts": null
          },
          "sensitive_attributes": [],
          "private": "eyJlMmJmYjczMC1lY2FhLTExZTYtOGY4OC0zNDM2M2JjN2M0YzAiOnsiY3JlYXRlIjozMDAwMDAwMDAwMDAsInVwZGF0ZSI6MzAwMDAwMDAwMDAwfX0=",
          "dependencies": [
            "data.aws_vpc.vpc_info",
            "module.sol_infra_lb_sg.aws_security_group.sol_sg",
            "module.sol_lb_infra.aws_lb.sol_lb",
            "module.sol_lb_infra_target_group.aws_lb_target_group.sol_target_group",
            "module.sol_subnet_public.aws_subnet.sol_subnet",
            "module.sol_vpc.aws_vpc.sol_vpc"
          ]
        }
      ]
    },
    {
      "module": "module.sol_lb_listener[2]",
      "mode": "managed",
      "type": "aws_lb_listener",
      "name": "sol_lb_listener",
      "provider": "provider[\"registry.terraform.io/hashicorp/aws\"]",
      "instances": [
        {
          "schema_version": 0,
          "attributes": {
            "alpn_policy": null,
            "arn": "arn:aws:elasticloadbalancing:ap-northeast-2:038462790556:listener/net/cicd-dev-infra-lb/7f7e62117b32556e/74d59fe79528c511",
            "certificate_arn": null,
            "default_action": [
              {
                "authenticate_cognito": [],
                "authenticate_oidc": [],
                "fixed_response": [],
                "forward": [],
                "order": 1,
                "redirect": [],
                "target_group_arn": "arn:aws:elasticloadbalancing:ap-northeast-2:038462790556:targetgroup/cicd-dev-infra-tg-nexus/0eff2a2ec96e8eca",
                "type": "forward"
              }
            ],
            "id": "arn:aws:elasticloadbalancing:ap-northeast-2:038462790556:listener/net/cicd-dev-infra-lb/7f7e62117b32556e/74d59fe79528c511",
            "load_balancer_arn": "arn:aws:elasticloadbalancing:ap-northeast-2:038462790556:loadbalancer/net/cicd-dev-infra-lb/7f7e62117b32556e",
            "mutual_authentication": [],
            "port": 8081,
            "protocol": "TCP",
            "ssl_policy": "",
            "tags": {},
            "tags_all": {},
            "tcp_idle_timeout_seconds": 360,
            "timeouts": null
          },
          "sensitive_attributes": [],
          "private": "eyJlMmJmYjczMC1lY2FhLTExZTYtOGY4OC0zNDM2M2JjN2M0YzAiOnsiY3JlYXRlIjozMDAwMDAwMDAwMDAsInVwZGF0ZSI6MzAwMDAwMDAwMDAwfX0=",
          "dependencies": [
            "data.aws_vpc.vpc_info",
            "module.sol_infra_lb_sg.aws_security_group.sol_sg",
            "module.sol_lb_infra.aws_lb.sol_lb",
            "module.sol_lb_infra_target_group.aws_lb_target_group.sol_target_group",
            "module.sol_subnet_public.aws_subnet.sol_subnet",
            "module.sol_vpc.aws_vpc.sol_vpc"
          ]
        }
      ]
    },
    {
      "module": "module.sol_lb_listener[3]",
      "mode": "managed",
      "type": "aws_lb_listener",
      "name": "sol_lb_listener",
      "provider": "provider[\"registry.terraform.io/hashicorp/aws\"]",
      "instances": [
        {
          "schema_version": 0,
          "attributes": {
            "alpn_policy": null,
            "arn": "arn:aws:elasticloadbalancing:ap-northeast-2:038462790556:listener/net/cicd-dev-infra-lb/7f7e62117b32556e/d114485d3d3364ff",
            "certificate_arn": null,
            "default_action": [
              {
                "authenticate_cognito": [],
                "authenticate_oidc": [],
                "fixed_response": [],
                "forward": [],
                "order": 1,
                "redirect": [],
                "target_group_arn": "arn:aws:elasticloadbalancing:ap-northeast-2:038462790556:targetgroup/cicd-dev-infra-tg-jenkins/5e02068ab833f721",
                "type": "forward"
              }
            ],
            "id": "arn:aws:elasticloadbalancing:ap-northeast-2:038462790556:listener/net/cicd-dev-infra-lb/7f7e62117b32556e/d114485d3d3364ff",
            "load_balancer_arn": "arn:aws:elasticloadbalancing:ap-northeast-2:038462790556:loadbalancer/net/cicd-dev-infra-lb/7f7e62117b32556e",
            "mutual_authentication": [],
            "port": 8080,
            "protocol": "TCP",
            "ssl_policy": "",
            "tags": {},
            "tags_all": {},
            "tcp_idle_timeout_seconds": 360,
            "timeouts": null
          },
          "sensitive_attributes": [],
          "private": "eyJlMmJmYjczMC1lY2FhLTExZTYtOGY4OC0zNDM2M2JjN2M0YzAiOnsiY3JlYXRlIjozMDAwMDAwMDAwMDAsInVwZGF0ZSI6MzAwMDAwMDAwMDAwfX0=",
          "dependencies": [
            "data.aws_vpc.vpc_info",
            "module.sol_infra_lb_sg.aws_security_group.sol_sg",
            "module.sol_lb_infra.aws_lb.sol_lb",
            "module.sol_lb_infra_target_group.aws_lb_target_group.sol_target_group",
            "module.sol_subnet_public.aws_subnet.sol_subnet",
            "module.sol_vpc.aws_vpc.sol_vpc"
          ]
        }
      ]
    },
    {
      "module": "module.sol_lb_listener[4]",
      "mode": "managed",
      "type": "aws_lb_listener",
      "name": "sol_lb_listener",
      "provider": "provider[\"registry.terraform.io/hashicorp/aws\"]",
      "instances": [
        {
          "schema_version": 0,
          "attributes": {
            "alpn_policy": null,
            "arn": "arn:aws:elasticloadbalancing:ap-northeast-2:038462790556:listener/net/cicd-dev-infra-lb/7f7e62117b32556e/98d431914af4acc6",
            "certificate_arn": null,
            "default_action": [
              {
                "authenticate_cognito": [],
                "authenticate_oidc": [],
                "fixed_response": [],
                "forward": [],
                "order": 1,
                "redirect": [],
                "target_group_arn": "arn:aws:elasticloadbalancing:ap-northeast-2:038462790556:targetgroup/cicd-dev-infra-tg-sonarqube/a536a3e10dae6030",
                "type": "forward"
              }
            ],
            "id": "arn:aws:elasticloadbalancing:ap-northeast-2:038462790556:listener/net/cicd-dev-infra-lb/7f7e62117b32556e/98d431914af4acc6",
            "load_balancer_arn": "arn:aws:elasticloadbalancing:ap-northeast-2:038462790556:loadbalancer/net/cicd-dev-infra-lb/7f7e62117b32556e",
            "mutual_authentication": [],
            "port": 9000,
            "protocol": "TCP",
            "ssl_policy": "",
            "tags": {},
            "tags_all": {},
            "tcp_idle_timeout_seconds": 360,
            "timeouts": null
          },
          "sensitive_attributes": [],
          "private": "eyJlMmJmYjczMC1lY2FhLTExZTYtOGY4OC0zNDM2M2JjN2M0YzAiOnsiY3JlYXRlIjozMDAwMDAwMDAwMDAsInVwZGF0ZSI6MzAwMDAwMDAwMDAwfX0=",
          "dependencies": [
            "data.aws_vpc.vpc_info",
            "module.sol_infra_lb_sg.aws_security_group.sol_sg",
            "module.sol_lb_infra.aws_lb.sol_lb",
            "module.sol_lb_infra_target_group.aws_lb_target_group.sol_target_group",
            "module.sol_subnet_public.aws_subnet.sol_subnet",
            "module.sol_vpc.aws_vpc.sol_vpc"
          ]
        }
      ]
    },
    {
      "module": "module.sol_lb_listener[5]",
      "mode": "managed",
      "type": "aws_lb_listener",
      "name": "sol_lb_listener",
      "provider": "provider[\"registry.terraform.io/hashicorp/aws\"]",
      "instances": [
        {
          "schema_version": 0,
          "attributes": {
            "alpn_policy": null,
            "arn": "arn:aws:elasticloadbalancing:ap-northeast-2:038462790556:listener/net/cicd-dev-infra-lb/7f7e62117b32556e/95f4e0c4f92f3d5c",
            "certificate_arn": null,
            "default_action": [
              {
                "authenticate_cognito": [],
                "authenticate_oidc": [],
                "fixed_response": [],
                "forward": [],
                "order": 1,
                "redirect": [],
                "target_group_arn": "arn:aws:elasticloadbalancing:ap-northeast-2:038462790556:targetgroup/cicd-dev-infra-tg-mattermost/8d9a916dfdb479d1",
                "type": "forward"
              }
            ],
            "id": "arn:aws:elasticloadbalancing:ap-northeast-2:038462790556:listener/net/cicd-dev-infra-lb/7f7e62117b32556e/95f4e0c4f92f3d5c",
            "load_balancer_arn": "arn:aws:elasticloadbalancing:ap-northeast-2:038462790556:loadbalancer/net/cicd-dev-infra-lb/7f7e62117b32556e",
            "mutual_authentication": [],
            "port": 8085,
            "protocol": "TCP",
            "ssl_policy": "",
            "tags": {},
            "tags_all": {},
            "tcp_idle_timeout_seconds": 360,
            "timeouts": null
          },
          "sensitive_attributes": [],
          "private": "eyJlMmJmYjczMC1lY2FhLTExZTYtOGY4OC0zNDM2M2JjN2M0YzAiOnsiY3JlYXRlIjozMDAwMDAwMDAwMDAsInVwZGF0ZSI6MzAwMDAwMDAwMDAwfX0=",
          "dependencies": [
            "data.aws_vpc.vpc_info",
            "module.sol_infra_lb_sg.aws_security_group.sol_sg",
            "module.sol_lb_infra.aws_lb.sol_lb",
            "module.sol_lb_infra_target_group.aws_lb_target_group.sol_target_group",
            "module.sol_subnet_public.aws_subnet.sol_subnet",
            "module.sol_vpc.aws_vpc.sol_vpc"
          ]
        }
      ]
    },
    {
      "module": "module.sol_master_node[0]",
      "mode": "managed",
      "type": "aws_instance",
      "name": "sol_ec2",
      "provider": "provider[\"registry.terraform.io/hashicorp/aws\"]",
      "instances": [
        {
          "schema_version": 1,
          "attributes": {
            "ami": "ami-0a0cd2f78e9ef322a",
            "arn": "arn:aws:ec2:ap-northeast-2:038462790556:instance/i-0c9a5db7a9aabf429",
            "associate_public_ip_address": false,
            "availability_zone": "ap-northeast-2a",
            "capacity_reservation_specification": [
              {
                "capacity_reservation_preference": "open",
                "capacity_reservation_target": []
              }
            ],
            "cpu_core_count": 2,
            "cpu_options": [
              {
                "amd_sev_snp": "",
                "core_count": 2,
                "threads_per_core": 2
              }
            ],
            "cpu_threads_per_core": 2,
            "credit_specification": [
              {
                "cpu_credits": "unlimited"
              }
            ],
            "disable_api_stop": false,
            "disable_api_termination": false,
            "ebs_block_device": [
              {
                "delete_on_termination": true,
                "device_name": "/dev/sdf",
                "encrypted": false,
                "iops": 100,
                "kms_key_id": "",
                "snapshot_id": "",
                "tags": {},
                "tags_all": {},
                "throughput": 0,
                "volume_id": "vol-0476cd93d71b42e31",
                "volume_size": 10,
                "volume_type": "gp2"
              }
            ],
            "ebs_optimized": false,
            "enable_primary_ipv6": null,
            "enclave_options": [
              {
                "enabled": false
              }
            ],
            "ephemeral_block_device": [],
            "get_password_data": false,
            "hibernation": false,
            "host_id": "",
            "host_resource_group_arn": null,
            "iam_instance_profile": "cicd-dev-master_profile",
            "id": "i-0c9a5db7a9aabf429",
            "instance_initiated_shutdown_behavior": "stop",
            "instance_lifecycle": "",
            "instance_market_options": [],
            "instance_state": "running",
            "instance_type": "t3.xlarge",
            "ipv6_address_count": 0,
            "ipv6_addresses": [],
            "key_name": "cicd-dev-key",
            "launch_template": [],
            "maintenance_options": [
              {
                "auto_recovery": "default"
              }
            ],
            "metadata_options": [
              {
                "http_endpoint": "enabled",
                "http_protocol_ipv6": "disabled",
                "http_put_response_hop_limit": 1,
                "http_tokens": "optional",
                "instance_metadata_tags": "disabled"
              }
            ],
            "monitoring": false,
            "network_interface": [
              {
                "delete_on_termination": false,
                "device_index": 0,
                "network_card_index": 0,
                "network_interface_id": "eni-0635ea60e77915120"
              }
            ],
            "outpost_arn": "",
            "password_data": "",
            "placement_group": "",
            "placement_partition_number": 0,
            "primary_network_interface_id": "eni-0635ea60e77915120",
            "private_dns": "ip-10-0-2-108.ap-northeast-2.compute.internal",
            "private_dns_name_options": [
              {
                "enable_resource_name_dns_a_record": false,
                "enable_resource_name_dns_aaaa_record": false,
                "hostname_type": "ip-name"
              }
            ],
            "private_ip": "10.0.2.108",
            "public_dns": "",
            "public_ip": "",
            "root_block_device": [
              {
                "delete_on_termination": true,
                "device_name": "/dev/sda1",
                "encrypted": false,
                "iops": 150,
                "kms_key_id": "",
                "tags": {},
                "tags_all": {},
                "throughput": 0,
                "volume_id": "vol-0e331d43a25526336",
                "volume_size": 50,
                "volume_type": "gp2"
              }
            ],
            "secondary_private_ips": [],
            "security_groups": [],
            "source_dest_check": true,
            "spot_instance_request_id": "",
            "subnet_id": "subnet-09cd4b8c8f1c1eb67",
            "tags": {
              "Name": "cicd-dev-master-0",
              "kubernetes.io/cluster/cicd/dev": "owned",
              "type": "cicd-dev"
            },
            "tags_all": {
              "Name": "cicd-dev-master-0",
              "kubernetes.io/cluster/cicd/dev": "owned",
              "type": "cicd-dev"
            },
            "tenancy": "default",
            "timeouts": null,
            "user_data": "0e30fab9e655432c17c7da31700eaa72269802db",
            "user_data_base64": null,
            "user_data_replace_on_change": false,
            "volume_tags": null,
            "vpc_security_group_ids": [
              "sg-0fd7f3ce621ce44aa"
            ]
          },
          "sensitive_attributes": [],
          "private": "eyJlMmJmYjczMC1lY2FhLTExZTYtOGY4OC0zNDM2M2JjN2M0YzAiOnsiY3JlYXRlIjo2MDAwMDAwMDAwMDAsImRlbGV0ZSI6MTIwMDAwMDAwMDAwMCwicmVhZCI6OTAwMDAwMDAwMDAwLCJ1cGRhdGUiOjYwMDAwMDAwMDAwMH0sInNjaGVtYV92ZXJzaW9uIjoiMSJ9",
          "dependencies": [
            "aws_key_pair.sol_loginkey",
            "data.aws_internet_gateway.internet_gateway_info",
            "data.aws_vpc.vpc_info",
            "module.sol_iam_master_profile.aws_iam_instance_profile.sol_iam_profile",
            "module.sol_iam_master_role.aws_iam_role.sol_iam_role",
            "module.sol_infra_node.aws_instance.sol_ec2",
            "module.sol_infra_sg.aws_security_group.sol_sg",
            "module.sol_internet_gateway.aws_internet_gateway.sol_internet_gateway",
            "module.sol_master_sg.aws_security_group.sol_sg",
            "module.sol_nat_eip.aws_eip.sol_eip",
            "module.sol_nic_master.aws_network_interface.sol_nic",
            "module.sol_nic_private.aws_network_interface.sol_nic",
            "module.sol_subnet_private.aws_subnet.sol_subnet",
            "module.sol_vpc.aws_vpc.sol_vpc"
          ]
        }
      ]
    },
    {
      "module": "module.sol_master_sg[0]",
      "mode": "managed",
      "type": "aws_security_group",
      "name": "sol_sg",
      "provider": "provider[\"registry.terraform.io/hashicorp/aws\"]",
      "instances": [
        {
          "schema_version": 1,
          "attributes": {
            "arn": "arn:aws:ec2:ap-northeast-2:038462790556:security-group/sg-0fd7f3ce621ce44aa",
            "description": "Security Group For Master Node",
            "egress": [
              {
                "cidr_blocks": [
                  "0.0.0.0/0"
                ],
                "description": "",
                "from_port": 0,
                "ipv6_cidr_blocks": [],
                "prefix_list_ids": [],
                "protocol": "-1",
                "security_groups": [],
                "self": false,
                "to_port": 0
              }
            ],
            "id": "sg-0fd7f3ce621ce44aa",
            "ingress": [
              {
                "cidr_blocks": [
                  "0.0.0.0/0"
                ],
                "description": "",
                "from_port": 0,
                "ipv6_cidr_blocks": [],
                "prefix_list_ids": [],
                "protocol": "-1",
                "security_groups": [],
                "self": false,
                "to_port": 0
              },
              {
                "cidr_blocks": [
                  "10.0.2.0/24"
                ],
                "description": "",
                "from_port": 0,
                "ipv6_cidr_blocks": [],
                "prefix_list_ids": [],
                "protocol": "-1",
                "security_groups": [],
                "self": false,
                "to_port": 0
              },
              {
                "cidr_blocks": [
                  "220.118.2.248/32"
                ],
                "description": "",
                "from_port": 0,
                "ipv6_cidr_blocks": [],
                "prefix_list_ids": [],
                "protocol": "-1",
                "security_groups": [],
                "self": false,
                "to_port": 0
              },
              {
                "cidr_blocks": [
                  "3.38.60.113/32"
                ],
                "description": "",
                "from_port": 0,
                "ipv6_cidr_blocks": [],
                "prefix_list_ids": [],
                "protocol": "-1",
                "security_groups": [],
                "self": false,
                "to_port": 0
              }
            ],
            "name": "cicd-dev-master-sg",
            "name_prefix": "",
            "owner_id": "038462790556",
            "revoke_rules_on_delete": false,
            "tags": {
              "Name": "cicd-dev-master-sg",
              "kubernetes.io/cluster/cicd/dev": "owned"
            },
            "tags_all": {
              "Name": "cicd-dev-master-sg",
              "kubernetes.io/cluster/cicd/dev": "owned"
            },
            "timeouts": null,
            "vpc_id": "vpc-049e1a29af79bc829"
          },
          "sensitive_attributes": [],
          "private": "eyJlMmJmYjczMC1lY2FhLTExZTYtOGY4OC0zNDM2M2JjN2M0YzAiOnsiY3JlYXRlIjo2MDAwMDAwMDAwMDAsImRlbGV0ZSI6OTAwMDAwMDAwMDAwfSwic2NoZW1hX3ZlcnNpb24iOiIxIn0=",
          "dependencies": [
            "data.aws_internet_gateway.internet_gateway_info",
            "data.aws_vpc.vpc_info",
            "module.sol_internet_gateway.aws_internet_gateway.sol_internet_gateway",
            "module.sol_nat_eip.aws_eip.sol_eip",
            "module.sol_vpc.aws_vpc.sol_vpc"
          ]
        }
      ]
    },
    {
      "module": "module.sol_nat_eip[0]",
      "mode": "managed",
      "type": "aws_eip",
      "name": "sol_eip",
      "provider": "provider[\"registry.terraform.io/hashicorp/aws\"]",
      "instances": [
        {
          "schema_version": 0,
          "attributes": {
            "address": null,
            "allocation_id": "eipalloc-0ea734fb73f2f41f8",
            "arn": "arn:aws:ec2:ap-northeast-2:038462790556:elastic-ip/eipalloc-0ea734fb73f2f41f8",
            "associate_with_private_ip": null,
            "association_id": "eipassoc-0f68d57d711c1581e",
            "carrier_ip": "",
            "customer_owned_ip": "",
            "customer_owned_ipv4_pool": "",
            "domain": "vpc",
            "id": "eipalloc-0ea734fb73f2f41f8",
            "instance": "",
            "ipam_pool_id": null,
            "network_border_group": "ap-northeast-2",
            "network_interface": "eni-031e8e17245cb7c96",
            "private_dns": "ip-10-0-1-145.ap-northeast-2.compute.internal",
            "private_ip": "10.0.1.145",
            "ptr_record": "",
            "public_dns": "ec2-3-38-60-113.ap-northeast-2.compute.amazonaws.com",
            "public_ip": "3.38.60.113",
            "public_ipv4_pool": "amazon",
            "tags": {
              "Name": "cicd-dev-ap-northeast-2a-nat-eip"
            },
            "tags_all": {
              "Name": "cicd-dev-ap-northeast-2a-nat-eip"
            },
            "timeouts": null,
            "vpc": true
          },
          "sensitive_attributes": [],
          "private": "eyJlMmJmYjczMC1lY2FhLTExZTYtOGY4OC0zNDM2M2JjN2M0YzAiOnsiZGVsZXRlIjoxODAwMDAwMDAwMDAsInJlYWQiOjkwMDAwMDAwMDAwMCwidXBkYXRlIjozMDAwMDAwMDAwMDB9fQ==",
          "dependencies": [
            "data.aws_internet_gateway.internet_gateway_info",
            "data.aws_vpc.vpc_info",
            "module.sol_internet_gateway.aws_internet_gateway.sol_internet_gateway",
            "module.sol_vpc.aws_vpc.sol_vpc"
          ]
        }
      ]
    },
    {
      "module": "module.sol_nat_gateway[0]",
      "mode": "managed",
      "type": "aws_nat_gateway",
      "name": "sol_nat_gateway",
      "provider": "provider[\"registry.terraform.io/hashicorp/aws\"]",
      "instances": [
        {
          "schema_version": 0,
          "attributes": {
            "allocation_id": "eipalloc-0ea734fb73f2f41f8",
            "association_id": "eipassoc-0f68d57d711c1581e",
            "connectivity_type": "public",
            "id": "nat-01a790194df744ae2",
            "network_interface_id": "eni-031e8e17245cb7c96",
            "private_ip": "10.0.1.145",
            "public_ip": "3.38.60.113",
            "secondary_allocation_ids": [],
            "secondary_private_ip_address_count": 0,
            "secondary_private_ip_addresses": [],
            "subnet_id": "subnet-0fadb2de5cf20a464",
            "tags": {
              "Name": "cicd-dev-ap-northeast-2a-nat"
            },
            "tags_all": {
              "Name": "cicd-dev-ap-northeast-2a-nat"
            },
            "timeouts": null
          },
          "sensitive_attributes": [],
          "private": "eyJlMmJmYjczMC1lY2FhLTExZTYtOGY4OC0zNDM2M2JjN2M0YzAiOnsiY3JlYXRlIjo2MDAwMDAwMDAwMDAsImRlbGV0ZSI6MTgwMDAwMDAwMDAwMCwidXBkYXRlIjo2MDAwMDAwMDAwMDB9fQ==",
          "dependencies": [
            "data.aws_internet_gateway.internet_gateway_info",
            "data.aws_vpc.vpc_info",
            "module.sol_internet_gateway.aws_internet_gateway.sol_internet_gateway",
            "module.sol_nat_eip.aws_eip.sol_eip",
            "module.sol_subnet_public.aws_subnet.sol_subnet",
            "module.sol_vpc.aws_vpc.sol_vpc"
          ]
        }
      ]
    },
    {
      "module": "module.sol_nic_master[0]",
      "mode": "managed",
      "type": "aws_network_interface",
      "name": "sol_nic",
      "provider": "provider[\"registry.terraform.io/hashicorp/aws\"]",
      "instances": [
        {
          "schema_version": 0,
          "attributes": {
            "arn": "arn:aws:ec2:ap-northeast-2:038462790556:network-interface/eni-0635ea60e77915120",
            "attachment": [
              {
                "attachment_id": "eni-attach-0e00b73c5d9711778",
                "device_index": 0,
                "instance": "i-0c9a5db7a9aabf429"
              }
            ],
            "description": "For kubernetes master VM NIC",
            "enable_primary_ipv6": null,
            "id": "eni-0635ea60e77915120",
            "interface_type": "interface",
            "ipv4_prefix_count": 0,
            "ipv4_prefixes": [],
            "ipv6_address_count": 0,
            "ipv6_address_list": [],
            "ipv6_address_list_enabled": false,
            "ipv6_addresses": [],
            "ipv6_prefix_count": 0,
            "ipv6_prefixes": [],
            "mac_address": "02:94:20:7b:91:8b",
            "outpost_arn": "",
            "owner_id": "038462790556",
            "private_dns_name": "ip-10-0-2-108.ap-northeast-2.compute.internal",
            "private_ip": "10.0.2.108",
            "private_ip_list": [
              "10.0.2.108"
            ],
            "private_ip_list_enabled": false,
            "private_ips": [
              "10.0.2.108"
            ],
            "private_ips_count": 0,
            "security_groups": [
              "sg-0fd7f3ce621ce44aa"
            ],
            "source_dest_check": true,
            "subnet_id": "subnet-09cd4b8c8f1c1eb67",
            "tags": {
              "Name": "cicd-dev-0-master-nic",
              "kubernetes.io/cluster/cicd/dev": "owned"
            },
            "tags_all": {
              "Name": "cicd-dev-0-master-nic",
              "kubernetes.io/cluster/cicd/dev": "owned"
            }
          },
          "sensitive_attributes": [],
          "private": "bnVsbA==",
          "dependencies": [
            "data.aws_internet_gateway.internet_gateway_info",
            "data.aws_vpc.vpc_info",
            "module.sol_internet_gateway.aws_internet_gateway.sol_internet_gateway",
            "module.sol_master_sg.aws_security_group.sol_sg",
            "module.sol_nat_eip.aws_eip.sol_eip",
            "module.sol_subnet_private.aws_subnet.sol_subnet",
            "module.sol_vpc.aws_vpc.sol_vpc"
          ]
        }
      ]
    },
    {
      "module": "module.sol_nic_private[0]",
      "mode": "managed",
      "type": "aws_network_interface",
      "name": "sol_nic",
      "provider": "provider[\"registry.terraform.io/hashicorp/aws\"]",
      "instances": [
        {
          "schema_version": 0,
          "attributes": {
            "arn": "arn:aws:ec2:ap-northeast-2:038462790556:network-interface/eni-076e16a1addb7b677",
            "attachment": [
              {
                "attachment_id": "eni-attach-0b596853203dd5cdd",
                "device_index": 0,
                "instance": "i-0684fd877b6a2680a"
              }
            ],
            "description": "For Private Infra VM NIC",
            "enable_primary_ipv6": null,
            "id": "eni-076e16a1addb7b677",
            "interface_type": "interface",
            "ipv4_prefix_count": 0,
            "ipv4_prefixes": [],
            "ipv6_address_count": 0,
            "ipv6_address_list": [],
            "ipv6_address_list_enabled": false,
            "ipv6_addresses": [],
            "ipv6_prefix_count": 0,
            "ipv6_prefixes": [],
            "mac_address": "02:b8:4c:87:7f:eb",
            "outpost_arn": "",
            "owner_id": "038462790556",
            "private_dns_name": "ip-10-0-2-164.ap-northeast-2.compute.internal",
            "private_ip": "10.0.2.164",
            "private_ip_list": [
              "10.0.2.164"
            ],
            "private_ip_list_enabled": false,
            "private_ips": [
              "10.0.2.164"
            ],
            "private_ips_count": 0,
            "security_groups": [
              "sg-07571c50eeab39d4e"
            ],
            "source_dest_check": true,
            "subnet_id": "subnet-09cd4b8c8f1c1eb67",
            "tags": {
              "Name": "cicd-dev-0-infra-nic",
              "kubernetes.io/cluster/cicd/dev": "owned"
            },
            "tags_all": {
              "Name": "cicd-dev-0-infra-nic",
              "kubernetes.io/cluster/cicd/dev": "owned"
            }
          },
          "sensitive_attributes": [],
          "private": "bnVsbA==",
          "dependencies": [
            "data.aws_internet_gateway.internet_gateway_info",
            "data.aws_vpc.vpc_info",
            "module.sol_infra_sg.aws_security_group.sol_sg",
            "module.sol_internet_gateway.aws_internet_gateway.sol_internet_gateway",
            "module.sol_nat_eip.aws_eip.sol_eip",
            "module.sol_subnet_private.aws_subnet.sol_subnet",
            "module.sol_vpc.aws_vpc.sol_vpc"
          ]
        }
      ]
    },
    {
      "module": "module.sol_nic_public[0]",
      "mode": "managed",
      "type": "aws_network_interface",
      "name": "sol_nic",
      "provider": "provider[\"registry.terraform.io/hashicorp/aws\"]",
      "instances": [
        {
          "schema_version": 0,
          "attributes": {
            "arn": "arn:aws:ec2:ap-northeast-2:038462790556:network-interface/eni-0da3e0b14e6ede995",
            "attachment": [
              {
                "attachment_id": "eni-attach-0310bcbb4f9fd7c0e",
                "device_index": 0,
                "instance": "i-03be2cd1159388388"
              }
            ],
            "description": "For Public Jumpbox VM NIC",
            "enable_primary_ipv6": null,
            "id": "eni-0da3e0b14e6ede995",
            "interface_type": "interface",
            "ipv4_prefix_count": 0,
            "ipv4_prefixes": [],
            "ipv6_address_count": 0,
            "ipv6_address_list": [],
            "ipv6_address_list_enabled": false,
            "ipv6_addresses": [],
            "ipv6_prefix_count": 0,
            "ipv6_prefixes": [],
            "mac_address": "02:ba:27:41:ac:6f",
            "outpost_arn": "",
            "owner_id": "038462790556",
            "private_dns_name": "ip-10-0-1-62.ap-northeast-2.compute.internal",
            "private_ip": "10.0.1.62",
            "private_ip_list": [
              "10.0.1.62"
            ],
            "private_ip_list_enabled": false,
            "private_ips": [
              "10.0.1.62"
            ],
            "private_ips_count": 0,
            "security_groups": [
              "sg-031f0fb0337fdf1d4"
            ],
            "source_dest_check": true,
            "subnet_id": "subnet-0fadb2de5cf20a464",
            "tags": {
              "Name": "cicd-dev-0-jumpbox-nic",
              "kubernetes.io/cluster/cicd/dev": "owned"
            },
            "tags_all": {
              "Name": "cicd-dev-0-jumpbox-nic",
              "kubernetes.io/cluster/cicd/dev": "owned"
            }
          },
          "sensitive_attributes": [],
          "private": "bnVsbA==",
          "dependencies": [
            "data.aws_vpc.vpc_info",
            "module.sol_jumpbox_sg.aws_security_group.sol_sg",
            "module.sol_subnet_public.aws_subnet.sol_subnet",
            "module.sol_vpc.aws_vpc.sol_vpc"
          ]
        }
      ]
    },
    {
      "module": "module.sol_private_acl[0]",
      "mode": "managed",
      "type": "aws_network_acl",
      "name": "sol_acl",
      "provider": "provider[\"registry.terraform.io/hashicorp/aws\"]",
      "instances": [
        {
          "schema_version": 0,
          "attributes": {
            "arn": "arn:aws:ec2:ap-northeast-2:038462790556:network-acl/acl-017bb87e2ed7f9d66",
            "egress": [
              {
                "action": "allow",
                "cidr_block": "0.0.0.0/0",
                "from_port": 0,
                "icmp_code": 0,
                "icmp_type": 0,
                "ipv6_cidr_block": "",
                "protocol": "-1",
                "rule_no": 100,
                "to_port": 0
              }
            ],
            "id": "acl-017bb87e2ed7f9d66",
            "ingress": [
              {
                "action": "allow",
                "cidr_block": "0.0.0.0/0",
                "from_port": 0,
                "icmp_code": 0,
                "icmp_type": 0,
                "ipv6_cidr_block": "",
                "protocol": "-1",
                "rule_no": 100,
                "to_port": 0
              }
            ],
            "owner_id": "038462790556",
            "subnet_ids": [
              "subnet-09cd4b8c8f1c1eb67"
            ],
            "tags": {
              "Name": "cicd-dev-private-0-acl"
            },
            "tags_all": {
              "Name": "cicd-dev-private-0-acl"
            },
            "vpc_id": "vpc-049e1a29af79bc829"
          },
          "sensitive_attributes": [],
          "private": "bnVsbA==",
          "dependencies": [
            "data.aws_vpc.vpc_info",
            "module.sol_subnet_private.aws_subnet.sol_subnet",
            "module.sol_vpc.aws_vpc.sol_vpc"
          ]
        }
      ]
    },
    {
      "module": "module.sol_private_route[0]",
      "mode": "managed",
      "type": "aws_route",
      "name": "sol_route",
      "provider": "provider[\"registry.terraform.io/hashicorp/aws\"]",
      "instances": [
        {
          "schema_version": 0,
          "attributes": {
            "carrier_gateway_id": "",
            "core_network_arn": "",
            "destination_cidr_block": "0.0.0.0/0",
            "destination_ipv6_cidr_block": "",
            "destination_prefix_list_id": "",
            "egress_only_gateway_id": "",
            "gateway_id": "",
            "id": "r-rtb-0bac09bf9fbb00b9d1080289494",
            "instance_id": "",
            "instance_owner_id": "",
            "local_gateway_id": "",
            "nat_gateway_id": "nat-01a790194df744ae2",
            "network_interface_id": "",
            "origin": "CreateRoute",
            "route_table_id": "rtb-0bac09bf9fbb00b9d",
            "state": "active",
            "timeouts": null,
            "transit_gateway_id": "",
            "vpc_endpoint_id": "",
            "vpc_peering_connection_id": ""
          },
          "sensitive_attributes": [],
          "private": "eyJlMmJmYjczMC1lY2FhLTExZTYtOGY4OC0zNDM2M2JjN2M0YzAiOnsiY3JlYXRlIjozMDAwMDAwMDAwMDAsImRlbGV0ZSI6MzAwMDAwMDAwMDAwLCJ1cGRhdGUiOjEyMDAwMDAwMDAwMH19",
          "dependencies": [
            "data.aws_internet_gateway.internet_gateway_info",
            "data.aws_vpc.vpc_info",
            "module.sol_internet_gateway.aws_internet_gateway.sol_internet_gateway",
            "module.sol_nat_eip.aws_eip.sol_eip",
            "module.sol_nat_gateway.aws_nat_gateway.sol_nat_gateway",
            "module.sol_route_table.aws_route_table.sol_route_table",
            "module.sol_subnet_public.aws_subnet.sol_subnet",
            "module.sol_vpc.aws_vpc.sol_vpc"
          ]
        }
      ]
    },
    {
      "module": "module.sol_private_route_table_associaion[0]",
      "mode": "managed",
      "type": "aws_route_table_association",
      "name": "sol_route_table_association",
      "provider": "provider[\"registry.terraform.io/hashicorp/aws\"]",
      "instances": [
        {
          "schema_version": 0,
          "attributes": {
            "gateway_id": "",
            "id": "rtbassoc-0ad4ae59d64fcb58e",
            "route_table_id": "rtb-0bac09bf9fbb00b9d",
            "subnet_id": "subnet-09cd4b8c8f1c1eb67",
            "timeouts": null
          },
          "sensitive_attributes": [],
          "private": "eyJlMmJmYjczMC1lY2FhLTExZTYtOGY4OC0zNDM2M2JjN2M0YzAiOnsiY3JlYXRlIjozMDAwMDAwMDAwMDAsImRlbGV0ZSI6MzAwMDAwMDAwMDAwLCJ1cGRhdGUiOjEyMDAwMDAwMDAwMH19",
          "dependencies": [
            "data.aws_vpc.vpc_info",
            "module.sol_route_table.aws_route_table.sol_route_table",
            "module.sol_subnet_private.aws_subnet.sol_subnet",
            "module.sol_vpc.aws_vpc.sol_vpc"
          ]
        }
      ]
    },
    {
      "module": "module.sol_public_acl[0]",
      "mode": "managed",
      "type": "aws_network_acl",
      "name": "sol_acl",
      "provider": "provider[\"registry.terraform.io/hashicorp/aws\"]",
      "instances": [
        {
          "schema_version": 0,
          "attributes": {
            "arn": "arn:aws:ec2:ap-northeast-2:038462790556:network-acl/acl-086a86eea61a0191d",
            "egress": [
              {
                "action": "allow",
                "cidr_block": "0.0.0.0/0",
                "from_port": 0,
                "icmp_code": 0,
                "icmp_type": 0,
                "ipv6_cidr_block": "",
                "protocol": "-1",
                "rule_no": 100,
                "to_port": 0
              }
            ],
            "id": "acl-086a86eea61a0191d",
            "ingress": [
              {
                "action": "allow",
                "cidr_block": "0.0.0.0/0",
                "from_port": 0,
                "icmp_code": 0,
                "icmp_type": 0,
                "ipv6_cidr_block": "",
                "protocol": "-1",
                "rule_no": 100,
                "to_port": 0
              }
            ],
            "owner_id": "038462790556",
            "subnet_ids": [
              "subnet-0fadb2de5cf20a464"
            ],
            "tags": {
              "Name": "cicd-dev-public-0-acl"
            },
            "tags_all": {
              "Name": "cicd-dev-public-0-acl"
            },
            "vpc_id": "vpc-049e1a29af79bc829"
          },
          "sensitive_attributes": [],
          "private": "bnVsbA==",
          "dependencies": [
            "data.aws_vpc.vpc_info",
            "module.sol_subnet_public.aws_subnet.sol_subnet",
            "module.sol_vpc.aws_vpc.sol_vpc"
          ]
        }
      ]
    },
    {
      "module": "module.sol_public_route_table_associaion[0]",
      "mode": "managed",
      "type": "aws_route_table_association",
      "name": "sol_route_table_association",
      "provider": "provider[\"registry.terraform.io/hashicorp/aws\"]",
      "instances": [
        {
          "schema_version": 0,
          "attributes": {
            "gateway_id": "",
            "id": "rtbassoc-060afb6bbb1c55547",
            "route_table_id": "rtb-063aefcc8b2e96ef5",
            "subnet_id": "subnet-0fadb2de5cf20a464",
            "timeouts": null
          },
          "sensitive_attributes": [],
          "private": "eyJlMmJmYjczMC1lY2FhLTExZTYtOGY4OC0zNDM2M2JjN2M0YzAiOnsiY3JlYXRlIjozMDAwMDAwMDAwMDAsImRlbGV0ZSI6MzAwMDAwMDAwMDAwLCJ1cGRhdGUiOjEyMDAwMDAwMDAwMH19",
          "dependencies": [
            "data.aws_vpc.vpc_info",
            "module.sol_subnet_public.aws_subnet.sol_subnet",
            "module.sol_vpc.aws_vpc.sol_vpc"
          ]
        }
      ]
    },
    {
      "module": "module.sol_route_table[0]",
      "mode": "managed",
      "type": "aws_route_table",
      "name": "sol_route_table",
      "provider": "provider[\"registry.terraform.io/hashicorp/aws\"]",
      "instances": [
        {
          "schema_version": 0,
          "attributes": {
            "arn": "arn:aws:ec2:ap-northeast-2:038462790556:route-table/rtb-0bac09bf9fbb00b9d",
            "id": "rtb-0bac09bf9fbb00b9d",
            "owner_id": "038462790556",
            "propagating_vgws": [],
            "route": [
              {
                "carrier_gateway_id": "",
                "cidr_block": "0.0.0.0/0",
                "core_network_arn": "",
                "destination_prefix_list_id": "",
                "egress_only_gateway_id": "",
                "gateway_id": "",
                "ipv6_cidr_block": "",
                "local_gateway_id": "",
                "nat_gateway_id": "nat-01a790194df744ae2",
                "network_interface_id": "",
                "transit_gateway_id": "",
                "vpc_endpoint_id": "",
                "vpc_peering_connection_id": ""
              }
            ],
            "tags": {
              "Name": "cicd-dev-pri-route_table",
              "kubernetes.io/cluster/cicd-dev": "owned"
            },
            "tags_all": {
              "Name": "cicd-dev-pri-route_table",
              "kubernetes.io/cluster/cicd-dev": "owned"
            },
            "timeouts": null,
            "vpc_id": "vpc-049e1a29af79bc829"
          },
          "sensitive_attributes": [],
          "private": "eyJlMmJmYjczMC1lY2FhLTExZTYtOGY4OC0zNDM2M2JjN2M0YzAiOnsiY3JlYXRlIjozMDAwMDAwMDAwMDAsImRlbGV0ZSI6MzAwMDAwMDAwMDAwLCJ1cGRhdGUiOjEyMDAwMDAwMDAwMH19",
          "dependencies": [
            "data.aws_vpc.vpc_info",
            "module.sol_vpc.aws_vpc.sol_vpc"
          ]
        }
      ]
    },
    {
      "module": "module.sol_subnet_private[0]",
      "mode": "managed",
      "type": "aws_subnet",
      "name": "sol_subnet",
      "provider": "provider[\"registry.terraform.io/hashicorp/aws\"]",
      "instances": [
        {
          "schema_version": 1,
          "attributes": {
            "arn": "arn:aws:ec2:ap-northeast-2:038462790556:subnet/subnet-09cd4b8c8f1c1eb67",
            "assign_ipv6_address_on_creation": false,
            "availability_zone": "ap-northeast-2a",
            "availability_zone_id": "apne2-az1",
            "cidr_block": "10.0.2.0/24",
            "customer_owned_ipv4_pool": "",
            "enable_dns64": false,
            "enable_lni_at_device_index": 0,
            "enable_resource_name_dns_a_record_on_launch": false,
            "enable_resource_name_dns_aaaa_record_on_launch": false,
            "id": "subnet-09cd4b8c8f1c1eb67",
            "ipv6_cidr_block": "",
            "ipv6_cidr_block_association_id": "",
            "ipv6_native": false,
            "map_customer_owned_ip_on_launch": false,
            "map_public_ip_on_launch": false,
            "outpost_arn": "",
            "owner_id": "038462790556",
            "private_dns_hostname_type_on_launch": "ip-name",
            "tags": {
              "Name": "cicd-ap-northeast-2a-private-subnet",
              "kubernetes.io/cluster/cicd-dev": "owned"
            },
            "tags_all": {
              "Name": "cicd-ap-northeast-2a-private-subnet",
              "kubernetes.io/cluster/cicd-dev": "owned"
            },
            "timeouts": null,
            "vpc_id": "vpc-049e1a29af79bc829"
          },
          "sensitive_attributes": [],
          "private": "eyJlMmJmYjczMC1lY2FhLTExZTYtOGY4OC0zNDM2M2JjN2M0YzAiOnsiY3JlYXRlIjo2MDAwMDAwMDAwMDAsImRlbGV0ZSI6MTIwMDAwMDAwMDAwMH0sInNjaGVtYV92ZXJzaW9uIjoiMSJ9",
          "dependencies": [
            "data.aws_vpc.vpc_info",
            "module.sol_vpc.aws_vpc.sol_vpc"
          ]
        }
      ]
    },
    {
      "module": "module.sol_subnet_public[0]",
      "mode": "managed",
      "type": "aws_subnet",
      "name": "sol_subnet",
      "provider": "provider[\"registry.terraform.io/hashicorp/aws\"]",
      "instances": [
        {
          "schema_version": 1,
          "attributes": {
            "arn": "arn:aws:ec2:ap-northeast-2:038462790556:subnet/subnet-0fadb2de5cf20a464",
            "assign_ipv6_address_on_creation": false,
            "availability_zone": "ap-northeast-2a",
            "availability_zone_id": "apne2-az1",
            "cidr_block": "10.0.1.0/24",
            "customer_owned_ipv4_pool": "",
            "enable_dns64": false,
            "enable_lni_at_device_index": 0,
            "enable_resource_name_dns_a_record_on_launch": false,
            "enable_resource_name_dns_aaaa_record_on_launch": false,
            "id": "subnet-0fadb2de5cf20a464",
            "ipv6_cidr_block": "",
            "ipv6_cidr_block_association_id": "",
            "ipv6_native": false,
            "map_customer_owned_ip_on_launch": false,
            "map_public_ip_on_launch": true,
            "outpost_arn": "",
            "owner_id": "038462790556",
            "private_dns_hostname_type_on_launch": "ip-name",
            "tags": {
              "Name": "cicd-ap-northeast-2a-public-subnet",
              "kubernetes.io/cluster/cicd-dev": "owned"
            },
            "tags_all": {
              "Name": "cicd-ap-northeast-2a-public-subnet",
              "kubernetes.io/cluster/cicd-dev": "owned"
            },
            "timeouts": null,
            "vpc_id": "vpc-049e1a29af79bc829"
          },
          "sensitive_attributes": [],
          "private": "eyJlMmJmYjczMC1lY2FhLTExZTYtOGY4OC0zNDM2M2JjN2M0YzAiOnsiY3JlYXRlIjo2MDAwMDAwMDAwMDAsImRlbGV0ZSI6MTIwMDAwMDAwMDAwMH0sInNjaGVtYV92ZXJzaW9uIjoiMSJ9",
          "dependencies": [
            "data.aws_vpc.vpc_info",
            "module.sol_vpc.aws_vpc.sol_vpc"
          ]
        }
      ]
    },
    {
      "module": "module.sol_vpc[0]",
      "mode": "managed",
      "type": "aws_vpc",
      "name": "sol_vpc",
      "provider": "provider[\"registry.terraform.io/hashicorp/aws\"]",
      "instances": [
        {
          "schema_version": 1,
          "attributes": {
            "arn": "arn:aws:ec2:ap-northeast-2:038462790556:vpc/vpc-049e1a29af79bc829",
            "assign_generated_ipv6_cidr_block": false,
            "cidr_block": "10.0.0.0/16",
            "default_network_acl_id": "acl-0eb8ed0a2075513c3",
            "default_route_table_id": "rtb-063aefcc8b2e96ef5",
            "default_security_group_id": "sg-0e11007addee511ec",
            "dhcp_options_id": "dopt-0a03607f9ce8a9f22",
            "enable_dns_hostnames": true,
            "enable_dns_support": true,
            "enable_network_address_usage_metrics": false,
            "id": "vpc-049e1a29af79bc829",
            "instance_tenancy": "default",
            "ipv4_ipam_pool_id": null,
            "ipv4_netmask_length": null,
            "ipv6_association_id": "",
            "ipv6_cidr_block": "",
            "ipv6_cidr_block_network_border_group": "",
            "ipv6_ipam_pool_id": "",
            "ipv6_netmask_length": 0,
            "main_route_table_id": "rtb-063aefcc8b2e96ef5",
            "owner_id": "038462790556",
            "tags": {
              "Name": "cicd"
            },
            "tags_all": {
              "Name": "cicd"
            }
          },
          "sensitive_attributes": [],
          "private": "eyJzY2hlbWFfdmVyc2lvbiI6IjEifQ=="
        }
      ]
    },
    {
      "module": "module.vars[0]",
      "mode": "managed",
      "type": "local_file",
      "name": "ansible_manual_vars",
      "provider": "provider[\"registry.terraform.io/hashicorp/local\"]",
      "instances": [
        {
          "schema_version": 0,
          "attributes": {
            "content": "cloud_provider: manual # aws, awsM\n\nansible_path : \"/home/sol/cicd-project/automation/ansible\"\n\nvpc_name : cicd\nregion_name: ap-northeast-2\nsystem_type: dev\naccess_key: AKIAQR5EPTOOAFOYWOME \nsecret_key: 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 \njumpbox_ip: 3.34.229.156\ninfra_lb_domain: cicd-dev-infra-lb-7f7e62117b32556e.elb.ap-northeast-2.amazonaws.com \nk8s_lb_domain: cicd-dev-k8s-lb-c8ee1ce0c9be888a.elb.ap-northeast-2.amazonaws.com \ninfra_ip: 10.0.2.164 \njenkins_ip :  \"{{infra_lb_domain}}\"\nkafka_ip : \"{{infra_lb_domain}}\"\nharbor_ip : \"{{infra_lb_domain}}\"\ngitlab_ip :  \"{{infra_lb_domain}}\"\n\nnfs_path: /home/sol/nfs\nnfs_name: \nnfs_dns: \nnas_mount_path: \"\"\n\nnfs_server: 10.0.2.164\nnfs_mountoptions: nfsvers=4\nnfs_pvc_name: solpv\n\nec2_ebs_mount_path : \"/app\"\n\nk8s_multi_master: false\nkube_config: \"/home/sol/.kube/cicd-dev-config\"\n\ndocker_version: \"25.0.2\"\ndocker_bip: 7.7.128.1/18\ndocker_pools_base: 7.7.192.0/18\ndocker_log_max_size : 10m\ndocker_log_max_file : 2\ndocker_root_dir : /var/lib/docker\n# docker_root_dir : \"{{ec2_ebs_mount_path}}/docker\"\n\ncontainerd_version : \"1.6.28\"\ncontainerd_root_dir: /var/lib/containerd\n# containerd_root_dir: {{ec2_ebs_mount_path}}/contianerd\nkubelet_containerLogMaxSize : 10Mi\nkubelet_containerLogMaxFiles : 2\n\ninstall_shell_dir : \"/home/sol/install_shell\"\n\nharbor_host: registry.sol.lab\nharbor_http_port: 5000\nharbor_https_port: 5443\nharbor_ssl: true\nharbor_ssl_path : /home/sol/.ssl/\nharbor_cert_path: /home/sol/.ssl/harbor/harbor.pem\nharbor_key_path: /home/sol/.ssl/harbor/harbor-key.pem\nharbor_install_dir: /home/sol/harbor/install\nharbor_data_dir: /home/sol/harbor/data \nharbor_log_dir: /home/sol/harbor/log\nharbor_username: sol\nharbor_password: solsol1234!\nharbor_cert_CN: registry.sol.lab\nharbor_cert_hosts: \"\\\"registry.sol.lab\\\", \\\"{{infra_lb_domain}}\\\"\"\n\ngitlab_host: gitlab.sol.lab\ngitlab_external_url: https://{{gitlab_host}}:{{gitlab_port}}\ngitlab_http_port: 18080\ngitlab_https_port: 8443\ngitlab_config_dir: /home/sol/gitlab/config\ngitlab_install_dir: /home/sol/gitlab/\ngitlab_data_dir: /home/sol/gitlab/data\ngitlab_log_dir: /home/sol/gitlab/logs\ngitlab_ssl_dir: /home/sol/gitlab/config/ssl\ngitlab_root_username: sol\ngitlab_password: solsol1234!\ngitlab_cert_CN: \"{{gitlab_host}}\"\ngitlab_ssl: true\ngitlab_cert_hosts: \"\\\"gitlab.sol.lab\\\", \\\"{{infra_lb_domain}}\\\"\"\ngitlab_memory: \"4g\"\ngitlab_cpu: 2\n\njenkins_dir : /home/sol/jenkins\njenkins_port: 8080\njenkins_agent_port: 50000\njenkins_memory: 2g\njenkins_version: 2.444\n\ncrictl_version : v1.30.0\nnerdctl_version : 1.7.3\n\nasg_min_size : 1\nasg_max_size : 1\n\nk8s_pause_version : 3.6 \nnode_status_update_frequency_second : 5     #/var/lib/kubelet/kubeadm-flags.env\nnode_monitor_period_second : 10\nnode_monitor_grace_period_second : 15\ndefault_not_ready_toleration_seconds: 5\ndefault_unreachable_toleration_seconds: 5\n\nkubernetes_version : 1.30.1\nkubernetes_pod_cidr : 20.0.0.0/10\nkubernetes_service_cidr : 25.0.0.0/16\nkubernetes_service_type : nodeport\nk8s_cluster_autoscaler_version : 1.30\n\nk8s_api_ip : \"{{k8s_lb_domain}}\"  # ip 수정\nk8s_api_port : 6443\nmaster_ip : 10.0.2.108\nk8s_cert_svc_ip : 25.0.0.1  # k8s service cidr값의 첫번째 ip\n\nnginx_ssl : false\nnginx_cert_CN: \"{{infra_lb_domain}}\"\nnginx_cert_hosts: \"\\\"jenkins.sol.lab\\\",\\\"monitoring.sol.lab\\\", \\\"{{infra_lb_domain}}\\\"\"  \nnginx_dir : /home/sol/nginx\nnginx_dir_conf : /home/sol/nginx/conf.d\n\nkafka1_dir: /home/sol/automation/kafka/kafka1\nkafka2_dir: /home/sol/automation/kafka/kafka2\nkafka3_dir: /home/sol/automation/kafka/kafka3\nzookeeper_dir: /home/sol/automation/kafka/zookeeper\n\ntrivy_db_dir: /home/sol/trivy\n\nnexus_port: 8081\nnexus_data_dir: /home/sol/nexus\n\nmattermost_port : 8085\nmattermost_dir : /home/sol/mattermost\nmattermost_data_dir : /home/sol/mattermost/volumes\n\nsonarqube_mysql_dir : /home/sol/sonarqube_mysql\nsonarqube_mysql_port: 3305\nsonarqube_port: 9000\n\nmysql_dir : /home/sol/mysql\nmysql_port : 3306",
            "content_base64": null,
            "content_base64sha256": "SZglMnA+t2kr8b9XjQOtK6Keuc9bizODd6vKa+7GnA8=",
            "content_base64sha512": "9VonrJxjGCPMPLgkL2Th0Y+PBHNHNNp/E7RCILC1N1op6i+H1qjmXhbm8VnYS34ov/oFJigehwPulcARJIyHAA==",
            "content_md5": "722969c6bd2602e2dd77f128abafce2e",
            "content_sha1": "d7ea8ed58ae7a2a5cff134d0c28cfedd849ead88",
            "content_sha256": "49982532703eb7692bf1bf578d03ad2ba29eb9cf5b8b338377abca6beec69c0f",
            "content_sha512": "f55a27ac9c631823cc3cb8242f64e1d18f8f04734734da7f13b44220b0b5375a29ea2f87d6a8e65e16e6f159d84b7e28bffa0526281e8703ee95c011248c8700",
            "directory_permission": "0777",
            "file_permission": "0777",
            "filename": "/home/sol/cicd-project/automation/ansible/playbooks/vars-aws-cicd-dev.yaml",
            "id": "d7ea8ed58ae7a2a5cff134d0c28cfedd849ead88",
            "sensitive_content": null,
            "source": null
          },
          "sensitive_attributes": [
            [
              {
                "type": "get_attr",
                "value": "sensitive_content"
              }
            ]
          ],
          "dependencies": [
            "aws_key_pair.sol_loginkey",
            "data.aws_internet_gateway.internet_gateway_info",
            "data.aws_vpc.vpc_info",
            "module.sol_efs.aws_efs_file_system.sol_efs",
            "module.sol_efs_mount_target.aws_efs_mount_target.sol_efs_mount_target",
            "module.sol_eip_for_ec2.aws_eip.sol_eip",
            "module.sol_iam_master_profile.aws_iam_instance_profile.sol_iam_profile",
            "module.sol_iam_master_role.aws_iam_role.sol_iam_role",
            "module.sol_infra_lb_sg.aws_security_group.sol_sg",
            "module.sol_infra_node.aws_instance.sol_ec2",
            "module.sol_infra_sg.aws_security_group.sol_sg",
            "module.sol_internet_gateway.aws_internet_gateway.sol_internet_gateway",
            "module.sol_k8s_lb_sg.aws_security_group.sol_sg",
            "module.sol_lb_infra.aws_lb.sol_lb",
            "module.sol_lb_k8s.aws_lb.sol_lb",
            "module.sol_master_node.aws_instance.sol_ec2",
            "module.sol_master_sg.aws_security_group.sol_sg",
            "module.sol_nas_sg.aws_security_group.sol_sg",
            "module.sol_nat_eip.aws_eip.sol_eip",
            "module.sol_nic_master.aws_network_interface.sol_nic",
            "module.sol_nic_private.aws_network_interface.sol_nic",
            "module.sol_subnet_private.aws_subnet.sol_subnet",
            "module.sol_subnet_public.aws_subnet.sol_subnet",
            "module.sol_vpc.aws_vpc.sol_vpc"
          ]
        }
      ]
    }
  ],
  "check_results": null
}
