{
  "version": 4,
  "terraform_version": "1.10.3",
  "serial": 1,
  "lineage": "a1ad0426-0a84-188d-af72-792d9d0f82f3",
  "outputs": {},
  "resources": [
    {
      "module": "module.sol_vpc[0]",
      "mode": "managed",
      "type": "aws_vpc",
      "name": "sol_vpc",
      "provider": "provider[\"registry.terraform.io/hashicorp/aws\"]",
      "instances": [
        {
          "schema_version": 1,
          "attributes": {
            "arn": "arn:aws:ec2:ap-northeast-2:038462790556:vpc/vpc-0457bccc00f304946",
            "assign_generated_ipv6_cidr_block": false,
            "cidr_block": "10.0.0.0/16",
            "default_network_acl_id": "acl-0833bee77dfaf081a",
            "default_route_table_id": "rtb-08ac1ed17087894dc",
            "default_security_group_id": "sg-0265fedc6b8ddc30a",
            "dhcp_options_id": "dopt-0a03607f9ce8a9f22",
            "enable_dns_hostnames": true,
            "enable_dns_support": true,
            "enable_network_address_usage_metrics": false,
            "id": "vpc-0457bccc00f304946",
            "instance_tenancy": "default",
            "ipv4_ipam_pool_id": null,
            "ipv4_netmask_length": null,
            "ipv6_association_id": "",
            "ipv6_cidr_block": "",
            "ipv6_cidr_block_network_border_group": "",
            "ipv6_ipam_pool_id": "",
            "ipv6_netmask_length": 0,
            "main_route_table_id": "rtb-08ac1ed17087894dc",
            "owner_id": "038462790556",
            "tags": {
              "Name": "cicd"
            },
            "tags_all": {
              "Name": "cicd"
            }
          },
          "sensitive_attributes": [],
          "private": "eyJzY2hlbWFfdmVyc2lvbiI6IjEifQ=="
        }
      ]
    }
  ],
  "check_results": null
}
