{
  "version": 4,
  "terraform_version": "1.10.3",
  "serial": 2494,
  "lineage": "a1ad0426-0a84-188d-af72-792d9d0f82f3",
  "outputs": {
    "kubeconfig": {
      "value": "apiVersion: v1\nclusters:\n- cluster:\n    server: \n    certificate-authority-data: \n  name: kubernetes\ncontexts:\n- context:\n    cluster: kubernetes\n    user: aws\n  name: aws\ncurrent-context: aws\nkind: Config\npreferences: {}\nusers:\n- name: aws\n  user:\n    exec:\n      apiVersion: client.authentication.k8s.io/v1alpha1\n      command: aws-iam-authenticator\n      args:\n        - \"token\"\n        - \"-i\"\n        - \"cicd-dev\"\n      env:\n        - name: AWS_ACCESS_KEY_ID\n          value: \"AKIAQR5EPTOOAFOYWOME\"\n        - name: AWS_SECRET_ACCESS_KEY\n          value: \"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\"\n        - name: AWS_PROFILE\n          value: \"dev\"\n",
      "type": "string"
    }
  },
  "resources": [
    {
      "mode": "data",
      "type": "aws_internet_gateway",
      "name": "internet_gateway_info",
      "provider": "provider[\"registry.terraform.io/hashicorp/aws\"]",
      "instances": [
        {
          "schema_version": 0,
          "attributes": {
            "arn": "arn:aws:ec2:ap-northeast-2:038462790556:internet-gateway/igw-080c5d2ba7e26966d",
            "attachments": [
              {
                "state": "available",
                "vpc_id": "vpc-067dca424825d683f"
              }
            ],
            "filter": [
              {
                "name": "attachment.vpc-id",
                "values": [
                  "vpc-067dca424825d683f"
                ]
              }
            ],
            "id": "igw-080c5d2ba7e26966d",
            "internet_gateway_id": "igw-080c5d2ba7e26966d",
            "owner_id": "038462790556",
            "tags": {
              "Name": "cicd-internet_gw"
            },
            "timeouts": null
          },
          "sensitive_attributes": []
        }
      ]
    },
    {
      "mode": "data",
      "type": "aws_vpc",
      "name": "vpc_info",
      "provider": "provider[\"registry.terraform.io/hashicorp/aws\"]",
      "instances": [
        {
          "schema_version": 0,
          "attributes": {
            "arn": "arn:aws:ec2:ap-northeast-2:038462790556:vpc/vpc-067dca424825d683f",
            "cidr_block": "10.0.0.0/16",
            "cidr_block_associations": [
              {
                "association_id": "vpc-cidr-assoc-0268e9a126044554f",
                "cidr_block": "10.0.0.0/16",
                "state": "associated"
              }
            ],
            "default": false,
            "dhcp_options_id": "dopt-0a03607f9ce8a9f22",
            "enable_dns_hostnames": true,
            "enable_dns_support": true,
            "enable_network_address_usage_metrics": false,
            "filter": null,
            "id": "vpc-067dca424825d683f",
            "instance_tenancy": "default",
            "ipv6_association_id": "",
            "ipv6_cidr_block": "",
            "main_route_table_id": "rtb-0d27e371f442c3080",
            "owner_id": "038462790556",
            "state": null,
            "tags": {
              "Name": "cicd"
            },
            "timeouts": null
          },
          "sensitive_attributes": []
        }
      ]
    },
    {
      "mode": "managed",
      "type": "aws_key_pair",
      "name": "sol_loginkey",
      "provider": "provider[\"registry.terraform.io/hashicorp/aws\"]",
      "instances": [
        {
          "schema_version": 1,
          "attributes": {
            "arn": "arn:aws:ec2:ap-northeast-2:038462790556:key-pair/cicd-dev-key",
            "fingerprint": "32:ba:e9:10:76:3e:49:5d:f3:1e:c5:c4:4a:62:fc:3d",
            "id": "cicd-dev-key",
            "key_name": "cicd-dev-key",
            "key_name_prefix": "",
            "key_pair_id": "key-07853c3979e322a63",
            "key_type": "rsa",
            "public_key": "ssh-rsa AAAAB3NzaC1yc2EAAAADAQABAAABAQDpBLW/4KDuVsSZvReq1QZ9BXAYhhYTo3X7OfKpd7fFBOgJZS9K6cnEHB/jtlaISxWvkHehVruOCeltbZG0eOTUDO+YgXkh6BIDkCxoeW4W1DLewwQ6Y7Q2I4873uFEmERgIr7X9rbbkKnmsSbiA+dHd0LSBzQbXJeCgR7Y5L+cbsATk1itNqN+8EDXAHhqr/iJJ+FNOD0cG0GvO3hGtUAqwMYmYHFpFTXrunDcKIdWcfeRz/rEAoYFSE7duUCStf8R9BP8SLyp+IxZkCM1I3gJ0ERz5ee1CZFnUeRpqashOKBCfI6NE/wlW3jUzjmlVWmATe6wZ6B+nSjsEJ1sd7AB sol@localhost.localdomain",
            "tags": {},
            "tags_all": {}
          },
          "sensitive_attributes": [],
          "private": "eyJzY2hlbWFfdmVyc2lvbiI6IjEifQ=="
        }
      ]
    },
    {
      "module": "module.hosts[0]",
      "mode": "managed",
      "type": "local_file",
      "name": "hosts_manual_cfg",
      "provider": "provider[\"registry.terraform.io/hashicorp/local\"]",
      "instances": [
        {
          "schema_version": 0,
          "attributes": {
            "content": "\n[infra1]\n10.0.2.174\n\n[infra:children]\ninfra1\n\n\n\n[master1]\n10.0.2.29\n\n\n[master:children]\nmaster1\n\n\n\n[gitlab:children]\ninfra1\n[harbor:children]\ninfra1\n[jenkins:children]\ninfra1\n[portal:children]\ninfra1\n[nas:children]\ninfra1\n[nexus:children]\ninfra1\n[kafka:children]\ninfra1\n[ldap:children]\ninfra1\n[mattermost:children]\ninfra1\n[sonarqube:children]\ninfra1\n[mysql:children]\ninfra1\n\n[infra:vars]\nansible_python_interpreter=/usr/bin/python3\nansible_ssh_common_args='-o StrictHostKeyChecking=no -o UserKnownHostsFile=/dev/null -o ProxyCommand=\"ssh -W %h:%p -q sol@15.164.125.191\"'\n\n[master:vars]\nansible_python_interpreter=/usr/bin/python3\nansible_ssh_common_args='-o StrictHostKeyChecking=no -o UserKnownHostsFile=/dev/null -o ProxyCommand=\"ssh -W %h:%p -q sol@15.164.125.191\"'\n\n\n\n\n",
            "content_base64": null,
            "content_base64sha256": "uZ4SEWQ4MmnxLza9T0T1pb2Az9zJXrBZgPJRItLx6sY=",
            "content_base64sha512": "QUL/fGtql35gfmnDCHzyvhoQso+kEHyrPJ/sOz2Z3DSQmsWhDMXQV2LbvXe1WGMyDWgGlQvVhIWwd/omGbr6mg==",
            "content_md5": "d49003d0c9e2af06a1f5c4a7d5f44078",
            "content_sha1": "542ac04385a1f5588f005181fadf69f0bb005dc8",
            "content_sha256": "b99e121164383269f12f36bd4f44f5a5bd80cfdcc95eb05980f25122d2f1eac6",
            "content_sha512": "4142ff7c6b6a977e607e69c3087cf2be1a10b28fa4107cab3c9fec3b3d99dc34909ac5a10cc5d05762dbbd77b55863320d6806950bd58485b077fa2619bafa9a",
            "directory_permission": "0777",
            "file_permission": "0777",
            "filename": "/home/sol/cicd-project/automation/ansible/inventory/hosts_aws_cicd_dev",
            "id": "542ac04385a1f5588f005181fadf69f0bb005dc8",
            "sensitive_content": null,
            "source": null
          },
          "sensitive_attributes": [
            [
              {
                "type": "get_attr",
                "value": "sensitive_content"
              }
            ]
          ],
          "dependencies": [
            "aws_key_pair.sol_loginkey",
            "data.aws_internet_gateway.internet_gateway_info",
            "data.aws_vpc.vpc_info",
            "module.sol_eip_for_ec2.aws_eip.sol_eip",
            "module.sol_iam_master_profile.aws_iam_instance_profile.sol_iam_profile",
            "module.sol_iam_master_role.aws_iam_role.sol_iam_role",
            "module.sol_iam_worker_profile_ec2.aws_iam_instance_profile.sol_iam_profile",
            "module.sol_iam_worker_role_ec2.aws_iam_role.sol_iam_role",
            "module.sol_infra_node.aws_instance.sol_ec2",
            "module.sol_infra_sg.aws_security_group.sol_sg",
            "module.sol_internet_gateway.aws_internet_gateway.sol_internet_gateway",
            "module.sol_master_node.aws_instance.sol_ec2",
            "module.sol_master_sg.aws_security_group.sol_sg",
            "module.sol_nat_eip.aws_eip.sol_eip",
            "module.sol_nic_master.aws_network_interface.sol_nic",
            "module.sol_nic_private.aws_network_interface.sol_nic",
            "module.sol_nic_worker.aws_network_interface.sol_nic",
            "module.sol_subnet_private.aws_subnet.sol_subnet",
            "module.sol_vpc.aws_vpc.sol_vpc",
            "module.sol_worker_ec2_sg.aws_security_group.sol_sg",
            "module.sol_worker_node.aws_instance.sol_ec2"
          ]
        }
      ]
    },
    {
      "module": "module.sol_ami_k8s[0]",
      "mode": "managed",
      "type": "aws_ami_from_instance",
      "name": "sol_k8s_ami",
      "provider": "provider[\"registry.terraform.io/hashicorp/aws\"]",
      "instances": [
        {
          "schema_version": 0,
          "attributes": {
            "architecture": "x86_64",
            "arn": "arn:aws:ec2:ap-northeast-2::image/ami-028300176460f9e2d",
            "boot_mode": "",
            "deprecation_time": "",
            "description": "",
            "ebs_block_device": [
              {
                "delete_on_termination": true,
                "device_name": "/dev/sda1",
                "encrypted": false,
                "iops": 0,
                "outpost_arn": "",
                "snapshot_id": "snap-05b441c2ee6500345",
                "throughput": 0,
                "volume_size": 50,
                "volume_type": "gp2"
              },
              {
                "delete_on_termination": true,
                "device_name": "/dev/sdf",
                "encrypted": false,
                "iops": 0,
                "outpost_arn": "",
                "snapshot_id": "snap-001443b2974d4248a",
                "throughput": 0,
                "volume_size": 10,
                "volume_type": "gp2"
              }
            ],
            "ena_support": true,
            "ephemeral_block_device": [],
            "hypervisor": "xen",
            "id": "ami-028300176460f9e2d",
            "image_location": "038462790556/cicd-dev-k8s-ami",
            "image_owner_alias": "",
            "image_type": "machine",
            "imds_support": "",
            "kernel_id": "",
            "manage_ebs_snapshots": true,
            "name": "cicd-dev-k8s-ami",
            "owner_id": "038462790556",
            "platform": "",
            "platform_details": "Linux/UNIX",
            "public": false,
            "ramdisk_id": "",
            "root_device_name": "/dev/sda1",
            "root_snapshot_id": "snap-05b441c2ee6500345",
            "snapshot_without_reboot": null,
            "source_instance_id": "i-0b3da6653788f67dc",
            "sriov_net_support": "simple",
            "tags": {},
            "tags_all": {},
            "timeouts": null,
            "tpm_support": "",
            "usage_operation": "RunInstances",
            "virtualization_type": "hvm"
          },
          "sensitive_attributes": [],
          "private": "eyJlMmJmYjczMC1lY2FhLTExZTYtOGY4OC0zNDM2M2JjN2M0YzAiOnsiY3JlYXRlIjoyNDAwMDAwMDAwMDAwLCJkZWxldGUiOjU0MDAwMDAwMDAwMDAsInVwZGF0ZSI6MjQwMDAwMDAwMDAwMH19",
          "dependencies": [
            "aws_key_pair.sol_loginkey",
            "data.aws_internet_gateway.internet_gateway_info",
            "data.aws_vpc.vpc_info",
            "module.sol_iam_master_profile.aws_iam_instance_profile.sol_iam_profile",
            "module.sol_iam_master_role.aws_iam_role.sol_iam_role",
            "module.sol_infra_node.aws_instance.sol_ec2",
            "module.sol_infra_sg.aws_security_group.sol_sg",
            "module.sol_internet_gateway.aws_internet_gateway.sol_internet_gateway",
            "module.sol_master_node.aws_instance.sol_ec2",
            "module.sol_master_sg.aws_security_group.sol_sg",
            "module.sol_nat_eip.aws_eip.sol_eip",
            "module.sol_nic_master.aws_network_interface.sol_nic",
            "module.sol_nic_private.aws_network_interface.sol_nic",
            "module.sol_subnet_private.aws_subnet.sol_subnet",
            "module.sol_vpc.aws_vpc.sol_vpc"
          ]
        }
      ]
    },
    {
      "module": "module.sol_bastion_node[0]",
      "mode": "managed",
      "type": "aws_instance",
      "name": "sol_ec2",
      "provider": "provider[\"registry.terraform.io/hashicorp/aws\"]",
      "instances": [
        {
          "schema_version": 1,
          "attributes": {
            "ami": "ami-0a0cd2f78e9ef322a",
            "arn": "arn:aws:ec2:ap-northeast-2:038462790556:instance/i-01f9907eca58555ea",
            "associate_public_ip_address": true,
            "availability_zone": "ap-northeast-2a",
            "capacity_reservation_specification": [
              {
                "capacity_reservation_preference": "open",
                "capacity_reservation_target": []
              }
            ],
            "cpu_core_count": 2,
            "cpu_options": [
              {
                "amd_sev_snp": "",
                "core_count": 2,
                "threads_per_core": 1
              }
            ],
            "cpu_threads_per_core": 1,
            "credit_specification": [
              {
                "cpu_credits": "standard"
              }
            ],
            "disable_api_stop": false,
            "disable_api_termination": false,
            "ebs_block_device": [],
            "ebs_optimized": false,
            "enable_primary_ipv6": null,
            "enclave_options": [
              {
                "enabled": false
              }
            ],
            "ephemeral_block_device": [],
            "get_password_data": false,
            "hibernation": false,
            "host_id": "",
            "host_resource_group_arn": null,
            "iam_instance_profile": "",
            "id": "i-01f9907eca58555ea",
            "instance_initiated_shutdown_behavior": "stop",
            "instance_lifecycle": "",
            "instance_market_options": [],
            "instance_state": "running",
            "instance_type": "t2.medium",
            "ipv6_address_count": 0,
            "ipv6_addresses": [],
            "key_name": "cicd-dev-key",
            "launch_template": [],
            "maintenance_options": [
              {
                "auto_recovery": "default"
              }
            ],
            "metadata_options": [
              {
                "http_endpoint": "enabled",
                "http_protocol_ipv6": "disabled",
                "http_put_response_hop_limit": 1,
                "http_tokens": "optional",
                "instance_metadata_tags": "disabled"
              }
            ],
            "monitoring": false,
            "network_interface": [
              {
                "delete_on_termination": false,
                "device_index": 0,
                "network_card_index": 0,
                "network_interface_id": "eni-0f11281818b1dc0f5"
              }
            ],
            "outpost_arn": "",
            "password_data": "",
            "placement_group": "",
            "placement_partition_number": 0,
            "primary_network_interface_id": "eni-0f11281818b1dc0f5",
            "private_dns": "ip-10-0-1-9.ap-northeast-2.compute.internal",
            "private_dns_name_options": [
              {
                "enable_resource_name_dns_a_record": false,
                "enable_resource_name_dns_aaaa_record": false,
                "hostname_type": "ip-name"
              }
            ],
            "private_ip": "10.0.1.9",
            "public_dns": "ec2-15-164-125-191.ap-northeast-2.compute.amazonaws.com",
            "public_ip": "15.164.125.191",
            "root_block_device": [
              {
                "delete_on_termination": true,
                "device_name": "/dev/sda1",
                "encrypted": false,
                "iops": 100,
                "kms_key_id": "",
                "tags": {},
                "tags_all": {},
                "throughput": 0,
                "volume_id": "vol-0f11f2b6a3ea7e1b7",
                "volume_size": 16,
                "volume_type": "gp2"
              }
            ],
            "secondary_private_ips": [],
            "security_groups": [],
            "source_dest_check": true,
            "spot_instance_request_id": "",
            "subnet_id": "subnet-0a4d4880e0d5e0d85",
            "tags": {
              "Name": "cicd-dev-jumpbox-0"
            },
            "tags_all": {
              "Name": "cicd-dev-jumpbox-0"
            },
            "tenancy": "default",
            "timeouts": null,
            "user_data": "3823cb383bef9552ac686e484963cea81d5101b4",
            "user_data_base64": null,
            "user_data_replace_on_change": false,
            "volume_tags": null,
            "vpc_security_group_ids": [
              "sg-09ed7d9a541fea7be"
            ]
          },
          "sensitive_attributes": [],
          "private": "eyJlMmJmYjczMC1lY2FhLTExZTYtOGY4OC0zNDM2M2JjN2M0YzAiOnsiY3JlYXRlIjo2MDAwMDAwMDAwMDAsImRlbGV0ZSI6MTIwMDAwMDAwMDAwMCwicmVhZCI6OTAwMDAwMDAwMDAwLCJ1cGRhdGUiOjYwMDAwMDAwMDAwMH0sInNjaGVtYV92ZXJzaW9uIjoiMSJ9",
          "dependencies": [
            "aws_key_pair.sol_loginkey",
            "data.aws_vpc.vpc_info",
            "module.sol_jumpbox_sg.aws_security_group.sol_sg",
            "module.sol_nic_public.aws_network_interface.sol_nic",
            "module.sol_subnet_public.aws_subnet.sol_subnet",
            "module.sol_vpc.aws_vpc.sol_vpc"
          ]
        }
      ]
    },
    {
      "module": "module.sol_default_route[0]",
      "mode": "managed",
      "type": "aws_route",
      "name": "sol_default_route",
      "provider": "provider[\"registry.terraform.io/hashicorp/aws\"]",
      "instances": [
        {
          "schema_version": 0,
          "attributes": {
            "carrier_gateway_id": "",
            "core_network_arn": "",
            "destination_cidr_block": "0.0.0.0/0",
            "destination_ipv6_cidr_block": "",
            "destination_prefix_list_id": "",
            "egress_only_gateway_id": "",
            "gateway_id": "igw-080c5d2ba7e26966d",
            "id": "r-rtb-0d27e371f442c30801080289494",
            "instance_id": "",
            "instance_owner_id": "",
            "local_gateway_id": "",
            "nat_gateway_id": "",
            "network_interface_id": "",
            "origin": "CreateRoute",
            "route_table_id": "rtb-0d27e371f442c3080",
            "state": "active",
            "timeouts": null,
            "transit_gateway_id": "",
            "vpc_endpoint_id": "",
            "vpc_peering_connection_id": ""
          },
          "sensitive_attributes": [],
          "private": "eyJlMmJmYjczMC1lY2FhLTExZTYtOGY4OC0zNDM2M2JjN2M0YzAiOnsiY3JlYXRlIjozMDAwMDAwMDAwMDAsImRlbGV0ZSI6MzAwMDAwMDAwMDAwLCJ1cGRhdGUiOjEyMDAwMDAwMDAwMH19",
          "dependencies": [
            "module.sol_internet_gateway.aws_internet_gateway.sol_internet_gateway",
            "module.sol_vpc.aws_vpc.sol_vpc"
          ]
        }
      ]
    },
    {
      "module": "module.sol_default_route_table[0]",
      "mode": "managed",
      "type": "aws_default_route_table",
      "name": "sol_default_route_table",
      "provider": "provider[\"registry.terraform.io/hashicorp/aws\"]",
      "instances": [
        {
          "schema_version": 0,
          "attributes": {
            "arn": "arn:aws:ec2:ap-northeast-2:038462790556:route-table/rtb-0d27e371f442c3080",
            "default_route_table_id": "rtb-0d27e371f442c3080",
            "id": "rtb-0d27e371f442c3080",
            "owner_id": "038462790556",
            "propagating_vgws": [],
            "route": [
              {
                "cidr_block": "0.0.0.0/0",
                "core_network_arn": "",
                "destination_prefix_list_id": "",
                "egress_only_gateway_id": "",
                "gateway_id": "igw-080c5d2ba7e26966d",
                "instance_id": "",
                "ipv6_cidr_block": "",
                "nat_gateway_id": "",
                "network_interface_id": "",
                "transit_gateway_id": "",
                "vpc_endpoint_id": "",
                "vpc_peering_connection_id": ""
              }
            ],
            "tags": {
              "Name": "cicd-main_route_table"
            },
            "tags_all": {
              "Name": "cicd-main_route_table"
            },
            "timeouts": null,
            "vpc_id": "vpc-067dca424825d683f"
          },
          "sensitive_attributes": [],
          "private": "eyJlMmJmYjczMC1lY2FhLTExZTYtOGY4OC0zNDM2M2JjN2M0YzAiOnsiY3JlYXRlIjoxMjAwMDAwMDAwMDAsInVwZGF0ZSI6MTIwMDAwMDAwMDAwfX0=",
          "dependencies": [
            "module.sol_vpc.aws_vpc.sol_vpc"
          ]
        }
      ]
    },
    {
      "module": "module.sol_eip_association_for_ec2[0]",
      "mode": "managed",
      "type": "aws_eip_association",
      "name": "tf_bxcr_eip_association",
      "provider": "provider[\"registry.terraform.io/hashicorp/aws\"]",
      "instances": [
        {
          "schema_version": 0,
          "attributes": {
            "allocation_id": "eipalloc-02d74080afb5910c5",
            "allow_reassociation": null,
            "id": "eipassoc-019b8b8c6545c56e1",
            "instance_id": "i-01f9907eca58555ea",
            "network_interface_id": "eni-0f11281818b1dc0f5",
            "private_ip_address": "10.0.1.9",
            "public_ip": "15.164.125.191"
          },
          "sensitive_attributes": [],
          "private": "bnVsbA==",
          "dependencies": [
            "aws_key_pair.sol_loginkey",
            "data.aws_internet_gateway.internet_gateway_info",
            "data.aws_vpc.vpc_info",
            "module.sol_bastion_node.aws_instance.sol_ec2",
            "module.sol_eip_for_ec2.aws_eip.sol_eip",
            "module.sol_internet_gateway.aws_internet_gateway.sol_internet_gateway",
            "module.sol_jumpbox_sg.aws_security_group.sol_sg",
            "module.sol_nic_public.aws_network_interface.sol_nic",
            "module.sol_subnet_public.aws_subnet.sol_subnet",
            "module.sol_vpc.aws_vpc.sol_vpc"
          ]
        }
      ]
    },
    {
      "module": "module.sol_eip_for_ec2[0]",
      "mode": "managed",
      "type": "aws_eip",
      "name": "sol_eip",
      "provider": "provider[\"registry.terraform.io/hashicorp/aws\"]",
      "instances": [
        {
          "schema_version": 0,
          "attributes": {
            "address": null,
            "allocation_id": "eipalloc-02d74080afb5910c5",
            "arn": "arn:aws:ec2:ap-northeast-2:038462790556:elastic-ip/eipalloc-02d74080afb5910c5",
            "associate_with_private_ip": null,
            "association_id": "eipassoc-019b8b8c6545c56e1",
            "carrier_ip": "",
            "customer_owned_ip": "",
            "customer_owned_ipv4_pool": "",
            "domain": "vpc",
            "id": "eipalloc-02d74080afb5910c5",
            "instance": "i-01f9907eca58555ea",
            "ipam_pool_id": null,
            "network_border_group": "ap-northeast-2",
            "network_interface": "eni-0f11281818b1dc0f5",
            "private_dns": "ip-10-0-1-9.ap-northeast-2.compute.internal",
            "private_ip": "10.0.1.9",
            "ptr_record": "",
            "public_dns": "ec2-15-164-125-191.ap-northeast-2.compute.amazonaws.com",
            "public_ip": "15.164.125.191",
            "public_ipv4_pool": "amazon",
            "tags": {
              "Name": "cicd-dev-ap-northeast-2a-ec2-eip"
            },
            "tags_all": {
              "Name": "cicd-dev-ap-northeast-2a-ec2-eip"
            },
            "timeouts": null,
            "vpc": true
          },
          "sensitive_attributes": [],
          "private": "eyJlMmJmYjczMC1lY2FhLTExZTYtOGY4OC0zNDM2M2JjN2M0YzAiOnsiZGVsZXRlIjoxODAwMDAwMDAwMDAsInJlYWQiOjkwMDAwMDAwMDAwMCwidXBkYXRlIjozMDAwMDAwMDAwMDB9fQ==",
          "dependencies": [
            "data.aws_internet_gateway.internet_gateway_info",
            "data.aws_vpc.vpc_info",
            "module.sol_internet_gateway.aws_internet_gateway.sol_internet_gateway",
            "module.sol_vpc.aws_vpc.sol_vpc"
          ]
        }
      ]
    },
    {
      "module": "module.sol_iam_master_policy[0]",
      "mode": "managed",
      "type": "aws_iam_policy",
      "name": "sol_iam_policy",
      "provider": "provider[\"registry.terraform.io/hashicorp/aws\"]",
      "instances": [
        {
          "schema_version": 0,
          "attributes": {
            "arn": "arn:aws:iam::038462790556:policy/cicd-dev-master_policy",
            "attachment_count": 1,
            "description": "",
            "id": "arn:aws:iam::038462790556:policy/cicd-dev-master_policy",
            "name": "cicd-dev-master_policy",
            "name_prefix": "",
            "path": "/",
            "policy": "{\"Statement\":[{\"Action\":[\"ec2:*\",\"elasticloadbalancing:*\",\"route53:*\",\"ecr:GetAuthorizationToken\",\"ecr:BatchCheckLayerAvailability\",\"ecr:GetDownloadUrlForLayer\",\"ecr:GetRepositoryPolicy\",\"ecr:DescribeRepositories\",\"ecr:ListImages\",\"ecr:BatchGetImage\",\"kms:DescribeKey\",\"kms:Decrypt\",\"kms:GenerateDataKeyWithoutPlaintext\",\"kms:CreateGrant\"],\"Effect\":\"Allow\",\"Resource\":\"*\"}],\"Version\":\"2012-10-17\"}",
            "policy_id": "ANPAQR5EPTOOBAD7BSZZV",
            "tags": {},
            "tags_all": {}
          },
          "sensitive_attributes": [],
          "private": "bnVsbA=="
        }
      ]
    },
    {
      "module": "module.sol_iam_master_policy_attachment[0]",
      "mode": "managed",
      "type": "aws_iam_role_policy_attachment",
      "name": "sol_iam_role_policy_attachment",
      "provider": "provider[\"registry.terraform.io/hashicorp/aws\"]",
      "instances": [
        {
          "schema_version": 0,
          "attributes": {
            "id": "cicd-dev-master_role-20250324003411819600000001",
            "policy_arn": "arn:aws:iam::038462790556:policy/cicd-dev-master_policy",
            "role": "cicd-dev-master_role"
          },
          "sensitive_attributes": [],
          "private": "bnVsbA==",
          "dependencies": [
            "module.sol_iam_master_policy.aws_iam_policy.sol_iam_policy",
            "module.sol_iam_master_role.aws_iam_role.sol_iam_role"
          ]
        }
      ]
    },
    {
      "module": "module.sol_iam_master_profile[0]",
      "mode": "managed",
      "type": "aws_iam_instance_profile",
      "name": "sol_iam_profile",
      "provider": "provider[\"registry.terraform.io/hashicorp/aws\"]",
      "instances": [
        {
          "schema_version": 0,
          "attributes": {
            "arn": "arn:aws:iam::038462790556:instance-profile/cicd-dev-master_profile",
            "create_date": "2025-03-24T00:34:11Z",
            "id": "cicd-dev-master_profile",
            "name": "cicd-dev-master_profile",
            "name_prefix": "",
            "path": "/",
            "role": "cicd-dev-master_role",
            "tags": {},
            "tags_all": {},
            "unique_id": "AIPAQR5EPTOOLX3EN4TLZ"
          },
          "sensitive_attributes": [],
          "private": "bnVsbA==",
          "dependencies": [
            "module.sol_iam_master_role.aws_iam_role.sol_iam_role"
          ]
        }
      ]
    },
    {
      "module": "module.sol_iam_master_role[0]",
      "mode": "managed",
      "type": "aws_iam_role",
      "name": "sol_iam_role",
      "provider": "provider[\"registry.terraform.io/hashicorp/aws\"]",
      "instances": [
        {
          "schema_version": 0,
          "attributes": {
            "arn": "arn:aws:iam::038462790556:role/cicd-dev-master_role",
            "assume_role_policy": "{\"Statement\":[{\"Action\":\"sts:AssumeRole\",\"Effect\":\"Allow\",\"Principal\":{\"Service\":\"ec2.amazonaws.com\"}}],\"Version\":\"2012-10-17\"}",
            "create_date": "2025-03-24T00:34:10Z",
            "description": "",
            "force_detach_policies": false,
            "id": "cicd-dev-master_role",
            "inline_policy": [],
            "managed_policy_arns": [
              "arn:aws:iam::038462790556:policy/cicd-dev-master_policy"
            ],
            "max_session_duration": 3600,
            "name": "cicd-dev-master_role",
            "name_prefix": "",
            "path": "/",
            "permissions_boundary": "",
            "tags": {
              "name": "cicd-dev-master_role"
            },
            "tags_all": {
              "name": "cicd-dev-master_role"
            },
            "unique_id": "AROAQR5EPTOOJQ564Z64E"
          },
          "sensitive_attributes": [],
          "private": "bnVsbA=="
        }
      ]
    },
    {
      "module": "module.sol_iam_worker_policy_asg[0]",
      "mode": "managed",
      "type": "aws_iam_policy",
      "name": "sol_iam_policy",
      "provider": "provider[\"registry.terraform.io/hashicorp/aws\"]",
      "instances": [
        {
          "schema_version": 0,
          "attributes": {
            "arn": "arn:aws:iam::038462790556:policy/cicd-dev-worker_policy-asg",
            "attachment_count": 0,
            "description": "",
            "id": "arn:aws:iam::038462790556:policy/cicd-dev-worker_policy-asg",
            "name": "cicd-dev-worker_policy-asg",
            "name_prefix": "",
            "path": "/",
            "policy": "{\"Statement\":[{\"Action\":[\"ec2:*\",\"elasticloadbalancing:*\",\"ecr:GetAuthorizationToken\",\"ecr:BatchCheckLayerAvailability\",\"ecr:GetDownloadUrlForLayer\",\"ecr:GetRepositoryPolicy\",\"ecr:DescribeRepositories\",\"ecr:ListImages\",\"ecr:BatchGetImage\",\"autoscaling:DescribeAutoScalingGroups\",\"autoscaling:DescribeAutoScalingInstances\",\"autoscaling:DescribeLaunchConfigurations\",\"autoscaling:DescribeTags\",\"autoscaling:SetDesiredCapacity\",\"autoscaling:TerminateInstanceInAutoScalingGroup\"],\"Effect\":\"Allow\",\"Resource\":\"*\"}],\"Version\":\"2012-10-17\"}",
            "policy_id": "ANPAQR5EPTOOHTLLUSY7X",
            "tags": null,
            "tags_all": {}
          },
          "sensitive_attributes": [],
          "private": "bnVsbA=="
        }
      ]
    },
    {
      "module": "module.sol_iam_worker_policy_attachment_asg[0]",
      "mode": "managed",
      "type": "aws_iam_role_policy_attachment",
      "name": "sol_iam_role_policy_attachment",
      "provider": "provider[\"registry.terraform.io/hashicorp/aws\"]",
      "instances": [
        {
          "schema_version": 0,
          "attributes": {
            "id": "cicd-dev-worker_role-asg-20250324011947032300000001",
            "policy_arn": "arn:aws:iam::038462790556:policy/cicd-dev-worker_policy-asg",
            "role": "cicd-dev-worker_role-asg"
          },
          "sensitive_attributes": [],
          "private": "bnVsbA==",
          "dependencies": [
            "module.sol_iam_worker_policy_asg.aws_iam_policy.sol_iam_policy",
            "module.sol_iam_worker_role_asg.aws_iam_role.sol_iam_role"
          ]
        }
      ]
    },
    {
      "module": "module.sol_iam_worker_profile_asg[0]",
      "mode": "managed",
      "type": "aws_iam_instance_profile",
      "name": "sol_iam_profile",
      "provider": "provider[\"registry.terraform.io/hashicorp/aws\"]",
      "instances": [
        {
          "schema_version": 0,
          "attributes": {
            "arn": "arn:aws:iam::038462790556:instance-profile/cicd-dev-worker_profile-asg",
            "create_date": "2025-03-24T01:19:47Z",
            "id": "cicd-dev-worker_profile-asg",
            "name": "cicd-dev-worker_profile-asg",
            "name_prefix": "",
            "path": "/",
            "role": "cicd-dev-worker_role-asg",
            "tags": null,
            "tags_all": {},
            "unique_id": "AIPAQR5EPTOOA5WTRTUWJ"
          },
          "sensitive_attributes": [],
          "private": "bnVsbA==",
          "dependencies": [
            "module.sol_iam_worker_role_asg.aws_iam_role.sol_iam_role"
          ]
        }
      ]
    },
    {
      "module": "module.sol_iam_worker_role_asg[0]",
      "mode": "managed",
      "type": "aws_iam_role",
      "name": "sol_iam_role",
      "provider": "provider[\"registry.terraform.io/hashicorp/aws\"]",
      "instances": [
        {
          "schema_version": 0,
          "attributes": {
            "arn": "arn:aws:iam::038462790556:role/cicd-dev-worker_role-asg",
            "assume_role_policy": "{\"Statement\":[{\"Action\":\"sts:AssumeRole\",\"Effect\":\"Allow\",\"Principal\":{\"Service\":\"ec2.amazonaws.com\"}}],\"Version\":\"2012-10-17\"}",
            "create_date": "2025-03-24T01:19:45Z",
            "description": "",
            "force_detach_policies": false,
            "id": "cicd-dev-worker_role-asg",
            "inline_policy": [],
            "managed_policy_arns": [],
            "max_session_duration": 3600,
            "name": "cicd-dev-worker_role-asg",
            "name_prefix": "",
            "path": "/",
            "permissions_boundary": "",
            "tags": {
              "name": "cicd-dev-worker_role-asg"
            },
            "tags_all": {
              "name": "cicd-dev-worker_role-asg"
            },
            "unique_id": "AROAQR5EPTOOIKB7UJ6UY"
          },
          "sensitive_attributes": [],
          "private": "bnVsbA=="
        }
      ]
    },
    {
      "module": "module.sol_infra_lb_sg[0]",
      "mode": "managed",
      "type": "aws_security_group",
      "name": "sol_sg",
      "provider": "provider[\"registry.terraform.io/hashicorp/aws\"]",
      "instances": [
        {
          "schema_version": 1,
          "attributes": {
            "arn": "arn:aws:ec2:ap-northeast-2:038462790556:security-group/sg-01c8a8f9708f0624b",
            "description": "Security Group For infra lb",
            "egress": [
              {
                "cidr_blocks": [
                  "0.0.0.0/0"
                ],
                "description": "",
                "from_port": 0,
                "ipv6_cidr_blocks": [],
                "prefix_list_ids": [],
                "protocol": "-1",
                "security_groups": [],
                "self": false,
                "to_port": 0
              }
            ],
            "id": "sg-01c8a8f9708f0624b",
            "ingress": [
              {
                "cidr_blocks": [
                  "0.0.0.0/0"
                ],
                "description": "",
                "from_port": 0,
                "ipv6_cidr_blocks": [],
                "prefix_list_ids": [],
                "protocol": "-1",
                "security_groups": [],
                "self": false,
                "to_port": 0
              },
              {
                "cidr_blocks": [
                  "10.0.2.0/24"
                ],
                "description": "",
                "from_port": 0,
                "ipv6_cidr_blocks": [],
                "prefix_list_ids": [],
                "protocol": "-1",
                "security_groups": [],
                "self": false,
                "to_port": 0
              },
              {
                "cidr_blocks": [
                  "220.118.2.248/32"
                ],
                "description": "",
                "from_port": 0,
                "ipv6_cidr_blocks": [],
                "prefix_list_ids": [],
                "protocol": "-1",
                "security_groups": [],
                "self": false,
                "to_port": 0
              }
            ],
            "name": "cicd-dev-infra-lb-sg",
            "name_prefix": "",
            "owner_id": "038462790556",
            "revoke_rules_on_delete": false,
            "tags": {
              "Name": "cicd-dev-infra-lb-sg",
              "kubernetes.io/cluster/cicd/dev": "owned"
            },
            "tags_all": {
              "Name": "cicd-dev-infra-lb-sg",
              "kubernetes.io/cluster/cicd/dev": "owned"
            },
            "timeouts": null,
            "vpc_id": "vpc-067dca424825d683f"
          },
          "sensitive_attributes": [],
          "private": "eyJlMmJmYjczMC1lY2FhLTExZTYtOGY4OC0zNDM2M2JjN2M0YzAiOnsiY3JlYXRlIjo2MDAwMDAwMDAwMDAsImRlbGV0ZSI6OTAwMDAwMDAwMDAwfSwic2NoZW1hX3ZlcnNpb24iOiIxIn0=",
          "dependencies": [
            "data.aws_vpc.vpc_info",
            "module.sol_vpc.aws_vpc.sol_vpc"
          ]
        }
      ]
    },
    {
      "module": "module.sol_infra_node[0]",
      "mode": "managed",
      "type": "aws_instance",
      "name": "sol_ec2",
      "provider": "provider[\"registry.terraform.io/hashicorp/aws\"]",
      "instances": [
        {
          "schema_version": 1,
          "attributes": {
            "ami": "ami-0a0cd2f78e9ef322a",
            "arn": "arn:aws:ec2:ap-northeast-2:038462790556:instance/i-077f683582a0c75a1",
            "associate_public_ip_address": false,
            "availability_zone": "ap-northeast-2a",
            "capacity_reservation_specification": [
              {
                "capacity_reservation_preference": "open",
                "capacity_reservation_target": []
              }
            ],
            "cpu_core_count": 2,
            "cpu_options": [
              {
                "amd_sev_snp": "",
                "core_count": 2,
                "threads_per_core": 2
              }
            ],
            "cpu_threads_per_core": 2,
            "credit_specification": [
              {
                "cpu_credits": "unlimited"
              }
            ],
            "disable_api_stop": false,
            "disable_api_termination": false,
            "ebs_block_device": [
              {
                "delete_on_termination": true,
                "device_name": "/dev/sdf",
                "encrypted": false,
                "iops": 210,
                "kms_key_id": "",
                "snapshot_id": "",
                "tags": {},
                "tags_all": {},
                "throughput": 0,
                "volume_id": "vol-08f737e844bf66b1b",
                "volume_size": 70,
                "volume_type": "gp2"
              }
            ],
            "ebs_optimized": false,
            "enable_primary_ipv6": null,
            "enclave_options": [
              {
                "enabled": false
              }
            ],
            "ephemeral_block_device": [],
            "get_password_data": false,
            "hibernation": false,
            "host_id": "",
            "host_resource_group_arn": null,
            "iam_instance_profile": "",
            "id": "i-077f683582a0c75a1",
            "instance_initiated_shutdown_behavior": "stop",
            "instance_lifecycle": "",
            "instance_market_options": [],
            "instance_state": "running",
            "instance_type": "t3.xlarge",
            "ipv6_address_count": 0,
            "ipv6_addresses": [],
            "key_name": "cicd-dev-key",
            "launch_template": [],
            "maintenance_options": [
              {
                "auto_recovery": "default"
              }
            ],
            "metadata_options": [
              {
                "http_endpoint": "enabled",
                "http_protocol_ipv6": "disabled",
                "http_put_response_hop_limit": 1,
                "http_tokens": "optional",
                "instance_metadata_tags": "disabled"
              }
            ],
            "monitoring": false,
            "network_interface": [
              {
                "delete_on_termination": false,
                "device_index": 0,
                "network_card_index": 0,
                "network_interface_id": "eni-08ec1b9f4868d9d68"
              }
            ],
            "outpost_arn": "",
            "password_data": "",
            "placement_group": "",
            "placement_partition_number": 0,
            "primary_network_interface_id": "eni-08ec1b9f4868d9d68",
            "private_dns": "ip-10-0-2-174.ap-northeast-2.compute.internal",
            "private_dns_name_options": [
              {
                "enable_resource_name_dns_a_record": false,
                "enable_resource_name_dns_aaaa_record": false,
                "hostname_type": "ip-name"
              }
            ],
            "private_ip": "10.0.2.174",
            "public_dns": "",
            "public_ip": "",
            "root_block_device": [
              {
                "delete_on_termination": true,
                "device_name": "/dev/sda1",
                "encrypted": false,
                "iops": 150,
                "kms_key_id": "",
                "tags": {},
                "tags_all": {},
                "throughput": 0,
                "volume_id": "vol-0c039912cd2f3ffc0",
                "volume_size": 50,
                "volume_type": "gp2"
              }
            ],
            "secondary_private_ips": [],
            "security_groups": [],
            "source_dest_check": true,
            "spot_instance_request_id": "",
            "subnet_id": "subnet-0b736d0b1e3f446a8",
            "tags": {
              "Name": "cicd-dev-infra-0"
            },
            "tags_all": {
              "Name": "cicd-dev-infra-0"
            },
            "tenancy": "default",
            "timeouts": null,
            "user_data": "3823cb383bef9552ac686e484963cea81d5101b4",
            "user_data_base64": null,
            "user_data_replace_on_change": false,
            "volume_tags": null,
            "vpc_security_group_ids": [
              "sg-0d7cdab936897d708"
            ]
          },
          "sensitive_attributes": [],
          "private": "eyJlMmJmYjczMC1lY2FhLTExZTYtOGY4OC0zNDM2M2JjN2M0YzAiOnsiY3JlYXRlIjo2MDAwMDAwMDAwMDAsImRlbGV0ZSI6MTIwMDAwMDAwMDAwMCwicmVhZCI6OTAwMDAwMDAwMDAwLCJ1cGRhdGUiOjYwMDAwMDAwMDAwMH0sInNjaGVtYV92ZXJzaW9uIjoiMSJ9",
          "dependencies": [
            "aws_key_pair.sol_loginkey",
            "data.aws_internet_gateway.internet_gateway_info",
            "data.aws_vpc.vpc_info",
            "module.sol_infra_sg.aws_security_group.sol_sg",
            "module.sol_internet_gateway.aws_internet_gateway.sol_internet_gateway",
            "module.sol_nat_eip.aws_eip.sol_eip",
            "module.sol_nic_private.aws_network_interface.sol_nic",
            "module.sol_subnet_private.aws_subnet.sol_subnet",
            "module.sol_vpc.aws_vpc.sol_vpc"
          ]
        }
      ]
    },
    {
      "module": "module.sol_infra_sg[0]",
      "mode": "managed",
      "type": "aws_security_group",
      "name": "sol_sg",
      "provider": "provider[\"registry.terraform.io/hashicorp/aws\"]",
      "instances": [
        {
          "schema_version": 1,
          "attributes": {
            "arn": "arn:aws:ec2:ap-northeast-2:038462790556:security-group/sg-0d7cdab936897d708",
            "description": "Security Group For Infra Node",
            "egress": [
              {
                "cidr_blocks": [
                  "0.0.0.0/0"
                ],
                "description": "",
                "from_port": 0,
                "ipv6_cidr_blocks": [],
                "prefix_list_ids": [],
                "protocol": "-1",
                "security_groups": [],
                "self": false,
                "to_port": 0
              }
            ],
            "id": "sg-0d7cdab936897d708",
            "ingress": [
              {
                "cidr_blocks": [
                  "0.0.0.0/0"
                ],
                "description": "",
                "from_port": 0,
                "ipv6_cidr_blocks": [],
                "prefix_list_ids": [],
                "protocol": "-1",
                "security_groups": [],
                "self": false,
                "to_port": 0
              },
              {
                "cidr_blocks": [
                  "10.0.2.0/24"
                ],
                "description": "",
                "from_port": 0,
                "ipv6_cidr_blocks": [],
                "prefix_list_ids": [],
                "protocol": "-1",
                "security_groups": [],
                "self": false,
                "to_port": 0
              },
              {
                "cidr_blocks": [
                  "220.118.2.248/32"
                ],
                "description": "",
                "from_port": 0,
                "ipv6_cidr_blocks": [],
                "prefix_list_ids": [],
                "protocol": "-1",
                "security_groups": [],
                "self": false,
                "to_port": 0
              },
              {
                "cidr_blocks": [
                  "43.203.48.82/32"
                ],
                "description": "",
                "from_port": 0,
                "ipv6_cidr_blocks": [],
                "prefix_list_ids": [],
                "protocol": "-1",
                "security_groups": [],
                "self": false,
                "to_port": 0
              }
            ],
            "name": "cicd-dev-infra-sg",
            "name_prefix": "",
            "owner_id": "038462790556",
            "revoke_rules_on_delete": false,
            "tags": {
              "Name": "cicd-dev-infra-sg",
              "kubernetes.io/cluster/cicd/dev": "owned"
            },
            "tags_all": {
              "Name": "cicd-dev-infra-sg",
              "kubernetes.io/cluster/cicd/dev": "owned"
            },
            "timeouts": null,
            "vpc_id": "vpc-067dca424825d683f"
          },
          "sensitive_attributes": [],
          "private": "eyJlMmJmYjczMC1lY2FhLTExZTYtOGY4OC0zNDM2M2JjN2M0YzAiOnsiY3JlYXRlIjo2MDAwMDAwMDAwMDAsImRlbGV0ZSI6OTAwMDAwMDAwMDAwfSwic2NoZW1hX3ZlcnNpb24iOiIxIn0=",
          "dependencies": [
            "data.aws_internet_gateway.internet_gateway_info",
            "data.aws_vpc.vpc_info",
            "module.sol_internet_gateway.aws_internet_gateway.sol_internet_gateway",
            "module.sol_nat_eip.aws_eip.sol_eip",
            "module.sol_vpc.aws_vpc.sol_vpc"
          ]
        }
      ]
    },
    {
      "module": "module.sol_internet_gateway[0]",
      "mode": "managed",
      "type": "aws_internet_gateway",
      "name": "sol_internet_gateway",
      "provider": "provider[\"registry.terraform.io/hashicorp/aws\"]",
      "instances": [
        {
          "schema_version": 0,
          "attributes": {
            "arn": "arn:aws:ec2:ap-northeast-2:038462790556:internet-gateway/igw-080c5d2ba7e26966d",
            "id": "igw-080c5d2ba7e26966d",
            "owner_id": "038462790556",
            "tags": {
              "Name": "cicd-internet_gw"
            },
            "tags_all": {
              "Name": "cicd-internet_gw"
            },
            "timeouts": null,
            "vpc_id": "vpc-067dca424825d683f"
          },
          "sensitive_attributes": [],
          "private": "eyJlMmJmYjczMC1lY2FhLTExZTYtOGY4OC0zNDM2M2JjN2M0YzAiOnsiY3JlYXRlIjoxMjAwMDAwMDAwMDAwLCJkZWxldGUiOjEyMDAwMDAwMDAwMDAsInVwZGF0ZSI6MTIwMDAwMDAwMDAwMH19",
          "dependencies": [
            "module.sol_vpc.aws_vpc.sol_vpc"
          ]
        }
      ]
    },
    {
      "module": "module.sol_jumpbox_sg",
      "mode": "managed",
      "type": "aws_security_group",
      "name": "sol_sg",
      "provider": "provider[\"registry.terraform.io/hashicorp/aws\"]",
      "instances": [
        {
          "schema_version": 1,
          "attributes": {
            "arn": "arn:aws:ec2:ap-northeast-2:038462790556:security-group/sg-09ed7d9a541fea7be",
            "description": "Security Group For Jumpbox",
            "egress": [
              {
                "cidr_blocks": [
                  "0.0.0.0/0"
                ],
                "description": "",
                "from_port": 0,
                "ipv6_cidr_blocks": [],
                "prefix_list_ids": [],
                "protocol": "-1",
                "security_groups": [],
                "self": false,
                "to_port": 0
              }
            ],
            "id": "sg-09ed7d9a541fea7be",
            "ingress": [
              {
                "cidr_blocks": [
                  "0.0.0.0/0"
                ],
                "description": "",
                "from_port": 0,
                "ipv6_cidr_blocks": [],
                "prefix_list_ids": [],
                "protocol": "-1",
                "security_groups": [],
                "self": false,
                "to_port": 0
              },
              {
                "cidr_blocks": [
                  "10.0.2.0/24"
                ],
                "description": "",
                "from_port": 0,
                "ipv6_cidr_blocks": [],
                "prefix_list_ids": [],
                "protocol": "-1",
                "security_groups": [],
                "self": false,
                "to_port": 0
              },
              {
                "cidr_blocks": [
                  "220.118.2.248/32"
                ],
                "description": "",
                "from_port": 0,
                "ipv6_cidr_blocks": [],
                "prefix_list_ids": [],
                "protocol": "-1",
                "security_groups": [],
                "self": false,
                "to_port": 0
              }
            ],
            "name": "cicd-dev-jumpbox-sg",
            "name_prefix": "",
            "owner_id": "038462790556",
            "revoke_rules_on_delete": false,
            "tags": {
              "Name": "cicd-dev-jumpbox-sg",
              "kubernetes.io/cluster/cicd/dev": "owned"
            },
            "tags_all": {
              "Name": "cicd-dev-jumpbox-sg",
              "kubernetes.io/cluster/cicd/dev": "owned"
            },
            "timeouts": null,
            "vpc_id": "vpc-067dca424825d683f"
          },
          "sensitive_attributes": [],
          "private": "eyJlMmJmYjczMC1lY2FhLTExZTYtOGY4OC0zNDM2M2JjN2M0YzAiOnsiY3JlYXRlIjo2MDAwMDAwMDAwMDAsImRlbGV0ZSI6OTAwMDAwMDAwMDAwfSwic2NoZW1hX3ZlcnNpb24iOiIxIn0=",
          "dependencies": [
            "data.aws_vpc.vpc_info",
            "module.sol_vpc.aws_vpc.sol_vpc"
          ]
        }
      ]
    },
    {
      "module": "module.sol_k8s_lb_sg[0]",
      "mode": "managed",
      "type": "aws_security_group",
      "name": "sol_sg",
      "provider": "provider[\"registry.terraform.io/hashicorp/aws\"]",
      "instances": [
        {
          "schema_version": 1,
          "attributes": {
            "arn": "arn:aws:ec2:ap-northeast-2:038462790556:security-group/sg-078dcf11ee358c60d",
            "description": "Security Group For k8s lb",
            "egress": [
              {
                "cidr_blocks": [
                  "0.0.0.0/0"
                ],
                "description": "",
                "from_port": 0,
                "ipv6_cidr_blocks": [],
                "prefix_list_ids": [],
                "protocol": "-1",
                "security_groups": [],
                "self": false,
                "to_port": 0
              }
            ],
            "id": "sg-078dcf11ee358c60d",
            "ingress": [
              {
                "cidr_blocks": [
                  "0.0.0.0/0"
                ],
                "description": "",
                "from_port": 0,
                "ipv6_cidr_blocks": [],
                "prefix_list_ids": [],
                "protocol": "-1",
                "security_groups": [],
                "self": false,
                "to_port": 0
              },
              {
                "cidr_blocks": [
                  "10.0.2.0/24"
                ],
                "description": "",
                "from_port": 0,
                "ipv6_cidr_blocks": [],
                "prefix_list_ids": [],
                "protocol": "-1",
                "security_groups": [],
                "self": false,
                "to_port": 0
              },
              {
                "cidr_blocks": [
                  "220.118.2.248/32"
                ],
                "description": "",
                "from_port": 0,
                "ipv6_cidr_blocks": [],
                "prefix_list_ids": [],
                "protocol": "-1",
                "security_groups": [],
                "self": false,
                "to_port": 0
              }
            ],
            "name": "cicd-dev-k8s-lb-sg",
            "name_prefix": "",
            "owner_id": "038462790556",
            "revoke_rules_on_delete": false,
            "tags": {
              "Name": "cicd-dev-k8s-lb-sg",
              "kubernetes.io/cluster/cicd/dev": "owned"
            },
            "tags_all": {
              "Name": "cicd-dev-k8s-lb-sg",
              "kubernetes.io/cluster/cicd/dev": "owned"
            },
            "timeouts": null,
            "vpc_id": "vpc-067dca424825d683f"
          },
          "sensitive_attributes": [],
          "private": "eyJlMmJmYjczMC1lY2FhLTExZTYtOGY4OC0zNDM2M2JjN2M0YzAiOnsiY3JlYXRlIjo2MDAwMDAwMDAwMDAsImRlbGV0ZSI6OTAwMDAwMDAwMDAwfSwic2NoZW1hX3ZlcnNpb24iOiIxIn0=",
          "dependencies": [
            "data.aws_vpc.vpc_info",
            "module.sol_vpc.aws_vpc.sol_vpc"
          ]
        }
      ]
    },
    {
      "module": "module.sol_lb_infra[0]",
      "mode": "managed",
      "type": "aws_lb",
      "name": "sol_lb",
      "provider": "provider[\"registry.terraform.io/hashicorp/aws\"]",
      "instances": [
        {
          "schema_version": 0,
          "attributes": {
            "access_logs": [
              {
                "bucket": "",
                "enabled": false,
                "prefix": ""
              }
            ],
            "arn": "arn:aws:elasticloadbalancing:ap-northeast-2:038462790556:loadbalancer/net/cicd-dev-infra-lb/1e41b79bb01d27f1",
            "arn_suffix": "net/cicd-dev-infra-lb/1e41b79bb01d27f1",
            "client_keep_alive": null,
            "connection_logs": [],
            "customer_owned_ipv4_pool": "",
            "desync_mitigation_mode": null,
            "dns_name": "cicd-dev-infra-lb-1e41b79bb01d27f1.elb.ap-northeast-2.amazonaws.com",
            "dns_record_client_routing_policy": "any_availability_zone",
            "drop_invalid_header_fields": null,
            "enable_cross_zone_load_balancing": false,
            "enable_deletion_protection": false,
            "enable_http2": null,
            "enable_tls_version_and_cipher_suite_headers": null,
            "enable_waf_fail_open": null,
            "enable_xff_client_port": null,
            "enable_zonal_shift": false,
            "enforce_security_group_inbound_rules_on_private_link_traffic": "",
            "id": "arn:aws:elasticloadbalancing:ap-northeast-2:038462790556:loadbalancer/net/cicd-dev-infra-lb/1e41b79bb01d27f1",
            "idle_timeout": null,
            "internal": false,
            "ip_address_type": "ipv4",
            "load_balancer_type": "network",
            "name": "cicd-dev-infra-lb",
            "name_prefix": "",
            "preserve_host_header": null,
            "security_groups": [
              "sg-01c8a8f9708f0624b"
            ],
            "subnet_mapping": [
              {
                "allocation_id": "",
                "ipv6_address": "",
                "outpost_id": "",
                "private_ipv4_address": "",
                "subnet_id": "subnet-0a4d4880e0d5e0d85"
              }
            ],
            "subnets": [
              "subnet-0a4d4880e0d5e0d85"
            ],
            "tags": {
              "Name": "cicd-dev-infra-lb",
              "kubernetes.io/cluster/cicd/dev": "owned"
            },
            "tags_all": {
              "Name": "cicd-dev-infra-lb",
              "kubernetes.io/cluster/cicd/dev": "owned"
            },
            "timeouts": null,
            "vpc_id": "vpc-067dca424825d683f",
            "xff_header_processing_mode": null,
            "zone_id": "ZIBE1TIR4HY56"
          },
          "sensitive_attributes": [],
          "private": "eyJlMmJmYjczMC1lY2FhLTExZTYtOGY4OC0zNDM2M2JjN2M0YzAiOnsiY3JlYXRlIjo2MDAwMDAwMDAwMDAsImRlbGV0ZSI6NjAwMDAwMDAwMDAwLCJ1cGRhdGUiOjYwMDAwMDAwMDAwMH19",
          "dependencies": [
            "data.aws_vpc.vpc_info",
            "module.sol_infra_lb_sg.aws_security_group.sol_sg",
            "module.sol_subnet_public.aws_subnet.sol_subnet",
            "module.sol_vpc.aws_vpc.sol_vpc"
          ]
        }
      ]
    },
    {
      "module": "module.sol_lb_infra_target_group[0]",
      "mode": "managed",
      "type": "aws_lb_target_group",
      "name": "sol_target_group",
      "provider": "provider[\"registry.terraform.io/hashicorp/aws\"]",
      "instances": [
        {
          "schema_version": 0,
          "attributes": {
            "arn": "arn:aws:elasticloadbalancing:ap-northeast-2:038462790556:targetgroup/cicd-dev-infra-tg-harbor/c77bcdca1164c1fd",
            "arn_suffix": "targetgroup/cicd-dev-infra-tg-harbor/c77bcdca1164c1fd",
            "connection_termination": false,
            "deregistration_delay": "300",
            "health_check": [
              {
                "enabled": true,
                "healthy_threshold": 2,
                "interval": 30,
                "matcher": "",
                "path": "",
                "port": "5443",
                "protocol": "TCP",
                "timeout": 10,
                "unhealthy_threshold": 2
              }
            ],
            "id": "arn:aws:elasticloadbalancing:ap-northeast-2:038462790556:targetgroup/cicd-dev-infra-tg-harbor/c77bcdca1164c1fd",
            "ip_address_type": "ipv4",
            "lambda_multi_value_headers_enabled": false,
            "load_balancer_arns": [
              "arn:aws:elasticloadbalancing:ap-northeast-2:038462790556:loadbalancer/net/cicd-dev-infra-lb/1e41b79bb01d27f1"
            ],
            "load_balancing_algorithm_type": null,
            "load_balancing_anomaly_mitigation": null,
            "load_balancing_cross_zone_enabled": "false",
            "name": "cicd-dev-infra-tg-harbor",
            "name_prefix": "",
            "port": 5443,
            "preserve_client_ip": "true",
            "protocol": "TCP",
            "protocol_version": null,
            "proxy_protocol_v2": false,
            "slow_start": 0,
            "stickiness": [
              {
                "cookie_duration": 0,
                "cookie_name": "",
                "enabled": false,
                "type": "source_ip"
              }
            ],
            "tags": {
              "Name": "cicd-dev-infra-tg-harbor"
            },
            "tags_all": {
              "Name": "cicd-dev-infra-tg-harbor"
            },
            "target_failover": [
              {
                "on_deregistration": null,
                "on_unhealthy": null
              }
            ],
            "target_group_health": [
              {
                "dns_failover": [
                  {
                    "minimum_healthy_targets_count": "1",
                    "minimum_healthy_targets_percentage": "off"
                  }
                ],
                "unhealthy_state_routing": [
                  {
                    "minimum_healthy_targets_count": 1,
                    "minimum_healthy_targets_percentage": "off"
                  }
                ]
              }
            ],
            "target_health_state": [
              {
                "enable_unhealthy_connection_termination": true,
                "unhealthy_draining_interval": 0
              }
            ],
            "target_type": "instance",
            "vpc_id": "vpc-067dca424825d683f"
          },
          "sensitive_attributes": [],
          "private": "bnVsbA==",
          "dependencies": [
            "data.aws_vpc.vpc_info",
            "module.sol_vpc.aws_vpc.sol_vpc"
          ]
        }
      ]
    },
    {
      "module": "module.sol_lb_infra_target_group[1]",
      "mode": "managed",
      "type": "aws_lb_target_group",
      "name": "sol_target_group",
      "provider": "provider[\"registry.terraform.io/hashicorp/aws\"]",
      "instances": [
        {
          "schema_version": 0,
          "attributes": {
            "arn": "arn:aws:elasticloadbalancing:ap-northeast-2:038462790556:targetgroup/cicd-dev-infra-tg-gitlab/d97221aa95fbc70e",
            "arn_suffix": "targetgroup/cicd-dev-infra-tg-gitlab/d97221aa95fbc70e",
            "connection_termination": false,
            "deregistration_delay": "300",
            "health_check": [
              {
                "enabled": true,
                "healthy_threshold": 2,
                "interval": 30,
                "matcher": "",
                "path": "",
                "port": "8443",
                "protocol": "TCP",
                "timeout": 10,
                "unhealthy_threshold": 2
              }
            ],
            "id": "arn:aws:elasticloadbalancing:ap-northeast-2:038462790556:targetgroup/cicd-dev-infra-tg-gitlab/d97221aa95fbc70e",
            "ip_address_type": "ipv4",
            "lambda_multi_value_headers_enabled": false,
            "load_balancer_arns": [
              "arn:aws:elasticloadbalancing:ap-northeast-2:038462790556:loadbalancer/net/cicd-dev-infra-lb/1e41b79bb01d27f1"
            ],
            "load_balancing_algorithm_type": null,
            "load_balancing_anomaly_mitigation": null,
            "load_balancing_cross_zone_enabled": "false",
            "name": "cicd-dev-infra-tg-gitlab",
            "name_prefix": "",
            "port": 8443,
            "preserve_client_ip": "true",
            "protocol": "TCP",
            "protocol_version": null,
            "proxy_protocol_v2": false,
            "slow_start": 0,
            "stickiness": [
              {
                "cookie_duration": 0,
                "cookie_name": "",
                "enabled": false,
                "type": "source_ip"
              }
            ],
            "tags": {
              "Name": "cicd-dev-infra-tg-gitlab"
            },
            "tags_all": {
              "Name": "cicd-dev-infra-tg-gitlab"
            },
            "target_failover": [
              {
                "on_deregistration": null,
                "on_unhealthy": null
              }
            ],
            "target_group_health": [
              {
                "dns_failover": [
                  {
                    "minimum_healthy_targets_count": "1",
                    "minimum_healthy_targets_percentage": "off"
                  }
                ],
                "unhealthy_state_routing": [
                  {
                    "minimum_healthy_targets_count": 1,
                    "minimum_healthy_targets_percentage": "off"
                  }
                ]
              }
            ],
            "target_health_state": [
              {
                "enable_unhealthy_connection_termination": true,
                "unhealthy_draining_interval": 0
              }
            ],
            "target_type": "instance",
            "vpc_id": "vpc-067dca424825d683f"
          },
          "sensitive_attributes": [],
          "private": "bnVsbA==",
          "dependencies": [
            "data.aws_vpc.vpc_info",
            "module.sol_vpc.aws_vpc.sol_vpc"
          ]
        }
      ]
    },
    {
      "module": "module.sol_lb_infra_target_group[2]",
      "mode": "managed",
      "type": "aws_lb_target_group",
      "name": "sol_target_group",
      "provider": "provider[\"registry.terraform.io/hashicorp/aws\"]",
      "instances": [
        {
          "schema_version": 0,
          "attributes": {
            "arn": "arn:aws:elasticloadbalancing:ap-northeast-2:038462790556:targetgroup/cicd-dev-infra-tg-nexus/fb6442e3a03bb766",
            "arn_suffix": "targetgroup/cicd-dev-infra-tg-nexus/fb6442e3a03bb766",
            "connection_termination": false,
            "deregistration_delay": "300",
            "health_check": [
              {
                "enabled": true,
                "healthy_threshold": 2,
                "interval": 30,
                "matcher": "",
                "path": "",
                "port": "8081",
                "protocol": "TCP",
                "timeout": 10,
                "unhealthy_threshold": 2
              }
            ],
            "id": "arn:aws:elasticloadbalancing:ap-northeast-2:038462790556:targetgroup/cicd-dev-infra-tg-nexus/fb6442e3a03bb766",
            "ip_address_type": "ipv4",
            "lambda_multi_value_headers_enabled": false,
            "load_balancer_arns": [
              "arn:aws:elasticloadbalancing:ap-northeast-2:038462790556:loadbalancer/net/cicd-dev-infra-lb/1e41b79bb01d27f1"
            ],
            "load_balancing_algorithm_type": null,
            "load_balancing_anomaly_mitigation": null,
            "load_balancing_cross_zone_enabled": "false",
            "name": "cicd-dev-infra-tg-nexus",
            "name_prefix": "",
            "port": 8081,
            "preserve_client_ip": "true",
            "protocol": "TCP",
            "protocol_version": null,
            "proxy_protocol_v2": false,
            "slow_start": 0,
            "stickiness": [
              {
                "cookie_duration": 0,
                "cookie_name": "",
                "enabled": false,
                "type": "source_ip"
              }
            ],
            "tags": {
              "Name": "cicd-dev-infra-tg-nexus"
            },
            "tags_all": {
              "Name": "cicd-dev-infra-tg-nexus"
            },
            "target_failover": [
              {
                "on_deregistration": null,
                "on_unhealthy": null
              }
            ],
            "target_group_health": [
              {
                "dns_failover": [
                  {
                    "minimum_healthy_targets_count": "1",
                    "minimum_healthy_targets_percentage": "off"
                  }
                ],
                "unhealthy_state_routing": [
                  {
                    "minimum_healthy_targets_count": 1,
                    "minimum_healthy_targets_percentage": "off"
                  }
                ]
              }
            ],
            "target_health_state": [
              {
                "enable_unhealthy_connection_termination": true,
                "unhealthy_draining_interval": 0
              }
            ],
            "target_type": "instance",
            "vpc_id": "vpc-067dca424825d683f"
          },
          "sensitive_attributes": [],
          "private": "bnVsbA==",
          "dependencies": [
            "data.aws_vpc.vpc_info",
            "module.sol_vpc.aws_vpc.sol_vpc"
          ]
        }
      ]
    },
    {
      "module": "module.sol_lb_infra_target_group[3]",
      "mode": "managed",
      "type": "aws_lb_target_group",
      "name": "sol_target_group",
      "provider": "provider[\"registry.terraform.io/hashicorp/aws\"]",
      "instances": [
        {
          "schema_version": 0,
          "attributes": {
            "arn": "arn:aws:elasticloadbalancing:ap-northeast-2:038462790556:targetgroup/cicd-dev-infra-tg-jenkins/12acdb5c6d303419",
            "arn_suffix": "targetgroup/cicd-dev-infra-tg-jenkins/12acdb5c6d303419",
            "connection_termination": false,
            "deregistration_delay": "300",
            "health_check": [
              {
                "enabled": true,
                "healthy_threshold": 2,
                "interval": 30,
                "matcher": "",
                "path": "",
                "port": "8080",
                "protocol": "TCP",
                "timeout": 10,
                "unhealthy_threshold": 2
              }
            ],
            "id": "arn:aws:elasticloadbalancing:ap-northeast-2:038462790556:targetgroup/cicd-dev-infra-tg-jenkins/12acdb5c6d303419",
            "ip_address_type": "ipv4",
            "lambda_multi_value_headers_enabled": false,
            "load_balancer_arns": [
              "arn:aws:elasticloadbalancing:ap-northeast-2:038462790556:loadbalancer/net/cicd-dev-infra-lb/1e41b79bb01d27f1"
            ],
            "load_balancing_algorithm_type": null,
            "load_balancing_anomaly_mitigation": null,
            "load_balancing_cross_zone_enabled": "false",
            "name": "cicd-dev-infra-tg-jenkins",
            "name_prefix": "",
            "port": 8080,
            "preserve_client_ip": "true",
            "protocol": "TCP",
            "protocol_version": null,
            "proxy_protocol_v2": false,
            "slow_start": 0,
            "stickiness": [
              {
                "cookie_duration": 0,
                "cookie_name": "",
                "enabled": false,
                "type": "source_ip"
              }
            ],
            "tags": {
              "Name": "cicd-dev-infra-tg-jenkins"
            },
            "tags_all": {
              "Name": "cicd-dev-infra-tg-jenkins"
            },
            "target_failover": [
              {
                "on_deregistration": null,
                "on_unhealthy": null
              }
            ],
            "target_group_health": [
              {
                "dns_failover": [
                  {
                    "minimum_healthy_targets_count": "1",
                    "minimum_healthy_targets_percentage": "off"
                  }
                ],
                "unhealthy_state_routing": [
                  {
                    "minimum_healthy_targets_count": 1,
                    "minimum_healthy_targets_percentage": "off"
                  }
                ]
              }
            ],
            "target_health_state": [
              {
                "enable_unhealthy_connection_termination": true,
                "unhealthy_draining_interval": 0
              }
            ],
            "target_type": "instance",
            "vpc_id": "vpc-067dca424825d683f"
          },
          "sensitive_attributes": [],
          "private": "bnVsbA==",
          "dependencies": [
            "data.aws_vpc.vpc_info",
            "module.sol_vpc.aws_vpc.sol_vpc"
          ]
        }
      ]
    },
    {
      "module": "module.sol_lb_infra_target_group[4]",
      "mode": "managed",
      "type": "aws_lb_target_group",
      "name": "sol_target_group",
      "provider": "provider[\"registry.terraform.io/hashicorp/aws\"]",
      "instances": [
        {
          "schema_version": 0,
          "attributes": {
            "arn": "arn:aws:elasticloadbalancing:ap-northeast-2:038462790556:targetgroup/cicd-dev-infra-tg-mysql/4c80d7f0a9def7f7",
            "arn_suffix": "targetgroup/cicd-dev-infra-tg-mysql/4c80d7f0a9def7f7",
            "connection_termination": false,
            "deregistration_delay": "300",
            "health_check": [
              {
                "enabled": true,
                "healthy_threshold": 2,
                "interval": 30,
                "matcher": "",
                "path": "",
                "port": "9000",
                "protocol": "TCP",
                "timeout": 10,
                "unhealthy_threshold": 2
              }
            ],
            "id": "arn:aws:elasticloadbalancing:ap-northeast-2:038462790556:targetgroup/cicd-dev-infra-tg-mysql/4c80d7f0a9def7f7",
            "ip_address_type": "ipv4",
            "lambda_multi_value_headers_enabled": false,
            "load_balancer_arns": [
              "arn:aws:elasticloadbalancing:ap-northeast-2:038462790556:loadbalancer/net/cicd-dev-infra-lb/1e41b79bb01d27f1"
            ],
            "load_balancing_algorithm_type": null,
            "load_balancing_anomaly_mitigation": null,
            "load_balancing_cross_zone_enabled": "false",
            "name": "cicd-dev-infra-tg-mysql",
            "name_prefix": "",
            "port": 9000,
            "preserve_client_ip": "true",
            "protocol": "TCP",
            "protocol_version": null,
            "proxy_protocol_v2": false,
            "slow_start": 0,
            "stickiness": [
              {
                "cookie_duration": 0,
                "cookie_name": "",
                "enabled": false,
                "type": "source_ip"
              }
            ],
            "tags": {
              "Name": "cicd-dev-infra-tg-mysql"
            },
            "tags_all": {
              "Name": "cicd-dev-infra-tg-mysql"
            },
            "target_failover": [
              {
                "on_deregistration": null,
                "on_unhealthy": null
              }
            ],
            "target_group_health": [
              {
                "dns_failover": [
                  {
                    "minimum_healthy_targets_count": "1",
                    "minimum_healthy_targets_percentage": "off"
                  }
                ],
                "unhealthy_state_routing": [
                  {
                    "minimum_healthy_targets_count": 1,
                    "minimum_healthy_targets_percentage": "off"
                  }
                ]
              }
            ],
            "target_health_state": [
              {
                "enable_unhealthy_connection_termination": true,
                "unhealthy_draining_interval": 0
              }
            ],
            "target_type": "instance",
            "vpc_id": "vpc-067dca424825d683f"
          },
          "sensitive_attributes": [],
          "private": "bnVsbA==",
          "dependencies": [
            "data.aws_vpc.vpc_info",
            "module.sol_vpc.aws_vpc.sol_vpc"
          ]
        }
      ]
    },
    {
      "module": "module.sol_lb_infra_target_group[5]",
      "mode": "managed",
      "type": "aws_lb_target_group",
      "name": "sol_target_group",
      "provider": "provider[\"registry.terraform.io/hashicorp/aws\"]",
      "instances": [
        {
          "schema_version": 0,
          "attributes": {
            "arn": "arn:aws:elasticloadbalancing:ap-northeast-2:038462790556:targetgroup/cicd-dev-infra-tg-mattermost/40461ceb1d756282",
            "arn_suffix": "targetgroup/cicd-dev-infra-tg-mattermost/40461ceb1d756282",
            "connection_termination": false,
            "deregistration_delay": "300",
            "health_check": [
              {
                "enabled": true,
                "healthy_threshold": 2,
                "interval": 30,
                "matcher": "",
                "path": "",
                "port": "8085",
                "protocol": "TCP",
                "timeout": 10,
                "unhealthy_threshold": 2
              }
            ],
            "id": "arn:aws:elasticloadbalancing:ap-northeast-2:038462790556:targetgroup/cicd-dev-infra-tg-mattermost/40461ceb1d756282",
            "ip_address_type": "ipv4",
            "lambda_multi_value_headers_enabled": false,
            "load_balancer_arns": [
              "arn:aws:elasticloadbalancing:ap-northeast-2:038462790556:loadbalancer/net/cicd-dev-infra-lb/1e41b79bb01d27f1"
            ],
            "load_balancing_algorithm_type": null,
            "load_balancing_anomaly_mitigation": null,
            "load_balancing_cross_zone_enabled": "false",
            "name": "cicd-dev-infra-tg-mattermost",
            "name_prefix": "",
            "port": 8085,
            "preserve_client_ip": "true",
            "protocol": "TCP",
            "protocol_version": null,
            "proxy_protocol_v2": false,
            "slow_start": 0,
            "stickiness": [
              {
                "cookie_duration": 0,
                "cookie_name": "",
                "enabled": false,
                "type": "source_ip"
              }
            ],
            "tags": {
              "Name": "cicd-dev-infra-tg-mattermost"
            },
            "tags_all": {
              "Name": "cicd-dev-infra-tg-mattermost"
            },
            "target_failover": [
              {
                "on_deregistration": null,
                "on_unhealthy": null
              }
            ],
            "target_group_health": [
              {
                "dns_failover": [
                  {
                    "minimum_healthy_targets_count": "1",
                    "minimum_healthy_targets_percentage": "off"
                  }
                ],
                "unhealthy_state_routing": [
                  {
                    "minimum_healthy_targets_count": 1,
                    "minimum_healthy_targets_percentage": "off"
                  }
                ]
              }
            ],
            "target_health_state": [
              {
                "enable_unhealthy_connection_termination": true,
                "unhealthy_draining_interval": 0
              }
            ],
            "target_type": "instance",
            "vpc_id": "vpc-067dca424825d683f"
          },
          "sensitive_attributes": [],
          "private": "bnVsbA==",
          "dependencies": [
            "data.aws_vpc.vpc_info",
            "module.sol_vpc.aws_vpc.sol_vpc"
          ]
        }
      ]
    },
    {
      "module": "module.sol_lb_infra_target_group_attachment_infra1[0]",
      "mode": "managed",
      "type": "aws_lb_target_group_attachment",
      "name": "sol_target_group_attachment",
      "provider": "provider[\"registry.terraform.io/hashicorp/aws\"]",
      "instances": [
        {
          "schema_version": 0,
          "attributes": {
            "availability_zone": null,
            "id": "arn:aws:elasticloadbalancing:ap-northeast-2:038462790556:targetgroup/cicd-dev-infra-tg-harbor/c77bcdca1164c1fd-20250324004100229500000006",
            "port": null,
            "target_group_arn": "arn:aws:elasticloadbalancing:ap-northeast-2:038462790556:targetgroup/cicd-dev-infra-tg-harbor/c77bcdca1164c1fd",
            "target_id": "i-077f683582a0c75a1"
          },
          "sensitive_attributes": [],
          "private": "bnVsbA==",
          "dependencies": [
            "aws_key_pair.sol_loginkey",
            "data.aws_internet_gateway.internet_gateway_info",
            "data.aws_vpc.vpc_info",
            "module.sol_infra_node.aws_instance.sol_ec2",
            "module.sol_infra_sg.aws_security_group.sol_sg",
            "module.sol_internet_gateway.aws_internet_gateway.sol_internet_gateway",
            "module.sol_lb_infra_target_group.aws_lb_target_group.sol_target_group",
            "module.sol_nat_eip.aws_eip.sol_eip",
            "module.sol_nic_private.aws_network_interface.sol_nic",
            "module.sol_subnet_private.aws_subnet.sol_subnet",
            "module.sol_vpc.aws_vpc.sol_vpc"
          ]
        }
      ]
    },
    {
      "module": "module.sol_lb_infra_target_group_attachment_infra1[1]",
      "mode": "managed",
      "type": "aws_lb_target_group_attachment",
      "name": "sol_target_group_attachment",
      "provider": "provider[\"registry.terraform.io/hashicorp/aws\"]",
      "instances": [
        {
          "schema_version": 0,
          "attributes": {
            "availability_zone": null,
            "id": "arn:aws:elasticloadbalancing:ap-northeast-2:038462790556:targetgroup/cicd-dev-infra-tg-gitlab/d97221aa95fbc70e-20250324004100475400000009",
            "port": null,
            "target_group_arn": "arn:aws:elasticloadbalancing:ap-northeast-2:038462790556:targetgroup/cicd-dev-infra-tg-gitlab/d97221aa95fbc70e",
            "target_id": "i-077f683582a0c75a1"
          },
          "sensitive_attributes": [],
          "private": "bnVsbA==",
          "dependencies": [
            "aws_key_pair.sol_loginkey",
            "data.aws_internet_gateway.internet_gateway_info",
            "data.aws_vpc.vpc_info",
            "module.sol_infra_node.aws_instance.sol_ec2",
            "module.sol_infra_sg.aws_security_group.sol_sg",
            "module.sol_internet_gateway.aws_internet_gateway.sol_internet_gateway",
            "module.sol_lb_infra_target_group.aws_lb_target_group.sol_target_group",
            "module.sol_nat_eip.aws_eip.sol_eip",
            "module.sol_nic_private.aws_network_interface.sol_nic",
            "module.sol_subnet_private.aws_subnet.sol_subnet",
            "module.sol_vpc.aws_vpc.sol_vpc"
          ]
        }
      ]
    },
    {
      "module": "module.sol_lb_infra_target_group_attachment_infra1[2]",
      "mode": "managed",
      "type": "aws_lb_target_group_attachment",
      "name": "sol_target_group_attachment",
      "provider": "provider[\"registry.terraform.io/hashicorp/aws\"]",
      "instances": [
        {
          "schema_version": 0,
          "attributes": {
            "availability_zone": null,
            "id": "arn:aws:elasticloadbalancing:ap-northeast-2:038462790556:targetgroup/cicd-dev-infra-tg-nexus/fb6442e3a03bb766-20250324004100389300000008",
            "port": null,
            "target_group_arn": "arn:aws:elasticloadbalancing:ap-northeast-2:038462790556:targetgroup/cicd-dev-infra-tg-nexus/fb6442e3a03bb766",
            "target_id": "i-077f683582a0c75a1"
          },
          "sensitive_attributes": [],
          "private": "bnVsbA==",
          "dependencies": [
            "aws_key_pair.sol_loginkey",
            "data.aws_internet_gateway.internet_gateway_info",
            "data.aws_vpc.vpc_info",
            "module.sol_infra_node.aws_instance.sol_ec2",
            "module.sol_infra_sg.aws_security_group.sol_sg",
            "module.sol_internet_gateway.aws_internet_gateway.sol_internet_gateway",
            "module.sol_lb_infra_target_group.aws_lb_target_group.sol_target_group",
            "module.sol_nat_eip.aws_eip.sol_eip",
            "module.sol_nic_private.aws_network_interface.sol_nic",
            "module.sol_subnet_private.aws_subnet.sol_subnet",
            "module.sol_vpc.aws_vpc.sol_vpc"
          ]
        }
      ]
    },
    {
      "module": "module.sol_lb_infra_target_group_attachment_infra1[3]",
      "mode": "managed",
      "type": "aws_lb_target_group_attachment",
      "name": "sol_target_group_attachment",
      "provider": "provider[\"registry.terraform.io/hashicorp/aws\"]",
      "instances": [
        {
          "schema_version": 0,
          "attributes": {
            "availability_zone": null,
            "id": "arn:aws:elasticloadbalancing:ap-northeast-2:038462790556:targetgroup/cicd-dev-infra-tg-jenkins/12acdb5c6d303419-20250324004100179400000005",
            "port": null,
            "target_group_arn": "arn:aws:elasticloadbalancing:ap-northeast-2:038462790556:targetgroup/cicd-dev-infra-tg-jenkins/12acdb5c6d303419",
            "target_id": "i-077f683582a0c75a1"
          },
          "sensitive_attributes": [],
          "private": "bnVsbA==",
          "dependencies": [
            "aws_key_pair.sol_loginkey",
            "data.aws_internet_gateway.internet_gateway_info",
            "data.aws_vpc.vpc_info",
            "module.sol_infra_node.aws_instance.sol_ec2",
            "module.sol_infra_sg.aws_security_group.sol_sg",
            "module.sol_internet_gateway.aws_internet_gateway.sol_internet_gateway",
            "module.sol_lb_infra_target_group.aws_lb_target_group.sol_target_group",
            "module.sol_nat_eip.aws_eip.sol_eip",
            "module.sol_nic_private.aws_network_interface.sol_nic",
            "module.sol_subnet_private.aws_subnet.sol_subnet",
            "module.sol_vpc.aws_vpc.sol_vpc"
          ]
        }
      ]
    },
    {
      "module": "module.sol_lb_infra_target_group_attachment_infra1[4]",
      "mode": "managed",
      "type": "aws_lb_target_group_attachment",
      "name": "sol_target_group_attachment",
      "provider": "provider[\"registry.terraform.io/hashicorp/aws\"]",
      "instances": [
        {
          "schema_version": 0,
          "attributes": {
            "availability_zone": null,
            "id": "arn:aws:elasticloadbalancing:ap-northeast-2:038462790556:targetgroup/cicd-dev-infra-tg-mysql/4c80d7f0a9def7f7-20250324004100268600000007",
            "port": null,
            "target_group_arn": "arn:aws:elasticloadbalancing:ap-northeast-2:038462790556:targetgroup/cicd-dev-infra-tg-mysql/4c80d7f0a9def7f7",
            "target_id": "i-077f683582a0c75a1"
          },
          "sensitive_attributes": [],
          "private": "bnVsbA==",
          "dependencies": [
            "aws_key_pair.sol_loginkey",
            "data.aws_internet_gateway.internet_gateway_info",
            "data.aws_vpc.vpc_info",
            "module.sol_infra_node.aws_instance.sol_ec2",
            "module.sol_infra_sg.aws_security_group.sol_sg",
            "module.sol_internet_gateway.aws_internet_gateway.sol_internet_gateway",
            "module.sol_lb_infra_target_group.aws_lb_target_group.sol_target_group",
            "module.sol_nat_eip.aws_eip.sol_eip",
            "module.sol_nic_private.aws_network_interface.sol_nic",
            "module.sol_subnet_private.aws_subnet.sol_subnet",
            "module.sol_vpc.aws_vpc.sol_vpc"
          ]
        }
      ]
    },
    {
      "module": "module.sol_lb_infra_target_group_attachment_infra1[5]",
      "mode": "managed",
      "type": "aws_lb_target_group_attachment",
      "name": "sol_target_group_attachment",
      "provider": "provider[\"registry.terraform.io/hashicorp/aws\"]",
      "instances": [
        {
          "schema_version": 0,
          "attributes": {
            "availability_zone": null,
            "id": "arn:aws:elasticloadbalancing:ap-northeast-2:038462790556:targetgroup/cicd-dev-infra-tg-mattermost/40461ceb1d756282-2025032400410071870000000a",
            "port": null,
            "target_group_arn": "arn:aws:elasticloadbalancing:ap-northeast-2:038462790556:targetgroup/cicd-dev-infra-tg-mattermost/40461ceb1d756282",
            "target_id": "i-077f683582a0c75a1"
          },
          "sensitive_attributes": [],
          "private": "bnVsbA==",
          "dependencies": [
            "aws_key_pair.sol_loginkey",
            "data.aws_internet_gateway.internet_gateway_info",
            "data.aws_vpc.vpc_info",
            "module.sol_infra_node.aws_instance.sol_ec2",
            "module.sol_infra_sg.aws_security_group.sol_sg",
            "module.sol_internet_gateway.aws_internet_gateway.sol_internet_gateway",
            "module.sol_lb_infra_target_group.aws_lb_target_group.sol_target_group",
            "module.sol_nat_eip.aws_eip.sol_eip",
            "module.sol_nic_private.aws_network_interface.sol_nic",
            "module.sol_subnet_private.aws_subnet.sol_subnet",
            "module.sol_vpc.aws_vpc.sol_vpc"
          ]
        }
      ]
    },
    {
      "module": "module.sol_lb_k8s[0]",
      "mode": "managed",
      "type": "aws_lb",
      "name": "sol_lb",
      "provider": "provider[\"registry.terraform.io/hashicorp/aws\"]",
      "instances": [
        {
          "schema_version": 0,
          "attributes": {
            "access_logs": [
              {
                "bucket": "",
                "enabled": false,
                "prefix": ""
              }
            ],
            "arn": "arn:aws:elasticloadbalancing:ap-northeast-2:038462790556:loadbalancer/net/cicd-dev-k8s-lb/343738f1034b94dd",
            "arn_suffix": "net/cicd-dev-k8s-lb/343738f1034b94dd",
            "client_keep_alive": null,
            "connection_logs": [],
            "customer_owned_ipv4_pool": "",
            "desync_mitigation_mode": null,
            "dns_name": "cicd-dev-k8s-lb-343738f1034b94dd.elb.ap-northeast-2.amazonaws.com",
            "dns_record_client_routing_policy": "any_availability_zone",
            "drop_invalid_header_fields": null,
            "enable_cross_zone_load_balancing": false,
            "enable_deletion_protection": false,
            "enable_http2": null,
            "enable_tls_version_and_cipher_suite_headers": null,
            "enable_waf_fail_open": null,
            "enable_xff_client_port": null,
            "enable_zonal_shift": false,
            "enforce_security_group_inbound_rules_on_private_link_traffic": "",
            "id": "arn:aws:elasticloadbalancing:ap-northeast-2:038462790556:loadbalancer/net/cicd-dev-k8s-lb/343738f1034b94dd",
            "idle_timeout": null,
            "internal": false,
            "ip_address_type": "ipv4",
            "load_balancer_type": "network",
            "name": "cicd-dev-k8s-lb",
            "name_prefix": "",
            "preserve_host_header": null,
            "security_groups": [
              "sg-078dcf11ee358c60d"
            ],
            "subnet_mapping": [
              {
                "allocation_id": "",
                "ipv6_address": "",
                "outpost_id": "",
                "private_ipv4_address": "",
                "subnet_id": "subnet-0a4d4880e0d5e0d85"
              }
            ],
            "subnets": [
              "subnet-0a4d4880e0d5e0d85"
            ],
            "tags": {
              "Name": "cicd-dev-k8s-lb",
              "kubernetes.io/cluster/cicd/dev": "owned"
            },
            "tags_all": {
              "Name": "cicd-dev-k8s-lb",
              "kubernetes.io/cluster/cicd/dev": "owned"
            },
            "timeouts": null,
            "vpc_id": "vpc-067dca424825d683f",
            "xff_header_processing_mode": null,
            "zone_id": "ZIBE1TIR4HY56"
          },
          "sensitive_attributes": [],
          "private": "eyJlMmJmYjczMC1lY2FhLTExZTYtOGY4OC0zNDM2M2JjN2M0YzAiOnsiY3JlYXRlIjo2MDAwMDAwMDAwMDAsImRlbGV0ZSI6NjAwMDAwMDAwMDAwLCJ1cGRhdGUiOjYwMDAwMDAwMDAwMH19",
          "dependencies": [
            "data.aws_vpc.vpc_info",
            "module.sol_k8s_lb_sg.aws_security_group.sol_sg",
            "module.sol_subnet_public.aws_subnet.sol_subnet",
            "module.sol_vpc.aws_vpc.sol_vpc"
          ]
        }
      ]
    },
    {
      "module": "module.sol_lb_k8s_listener[0]",
      "mode": "managed",
      "type": "aws_lb_listener",
      "name": "sol_lb_listener",
      "provider": "provider[\"registry.terraform.io/hashicorp/aws\"]",
      "instances": [
        {
          "schema_version": 0,
          "attributes": {
            "alpn_policy": null,
            "arn": "arn:aws:elasticloadbalancing:ap-northeast-2:038462790556:listener/net/cicd-dev-k8s-lb/343738f1034b94dd/fbf60ad415d8ec05",
            "certificate_arn": null,
            "default_action": [
              {
                "authenticate_cognito": [],
                "authenticate_oidc": [],
                "fixed_response": [],
                "forward": [],
                "order": 1,
                "redirect": [],
                "target_group_arn": "arn:aws:elasticloadbalancing:ap-northeast-2:038462790556:targetgroup/cicd-dev-k8s-tg-k8s/87c1f5bf00ef2e75",
                "type": "forward"
              }
            ],
            "id": "arn:aws:elasticloadbalancing:ap-northeast-2:038462790556:listener/net/cicd-dev-k8s-lb/343738f1034b94dd/fbf60ad415d8ec05",
            "load_balancer_arn": "arn:aws:elasticloadbalancing:ap-northeast-2:038462790556:loadbalancer/net/cicd-dev-k8s-lb/343738f1034b94dd",
            "mutual_authentication": [],
            "port": 6443,
            "protocol": "TCP",
            "ssl_policy": "",
            "tags": {},
            "tags_all": {},
            "tcp_idle_timeout_seconds": 360,
            "timeouts": null
          },
          "sensitive_attributes": [],
          "private": "eyJlMmJmYjczMC1lY2FhLTExZTYtOGY4OC0zNDM2M2JjN2M0YzAiOnsiY3JlYXRlIjozMDAwMDAwMDAwMDAsInVwZGF0ZSI6MzAwMDAwMDAwMDAwfX0=",
          "dependencies": [
            "data.aws_vpc.vpc_info",
            "module.sol_k8s_lb_sg.aws_security_group.sol_sg",
            "module.sol_lb_k8s.aws_lb.sol_lb",
            "module.sol_lb_k8s_target_group.aws_lb_target_group.sol_target_group",
            "module.sol_subnet_public.aws_subnet.sol_subnet",
            "module.sol_vpc.aws_vpc.sol_vpc"
          ]
        }
      ]
    },
    {
      "module": "module.sol_lb_k8s_listener[1]",
      "mode": "managed",
      "type": "aws_lb_listener",
      "name": "sol_lb_listener",
      "provider": "provider[\"registry.terraform.io/hashicorp/aws\"]",
      "instances": [
        {
          "schema_version": 0,
          "attributes": {
            "alpn_policy": null,
            "arn": "arn:aws:elasticloadbalancing:ap-northeast-2:038462790556:listener/net/cicd-dev-k8s-lb/343738f1034b94dd/86ba959ef2eeb529",
            "certificate_arn": null,
            "default_action": [
              {
                "authenticate_cognito": [],
                "authenticate_oidc": [],
                "fixed_response": [],
                "forward": [],
                "order": 1,
                "redirect": [],
                "target_group_arn": "arn:aws:elasticloadbalancing:ap-northeast-2:038462790556:targetgroup/cicd-dev-k8s-tg-grafana/ea4e87c7c67b71f9",
                "type": "forward"
              }
            ],
            "id": "arn:aws:elasticloadbalancing:ap-northeast-2:038462790556:listener/net/cicd-dev-k8s-lb/343738f1034b94dd/86ba959ef2eeb529",
            "load_balancer_arn": "arn:aws:elasticloadbalancing:ap-northeast-2:038462790556:loadbalancer/net/cicd-dev-k8s-lb/343738f1034b94dd",
            "mutual_authentication": [],
            "port": 31020,
            "protocol": "TCP",
            "ssl_policy": "",
            "tags": {},
            "tags_all": {},
            "tcp_idle_timeout_seconds": 360,
            "timeouts": null
          },
          "sensitive_attributes": [],
          "private": "eyJlMmJmYjczMC1lY2FhLTExZTYtOGY4OC0zNDM2M2JjN2M0YzAiOnsiY3JlYXRlIjozMDAwMDAwMDAwMDAsInVwZGF0ZSI6MzAwMDAwMDAwMDAwfX0=",
          "dependencies": [
            "data.aws_vpc.vpc_info",
            "module.sol_k8s_lb_sg.aws_security_group.sol_sg",
            "module.sol_lb_k8s.aws_lb.sol_lb",
            "module.sol_lb_k8s_target_group.aws_lb_target_group.sol_target_group",
            "module.sol_subnet_public.aws_subnet.sol_subnet",
            "module.sol_vpc.aws_vpc.sol_vpc"
          ]
        }
      ]
    },
    {
      "module": "module.sol_lb_k8s_listener[2]",
      "mode": "managed",
      "type": "aws_lb_listener",
      "name": "sol_lb_listener",
      "provider": "provider[\"registry.terraform.io/hashicorp/aws\"]",
      "instances": [
        {
          "schema_version": 0,
          "attributes": {
            "alpn_policy": null,
            "arn": "arn:aws:elasticloadbalancing:ap-northeast-2:038462790556:listener/net/cicd-dev-k8s-lb/343738f1034b94dd/14cba20aded989a7",
            "certificate_arn": null,
            "default_action": [
              {
                "authenticate_cognito": [],
                "authenticate_oidc": [],
                "fixed_response": [],
                "forward": [],
                "order": 1,
                "redirect": [],
                "target_group_arn": "arn:aws:elasticloadbalancing:ap-northeast-2:038462790556:targetgroup/cicd-dev-k8s-tg-kiali/13a6d8ec284a99e1",
                "type": "forward"
              }
            ],
            "id": "arn:aws:elasticloadbalancing:ap-northeast-2:038462790556:listener/net/cicd-dev-k8s-lb/343738f1034b94dd/14cba20aded989a7",
            "load_balancer_arn": "arn:aws:elasticloadbalancing:ap-northeast-2:038462790556:loadbalancer/net/cicd-dev-k8s-lb/343738f1034b94dd",
            "mutual_authentication": [],
            "port": 31030,
            "protocol": "TCP",
            "ssl_policy": "",
            "tags": {},
            "tags_all": {},
            "tcp_idle_timeout_seconds": 360,
            "timeouts": null
          },
          "sensitive_attributes": [],
          "private": "eyJlMmJmYjczMC1lY2FhLTExZTYtOGY4OC0zNDM2M2JjN2M0YzAiOnsiY3JlYXRlIjozMDAwMDAwMDAwMDAsInVwZGF0ZSI6MzAwMDAwMDAwMDAwfX0=",
          "dependencies": [
            "data.aws_vpc.vpc_info",
            "module.sol_k8s_lb_sg.aws_security_group.sol_sg",
            "module.sol_lb_k8s.aws_lb.sol_lb",
            "module.sol_lb_k8s_target_group.aws_lb_target_group.sol_target_group",
            "module.sol_subnet_public.aws_subnet.sol_subnet",
            "module.sol_vpc.aws_vpc.sol_vpc"
          ]
        }
      ]
    },
    {
      "module": "module.sol_lb_k8s_listener[3]",
      "mode": "managed",
      "type": "aws_lb_listener",
      "name": "sol_lb_listener",
      "provider": "provider[\"registry.terraform.io/hashicorp/aws\"]",
      "instances": [
        {
          "schema_version": 0,
          "attributes": {
            "alpn_policy": null,
            "arn": "arn:aws:elasticloadbalancing:ap-northeast-2:038462790556:listener/net/cicd-dev-k8s-lb/343738f1034b94dd/9e34c239d40993ad",
            "certificate_arn": null,
            "default_action": [
              {
                "authenticate_cognito": [],
                "authenticate_oidc": [],
                "fixed_response": [],
                "forward": [],
                "order": 1,
                "redirect": [],
                "target_group_arn": "arn:aws:elasticloadbalancing:ap-northeast-2:038462790556:targetgroup/cicd-dev-k8s-tg-jaeger/2ae416b9f829b34c",
                "type": "forward"
              }
            ],
            "id": "arn:aws:elasticloadbalancing:ap-northeast-2:038462790556:listener/net/cicd-dev-k8s-lb/343738f1034b94dd/9e34c239d40993ad",
            "load_balancer_arn": "arn:aws:elasticloadbalancing:ap-northeast-2:038462790556:loadbalancer/net/cicd-dev-k8s-lb/343738f1034b94dd",
            "mutual_authentication": [],
            "port": 31050,
            "protocol": "TCP",
            "ssl_policy": "",
            "tags": {},
            "tags_all": {},
            "tcp_idle_timeout_seconds": 360,
            "timeouts": null
          },
          "sensitive_attributes": [],
          "private": "eyJlMmJmYjczMC1lY2FhLTExZTYtOGY4OC0zNDM2M2JjN2M0YzAiOnsiY3JlYXRlIjozMDAwMDAwMDAwMDAsInVwZGF0ZSI6MzAwMDAwMDAwMDAwfX0=",
          "dependencies": [
            "data.aws_vpc.vpc_info",
            "module.sol_k8s_lb_sg.aws_security_group.sol_sg",
            "module.sol_lb_k8s.aws_lb.sol_lb",
            "module.sol_lb_k8s_target_group.aws_lb_target_group.sol_target_group",
            "module.sol_subnet_public.aws_subnet.sol_subnet",
            "module.sol_vpc.aws_vpc.sol_vpc"
          ]
        }
      ]
    },
    {
      "module": "module.sol_lb_k8s_listener[4]",
      "mode": "managed",
      "type": "aws_lb_listener",
      "name": "sol_lb_listener",
      "provider": "provider[\"registry.terraform.io/hashicorp/aws\"]",
      "instances": [
        {
          "schema_version": 0,
          "attributes": {
            "alpn_policy": null,
            "arn": "arn:aws:elasticloadbalancing:ap-northeast-2:038462790556:listener/net/cicd-dev-k8s-lb/343738f1034b94dd/ac2423268162c061",
            "certificate_arn": null,
            "default_action": [
              {
                "authenticate_cognito": [],
                "authenticate_oidc": [],
                "fixed_response": [],
                "forward": [],
                "order": 1,
                "redirect": [],
                "target_group_arn": "arn:aws:elasticloadbalancing:ap-northeast-2:038462790556:targetgroup/cicd-dev-k8s-tg-p8s/0e29cc1713e13f01",
                "type": "forward"
              }
            ],
            "id": "arn:aws:elasticloadbalancing:ap-northeast-2:038462790556:listener/net/cicd-dev-k8s-lb/343738f1034b94dd/ac2423268162c061",
            "load_balancer_arn": "arn:aws:elasticloadbalancing:ap-northeast-2:038462790556:loadbalancer/net/cicd-dev-k8s-lb/343738f1034b94dd",
            "mutual_authentication": [],
            "port": 31060,
            "protocol": "TCP",
            "ssl_policy": "",
            "tags": {},
            "tags_all": {},
            "tcp_idle_timeout_seconds": 360,
            "timeouts": null
          },
          "sensitive_attributes": [],
          "private": "eyJlMmJmYjczMC1lY2FhLTExZTYtOGY4OC0zNDM2M2JjN2M0YzAiOnsiY3JlYXRlIjozMDAwMDAwMDAwMDAsInVwZGF0ZSI6MzAwMDAwMDAwMDAwfX0=",
          "dependencies": [
            "data.aws_vpc.vpc_info",
            "module.sol_k8s_lb_sg.aws_security_group.sol_sg",
            "module.sol_lb_k8s.aws_lb.sol_lb",
            "module.sol_lb_k8s_target_group.aws_lb_target_group.sol_target_group",
            "module.sol_subnet_public.aws_subnet.sol_subnet",
            "module.sol_vpc.aws_vpc.sol_vpc"
          ]
        }
      ]
    },
    {
      "module": "module.sol_lb_k8s_listener[5]",
      "mode": "managed",
      "type": "aws_lb_listener",
      "name": "sol_lb_listener",
      "provider": "provider[\"registry.terraform.io/hashicorp/aws\"]",
      "instances": [
        {
          "schema_version": 0,
          "attributes": {
            "alpn_policy": null,
            "arn": "arn:aws:elasticloadbalancing:ap-northeast-2:038462790556:listener/net/cicd-dev-k8s-lb/343738f1034b94dd/5c9e80b447c371e6",
            "certificate_arn": null,
            "default_action": [
              {
                "authenticate_cognito": [],
                "authenticate_oidc": [],
                "fixed_response": [],
                "forward": [],
                "order": 1,
                "redirect": [],
                "target_group_arn": "arn:aws:elasticloadbalancing:ap-northeast-2:038462790556:targetgroup/cicd-dev-k8s-tg-istio/21d696c6b6d4de9b",
                "type": "forward"
              }
            ],
            "id": "arn:aws:elasticloadbalancing:ap-northeast-2:038462790556:listener/net/cicd-dev-k8s-lb/343738f1034b94dd/5c9e80b447c371e6",
            "load_balancer_arn": "arn:aws:elasticloadbalancing:ap-northeast-2:038462790556:loadbalancer/net/cicd-dev-k8s-lb/343738f1034b94dd",
            "mutual_authentication": [],
            "port": 30080,
            "protocol": "TCP",
            "ssl_policy": "",
            "tags": {},
            "tags_all": {},
            "tcp_idle_timeout_seconds": 360,
            "timeouts": null
          },
          "sensitive_attributes": [],
          "private": "eyJlMmJmYjczMC1lY2FhLTExZTYtOGY4OC0zNDM2M2JjN2M0YzAiOnsiY3JlYXRlIjozMDAwMDAwMDAwMDAsInVwZGF0ZSI6MzAwMDAwMDAwMDAwfX0=",
          "dependencies": [
            "data.aws_vpc.vpc_info",
            "module.sol_k8s_lb_sg.aws_security_group.sol_sg",
            "module.sol_lb_k8s.aws_lb.sol_lb",
            "module.sol_lb_k8s_target_group.aws_lb_target_group.sol_target_group",
            "module.sol_subnet_public.aws_subnet.sol_subnet",
            "module.sol_vpc.aws_vpc.sol_vpc"
          ]
        }
      ]
    },
    {
      "module": "module.sol_lb_k8s_listener[6]",
      "mode": "managed",
      "type": "aws_lb_listener",
      "name": "sol_lb_listener",
      "provider": "provider[\"registry.terraform.io/hashicorp/aws\"]",
      "instances": [
        {
          "schema_version": 0,
          "attributes": {
            "alpn_policy": null,
            "arn": "arn:aws:elasticloadbalancing:ap-northeast-2:038462790556:listener/net/cicd-dev-k8s-lb/343738f1034b94dd/49621b56491b82b9",
            "certificate_arn": null,
            "default_action": [
              {
                "authenticate_cognito": [],
                "authenticate_oidc": [],
                "fixed_response": [],
                "forward": [],
                "order": 1,
                "redirect": [],
                "target_group_arn": "arn:aws:elasticloadbalancing:ap-northeast-2:038462790556:targetgroup/cicd-dev-k8s-tg-argocd/377243ef45dced6d",
                "type": "forward"
              }
            ],
            "id": "arn:aws:elasticloadbalancing:ap-northeast-2:038462790556:listener/net/cicd-dev-k8s-lb/343738f1034b94dd/49621b56491b82b9",
            "load_balancer_arn": "arn:aws:elasticloadbalancing:ap-northeast-2:038462790556:loadbalancer/net/cicd-dev-k8s-lb/343738f1034b94dd",
            "mutual_authentication": [],
            "port": 31080,
            "protocol": "TCP",
            "ssl_policy": "",
            "tags": {},
            "tags_all": {},
            "tcp_idle_timeout_seconds": 360,
            "timeouts": null
          },
          "sensitive_attributes": [],
          "private": "eyJlMmJmYjczMC1lY2FhLTExZTYtOGY4OC0zNDM2M2JjN2M0YzAiOnsiY3JlYXRlIjozMDAwMDAwMDAwMDAsInVwZGF0ZSI6MzAwMDAwMDAwMDAwfX0=",
          "dependencies": [
            "data.aws_vpc.vpc_info",
            "module.sol_k8s_lb_sg.aws_security_group.sol_sg",
            "module.sol_lb_k8s.aws_lb.sol_lb",
            "module.sol_lb_k8s_target_group.aws_lb_target_group.sol_target_group",
            "module.sol_subnet_public.aws_subnet.sol_subnet",
            "module.sol_vpc.aws_vpc.sol_vpc"
          ]
        }
      ]
    },
    {
      "module": "module.sol_lb_k8s_listener[7]",
      "mode": "managed",
      "type": "aws_lb_listener",
      "name": "sol_lb_listener",
      "provider": "provider[\"registry.terraform.io/hashicorp/aws\"]",
      "instances": [
        {
          "schema_version": 0,
          "attributes": {
            "alpn_policy": null,
            "arn": "arn:aws:elasticloadbalancing:ap-northeast-2:038462790556:listener/net/cicd-dev-k8s-lb/343738f1034b94dd/ec7c49bd1728a8b8",
            "certificate_arn": null,
            "default_action": [
              {
                "authenticate_cognito": [],
                "authenticate_oidc": [],
                "fixed_response": [],
                "forward": [],
                "order": 1,
                "redirect": [],
                "target_group_arn": "arn:aws:elasticloadbalancing:ap-northeast-2:038462790556:targetgroup/cicd-dev-k8s-tg-argo-tls/82ed22ac52a8fba6",
                "type": "forward"
              }
            ],
            "id": "arn:aws:elasticloadbalancing:ap-northeast-2:038462790556:listener/net/cicd-dev-k8s-lb/343738f1034b94dd/ec7c49bd1728a8b8",
            "load_balancer_arn": "arn:aws:elasticloadbalancing:ap-northeast-2:038462790556:loadbalancer/net/cicd-dev-k8s-lb/343738f1034b94dd",
            "mutual_authentication": [],
            "port": 31081,
            "protocol": "TCP",
            "ssl_policy": "",
            "tags": {},
            "tags_all": {},
            "tcp_idle_timeout_seconds": 360,
            "timeouts": null
          },
          "sensitive_attributes": [],
          "private": "eyJlMmJmYjczMC1lY2FhLTExZTYtOGY4OC0zNDM2M2JjN2M0YzAiOnsiY3JlYXRlIjozMDAwMDAwMDAwMDAsInVwZGF0ZSI6MzAwMDAwMDAwMDAwfX0=",
          "dependencies": [
            "data.aws_vpc.vpc_info",
            "module.sol_k8s_lb_sg.aws_security_group.sol_sg",
            "module.sol_lb_k8s.aws_lb.sol_lb",
            "module.sol_lb_k8s_target_group.aws_lb_target_group.sol_target_group",
            "module.sol_subnet_public.aws_subnet.sol_subnet",
            "module.sol_vpc.aws_vpc.sol_vpc"
          ]
        }
      ]
    },
    {
      "module": "module.sol_lb_k8s_target_group[0]",
      "mode": "managed",
      "type": "aws_lb_target_group",
      "name": "sol_target_group",
      "provider": "provider[\"registry.terraform.io/hashicorp/aws\"]",
      "instances": [
        {
          "schema_version": 0,
          "attributes": {
            "arn": "arn:aws:elasticloadbalancing:ap-northeast-2:038462790556:targetgroup/cicd-dev-k8s-tg-k8s/87c1f5bf00ef2e75",
            "arn_suffix": "targetgroup/cicd-dev-k8s-tg-k8s/87c1f5bf00ef2e75",
            "connection_termination": false,
            "deregistration_delay": "300",
            "health_check": [
              {
                "enabled": true,
                "healthy_threshold": 2,
                "interval": 30,
                "matcher": "",
                "path": "",
                "port": "6443",
                "protocol": "TCP",
                "timeout": 10,
                "unhealthy_threshold": 2
              }
            ],
            "id": "arn:aws:elasticloadbalancing:ap-northeast-2:038462790556:targetgroup/cicd-dev-k8s-tg-k8s/87c1f5bf00ef2e75",
            "ip_address_type": "ipv4",
            "lambda_multi_value_headers_enabled": false,
            "load_balancer_arns": [
              "arn:aws:elasticloadbalancing:ap-northeast-2:038462790556:loadbalancer/net/cicd-dev-k8s-lb/343738f1034b94dd"
            ],
            "load_balancing_algorithm_type": null,
            "load_balancing_anomaly_mitigation": null,
            "load_balancing_cross_zone_enabled": "false",
            "name": "cicd-dev-k8s-tg-k8s",
            "name_prefix": "",
            "port": 6443,
            "preserve_client_ip": "true",
            "protocol": "TCP",
            "protocol_version": null,
            "proxy_protocol_v2": false,
            "slow_start": 0,
            "stickiness": [
              {
                "cookie_duration": 0,
                "cookie_name": "",
                "enabled": false,
                "type": "source_ip"
              }
            ],
            "tags": {
              "Name": "cicd-dev-k8s-tg-k8s"
            },
            "tags_all": {
              "Name": "cicd-dev-k8s-tg-k8s"
            },
            "target_failover": [
              {
                "on_deregistration": null,
                "on_unhealthy": null
              }
            ],
            "target_group_health": [
              {
                "dns_failover": [
                  {
                    "minimum_healthy_targets_count": "1",
                    "minimum_healthy_targets_percentage": "off"
                  }
                ],
                "unhealthy_state_routing": [
                  {
                    "minimum_healthy_targets_count": 1,
                    "minimum_healthy_targets_percentage": "off"
                  }
                ]
              }
            ],
            "target_health_state": [
              {
                "enable_unhealthy_connection_termination": true,
                "unhealthy_draining_interval": 0
              }
            ],
            "target_type": "instance",
            "vpc_id": "vpc-067dca424825d683f"
          },
          "sensitive_attributes": [],
          "private": "bnVsbA==",
          "dependencies": [
            "data.aws_vpc.vpc_info",
            "module.sol_vpc.aws_vpc.sol_vpc"
          ]
        }
      ]
    },
    {
      "module": "module.sol_lb_k8s_target_group[1]",
      "mode": "managed",
      "type": "aws_lb_target_group",
      "name": "sol_target_group",
      "provider": "provider[\"registry.terraform.io/hashicorp/aws\"]",
      "instances": [
        {
          "schema_version": 0,
          "attributes": {
            "arn": "arn:aws:elasticloadbalancing:ap-northeast-2:038462790556:targetgroup/cicd-dev-k8s-tg-grafana/ea4e87c7c67b71f9",
            "arn_suffix": "targetgroup/cicd-dev-k8s-tg-grafana/ea4e87c7c67b71f9",
            "connection_termination": false,
            "deregistration_delay": "300",
            "health_check": [
              {
                "enabled": true,
                "healthy_threshold": 2,
                "interval": 30,
                "matcher": "",
                "path": "",
                "port": "31020",
                "protocol": "TCP",
                "timeout": 10,
                "unhealthy_threshold": 2
              }
            ],
            "id": "arn:aws:elasticloadbalancing:ap-northeast-2:038462790556:targetgroup/cicd-dev-k8s-tg-grafana/ea4e87c7c67b71f9",
            "ip_address_type": "ipv4",
            "lambda_multi_value_headers_enabled": false,
            "load_balancer_arns": [
              "arn:aws:elasticloadbalancing:ap-northeast-2:038462790556:loadbalancer/net/cicd-dev-k8s-lb/343738f1034b94dd"
            ],
            "load_balancing_algorithm_type": null,
            "load_balancing_anomaly_mitigation": null,
            "load_balancing_cross_zone_enabled": "false",
            "name": "cicd-dev-k8s-tg-grafana",
            "name_prefix": "",
            "port": 31020,
            "preserve_client_ip": "true",
            "protocol": "TCP",
            "protocol_version": null,
            "proxy_protocol_v2": false,
            "slow_start": 0,
            "stickiness": [
              {
                "cookie_duration": 0,
                "cookie_name": "",
                "enabled": false,
                "type": "source_ip"
              }
            ],
            "tags": {
              "Name": "cicd-dev-k8s-tg-grafana"
            },
            "tags_all": {
              "Name": "cicd-dev-k8s-tg-grafana"
            },
            "target_failover": [
              {
                "on_deregistration": null,
                "on_unhealthy": null
              }
            ],
            "target_group_health": [
              {
                "dns_failover": [
                  {
                    "minimum_healthy_targets_count": "1",
                    "minimum_healthy_targets_percentage": "off"
                  }
                ],
                "unhealthy_state_routing": [
                  {
                    "minimum_healthy_targets_count": 1,
                    "minimum_healthy_targets_percentage": "off"
                  }
                ]
              }
            ],
            "target_health_state": [
              {
                "enable_unhealthy_connection_termination": true,
                "unhealthy_draining_interval": 0
              }
            ],
            "target_type": "instance",
            "vpc_id": "vpc-067dca424825d683f"
          },
          "sensitive_attributes": [],
          "private": "bnVsbA==",
          "dependencies": [
            "data.aws_vpc.vpc_info",
            "module.sol_vpc.aws_vpc.sol_vpc"
          ]
        }
      ]
    },
    {
      "module": "module.sol_lb_k8s_target_group[2]",
      "mode": "managed",
      "type": "aws_lb_target_group",
      "name": "sol_target_group",
      "provider": "provider[\"registry.terraform.io/hashicorp/aws\"]",
      "instances": [
        {
          "schema_version": 0,
          "attributes": {
            "arn": "arn:aws:elasticloadbalancing:ap-northeast-2:038462790556:targetgroup/cicd-dev-k8s-tg-kiali/13a6d8ec284a99e1",
            "arn_suffix": "targetgroup/cicd-dev-k8s-tg-kiali/13a6d8ec284a99e1",
            "connection_termination": false,
            "deregistration_delay": "300",
            "health_check": [
              {
                "enabled": true,
                "healthy_threshold": 2,
                "interval": 30,
                "matcher": "",
                "path": "",
                "port": "31030",
                "protocol": "TCP",
                "timeout": 10,
                "unhealthy_threshold": 2
              }
            ],
            "id": "arn:aws:elasticloadbalancing:ap-northeast-2:038462790556:targetgroup/cicd-dev-k8s-tg-kiali/13a6d8ec284a99e1",
            "ip_address_type": "ipv4",
            "lambda_multi_value_headers_enabled": false,
            "load_balancer_arns": [
              "arn:aws:elasticloadbalancing:ap-northeast-2:038462790556:loadbalancer/net/cicd-dev-k8s-lb/343738f1034b94dd"
            ],
            "load_balancing_algorithm_type": null,
            "load_balancing_anomaly_mitigation": null,
            "load_balancing_cross_zone_enabled": "false",
            "name": "cicd-dev-k8s-tg-kiali",
            "name_prefix": "",
            "port": 31030,
            "preserve_client_ip": "true",
            "protocol": "TCP",
            "protocol_version": null,
            "proxy_protocol_v2": false,
            "slow_start": 0,
            "stickiness": [
              {
                "cookie_duration": 0,
                "cookie_name": "",
                "enabled": false,
                "type": "source_ip"
              }
            ],
            "tags": {
              "Name": "cicd-dev-k8s-tg-kiali"
            },
            "tags_all": {
              "Name": "cicd-dev-k8s-tg-kiali"
            },
            "target_failover": [
              {
                "on_deregistration": null,
                "on_unhealthy": null
              }
            ],
            "target_group_health": [
              {
                "dns_failover": [
                  {
                    "minimum_healthy_targets_count": "1",
                    "minimum_healthy_targets_percentage": "off"
                  }
                ],
                "unhealthy_state_routing": [
                  {
                    "minimum_healthy_targets_count": 1,
                    "minimum_healthy_targets_percentage": "off"
                  }
                ]
              }
            ],
            "target_health_state": [
              {
                "enable_unhealthy_connection_termination": true,
                "unhealthy_draining_interval": 0
              }
            ],
            "target_type": "instance",
            "vpc_id": "vpc-067dca424825d683f"
          },
          "sensitive_attributes": [],
          "private": "bnVsbA==",
          "dependencies": [
            "data.aws_vpc.vpc_info",
            "module.sol_vpc.aws_vpc.sol_vpc"
          ]
        }
      ]
    },
    {
      "module": "module.sol_lb_k8s_target_group[3]",
      "mode": "managed",
      "type": "aws_lb_target_group",
      "name": "sol_target_group",
      "provider": "provider[\"registry.terraform.io/hashicorp/aws\"]",
      "instances": [
        {
          "schema_version": 0,
          "attributes": {
            "arn": "arn:aws:elasticloadbalancing:ap-northeast-2:038462790556:targetgroup/cicd-dev-k8s-tg-jaeger/2ae416b9f829b34c",
            "arn_suffix": "targetgroup/cicd-dev-k8s-tg-jaeger/2ae416b9f829b34c",
            "connection_termination": false,
            "deregistration_delay": "300",
            "health_check": [
              {
                "enabled": true,
                "healthy_threshold": 2,
                "interval": 30,
                "matcher": "",
                "path": "",
                "port": "31050",
                "protocol": "TCP",
                "timeout": 10,
                "unhealthy_threshold": 2
              }
            ],
            "id": "arn:aws:elasticloadbalancing:ap-northeast-2:038462790556:targetgroup/cicd-dev-k8s-tg-jaeger/2ae416b9f829b34c",
            "ip_address_type": "ipv4",
            "lambda_multi_value_headers_enabled": false,
            "load_balancer_arns": [
              "arn:aws:elasticloadbalancing:ap-northeast-2:038462790556:loadbalancer/net/cicd-dev-k8s-lb/343738f1034b94dd"
            ],
            "load_balancing_algorithm_type": null,
            "load_balancing_anomaly_mitigation": null,
            "load_balancing_cross_zone_enabled": "false",
            "name": "cicd-dev-k8s-tg-jaeger",
            "name_prefix": "",
            "port": 31050,
            "preserve_client_ip": "true",
            "protocol": "TCP",
            "protocol_version": null,
            "proxy_protocol_v2": false,
            "slow_start": 0,
            "stickiness": [
              {
                "cookie_duration": 0,
                "cookie_name": "",
                "enabled": false,
                "type": "source_ip"
              }
            ],
            "tags": {
              "Name": "cicd-dev-k8s-tg-jaeger"
            },
            "tags_all": {
              "Name": "cicd-dev-k8s-tg-jaeger"
            },
            "target_failover": [
              {
                "on_deregistration": null,
                "on_unhealthy": null
              }
            ],
            "target_group_health": [
              {
                "dns_failover": [
                  {
                    "minimum_healthy_targets_count": "1",
                    "minimum_healthy_targets_percentage": "off"
                  }
                ],
                "unhealthy_state_routing": [
                  {
                    "minimum_healthy_targets_count": 1,
                    "minimum_healthy_targets_percentage": "off"
                  }
                ]
              }
            ],
            "target_health_state": [
              {
                "enable_unhealthy_connection_termination": true,
                "unhealthy_draining_interval": 0
              }
            ],
            "target_type": "instance",
            "vpc_id": "vpc-067dca424825d683f"
          },
          "sensitive_attributes": [],
          "private": "bnVsbA==",
          "dependencies": [
            "data.aws_vpc.vpc_info",
            "module.sol_vpc.aws_vpc.sol_vpc"
          ]
        }
      ]
    },
    {
      "module": "module.sol_lb_k8s_target_group[4]",
      "mode": "managed",
      "type": "aws_lb_target_group",
      "name": "sol_target_group",
      "provider": "provider[\"registry.terraform.io/hashicorp/aws\"]",
      "instances": [
        {
          "schema_version": 0,
          "attributes": {
            "arn": "arn:aws:elasticloadbalancing:ap-northeast-2:038462790556:targetgroup/cicd-dev-k8s-tg-p8s/0e29cc1713e13f01",
            "arn_suffix": "targetgroup/cicd-dev-k8s-tg-p8s/0e29cc1713e13f01",
            "connection_termination": false,
            "deregistration_delay": "300",
            "health_check": [
              {
                "enabled": true,
                "healthy_threshold": 2,
                "interval": 30,
                "matcher": "",
                "path": "",
                "port": "31060",
                "protocol": "TCP",
                "timeout": 10,
                "unhealthy_threshold": 2
              }
            ],
            "id": "arn:aws:elasticloadbalancing:ap-northeast-2:038462790556:targetgroup/cicd-dev-k8s-tg-p8s/0e29cc1713e13f01",
            "ip_address_type": "ipv4",
            "lambda_multi_value_headers_enabled": false,
            "load_balancer_arns": [
              "arn:aws:elasticloadbalancing:ap-northeast-2:038462790556:loadbalancer/net/cicd-dev-k8s-lb/343738f1034b94dd"
            ],
            "load_balancing_algorithm_type": null,
            "load_balancing_anomaly_mitigation": null,
            "load_balancing_cross_zone_enabled": "false",
            "name": "cicd-dev-k8s-tg-p8s",
            "name_prefix": "",
            "port": 31060,
            "preserve_client_ip": "true",
            "protocol": "TCP",
            "protocol_version": null,
            "proxy_protocol_v2": false,
            "slow_start": 0,
            "stickiness": [
              {
                "cookie_duration": 0,
                "cookie_name": "",
                "enabled": false,
                "type": "source_ip"
              }
            ],
            "tags": {
              "Name": "cicd-dev-k8s-tg-p8s"
            },
            "tags_all": {
              "Name": "cicd-dev-k8s-tg-p8s"
            },
            "target_failover": [
              {
                "on_deregistration": null,
                "on_unhealthy": null
              }
            ],
            "target_group_health": [
              {
                "dns_failover": [
                  {
                    "minimum_healthy_targets_count": "1",
                    "minimum_healthy_targets_percentage": "off"
                  }
                ],
                "unhealthy_state_routing": [
                  {
                    "minimum_healthy_targets_count": 1,
                    "minimum_healthy_targets_percentage": "off"
                  }
                ]
              }
            ],
            "target_health_state": [
              {
                "enable_unhealthy_connection_termination": true,
                "unhealthy_draining_interval": 0
              }
            ],
            "target_type": "instance",
            "vpc_id": "vpc-067dca424825d683f"
          },
          "sensitive_attributes": [],
          "private": "bnVsbA==",
          "dependencies": [
            "data.aws_vpc.vpc_info",
            "module.sol_vpc.aws_vpc.sol_vpc"
          ]
        }
      ]
    },
    {
      "module": "module.sol_lb_k8s_target_group[5]",
      "mode": "managed",
      "type": "aws_lb_target_group",
      "name": "sol_target_group",
      "provider": "provider[\"registry.terraform.io/hashicorp/aws\"]",
      "instances": [
        {
          "schema_version": 0,
          "attributes": {
            "arn": "arn:aws:elasticloadbalancing:ap-northeast-2:038462790556:targetgroup/cicd-dev-k8s-tg-istio/21d696c6b6d4de9b",
            "arn_suffix": "targetgroup/cicd-dev-k8s-tg-istio/21d696c6b6d4de9b",
            "connection_termination": false,
            "deregistration_delay": "300",
            "health_check": [
              {
                "enabled": true,
                "healthy_threshold": 2,
                "interval": 30,
                "matcher": "",
                "path": "",
                "port": "30080",
                "protocol": "TCP",
                "timeout": 10,
                "unhealthy_threshold": 2
              }
            ],
            "id": "arn:aws:elasticloadbalancing:ap-northeast-2:038462790556:targetgroup/cicd-dev-k8s-tg-istio/21d696c6b6d4de9b",
            "ip_address_type": "ipv4",
            "lambda_multi_value_headers_enabled": false,
            "load_balancer_arns": [
              "arn:aws:elasticloadbalancing:ap-northeast-2:038462790556:loadbalancer/net/cicd-dev-k8s-lb/343738f1034b94dd"
            ],
            "load_balancing_algorithm_type": null,
            "load_balancing_anomaly_mitigation": null,
            "load_balancing_cross_zone_enabled": "false",
            "name": "cicd-dev-k8s-tg-istio",
            "name_prefix": "",
            "port": 30080,
            "preserve_client_ip": "true",
            "protocol": "TCP",
            "protocol_version": null,
            "proxy_protocol_v2": false,
            "slow_start": 0,
            "stickiness": [
              {
                "cookie_duration": 0,
                "cookie_name": "",
                "enabled": false,
                "type": "source_ip"
              }
            ],
            "tags": {
              "Name": "cicd-dev-k8s-tg-istio"
            },
            "tags_all": {
              "Name": "cicd-dev-k8s-tg-istio"
            },
            "target_failover": [
              {
                "on_deregistration": null,
                "on_unhealthy": null
              }
            ],
            "target_group_health": [
              {
                "dns_failover": [
                  {
                    "minimum_healthy_targets_count": "1",
                    "minimum_healthy_targets_percentage": "off"
                  }
                ],
                "unhealthy_state_routing": [
                  {
                    "minimum_healthy_targets_count": 1,
                    "minimum_healthy_targets_percentage": "off"
                  }
                ]
              }
            ],
            "target_health_state": [
              {
                "enable_unhealthy_connection_termination": true,
                "unhealthy_draining_interval": 0
              }
            ],
            "target_type": "instance",
            "vpc_id": "vpc-067dca424825d683f"
          },
          "sensitive_attributes": [],
          "private": "bnVsbA==",
          "dependencies": [
            "data.aws_vpc.vpc_info",
            "module.sol_vpc.aws_vpc.sol_vpc"
          ]
        }
      ]
    },
    {
      "module": "module.sol_lb_k8s_target_group[6]",
      "mode": "managed",
      "type": "aws_lb_target_group",
      "name": "sol_target_group",
      "provider": "provider[\"registry.terraform.io/hashicorp/aws\"]",
      "instances": [
        {
          "schema_version": 0,
          "attributes": {
            "arn": "arn:aws:elasticloadbalancing:ap-northeast-2:038462790556:targetgroup/cicd-dev-k8s-tg-argocd/377243ef45dced6d",
            "arn_suffix": "targetgroup/cicd-dev-k8s-tg-argocd/377243ef45dced6d",
            "connection_termination": false,
            "deregistration_delay": "300",
            "health_check": [
              {
                "enabled": true,
                "healthy_threshold": 2,
                "interval": 30,
                "matcher": "",
                "path": "",
                "port": "31080",
                "protocol": "TCP",
                "timeout": 10,
                "unhealthy_threshold": 2
              }
            ],
            "id": "arn:aws:elasticloadbalancing:ap-northeast-2:038462790556:targetgroup/cicd-dev-k8s-tg-argocd/377243ef45dced6d",
            "ip_address_type": "ipv4",
            "lambda_multi_value_headers_enabled": false,
            "load_balancer_arns": [
              "arn:aws:elasticloadbalancing:ap-northeast-2:038462790556:loadbalancer/net/cicd-dev-k8s-lb/343738f1034b94dd"
            ],
            "load_balancing_algorithm_type": null,
            "load_balancing_anomaly_mitigation": null,
            "load_balancing_cross_zone_enabled": "false",
            "name": "cicd-dev-k8s-tg-argocd",
            "name_prefix": "",
            "port": 31080,
            "preserve_client_ip": "true",
            "protocol": "TCP",
            "protocol_version": null,
            "proxy_protocol_v2": false,
            "slow_start": 0,
            "stickiness": [
              {
                "cookie_duration": 0,
                "cookie_name": "",
                "enabled": false,
                "type": "source_ip"
              }
            ],
            "tags": {
              "Name": "cicd-dev-k8s-tg-argocd"
            },
            "tags_all": {
              "Name": "cicd-dev-k8s-tg-argocd"
            },
            "target_failover": [
              {
                "on_deregistration": null,
                "on_unhealthy": null
              }
            ],
            "target_group_health": [
              {
                "dns_failover": [
                  {
                    "minimum_healthy_targets_count": "1",
                    "minimum_healthy_targets_percentage": "off"
                  }
                ],
                "unhealthy_state_routing": [
                  {
                    "minimum_healthy_targets_count": 1,
                    "minimum_healthy_targets_percentage": "off"
                  }
                ]
              }
            ],
            "target_health_state": [
              {
                "enable_unhealthy_connection_termination": true,
                "unhealthy_draining_interval": 0
              }
            ],
            "target_type": "instance",
            "vpc_id": "vpc-067dca424825d683f"
          },
          "sensitive_attributes": [],
          "private": "bnVsbA==",
          "dependencies": [
            "data.aws_vpc.vpc_info",
            "module.sol_vpc.aws_vpc.sol_vpc"
          ]
        }
      ]
    },
    {
      "module": "module.sol_lb_k8s_target_group[7]",
      "mode": "managed",
      "type": "aws_lb_target_group",
      "name": "sol_target_group",
      "provider": "provider[\"registry.terraform.io/hashicorp/aws\"]",
      "instances": [
        {
          "schema_version": 0,
          "attributes": {
            "arn": "arn:aws:elasticloadbalancing:ap-northeast-2:038462790556:targetgroup/cicd-dev-k8s-tg-argo-tls/82ed22ac52a8fba6",
            "arn_suffix": "targetgroup/cicd-dev-k8s-tg-argo-tls/82ed22ac52a8fba6",
            "connection_termination": false,
            "deregistration_delay": "300",
            "health_check": [
              {
                "enabled": true,
                "healthy_threshold": 2,
                "interval": 30,
                "matcher": "",
                "path": "",
                "port": "31081",
                "protocol": "TCP",
                "timeout": 10,
                "unhealthy_threshold": 2
              }
            ],
            "id": "arn:aws:elasticloadbalancing:ap-northeast-2:038462790556:targetgroup/cicd-dev-k8s-tg-argo-tls/82ed22ac52a8fba6",
            "ip_address_type": "ipv4",
            "lambda_multi_value_headers_enabled": false,
            "load_balancer_arns": [
              "arn:aws:elasticloadbalancing:ap-northeast-2:038462790556:loadbalancer/net/cicd-dev-k8s-lb/343738f1034b94dd"
            ],
            "load_balancing_algorithm_type": null,
            "load_balancing_anomaly_mitigation": null,
            "load_balancing_cross_zone_enabled": "false",
            "name": "cicd-dev-k8s-tg-argo-tls",
            "name_prefix": "",
            "port": 31081,
            "preserve_client_ip": "true",
            "protocol": "TCP",
            "protocol_version": null,
            "proxy_protocol_v2": false,
            "slow_start": 0,
            "stickiness": [
              {
                "cookie_duration": 0,
                "cookie_name": "",
                "enabled": false,
                "type": "source_ip"
              }
            ],
            "tags": {
              "Name": "cicd-dev-k8s-tg-argo-tls"
            },
            "tags_all": {
              "Name": "cicd-dev-k8s-tg-argo-tls"
            },
            "target_failover": [
              {
                "on_deregistration": null,
                "on_unhealthy": null
              }
            ],
            "target_group_health": [
              {
                "dns_failover": [
                  {
                    "minimum_healthy_targets_count": "1",
                    "minimum_healthy_targets_percentage": "off"
                  }
                ],
                "unhealthy_state_routing": [
                  {
                    "minimum_healthy_targets_count": 1,
                    "minimum_healthy_targets_percentage": "off"
                  }
                ]
              }
            ],
            "target_health_state": [
              {
                "enable_unhealthy_connection_termination": true,
                "unhealthy_draining_interval": 0
              }
            ],
            "target_type": "instance",
            "vpc_id": "vpc-067dca424825d683f"
          },
          "sensitive_attributes": [],
          "private": "bnVsbA==",
          "dependencies": [
            "data.aws_vpc.vpc_info",
            "module.sol_vpc.aws_vpc.sol_vpc"
          ]
        }
      ]
    },
    {
      "module": "module.sol_lb_k8s_target_group_attachment_master1[0]",
      "mode": "managed",
      "type": "aws_lb_target_group_attachment",
      "name": "sol_target_group_attachment",
      "provider": "provider[\"registry.terraform.io/hashicorp/aws\"]",
      "instances": [
        {
          "schema_version": 0,
          "attributes": {
            "availability_zone": null,
            "id": "arn:aws:elasticloadbalancing:ap-northeast-2:038462790556:targetgroup/cicd-dev-k8s-tg-k8s/87c1f5bf00ef2e75-2025032400411334860000000f",
            "port": null,
            "target_group_arn": "arn:aws:elasticloadbalancing:ap-northeast-2:038462790556:targetgroup/cicd-dev-k8s-tg-k8s/87c1f5bf00ef2e75",
            "target_id": "i-0b3da6653788f67dc"
          },
          "sensitive_attributes": [],
          "private": "bnVsbA==",
          "dependencies": [
            "aws_key_pair.sol_loginkey",
            "data.aws_internet_gateway.internet_gateway_info",
            "data.aws_vpc.vpc_info",
            "module.sol_iam_master_profile.aws_iam_instance_profile.sol_iam_profile",
            "module.sol_iam_master_role.aws_iam_role.sol_iam_role",
            "module.sol_infra_node.aws_instance.sol_ec2",
            "module.sol_infra_sg.aws_security_group.sol_sg",
            "module.sol_internet_gateway.aws_internet_gateway.sol_internet_gateway",
            "module.sol_lb_k8s_target_group.aws_lb_target_group.sol_target_group",
            "module.sol_master_node.aws_instance.sol_ec2",
            "module.sol_master_sg.aws_security_group.sol_sg",
            "module.sol_nat_eip.aws_eip.sol_eip",
            "module.sol_nic_master.aws_network_interface.sol_nic",
            "module.sol_nic_private.aws_network_interface.sol_nic",
            "module.sol_subnet_private.aws_subnet.sol_subnet",
            "module.sol_vpc.aws_vpc.sol_vpc"
          ]
        }
      ]
    },
    {
      "module": "module.sol_lb_k8s_target_group_attachment_master1[1]",
      "mode": "managed",
      "type": "aws_lb_target_group_attachment",
      "name": "sol_target_group_attachment",
      "provider": "provider[\"registry.terraform.io/hashicorp/aws\"]",
      "instances": [
        {
          "schema_version": 0,
          "attributes": {
            "availability_zone": null,
            "id": "arn:aws:elasticloadbalancing:ap-northeast-2:038462790556:targetgroup/cicd-dev-k8s-tg-grafana/ea4e87c7c67b71f9-20250324004115148900000011",
            "port": null,
            "target_group_arn": "arn:aws:elasticloadbalancing:ap-northeast-2:038462790556:targetgroup/cicd-dev-k8s-tg-grafana/ea4e87c7c67b71f9",
            "target_id": "i-0b3da6653788f67dc"
          },
          "sensitive_attributes": [],
          "private": "bnVsbA==",
          "dependencies": [
            "aws_key_pair.sol_loginkey",
            "data.aws_internet_gateway.internet_gateway_info",
            "data.aws_vpc.vpc_info",
            "module.sol_iam_master_profile.aws_iam_instance_profile.sol_iam_profile",
            "module.sol_iam_master_role.aws_iam_role.sol_iam_role",
            "module.sol_infra_node.aws_instance.sol_ec2",
            "module.sol_infra_sg.aws_security_group.sol_sg",
            "module.sol_internet_gateway.aws_internet_gateway.sol_internet_gateway",
            "module.sol_lb_k8s_target_group.aws_lb_target_group.sol_target_group",
            "module.sol_master_node.aws_instance.sol_ec2",
            "module.sol_master_sg.aws_security_group.sol_sg",
            "module.sol_nat_eip.aws_eip.sol_eip",
            "module.sol_nic_master.aws_network_interface.sol_nic",
            "module.sol_nic_private.aws_network_interface.sol_nic",
            "module.sol_subnet_private.aws_subnet.sol_subnet",
            "module.sol_vpc.aws_vpc.sol_vpc"
          ]
        }
      ]
    },
    {
      "module": "module.sol_lb_k8s_target_group_attachment_master1[2]",
      "mode": "managed",
      "type": "aws_lb_target_group_attachment",
      "name": "sol_target_group_attachment",
      "provider": "provider[\"registry.terraform.io/hashicorp/aws\"]",
      "instances": [
        {
          "schema_version": 0,
          "attributes": {
            "availability_zone": null,
            "id": "arn:aws:elasticloadbalancing:ap-northeast-2:038462790556:targetgroup/cicd-dev-k8s-tg-kiali/13a6d8ec284a99e1-20250324004115264600000012",
            "port": null,
            "target_group_arn": "arn:aws:elasticloadbalancing:ap-northeast-2:038462790556:targetgroup/cicd-dev-k8s-tg-kiali/13a6d8ec284a99e1",
            "target_id": "i-0b3da6653788f67dc"
          },
          "sensitive_attributes": [],
          "private": "bnVsbA==",
          "dependencies": [
            "aws_key_pair.sol_loginkey",
            "data.aws_internet_gateway.internet_gateway_info",
            "data.aws_vpc.vpc_info",
            "module.sol_iam_master_profile.aws_iam_instance_profile.sol_iam_profile",
            "module.sol_iam_master_role.aws_iam_role.sol_iam_role",
            "module.sol_infra_node.aws_instance.sol_ec2",
            "module.sol_infra_sg.aws_security_group.sol_sg",
            "module.sol_internet_gateway.aws_internet_gateway.sol_internet_gateway",
            "module.sol_lb_k8s_target_group.aws_lb_target_group.sol_target_group",
            "module.sol_master_node.aws_instance.sol_ec2",
            "module.sol_master_sg.aws_security_group.sol_sg",
            "module.sol_nat_eip.aws_eip.sol_eip",
            "module.sol_nic_master.aws_network_interface.sol_nic",
            "module.sol_nic_private.aws_network_interface.sol_nic",
            "module.sol_subnet_private.aws_subnet.sol_subnet",
            "module.sol_vpc.aws_vpc.sol_vpc"
          ]
        }
      ]
    },
    {
      "module": "module.sol_lb_k8s_target_group_attachment_master1[3]",
      "mode": "managed",
      "type": "aws_lb_target_group_attachment",
      "name": "sol_target_group_attachment",
      "provider": "provider[\"registry.terraform.io/hashicorp/aws\"]",
      "instances": [
        {
          "schema_version": 0,
          "attributes": {
            "availability_zone": null,
            "id": "arn:aws:elasticloadbalancing:ap-northeast-2:038462790556:targetgroup/cicd-dev-k8s-tg-jaeger/2ae416b9f829b34c-2025032400411317240000000d",
            "port": null,
            "target_group_arn": "arn:aws:elasticloadbalancing:ap-northeast-2:038462790556:targetgroup/cicd-dev-k8s-tg-jaeger/2ae416b9f829b34c",
            "target_id": "i-0b3da6653788f67dc"
          },
          "sensitive_attributes": [],
          "private": "bnVsbA==",
          "dependencies": [
            "aws_key_pair.sol_loginkey",
            "data.aws_internet_gateway.internet_gateway_info",
            "data.aws_vpc.vpc_info",
            "module.sol_iam_master_profile.aws_iam_instance_profile.sol_iam_profile",
            "module.sol_iam_master_role.aws_iam_role.sol_iam_role",
            "module.sol_infra_node.aws_instance.sol_ec2",
            "module.sol_infra_sg.aws_security_group.sol_sg",
            "module.sol_internet_gateway.aws_internet_gateway.sol_internet_gateway",
            "module.sol_lb_k8s_target_group.aws_lb_target_group.sol_target_group",
            "module.sol_master_node.aws_instance.sol_ec2",
            "module.sol_master_sg.aws_security_group.sol_sg",
            "module.sol_nat_eip.aws_eip.sol_eip",
            "module.sol_nic_master.aws_network_interface.sol_nic",
            "module.sol_nic_private.aws_network_interface.sol_nic",
            "module.sol_subnet_private.aws_subnet.sol_subnet",
            "module.sol_vpc.aws_vpc.sol_vpc"
          ]
        }
      ]
    },
    {
      "module": "module.sol_lb_k8s_target_group_attachment_master1[4]",
      "mode": "managed",
      "type": "aws_lb_target_group_attachment",
      "name": "sol_target_group_attachment",
      "provider": "provider[\"registry.terraform.io/hashicorp/aws\"]",
      "instances": [
        {
          "schema_version": 0,
          "attributes": {
            "availability_zone": null,
            "id": "arn:aws:elasticloadbalancing:ap-northeast-2:038462790556:targetgroup/cicd-dev-k8s-tg-p8s/0e29cc1713e13f01-2025032400411314210000000b",
            "port": null,
            "target_group_arn": "arn:aws:elasticloadbalancing:ap-northeast-2:038462790556:targetgroup/cicd-dev-k8s-tg-p8s/0e29cc1713e13f01",
            "target_id": "i-0b3da6653788f67dc"
          },
          "sensitive_attributes": [],
          "private": "bnVsbA==",
          "dependencies": [
            "aws_key_pair.sol_loginkey",
            "data.aws_internet_gateway.internet_gateway_info",
            "data.aws_vpc.vpc_info",
            "module.sol_iam_master_profile.aws_iam_instance_profile.sol_iam_profile",
            "module.sol_iam_master_role.aws_iam_role.sol_iam_role",
            "module.sol_infra_node.aws_instance.sol_ec2",
            "module.sol_infra_sg.aws_security_group.sol_sg",
            "module.sol_internet_gateway.aws_internet_gateway.sol_internet_gateway",
            "module.sol_lb_k8s_target_group.aws_lb_target_group.sol_target_group",
            "module.sol_master_node.aws_instance.sol_ec2",
            "module.sol_master_sg.aws_security_group.sol_sg",
            "module.sol_nat_eip.aws_eip.sol_eip",
            "module.sol_nic_master.aws_network_interface.sol_nic",
            "module.sol_nic_private.aws_network_interface.sol_nic",
            "module.sol_subnet_private.aws_subnet.sol_subnet",
            "module.sol_vpc.aws_vpc.sol_vpc"
          ]
        }
      ]
    },
    {
      "module": "module.sol_lb_k8s_target_group_attachment_master1[5]",
      "mode": "managed",
      "type": "aws_lb_target_group_attachment",
      "name": "sol_target_group_attachment",
      "provider": "provider[\"registry.terraform.io/hashicorp/aws\"]",
      "instances": [
        {
          "schema_version": 0,
          "attributes": {
            "availability_zone": null,
            "id": "arn:aws:elasticloadbalancing:ap-northeast-2:038462790556:targetgroup/cicd-dev-k8s-tg-istio/21d696c6b6d4de9b-2025032400411332170000000e",
            "port": null,
            "target_group_arn": "arn:aws:elasticloadbalancing:ap-northeast-2:038462790556:targetgroup/cicd-dev-k8s-tg-istio/21d696c6b6d4de9b",
            "target_id": "i-0b3da6653788f67dc"
          },
          "sensitive_attributes": [],
          "private": "bnVsbA==",
          "dependencies": [
            "aws_key_pair.sol_loginkey",
            "data.aws_internet_gateway.internet_gateway_info",
            "data.aws_vpc.vpc_info",
            "module.sol_iam_master_profile.aws_iam_instance_profile.sol_iam_profile",
            "module.sol_iam_master_role.aws_iam_role.sol_iam_role",
            "module.sol_infra_node.aws_instance.sol_ec2",
            "module.sol_infra_sg.aws_security_group.sol_sg",
            "module.sol_internet_gateway.aws_internet_gateway.sol_internet_gateway",
            "module.sol_lb_k8s_target_group.aws_lb_target_group.sol_target_group",
            "module.sol_master_node.aws_instance.sol_ec2",
            "module.sol_master_sg.aws_security_group.sol_sg",
            "module.sol_nat_eip.aws_eip.sol_eip",
            "module.sol_nic_master.aws_network_interface.sol_nic",
            "module.sol_nic_private.aws_network_interface.sol_nic",
            "module.sol_subnet_private.aws_subnet.sol_subnet",
            "module.sol_vpc.aws_vpc.sol_vpc"
          ]
        }
      ]
    },
    {
      "module": "module.sol_lb_k8s_target_group_attachment_master1[6]",
      "mode": "managed",
      "type": "aws_lb_target_group_attachment",
      "name": "sol_target_group_attachment",
      "provider": "provider[\"registry.terraform.io/hashicorp/aws\"]",
      "instances": [
        {
          "schema_version": 0,
          "attributes": {
            "availability_zone": null,
            "id": "arn:aws:elasticloadbalancing:ap-northeast-2:038462790556:targetgroup/cicd-dev-k8s-tg-argocd/377243ef45dced6d-2025032400411314260000000c",
            "port": null,
            "target_group_arn": "arn:aws:elasticloadbalancing:ap-northeast-2:038462790556:targetgroup/cicd-dev-k8s-tg-argocd/377243ef45dced6d",
            "target_id": "i-0b3da6653788f67dc"
          },
          "sensitive_attributes": [],
          "private": "bnVsbA==",
          "dependencies": [
            "aws_key_pair.sol_loginkey",
            "data.aws_internet_gateway.internet_gateway_info",
            "data.aws_vpc.vpc_info",
            "module.sol_iam_master_profile.aws_iam_instance_profile.sol_iam_profile",
            "module.sol_iam_master_role.aws_iam_role.sol_iam_role",
            "module.sol_infra_node.aws_instance.sol_ec2",
            "module.sol_infra_sg.aws_security_group.sol_sg",
            "module.sol_internet_gateway.aws_internet_gateway.sol_internet_gateway",
            "module.sol_lb_k8s_target_group.aws_lb_target_group.sol_target_group",
            "module.sol_master_node.aws_instance.sol_ec2",
            "module.sol_master_sg.aws_security_group.sol_sg",
            "module.sol_nat_eip.aws_eip.sol_eip",
            "module.sol_nic_master.aws_network_interface.sol_nic",
            "module.sol_nic_private.aws_network_interface.sol_nic",
            "module.sol_subnet_private.aws_subnet.sol_subnet",
            "module.sol_vpc.aws_vpc.sol_vpc"
          ]
        }
      ]
    },
    {
      "module": "module.sol_lb_k8s_target_group_attachment_master1[7]",
      "mode": "managed",
      "type": "aws_lb_target_group_attachment",
      "name": "sol_target_group_attachment",
      "provider": "provider[\"registry.terraform.io/hashicorp/aws\"]",
      "instances": [
        {
          "schema_version": 0,
          "attributes": {
            "availability_zone": null,
            "id": "arn:aws:elasticloadbalancing:ap-northeast-2:038462790556:targetgroup/cicd-dev-k8s-tg-argo-tls/82ed22ac52a8fba6-20250324004113463100000010",
            "port": null,
            "target_group_arn": "arn:aws:elasticloadbalancing:ap-northeast-2:038462790556:targetgroup/cicd-dev-k8s-tg-argo-tls/82ed22ac52a8fba6",
            "target_id": "i-0b3da6653788f67dc"
          },
          "sensitive_attributes": [],
          "private": "bnVsbA==",
          "dependencies": [
            "aws_key_pair.sol_loginkey",
            "data.aws_internet_gateway.internet_gateway_info",
            "data.aws_vpc.vpc_info",
            "module.sol_iam_master_profile.aws_iam_instance_profile.sol_iam_profile",
            "module.sol_iam_master_role.aws_iam_role.sol_iam_role",
            "module.sol_infra_node.aws_instance.sol_ec2",
            "module.sol_infra_sg.aws_security_group.sol_sg",
            "module.sol_internet_gateway.aws_internet_gateway.sol_internet_gateway",
            "module.sol_lb_k8s_target_group.aws_lb_target_group.sol_target_group",
            "module.sol_master_node.aws_instance.sol_ec2",
            "module.sol_master_sg.aws_security_group.sol_sg",
            "module.sol_nat_eip.aws_eip.sol_eip",
            "module.sol_nic_master.aws_network_interface.sol_nic",
            "module.sol_nic_private.aws_network_interface.sol_nic",
            "module.sol_subnet_private.aws_subnet.sol_subnet",
            "module.sol_vpc.aws_vpc.sol_vpc"
          ]
        }
      ]
    },
    {
      "module": "module.sol_lb_listener[0]",
      "mode": "managed",
      "type": "aws_lb_listener",
      "name": "sol_lb_listener",
      "provider": "provider[\"registry.terraform.io/hashicorp/aws\"]",
      "instances": [
        {
          "schema_version": 0,
          "attributes": {
            "alpn_policy": null,
            "arn": "arn:aws:elasticloadbalancing:ap-northeast-2:038462790556:listener/net/cicd-dev-infra-lb/1e41b79bb01d27f1/4705e762f23d3018",
            "certificate_arn": null,
            "default_action": [
              {
                "authenticate_cognito": [],
                "authenticate_oidc": [],
                "fixed_response": [],
                "forward": [],
                "order": 1,
                "redirect": [],
                "target_group_arn": "arn:aws:elasticloadbalancing:ap-northeast-2:038462790556:targetgroup/cicd-dev-infra-tg-harbor/c77bcdca1164c1fd",
                "type": "forward"
              }
            ],
            "id": "arn:aws:elasticloadbalancing:ap-northeast-2:038462790556:listener/net/cicd-dev-infra-lb/1e41b79bb01d27f1/4705e762f23d3018",
            "load_balancer_arn": "arn:aws:elasticloadbalancing:ap-northeast-2:038462790556:loadbalancer/net/cicd-dev-infra-lb/1e41b79bb01d27f1",
            "mutual_authentication": [],
            "port": 5443,
            "protocol": "TCP",
            "ssl_policy": "",
            "tags": {},
            "tags_all": {},
            "tcp_idle_timeout_seconds": 360,
            "timeouts": null
          },
          "sensitive_attributes": [],
          "private": "eyJlMmJmYjczMC1lY2FhLTExZTYtOGY4OC0zNDM2M2JjN2M0YzAiOnsiY3JlYXRlIjozMDAwMDAwMDAwMDAsInVwZGF0ZSI6MzAwMDAwMDAwMDAwfX0=",
          "dependencies": [
            "data.aws_vpc.vpc_info",
            "module.sol_infra_lb_sg.aws_security_group.sol_sg",
            "module.sol_lb_infra.aws_lb.sol_lb",
            "module.sol_lb_infra_target_group.aws_lb_target_group.sol_target_group",
            "module.sol_subnet_public.aws_subnet.sol_subnet",
            "module.sol_vpc.aws_vpc.sol_vpc"
          ]
        }
      ]
    },
    {
      "module": "module.sol_lb_listener[1]",
      "mode": "managed",
      "type": "aws_lb_listener",
      "name": "sol_lb_listener",
      "provider": "provider[\"registry.terraform.io/hashicorp/aws\"]",
      "instances": [
        {
          "schema_version": 0,
          "attributes": {
            "alpn_policy": null,
            "arn": "arn:aws:elasticloadbalancing:ap-northeast-2:038462790556:listener/net/cicd-dev-infra-lb/1e41b79bb01d27f1/28a1b788eb2dc0df",
            "certificate_arn": null,
            "default_action": [
              {
                "authenticate_cognito": [],
                "authenticate_oidc": [],
                "fixed_response": [],
                "forward": [],
                "order": 1,
                "redirect": [],
                "target_group_arn": "arn:aws:elasticloadbalancing:ap-northeast-2:038462790556:targetgroup/cicd-dev-infra-tg-gitlab/d97221aa95fbc70e",
                "type": "forward"
              }
            ],
            "id": "arn:aws:elasticloadbalancing:ap-northeast-2:038462790556:listener/net/cicd-dev-infra-lb/1e41b79bb01d27f1/28a1b788eb2dc0df",
            "load_balancer_arn": "arn:aws:elasticloadbalancing:ap-northeast-2:038462790556:loadbalancer/net/cicd-dev-infra-lb/1e41b79bb01d27f1",
            "mutual_authentication": [],
            "port": 8443,
            "protocol": "TCP",
            "ssl_policy": "",
            "tags": {},
            "tags_all": {},
            "tcp_idle_timeout_seconds": 360,
            "timeouts": null
          },
          "sensitive_attributes": [],
          "private": "eyJlMmJmYjczMC1lY2FhLTExZTYtOGY4OC0zNDM2M2JjN2M0YzAiOnsiY3JlYXRlIjozMDAwMDAwMDAwMDAsInVwZGF0ZSI6MzAwMDAwMDAwMDAwfX0=",
          "dependencies": [
            "data.aws_vpc.vpc_info",
            "module.sol_infra_lb_sg.aws_security_group.sol_sg",
            "module.sol_lb_infra.aws_lb.sol_lb",
            "module.sol_lb_infra_target_group.aws_lb_target_group.sol_target_group",
            "module.sol_subnet_public.aws_subnet.sol_subnet",
            "module.sol_vpc.aws_vpc.sol_vpc"
          ]
        }
      ]
    },
    {
      "module": "module.sol_lb_listener[2]",
      "mode": "managed",
      "type": "aws_lb_listener",
      "name": "sol_lb_listener",
      "provider": "provider[\"registry.terraform.io/hashicorp/aws\"]",
      "instances": [
        {
          "schema_version": 0,
          "attributes": {
            "alpn_policy": null,
            "arn": "arn:aws:elasticloadbalancing:ap-northeast-2:038462790556:listener/net/cicd-dev-infra-lb/1e41b79bb01d27f1/a4bd135d16c6765a",
            "certificate_arn": null,
            "default_action": [
              {
                "authenticate_cognito": [],
                "authenticate_oidc": [],
                "fixed_response": [],
                "forward": [],
                "order": 1,
                "redirect": [],
                "target_group_arn": "arn:aws:elasticloadbalancing:ap-northeast-2:038462790556:targetgroup/cicd-dev-infra-tg-nexus/fb6442e3a03bb766",
                "type": "forward"
              }
            ],
            "id": "arn:aws:elasticloadbalancing:ap-northeast-2:038462790556:listener/net/cicd-dev-infra-lb/1e41b79bb01d27f1/a4bd135d16c6765a",
            "load_balancer_arn": "arn:aws:elasticloadbalancing:ap-northeast-2:038462790556:loadbalancer/net/cicd-dev-infra-lb/1e41b79bb01d27f1",
            "mutual_authentication": [],
            "port": 8081,
            "protocol": "TCP",
            "ssl_policy": "",
            "tags": {},
            "tags_all": {},
            "tcp_idle_timeout_seconds": 360,
            "timeouts": null
          },
          "sensitive_attributes": [],
          "private": "eyJlMmJmYjczMC1lY2FhLTExZTYtOGY4OC0zNDM2M2JjN2M0YzAiOnsiY3JlYXRlIjozMDAwMDAwMDAwMDAsInVwZGF0ZSI6MzAwMDAwMDAwMDAwfX0=",
          "dependencies": [
            "data.aws_vpc.vpc_info",
            "module.sol_infra_lb_sg.aws_security_group.sol_sg",
            "module.sol_lb_infra.aws_lb.sol_lb",
            "module.sol_lb_infra_target_group.aws_lb_target_group.sol_target_group",
            "module.sol_subnet_public.aws_subnet.sol_subnet",
            "module.sol_vpc.aws_vpc.sol_vpc"
          ]
        }
      ]
    },
    {
      "module": "module.sol_lb_listener[3]",
      "mode": "managed",
      "type": "aws_lb_listener",
      "name": "sol_lb_listener",
      "provider": "provider[\"registry.terraform.io/hashicorp/aws\"]",
      "instances": [
        {
          "schema_version": 0,
          "attributes": {
            "alpn_policy": null,
            "arn": "arn:aws:elasticloadbalancing:ap-northeast-2:038462790556:listener/net/cicd-dev-infra-lb/1e41b79bb01d27f1/aea38e111b5bcb99",
            "certificate_arn": null,
            "default_action": [
              {
                "authenticate_cognito": [],
                "authenticate_oidc": [],
                "fixed_response": [],
                "forward": [],
                "order": 1,
                "redirect": [],
                "target_group_arn": "arn:aws:elasticloadbalancing:ap-northeast-2:038462790556:targetgroup/cicd-dev-infra-tg-jenkins/12acdb5c6d303419",
                "type": "forward"
              }
            ],
            "id": "arn:aws:elasticloadbalancing:ap-northeast-2:038462790556:listener/net/cicd-dev-infra-lb/1e41b79bb01d27f1/aea38e111b5bcb99",
            "load_balancer_arn": "arn:aws:elasticloadbalancing:ap-northeast-2:038462790556:loadbalancer/net/cicd-dev-infra-lb/1e41b79bb01d27f1",
            "mutual_authentication": [],
            "port": 8080,
            "protocol": "TCP",
            "ssl_policy": "",
            "tags": {},
            "tags_all": {},
            "tcp_idle_timeout_seconds": 360,
            "timeouts": null
          },
          "sensitive_attributes": [],
          "private": "eyJlMmJmYjczMC1lY2FhLTExZTYtOGY4OC0zNDM2M2JjN2M0YzAiOnsiY3JlYXRlIjozMDAwMDAwMDAwMDAsInVwZGF0ZSI6MzAwMDAwMDAwMDAwfX0=",
          "dependencies": [
            "data.aws_vpc.vpc_info",
            "module.sol_infra_lb_sg.aws_security_group.sol_sg",
            "module.sol_lb_infra.aws_lb.sol_lb",
            "module.sol_lb_infra_target_group.aws_lb_target_group.sol_target_group",
            "module.sol_subnet_public.aws_subnet.sol_subnet",
            "module.sol_vpc.aws_vpc.sol_vpc"
          ]
        }
      ]
    },
    {
      "module": "module.sol_lb_listener[4]",
      "mode": "managed",
      "type": "aws_lb_listener",
      "name": "sol_lb_listener",
      "provider": "provider[\"registry.terraform.io/hashicorp/aws\"]",
      "instances": [
        {
          "schema_version": 0,
          "attributes": {
            "alpn_policy": null,
            "arn": "arn:aws:elasticloadbalancing:ap-northeast-2:038462790556:listener/net/cicd-dev-infra-lb/1e41b79bb01d27f1/2734114f39b8b146",
            "certificate_arn": null,
            "default_action": [
              {
                "authenticate_cognito": [],
                "authenticate_oidc": [],
                "fixed_response": [],
                "forward": [],
                "order": 1,
                "redirect": [],
                "target_group_arn": "arn:aws:elasticloadbalancing:ap-northeast-2:038462790556:targetgroup/cicd-dev-infra-tg-mysql/4c80d7f0a9def7f7",
                "type": "forward"
              }
            ],
            "id": "arn:aws:elasticloadbalancing:ap-northeast-2:038462790556:listener/net/cicd-dev-infra-lb/1e41b79bb01d27f1/2734114f39b8b146",
            "load_balancer_arn": "arn:aws:elasticloadbalancing:ap-northeast-2:038462790556:loadbalancer/net/cicd-dev-infra-lb/1e41b79bb01d27f1",
            "mutual_authentication": [],
            "port": 9000,
            "protocol": "TCP",
            "ssl_policy": "",
            "tags": {},
            "tags_all": {},
            "tcp_idle_timeout_seconds": 360,
            "timeouts": null
          },
          "sensitive_attributes": [],
          "private": "eyJlMmJmYjczMC1lY2FhLTExZTYtOGY4OC0zNDM2M2JjN2M0YzAiOnsiY3JlYXRlIjozMDAwMDAwMDAwMDAsInVwZGF0ZSI6MzAwMDAwMDAwMDAwfX0=",
          "dependencies": [
            "data.aws_vpc.vpc_info",
            "module.sol_infra_lb_sg.aws_security_group.sol_sg",
            "module.sol_lb_infra.aws_lb.sol_lb",
            "module.sol_lb_infra_target_group.aws_lb_target_group.sol_target_group",
            "module.sol_subnet_public.aws_subnet.sol_subnet",
            "module.sol_vpc.aws_vpc.sol_vpc"
          ]
        }
      ]
    },
    {
      "module": "module.sol_lb_listener[5]",
      "mode": "managed",
      "type": "aws_lb_listener",
      "name": "sol_lb_listener",
      "provider": "provider[\"registry.terraform.io/hashicorp/aws\"]",
      "instances": [
        {
          "schema_version": 0,
          "attributes": {
            "alpn_policy": null,
            "arn": "arn:aws:elasticloadbalancing:ap-northeast-2:038462790556:listener/net/cicd-dev-infra-lb/1e41b79bb01d27f1/7e063ba9f87660e2",
            "certificate_arn": null,
            "default_action": [
              {
                "authenticate_cognito": [],
                "authenticate_oidc": [],
                "fixed_response": [],
                "forward": [],
                "order": 1,
                "redirect": [],
                "target_group_arn": "arn:aws:elasticloadbalancing:ap-northeast-2:038462790556:targetgroup/cicd-dev-infra-tg-mattermost/40461ceb1d756282",
                "type": "forward"
              }
            ],
            "id": "arn:aws:elasticloadbalancing:ap-northeast-2:038462790556:listener/net/cicd-dev-infra-lb/1e41b79bb01d27f1/7e063ba9f87660e2",
            "load_balancer_arn": "arn:aws:elasticloadbalancing:ap-northeast-2:038462790556:loadbalancer/net/cicd-dev-infra-lb/1e41b79bb01d27f1",
            "mutual_authentication": [],
            "port": 8085,
            "protocol": "TCP",
            "ssl_policy": "",
            "tags": {},
            "tags_all": {},
            "tcp_idle_timeout_seconds": 360,
            "timeouts": null
          },
          "sensitive_attributes": [],
          "private": "eyJlMmJmYjczMC1lY2FhLTExZTYtOGY4OC0zNDM2M2JjN2M0YzAiOnsiY3JlYXRlIjozMDAwMDAwMDAwMDAsInVwZGF0ZSI6MzAwMDAwMDAwMDAwfX0=",
          "dependencies": [
            "data.aws_vpc.vpc_info",
            "module.sol_infra_lb_sg.aws_security_group.sol_sg",
            "module.sol_lb_infra.aws_lb.sol_lb",
            "module.sol_lb_infra_target_group.aws_lb_target_group.sol_target_group",
            "module.sol_subnet_public.aws_subnet.sol_subnet",
            "module.sol_vpc.aws_vpc.sol_vpc"
          ]
        }
      ]
    },
    {
      "module": "module.sol_master_node[0]",
      "mode": "managed",
      "type": "aws_instance",
      "name": "sol_ec2",
      "provider": "provider[\"registry.terraform.io/hashicorp/aws\"]",
      "instances": [
        {
          "schema_version": 1,
          "attributes": {
            "ami": "ami-0a0cd2f78e9ef322a",
            "arn": "arn:aws:ec2:ap-northeast-2:038462790556:instance/i-0b3da6653788f67dc",
            "associate_public_ip_address": false,
            "availability_zone": "ap-northeast-2a",
            "capacity_reservation_specification": [
              {
                "capacity_reservation_preference": "open",
                "capacity_reservation_target": []
              }
            ],
            "cpu_core_count": 2,
            "cpu_options": [
              {
                "amd_sev_snp": "",
                "core_count": 2,
                "threads_per_core": 2
              }
            ],
            "cpu_threads_per_core": 2,
            "credit_specification": [
              {
                "cpu_credits": "unlimited"
              }
            ],
            "disable_api_stop": false,
            "disable_api_termination": false,
            "ebs_block_device": [
              {
                "delete_on_termination": true,
                "device_name": "/dev/sdf",
                "encrypted": false,
                "iops": 100,
                "kms_key_id": "",
                "snapshot_id": "",
                "tags": {},
                "tags_all": {},
                "throughput": 0,
                "volume_id": "vol-0ed7e469db18f02d2",
                "volume_size": 10,
                "volume_type": "gp2"
              }
            ],
            "ebs_optimized": false,
            "enable_primary_ipv6": null,
            "enclave_options": [
              {
                "enabled": false
              }
            ],
            "ephemeral_block_device": [],
            "get_password_data": false,
            "hibernation": false,
            "host_id": "",
            "host_resource_group_arn": null,
            "iam_instance_profile": "cicd-dev-master_profile",
            "id": "i-0b3da6653788f67dc",
            "instance_initiated_shutdown_behavior": "stop",
            "instance_lifecycle": "",
            "instance_market_options": [],
            "instance_state": "running",
            "instance_type": "t3.xlarge",
            "ipv6_address_count": 0,
            "ipv6_addresses": [],
            "key_name": "cicd-dev-key",
            "launch_template": [],
            "maintenance_options": [
              {
                "auto_recovery": "default"
              }
            ],
            "metadata_options": [
              {
                "http_endpoint": "enabled",
                "http_protocol_ipv6": "disabled",
                "http_put_response_hop_limit": 1,
                "http_tokens": "optional",
                "instance_metadata_tags": "disabled"
              }
            ],
            "monitoring": false,
            "network_interface": [
              {
                "delete_on_termination": false,
                "device_index": 0,
                "network_card_index": 0,
                "network_interface_id": "eni-0c6f78b2fc1789598"
              }
            ],
            "outpost_arn": "",
            "password_data": "",
            "placement_group": "",
            "placement_partition_number": 0,
            "primary_network_interface_id": "eni-0c6f78b2fc1789598",
            "private_dns": "ip-10-0-2-29.ap-northeast-2.compute.internal",
            "private_dns_name_options": [
              {
                "enable_resource_name_dns_a_record": false,
                "enable_resource_name_dns_aaaa_record": false,
                "hostname_type": "ip-name"
              }
            ],
            "private_ip": "10.0.2.29",
            "public_dns": "",
            "public_ip": "",
            "root_block_device": [
              {
                "delete_on_termination": true,
                "device_name": "/dev/sda1",
                "encrypted": false,
                "iops": 150,
                "kms_key_id": "",
                "tags": {},
                "tags_all": {},
                "throughput": 0,
                "volume_id": "vol-0a385305b955ba787",
                "volume_size": 50,
                "volume_type": "gp2"
              }
            ],
            "secondary_private_ips": [],
            "security_groups": [],
            "source_dest_check": true,
            "spot_instance_request_id": "",
            "subnet_id": "subnet-0b736d0b1e3f446a8",
            "tags": {
              "Name": "cicd-dev-master-0",
              "kubernetes.io/cluster/cicd/dev": "owned",
              "type": "cicd-dev"
            },
            "tags_all": {
              "Name": "cicd-dev-master-0",
              "kubernetes.io/cluster/cicd/dev": "owned",
              "type": "cicd-dev"
            },
            "tenancy": "default",
            "timeouts": null,
            "user_data": "aa49225b3ea5b75d38e096ee2990095f90ca17a2",
            "user_data_base64": null,
            "user_data_replace_on_change": false,
            "volume_tags": null,
            "vpc_security_group_ids": [
              "sg-00cc77076d1f0a0a1"
            ]
          },
          "sensitive_attributes": [],
          "private": "eyJlMmJmYjczMC1lY2FhLTExZTYtOGY4OC0zNDM2M2JjN2M0YzAiOnsiY3JlYXRlIjo2MDAwMDAwMDAwMDAsImRlbGV0ZSI6MTIwMDAwMDAwMDAwMCwicmVhZCI6OTAwMDAwMDAwMDAwLCJ1cGRhdGUiOjYwMDAwMDAwMDAwMH0sInNjaGVtYV92ZXJzaW9uIjoiMSJ9",
          "dependencies": [
            "aws_key_pair.sol_loginkey",
            "data.aws_internet_gateway.internet_gateway_info",
            "data.aws_vpc.vpc_info",
            "module.sol_iam_master_profile.aws_iam_instance_profile.sol_iam_profile",
            "module.sol_iam_master_role.aws_iam_role.sol_iam_role",
            "module.sol_infra_node.aws_instance.sol_ec2",
            "module.sol_infra_sg.aws_security_group.sol_sg",
            "module.sol_internet_gateway.aws_internet_gateway.sol_internet_gateway",
            "module.sol_master_sg.aws_security_group.sol_sg",
            "module.sol_nat_eip.aws_eip.sol_eip",
            "module.sol_nic_master.aws_network_interface.sol_nic",
            "module.sol_nic_private.aws_network_interface.sol_nic",
            "module.sol_subnet_private.aws_subnet.sol_subnet",
            "module.sol_vpc.aws_vpc.sol_vpc"
          ]
        }
      ]
    },
    {
      "module": "module.sol_master_sg[0]",
      "mode": "managed",
      "type": "aws_security_group",
      "name": "sol_sg",
      "provider": "provider[\"registry.terraform.io/hashicorp/aws\"]",
      "instances": [
        {
          "schema_version": 1,
          "attributes": {
            "arn": "arn:aws:ec2:ap-northeast-2:038462790556:security-group/sg-00cc77076d1f0a0a1",
            "description": "Security Group For Master Node",
            "egress": [
              {
                "cidr_blocks": [
                  "0.0.0.0/0"
                ],
                "description": "",
                "from_port": 0,
                "ipv6_cidr_blocks": [],
                "prefix_list_ids": [],
                "protocol": "-1",
                "security_groups": [],
                "self": false,
                "to_port": 0
              }
            ],
            "id": "sg-00cc77076d1f0a0a1",
            "ingress": [
              {
                "cidr_blocks": [
                  "0.0.0.0/0"
                ],
                "description": "",
                "from_port": 0,
                "ipv6_cidr_blocks": [],
                "prefix_list_ids": [],
                "protocol": "-1",
                "security_groups": [],
                "self": false,
                "to_port": 0
              },
              {
                "cidr_blocks": [
                  "10.0.2.0/24"
                ],
                "description": "",
                "from_port": 0,
                "ipv6_cidr_blocks": [],
                "prefix_list_ids": [],
                "protocol": "-1",
                "security_groups": [],
                "self": false,
                "to_port": 0
              },
              {
                "cidr_blocks": [
                  "220.118.2.248/32"
                ],
                "description": "",
                "from_port": 0,
                "ipv6_cidr_blocks": [],
                "prefix_list_ids": [],
                "protocol": "-1",
                "security_groups": [],
                "self": false,
                "to_port": 0
              },
              {
                "cidr_blocks": [
                  "43.203.48.82/32"
                ],
                "description": "",
                "from_port": 0,
                "ipv6_cidr_blocks": [],
                "prefix_list_ids": [],
                "protocol": "-1",
                "security_groups": [],
                "self": false,
                "to_port": 0
              }
            ],
            "name": "cicd-dev-master-sg",
            "name_prefix": "",
            "owner_id": "038462790556",
            "revoke_rules_on_delete": false,
            "tags": {
              "Name": "cicd-dev-master-sg",
              "kubernetes.io/cluster/cicd/dev": "owned"
            },
            "tags_all": {
              "Name": "cicd-dev-master-sg",
              "kubernetes.io/cluster/cicd/dev": "owned"
            },
            "timeouts": null,
            "vpc_id": "vpc-067dca424825d683f"
          },
          "sensitive_attributes": [],
          "private": "eyJlMmJmYjczMC1lY2FhLTExZTYtOGY4OC0zNDM2M2JjN2M0YzAiOnsiY3JlYXRlIjo2MDAwMDAwMDAwMDAsImRlbGV0ZSI6OTAwMDAwMDAwMDAwfSwic2NoZW1hX3ZlcnNpb24iOiIxIn0=",
          "dependencies": [
            "data.aws_internet_gateway.internet_gateway_info",
            "data.aws_vpc.vpc_info",
            "module.sol_internet_gateway.aws_internet_gateway.sol_internet_gateway",
            "module.sol_nat_eip.aws_eip.sol_eip",
            "module.sol_vpc.aws_vpc.sol_vpc"
          ]
        }
      ]
    },
    {
      "module": "module.sol_nat_eip[0]",
      "mode": "managed",
      "type": "aws_eip",
      "name": "sol_eip",
      "provider": "provider[\"registry.terraform.io/hashicorp/aws\"]",
      "instances": [
        {
          "schema_version": 0,
          "attributes": {
            "address": null,
            "allocation_id": "eipalloc-0dc4bc82ba89998c3",
            "arn": "arn:aws:ec2:ap-northeast-2:038462790556:elastic-ip/eipalloc-0dc4bc82ba89998c3",
            "associate_with_private_ip": null,
            "association_id": "eipassoc-062defed7f5b48db6",
            "carrier_ip": "",
            "customer_owned_ip": "",
            "customer_owned_ipv4_pool": "",
            "domain": "vpc",
            "id": "eipalloc-0dc4bc82ba89998c3",
            "instance": "",
            "ipam_pool_id": null,
            "network_border_group": "ap-northeast-2",
            "network_interface": "eni-07e26111939df39b2",
            "private_dns": "ip-10-0-1-243.ap-northeast-2.compute.internal",
            "private_ip": "10.0.1.243",
            "ptr_record": "",
            "public_dns": "ec2-43-203-48-82.ap-northeast-2.compute.amazonaws.com",
            "public_ip": "43.203.48.82",
            "public_ipv4_pool": "amazon",
            "tags": {
              "Name": "cicd-dev-ap-northeast-2a-nat-eip"
            },
            "tags_all": {
              "Name": "cicd-dev-ap-northeast-2a-nat-eip"
            },
            "timeouts": null,
            "vpc": true
          },
          "sensitive_attributes": [],
          "private": "eyJlMmJmYjczMC1lY2FhLTExZTYtOGY4OC0zNDM2M2JjN2M0YzAiOnsiZGVsZXRlIjoxODAwMDAwMDAwMDAsInJlYWQiOjkwMDAwMDAwMDAwMCwidXBkYXRlIjozMDAwMDAwMDAwMDB9fQ==",
          "dependencies": [
            "data.aws_internet_gateway.internet_gateway_info",
            "data.aws_vpc.vpc_info",
            "module.sol_internet_gateway.aws_internet_gateway.sol_internet_gateway",
            "module.sol_vpc.aws_vpc.sol_vpc"
          ]
        }
      ]
    },
    {
      "module": "module.sol_nat_gateway[0]",
      "mode": "managed",
      "type": "aws_nat_gateway",
      "name": "sol_nat_gateway",
      "provider": "provider[\"registry.terraform.io/hashicorp/aws\"]",
      "instances": [
        {
          "schema_version": 0,
          "attributes": {
            "allocation_id": "eipalloc-0dc4bc82ba89998c3",
            "association_id": "eipassoc-062defed7f5b48db6",
            "connectivity_type": "public",
            "id": "nat-0d7beca01d542fa7f",
            "network_interface_id": "eni-07e26111939df39b2",
            "private_ip": "10.0.1.243",
            "public_ip": "43.203.48.82",
            "secondary_allocation_ids": [],
            "secondary_private_ip_address_count": 0,
            "secondary_private_ip_addresses": [],
            "subnet_id": "subnet-0a4d4880e0d5e0d85",
            "tags": {
              "Name": "cicd-dev-ap-northeast-2a-nat"
            },
            "tags_all": {
              "Name": "cicd-dev-ap-northeast-2a-nat"
            },
            "timeouts": null
          },
          "sensitive_attributes": [],
          "private": "eyJlMmJmYjczMC1lY2FhLTExZTYtOGY4OC0zNDM2M2JjN2M0YzAiOnsiY3JlYXRlIjo2MDAwMDAwMDAwMDAsImRlbGV0ZSI6MTgwMDAwMDAwMDAwMCwidXBkYXRlIjo2MDAwMDAwMDAwMDB9fQ==",
          "dependencies": [
            "data.aws_internet_gateway.internet_gateway_info",
            "data.aws_vpc.vpc_info",
            "module.sol_internet_gateway.aws_internet_gateway.sol_internet_gateway",
            "module.sol_nat_eip.aws_eip.sol_eip",
            "module.sol_subnet_public.aws_subnet.sol_subnet",
            "module.sol_vpc.aws_vpc.sol_vpc"
          ]
        }
      ]
    },
    {
      "module": "module.sol_nic_master[0]",
      "mode": "managed",
      "type": "aws_network_interface",
      "name": "sol_nic",
      "provider": "provider[\"registry.terraform.io/hashicorp/aws\"]",
      "instances": [
        {
          "schema_version": 0,
          "attributes": {
            "arn": "arn:aws:ec2:ap-northeast-2:038462790556:network-interface/eni-0c6f78b2fc1789598",
            "attachment": [
              {
                "attachment_id": "eni-attach-05bff0bc039ff6c3a",
                "device_index": 0,
                "instance": "i-0b3da6653788f67dc"
              }
            ],
            "description": "For kubernetes master VM NIC",
            "enable_primary_ipv6": null,
            "id": "eni-0c6f78b2fc1789598",
            "interface_type": "interface",
            "ipv4_prefix_count": 0,
            "ipv4_prefixes": [],
            "ipv6_address_count": 0,
            "ipv6_address_list": [],
            "ipv6_address_list_enabled": false,
            "ipv6_addresses": [],
            "ipv6_prefix_count": 0,
            "ipv6_prefixes": [],
            "mac_address": "02:fa:ed:30:10:ff",
            "outpost_arn": "",
            "owner_id": "038462790556",
            "private_dns_name": "ip-10-0-2-29.ap-northeast-2.compute.internal",
            "private_ip": "10.0.2.29",
            "private_ip_list": [
              "10.0.2.29"
            ],
            "private_ip_list_enabled": false,
            "private_ips": [
              "10.0.2.29"
            ],
            "private_ips_count": 0,
            "security_groups": [
              "sg-00cc77076d1f0a0a1"
            ],
            "source_dest_check": true,
            "subnet_id": "subnet-0b736d0b1e3f446a8",
            "tags": {
              "Name": "cicd-dev-0-master-nic",
              "kubernetes.io/cluster/cicd/dev": "owned"
            },
            "tags_all": {
              "Name": "cicd-dev-0-master-nic",
              "kubernetes.io/cluster/cicd/dev": "owned"
            }
          },
          "sensitive_attributes": [],
          "private": "bnVsbA==",
          "dependencies": [
            "data.aws_internet_gateway.internet_gateway_info",
            "data.aws_vpc.vpc_info",
            "module.sol_internet_gateway.aws_internet_gateway.sol_internet_gateway",
            "module.sol_master_sg.aws_security_group.sol_sg",
            "module.sol_nat_eip.aws_eip.sol_eip",
            "module.sol_subnet_private.aws_subnet.sol_subnet",
            "module.sol_vpc.aws_vpc.sol_vpc"
          ]
        }
      ]
    },
    {
      "module": "module.sol_nic_private[0]",
      "mode": "managed",
      "type": "aws_network_interface",
      "name": "sol_nic",
      "provider": "provider[\"registry.terraform.io/hashicorp/aws\"]",
      "instances": [
        {
          "schema_version": 0,
          "attributes": {
            "arn": "arn:aws:ec2:ap-northeast-2:038462790556:network-interface/eni-08ec1b9f4868d9d68",
            "attachment": [
              {
                "attachment_id": "eni-attach-0bcce42da453b1622",
                "device_index": 0,
                "instance": "i-077f683582a0c75a1"
              }
            ],
            "description": "For Private Infra VM NIC",
            "enable_primary_ipv6": null,
            "id": "eni-08ec1b9f4868d9d68",
            "interface_type": "interface",
            "ipv4_prefix_count": 0,
            "ipv4_prefixes": [],
            "ipv6_address_count": 0,
            "ipv6_address_list": [],
            "ipv6_address_list_enabled": false,
            "ipv6_addresses": [],
            "ipv6_prefix_count": 0,
            "ipv6_prefixes": [],
            "mac_address": "02:97:f9:9d:5c:af",
            "outpost_arn": "",
            "owner_id": "038462790556",
            "private_dns_name": "ip-10-0-2-174.ap-northeast-2.compute.internal",
            "private_ip": "10.0.2.174",
            "private_ip_list": [
              "10.0.2.174"
            ],
            "private_ip_list_enabled": false,
            "private_ips": [
              "10.0.2.174"
            ],
            "private_ips_count": 0,
            "security_groups": [
              "sg-0d7cdab936897d708"
            ],
            "source_dest_check": true,
            "subnet_id": "subnet-0b736d0b1e3f446a8",
            "tags": {
              "Name": "cicd-dev-0-infra-nic",
              "kubernetes.io/cluster/cicd/dev": "owned"
            },
            "tags_all": {
              "Name": "cicd-dev-0-infra-nic",
              "kubernetes.io/cluster/cicd/dev": "owned"
            }
          },
          "sensitive_attributes": [],
          "private": "bnVsbA==",
          "dependencies": [
            "data.aws_internet_gateway.internet_gateway_info",
            "data.aws_vpc.vpc_info",
            "module.sol_infra_sg.aws_security_group.sol_sg",
            "module.sol_internet_gateway.aws_internet_gateway.sol_internet_gateway",
            "module.sol_nat_eip.aws_eip.sol_eip",
            "module.sol_subnet_private.aws_subnet.sol_subnet",
            "module.sol_vpc.aws_vpc.sol_vpc"
          ]
        }
      ]
    },
    {
      "module": "module.sol_nic_public[0]",
      "mode": "managed",
      "type": "aws_network_interface",
      "name": "sol_nic",
      "provider": "provider[\"registry.terraform.io/hashicorp/aws\"]",
      "instances": [
        {
          "schema_version": 0,
          "attributes": {
            "arn": "arn:aws:ec2:ap-northeast-2:038462790556:network-interface/eni-0f11281818b1dc0f5",
            "attachment": [
              {
                "attachment_id": "eni-attach-0d5d58a3bff3fb8a4",
                "device_index": 0,
                "instance": "i-01f9907eca58555ea"
              }
            ],
            "description": "For Public Jumpbox VM NIC",
            "enable_primary_ipv6": null,
            "id": "eni-0f11281818b1dc0f5",
            "interface_type": "interface",
            "ipv4_prefix_count": 0,
            "ipv4_prefixes": [],
            "ipv6_address_count": 0,
            "ipv6_address_list": [],
            "ipv6_address_list_enabled": false,
            "ipv6_addresses": [],
            "ipv6_prefix_count": 0,
            "ipv6_prefixes": [],
            "mac_address": "02:ba:4b:65:a5:a7",
            "outpost_arn": "",
            "owner_id": "038462790556",
            "private_dns_name": "ip-10-0-1-9.ap-northeast-2.compute.internal",
            "private_ip": "10.0.1.9",
            "private_ip_list": [
              "10.0.1.9"
            ],
            "private_ip_list_enabled": false,
            "private_ips": [
              "10.0.1.9"
            ],
            "private_ips_count": 0,
            "security_groups": [
              "sg-09ed7d9a541fea7be"
            ],
            "source_dest_check": true,
            "subnet_id": "subnet-0a4d4880e0d5e0d85",
            "tags": {
              "Name": "cicd-dev-0-jumpbox-nic",
              "kubernetes.io/cluster/cicd/dev": "owned"
            },
            "tags_all": {
              "Name": "cicd-dev-0-jumpbox-nic",
              "kubernetes.io/cluster/cicd/dev": "owned"
            }
          },
          "sensitive_attributes": [],
          "private": "bnVsbA==",
          "dependencies": [
            "data.aws_vpc.vpc_info",
            "module.sol_jumpbox_sg.aws_security_group.sol_sg",
            "module.sol_subnet_public.aws_subnet.sol_subnet",
            "module.sol_vpc.aws_vpc.sol_vpc"
          ]
        }
      ]
    },
    {
      "module": "module.sol_private_acl[0]",
      "mode": "managed",
      "type": "aws_network_acl",
      "name": "sol_acl",
      "provider": "provider[\"registry.terraform.io/hashicorp/aws\"]",
      "instances": [
        {
          "schema_version": 0,
          "attributes": {
            "arn": "arn:aws:ec2:ap-northeast-2:038462790556:network-acl/acl-0e90307173d1fb5cf",
            "egress": [
              {
                "action": "allow",
                "cidr_block": "0.0.0.0/0",
                "from_port": 0,
                "icmp_code": 0,
                "icmp_type": 0,
                "ipv6_cidr_block": "",
                "protocol": "-1",
                "rule_no": 100,
                "to_port": 0
              }
            ],
            "id": "acl-0e90307173d1fb5cf",
            "ingress": [
              {
                "action": "allow",
                "cidr_block": "0.0.0.0/0",
                "from_port": 0,
                "icmp_code": 0,
                "icmp_type": 0,
                "ipv6_cidr_block": "",
                "protocol": "-1",
                "rule_no": 100,
                "to_port": 0
              }
            ],
            "owner_id": "038462790556",
            "subnet_ids": [
              "subnet-0b736d0b1e3f446a8"
            ],
            "tags": {
              "Name": "cicd-dev-private-0-acl"
            },
            "tags_all": {
              "Name": "cicd-dev-private-0-acl"
            },
            "vpc_id": "vpc-067dca424825d683f"
          },
          "sensitive_attributes": [],
          "private": "bnVsbA==",
          "dependencies": [
            "data.aws_vpc.vpc_info",
            "module.sol_subnet_private.aws_subnet.sol_subnet",
            "module.sol_vpc.aws_vpc.sol_vpc"
          ]
        }
      ]
    },
    {
      "module": "module.sol_private_route[0]",
      "mode": "managed",
      "type": "aws_route",
      "name": "sol_route",
      "provider": "provider[\"registry.terraform.io/hashicorp/aws\"]",
      "instances": [
        {
          "schema_version": 0,
          "attributes": {
            "carrier_gateway_id": "",
            "core_network_arn": "",
            "destination_cidr_block": "0.0.0.0/0",
            "destination_ipv6_cidr_block": "",
            "destination_prefix_list_id": "",
            "egress_only_gateway_id": "",
            "gateway_id": "",
            "id": "r-rtb-06765bb0a33c4649c1080289494",
            "instance_id": "",
            "instance_owner_id": "",
            "local_gateway_id": "",
            "nat_gateway_id": "nat-0d7beca01d542fa7f",
            "network_interface_id": "",
            "origin": "CreateRoute",
            "route_table_id": "rtb-06765bb0a33c4649c",
            "state": "active",
            "timeouts": null,
            "transit_gateway_id": "",
            "vpc_endpoint_id": "",
            "vpc_peering_connection_id": ""
          },
          "sensitive_attributes": [],
          "private": "eyJlMmJmYjczMC1lY2FhLTExZTYtOGY4OC0zNDM2M2JjN2M0YzAiOnsiY3JlYXRlIjozMDAwMDAwMDAwMDAsImRlbGV0ZSI6MzAwMDAwMDAwMDAwLCJ1cGRhdGUiOjEyMDAwMDAwMDAwMH19",
          "dependencies": [
            "data.aws_internet_gateway.internet_gateway_info",
            "data.aws_vpc.vpc_info",
            "module.sol_internet_gateway.aws_internet_gateway.sol_internet_gateway",
            "module.sol_nat_eip.aws_eip.sol_eip",
            "module.sol_nat_gateway.aws_nat_gateway.sol_nat_gateway",
            "module.sol_route_table.aws_route_table.sol_route_table",
            "module.sol_subnet_public.aws_subnet.sol_subnet",
            "module.sol_vpc.aws_vpc.sol_vpc"
          ]
        }
      ]
    },
    {
      "module": "module.sol_private_route_table_associaion[0]",
      "mode": "managed",
      "type": "aws_route_table_association",
      "name": "sol_route_table_association",
      "provider": "provider[\"registry.terraform.io/hashicorp/aws\"]",
      "instances": [
        {
          "schema_version": 0,
          "attributes": {
            "gateway_id": "",
            "id": "rtbassoc-08b1e0ccaba90f84a",
            "route_table_id": "rtb-06765bb0a33c4649c",
            "subnet_id": "subnet-0b736d0b1e3f446a8",
            "timeouts": null
          },
          "sensitive_attributes": [],
          "private": "eyJlMmJmYjczMC1lY2FhLTExZTYtOGY4OC0zNDM2M2JjN2M0YzAiOnsiY3JlYXRlIjozMDAwMDAwMDAwMDAsImRlbGV0ZSI6MzAwMDAwMDAwMDAwLCJ1cGRhdGUiOjEyMDAwMDAwMDAwMH19",
          "dependencies": [
            "data.aws_vpc.vpc_info",
            "module.sol_route_table.aws_route_table.sol_route_table",
            "module.sol_subnet_private.aws_subnet.sol_subnet",
            "module.sol_vpc.aws_vpc.sol_vpc"
          ]
        }
      ]
    },
    {
      "module": "module.sol_public_acl[0]",
      "mode": "managed",
      "type": "aws_network_acl",
      "name": "sol_acl",
      "provider": "provider[\"registry.terraform.io/hashicorp/aws\"]",
      "instances": [
        {
          "schema_version": 0,
          "attributes": {
            "arn": "arn:aws:ec2:ap-northeast-2:038462790556:network-acl/acl-07f6f91aed26841c3",
            "egress": [
              {
                "action": "allow",
                "cidr_block": "0.0.0.0/0",
                "from_port": 0,
                "icmp_code": 0,
                "icmp_type": 0,
                "ipv6_cidr_block": "",
                "protocol": "-1",
                "rule_no": 100,
                "to_port": 0
              }
            ],
            "id": "acl-07f6f91aed26841c3",
            "ingress": [
              {
                "action": "allow",
                "cidr_block": "0.0.0.0/0",
                "from_port": 0,
                "icmp_code": 0,
                "icmp_type": 0,
                "ipv6_cidr_block": "",
                "protocol": "-1",
                "rule_no": 100,
                "to_port": 0
              }
            ],
            "owner_id": "038462790556",
            "subnet_ids": [
              "subnet-0a4d4880e0d5e0d85"
            ],
            "tags": {
              "Name": "cicd-dev-public-0-acl"
            },
            "tags_all": {
              "Name": "cicd-dev-public-0-acl"
            },
            "vpc_id": "vpc-067dca424825d683f"
          },
          "sensitive_attributes": [],
          "private": "bnVsbA==",
          "dependencies": [
            "data.aws_vpc.vpc_info",
            "module.sol_subnet_public.aws_subnet.sol_subnet",
            "module.sol_vpc.aws_vpc.sol_vpc"
          ]
        }
      ]
    },
    {
      "module": "module.sol_public_route_table_associaion[0]",
      "mode": "managed",
      "type": "aws_route_table_association",
      "name": "sol_route_table_association",
      "provider": "provider[\"registry.terraform.io/hashicorp/aws\"]",
      "instances": [
        {
          "schema_version": 0,
          "attributes": {
            "gateway_id": "",
            "id": "rtbassoc-000d6af946b059898",
            "route_table_id": "rtb-0d27e371f442c3080",
            "subnet_id": "subnet-0a4d4880e0d5e0d85",
            "timeouts": null
          },
          "sensitive_attributes": [],
          "private": "eyJlMmJmYjczMC1lY2FhLTExZTYtOGY4OC0zNDM2M2JjN2M0YzAiOnsiY3JlYXRlIjozMDAwMDAwMDAwMDAsImRlbGV0ZSI6MzAwMDAwMDAwMDAwLCJ1cGRhdGUiOjEyMDAwMDAwMDAwMH19",
          "dependencies": [
            "data.aws_vpc.vpc_info",
            "module.sol_subnet_public.aws_subnet.sol_subnet",
            "module.sol_vpc.aws_vpc.sol_vpc"
          ]
        }
      ]
    },
    {
      "module": "module.sol_route_table[0]",
      "mode": "managed",
      "type": "aws_route_table",
      "name": "sol_route_table",
      "provider": "provider[\"registry.terraform.io/hashicorp/aws\"]",
      "instances": [
        {
          "schema_version": 0,
          "attributes": {
            "arn": "arn:aws:ec2:ap-northeast-2:038462790556:route-table/rtb-06765bb0a33c4649c",
            "id": "rtb-06765bb0a33c4649c",
            "owner_id": "038462790556",
            "propagating_vgws": [],
            "route": [
              {
                "carrier_gateway_id": "",
                "cidr_block": "0.0.0.0/0",
                "core_network_arn": "",
                "destination_prefix_list_id": "",
                "egress_only_gateway_id": "",
                "gateway_id": "",
                "ipv6_cidr_block": "",
                "local_gateway_id": "",
                "nat_gateway_id": "nat-0d7beca01d542fa7f",
                "network_interface_id": "",
                "transit_gateway_id": "",
                "vpc_endpoint_id": "",
                "vpc_peering_connection_id": ""
              }
            ],
            "tags": {
              "Name": "cicd-dev-pri-route_table",
              "kubernetes.io/cluster/cicd-dev": "owned"
            },
            "tags_all": {
              "Name": "cicd-dev-pri-route_table",
              "kubernetes.io/cluster/cicd-dev": "owned"
            },
            "timeouts": null,
            "vpc_id": "vpc-067dca424825d683f"
          },
          "sensitive_attributes": [],
          "private": "eyJlMmJmYjczMC1lY2FhLTExZTYtOGY4OC0zNDM2M2JjN2M0YzAiOnsiY3JlYXRlIjozMDAwMDAwMDAwMDAsImRlbGV0ZSI6MzAwMDAwMDAwMDAwLCJ1cGRhdGUiOjEyMDAwMDAwMDAwMH19",
          "dependencies": [
            "data.aws_vpc.vpc_info",
            "module.sol_vpc.aws_vpc.sol_vpc"
          ]
        }
      ]
    },
    {
      "module": "module.sol_subnet_private[0]",
      "mode": "managed",
      "type": "aws_subnet",
      "name": "sol_subnet",
      "provider": "provider[\"registry.terraform.io/hashicorp/aws\"]",
      "instances": [
        {
          "schema_version": 1,
          "attributes": {
            "arn": "arn:aws:ec2:ap-northeast-2:038462790556:subnet/subnet-0b736d0b1e3f446a8",
            "assign_ipv6_address_on_creation": false,
            "availability_zone": "ap-northeast-2a",
            "availability_zone_id": "apne2-az1",
            "cidr_block": "10.0.2.0/24",
            "customer_owned_ipv4_pool": "",
            "enable_dns64": false,
            "enable_lni_at_device_index": 0,
            "enable_resource_name_dns_a_record_on_launch": false,
            "enable_resource_name_dns_aaaa_record_on_launch": false,
            "id": "subnet-0b736d0b1e3f446a8",
            "ipv6_cidr_block": "",
            "ipv6_cidr_block_association_id": "",
            "ipv6_native": false,
            "map_customer_owned_ip_on_launch": false,
            "map_public_ip_on_launch": false,
            "outpost_arn": "",
            "owner_id": "038462790556",
            "private_dns_hostname_type_on_launch": "ip-name",
            "tags": {
              "Name": "cicd-ap-northeast-2a-private-subnet",
              "kubernetes.io/cluster/cicd-dev": "owned"
            },
            "tags_all": {
              "Name": "cicd-ap-northeast-2a-private-subnet",
              "kubernetes.io/cluster/cicd-dev": "owned"
            },
            "timeouts": null,
            "vpc_id": "vpc-067dca424825d683f"
          },
          "sensitive_attributes": [],
          "private": "eyJlMmJmYjczMC1lY2FhLTExZTYtOGY4OC0zNDM2M2JjN2M0YzAiOnsiY3JlYXRlIjo2MDAwMDAwMDAwMDAsImRlbGV0ZSI6MTIwMDAwMDAwMDAwMH0sInNjaGVtYV92ZXJzaW9uIjoiMSJ9",
          "dependencies": [
            "data.aws_vpc.vpc_info",
            "module.sol_vpc.aws_vpc.sol_vpc"
          ]
        }
      ]
    },
    {
      "module": "module.sol_subnet_public[0]",
      "mode": "managed",
      "type": "aws_subnet",
      "name": "sol_subnet",
      "provider": "provider[\"registry.terraform.io/hashicorp/aws\"]",
      "instances": [
        {
          "schema_version": 1,
          "attributes": {
            "arn": "arn:aws:ec2:ap-northeast-2:038462790556:subnet/subnet-0a4d4880e0d5e0d85",
            "assign_ipv6_address_on_creation": false,
            "availability_zone": "ap-northeast-2a",
            "availability_zone_id": "apne2-az1",
            "cidr_block": "10.0.1.0/24",
            "customer_owned_ipv4_pool": "",
            "enable_dns64": false,
            "enable_lni_at_device_index": 0,
            "enable_resource_name_dns_a_record_on_launch": false,
            "enable_resource_name_dns_aaaa_record_on_launch": false,
            "id": "subnet-0a4d4880e0d5e0d85",
            "ipv6_cidr_block": "",
            "ipv6_cidr_block_association_id": "",
            "ipv6_native": false,
            "map_customer_owned_ip_on_launch": false,
            "map_public_ip_on_launch": true,
            "outpost_arn": "",
            "owner_id": "038462790556",
            "private_dns_hostname_type_on_launch": "ip-name",
            "tags": {
              "Name": "cicd-ap-northeast-2a-public-subnet",
              "kubernetes.io/cluster/cicd-dev": "owned"
            },
            "tags_all": {
              "Name": "cicd-ap-northeast-2a-public-subnet",
              "kubernetes.io/cluster/cicd-dev": "owned"
            },
            "timeouts": null,
            "vpc_id": "vpc-067dca424825d683f"
          },
          "sensitive_attributes": [],
          "private": "eyJlMmJmYjczMC1lY2FhLTExZTYtOGY4OC0zNDM2M2JjN2M0YzAiOnsiY3JlYXRlIjo2MDAwMDAwMDAwMDAsImRlbGV0ZSI6MTIwMDAwMDAwMDAwMH0sInNjaGVtYV92ZXJzaW9uIjoiMSJ9",
          "dependencies": [
            "data.aws_vpc.vpc_info",
            "module.sol_vpc.aws_vpc.sol_vpc"
          ]
        }
      ]
    },
    {
      "module": "module.sol_vpc[0]",
      "mode": "managed",
      "type": "aws_vpc",
      "name": "sol_vpc",
      "provider": "provider[\"registry.terraform.io/hashicorp/aws\"]",
      "instances": [
        {
          "schema_version": 1,
          "attributes": {
            "arn": "arn:aws:ec2:ap-northeast-2:038462790556:vpc/vpc-067dca424825d683f",
            "assign_generated_ipv6_cidr_block": false,
            "cidr_block": "10.0.0.0/16",
            "default_network_acl_id": "acl-020fe97fb33cc153b",
            "default_route_table_id": "rtb-0d27e371f442c3080",
            "default_security_group_id": "sg-09e8b85760e124118",
            "dhcp_options_id": "dopt-0a03607f9ce8a9f22",
            "enable_dns_hostnames": true,
            "enable_dns_support": true,
            "enable_network_address_usage_metrics": false,
            "id": "vpc-067dca424825d683f",
            "instance_tenancy": "default",
            "ipv4_ipam_pool_id": null,
            "ipv4_netmask_length": null,
            "ipv6_association_id": "",
            "ipv6_cidr_block": "",
            "ipv6_cidr_block_network_border_group": "",
            "ipv6_ipam_pool_id": "",
            "ipv6_netmask_length": 0,
            "main_route_table_id": "rtb-0d27e371f442c3080",
            "owner_id": "038462790556",
            "tags": {
              "Name": "cicd"
            },
            "tags_all": {
              "Name": "cicd"
            }
          },
          "sensitive_attributes": [],
          "private": "eyJzY2hlbWFfdmVyc2lvbiI6IjEifQ=="
        }
      ]
    },
    {
      "module": "module.sol_worker_asg[0]",
      "mode": "managed",
      "type": "aws_autoscaling_group",
      "name": "sol_asg",
      "provider": "provider[\"registry.terraform.io/hashicorp/aws\"]",
      "instances": [
        {
          "schema_version": 1,
          "attributes": {
            "arn": "arn:aws:autoscaling:ap-northeast-2:038462790556:autoScalingGroup:2f240cf7-2afb-4ace-941b-94803d86c38d:autoScalingGroupName/cicd-dev-worker-asg",
            "availability_zone_distribution": [
              {
                "capacity_distribution_strategy": "balanced-best-effort"
              }
            ],
            "availability_zones": [
              "ap-northeast-2a"
            ],
            "capacity_rebalance": false,
            "context": "",
            "default_cooldown": 300,
            "default_instance_warmup": 0,
            "desired_capacity": 1,
            "desired_capacity_type": "",
            "enabled_metrics": null,
            "force_delete": false,
            "force_delete_warm_pool": false,
            "health_check_grace_period": 300,
            "health_check_type": "EC2",
            "id": "cicd-dev-worker-asg",
            "ignore_failed_scaling_activities": false,
            "initial_lifecycle_hook": [],
            "instance_maintenance_policy": [],
            "instance_refresh": [],
            "launch_configuration": "",
            "launch_template": [
              {
                "id": "lt-04e3ea33a46e009a5",
                "name": "cicd-dev-worker-asg-init_script",
                "version": "$Latest"
              }
            ],
            "load_balancers": [],
            "max_instance_lifetime": 0,
            "max_size": 1,
            "metrics_granularity": "1Minute",
            "min_elb_capacity": null,
            "min_size": 1,
            "mixed_instances_policy": [],
            "name": "cicd-dev-worker-asg",
            "name_prefix": "",
            "placement_group": "",
            "predicted_capacity": 0,
            "protect_from_scale_in": false,
            "service_linked_role_arn": "arn:aws:iam::038462790556:role/aws-service-role/autoscaling.amazonaws.com/AWSServiceRoleForAutoScaling",
            "suspended_processes": null,
            "tag": [
              {
                "key": "Name",
                "propagate_at_launch": true,
                "value": "cicd-dev-worker-asg"
              },
              {
                "key": "kubernetes.io/cluster/cicd-dev",
                "propagate_at_launch": true,
                "value": "owned"
              }
            ],
            "target_group_arns": [
              "arn:aws:elasticloadbalancing:ap-northeast-2:038462790556:targetgroup/cicd-dev-k8s-tg-argo-tls/82ed22ac52a8fba6",
              "arn:aws:elasticloadbalancing:ap-northeast-2:038462790556:targetgroup/cicd-dev-k8s-tg-argocd/377243ef45dced6d",
              "arn:aws:elasticloadbalancing:ap-northeast-2:038462790556:targetgroup/cicd-dev-k8s-tg-grafana/ea4e87c7c67b71f9",
              "arn:aws:elasticloadbalancing:ap-northeast-2:038462790556:targetgroup/cicd-dev-k8s-tg-istio/21d696c6b6d4de9b",
              "arn:aws:elasticloadbalancing:ap-northeast-2:038462790556:targetgroup/cicd-dev-k8s-tg-jaeger/2ae416b9f829b34c",
              "arn:aws:elasticloadbalancing:ap-northeast-2:038462790556:targetgroup/cicd-dev-k8s-tg-k8s/87c1f5bf00ef2e75",
              "arn:aws:elasticloadbalancing:ap-northeast-2:038462790556:targetgroup/cicd-dev-k8s-tg-kiali/13a6d8ec284a99e1",
              "arn:aws:elasticloadbalancing:ap-northeast-2:038462790556:targetgroup/cicd-dev-k8s-tg-p8s/0e29cc1713e13f01"
            ],
            "termination_policies": null,
            "timeouts": null,
            "traffic_source": [
              {
                "identifier": "arn:aws:elasticloadbalancing:ap-northeast-2:038462790556:targetgroup/cicd-dev-k8s-tg-argo-tls/82ed22ac52a8fba6",
                "type": "elbv2"
              },
              {
                "identifier": "arn:aws:elasticloadbalancing:ap-northeast-2:038462790556:targetgroup/cicd-dev-k8s-tg-argocd/377243ef45dced6d",
                "type": "elbv2"
              },
              {
                "identifier": "arn:aws:elasticloadbalancing:ap-northeast-2:038462790556:targetgroup/cicd-dev-k8s-tg-grafana/ea4e87c7c67b71f9",
                "type": "elbv2"
              },
              {
                "identifier": "arn:aws:elasticloadbalancing:ap-northeast-2:038462790556:targetgroup/cicd-dev-k8s-tg-istio/21d696c6b6d4de9b",
                "type": "elbv2"
              },
              {
                "identifier": "arn:aws:elasticloadbalancing:ap-northeast-2:038462790556:targetgroup/cicd-dev-k8s-tg-jaeger/2ae416b9f829b34c",
                "type": "elbv2"
              },
              {
                "identifier": "arn:aws:elasticloadbalancing:ap-northeast-2:038462790556:targetgroup/cicd-dev-k8s-tg-k8s/87c1f5bf00ef2e75",
                "type": "elbv2"
              },
              {
                "identifier": "arn:aws:elasticloadbalancing:ap-northeast-2:038462790556:targetgroup/cicd-dev-k8s-tg-kiali/13a6d8ec284a99e1",
                "type": "elbv2"
              },
              {
                "identifier": "arn:aws:elasticloadbalancing:ap-northeast-2:038462790556:targetgroup/cicd-dev-k8s-tg-p8s/0e29cc1713e13f01",
                "type": "elbv2"
              }
            ],
            "vpc_zone_identifier": [
              "subnet-0b736d0b1e3f446a8"
            ],
            "wait_for_capacity_timeout": "10m",
            "wait_for_elb_capacity": null,
            "warm_pool": [],
            "warm_pool_size": 0
          },
          "sensitive_attributes": [],
          "private": "eyJlMmJmYjczMC1lY2FhLTExZTYtOGY4OC0zNDM2M2JjN2M0YzAiOnsiZGVsZXRlIjo2MDAwMDAwMDAwMDAsInVwZGF0ZSI6NjAwMDAwMDAwMDAwfSwic2NoZW1hX3ZlcnNpb24iOiIxIn0=",
          "dependencies": [
            "aws_key_pair.sol_loginkey",
            "data.aws_internet_gateway.internet_gateway_info",
            "data.aws_vpc.vpc_info",
            "module.sol_ami_k8s.aws_ami_from_instance.sol_k8s_ami",
            "module.sol_iam_master_profile.aws_iam_instance_profile.sol_iam_profile",
            "module.sol_iam_master_role.aws_iam_role.sol_iam_role",
            "module.sol_iam_worker_profile_asg.aws_iam_instance_profile.sol_iam_profile",
            "module.sol_iam_worker_role_asg.aws_iam_role.sol_iam_role",
            "module.sol_infra_node.aws_instance.sol_ec2",
            "module.sol_infra_sg.aws_security_group.sol_sg",
            "module.sol_internet_gateway.aws_internet_gateway.sol_internet_gateway",
            "module.sol_k8s_lb_sg.aws_security_group.sol_sg",
            "module.sol_lb_k8s.aws_lb.sol_lb",
            "module.sol_lb_k8s_target_group.aws_lb_target_group.sol_target_group",
            "module.sol_master_node.aws_instance.sol_ec2",
            "module.sol_master_sg.aws_security_group.sol_sg",
            "module.sol_nat_eip.aws_eip.sol_eip",
            "module.sol_nic_master.aws_network_interface.sol_nic",
            "module.sol_nic_private.aws_network_interface.sol_nic",
            "module.sol_subnet_private.aws_subnet.sol_subnet",
            "module.sol_subnet_public.aws_subnet.sol_subnet",
            "module.sol_vpc.aws_vpc.sol_vpc",
            "module.sol_worker_asg_sg.aws_security_group.sol_sg",
            "module.sol_worker_asg_template.aws_launch_template.sol_asg_launch_template"
          ]
        }
      ]
    },
    {
      "module": "module.sol_worker_asg_sg[0]",
      "mode": "managed",
      "type": "aws_security_group",
      "name": "sol_sg",
      "provider": "provider[\"registry.terraform.io/hashicorp/aws\"]",
      "instances": [
        {
          "schema_version": 1,
          "attributes": {
            "arn": "arn:aws:ec2:ap-northeast-2:038462790556:security-group/sg-07490f00d0bf5c86d",
            "description": "Security Group for worker autoscaling group",
            "egress": [
              {
                "cidr_blocks": [
                  "0.0.0.0/0"
                ],
                "description": "",
                "from_port": 0,
                "ipv6_cidr_blocks": [],
                "prefix_list_ids": [],
                "protocol": "-1",
                "security_groups": [],
                "self": false,
                "to_port": 0
              }
            ],
            "id": "sg-07490f00d0bf5c86d",
            "ingress": [
              {
                "cidr_blocks": [
                  "0.0.0.0/0"
                ],
                "description": "",
                "from_port": 0,
                "ipv6_cidr_blocks": [],
                "prefix_list_ids": [],
                "protocol": "-1",
                "security_groups": [],
                "self": false,
                "to_port": 0
              },
              {
                "cidr_blocks": [
                  "10.0.1.0/24"
                ],
                "description": "",
                "from_port": 0,
                "ipv6_cidr_blocks": [],
                "prefix_list_ids": [],
                "protocol": "-1",
                "security_groups": [],
                "self": false,
                "to_port": 0
              },
              {
                "cidr_blocks": [
                  "10.0.2.0/24"
                ],
                "description": "",
                "from_port": 0,
                "ipv6_cidr_blocks": [],
                "prefix_list_ids": [],
                "protocol": "-1",
                "security_groups": [],
                "self": false,
                "to_port": 0
              },
              {
                "cidr_blocks": [
                  "220.118.2.248/32"
                ],
                "description": "",
                "from_port": 0,
                "ipv6_cidr_blocks": [],
                "prefix_list_ids": [],
                "protocol": "-1",
                "security_groups": [],
                "self": false,
                "to_port": 0
              },
              {
                "cidr_blocks": [
                  "43.203.48.82/32"
                ],
                "description": "",
                "from_port": 0,
                "ipv6_cidr_blocks": [],
                "prefix_list_ids": [],
                "protocol": "-1",
                "security_groups": [],
                "self": false,
                "to_port": 0
              }
            ],
            "name": "cicd-dev-worker-ec2-sg",
            "name_prefix": "",
            "owner_id": "038462790556",
            "revoke_rules_on_delete": false,
            "tags": {
              "Name": "cicd-dev-worker-ec2-sg",
              "kubernetes.io/cluster/cicd/dev": "owned"
            },
            "tags_all": {
              "Name": "cicd-dev-worker-ec2-sg",
              "kubernetes.io/cluster/cicd/dev": "owned"
            },
            "timeouts": null,
            "vpc_id": "vpc-067dca424825d683f"
          },
          "sensitive_attributes": [],
          "private": "eyJlMmJmYjczMC1lY2FhLTExZTYtOGY4OC0zNDM2M2JjN2M0YzAiOnsiY3JlYXRlIjo2MDAwMDAwMDAwMDAsImRlbGV0ZSI6OTAwMDAwMDAwMDAwfSwic2NoZW1hX3ZlcnNpb24iOiIxIn0=",
          "dependencies": [
            "data.aws_internet_gateway.internet_gateway_info",
            "data.aws_vpc.vpc_info",
            "module.sol_internet_gateway.aws_internet_gateway.sol_internet_gateway",
            "module.sol_nat_eip.aws_eip.sol_eip",
            "module.sol_vpc.aws_vpc.sol_vpc"
          ]
        }
      ]
    },
    {
      "module": "module.sol_worker_asg_template[0]",
      "mode": "managed",
      "type": "aws_launch_template",
      "name": "sol_asg_launch_template",
      "provider": "provider[\"registry.terraform.io/hashicorp/aws\"]",
      "instances": [
        {
          "schema_version": 0,
          "attributes": {
            "arn": "arn:aws:ec2:ap-northeast-2:038462790556:launch-template/lt-04e3ea33a46e009a5",
            "block_device_mappings": [
              {
                "device_name": "/dev/sda1",
                "ebs": [
                  {
                    "delete_on_termination": "true",
                    "encrypted": "",
                    "iops": 0,
                    "kms_key_id": "",
                    "snapshot_id": "",
                    "throughput": 0,
                    "volume_size": 50,
                    "volume_type": "gp2"
                  }
                ],
                "no_device": "",
                "virtual_name": ""
              },
              {
                "device_name": "/dev/sdf",
                "ebs": [
                  {
                    "delete_on_termination": "true",
                    "encrypted": "",
                    "iops": 0,
                    "kms_key_id": "",
                    "snapshot_id": "",
                    "throughput": 0,
                    "volume_size": 0,
                    "volume_type": "gp2"
                  }
                ],
                "no_device": "",
                "virtual_name": ""
              }
            ],
            "capacity_reservation_specification": [],
            "cpu_options": [],
            "credit_specification": [],
            "default_version": 1,
            "description": "",
            "disable_api_stop": false,
            "disable_api_termination": false,
            "ebs_optimized": "",
            "elastic_gpu_specifications": [],
            "elastic_inference_accelerator": [],
            "enclave_options": [],
            "hibernation_options": [],
            "iam_instance_profile": [
              {
                "arn": "",
                "name": "cicd-dev-worker_profile-asg"
              }
            ],
            "id": "lt-04e3ea33a46e009a5",
            "image_id": "ami-028300176460f9e2d",
            "instance_initiated_shutdown_behavior": "",
            "instance_market_options": [],
            "instance_requirements": [],
            "instance_type": "t3.xlarge",
            "kernel_id": "",
            "key_name": "cicd-dev-key",
            "latest_version": 1,
            "license_specification": [],
            "maintenance_options": [],
            "metadata_options": [],
            "monitoring": [],
            "name": "cicd-dev-worker-asg-init_script",
            "name_prefix": "",
            "network_interfaces": [],
            "placement": [],
            "private_dns_name_options": [],
            "ram_disk_id": "",
            "security_group_names": null,
            "tag_specifications": [],
            "tags": null,
            "tags_all": {},
            "update_default_version": null,
            "user_data": "TUlNRS1WZXJzaW9uOiAxLjAKQ29udGVudC1UeXBlOiBtdWx0aXBhcnQvbWl4ZWQ7IGJvdW5kYXJ5PSI9PU1ZQk9VTkRBUlk9PSIKCi0tPT1NWUJPVU5EQVJZPT0KQ29udGVudC1UeXBlOiB0ZXh0L3gtc2hlbGxzY3JpcHQ7IGNoYXJzZXQ9InVzLWFzY2lpIgoKIyEvYmluL2Jhc2gKCiMgQ2VudE9TIDjrsoTsoITrtoDthLDripQg66+465+sIOyCrOydtO2KuCDrs4Dqsr0g65CoCnN1ZG8gc2VkIC1pIC1lICJzfCNiYXNldXJsPWh0dHA6Ly9taXJyb3IuY2VudG9zLm9yZ3xiYXNldXJsPWh0dHA6Ly92YXVsdC5jZW50b3Mub3JnfGciIC9ldGMveXVtLnJlcG9zLmQvQ2VudE9TLSoKc3VkbyBzZWQgLWkgLWUgInN8bWlycm9ybGlzdD18I21pcnJvcmxpc3Q9fGciIC9ldGMveXVtLnJlcG9zLmQvQ2VudE9TLSoKCnN1ZG8gaG9zdG5hbWVjdGwgc2V0LWhvc3RuYW1lICQoY3VybCBodHRwOi8vMTY5LjI1NC4xNjkuMjU0L2xhdGVzdC9tZXRhLWRhdGEvbG9jYWwtaG9zdG5hbWUpCgpzdWRvIHl1bSBpbnN0YWxsIC15IG5mcy11dGlscwpzdWRvIHl1bSBpbnN0YWxsIC15IHB5dGhvbjMKc3VkbyB0aW1lZGF0ZWN0bCBzZXQtdGltZXpvbmUgQXNpYS9TZW91bAoKCmNhdCA+L2hvbWUvc29sL3dvcmtlci55YW1sIDw8RU9GCi0tLQphcGlWZXJzaW9uOiBrdWJlYWRtLms4cy5pby92MWJldGEzCmtpbmQ6IEpvaW5Db25maWd1cmF0aW9uCmRpc2NvdmVyeToKICBib290c3RyYXBUb2tlbjoKICAgIHRva2VuOiAiJChzc2hwYXNzIC1wIHNvbHNvbDEyMzRcISBzc2ggLW8gU3RyaWN0SG9zdEtleUNoZWNraW5nPW5vIHNvbEAxMC4wLjIuMjkgImt1YmVhZG0gdG9rZW4gY3JlYXRlIikiCiAgICBhcGlTZXJ2ZXJFbmRwb2ludDogImNpY2QtZGV2LWs4cy1sYi0zNDM3MzhmMTAzNGI5NGRkLmVsYi5hcC1ub3J0aGVhc3QtMi5hbWF6b25hd3MuY29tOjY0NDMiCiAgICBjYUNlcnRIYXNoZXM6CiAgICAgIC0gInNoYTI1NjokKHNzaHBhc3MgLXAgc29sc29sMTIzNFwhIHNzaCAtbyBTdHJpY3RIb3N0S2V5Q2hlY2tpbmc9bm8gc29sQDEwLjAuMi4yOSAib3BlbnNzbCB4NTA5IC1wdWJrZXkgLWluIC9ldGMva3ViZXJuZXRlcy9wa2kvY2EuY3J0IHwgb3BlbnNzbCByc2EgLXB1YmluIC1vdXRmb3JtIGRlciAyPi9kZXYvbnVsbCB8IG9wZW5zc2wgZGdzdCAtc2hhMjU2IC1oZXggfCBzZWQgJ3MvXi4qIC8vJyIpIgpub2RlUmVnaXN0cmF0aW9uOgogIG5hbWU6ICIkKHVuYW1lIC1uKSIKICBrdWJlbGV0RXh0cmFBcmdzOgogICAgY2xvdWQtcHJvdmlkZXI6IGV4dGVybmFsCiAgICBub2RlLWlwOiAiJChob3N0bmFtZSAtSSB8ICBjdXQgLWQgJyAnIC1mMSwxKSIKRU9GCgpzdWRvIGt1YmVhZG0gam9pbiAtLWNvbmZpZyAvaG9tZS9zb2wvd29ya2VyLnlhbWwKCnN1ZG8gc2VkIC1pICdzL1Bhc3N3b3JkQXV0aGVudGljYXRpb24gbm8vUGFzc3dvcmRBdXRoZW50aWNhdGlvbiB5ZXMvZycgL2V0Yy9zc2gvc3NoZF9jb25maWcKc3VkbyBzZWQgLWkgJ3MvI1Blcm1pdFJvb3RMb2dpbiBwcm9oaWJpdC1wYXNzd29yZC9QZXJtaXRSb290TG9naW4geWVzL2cnIC9ldGMvc3NoL3NzaGRfY29uZmlnCnN1ZG8gc2VydmljZSBzc2hkIHJlc3RhcnQKCi0tPT1NWUJPVU5EQVJZPT0tLQ==",
            "vpc_security_group_ids": [
              "sg-07490f00d0bf5c86d"
            ]
          },
          "sensitive_attributes": [],
          "private": "bnVsbA==",
          "dependencies": [
            "aws_key_pair.sol_loginkey",
            "data.aws_internet_gateway.internet_gateway_info",
            "data.aws_vpc.vpc_info",
            "module.sol_ami_k8s.aws_ami_from_instance.sol_k8s_ami",
            "module.sol_iam_master_profile.aws_iam_instance_profile.sol_iam_profile",
            "module.sol_iam_master_role.aws_iam_role.sol_iam_role",
            "module.sol_iam_worker_profile_asg.aws_iam_instance_profile.sol_iam_profile",
            "module.sol_iam_worker_role_asg.aws_iam_role.sol_iam_role",
            "module.sol_infra_node.aws_instance.sol_ec2",
            "module.sol_infra_sg.aws_security_group.sol_sg",
            "module.sol_internet_gateway.aws_internet_gateway.sol_internet_gateway",
            "module.sol_k8s_lb_sg.aws_security_group.sol_sg",
            "module.sol_lb_k8s.aws_lb.sol_lb",
            "module.sol_master_node.aws_instance.sol_ec2",
            "module.sol_master_sg.aws_security_group.sol_sg",
            "module.sol_nat_eip.aws_eip.sol_eip",
            "module.sol_nic_master.aws_network_interface.sol_nic",
            "module.sol_nic_private.aws_network_interface.sol_nic",
            "module.sol_subnet_private.aws_subnet.sol_subnet",
            "module.sol_subnet_public.aws_subnet.sol_subnet",
            "module.sol_vpc.aws_vpc.sol_vpc",
            "module.sol_worker_asg_sg.aws_security_group.sol_sg"
          ]
        }
      ]
    },
    {
      "module": "module.vars[0]",
      "mode": "managed",
      "type": "local_file",
      "name": "ansible_manual_vars",
      "provider": "provider[\"registry.terraform.io/hashicorp/local\"]",
      "instances": [
        {
          "schema_version": 0,
          "attributes": {
            "content": "cloud_provider: manual # aws, awsM\n\nansible_path : \"/home/sol/cicd-project/automation/ansible\"\n\nvpc_name : cicd\nregion_name: ap-northeast-2\nsystem_type: dev\naccess_key: AKIAQR5EPTOOAFOYWOME \nsecret_key: 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 \njumpbox_ip: 15.164.125.191\ninfra_lb_domain: cicd-dev-infra-lb-1e41b79bb01d27f1.elb.ap-northeast-2.amazonaws.com \nk8s_lb_domain: cicd-dev-k8s-lb-343738f1034b94dd.elb.ap-northeast-2.amazonaws.com \ninfra_ip: 10.0.2.174 \njenkins_ip :  \"{{infra_lb_domain}}\"\nkafka_ip : \"{{infra_lb_domain}}\"\nharbor_ip : \"{{infra_lb_domain}}\"\ngitlab_ip :  \"{{infra_lb_domain}}\"\n\nnfs_path: /home/sol/nfs\nnfs_name: \nnfs_dns: \nnas_mount_path: \"\"\n\nnfs_server: 10.0.2.174\nnfs_mountoptions: nfsvers=4\nnfs_pvc_name: solpv\n\nec2_ebs_mount_path : \"/app\"\n\nk8s_multi_master: false\nkube_config: \"/home/sol/.kube/cicd-dev-config\"\n\ndocker_version: \"25.0.2\"\ndocker_bip: 7.7.128.1/18\ndocker_pools_base: 7.7.192.0/18\ndocker_log_max_size : 10m\ndocker_log_max_file : 2\ndocker_root_dir : /var/lib/docker\n# docker_root_dir : \"{{ec2_ebs_mount_path}}/docker\"\n\ncontainerd_version : \"1.6.28\"\ncontainerd_root_dir: /var/lib/containerd\n# containerd_root_dir: {{ec2_ebs_mount_path}}/contianerd\nkubelet_containerLogMaxSize : 10Mi\nkubelet_containerLogMaxFiles : 2\n\ninstall_shell_dir : \"/home/sol/install_shell\"\n\nharbor_host: registry.sol.lab\nharbor_http_port: 5000\nharbor_https_port: 5443\nharbor_ssl: true\nharbor_ssl_path : /home/sol/.ssl/\nharbor_cert_path: /home/sol/.ssl/harbor/harbor.pem\nharbor_key_path: /home/sol/.ssl/harbor/harbor-key.pem\nharbor_install_dir: /home/sol/harbor/install\nharbor_data_dir: /home/sol/harbor/data \nharbor_log_dir: /home/sol/harbor/log\nharbor_username: sol\nharbor_password: solsol1234!\nharbor_cert_CN: registry.sol.lab\nharbor_cert_hosts: \"\\\"registry.sol.lab\\\", \\\"{{infra_lb_domain}}\\\"\"\n\ngitlab_host: gitlab.sol.lab\ngitlab_external_url: https://{{infra_lb_domain}}:{{gitlab_port}}\ngitlab_http_port: 18080\ngitlab_https_port: 8443\ngitlab_config_dir: /home/sol/gitlab/config\ngitlab_install_dir: /home/sol/gitlab/\ngitlab_data_dir: /home/sol/gitlab/data\ngitlab_log_dir: /home/sol/gitlab/logs\ngitlab_ssl_dir: /home/sol/gitlab/config/ssl\ngitlab_root_username: sol\ngitlab_password: solsol1234!\ngitlab_cert_CN: \"{{infra_lb_domain}}\"\ngitlab_ssl: true\ngitlab_cert_hosts: \"\\\"gitlab.sol.lab\\\", \\\"{{infra_lb_domain}}\\\"\"\ngitlab_memory: \"4g\"\ngitlab_cpu: 2\n\njenkins_dir : /home/sol/jenkins\njenkins_port: 8080\njenkins_agent_port: 50000\njenkins_memory: 2g\njenkins_version: 2.444\n\ncrictl_version : v1.30.0\nnerdctl_version : 1.7.3\n\nasg_min_size : 1\nasg_max_size : 1\n\nk8s_pause_version : 3.6 \nnode_status_update_frequency_second : 5     #/var/lib/kubelet/kubeadm-flags.env\nnode_monitor_period_second : 10\nnode_monitor_grace_period_second : 15\ndefault_not_ready_toleration_seconds: 5\ndefault_unreachable_toleration_seconds: 5\n\nkubernetes_version : 1.30.1\nkubernetes_pod_cidr : 20.0.0.0/10\nkubernetes_service_cidr : 25.0.0.0/16\nkubernetes_service_type : nodeport\nk8s_cluster_autoscaler_version : 1.30\n\nk8s_api_ip : \"{{k8s_lb_domain}}\"  # ip 수정\nk8s_api_port : 6443\nmaster_ip : 10.0.2.29\nk8s_cert_svc_ip : 25.0.0.1  # k8s service cidr값의 첫번째 ip\n\nnginx_ssl : false\nnginx_cert_CN: \"{{infra_lb_domain}}\"\nnginx_cert_hosts: \"\\\"jenkins.sol.lab\\\",\\\"monitoring.sol.lab\\\", \\\"{{infra_lb_domain}}\\\"\"  \nnginx_dir : /home/sol/nginx\nnginx_dir_conf : /home/sol/nginx/conf.d\n\nkafka1_dir: /home/sol/automation/kafka/kafka1\nkafka2_dir: /home/sol/automation/kafka/kafka2\nkafka3_dir: /home/sol/automation/kafka/kafka3\nzookeeper_dir: /home/sol/automation/kafka/zookeeper\n\ntrivy_db_dir: /home/sol/trivy\n\nnexus_port: 8081\nnexus_data_dir: /home/sol/nexus\n\nmattermost_port : 8085\nmattermost_dir : /home/sol/mattermost\nmattermost_data_dir : /home/sol/mattermost/volumes\n\nsonarqube_mysql_dir : /home/sol/sonarqube_mysql\nsonarqube_mysql_port: 3305\nsonarqube_port: 9000\n\nmysql_dir : /home/sol/mysql\nmysql_port : 3306",
            "content_base64": null,
            "content_base64sha256": "TseSEvQGBRQ+G4UjTy9a7DBm6wPywxWYEAcwCArbZjo=",
            "content_base64sha512": "NDZVmMBNNqDAafJeJkfJhQqeq9RLpoJsGZBDN56pprG4gqDhMbZ2bYnYrY2WnDVtysC8jhIKtGkwa0ADuINCiw==",
            "content_md5": "080d691b9cc68547496c7425a4d1ff6e",
            "content_sha1": "51b312878434a95c5b0afac44a04769411defdd7",
            "content_sha256": "4ec79212f40605143e1b85234f2f5aec3066eb03f2c31598100730080adb663a",
            "content_sha512": "34365598c04d36a0c069f25e2647c9850a9eabd44ba6826c199043379ea9a6b1b882a0e131b6766d89d8ad8d969c356dcac0bc8e120ab469306b4003b883428b",
            "directory_permission": "0777",
            "file_permission": "0777",
            "filename": "/home/sol/cicd-project/automation/ansible/playbooks/vars-aws-cicd-dev.yaml",
            "id": "51b312878434a95c5b0afac44a04769411defdd7",
            "sensitive_content": null,
            "source": null
          },
          "sensitive_attributes": [
            [
              {
                "type": "get_attr",
                "value": "sensitive_content"
              }
            ]
          ],
          "dependencies": [
            "aws_key_pair.sol_loginkey",
            "data.aws_internet_gateway.internet_gateway_info",
            "data.aws_vpc.vpc_info",
            "module.sol_efs.aws_efs_file_system.sol_efs",
            "module.sol_efs_mount_target.aws_efs_mount_target.sol_efs_mount_target",
            "module.sol_eip_for_ec2.aws_eip.sol_eip",
            "module.sol_iam_master_profile.aws_iam_instance_profile.sol_iam_profile",
            "module.sol_iam_master_role.aws_iam_role.sol_iam_role",
            "module.sol_infra_lb_sg.aws_security_group.sol_sg",
            "module.sol_infra_node.aws_instance.sol_ec2",
            "module.sol_infra_sg.aws_security_group.sol_sg",
            "module.sol_internet_gateway.aws_internet_gateway.sol_internet_gateway",
            "module.sol_k8s_lb_sg.aws_security_group.sol_sg",
            "module.sol_lb_infra.aws_lb.sol_lb",
            "module.sol_lb_k8s.aws_lb.sol_lb",
            "module.sol_master_node.aws_instance.sol_ec2",
            "module.sol_master_sg.aws_security_group.sol_sg",
            "module.sol_nas_sg.aws_security_group.sol_sg",
            "module.sol_nat_eip.aws_eip.sol_eip",
            "module.sol_nic_master.aws_network_interface.sol_nic",
            "module.sol_nic_private.aws_network_interface.sol_nic",
            "module.sol_subnet_private.aws_subnet.sol_subnet",
            "module.sol_subnet_public.aws_subnet.sol_subnet",
            "module.sol_vpc.aws_vpc.sol_vpc"
          ]
        }
      ]
    }
  ],
  "check_results": null
}
