{
  "version": 4,
  "terraform_version": "1.10.3",
  "serial": 1953,
  "lineage": "a1ad0426-0a84-188d-af72-792d9d0f82f3",
  "outputs": {
    "kubeconfig": {
      "value": "apiVersion: v1\nclusters:\n- cluster:\n    server: \n    certificate-authority-data: \n  name: kubernetes\ncontexts:\n- context:\n    cluster: kubernetes\n    user: aws\n  name: aws\ncurrent-context: aws\nkind: Config\npreferences: {}\nusers:\n- name: aws\n  user:\n    exec:\n      apiVersion: client.authentication.k8s.io/v1alpha1\n      command: aws-iam-authenticator\n      args:\n        - \"token\"\n        - \"-i\"\n        - \"cicd-dev\"\n      env:\n        - name: AWS_ACCESS_KEY_ID\n          value: \"AKIAQR5EPTOOAFOYWOME\"\n        - name: AWS_SECRET_ACCESS_KEY\n          value: \"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\"\n        - name: AWS_PROFILE\n          value: \"dev\"\n",
      "type": "string"
    }
  },
  "resources": [
    {
      "mode": "data",
      "type": "aws_internet_gateway",
      "name": "internet_gateway_info",
      "provider": "provider[\"registry.terraform.io/hashicorp/aws\"]",
      "instances": [
        {
          "schema_version": 0,
          "attributes": {
            "arn": "arn:aws:ec2:ap-northeast-2:038462790556:internet-gateway/igw-029cb69c86e7df5c1",
            "attachments": [
              {
                "state": "available",
                "vpc_id": "vpc-048947297984b79cb"
              }
            ],
            "filter": [
              {
                "name": "attachment.vpc-id",
                "values": [
                  "vpc-048947297984b79cb"
                ]
              }
            ],
            "id": "igw-029cb69c86e7df5c1",
            "internet_gateway_id": "igw-029cb69c86e7df5c1",
            "owner_id": "038462790556",
            "tags": {
              "Name": "cicd-internet_gw"
            },
            "timeouts": null
          },
          "sensitive_attributes": []
        }
      ]
    },
    {
      "mode": "data",
      "type": "aws_vpc",
      "name": "vpc_info",
      "provider": "provider[\"registry.terraform.io/hashicorp/aws\"]",
      "instances": [
        {
          "schema_version": 0,
          "attributes": {
            "arn": "arn:aws:ec2:ap-northeast-2:038462790556:vpc/vpc-048947297984b79cb",
            "cidr_block": "10.0.0.0/16",
            "cidr_block_associations": [
              {
                "association_id": "vpc-cidr-assoc-0cfc7a8e715cc9b38",
                "cidr_block": "10.0.0.0/16",
                "state": "associated"
              }
            ],
            "default": false,
            "dhcp_options_id": "dopt-0a03607f9ce8a9f22",
            "enable_dns_hostnames": true,
            "enable_dns_support": true,
            "enable_network_address_usage_metrics": false,
            "filter": null,
            "id": "vpc-048947297984b79cb",
            "instance_tenancy": "default",
            "ipv6_association_id": "",
            "ipv6_cidr_block": "",
            "main_route_table_id": "rtb-0d2934620f23a318a",
            "owner_id": "038462790556",
            "state": null,
            "tags": {
              "Name": "cicd"
            },
            "timeouts": null
          },
          "sensitive_attributes": []
        }
      ]
    },
    {
      "mode": "managed",
      "type": "aws_key_pair",
      "name": "sol_loginkey",
      "provider": "provider[\"registry.terraform.io/hashicorp/aws\"]",
      "instances": [
        {
          "schema_version": 1,
          "attributes": {
            "arn": "arn:aws:ec2:ap-northeast-2:038462790556:key-pair/cicd-dev-key",
            "fingerprint": "32:ba:e9:10:76:3e:49:5d:f3:1e:c5:c4:4a:62:fc:3d",
            "id": "cicd-dev-key",
            "key_name": "cicd-dev-key",
            "key_name_prefix": "",
            "key_pair_id": "key-0a2d76b04531c09a6",
            "key_type": "rsa",
            "public_key": "ssh-rsa AAAAB3NzaC1yc2EAAAADAQABAAABAQDpBLW/4KDuVsSZvReq1QZ9BXAYhhYTo3X7OfKpd7fFBOgJZS9K6cnEHB/jtlaISxWvkHehVruOCeltbZG0eOTUDO+YgXkh6BIDkCxoeW4W1DLewwQ6Y7Q2I4873uFEmERgIr7X9rbbkKnmsSbiA+dHd0LSBzQbXJeCgR7Y5L+cbsATk1itNqN+8EDXAHhqr/iJJ+FNOD0cG0GvO3hGtUAqwMYmYHFpFTXrunDcKIdWcfeRz/rEAoYFSE7duUCStf8R9BP8SLyp+IxZkCM1I3gJ0ERz5ee1CZFnUeRpqashOKBCfI6NE/wlW3jUzjmlVWmATe6wZ6B+nSjsEJ1sd7AB sol@localhost.localdomain",
            "tags": {},
            "tags_all": {}
          },
          "sensitive_attributes": [],
          "private": "eyJzY2hlbWFfdmVyc2lvbiI6IjEifQ=="
        }
      ]
    },
    {
      "module": "module.hosts[0]",
      "mode": "managed",
      "type": "local_file",
      "name": "hosts_manual_cfg",
      "provider": "provider[\"registry.terraform.io/hashicorp/local\"]",
      "instances": [
        {
          "schema_version": 0,
          "attributes": {
            "content": "\n[infra1]\n10.0.2.167\n\n[infra:children]\ninfra1\n\n\n\n[master1]\n10.0.2.48\n\n\n[master:children]\nmaster1\n\n\n\n[gitlab:children]\ninfra1\n[harbor:children]\ninfra1\n[jenkins:children]\ninfra1\n[portal:children]\ninfra1\n[nas:children]\ninfra1\n[nexus:children]\ninfra1\n[kafka:children]\ninfra1\n[ldap:children]\ninfra1\n[mattermost:children]\ninfra1\n[sonarqube:children]\ninfra1\n[mysql:children]\ninfra1\n\n[infra:vars]\nansible_python_interpreter=/usr/bin/python3\nansible_ssh_common_args='-o StrictHostKeyChecking=no -o UserKnownHostsFile=/dev/null -o ProxyCommand=\"ssh -W %h:%p -q sol@52.79.96.117\"'\n\n[master:vars]\nansible_python_interpreter=/usr/bin/python3\nansible_ssh_common_args='-o StrictHostKeyChecking=no -o UserKnownHostsFile=/dev/null -o ProxyCommand=\"ssh -W %h:%p -q sol@52.79.96.117\"'\n\n\n\n\n",
            "content_base64": null,
            "content_base64sha256": "KdGYSsQ2sjc2GpnmlAdT0XuGxfHRN0iJLGeQLmlUySM=",
            "content_base64sha512": "43QykcaVtHmkmT1zaFTJIzFfLSRy6YJDqXi62ObumQQkL/MVWnJaxrODo0kUEr5k+w1W1e5L9dOJu08O0tBI1g==",
            "content_md5": "9c1adff63481d1b0a1d37a15cfc95d83",
            "content_sha1": "7c41c3a77a22006268cea2a5c130feac4697d38b",
            "content_sha256": "29d1984ac436b237361a99e6940753d17b86c5f1d13748892c67902e6954c923",
            "content_sha512": "e3743291c695b479a4993d736854c923315f2d2472e98243a978bad8e6ee9904242ff3155a725ac6b383a3491412be64fb0d56d5ee4bf5d389bb4f0ed2d048d6",
            "directory_permission": "0777",
            "file_permission": "0777",
            "filename": "/home/sol/cicd-project/automation/ansible/inventory/hosts_aws_cicd_dev",
            "id": "7c41c3a77a22006268cea2a5c130feac4697d38b",
            "sensitive_content": null,
            "source": null
          },
          "sensitive_attributes": [
            [
              {
                "type": "get_attr",
                "value": "sensitive_content"
              }
            ]
          ],
          "dependencies": [
            "aws_key_pair.sol_loginkey",
            "data.aws_internet_gateway.internet_gateway_info",
            "data.aws_vpc.vpc_info",
            "module.sol_eip_for_ec2.aws_eip.sol_eip",
            "module.sol_iam_master_profile.aws_iam_instance_profile.sol_iam_profile",
            "module.sol_iam_master_role.aws_iam_role.sol_iam_role",
            "module.sol_iam_worker_profile_ec2.aws_iam_instance_profile.sol_iam_profile",
            "module.sol_iam_worker_role_ec2.aws_iam_role.sol_iam_role",
            "module.sol_infra_node.aws_instance.sol_ec2",
            "module.sol_infra_sg.aws_security_group.sol_sg",
            "module.sol_internet_gateway.aws_internet_gateway.sol_internet_gateway",
            "module.sol_master_node.aws_instance.sol_ec2",
            "module.sol_master_sg.aws_security_group.sol_sg",
            "module.sol_nat_eip.aws_eip.sol_eip",
            "module.sol_nic_master.aws_network_interface.sol_nic",
            "module.sol_nic_private.aws_network_interface.sol_nic",
            "module.sol_nic_worker.aws_network_interface.sol_nic",
            "module.sol_subnet_private.aws_subnet.sol_subnet",
            "module.sol_vpc.aws_vpc.sol_vpc",
            "module.sol_worker_ec2_sg.aws_security_group.sol_sg",
            "module.sol_worker_node.aws_instance.sol_ec2"
          ]
        }
      ]
    },
    {
      "module": "module.sol_bastion_node[0]",
      "mode": "managed",
      "type": "aws_instance",
      "name": "sol_ec2",
      "provider": "provider[\"registry.terraform.io/hashicorp/aws\"]",
      "instances": [
        {
          "schema_version": 1,
          "attributes": {
            "ami": "ami-0a0cd2f78e9ef322a",
            "arn": "arn:aws:ec2:ap-northeast-2:038462790556:instance/i-0bb5ca882f2cfa6b3",
            "associate_public_ip_address": true,
            "availability_zone": "ap-northeast-2a",
            "capacity_reservation_specification": [
              {
                "capacity_reservation_preference": "open",
                "capacity_reservation_target": []
              }
            ],
            "cpu_core_count": 2,
            "cpu_options": [
              {
                "amd_sev_snp": "",
                "core_count": 2,
                "threads_per_core": 1
              }
            ],
            "cpu_threads_per_core": 1,
            "credit_specification": [
              {
                "cpu_credits": "standard"
              }
            ],
            "disable_api_stop": false,
            "disable_api_termination": false,
            "ebs_block_device": [],
            "ebs_optimized": false,
            "enable_primary_ipv6": null,
            "enclave_options": [
              {
                "enabled": false
              }
            ],
            "ephemeral_block_device": [],
            "get_password_data": false,
            "hibernation": false,
            "host_id": "",
            "host_resource_group_arn": null,
            "iam_instance_profile": "",
            "id": "i-0bb5ca882f2cfa6b3",
            "instance_initiated_shutdown_behavior": "stop",
            "instance_lifecycle": "",
            "instance_market_options": [],
            "instance_state": "running",
            "instance_type": "t2.medium",
            "ipv6_address_count": 0,
            "ipv6_addresses": [],
            "key_name": "cicd-dev-key",
            "launch_template": [],
            "maintenance_options": [
              {
                "auto_recovery": "default"
              }
            ],
            "metadata_options": [
              {
                "http_endpoint": "enabled",
                "http_protocol_ipv6": "disabled",
                "http_put_response_hop_limit": 1,
                "http_tokens": "optional",
                "instance_metadata_tags": "disabled"
              }
            ],
            "monitoring": false,
            "network_interface": [
              {
                "delete_on_termination": false,
                "device_index": 0,
                "network_card_index": 0,
                "network_interface_id": "eni-0480ab18daf60bece"
              }
            ],
            "outpost_arn": "",
            "password_data": "",
            "placement_group": "",
            "placement_partition_number": 0,
            "primary_network_interface_id": "eni-0480ab18daf60bece",
            "private_dns": "ip-10-0-1-200.ap-northeast-2.compute.internal",
            "private_dns_name_options": [
              {
                "enable_resource_name_dns_a_record": false,
                "enable_resource_name_dns_aaaa_record": false,
                "hostname_type": "ip-name"
              }
            ],
            "private_ip": "10.0.1.200",
            "public_dns": "ec2-52-79-96-117.ap-northeast-2.compute.amazonaws.com",
            "public_ip": "52.79.96.117",
            "root_block_device": [
              {
                "delete_on_termination": true,
                "device_name": "/dev/sda1",
                "encrypted": false,
                "iops": 100,
                "kms_key_id": "",
                "tags": {},
                "tags_all": {},
                "throughput": 0,
                "volume_id": "vol-09cde2e6e41efe9ab",
                "volume_size": 16,
                "volume_type": "gp2"
              }
            ],
            "secondary_private_ips": [],
            "security_groups": [],
            "source_dest_check": true,
            "spot_instance_request_id": "",
            "subnet_id": "subnet-0694eaca2adca262b",
            "tags": {
              "Name": "cicd-dev-jumpbox-0"
            },
            "tags_all": {
              "Name": "cicd-dev-jumpbox-0"
            },
            "tenancy": "default",
            "timeouts": null,
            "user_data": "3823cb383bef9552ac686e484963cea81d5101b4",
            "user_data_base64": null,
            "user_data_replace_on_change": false,
            "volume_tags": null,
            "vpc_security_group_ids": [
              "sg-096e449f720ac8811"
            ]
          },
          "sensitive_attributes": [],
          "private": "eyJlMmJmYjczMC1lY2FhLTExZTYtOGY4OC0zNDM2M2JjN2M0YzAiOnsiY3JlYXRlIjo2MDAwMDAwMDAwMDAsImRlbGV0ZSI6MTIwMDAwMDAwMDAwMCwicmVhZCI6OTAwMDAwMDAwMDAwLCJ1cGRhdGUiOjYwMDAwMDAwMDAwMH0sInNjaGVtYV92ZXJzaW9uIjoiMSJ9",
          "dependencies": [
            "aws_key_pair.sol_loginkey",
            "data.aws_vpc.vpc_info",
            "module.sol_jumpbox_sg.aws_security_group.sol_sg",
            "module.sol_nic_public.aws_network_interface.sol_nic",
            "module.sol_subnet_public.aws_subnet.sol_subnet",
            "module.sol_vpc.aws_vpc.sol_vpc"
          ]
        }
      ]
    },
    {
      "module": "module.sol_default_route[0]",
      "mode": "managed",
      "type": "aws_route",
      "name": "sol_default_route",
      "provider": "provider[\"registry.terraform.io/hashicorp/aws\"]",
      "instances": [
        {
          "schema_version": 0,
          "attributes": {
            "carrier_gateway_id": "",
            "core_network_arn": "",
            "destination_cidr_block": "0.0.0.0/0",
            "destination_ipv6_cidr_block": "",
            "destination_prefix_list_id": "",
            "egress_only_gateway_id": "",
            "gateway_id": "igw-029cb69c86e7df5c1",
            "id": "r-rtb-0d2934620f23a318a1080289494",
            "instance_id": "",
            "instance_owner_id": "",
            "local_gateway_id": "",
            "nat_gateway_id": "",
            "network_interface_id": "",
            "origin": "CreateRoute",
            "route_table_id": "rtb-0d2934620f23a318a",
            "state": "active",
            "timeouts": null,
            "transit_gateway_id": "",
            "vpc_endpoint_id": "",
            "vpc_peering_connection_id": ""
          },
          "sensitive_attributes": [],
          "private": "eyJlMmJmYjczMC1lY2FhLTExZTYtOGY4OC0zNDM2M2JjN2M0YzAiOnsiY3JlYXRlIjozMDAwMDAwMDAwMDAsImRlbGV0ZSI6MzAwMDAwMDAwMDAwLCJ1cGRhdGUiOjEyMDAwMDAwMDAwMH19",
          "dependencies": [
            "module.sol_internet_gateway.aws_internet_gateway.sol_internet_gateway",
            "module.sol_vpc.aws_vpc.sol_vpc"
          ]
        }
      ]
    },
    {
      "module": "module.sol_default_route_table[0]",
      "mode": "managed",
      "type": "aws_default_route_table",
      "name": "sol_default_route_table",
      "provider": "provider[\"registry.terraform.io/hashicorp/aws\"]",
      "instances": [
        {
          "schema_version": 0,
          "attributes": {
            "arn": "arn:aws:ec2:ap-northeast-2:038462790556:route-table/rtb-0d2934620f23a318a",
            "default_route_table_id": "rtb-0d2934620f23a318a",
            "id": "rtb-0d2934620f23a318a",
            "owner_id": "038462790556",
            "propagating_vgws": [],
            "route": [
              {
                "cidr_block": "0.0.0.0/0",
                "core_network_arn": "",
                "destination_prefix_list_id": "",
                "egress_only_gateway_id": "",
                "gateway_id": "igw-029cb69c86e7df5c1",
                "instance_id": "",
                "ipv6_cidr_block": "",
                "nat_gateway_id": "",
                "network_interface_id": "",
                "transit_gateway_id": "",
                "vpc_endpoint_id": "",
                "vpc_peering_connection_id": ""
              }
            ],
            "tags": {
              "Name": "cicd-main_route_table"
            },
            "tags_all": {
              "Name": "cicd-main_route_table"
            },
            "timeouts": null,
            "vpc_id": "vpc-048947297984b79cb"
          },
          "sensitive_attributes": [],
          "private": "eyJlMmJmYjczMC1lY2FhLTExZTYtOGY4OC0zNDM2M2JjN2M0YzAiOnsiY3JlYXRlIjoxMjAwMDAwMDAwMDAsInVwZGF0ZSI6MTIwMDAwMDAwMDAwfX0=",
          "dependencies": [
            "module.sol_vpc.aws_vpc.sol_vpc"
          ]
        }
      ]
    },
    {
      "module": "module.sol_efs[0]",
      "mode": "managed",
      "type": "aws_efs_file_system",
      "name": "sol_efs",
      "provider": "provider[\"registry.terraform.io/hashicorp/aws\"]",
      "instances": [
        {
          "schema_version": 0,
          "attributes": {
            "arn": "arn:aws:elasticfilesystem:ap-northeast-2:038462790556:file-system/fs-05b5546fa8dba7e12",
            "availability_zone_id": "",
            "availability_zone_name": "",
            "creation_token": "cicd-dev-efs",
            "dns_name": "fs-05b5546fa8dba7e12.efs.ap-northeast-2.amazonaws.com",
            "encrypted": false,
            "id": "fs-05b5546fa8dba7e12",
            "kms_key_id": "",
            "lifecycle_policy": [],
            "name": "cicd-dev-efs",
            "number_of_mount_targets": 1,
            "owner_id": "038462790556",
            "performance_mode": "generalPurpose",
            "protection": [
              {
                "replication_overwrite": "ENABLED"
              }
            ],
            "provisioned_throughput_in_mibps": 0,
            "size_in_bytes": [
              {
                "value": 6144,
                "value_in_ia": 0,
                "value_in_standard": 6144
              }
            ],
            "tags": {
              "Name": "cicd-dev-efs",
              "kubernetes.io/cluster/cicd-dev": "owned"
            },
            "tags_all": {
              "Name": "cicd-dev-efs",
              "kubernetes.io/cluster/cicd-dev": "owned"
            },
            "throughput_mode": "bursting"
          },
          "sensitive_attributes": [],
          "private": "bnVsbA=="
        }
      ]
    },
    {
      "module": "module.sol_efs_access_point_infra[0]",
      "mode": "managed",
      "type": "aws_efs_access_point",
      "name": "sol_efs_access_point",
      "provider": "provider[\"registry.terraform.io/hashicorp/aws\"]",
      "instances": [
        {
          "schema_version": 0,
          "attributes": {
            "arn": "arn:aws:elasticfilesystem:ap-northeast-2:038462790556:access-point/fsap-07aa33502d1b5634b",
            "file_system_arn": "arn:aws:elasticfilesystem:ap-northeast-2:038462790556:file-system/fs-05b5546fa8dba7e12",
            "file_system_id": "fs-05b5546fa8dba7e12",
            "id": "fsap-07aa33502d1b5634b",
            "owner_id": "038462790556",
            "posix_user": [],
            "root_directory": [
              {
                "creation_info": [
                  {
                    "owner_gid": 0,
                    "owner_uid": 0,
                    "permissions": "0755"
                  }
                ],
                "path": "/mnt/nfs"
              }
            ],
            "tags": {
              "Name": "cicd-dev-infra-efs",
              "kubernetes.io/cluster/cicd-dev": "owned"
            },
            "tags_all": {
              "Name": "cicd-dev-infra-efs",
              "kubernetes.io/cluster/cicd-dev": "owned"
            }
          },
          "sensitive_attributes": [],
          "private": "bnVsbA==",
          "dependencies": [
            "module.sol_efs.aws_efs_file_system.sol_efs"
          ]
        }
      ]
    },
    {
      "module": "module.sol_efs_access_point_k8s[0]",
      "mode": "managed",
      "type": "aws_efs_access_point",
      "name": "sol_efs_access_point",
      "provider": "provider[\"registry.terraform.io/hashicorp/aws\"]",
      "instances": [
        {
          "schema_version": 0,
          "attributes": {
            "arn": "arn:aws:elasticfilesystem:ap-northeast-2:038462790556:access-point/fsap-07973cef203d562d9",
            "file_system_arn": "arn:aws:elasticfilesystem:ap-northeast-2:038462790556:file-system/fs-05b5546fa8dba7e12",
            "file_system_id": "fs-05b5546fa8dba7e12",
            "id": "fsap-07973cef203d562d9",
            "owner_id": "038462790556",
            "posix_user": [],
            "root_directory": [
              {
                "creation_info": [
                  {
                    "owner_gid": 0,
                    "owner_uid": 0,
                    "permissions": "0755"
                  }
                ],
                "path": "/"
              }
            ],
            "tags": {
              "Name": "cicd-dev-k8s-efs",
              "kubernetes.io/cluster/cicd-dev": "owned"
            },
            "tags_all": {
              "Name": "cicd-dev-k8s-efs",
              "kubernetes.io/cluster/cicd-dev": "owned"
            }
          },
          "sensitive_attributes": [],
          "private": "bnVsbA==",
          "dependencies": [
            "module.sol_efs.aws_efs_file_system.sol_efs"
          ]
        }
      ]
    },
    {
      "module": "module.sol_efs_mount_target[0]",
      "mode": "managed",
      "type": "aws_efs_mount_target",
      "name": "sol_efs_mount_target",
      "provider": "provider[\"registry.terraform.io/hashicorp/aws\"]",
      "instances": [
        {
          "schema_version": 0,
          "attributes": {
            "availability_zone_id": "apne2-az1",
            "availability_zone_name": "ap-northeast-2a",
            "dns_name": "fs-05b5546fa8dba7e12.efs.ap-northeast-2.amazonaws.com",
            "file_system_arn": "arn:aws:elasticfilesystem:ap-northeast-2:038462790556:file-system/fs-05b5546fa8dba7e12",
            "file_system_id": "fs-05b5546fa8dba7e12",
            "id": "fsmt-06c20aced66e387c1",
            "ip_address": "10.0.2.72",
            "mount_target_dns_name": "ap-northeast-2a.fs-05b5546fa8dba7e12.efs.ap-northeast-2.amazonaws.com",
            "network_interface_id": "eni-059267ba2bd58ac36",
            "owner_id": "038462790556",
            "security_groups": [
              "sg-0712f8f874679c568"
            ],
            "subnet_id": "subnet-0c2584070c2a77ceb",
            "timeouts": null
          },
          "sensitive_attributes": [],
          "private": "eyJlMmJmYjczMC1lY2FhLTExZTYtOGY4OC0zNDM2M2JjN2M0YzAiOnsiY3JlYXRlIjoxODAwMDAwMDAwMDAwLCJkZWxldGUiOjYwMDAwMDAwMDAwMH19",
          "dependencies": [
            "data.aws_vpc.vpc_info",
            "module.sol_efs.aws_efs_file_system.sol_efs",
            "module.sol_nas_sg.aws_security_group.sol_sg",
            "module.sol_subnet_private.aws_subnet.sol_subnet",
            "module.sol_vpc.aws_vpc.sol_vpc"
          ]
        }
      ]
    },
    {
      "module": "module.sol_eip_association_for_ec2[0]",
      "mode": "managed",
      "type": "aws_eip_association",
      "name": "tf_bxcr_eip_association",
      "provider": "provider[\"registry.terraform.io/hashicorp/aws\"]",
      "instances": [
        {
          "schema_version": 0,
          "attributes": {
            "allocation_id": "eipalloc-0a8065183dcb513a9",
            "allow_reassociation": null,
            "id": "eipassoc-07fd3dcbcf5aebea8",
            "instance_id": "i-0bb5ca882f2cfa6b3",
            "network_interface_id": "eni-0480ab18daf60bece",
            "private_ip_address": "10.0.1.200",
            "public_ip": "52.79.96.117"
          },
          "sensitive_attributes": [],
          "private": "bnVsbA==",
          "dependencies": [
            "aws_key_pair.sol_loginkey",
            "data.aws_internet_gateway.internet_gateway_info",
            "data.aws_vpc.vpc_info",
            "module.sol_bastion_node.aws_instance.sol_ec2",
            "module.sol_eip_for_ec2.aws_eip.sol_eip",
            "module.sol_internet_gateway.aws_internet_gateway.sol_internet_gateway",
            "module.sol_jumpbox_sg.aws_security_group.sol_sg",
            "module.sol_nic_public.aws_network_interface.sol_nic",
            "module.sol_subnet_public.aws_subnet.sol_subnet",
            "module.sol_vpc.aws_vpc.sol_vpc"
          ]
        }
      ]
    },
    {
      "module": "module.sol_eip_for_ec2[0]",
      "mode": "managed",
      "type": "aws_eip",
      "name": "sol_eip",
      "provider": "provider[\"registry.terraform.io/hashicorp/aws\"]",
      "instances": [
        {
          "schema_version": 0,
          "attributes": {
            "address": null,
            "allocation_id": "eipalloc-0a8065183dcb513a9",
            "arn": "arn:aws:ec2:ap-northeast-2:038462790556:elastic-ip/eipalloc-0a8065183dcb513a9",
            "associate_with_private_ip": null,
            "association_id": "eipassoc-07fd3dcbcf5aebea8",
            "carrier_ip": "",
            "customer_owned_ip": "",
            "customer_owned_ipv4_pool": "",
            "domain": "vpc",
            "id": "eipalloc-0a8065183dcb513a9",
            "instance": "i-0bb5ca882f2cfa6b3",
            "ipam_pool_id": null,
            "network_border_group": "ap-northeast-2",
            "network_interface": "eni-0480ab18daf60bece",
            "private_dns": "ip-10-0-1-200.ap-northeast-2.compute.internal",
            "private_ip": "10.0.1.200",
            "ptr_record": "",
            "public_dns": "ec2-52-79-96-117.ap-northeast-2.compute.amazonaws.com",
            "public_ip": "52.79.96.117",
            "public_ipv4_pool": "amazon",
            "tags": {
              "Name": "cicd-dev-ap-northeast-2a-ec2-eip"
            },
            "tags_all": {
              "Name": "cicd-dev-ap-northeast-2a-ec2-eip"
            },
            "timeouts": null,
            "vpc": true
          },
          "sensitive_attributes": [],
          "private": "eyJlMmJmYjczMC1lY2FhLTExZTYtOGY4OC0zNDM2M2JjN2M0YzAiOnsiZGVsZXRlIjoxODAwMDAwMDAwMDAsInJlYWQiOjkwMDAwMDAwMDAwMCwidXBkYXRlIjozMDAwMDAwMDAwMDB9fQ==",
          "dependencies": [
            "data.aws_internet_gateway.internet_gateway_info",
            "data.aws_vpc.vpc_info",
            "module.sol_internet_gateway.aws_internet_gateway.sol_internet_gateway",
            "module.sol_vpc.aws_vpc.sol_vpc"
          ]
        }
      ]
    },
    {
      "module": "module.sol_iam_master_policy[0]",
      "mode": "managed",
      "type": "aws_iam_policy",
      "name": "sol_iam_policy",
      "provider": "provider[\"registry.terraform.io/hashicorp/aws\"]",
      "instances": [
        {
          "schema_version": 0,
          "attributes": {
            "arn": "arn:aws:iam::038462790556:policy/cicd-dev-master_policy",
            "attachment_count": 1,
            "description": "",
            "id": "arn:aws:iam::038462790556:policy/cicd-dev-master_policy",
            "name": "cicd-dev-master_policy",
            "name_prefix": "",
            "path": "/",
            "policy": "{\"Statement\":[{\"Action\":[\"ec2:*\",\"elasticloadbalancing:*\",\"route53:*\",\"ecr:GetAuthorizationToken\",\"ecr:BatchCheckLayerAvailability\",\"ecr:GetDownloadUrlForLayer\",\"ecr:GetRepositoryPolicy\",\"ecr:DescribeRepositories\",\"ecr:ListImages\",\"ecr:BatchGetImage\",\"kms:DescribeKey\",\"kms:Decrypt\",\"kms:GenerateDataKeyWithoutPlaintext\",\"kms:CreateGrant\"],\"Effect\":\"Allow\",\"Resource\":\"*\"}],\"Version\":\"2012-10-17\"}",
            "policy_id": "ANPAQR5EPTOOB6ODUUNDC",
            "tags": {},
            "tags_all": {}
          },
          "sensitive_attributes": [],
          "private": "bnVsbA=="
        }
      ]
    },
    {
      "module": "module.sol_iam_master_policy_attachment[0]",
      "mode": "managed",
      "type": "aws_iam_role_policy_attachment",
      "name": "sol_iam_role_policy_attachment",
      "provider": "provider[\"registry.terraform.io/hashicorp/aws\"]",
      "instances": [
        {
          "schema_version": 0,
          "attributes": {
            "id": "cicd-dev-master_role-20250317000955915600000001",
            "policy_arn": "arn:aws:iam::038462790556:policy/cicd-dev-master_policy",
            "role": "cicd-dev-master_role"
          },
          "sensitive_attributes": [],
          "private": "bnVsbA==",
          "dependencies": [
            "module.sol_iam_master_policy.aws_iam_policy.sol_iam_policy",
            "module.sol_iam_master_role.aws_iam_role.sol_iam_role"
          ]
        }
      ]
    },
    {
      "module": "module.sol_iam_master_profile[0]",
      "mode": "managed",
      "type": "aws_iam_instance_profile",
      "name": "sol_iam_profile",
      "provider": "provider[\"registry.terraform.io/hashicorp/aws\"]",
      "instances": [
        {
          "schema_version": 0,
          "attributes": {
            "arn": "arn:aws:iam::038462790556:instance-profile/cicd-dev-master_profile",
            "create_date": "2025-03-17T00:09:55Z",
            "id": "cicd-dev-master_profile",
            "name": "cicd-dev-master_profile",
            "name_prefix": "",
            "path": "/",
            "role": "cicd-dev-master_role",
            "tags": {},
            "tags_all": {},
            "unique_id": "AIPAQR5EPTOOAMSK6GQM3"
          },
          "sensitive_attributes": [],
          "private": "bnVsbA==",
          "dependencies": [
            "module.sol_iam_master_role.aws_iam_role.sol_iam_role"
          ]
        }
      ]
    },
    {
      "module": "module.sol_iam_master_role[0]",
      "mode": "managed",
      "type": "aws_iam_role",
      "name": "sol_iam_role",
      "provider": "provider[\"registry.terraform.io/hashicorp/aws\"]",
      "instances": [
        {
          "schema_version": 0,
          "attributes": {
            "arn": "arn:aws:iam::038462790556:role/cicd-dev-master_role",
            "assume_role_policy": "{\"Statement\":[{\"Action\":\"sts:AssumeRole\",\"Effect\":\"Allow\",\"Principal\":{\"Service\":\"ec2.amazonaws.com\"}}],\"Version\":\"2012-10-17\"}",
            "create_date": "2025-03-17T00:09:54Z",
            "description": "",
            "force_detach_policies": false,
            "id": "cicd-dev-master_role",
            "inline_policy": [],
            "managed_policy_arns": [
              "arn:aws:iam::038462790556:policy/cicd-dev-master_policy"
            ],
            "max_session_duration": 3600,
            "name": "cicd-dev-master_role",
            "name_prefix": "",
            "path": "/",
            "permissions_boundary": "",
            "tags": {
              "name": "cicd-dev-master_role"
            },
            "tags_all": {
              "name": "cicd-dev-master_role"
            },
            "unique_id": "AROAQR5EPTOOMVXD5M7OT"
          },
          "sensitive_attributes": [],
          "private": "bnVsbA=="
        }
      ]
    },
    {
      "module": "module.sol_infra_lb_sg[0]",
      "mode": "managed",
      "type": "aws_security_group",
      "name": "sol_sg",
      "provider": "provider[\"registry.terraform.io/hashicorp/aws\"]",
      "instances": [
        {
          "schema_version": 1,
          "attributes": {
            "arn": "arn:aws:ec2:ap-northeast-2:038462790556:security-group/sg-068956faa17f8739f",
            "description": "Security Group For infra lb",
            "egress": [
              {
                "cidr_blocks": [
                  "0.0.0.0/0"
                ],
                "description": "",
                "from_port": 0,
                "ipv6_cidr_blocks": [],
                "prefix_list_ids": [],
                "protocol": "-1",
                "security_groups": [],
                "self": false,
                "to_port": 0
              }
            ],
            "id": "sg-068956faa17f8739f",
            "ingress": [
              {
                "cidr_blocks": [
                  "0.0.0.0/0"
                ],
                "description": "",
                "from_port": 0,
                "ipv6_cidr_blocks": [],
                "prefix_list_ids": [],
                "protocol": "-1",
                "security_groups": [],
                "self": false,
                "to_port": 0
              },
              {
                "cidr_blocks": [
                  "10.0.2.0/24"
                ],
                "description": "",
                "from_port": 0,
                "ipv6_cidr_blocks": [],
                "prefix_list_ids": [],
                "protocol": "-1",
                "security_groups": [],
                "self": false,
                "to_port": 0
              },
              {
                "cidr_blocks": [
                  "220.118.2.248/32"
                ],
                "description": "",
                "from_port": 0,
                "ipv6_cidr_blocks": [],
                "prefix_list_ids": [],
                "protocol": "-1",
                "security_groups": [],
                "self": false,
                "to_port": 0
              }
            ],
            "name": "cicd-dev-infra-lb-sg",
            "name_prefix": "",
            "owner_id": "038462790556",
            "revoke_rules_on_delete": false,
            "tags": {
              "Name": "cicd-dev-infra-lb-sg",
              "kubernetes.io/cluster/cicd/dev": "owned"
            },
            "tags_all": {
              "Name": "cicd-dev-infra-lb-sg",
              "kubernetes.io/cluster/cicd/dev": "owned"
            },
            "timeouts": null,
            "vpc_id": "vpc-048947297984b79cb"
          },
          "sensitive_attributes": [],
          "private": "eyJlMmJmYjczMC1lY2FhLTExZTYtOGY4OC0zNDM2M2JjN2M0YzAiOnsiY3JlYXRlIjo2MDAwMDAwMDAwMDAsImRlbGV0ZSI6OTAwMDAwMDAwMDAwfSwic2NoZW1hX3ZlcnNpb24iOiIxIn0=",
          "dependencies": [
            "data.aws_vpc.vpc_info",
            "module.sol_vpc.aws_vpc.sol_vpc"
          ]
        }
      ]
    },
    {
      "module": "module.sol_infra_node[0]",
      "mode": "managed",
      "type": "aws_instance",
      "name": "sol_ec2",
      "provider": "provider[\"registry.terraform.io/hashicorp/aws\"]",
      "instances": [
        {
          "schema_version": 1,
          "attributes": {
            "ami": "ami-0a0cd2f78e9ef322a",
            "arn": "arn:aws:ec2:ap-northeast-2:038462790556:instance/i-0da5fd5904c7017ce",
            "associate_public_ip_address": false,
            "availability_zone": "ap-northeast-2a",
            "capacity_reservation_specification": [
              {
                "capacity_reservation_preference": "open",
                "capacity_reservation_target": []
              }
            ],
            "cpu_core_count": 2,
            "cpu_options": [
              {
                "amd_sev_snp": "",
                "core_count": 2,
                "threads_per_core": 2
              }
            ],
            "cpu_threads_per_core": 2,
            "credit_specification": [
              {
                "cpu_credits": "unlimited"
              }
            ],
            "disable_api_stop": false,
            "disable_api_termination": false,
            "ebs_block_device": [
              {
                "delete_on_termination": true,
                "device_name": "/dev/sdf",
                "encrypted": false,
                "iops": 210,
                "kms_key_id": "",
                "snapshot_id": "",
                "tags": {},
                "tags_all": {},
                "throughput": 0,
                "volume_id": "vol-081b09ad3e7de1aca",
                "volume_size": 70,
                "volume_type": "gp2"
              }
            ],
            "ebs_optimized": false,
            "enable_primary_ipv6": null,
            "enclave_options": [
              {
                "enabled": false
              }
            ],
            "ephemeral_block_device": [],
            "get_password_data": false,
            "hibernation": false,
            "host_id": "",
            "host_resource_group_arn": null,
            "iam_instance_profile": "",
            "id": "i-0da5fd5904c7017ce",
            "instance_initiated_shutdown_behavior": "stop",
            "instance_lifecycle": "",
            "instance_market_options": [],
            "instance_state": "running",
            "instance_type": "t3.xlarge",
            "ipv6_address_count": 0,
            "ipv6_addresses": [],
            "key_name": "cicd-dev-key",
            "launch_template": [],
            "maintenance_options": [
              {
                "auto_recovery": "default"
              }
            ],
            "metadata_options": [
              {
                "http_endpoint": "enabled",
                "http_protocol_ipv6": "disabled",
                "http_put_response_hop_limit": 1,
                "http_tokens": "optional",
                "instance_metadata_tags": "disabled"
              }
            ],
            "monitoring": false,
            "network_interface": [
              {
                "delete_on_termination": false,
                "device_index": 0,
                "network_card_index": 0,
                "network_interface_id": "eni-0a81798a91cc839ba"
              }
            ],
            "outpost_arn": "",
            "password_data": "",
            "placement_group": "",
            "placement_partition_number": 0,
            "primary_network_interface_id": "eni-0a81798a91cc839ba",
            "private_dns": "ip-10-0-2-167.ap-northeast-2.compute.internal",
            "private_dns_name_options": [
              {
                "enable_resource_name_dns_a_record": false,
                "enable_resource_name_dns_aaaa_record": false,
                "hostname_type": "ip-name"
              }
            ],
            "private_ip": "10.0.2.167",
            "public_dns": "",
            "public_ip": "",
            "root_block_device": [
              {
                "delete_on_termination": true,
                "device_name": "/dev/sda1",
                "encrypted": false,
                "iops": 150,
                "kms_key_id": "",
                "tags": null,
                "tags_all": {},
                "throughput": 0,
                "volume_id": "vol-0dc6ff9902804d46b",
                "volume_size": 50,
                "volume_type": "gp2"
              }
            ],
            "secondary_private_ips": [],
            "security_groups": [],
            "source_dest_check": true,
            "spot_instance_request_id": "",
            "subnet_id": "subnet-0c2584070c2a77ceb",
            "tags": {
              "Name": "cicd-dev-infra-0"
            },
            "tags_all": {
              "Name": "cicd-dev-infra-0"
            },
            "tenancy": "default",
            "timeouts": null,
            "user_data": "3823cb383bef9552ac686e484963cea81d5101b4",
            "user_data_base64": null,
            "user_data_replace_on_change": false,
            "volume_tags": null,
            "vpc_security_group_ids": [
              "sg-072375d830a16e0e3"
            ]
          },
          "sensitive_attributes": [],
          "private": "eyJlMmJmYjczMC1lY2FhLTExZTYtOGY4OC0zNDM2M2JjN2M0YzAiOnsiY3JlYXRlIjo2MDAwMDAwMDAwMDAsImRlbGV0ZSI6MTIwMDAwMDAwMDAwMCwicmVhZCI6OTAwMDAwMDAwMDAwLCJ1cGRhdGUiOjYwMDAwMDAwMDAwMH0sInNjaGVtYV92ZXJzaW9uIjoiMSJ9",
          "dependencies": [
            "aws_key_pair.sol_loginkey",
            "data.aws_internet_gateway.internet_gateway_info",
            "data.aws_vpc.vpc_info",
            "module.sol_infra_sg.aws_security_group.sol_sg",
            "module.sol_internet_gateway.aws_internet_gateway.sol_internet_gateway",
            "module.sol_nat_eip.aws_eip.sol_eip",
            "module.sol_nic_private.aws_network_interface.sol_nic",
            "module.sol_subnet_private.aws_subnet.sol_subnet",
            "module.sol_vpc.aws_vpc.sol_vpc"
          ]
        }
      ]
    },
    {
      "module": "module.sol_infra_sg[0]",
      "mode": "managed",
      "type": "aws_security_group",
      "name": "sol_sg",
      "provider": "provider[\"registry.terraform.io/hashicorp/aws\"]",
      "instances": [
        {
          "schema_version": 1,
          "attributes": {
            "arn": "arn:aws:ec2:ap-northeast-2:038462790556:security-group/sg-072375d830a16e0e3",
            "description": "Security Group For Infra Node",
            "egress": [
              {
                "cidr_blocks": [
                  "0.0.0.0/0"
                ],
                "description": "",
                "from_port": 0,
                "ipv6_cidr_blocks": [],
                "prefix_list_ids": [],
                "protocol": "-1",
                "security_groups": [],
                "self": false,
                "to_port": 0
              }
            ],
            "id": "sg-072375d830a16e0e3",
            "ingress": [
              {
                "cidr_blocks": [
                  "0.0.0.0/0"
                ],
                "description": "",
                "from_port": 0,
                "ipv6_cidr_blocks": [],
                "prefix_list_ids": [],
                "protocol": "-1",
                "security_groups": [],
                "self": false,
                "to_port": 0
              },
              {
                "cidr_blocks": [
                  "10.0.2.0/24"
                ],
                "description": "",
                "from_port": 0,
                "ipv6_cidr_blocks": [],
                "prefix_list_ids": [],
                "protocol": "-1",
                "security_groups": [],
                "self": false,
                "to_port": 0
              },
              {
                "cidr_blocks": [
                  "220.118.2.248/32"
                ],
                "description": "",
                "from_port": 0,
                "ipv6_cidr_blocks": [],
                "prefix_list_ids": [],
                "protocol": "-1",
                "security_groups": [],
                "self": false,
                "to_port": 0
              },
              {
                "cidr_blocks": [
                  "43.201.244.123/32"
                ],
                "description": "",
                "from_port": 0,
                "ipv6_cidr_blocks": [],
                "prefix_list_ids": [],
                "protocol": "-1",
                "security_groups": [],
                "self": false,
                "to_port": 0
              }
            ],
            "name": "cicd-dev-infra-sg",
            "name_prefix": "",
            "owner_id": "038462790556",
            "revoke_rules_on_delete": false,
            "tags": {
              "Name": "cicd-dev-infra-sg",
              "kubernetes.io/cluster/cicd/dev": "owned"
            },
            "tags_all": {
              "Name": "cicd-dev-infra-sg",
              "kubernetes.io/cluster/cicd/dev": "owned"
            },
            "timeouts": null,
            "vpc_id": "vpc-048947297984b79cb"
          },
          "sensitive_attributes": [],
          "private": "eyJlMmJmYjczMC1lY2FhLTExZTYtOGY4OC0zNDM2M2JjN2M0YzAiOnsiY3JlYXRlIjo2MDAwMDAwMDAwMDAsImRlbGV0ZSI6OTAwMDAwMDAwMDAwfSwic2NoZW1hX3ZlcnNpb24iOiIxIn0=",
          "dependencies": [
            "data.aws_internet_gateway.internet_gateway_info",
            "data.aws_vpc.vpc_info",
            "module.sol_internet_gateway.aws_internet_gateway.sol_internet_gateway",
            "module.sol_nat_eip.aws_eip.sol_eip",
            "module.sol_vpc.aws_vpc.sol_vpc"
          ]
        }
      ]
    },
    {
      "module": "module.sol_internet_gateway[0]",
      "mode": "managed",
      "type": "aws_internet_gateway",
      "name": "sol_internet_gateway",
      "provider": "provider[\"registry.terraform.io/hashicorp/aws\"]",
      "instances": [
        {
          "schema_version": 0,
          "attributes": {
            "arn": "arn:aws:ec2:ap-northeast-2:038462790556:internet-gateway/igw-029cb69c86e7df5c1",
            "id": "igw-029cb69c86e7df5c1",
            "owner_id": "038462790556",
            "tags": {
              "Name": "cicd-internet_gw"
            },
            "tags_all": {
              "Name": "cicd-internet_gw"
            },
            "timeouts": null,
            "vpc_id": "vpc-048947297984b79cb"
          },
          "sensitive_attributes": [],
          "private": "eyJlMmJmYjczMC1lY2FhLTExZTYtOGY4OC0zNDM2M2JjN2M0YzAiOnsiY3JlYXRlIjoxMjAwMDAwMDAwMDAwLCJkZWxldGUiOjEyMDAwMDAwMDAwMDAsInVwZGF0ZSI6MTIwMDAwMDAwMDAwMH19",
          "dependencies": [
            "module.sol_vpc.aws_vpc.sol_vpc"
          ]
        }
      ]
    },
    {
      "module": "module.sol_jumpbox_sg",
      "mode": "managed",
      "type": "aws_security_group",
      "name": "sol_sg",
      "provider": "provider[\"registry.terraform.io/hashicorp/aws\"]",
      "instances": [
        {
          "schema_version": 1,
          "attributes": {
            "arn": "arn:aws:ec2:ap-northeast-2:038462790556:security-group/sg-096e449f720ac8811",
            "description": "Security Group For Jumpbox",
            "egress": [
              {
                "cidr_blocks": [
                  "0.0.0.0/0"
                ],
                "description": "",
                "from_port": 0,
                "ipv6_cidr_blocks": [],
                "prefix_list_ids": [],
                "protocol": "-1",
                "security_groups": [],
                "self": false,
                "to_port": 0
              }
            ],
            "id": "sg-096e449f720ac8811",
            "ingress": [
              {
                "cidr_blocks": [
                  "0.0.0.0/0"
                ],
                "description": "",
                "from_port": 0,
                "ipv6_cidr_blocks": [],
                "prefix_list_ids": [],
                "protocol": "-1",
                "security_groups": [],
                "self": false,
                "to_port": 0
              },
              {
                "cidr_blocks": [
                  "10.0.2.0/24"
                ],
                "description": "",
                "from_port": 0,
                "ipv6_cidr_blocks": [],
                "prefix_list_ids": [],
                "protocol": "-1",
                "security_groups": [],
                "self": false,
                "to_port": 0
              },
              {
                "cidr_blocks": [
                  "220.118.2.248/32"
                ],
                "description": "",
                "from_port": 0,
                "ipv6_cidr_blocks": [],
                "prefix_list_ids": [],
                "protocol": "-1",
                "security_groups": [],
                "self": false,
                "to_port": 0
              }
            ],
            "name": "cicd-dev-jumpbox-sg",
            "name_prefix": "",
            "owner_id": "038462790556",
            "revoke_rules_on_delete": false,
            "tags": {
              "Name": "cicd-dev-jumpbox-sg",
              "kubernetes.io/cluster/cicd/dev": "owned"
            },
            "tags_all": {
              "Name": "cicd-dev-jumpbox-sg",
              "kubernetes.io/cluster/cicd/dev": "owned"
            },
            "timeouts": null,
            "vpc_id": "vpc-048947297984b79cb"
          },
          "sensitive_attributes": [],
          "private": "eyJlMmJmYjczMC1lY2FhLTExZTYtOGY4OC0zNDM2M2JjN2M0YzAiOnsiY3JlYXRlIjo2MDAwMDAwMDAwMDAsImRlbGV0ZSI6OTAwMDAwMDAwMDAwfSwic2NoZW1hX3ZlcnNpb24iOiIxIn0=",
          "dependencies": [
            "data.aws_vpc.vpc_info",
            "module.sol_vpc.aws_vpc.sol_vpc"
          ]
        }
      ]
    },
    {
      "module": "module.sol_k8s_lb_sg[0]",
      "mode": "managed",
      "type": "aws_security_group",
      "name": "sol_sg",
      "provider": "provider[\"registry.terraform.io/hashicorp/aws\"]",
      "instances": [
        {
          "schema_version": 1,
          "attributes": {
            "arn": "arn:aws:ec2:ap-northeast-2:038462790556:security-group/sg-00126e1b3df005963",
            "description": "Security Group For k8s lb",
            "egress": [
              {
                "cidr_blocks": [
                  "0.0.0.0/0"
                ],
                "description": "",
                "from_port": 0,
                "ipv6_cidr_blocks": [],
                "prefix_list_ids": [],
                "protocol": "-1",
                "security_groups": [],
                "self": false,
                "to_port": 0
              }
            ],
            "id": "sg-00126e1b3df005963",
            "ingress": [
              {
                "cidr_blocks": [
                  "0.0.0.0/0"
                ],
                "description": "",
                "from_port": 0,
                "ipv6_cidr_blocks": [],
                "prefix_list_ids": [],
                "protocol": "-1",
                "security_groups": [],
                "self": false,
                "to_port": 0
              },
              {
                "cidr_blocks": [
                  "10.0.2.0/24"
                ],
                "description": "",
                "from_port": 0,
                "ipv6_cidr_blocks": [],
                "prefix_list_ids": [],
                "protocol": "-1",
                "security_groups": [],
                "self": false,
                "to_port": 0
              },
              {
                "cidr_blocks": [
                  "220.118.2.248/32"
                ],
                "description": "",
                "from_port": 0,
                "ipv6_cidr_blocks": [],
                "prefix_list_ids": [],
                "protocol": "-1",
                "security_groups": [],
                "self": false,
                "to_port": 0
              }
            ],
            "name": "cicd-dev-k8s-lb-sg",
            "name_prefix": "",
            "owner_id": "038462790556",
            "revoke_rules_on_delete": false,
            "tags": {
              "Name": "cicd-dev-k8s-lb-sg",
              "kubernetes.io/cluster/cicd/dev": "owned"
            },
            "tags_all": {
              "Name": "cicd-dev-k8s-lb-sg",
              "kubernetes.io/cluster/cicd/dev": "owned"
            },
            "timeouts": null,
            "vpc_id": "vpc-048947297984b79cb"
          },
          "sensitive_attributes": [],
          "private": "eyJlMmJmYjczMC1lY2FhLTExZTYtOGY4OC0zNDM2M2JjN2M0YzAiOnsiY3JlYXRlIjo2MDAwMDAwMDAwMDAsImRlbGV0ZSI6OTAwMDAwMDAwMDAwfSwic2NoZW1hX3ZlcnNpb24iOiIxIn0=",
          "dependencies": [
            "data.aws_vpc.vpc_info",
            "module.sol_vpc.aws_vpc.sol_vpc"
          ]
        }
      ]
    },
    {
      "module": "module.sol_lb_infra[0]",
      "mode": "managed",
      "type": "aws_lb",
      "name": "sol_lb",
      "provider": "provider[\"registry.terraform.io/hashicorp/aws\"]",
      "instances": [
        {
          "schema_version": 0,
          "attributes": {
            "access_logs": [
              {
                "bucket": "",
                "enabled": false,
                "prefix": ""
              }
            ],
            "arn": "arn:aws:elasticloadbalancing:ap-northeast-2:038462790556:loadbalancer/net/cicd-dev-infra-lb/f2c1e964f2453f41",
            "arn_suffix": "net/cicd-dev-infra-lb/f2c1e964f2453f41",
            "client_keep_alive": null,
            "connection_logs": [],
            "customer_owned_ipv4_pool": "",
            "desync_mitigation_mode": null,
            "dns_name": "cicd-dev-infra-lb-f2c1e964f2453f41.elb.ap-northeast-2.amazonaws.com",
            "dns_record_client_routing_policy": "any_availability_zone",
            "drop_invalid_header_fields": null,
            "enable_cross_zone_load_balancing": false,
            "enable_deletion_protection": false,
            "enable_http2": null,
            "enable_tls_version_and_cipher_suite_headers": null,
            "enable_waf_fail_open": null,
            "enable_xff_client_port": null,
            "enable_zonal_shift": false,
            "enforce_security_group_inbound_rules_on_private_link_traffic": "",
            "id": "arn:aws:elasticloadbalancing:ap-northeast-2:038462790556:loadbalancer/net/cicd-dev-infra-lb/f2c1e964f2453f41",
            "idle_timeout": null,
            "internal": false,
            "ip_address_type": "ipv4",
            "load_balancer_type": "network",
            "name": "cicd-dev-infra-lb",
            "name_prefix": "",
            "preserve_host_header": null,
            "security_groups": [
              "sg-068956faa17f8739f"
            ],
            "subnet_mapping": [
              {
                "allocation_id": "",
                "ipv6_address": "",
                "outpost_id": "",
                "private_ipv4_address": "",
                "subnet_id": "subnet-0694eaca2adca262b"
              }
            ],
            "subnets": [
              "subnet-0694eaca2adca262b"
            ],
            "tags": {
              "Name": "cicd-dev-infra-lb",
              "kubernetes.io/cluster/cicd/dev": "owned"
            },
            "tags_all": {
              "Name": "cicd-dev-infra-lb",
              "kubernetes.io/cluster/cicd/dev": "owned"
            },
            "timeouts": null,
            "vpc_id": "vpc-048947297984b79cb",
            "xff_header_processing_mode": null,
            "zone_id": "ZIBE1TIR4HY56"
          },
          "sensitive_attributes": [],
          "private": "eyJlMmJmYjczMC1lY2FhLTExZTYtOGY4OC0zNDM2M2JjN2M0YzAiOnsiY3JlYXRlIjo2MDAwMDAwMDAwMDAsImRlbGV0ZSI6NjAwMDAwMDAwMDAwLCJ1cGRhdGUiOjYwMDAwMDAwMDAwMH19",
          "dependencies": [
            "data.aws_vpc.vpc_info",
            "module.sol_infra_lb_sg.aws_security_group.sol_sg",
            "module.sol_subnet_public.aws_subnet.sol_subnet",
            "module.sol_vpc.aws_vpc.sol_vpc"
          ]
        }
      ]
    },
    {
      "module": "module.sol_lb_infra_target_group[0]",
      "mode": "managed",
      "type": "aws_lb_target_group",
      "name": "sol_target_group",
      "provider": "provider[\"registry.terraform.io/hashicorp/aws\"]",
      "instances": [
        {
          "schema_version": 0,
          "attributes": {
            "arn": "arn:aws:elasticloadbalancing:ap-northeast-2:038462790556:targetgroup/cicd-dev-infra-tg-harbor/11775c632f19e47c",
            "arn_suffix": "targetgroup/cicd-dev-infra-tg-harbor/11775c632f19e47c",
            "connection_termination": false,
            "deregistration_delay": "300",
            "health_check": [
              {
                "enabled": true,
                "healthy_threshold": 2,
                "interval": 30,
                "matcher": "",
                "path": "",
                "port": "5443",
                "protocol": "TCP",
                "timeout": 10,
                "unhealthy_threshold": 2
              }
            ],
            "id": "arn:aws:elasticloadbalancing:ap-northeast-2:038462790556:targetgroup/cicd-dev-infra-tg-harbor/11775c632f19e47c",
            "ip_address_type": "ipv4",
            "lambda_multi_value_headers_enabled": false,
            "load_balancer_arns": [
              "arn:aws:elasticloadbalancing:ap-northeast-2:038462790556:loadbalancer/net/cicd-dev-infra-lb/f2c1e964f2453f41"
            ],
            "load_balancing_algorithm_type": null,
            "load_balancing_anomaly_mitigation": null,
            "load_balancing_cross_zone_enabled": "false",
            "name": "cicd-dev-infra-tg-harbor",
            "name_prefix": "",
            "port": 5443,
            "preserve_client_ip": "true",
            "protocol": "TCP",
            "protocol_version": null,
            "proxy_protocol_v2": false,
            "slow_start": 0,
            "stickiness": [
              {
                "cookie_duration": 0,
                "cookie_name": "",
                "enabled": false,
                "type": "source_ip"
              }
            ],
            "tags": {
              "Name": "cicd-dev-infra-tg-harbor"
            },
            "tags_all": {
              "Name": "cicd-dev-infra-tg-harbor"
            },
            "target_failover": [
              {
                "on_deregistration": null,
                "on_unhealthy": null
              }
            ],
            "target_group_health": [
              {
                "dns_failover": [
                  {
                    "minimum_healthy_targets_count": "1",
                    "minimum_healthy_targets_percentage": "off"
                  }
                ],
                "unhealthy_state_routing": [
                  {
                    "minimum_healthy_targets_count": 1,
                    "minimum_healthy_targets_percentage": "off"
                  }
                ]
              }
            ],
            "target_health_state": [
              {
                "enable_unhealthy_connection_termination": true,
                "unhealthy_draining_interval": 0
              }
            ],
            "target_type": "instance",
            "vpc_id": "vpc-048947297984b79cb"
          },
          "sensitive_attributes": [],
          "private": "bnVsbA==",
          "dependencies": [
            "data.aws_vpc.vpc_info",
            "module.sol_vpc.aws_vpc.sol_vpc"
          ]
        }
      ]
    },
    {
      "module": "module.sol_lb_infra_target_group[1]",
      "mode": "managed",
      "type": "aws_lb_target_group",
      "name": "sol_target_group",
      "provider": "provider[\"registry.terraform.io/hashicorp/aws\"]",
      "instances": [
        {
          "schema_version": 0,
          "attributes": {
            "arn": "arn:aws:elasticloadbalancing:ap-northeast-2:038462790556:targetgroup/cicd-dev-infra-tg-gitlab/d7945ad92a0eba5a",
            "arn_suffix": "targetgroup/cicd-dev-infra-tg-gitlab/d7945ad92a0eba5a",
            "connection_termination": false,
            "deregistration_delay": "300",
            "health_check": [
              {
                "enabled": true,
                "healthy_threshold": 2,
                "interval": 30,
                "matcher": "",
                "path": "",
                "port": "8443",
                "protocol": "TCP",
                "timeout": 10,
                "unhealthy_threshold": 2
              }
            ],
            "id": "arn:aws:elasticloadbalancing:ap-northeast-2:038462790556:targetgroup/cicd-dev-infra-tg-gitlab/d7945ad92a0eba5a",
            "ip_address_type": "ipv4",
            "lambda_multi_value_headers_enabled": false,
            "load_balancer_arns": [
              "arn:aws:elasticloadbalancing:ap-northeast-2:038462790556:loadbalancer/net/cicd-dev-infra-lb/f2c1e964f2453f41"
            ],
            "load_balancing_algorithm_type": null,
            "load_balancing_anomaly_mitigation": null,
            "load_balancing_cross_zone_enabled": "false",
            "name": "cicd-dev-infra-tg-gitlab",
            "name_prefix": "",
            "port": 8443,
            "preserve_client_ip": "true",
            "protocol": "TCP",
            "protocol_version": null,
            "proxy_protocol_v2": false,
            "slow_start": 0,
            "stickiness": [
              {
                "cookie_duration": 0,
                "cookie_name": "",
                "enabled": false,
                "type": "source_ip"
              }
            ],
            "tags": {
              "Name": "cicd-dev-infra-tg-gitlab"
            },
            "tags_all": {
              "Name": "cicd-dev-infra-tg-gitlab"
            },
            "target_failover": [
              {
                "on_deregistration": null,
                "on_unhealthy": null
              }
            ],
            "target_group_health": [
              {
                "dns_failover": [
                  {
                    "minimum_healthy_targets_count": "1",
                    "minimum_healthy_targets_percentage": "off"
                  }
                ],
                "unhealthy_state_routing": [
                  {
                    "minimum_healthy_targets_count": 1,
                    "minimum_healthy_targets_percentage": "off"
                  }
                ]
              }
            ],
            "target_health_state": [
              {
                "enable_unhealthy_connection_termination": true,
                "unhealthy_draining_interval": 0
              }
            ],
            "target_type": "instance",
            "vpc_id": "vpc-048947297984b79cb"
          },
          "sensitive_attributes": [],
          "private": "bnVsbA==",
          "dependencies": [
            "data.aws_vpc.vpc_info",
            "module.sol_vpc.aws_vpc.sol_vpc"
          ]
        }
      ]
    },
    {
      "module": "module.sol_lb_infra_target_group[2]",
      "mode": "managed",
      "type": "aws_lb_target_group",
      "name": "sol_target_group",
      "provider": "provider[\"registry.terraform.io/hashicorp/aws\"]",
      "instances": [
        {
          "schema_version": 0,
          "attributes": {
            "arn": "arn:aws:elasticloadbalancing:ap-northeast-2:038462790556:targetgroup/cicd-dev-infra-tg-nexus/79754cca1f096b2a",
            "arn_suffix": "targetgroup/cicd-dev-infra-tg-nexus/79754cca1f096b2a",
            "connection_termination": false,
            "deregistration_delay": "300",
            "health_check": [
              {
                "enabled": true,
                "healthy_threshold": 2,
                "interval": 30,
                "matcher": "",
                "path": "",
                "port": "8081",
                "protocol": "TCP",
                "timeout": 10,
                "unhealthy_threshold": 2
              }
            ],
            "id": "arn:aws:elasticloadbalancing:ap-northeast-2:038462790556:targetgroup/cicd-dev-infra-tg-nexus/79754cca1f096b2a",
            "ip_address_type": "ipv4",
            "lambda_multi_value_headers_enabled": false,
            "load_balancer_arns": [
              "arn:aws:elasticloadbalancing:ap-northeast-2:038462790556:loadbalancer/net/cicd-dev-infra-lb/f2c1e964f2453f41"
            ],
            "load_balancing_algorithm_type": null,
            "load_balancing_anomaly_mitigation": null,
            "load_balancing_cross_zone_enabled": "false",
            "name": "cicd-dev-infra-tg-nexus",
            "name_prefix": "",
            "port": 8081,
            "preserve_client_ip": "true",
            "protocol": "TCP",
            "protocol_version": null,
            "proxy_protocol_v2": false,
            "slow_start": 0,
            "stickiness": [
              {
                "cookie_duration": 0,
                "cookie_name": "",
                "enabled": false,
                "type": "source_ip"
              }
            ],
            "tags": {
              "Name": "cicd-dev-infra-tg-nexus"
            },
            "tags_all": {
              "Name": "cicd-dev-infra-tg-nexus"
            },
            "target_failover": [
              {
                "on_deregistration": null,
                "on_unhealthy": null
              }
            ],
            "target_group_health": [
              {
                "dns_failover": [
                  {
                    "minimum_healthy_targets_count": "1",
                    "minimum_healthy_targets_percentage": "off"
                  }
                ],
                "unhealthy_state_routing": [
                  {
                    "minimum_healthy_targets_count": 1,
                    "minimum_healthy_targets_percentage": "off"
                  }
                ]
              }
            ],
            "target_health_state": [
              {
                "enable_unhealthy_connection_termination": true,
                "unhealthy_draining_interval": 0
              }
            ],
            "target_type": "instance",
            "vpc_id": "vpc-048947297984b79cb"
          },
          "sensitive_attributes": [],
          "private": "bnVsbA==",
          "dependencies": [
            "data.aws_vpc.vpc_info",
            "module.sol_vpc.aws_vpc.sol_vpc"
          ]
        }
      ]
    },
    {
      "module": "module.sol_lb_infra_target_group[3]",
      "mode": "managed",
      "type": "aws_lb_target_group",
      "name": "sol_target_group",
      "provider": "provider[\"registry.terraform.io/hashicorp/aws\"]",
      "instances": [
        {
          "schema_version": 0,
          "attributes": {
            "arn": "arn:aws:elasticloadbalancing:ap-northeast-2:038462790556:targetgroup/cicd-dev-infra-tg-jenkins/33a2648401f4d158",
            "arn_suffix": "targetgroup/cicd-dev-infra-tg-jenkins/33a2648401f4d158",
            "connection_termination": false,
            "deregistration_delay": "300",
            "health_check": [
              {
                "enabled": true,
                "healthy_threshold": 2,
                "interval": 30,
                "matcher": "",
                "path": "",
                "port": "8080",
                "protocol": "TCP",
                "timeout": 10,
                "unhealthy_threshold": 2
              }
            ],
            "id": "arn:aws:elasticloadbalancing:ap-northeast-2:038462790556:targetgroup/cicd-dev-infra-tg-jenkins/33a2648401f4d158",
            "ip_address_type": "ipv4",
            "lambda_multi_value_headers_enabled": false,
            "load_balancer_arns": [
              "arn:aws:elasticloadbalancing:ap-northeast-2:038462790556:loadbalancer/net/cicd-dev-infra-lb/f2c1e964f2453f41"
            ],
            "load_balancing_algorithm_type": null,
            "load_balancing_anomaly_mitigation": null,
            "load_balancing_cross_zone_enabled": "false",
            "name": "cicd-dev-infra-tg-jenkins",
            "name_prefix": "",
            "port": 8080,
            "preserve_client_ip": "true",
            "protocol": "TCP",
            "protocol_version": null,
            "proxy_protocol_v2": false,
            "slow_start": 0,
            "stickiness": [
              {
                "cookie_duration": 0,
                "cookie_name": "",
                "enabled": false,
                "type": "source_ip"
              }
            ],
            "tags": {
              "Name": "cicd-dev-infra-tg-jenkins"
            },
            "tags_all": {
              "Name": "cicd-dev-infra-tg-jenkins"
            },
            "target_failover": [
              {
                "on_deregistration": null,
                "on_unhealthy": null
              }
            ],
            "target_group_health": [
              {
                "dns_failover": [
                  {
                    "minimum_healthy_targets_count": "1",
                    "minimum_healthy_targets_percentage": "off"
                  }
                ],
                "unhealthy_state_routing": [
                  {
                    "minimum_healthy_targets_count": 1,
                    "minimum_healthy_targets_percentage": "off"
                  }
                ]
              }
            ],
            "target_health_state": [
              {
                "enable_unhealthy_connection_termination": true,
                "unhealthy_draining_interval": 0
              }
            ],
            "target_type": "instance",
            "vpc_id": "vpc-048947297984b79cb"
          },
          "sensitive_attributes": [],
          "private": "bnVsbA==",
          "dependencies": [
            "data.aws_vpc.vpc_info",
            "module.sol_vpc.aws_vpc.sol_vpc"
          ]
        }
      ]
    },
    {
      "module": "module.sol_lb_infra_target_group[4]",
      "mode": "managed",
      "type": "aws_lb_target_group",
      "name": "sol_target_group",
      "provider": "provider[\"registry.terraform.io/hashicorp/aws\"]",
      "instances": [
        {
          "schema_version": 0,
          "attributes": {
            "arn": "arn:aws:elasticloadbalancing:ap-northeast-2:038462790556:targetgroup/cicd-dev-infra-tg-mysql/d94bd605e4b83198",
            "arn_suffix": "targetgroup/cicd-dev-infra-tg-mysql/d94bd605e4b83198",
            "connection_termination": false,
            "deregistration_delay": "300",
            "health_check": [
              {
                "enabled": true,
                "healthy_threshold": 2,
                "interval": 30,
                "matcher": "",
                "path": "",
                "port": "30131",
                "protocol": "TCP",
                "timeout": 10,
                "unhealthy_threshold": 2
              }
            ],
            "id": "arn:aws:elasticloadbalancing:ap-northeast-2:038462790556:targetgroup/cicd-dev-infra-tg-mysql/d94bd605e4b83198",
            "ip_address_type": "ipv4",
            "lambda_multi_value_headers_enabled": false,
            "load_balancer_arns": [
              "arn:aws:elasticloadbalancing:ap-northeast-2:038462790556:loadbalancer/net/cicd-dev-infra-lb/f2c1e964f2453f41"
            ],
            "load_balancing_algorithm_type": null,
            "load_balancing_anomaly_mitigation": null,
            "load_balancing_cross_zone_enabled": "false",
            "name": "cicd-dev-infra-tg-mysql",
            "name_prefix": "",
            "port": 30131,
            "preserve_client_ip": "true",
            "protocol": "TCP",
            "protocol_version": null,
            "proxy_protocol_v2": false,
            "slow_start": 0,
            "stickiness": [
              {
                "cookie_duration": 0,
                "cookie_name": "",
                "enabled": false,
                "type": "source_ip"
              }
            ],
            "tags": {
              "Name": "cicd-dev-infra-tg-mysql"
            },
            "tags_all": {
              "Name": "cicd-dev-infra-tg-mysql"
            },
            "target_failover": [
              {
                "on_deregistration": null,
                "on_unhealthy": null
              }
            ],
            "target_group_health": [
              {
                "dns_failover": [
                  {
                    "minimum_healthy_targets_count": "1",
                    "minimum_healthy_targets_percentage": "off"
                  }
                ],
                "unhealthy_state_routing": [
                  {
                    "minimum_healthy_targets_count": 1,
                    "minimum_healthy_targets_percentage": "off"
                  }
                ]
              }
            ],
            "target_health_state": [
              {
                "enable_unhealthy_connection_termination": true,
                "unhealthy_draining_interval": 0
              }
            ],
            "target_type": "instance",
            "vpc_id": "vpc-048947297984b79cb"
          },
          "sensitive_attributes": [],
          "private": "bnVsbA==",
          "dependencies": [
            "data.aws_vpc.vpc_info",
            "module.sol_vpc.aws_vpc.sol_vpc"
          ]
        }
      ]
    },
    {
      "module": "module.sol_lb_infra_target_group[5]",
      "mode": "managed",
      "type": "aws_lb_target_group",
      "name": "sol_target_group",
      "provider": "provider[\"registry.terraform.io/hashicorp/aws\"]",
      "instances": [
        {
          "schema_version": 0,
          "attributes": {
            "arn": "arn:aws:elasticloadbalancing:ap-northeast-2:038462790556:targetgroup/cicd-dev-infra-tg-admin/e79fd677eade4204",
            "arn_suffix": "targetgroup/cicd-dev-infra-tg-admin/e79fd677eade4204",
            "connection_termination": false,
            "deregistration_delay": "300",
            "health_check": [
              {
                "enabled": true,
                "healthy_threshold": 2,
                "interval": 30,
                "matcher": "",
                "path": "",
                "port": "30130",
                "protocol": "TCP",
                "timeout": 10,
                "unhealthy_threshold": 2
              }
            ],
            "id": "arn:aws:elasticloadbalancing:ap-northeast-2:038462790556:targetgroup/cicd-dev-infra-tg-admin/e79fd677eade4204",
            "ip_address_type": "ipv4",
            "lambda_multi_value_headers_enabled": false,
            "load_balancer_arns": [
              "arn:aws:elasticloadbalancing:ap-northeast-2:038462790556:loadbalancer/net/cicd-dev-infra-lb/f2c1e964f2453f41"
            ],
            "load_balancing_algorithm_type": null,
            "load_balancing_anomaly_mitigation": null,
            "load_balancing_cross_zone_enabled": "false",
            "name": "cicd-dev-infra-tg-admin",
            "name_prefix": "",
            "port": 30130,
            "preserve_client_ip": "true",
            "protocol": "TCP",
            "protocol_version": null,
            "proxy_protocol_v2": false,
            "slow_start": 0,
            "stickiness": [
              {
                "cookie_duration": 0,
                "cookie_name": "",
                "enabled": false,
                "type": "source_ip"
              }
            ],
            "tags": {
              "Name": "cicd-dev-infra-tg-admin"
            },
            "tags_all": {
              "Name": "cicd-dev-infra-tg-admin"
            },
            "target_failover": [
              {
                "on_deregistration": null,
                "on_unhealthy": null
              }
            ],
            "target_group_health": [
              {
                "dns_failover": [
                  {
                    "minimum_healthy_targets_count": "1",
                    "minimum_healthy_targets_percentage": "off"
                  }
                ],
                "unhealthy_state_routing": [
                  {
                    "minimum_healthy_targets_count": 1,
                    "minimum_healthy_targets_percentage": "off"
                  }
                ]
              }
            ],
            "target_health_state": [
              {
                "enable_unhealthy_connection_termination": true,
                "unhealthy_draining_interval": 0
              }
            ],
            "target_type": "instance",
            "vpc_id": "vpc-048947297984b79cb"
          },
          "sensitive_attributes": [],
          "private": "bnVsbA==",
          "dependencies": [
            "data.aws_vpc.vpc_info",
            "module.sol_vpc.aws_vpc.sol_vpc"
          ]
        }
      ]
    },
    {
      "module": "module.sol_lb_infra_target_group_attachment_infra1[0]",
      "mode": "managed",
      "type": "aws_lb_target_group_attachment",
      "name": "sol_target_group_attachment",
      "provider": "provider[\"registry.terraform.io/hashicorp/aws\"]",
      "instances": [
        {
          "schema_version": 0,
          "attributes": {
            "availability_zone": null,
            "id": "arn:aws:elasticloadbalancing:ap-northeast-2:038462790556:targetgroup/cicd-dev-infra-tg-harbor/11775c632f19e47c-20250317001342441200000006",
            "port": null,
            "target_group_arn": "arn:aws:elasticloadbalancing:ap-northeast-2:038462790556:targetgroup/cicd-dev-infra-tg-harbor/11775c632f19e47c",
            "target_id": "i-0da5fd5904c7017ce"
          },
          "sensitive_attributes": [],
          "private": "bnVsbA==",
          "dependencies": [
            "aws_key_pair.sol_loginkey",
            "data.aws_internet_gateway.internet_gateway_info",
            "data.aws_vpc.vpc_info",
            "module.sol_infra_node.aws_instance.sol_ec2",
            "module.sol_infra_sg.aws_security_group.sol_sg",
            "module.sol_internet_gateway.aws_internet_gateway.sol_internet_gateway",
            "module.sol_lb_infra_target_group.aws_lb_target_group.sol_target_group",
            "module.sol_nat_eip.aws_eip.sol_eip",
            "module.sol_nic_private.aws_network_interface.sol_nic",
            "module.sol_subnet_private.aws_subnet.sol_subnet",
            "module.sol_vpc.aws_vpc.sol_vpc"
          ]
        }
      ]
    },
    {
      "module": "module.sol_lb_infra_target_group_attachment_infra1[1]",
      "mode": "managed",
      "type": "aws_lb_target_group_attachment",
      "name": "sol_target_group_attachment",
      "provider": "provider[\"registry.terraform.io/hashicorp/aws\"]",
      "instances": [
        {
          "schema_version": 0,
          "attributes": {
            "availability_zone": null,
            "id": "arn:aws:elasticloadbalancing:ap-northeast-2:038462790556:targetgroup/cicd-dev-infra-tg-gitlab/d7945ad92a0eba5a-20250317001342372400000005",
            "port": null,
            "target_group_arn": "arn:aws:elasticloadbalancing:ap-northeast-2:038462790556:targetgroup/cicd-dev-infra-tg-gitlab/d7945ad92a0eba5a",
            "target_id": "i-0da5fd5904c7017ce"
          },
          "sensitive_attributes": [],
          "private": "bnVsbA==",
          "dependencies": [
            "aws_key_pair.sol_loginkey",
            "data.aws_internet_gateway.internet_gateway_info",
            "data.aws_vpc.vpc_info",
            "module.sol_infra_node.aws_instance.sol_ec2",
            "module.sol_infra_sg.aws_security_group.sol_sg",
            "module.sol_internet_gateway.aws_internet_gateway.sol_internet_gateway",
            "module.sol_lb_infra_target_group.aws_lb_target_group.sol_target_group",
            "module.sol_nat_eip.aws_eip.sol_eip",
            "module.sol_nic_private.aws_network_interface.sol_nic",
            "module.sol_subnet_private.aws_subnet.sol_subnet",
            "module.sol_vpc.aws_vpc.sol_vpc"
          ]
        }
      ]
    },
    {
      "module": "module.sol_lb_infra_target_group_attachment_infra1[2]",
      "mode": "managed",
      "type": "aws_lb_target_group_attachment",
      "name": "sol_target_group_attachment",
      "provider": "provider[\"registry.terraform.io/hashicorp/aws\"]",
      "instances": [
        {
          "schema_version": 0,
          "attributes": {
            "availability_zone": null,
            "id": "arn:aws:elasticloadbalancing:ap-northeast-2:038462790556:targetgroup/cicd-dev-infra-tg-nexus/79754cca1f096b2a-20250317001342755600000008",
            "port": null,
            "target_group_arn": "arn:aws:elasticloadbalancing:ap-northeast-2:038462790556:targetgroup/cicd-dev-infra-tg-nexus/79754cca1f096b2a",
            "target_id": "i-0da5fd5904c7017ce"
          },
          "sensitive_attributes": [],
          "private": "bnVsbA==",
          "dependencies": [
            "aws_key_pair.sol_loginkey",
            "data.aws_internet_gateway.internet_gateway_info",
            "data.aws_vpc.vpc_info",
            "module.sol_infra_node.aws_instance.sol_ec2",
            "module.sol_infra_sg.aws_security_group.sol_sg",
            "module.sol_internet_gateway.aws_internet_gateway.sol_internet_gateway",
            "module.sol_lb_infra_target_group.aws_lb_target_group.sol_target_group",
            "module.sol_nat_eip.aws_eip.sol_eip",
            "module.sol_nic_private.aws_network_interface.sol_nic",
            "module.sol_subnet_private.aws_subnet.sol_subnet",
            "module.sol_vpc.aws_vpc.sol_vpc"
          ]
        }
      ]
    },
    {
      "module": "module.sol_lb_infra_target_group_attachment_infra1[3]",
      "mode": "managed",
      "type": "aws_lb_target_group_attachment",
      "name": "sol_target_group_attachment",
      "provider": "provider[\"registry.terraform.io/hashicorp/aws\"]",
      "instances": [
        {
          "schema_version": 0,
          "attributes": {
            "availability_zone": null,
            "id": "arn:aws:elasticloadbalancing:ap-northeast-2:038462790556:targetgroup/cicd-dev-infra-tg-jenkins/33a2648401f4d158-20250317001342799600000009",
            "port": null,
            "target_group_arn": "arn:aws:elasticloadbalancing:ap-northeast-2:038462790556:targetgroup/cicd-dev-infra-tg-jenkins/33a2648401f4d158",
            "target_id": "i-0da5fd5904c7017ce"
          },
          "sensitive_attributes": [],
          "private": "bnVsbA==",
          "dependencies": [
            "aws_key_pair.sol_loginkey",
            "data.aws_internet_gateway.internet_gateway_info",
            "data.aws_vpc.vpc_info",
            "module.sol_infra_node.aws_instance.sol_ec2",
            "module.sol_infra_sg.aws_security_group.sol_sg",
            "module.sol_internet_gateway.aws_internet_gateway.sol_internet_gateway",
            "module.sol_lb_infra_target_group.aws_lb_target_group.sol_target_group",
            "module.sol_nat_eip.aws_eip.sol_eip",
            "module.sol_nic_private.aws_network_interface.sol_nic",
            "module.sol_subnet_private.aws_subnet.sol_subnet",
            "module.sol_vpc.aws_vpc.sol_vpc"
          ]
        }
      ]
    },
    {
      "module": "module.sol_lb_infra_target_group_attachment_infra1[4]",
      "mode": "managed",
      "type": "aws_lb_target_group_attachment",
      "name": "sol_target_group_attachment",
      "provider": "provider[\"registry.terraform.io/hashicorp/aws\"]",
      "instances": [
        {
          "schema_version": 0,
          "attributes": {
            "availability_zone": null,
            "id": "arn:aws:elasticloadbalancing:ap-northeast-2:038462790556:targetgroup/cicd-dev-infra-tg-mysql/d94bd605e4b83198-2025031700134283350000000a",
            "port": null,
            "target_group_arn": "arn:aws:elasticloadbalancing:ap-northeast-2:038462790556:targetgroup/cicd-dev-infra-tg-mysql/d94bd605e4b83198",
            "target_id": "i-0da5fd5904c7017ce"
          },
          "sensitive_attributes": [],
          "private": "bnVsbA==",
          "dependencies": [
            "aws_key_pair.sol_loginkey",
            "data.aws_internet_gateway.internet_gateway_info",
            "data.aws_vpc.vpc_info",
            "module.sol_infra_node.aws_instance.sol_ec2",
            "module.sol_infra_sg.aws_security_group.sol_sg",
            "module.sol_internet_gateway.aws_internet_gateway.sol_internet_gateway",
            "module.sol_lb_infra_target_group.aws_lb_target_group.sol_target_group",
            "module.sol_nat_eip.aws_eip.sol_eip",
            "module.sol_nic_private.aws_network_interface.sol_nic",
            "module.sol_subnet_private.aws_subnet.sol_subnet",
            "module.sol_vpc.aws_vpc.sol_vpc"
          ]
        }
      ]
    },
    {
      "module": "module.sol_lb_infra_target_group_attachment_infra1[5]",
      "mode": "managed",
      "type": "aws_lb_target_group_attachment",
      "name": "sol_target_group_attachment",
      "provider": "provider[\"registry.terraform.io/hashicorp/aws\"]",
      "instances": [
        {
          "schema_version": 0,
          "attributes": {
            "availability_zone": null,
            "id": "arn:aws:elasticloadbalancing:ap-northeast-2:038462790556:targetgroup/cicd-dev-infra-tg-admin/e79fd677eade4204-20250317001342480100000007",
            "port": null,
            "target_group_arn": "arn:aws:elasticloadbalancing:ap-northeast-2:038462790556:targetgroup/cicd-dev-infra-tg-admin/e79fd677eade4204",
            "target_id": "i-0da5fd5904c7017ce"
          },
          "sensitive_attributes": [],
          "private": "bnVsbA==",
          "dependencies": [
            "aws_key_pair.sol_loginkey",
            "data.aws_internet_gateway.internet_gateway_info",
            "data.aws_vpc.vpc_info",
            "module.sol_infra_node.aws_instance.sol_ec2",
            "module.sol_infra_sg.aws_security_group.sol_sg",
            "module.sol_internet_gateway.aws_internet_gateway.sol_internet_gateway",
            "module.sol_lb_infra_target_group.aws_lb_target_group.sol_target_group",
            "module.sol_nat_eip.aws_eip.sol_eip",
            "module.sol_nic_private.aws_network_interface.sol_nic",
            "module.sol_subnet_private.aws_subnet.sol_subnet",
            "module.sol_vpc.aws_vpc.sol_vpc"
          ]
        }
      ]
    },
    {
      "module": "module.sol_lb_k8s[0]",
      "mode": "managed",
      "type": "aws_lb",
      "name": "sol_lb",
      "provider": "provider[\"registry.terraform.io/hashicorp/aws\"]",
      "instances": [
        {
          "schema_version": 0,
          "attributes": {
            "access_logs": [
              {
                "bucket": "",
                "enabled": false,
                "prefix": ""
              }
            ],
            "arn": "arn:aws:elasticloadbalancing:ap-northeast-2:038462790556:loadbalancer/net/cicd-dev-k8s-lb/2b6d2a622f7d3eb3",
            "arn_suffix": "net/cicd-dev-k8s-lb/2b6d2a622f7d3eb3",
            "client_keep_alive": null,
            "connection_logs": [],
            "customer_owned_ipv4_pool": "",
            "desync_mitigation_mode": null,
            "dns_name": "cicd-dev-k8s-lb-2b6d2a622f7d3eb3.elb.ap-northeast-2.amazonaws.com",
            "dns_record_client_routing_policy": "any_availability_zone",
            "drop_invalid_header_fields": null,
            "enable_cross_zone_load_balancing": false,
            "enable_deletion_protection": false,
            "enable_http2": null,
            "enable_tls_version_and_cipher_suite_headers": null,
            "enable_waf_fail_open": null,
            "enable_xff_client_port": null,
            "enable_zonal_shift": false,
            "enforce_security_group_inbound_rules_on_private_link_traffic": "",
            "id": "arn:aws:elasticloadbalancing:ap-northeast-2:038462790556:loadbalancer/net/cicd-dev-k8s-lb/2b6d2a622f7d3eb3",
            "idle_timeout": null,
            "internal": false,
            "ip_address_type": "ipv4",
            "load_balancer_type": "network",
            "name": "cicd-dev-k8s-lb",
            "name_prefix": "",
            "preserve_host_header": null,
            "security_groups": [
              "sg-00126e1b3df005963"
            ],
            "subnet_mapping": [
              {
                "allocation_id": "",
                "ipv6_address": "",
                "outpost_id": "",
                "private_ipv4_address": "",
                "subnet_id": "subnet-0694eaca2adca262b"
              }
            ],
            "subnets": [
              "subnet-0694eaca2adca262b"
            ],
            "tags": {
              "Name": "cicd-dev-k8s-lb",
              "kubernetes.io/cluster/cicd/dev": "owned"
            },
            "tags_all": {
              "Name": "cicd-dev-k8s-lb",
              "kubernetes.io/cluster/cicd/dev": "owned"
            },
            "timeouts": null,
            "vpc_id": "vpc-048947297984b79cb",
            "xff_header_processing_mode": null,
            "zone_id": "ZIBE1TIR4HY56"
          },
          "sensitive_attributes": [],
          "private": "eyJlMmJmYjczMC1lY2FhLTExZTYtOGY4OC0zNDM2M2JjN2M0YzAiOnsiY3JlYXRlIjo2MDAwMDAwMDAwMDAsImRlbGV0ZSI6NjAwMDAwMDAwMDAwLCJ1cGRhdGUiOjYwMDAwMDAwMDAwMH19",
          "dependencies": [
            "data.aws_vpc.vpc_info",
            "module.sol_k8s_lb_sg.aws_security_group.sol_sg",
            "module.sol_subnet_public.aws_subnet.sol_subnet",
            "module.sol_vpc.aws_vpc.sol_vpc"
          ]
        }
      ]
    },
    {
      "module": "module.sol_lb_k8s_listener[0]",
      "mode": "managed",
      "type": "aws_lb_listener",
      "name": "sol_lb_listener",
      "provider": "provider[\"registry.terraform.io/hashicorp/aws\"]",
      "instances": [
        {
          "schema_version": 0,
          "attributes": {
            "alpn_policy": null,
            "arn": "arn:aws:elasticloadbalancing:ap-northeast-2:038462790556:listener/net/cicd-dev-k8s-lb/2b6d2a622f7d3eb3/1eab1ea81b4885d1",
            "certificate_arn": null,
            "default_action": [
              {
                "authenticate_cognito": [],
                "authenticate_oidc": [],
                "fixed_response": [],
                "forward": [],
                "order": 1,
                "redirect": [],
                "target_group_arn": "arn:aws:elasticloadbalancing:ap-northeast-2:038462790556:targetgroup/cicd-dev-k8s-tg-k8s/87a1d82eb3db7ffc",
                "type": "forward"
              }
            ],
            "id": "arn:aws:elasticloadbalancing:ap-northeast-2:038462790556:listener/net/cicd-dev-k8s-lb/2b6d2a622f7d3eb3/1eab1ea81b4885d1",
            "load_balancer_arn": "arn:aws:elasticloadbalancing:ap-northeast-2:038462790556:loadbalancer/net/cicd-dev-k8s-lb/2b6d2a622f7d3eb3",
            "mutual_authentication": [],
            "port": 6443,
            "protocol": "TCP",
            "ssl_policy": "",
            "tags": {},
            "tags_all": {},
            "tcp_idle_timeout_seconds": 360,
            "timeouts": null
          },
          "sensitive_attributes": [],
          "private": "eyJlMmJmYjczMC1lY2FhLTExZTYtOGY4OC0zNDM2M2JjN2M0YzAiOnsiY3JlYXRlIjozMDAwMDAwMDAwMDAsInVwZGF0ZSI6MzAwMDAwMDAwMDAwfX0=",
          "dependencies": [
            "data.aws_vpc.vpc_info",
            "module.sol_k8s_lb_sg.aws_security_group.sol_sg",
            "module.sol_lb_k8s.aws_lb.sol_lb",
            "module.sol_lb_k8s_target_group.aws_lb_target_group.sol_target_group",
            "module.sol_subnet_public.aws_subnet.sol_subnet",
            "module.sol_vpc.aws_vpc.sol_vpc"
          ]
        }
      ]
    },
    {
      "module": "module.sol_lb_k8s_listener[1]",
      "mode": "managed",
      "type": "aws_lb_listener",
      "name": "sol_lb_listener",
      "provider": "provider[\"registry.terraform.io/hashicorp/aws\"]",
      "instances": [
        {
          "schema_version": 0,
          "attributes": {
            "alpn_policy": null,
            "arn": "arn:aws:elasticloadbalancing:ap-northeast-2:038462790556:listener/net/cicd-dev-k8s-lb/2b6d2a622f7d3eb3/50cf9528705c187e",
            "certificate_arn": null,
            "default_action": [
              {
                "authenticate_cognito": [],
                "authenticate_oidc": [],
                "fixed_response": [],
                "forward": [],
                "order": 1,
                "redirect": [],
                "target_group_arn": "arn:aws:elasticloadbalancing:ap-northeast-2:038462790556:targetgroup/cicd-dev-k8s-tg-grafana/569e0f4f62999aa0",
                "type": "forward"
              }
            ],
            "id": "arn:aws:elasticloadbalancing:ap-northeast-2:038462790556:listener/net/cicd-dev-k8s-lb/2b6d2a622f7d3eb3/50cf9528705c187e",
            "load_balancer_arn": "arn:aws:elasticloadbalancing:ap-northeast-2:038462790556:loadbalancer/net/cicd-dev-k8s-lb/2b6d2a622f7d3eb3",
            "mutual_authentication": [],
            "port": 31020,
            "protocol": "TCP",
            "ssl_policy": "",
            "tags": {},
            "tags_all": {},
            "tcp_idle_timeout_seconds": 360,
            "timeouts": null
          },
          "sensitive_attributes": [],
          "private": "eyJlMmJmYjczMC1lY2FhLTExZTYtOGY4OC0zNDM2M2JjN2M0YzAiOnsiY3JlYXRlIjozMDAwMDAwMDAwMDAsInVwZGF0ZSI6MzAwMDAwMDAwMDAwfX0=",
          "dependencies": [
            "data.aws_vpc.vpc_info",
            "module.sol_k8s_lb_sg.aws_security_group.sol_sg",
            "module.sol_lb_k8s.aws_lb.sol_lb",
            "module.sol_lb_k8s_target_group.aws_lb_target_group.sol_target_group",
            "module.sol_subnet_public.aws_subnet.sol_subnet",
            "module.sol_vpc.aws_vpc.sol_vpc"
          ]
        }
      ]
    },
    {
      "module": "module.sol_lb_k8s_listener[2]",
      "mode": "managed",
      "type": "aws_lb_listener",
      "name": "sol_lb_listener",
      "provider": "provider[\"registry.terraform.io/hashicorp/aws\"]",
      "instances": [
        {
          "schema_version": 0,
          "attributes": {
            "alpn_policy": null,
            "arn": "arn:aws:elasticloadbalancing:ap-northeast-2:038462790556:listener/net/cicd-dev-k8s-lb/2b6d2a622f7d3eb3/ad2343e2fea63df8",
            "certificate_arn": null,
            "default_action": [
              {
                "authenticate_cognito": [],
                "authenticate_oidc": [],
                "fixed_response": [],
                "forward": [],
                "order": 1,
                "redirect": [],
                "target_group_arn": "arn:aws:elasticloadbalancing:ap-northeast-2:038462790556:targetgroup/cicd-dev-k8s-tg-kiali/1b149137bf6c52cf",
                "type": "forward"
              }
            ],
            "id": "arn:aws:elasticloadbalancing:ap-northeast-2:038462790556:listener/net/cicd-dev-k8s-lb/2b6d2a622f7d3eb3/ad2343e2fea63df8",
            "load_balancer_arn": "arn:aws:elasticloadbalancing:ap-northeast-2:038462790556:loadbalancer/net/cicd-dev-k8s-lb/2b6d2a622f7d3eb3",
            "mutual_authentication": [],
            "port": 31030,
            "protocol": "TCP",
            "ssl_policy": "",
            "tags": {},
            "tags_all": {},
            "tcp_idle_timeout_seconds": 360,
            "timeouts": null
          },
          "sensitive_attributes": [],
          "private": "eyJlMmJmYjczMC1lY2FhLTExZTYtOGY4OC0zNDM2M2JjN2M0YzAiOnsiY3JlYXRlIjozMDAwMDAwMDAwMDAsInVwZGF0ZSI6MzAwMDAwMDAwMDAwfX0=",
          "dependencies": [
            "data.aws_vpc.vpc_info",
            "module.sol_k8s_lb_sg.aws_security_group.sol_sg",
            "module.sol_lb_k8s.aws_lb.sol_lb",
            "module.sol_lb_k8s_target_group.aws_lb_target_group.sol_target_group",
            "module.sol_subnet_public.aws_subnet.sol_subnet",
            "module.sol_vpc.aws_vpc.sol_vpc"
          ]
        }
      ]
    },
    {
      "module": "module.sol_lb_k8s_listener[3]",
      "mode": "managed",
      "type": "aws_lb_listener",
      "name": "sol_lb_listener",
      "provider": "provider[\"registry.terraform.io/hashicorp/aws\"]",
      "instances": [
        {
          "schema_version": 0,
          "attributes": {
            "alpn_policy": null,
            "arn": "arn:aws:elasticloadbalancing:ap-northeast-2:038462790556:listener/net/cicd-dev-k8s-lb/2b6d2a622f7d3eb3/7af26cbdf1944f08",
            "certificate_arn": null,
            "default_action": [
              {
                "authenticate_cognito": [],
                "authenticate_oidc": [],
                "fixed_response": [],
                "forward": [],
                "order": 1,
                "redirect": [],
                "target_group_arn": "arn:aws:elasticloadbalancing:ap-northeast-2:038462790556:targetgroup/cicd-dev-k8s-tg-jaeger/9f5cfee956f2e6fc",
                "type": "forward"
              }
            ],
            "id": "arn:aws:elasticloadbalancing:ap-northeast-2:038462790556:listener/net/cicd-dev-k8s-lb/2b6d2a622f7d3eb3/7af26cbdf1944f08",
            "load_balancer_arn": "arn:aws:elasticloadbalancing:ap-northeast-2:038462790556:loadbalancer/net/cicd-dev-k8s-lb/2b6d2a622f7d3eb3",
            "mutual_authentication": [],
            "port": 31050,
            "protocol": "TCP",
            "ssl_policy": "",
            "tags": {},
            "tags_all": {},
            "tcp_idle_timeout_seconds": 360,
            "timeouts": null
          },
          "sensitive_attributes": [],
          "private": "eyJlMmJmYjczMC1lY2FhLTExZTYtOGY4OC0zNDM2M2JjN2M0YzAiOnsiY3JlYXRlIjozMDAwMDAwMDAwMDAsInVwZGF0ZSI6MzAwMDAwMDAwMDAwfX0=",
          "dependencies": [
            "data.aws_vpc.vpc_info",
            "module.sol_k8s_lb_sg.aws_security_group.sol_sg",
            "module.sol_lb_k8s.aws_lb.sol_lb",
            "module.sol_lb_k8s_target_group.aws_lb_target_group.sol_target_group",
            "module.sol_subnet_public.aws_subnet.sol_subnet",
            "module.sol_vpc.aws_vpc.sol_vpc"
          ]
        }
      ]
    },
    {
      "module": "module.sol_lb_k8s_listener[4]",
      "mode": "managed",
      "type": "aws_lb_listener",
      "name": "sol_lb_listener",
      "provider": "provider[\"registry.terraform.io/hashicorp/aws\"]",
      "instances": [
        {
          "schema_version": 0,
          "attributes": {
            "alpn_policy": null,
            "arn": "arn:aws:elasticloadbalancing:ap-northeast-2:038462790556:listener/net/cicd-dev-k8s-lb/2b6d2a622f7d3eb3/90aa02bc3e134704",
            "certificate_arn": null,
            "default_action": [
              {
                "authenticate_cognito": [],
                "authenticate_oidc": [],
                "fixed_response": [],
                "forward": [],
                "order": 1,
                "redirect": [],
                "target_group_arn": "arn:aws:elasticloadbalancing:ap-northeast-2:038462790556:targetgroup/cicd-dev-k8s-tg-p8s/22a80340cb1620f8",
                "type": "forward"
              }
            ],
            "id": "arn:aws:elasticloadbalancing:ap-northeast-2:038462790556:listener/net/cicd-dev-k8s-lb/2b6d2a622f7d3eb3/90aa02bc3e134704",
            "load_balancer_arn": "arn:aws:elasticloadbalancing:ap-northeast-2:038462790556:loadbalancer/net/cicd-dev-k8s-lb/2b6d2a622f7d3eb3",
            "mutual_authentication": [],
            "port": 31060,
            "protocol": "TCP",
            "ssl_policy": "",
            "tags": {},
            "tags_all": {},
            "tcp_idle_timeout_seconds": 360,
            "timeouts": null
          },
          "sensitive_attributes": [],
          "private": "eyJlMmJmYjczMC1lY2FhLTExZTYtOGY4OC0zNDM2M2JjN2M0YzAiOnsiY3JlYXRlIjozMDAwMDAwMDAwMDAsInVwZGF0ZSI6MzAwMDAwMDAwMDAwfX0=",
          "dependencies": [
            "data.aws_vpc.vpc_info",
            "module.sol_k8s_lb_sg.aws_security_group.sol_sg",
            "module.sol_lb_k8s.aws_lb.sol_lb",
            "module.sol_lb_k8s_target_group.aws_lb_target_group.sol_target_group",
            "module.sol_subnet_public.aws_subnet.sol_subnet",
            "module.sol_vpc.aws_vpc.sol_vpc"
          ]
        }
      ]
    },
    {
      "module": "module.sol_lb_k8s_listener[5]",
      "mode": "managed",
      "type": "aws_lb_listener",
      "name": "sol_lb_listener",
      "provider": "provider[\"registry.terraform.io/hashicorp/aws\"]",
      "instances": [
        {
          "schema_version": 0,
          "attributes": {
            "alpn_policy": null,
            "arn": "arn:aws:elasticloadbalancing:ap-northeast-2:038462790556:listener/net/cicd-dev-k8s-lb/2b6d2a622f7d3eb3/0525a4c5a4a1324b",
            "certificate_arn": null,
            "default_action": [
              {
                "authenticate_cognito": [],
                "authenticate_oidc": [],
                "fixed_response": [],
                "forward": [],
                "order": 1,
                "redirect": [],
                "target_group_arn": "arn:aws:elasticloadbalancing:ap-northeast-2:038462790556:targetgroup/cicd-dev-k8s-tg-dashboard/9c027f0ee519a471",
                "type": "forward"
              }
            ],
            "id": "arn:aws:elasticloadbalancing:ap-northeast-2:038462790556:listener/net/cicd-dev-k8s-lb/2b6d2a622f7d3eb3/0525a4c5a4a1324b",
            "load_balancer_arn": "arn:aws:elasticloadbalancing:ap-northeast-2:038462790556:loadbalancer/net/cicd-dev-k8s-lb/2b6d2a622f7d3eb3",
            "mutual_authentication": [],
            "port": 31000,
            "protocol": "TCP",
            "ssl_policy": "",
            "tags": {},
            "tags_all": {},
            "tcp_idle_timeout_seconds": 360,
            "timeouts": null
          },
          "sensitive_attributes": [],
          "private": "eyJlMmJmYjczMC1lY2FhLTExZTYtOGY4OC0zNDM2M2JjN2M0YzAiOnsiY3JlYXRlIjozMDAwMDAwMDAwMDAsInVwZGF0ZSI6MzAwMDAwMDAwMDAwfX0=",
          "dependencies": [
            "data.aws_vpc.vpc_info",
            "module.sol_k8s_lb_sg.aws_security_group.sol_sg",
            "module.sol_lb_k8s.aws_lb.sol_lb",
            "module.sol_lb_k8s_target_group.aws_lb_target_group.sol_target_group",
            "module.sol_subnet_public.aws_subnet.sol_subnet",
            "module.sol_vpc.aws_vpc.sol_vpc"
          ]
        }
      ]
    },
    {
      "module": "module.sol_lb_k8s_listener[6]",
      "mode": "managed",
      "type": "aws_lb_listener",
      "name": "sol_lb_listener",
      "provider": "provider[\"registry.terraform.io/hashicorp/aws\"]",
      "instances": [
        {
          "schema_version": 0,
          "attributes": {
            "alpn_policy": null,
            "arn": "arn:aws:elasticloadbalancing:ap-northeast-2:038462790556:listener/net/cicd-dev-k8s-lb/2b6d2a622f7d3eb3/588a5374e3fdfada",
            "certificate_arn": null,
            "default_action": [
              {
                "authenticate_cognito": [],
                "authenticate_oidc": [],
                "fixed_response": [],
                "forward": [],
                "order": 1,
                "redirect": [],
                "target_group_arn": "arn:aws:elasticloadbalancing:ap-northeast-2:038462790556:targetgroup/cicd-dev-k8s-tg-istio/8da1ee52b444225e",
                "type": "forward"
              }
            ],
            "id": "arn:aws:elasticloadbalancing:ap-northeast-2:038462790556:listener/net/cicd-dev-k8s-lb/2b6d2a622f7d3eb3/588a5374e3fdfada",
            "load_balancer_arn": "arn:aws:elasticloadbalancing:ap-northeast-2:038462790556:loadbalancer/net/cicd-dev-k8s-lb/2b6d2a622f7d3eb3",
            "mutual_authentication": [],
            "port": 30080,
            "protocol": "TCP",
            "ssl_policy": "",
            "tags": {},
            "tags_all": {},
            "tcp_idle_timeout_seconds": 360,
            "timeouts": null
          },
          "sensitive_attributes": [],
          "private": "eyJlMmJmYjczMC1lY2FhLTExZTYtOGY4OC0zNDM2M2JjN2M0YzAiOnsiY3JlYXRlIjozMDAwMDAwMDAwMDAsInVwZGF0ZSI6MzAwMDAwMDAwMDAwfX0=",
          "dependencies": [
            "data.aws_vpc.vpc_info",
            "module.sol_k8s_lb_sg.aws_security_group.sol_sg",
            "module.sol_lb_k8s.aws_lb.sol_lb",
            "module.sol_lb_k8s_target_group.aws_lb_target_group.sol_target_group",
            "module.sol_subnet_public.aws_subnet.sol_subnet",
            "module.sol_vpc.aws_vpc.sol_vpc"
          ]
        }
      ]
    },
    {
      "module": "module.sol_lb_k8s_listener[7]",
      "mode": "managed",
      "type": "aws_lb_listener",
      "name": "sol_lb_listener",
      "provider": "provider[\"registry.terraform.io/hashicorp/aws\"]",
      "instances": [
        {
          "schema_version": 0,
          "attributes": {
            "alpn_policy": null,
            "arn": "arn:aws:elasticloadbalancing:ap-northeast-2:038462790556:listener/net/cicd-dev-k8s-lb/2b6d2a622f7d3eb3/c51caeb127d54490",
            "certificate_arn": null,
            "default_action": [
              {
                "authenticate_cognito": [],
                "authenticate_oidc": [],
                "fixed_response": [],
                "forward": [],
                "order": 1,
                "redirect": [],
                "target_group_arn": "arn:aws:elasticloadbalancing:ap-northeast-2:038462790556:targetgroup/cicd-dev-k8s-tg-hubble/b41f4146ebdbd881",
                "type": "forward"
              }
            ],
            "id": "arn:aws:elasticloadbalancing:ap-northeast-2:038462790556:listener/net/cicd-dev-k8s-lb/2b6d2a622f7d3eb3/c51caeb127d54490",
            "load_balancer_arn": "arn:aws:elasticloadbalancing:ap-northeast-2:038462790556:loadbalancer/net/cicd-dev-k8s-lb/2b6d2a622f7d3eb3",
            "mutual_authentication": [],
            "port": 31070,
            "protocol": "TCP",
            "ssl_policy": "",
            "tags": {},
            "tags_all": {},
            "tcp_idle_timeout_seconds": 360,
            "timeouts": null
          },
          "sensitive_attributes": [],
          "private": "eyJlMmJmYjczMC1lY2FhLTExZTYtOGY4OC0zNDM2M2JjN2M0YzAiOnsiY3JlYXRlIjozMDAwMDAwMDAwMDAsInVwZGF0ZSI6MzAwMDAwMDAwMDAwfX0=",
          "dependencies": [
            "data.aws_vpc.vpc_info",
            "module.sol_k8s_lb_sg.aws_security_group.sol_sg",
            "module.sol_lb_k8s.aws_lb.sol_lb",
            "module.sol_lb_k8s_target_group.aws_lb_target_group.sol_target_group",
            "module.sol_subnet_public.aws_subnet.sol_subnet",
            "module.sol_vpc.aws_vpc.sol_vpc"
          ]
        }
      ]
    },
    {
      "module": "module.sol_lb_k8s_target_group[0]",
      "mode": "managed",
      "type": "aws_lb_target_group",
      "name": "sol_target_group",
      "provider": "provider[\"registry.terraform.io/hashicorp/aws\"]",
      "instances": [
        {
          "schema_version": 0,
          "attributes": {
            "arn": "arn:aws:elasticloadbalancing:ap-northeast-2:038462790556:targetgroup/cicd-dev-k8s-tg-k8s/87a1d82eb3db7ffc",
            "arn_suffix": "targetgroup/cicd-dev-k8s-tg-k8s/87a1d82eb3db7ffc",
            "connection_termination": false,
            "deregistration_delay": "300",
            "health_check": [
              {
                "enabled": true,
                "healthy_threshold": 2,
                "interval": 30,
                "matcher": "",
                "path": "",
                "port": "6443",
                "protocol": "TCP",
                "timeout": 10,
                "unhealthy_threshold": 2
              }
            ],
            "id": "arn:aws:elasticloadbalancing:ap-northeast-2:038462790556:targetgroup/cicd-dev-k8s-tg-k8s/87a1d82eb3db7ffc",
            "ip_address_type": "ipv4",
            "lambda_multi_value_headers_enabled": false,
            "load_balancer_arns": [
              "arn:aws:elasticloadbalancing:ap-northeast-2:038462790556:loadbalancer/net/cicd-dev-k8s-lb/2b6d2a622f7d3eb3"
            ],
            "load_balancing_algorithm_type": null,
            "load_balancing_anomaly_mitigation": null,
            "load_balancing_cross_zone_enabled": "false",
            "name": "cicd-dev-k8s-tg-k8s",
            "name_prefix": "",
            "port": 6443,
            "preserve_client_ip": "true",
            "protocol": "TCP",
            "protocol_version": null,
            "proxy_protocol_v2": false,
            "slow_start": 0,
            "stickiness": [
              {
                "cookie_duration": 0,
                "cookie_name": "",
                "enabled": false,
                "type": "source_ip"
              }
            ],
            "tags": {
              "Name": "cicd-dev-k8s-tg-k8s"
            },
            "tags_all": {
              "Name": "cicd-dev-k8s-tg-k8s"
            },
            "target_failover": [
              {
                "on_deregistration": null,
                "on_unhealthy": null
              }
            ],
            "target_group_health": [
              {
                "dns_failover": [
                  {
                    "minimum_healthy_targets_count": "1",
                    "minimum_healthy_targets_percentage": "off"
                  }
                ],
                "unhealthy_state_routing": [
                  {
                    "minimum_healthy_targets_count": 1,
                    "minimum_healthy_targets_percentage": "off"
                  }
                ]
              }
            ],
            "target_health_state": [
              {
                "enable_unhealthy_connection_termination": true,
                "unhealthy_draining_interval": 0
              }
            ],
            "target_type": "instance",
            "vpc_id": "vpc-048947297984b79cb"
          },
          "sensitive_attributes": [],
          "private": "bnVsbA==",
          "dependencies": [
            "data.aws_vpc.vpc_info",
            "module.sol_vpc.aws_vpc.sol_vpc"
          ]
        }
      ]
    },
    {
      "module": "module.sol_lb_k8s_target_group[1]",
      "mode": "managed",
      "type": "aws_lb_target_group",
      "name": "sol_target_group",
      "provider": "provider[\"registry.terraform.io/hashicorp/aws\"]",
      "instances": [
        {
          "schema_version": 0,
          "attributes": {
            "arn": "arn:aws:elasticloadbalancing:ap-northeast-2:038462790556:targetgroup/cicd-dev-k8s-tg-grafana/569e0f4f62999aa0",
            "arn_suffix": "targetgroup/cicd-dev-k8s-tg-grafana/569e0f4f62999aa0",
            "connection_termination": false,
            "deregistration_delay": "300",
            "health_check": [
              {
                "enabled": true,
                "healthy_threshold": 2,
                "interval": 30,
                "matcher": "",
                "path": "",
                "port": "31020",
                "protocol": "TCP",
                "timeout": 10,
                "unhealthy_threshold": 2
              }
            ],
            "id": "arn:aws:elasticloadbalancing:ap-northeast-2:038462790556:targetgroup/cicd-dev-k8s-tg-grafana/569e0f4f62999aa0",
            "ip_address_type": "ipv4",
            "lambda_multi_value_headers_enabled": false,
            "load_balancer_arns": [
              "arn:aws:elasticloadbalancing:ap-northeast-2:038462790556:loadbalancer/net/cicd-dev-k8s-lb/2b6d2a622f7d3eb3"
            ],
            "load_balancing_algorithm_type": null,
            "load_balancing_anomaly_mitigation": null,
            "load_balancing_cross_zone_enabled": "false",
            "name": "cicd-dev-k8s-tg-grafana",
            "name_prefix": "",
            "port": 31020,
            "preserve_client_ip": "true",
            "protocol": "TCP",
            "protocol_version": null,
            "proxy_protocol_v2": false,
            "slow_start": 0,
            "stickiness": [
              {
                "cookie_duration": 0,
                "cookie_name": "",
                "enabled": false,
                "type": "source_ip"
              }
            ],
            "tags": {
              "Name": "cicd-dev-k8s-tg-grafana"
            },
            "tags_all": {
              "Name": "cicd-dev-k8s-tg-grafana"
            },
            "target_failover": [
              {
                "on_deregistration": null,
                "on_unhealthy": null
              }
            ],
            "target_group_health": [
              {
                "dns_failover": [
                  {
                    "minimum_healthy_targets_count": "1",
                    "minimum_healthy_targets_percentage": "off"
                  }
                ],
                "unhealthy_state_routing": [
                  {
                    "minimum_healthy_targets_count": 1,
                    "minimum_healthy_targets_percentage": "off"
                  }
                ]
              }
            ],
            "target_health_state": [
              {
                "enable_unhealthy_connection_termination": true,
                "unhealthy_draining_interval": 0
              }
            ],
            "target_type": "instance",
            "vpc_id": "vpc-048947297984b79cb"
          },
          "sensitive_attributes": [],
          "private": "bnVsbA==",
          "dependencies": [
            "data.aws_vpc.vpc_info",
            "module.sol_vpc.aws_vpc.sol_vpc"
          ]
        }
      ]
    },
    {
      "module": "module.sol_lb_k8s_target_group[2]",
      "mode": "managed",
      "type": "aws_lb_target_group",
      "name": "sol_target_group",
      "provider": "provider[\"registry.terraform.io/hashicorp/aws\"]",
      "instances": [
        {
          "schema_version": 0,
          "attributes": {
            "arn": "arn:aws:elasticloadbalancing:ap-northeast-2:038462790556:targetgroup/cicd-dev-k8s-tg-kiali/1b149137bf6c52cf",
            "arn_suffix": "targetgroup/cicd-dev-k8s-tg-kiali/1b149137bf6c52cf",
            "connection_termination": false,
            "deregistration_delay": "300",
            "health_check": [
              {
                "enabled": true,
                "healthy_threshold": 2,
                "interval": 30,
                "matcher": "",
                "path": "",
                "port": "31030",
                "protocol": "TCP",
                "timeout": 10,
                "unhealthy_threshold": 2
              }
            ],
            "id": "arn:aws:elasticloadbalancing:ap-northeast-2:038462790556:targetgroup/cicd-dev-k8s-tg-kiali/1b149137bf6c52cf",
            "ip_address_type": "ipv4",
            "lambda_multi_value_headers_enabled": false,
            "load_balancer_arns": [
              "arn:aws:elasticloadbalancing:ap-northeast-2:038462790556:loadbalancer/net/cicd-dev-k8s-lb/2b6d2a622f7d3eb3"
            ],
            "load_balancing_algorithm_type": null,
            "load_balancing_anomaly_mitigation": null,
            "load_balancing_cross_zone_enabled": "false",
            "name": "cicd-dev-k8s-tg-kiali",
            "name_prefix": "",
            "port": 31030,
            "preserve_client_ip": "true",
            "protocol": "TCP",
            "protocol_version": null,
            "proxy_protocol_v2": false,
            "slow_start": 0,
            "stickiness": [
              {
                "cookie_duration": 0,
                "cookie_name": "",
                "enabled": false,
                "type": "source_ip"
              }
            ],
            "tags": {
              "Name": "cicd-dev-k8s-tg-kiali"
            },
            "tags_all": {
              "Name": "cicd-dev-k8s-tg-kiali"
            },
            "target_failover": [
              {
                "on_deregistration": null,
                "on_unhealthy": null
              }
            ],
            "target_group_health": [
              {
                "dns_failover": [
                  {
                    "minimum_healthy_targets_count": "1",
                    "minimum_healthy_targets_percentage": "off"
                  }
                ],
                "unhealthy_state_routing": [
                  {
                    "minimum_healthy_targets_count": 1,
                    "minimum_healthy_targets_percentage": "off"
                  }
                ]
              }
            ],
            "target_health_state": [
              {
                "enable_unhealthy_connection_termination": true,
                "unhealthy_draining_interval": 0
              }
            ],
            "target_type": "instance",
            "vpc_id": "vpc-048947297984b79cb"
          },
          "sensitive_attributes": [],
          "private": "bnVsbA==",
          "dependencies": [
            "data.aws_vpc.vpc_info",
            "module.sol_vpc.aws_vpc.sol_vpc"
          ]
        }
      ]
    },
    {
      "module": "module.sol_lb_k8s_target_group[3]",
      "mode": "managed",
      "type": "aws_lb_target_group",
      "name": "sol_target_group",
      "provider": "provider[\"registry.terraform.io/hashicorp/aws\"]",
      "instances": [
        {
          "schema_version": 0,
          "attributes": {
            "arn": "arn:aws:elasticloadbalancing:ap-northeast-2:038462790556:targetgroup/cicd-dev-k8s-tg-jaeger/9f5cfee956f2e6fc",
            "arn_suffix": "targetgroup/cicd-dev-k8s-tg-jaeger/9f5cfee956f2e6fc",
            "connection_termination": false,
            "deregistration_delay": "300",
            "health_check": [
              {
                "enabled": true,
                "healthy_threshold": 2,
                "interval": 30,
                "matcher": "",
                "path": "",
                "port": "31050",
                "protocol": "TCP",
                "timeout": 10,
                "unhealthy_threshold": 2
              }
            ],
            "id": "arn:aws:elasticloadbalancing:ap-northeast-2:038462790556:targetgroup/cicd-dev-k8s-tg-jaeger/9f5cfee956f2e6fc",
            "ip_address_type": "ipv4",
            "lambda_multi_value_headers_enabled": false,
            "load_balancer_arns": [
              "arn:aws:elasticloadbalancing:ap-northeast-2:038462790556:loadbalancer/net/cicd-dev-k8s-lb/2b6d2a622f7d3eb3"
            ],
            "load_balancing_algorithm_type": null,
            "load_balancing_anomaly_mitigation": null,
            "load_balancing_cross_zone_enabled": "false",
            "name": "cicd-dev-k8s-tg-jaeger",
            "name_prefix": "",
            "port": 31050,
            "preserve_client_ip": "true",
            "protocol": "TCP",
            "protocol_version": null,
            "proxy_protocol_v2": false,
            "slow_start": 0,
            "stickiness": [
              {
                "cookie_duration": 0,
                "cookie_name": "",
                "enabled": false,
                "type": "source_ip"
              }
            ],
            "tags": {
              "Name": "cicd-dev-k8s-tg-jaeger"
            },
            "tags_all": {
              "Name": "cicd-dev-k8s-tg-jaeger"
            },
            "target_failover": [
              {
                "on_deregistration": null,
                "on_unhealthy": null
              }
            ],
            "target_group_health": [
              {
                "dns_failover": [
                  {
                    "minimum_healthy_targets_count": "1",
                    "minimum_healthy_targets_percentage": "off"
                  }
                ],
                "unhealthy_state_routing": [
                  {
                    "minimum_healthy_targets_count": 1,
                    "minimum_healthy_targets_percentage": "off"
                  }
                ]
              }
            ],
            "target_health_state": [
              {
                "enable_unhealthy_connection_termination": true,
                "unhealthy_draining_interval": 0
              }
            ],
            "target_type": "instance",
            "vpc_id": "vpc-048947297984b79cb"
          },
          "sensitive_attributes": [],
          "private": "bnVsbA==",
          "dependencies": [
            "data.aws_vpc.vpc_info",
            "module.sol_vpc.aws_vpc.sol_vpc"
          ]
        }
      ]
    },
    {
      "module": "module.sol_lb_k8s_target_group[4]",
      "mode": "managed",
      "type": "aws_lb_target_group",
      "name": "sol_target_group",
      "provider": "provider[\"registry.terraform.io/hashicorp/aws\"]",
      "instances": [
        {
          "schema_version": 0,
          "attributes": {
            "arn": "arn:aws:elasticloadbalancing:ap-northeast-2:038462790556:targetgroup/cicd-dev-k8s-tg-p8s/22a80340cb1620f8",
            "arn_suffix": "targetgroup/cicd-dev-k8s-tg-p8s/22a80340cb1620f8",
            "connection_termination": false,
            "deregistration_delay": "300",
            "health_check": [
              {
                "enabled": true,
                "healthy_threshold": 2,
                "interval": 30,
                "matcher": "",
                "path": "",
                "port": "31060",
                "protocol": "TCP",
                "timeout": 10,
                "unhealthy_threshold": 2
              }
            ],
            "id": "arn:aws:elasticloadbalancing:ap-northeast-2:038462790556:targetgroup/cicd-dev-k8s-tg-p8s/22a80340cb1620f8",
            "ip_address_type": "ipv4",
            "lambda_multi_value_headers_enabled": false,
            "load_balancer_arns": [
              "arn:aws:elasticloadbalancing:ap-northeast-2:038462790556:loadbalancer/net/cicd-dev-k8s-lb/2b6d2a622f7d3eb3"
            ],
            "load_balancing_algorithm_type": null,
            "load_balancing_anomaly_mitigation": null,
            "load_balancing_cross_zone_enabled": "false",
            "name": "cicd-dev-k8s-tg-p8s",
            "name_prefix": "",
            "port": 31060,
            "preserve_client_ip": "true",
            "protocol": "TCP",
            "protocol_version": null,
            "proxy_protocol_v2": false,
            "slow_start": 0,
            "stickiness": [
              {
                "cookie_duration": 0,
                "cookie_name": "",
                "enabled": false,
                "type": "source_ip"
              }
            ],
            "tags": {
              "Name": "cicd-dev-k8s-tg-p8s"
            },
            "tags_all": {
              "Name": "cicd-dev-k8s-tg-p8s"
            },
            "target_failover": [
              {
                "on_deregistration": null,
                "on_unhealthy": null
              }
            ],
            "target_group_health": [
              {
                "dns_failover": [
                  {
                    "minimum_healthy_targets_count": "1",
                    "minimum_healthy_targets_percentage": "off"
                  }
                ],
                "unhealthy_state_routing": [
                  {
                    "minimum_healthy_targets_count": 1,
                    "minimum_healthy_targets_percentage": "off"
                  }
                ]
              }
            ],
            "target_health_state": [
              {
                "enable_unhealthy_connection_termination": true,
                "unhealthy_draining_interval": 0
              }
            ],
            "target_type": "instance",
            "vpc_id": "vpc-048947297984b79cb"
          },
          "sensitive_attributes": [],
          "private": "bnVsbA==",
          "dependencies": [
            "data.aws_vpc.vpc_info",
            "module.sol_vpc.aws_vpc.sol_vpc"
          ]
        }
      ]
    },
    {
      "module": "module.sol_lb_k8s_target_group[5]",
      "mode": "managed",
      "type": "aws_lb_target_group",
      "name": "sol_target_group",
      "provider": "provider[\"registry.terraform.io/hashicorp/aws\"]",
      "instances": [
        {
          "schema_version": 0,
          "attributes": {
            "arn": "arn:aws:elasticloadbalancing:ap-northeast-2:038462790556:targetgroup/cicd-dev-k8s-tg-dashboard/9c027f0ee519a471",
            "arn_suffix": "targetgroup/cicd-dev-k8s-tg-dashboard/9c027f0ee519a471",
            "connection_termination": false,
            "deregistration_delay": "300",
            "health_check": [
              {
                "enabled": true,
                "healthy_threshold": 2,
                "interval": 30,
                "matcher": "",
                "path": "",
                "port": "31000",
                "protocol": "TCP",
                "timeout": 10,
                "unhealthy_threshold": 2
              }
            ],
            "id": "arn:aws:elasticloadbalancing:ap-northeast-2:038462790556:targetgroup/cicd-dev-k8s-tg-dashboard/9c027f0ee519a471",
            "ip_address_type": "ipv4",
            "lambda_multi_value_headers_enabled": false,
            "load_balancer_arns": [
              "arn:aws:elasticloadbalancing:ap-northeast-2:038462790556:loadbalancer/net/cicd-dev-k8s-lb/2b6d2a622f7d3eb3"
            ],
            "load_balancing_algorithm_type": null,
            "load_balancing_anomaly_mitigation": null,
            "load_balancing_cross_zone_enabled": "false",
            "name": "cicd-dev-k8s-tg-dashboard",
            "name_prefix": "",
            "port": 31000,
            "preserve_client_ip": "true",
            "protocol": "TCP",
            "protocol_version": null,
            "proxy_protocol_v2": false,
            "slow_start": 0,
            "stickiness": [
              {
                "cookie_duration": 0,
                "cookie_name": "",
                "enabled": false,
                "type": "source_ip"
              }
            ],
            "tags": {
              "Name": "cicd-dev-k8s-tg-dashboard"
            },
            "tags_all": {
              "Name": "cicd-dev-k8s-tg-dashboard"
            },
            "target_failover": [
              {
                "on_deregistration": null,
                "on_unhealthy": null
              }
            ],
            "target_group_health": [
              {
                "dns_failover": [
                  {
                    "minimum_healthy_targets_count": "1",
                    "minimum_healthy_targets_percentage": "off"
                  }
                ],
                "unhealthy_state_routing": [
                  {
                    "minimum_healthy_targets_count": 1,
                    "minimum_healthy_targets_percentage": "off"
                  }
                ]
              }
            ],
            "target_health_state": [
              {
                "enable_unhealthy_connection_termination": true,
                "unhealthy_draining_interval": 0
              }
            ],
            "target_type": "instance",
            "vpc_id": "vpc-048947297984b79cb"
          },
          "sensitive_attributes": [],
          "private": "bnVsbA==",
          "dependencies": [
            "data.aws_vpc.vpc_info",
            "module.sol_vpc.aws_vpc.sol_vpc"
          ]
        }
      ]
    },
    {
      "module": "module.sol_lb_k8s_target_group[6]",
      "mode": "managed",
      "type": "aws_lb_target_group",
      "name": "sol_target_group",
      "provider": "provider[\"registry.terraform.io/hashicorp/aws\"]",
      "instances": [
        {
          "schema_version": 0,
          "attributes": {
            "arn": "arn:aws:elasticloadbalancing:ap-northeast-2:038462790556:targetgroup/cicd-dev-k8s-tg-istio/8da1ee52b444225e",
            "arn_suffix": "targetgroup/cicd-dev-k8s-tg-istio/8da1ee52b444225e",
            "connection_termination": false,
            "deregistration_delay": "300",
            "health_check": [
              {
                "enabled": true,
                "healthy_threshold": 2,
                "interval": 30,
                "matcher": "",
                "path": "",
                "port": "30080",
                "protocol": "TCP",
                "timeout": 10,
                "unhealthy_threshold": 2
              }
            ],
            "id": "arn:aws:elasticloadbalancing:ap-northeast-2:038462790556:targetgroup/cicd-dev-k8s-tg-istio/8da1ee52b444225e",
            "ip_address_type": "ipv4",
            "lambda_multi_value_headers_enabled": false,
            "load_balancer_arns": [
              "arn:aws:elasticloadbalancing:ap-northeast-2:038462790556:loadbalancer/net/cicd-dev-k8s-lb/2b6d2a622f7d3eb3"
            ],
            "load_balancing_algorithm_type": null,
            "load_balancing_anomaly_mitigation": null,
            "load_balancing_cross_zone_enabled": "false",
            "name": "cicd-dev-k8s-tg-istio",
            "name_prefix": "",
            "port": 30080,
            "preserve_client_ip": "true",
            "protocol": "TCP",
            "protocol_version": null,
            "proxy_protocol_v2": false,
            "slow_start": 0,
            "stickiness": [
              {
                "cookie_duration": 0,
                "cookie_name": "",
                "enabled": false,
                "type": "source_ip"
              }
            ],
            "tags": {
              "Name": "cicd-dev-k8s-tg-istio"
            },
            "tags_all": {
              "Name": "cicd-dev-k8s-tg-istio"
            },
            "target_failover": [
              {
                "on_deregistration": null,
                "on_unhealthy": null
              }
            ],
            "target_group_health": [
              {
                "dns_failover": [
                  {
                    "minimum_healthy_targets_count": "1",
                    "minimum_healthy_targets_percentage": "off"
                  }
                ],
                "unhealthy_state_routing": [
                  {
                    "minimum_healthy_targets_count": 1,
                    "minimum_healthy_targets_percentage": "off"
                  }
                ]
              }
            ],
            "target_health_state": [
              {
                "enable_unhealthy_connection_termination": true,
                "unhealthy_draining_interval": 0
              }
            ],
            "target_type": "instance",
            "vpc_id": "vpc-048947297984b79cb"
          },
          "sensitive_attributes": [],
          "private": "bnVsbA==",
          "dependencies": [
            "data.aws_vpc.vpc_info",
            "module.sol_vpc.aws_vpc.sol_vpc"
          ]
        }
      ]
    },
    {
      "module": "module.sol_lb_k8s_target_group[7]",
      "mode": "managed",
      "type": "aws_lb_target_group",
      "name": "sol_target_group",
      "provider": "provider[\"registry.terraform.io/hashicorp/aws\"]",
      "instances": [
        {
          "schema_version": 0,
          "attributes": {
            "arn": "arn:aws:elasticloadbalancing:ap-northeast-2:038462790556:targetgroup/cicd-dev-k8s-tg-hubble/b41f4146ebdbd881",
            "arn_suffix": "targetgroup/cicd-dev-k8s-tg-hubble/b41f4146ebdbd881",
            "connection_termination": false,
            "deregistration_delay": "300",
            "health_check": [
              {
                "enabled": true,
                "healthy_threshold": 2,
                "interval": 30,
                "matcher": "",
                "path": "",
                "port": "31070",
                "protocol": "TCP",
                "timeout": 10,
                "unhealthy_threshold": 2
              }
            ],
            "id": "arn:aws:elasticloadbalancing:ap-northeast-2:038462790556:targetgroup/cicd-dev-k8s-tg-hubble/b41f4146ebdbd881",
            "ip_address_type": "ipv4",
            "lambda_multi_value_headers_enabled": false,
            "load_balancer_arns": [
              "arn:aws:elasticloadbalancing:ap-northeast-2:038462790556:loadbalancer/net/cicd-dev-k8s-lb/2b6d2a622f7d3eb3"
            ],
            "load_balancing_algorithm_type": null,
            "load_balancing_anomaly_mitigation": null,
            "load_balancing_cross_zone_enabled": "false",
            "name": "cicd-dev-k8s-tg-hubble",
            "name_prefix": "",
            "port": 31070,
            "preserve_client_ip": "true",
            "protocol": "TCP",
            "protocol_version": null,
            "proxy_protocol_v2": false,
            "slow_start": 0,
            "stickiness": [
              {
                "cookie_duration": 0,
                "cookie_name": "",
                "enabled": false,
                "type": "source_ip"
              }
            ],
            "tags": {
              "Name": "cicd-dev-k8s-tg-hubble"
            },
            "tags_all": {
              "Name": "cicd-dev-k8s-tg-hubble"
            },
            "target_failover": [
              {
                "on_deregistration": null,
                "on_unhealthy": null
              }
            ],
            "target_group_health": [
              {
                "dns_failover": [
                  {
                    "minimum_healthy_targets_count": "1",
                    "minimum_healthy_targets_percentage": "off"
                  }
                ],
                "unhealthy_state_routing": [
                  {
                    "minimum_healthy_targets_count": 1,
                    "minimum_healthy_targets_percentage": "off"
                  }
                ]
              }
            ],
            "target_health_state": [
              {
                "enable_unhealthy_connection_termination": true,
                "unhealthy_draining_interval": 0
              }
            ],
            "target_type": "instance",
            "vpc_id": "vpc-048947297984b79cb"
          },
          "sensitive_attributes": [],
          "private": "bnVsbA==",
          "dependencies": [
            "data.aws_vpc.vpc_info",
            "module.sol_vpc.aws_vpc.sol_vpc"
          ]
        }
      ]
    },
    {
      "module": "module.sol_lb_k8s_target_group_attachment_master1[0]",
      "mode": "managed",
      "type": "aws_lb_target_group_attachment",
      "name": "sol_target_group_attachment",
      "provider": "provider[\"registry.terraform.io/hashicorp/aws\"]",
      "instances": [
        {
          "schema_version": 0,
          "attributes": {
            "availability_zone": null,
            "id": "arn:aws:elasticloadbalancing:ap-northeast-2:038462790556:targetgroup/cicd-dev-k8s-tg-k8s/87a1d82eb3db7ffc-2025031700135514370000000d",
            "port": null,
            "target_group_arn": "arn:aws:elasticloadbalancing:ap-northeast-2:038462790556:targetgroup/cicd-dev-k8s-tg-k8s/87a1d82eb3db7ffc",
            "target_id": "i-0ac2aab53e700332a"
          },
          "sensitive_attributes": [],
          "private": "bnVsbA==",
          "dependencies": [
            "aws_key_pair.sol_loginkey",
            "data.aws_internet_gateway.internet_gateway_info",
            "data.aws_vpc.vpc_info",
            "module.sol_iam_master_profile.aws_iam_instance_profile.sol_iam_profile",
            "module.sol_iam_master_role.aws_iam_role.sol_iam_role",
            "module.sol_infra_node.aws_instance.sol_ec2",
            "module.sol_infra_sg.aws_security_group.sol_sg",
            "module.sol_internet_gateway.aws_internet_gateway.sol_internet_gateway",
            "module.sol_lb_k8s_target_group.aws_lb_target_group.sol_target_group",
            "module.sol_master_node.aws_instance.sol_ec2",
            "module.sol_master_sg.aws_security_group.sol_sg",
            "module.sol_nat_eip.aws_eip.sol_eip",
            "module.sol_nic_master.aws_network_interface.sol_nic",
            "module.sol_nic_private.aws_network_interface.sol_nic",
            "module.sol_subnet_private.aws_subnet.sol_subnet",
            "module.sol_vpc.aws_vpc.sol_vpc"
          ]
        }
      ]
    },
    {
      "module": "module.sol_lb_k8s_target_group_attachment_master1[1]",
      "mode": "managed",
      "type": "aws_lb_target_group_attachment",
      "name": "sol_target_group_attachment",
      "provider": "provider[\"registry.terraform.io/hashicorp/aws\"]",
      "instances": [
        {
          "schema_version": 0,
          "attributes": {
            "availability_zone": null,
            "id": "arn:aws:elasticloadbalancing:ap-northeast-2:038462790556:targetgroup/cicd-dev-k8s-tg-grafana/569e0f4f62999aa0-2025031700135520370000000e",
            "port": null,
            "target_group_arn": "arn:aws:elasticloadbalancing:ap-northeast-2:038462790556:targetgroup/cicd-dev-k8s-tg-grafana/569e0f4f62999aa0",
            "target_id": "i-0ac2aab53e700332a"
          },
          "sensitive_attributes": [],
          "private": "bnVsbA==",
          "dependencies": [
            "aws_key_pair.sol_loginkey",
            "data.aws_internet_gateway.internet_gateway_info",
            "data.aws_vpc.vpc_info",
            "module.sol_iam_master_profile.aws_iam_instance_profile.sol_iam_profile",
            "module.sol_iam_master_role.aws_iam_role.sol_iam_role",
            "module.sol_infra_node.aws_instance.sol_ec2",
            "module.sol_infra_sg.aws_security_group.sol_sg",
            "module.sol_internet_gateway.aws_internet_gateway.sol_internet_gateway",
            "module.sol_lb_k8s_target_group.aws_lb_target_group.sol_target_group",
            "module.sol_master_node.aws_instance.sol_ec2",
            "module.sol_master_sg.aws_security_group.sol_sg",
            "module.sol_nat_eip.aws_eip.sol_eip",
            "module.sol_nic_master.aws_network_interface.sol_nic",
            "module.sol_nic_private.aws_network_interface.sol_nic",
            "module.sol_subnet_private.aws_subnet.sol_subnet",
            "module.sol_vpc.aws_vpc.sol_vpc"
          ]
        }
      ]
    },
    {
      "module": "module.sol_lb_k8s_target_group_attachment_master1[2]",
      "mode": "managed",
      "type": "aws_lb_target_group_attachment",
      "name": "sol_target_group_attachment",
      "provider": "provider[\"registry.terraform.io/hashicorp/aws\"]",
      "instances": [
        {
          "schema_version": 0,
          "attributes": {
            "availability_zone": null,
            "id": "arn:aws:elasticloadbalancing:ap-northeast-2:038462790556:targetgroup/cicd-dev-k8s-tg-kiali/1b149137bf6c52cf-20250317001357173500000011",
            "port": null,
            "target_group_arn": "arn:aws:elasticloadbalancing:ap-northeast-2:038462790556:targetgroup/cicd-dev-k8s-tg-kiali/1b149137bf6c52cf",
            "target_id": "i-0ac2aab53e700332a"
          },
          "sensitive_attributes": [],
          "private": "bnVsbA==",
          "dependencies": [
            "aws_key_pair.sol_loginkey",
            "data.aws_internet_gateway.internet_gateway_info",
            "data.aws_vpc.vpc_info",
            "module.sol_iam_master_profile.aws_iam_instance_profile.sol_iam_profile",
            "module.sol_iam_master_role.aws_iam_role.sol_iam_role",
            "module.sol_infra_node.aws_instance.sol_ec2",
            "module.sol_infra_sg.aws_security_group.sol_sg",
            "module.sol_internet_gateway.aws_internet_gateway.sol_internet_gateway",
            "module.sol_lb_k8s_target_group.aws_lb_target_group.sol_target_group",
            "module.sol_master_node.aws_instance.sol_ec2",
            "module.sol_master_sg.aws_security_group.sol_sg",
            "module.sol_nat_eip.aws_eip.sol_eip",
            "module.sol_nic_master.aws_network_interface.sol_nic",
            "module.sol_nic_private.aws_network_interface.sol_nic",
            "module.sol_subnet_private.aws_subnet.sol_subnet",
            "module.sol_vpc.aws_vpc.sol_vpc"
          ]
        }
      ]
    },
    {
      "module": "module.sol_lb_k8s_target_group_attachment_master1[3]",
      "mode": "managed",
      "type": "aws_lb_target_group_attachment",
      "name": "sol_target_group_attachment",
      "provider": "provider[\"registry.terraform.io/hashicorp/aws\"]",
      "instances": [
        {
          "schema_version": 0,
          "attributes": {
            "availability_zone": null,
            "id": "arn:aws:elasticloadbalancing:ap-northeast-2:038462790556:targetgroup/cicd-dev-k8s-tg-jaeger/9f5cfee956f2e6fc-2025031700135502720000000b",
            "port": null,
            "target_group_arn": "arn:aws:elasticloadbalancing:ap-northeast-2:038462790556:targetgroup/cicd-dev-k8s-tg-jaeger/9f5cfee956f2e6fc",
            "target_id": "i-0ac2aab53e700332a"
          },
          "sensitive_attributes": [],
          "private": "bnVsbA==",
          "dependencies": [
            "aws_key_pair.sol_loginkey",
            "data.aws_internet_gateway.internet_gateway_info",
            "data.aws_vpc.vpc_info",
            "module.sol_iam_master_profile.aws_iam_instance_profile.sol_iam_profile",
            "module.sol_iam_master_role.aws_iam_role.sol_iam_role",
            "module.sol_infra_node.aws_instance.sol_ec2",
            "module.sol_infra_sg.aws_security_group.sol_sg",
            "module.sol_internet_gateway.aws_internet_gateway.sol_internet_gateway",
            "module.sol_lb_k8s_target_group.aws_lb_target_group.sol_target_group",
            "module.sol_master_node.aws_instance.sol_ec2",
            "module.sol_master_sg.aws_security_group.sol_sg",
            "module.sol_nat_eip.aws_eip.sol_eip",
            "module.sol_nic_master.aws_network_interface.sol_nic",
            "module.sol_nic_private.aws_network_interface.sol_nic",
            "module.sol_subnet_private.aws_subnet.sol_subnet",
            "module.sol_vpc.aws_vpc.sol_vpc"
          ]
        }
      ]
    },
    {
      "module": "module.sol_lb_k8s_target_group_attachment_master1[4]",
      "mode": "managed",
      "type": "aws_lb_target_group_attachment",
      "name": "sol_target_group_attachment",
      "provider": "provider[\"registry.terraform.io/hashicorp/aws\"]",
      "instances": [
        {
          "schema_version": 0,
          "attributes": {
            "availability_zone": null,
            "id": "arn:aws:elasticloadbalancing:ap-northeast-2:038462790556:targetgroup/cicd-dev-k8s-tg-p8s/22a80340cb1620f8-2025031700135537250000000f",
            "port": null,
            "target_group_arn": "arn:aws:elasticloadbalancing:ap-northeast-2:038462790556:targetgroup/cicd-dev-k8s-tg-p8s/22a80340cb1620f8",
            "target_id": "i-0ac2aab53e700332a"
          },
          "sensitive_attributes": [],
          "private": "bnVsbA==",
          "dependencies": [
            "aws_key_pair.sol_loginkey",
            "data.aws_internet_gateway.internet_gateway_info",
            "data.aws_vpc.vpc_info",
            "module.sol_iam_master_profile.aws_iam_instance_profile.sol_iam_profile",
            "module.sol_iam_master_role.aws_iam_role.sol_iam_role",
            "module.sol_infra_node.aws_instance.sol_ec2",
            "module.sol_infra_sg.aws_security_group.sol_sg",
            "module.sol_internet_gateway.aws_internet_gateway.sol_internet_gateway",
            "module.sol_lb_k8s_target_group.aws_lb_target_group.sol_target_group",
            "module.sol_master_node.aws_instance.sol_ec2",
            "module.sol_master_sg.aws_security_group.sol_sg",
            "module.sol_nat_eip.aws_eip.sol_eip",
            "module.sol_nic_master.aws_network_interface.sol_nic",
            "module.sol_nic_private.aws_network_interface.sol_nic",
            "module.sol_subnet_private.aws_subnet.sol_subnet",
            "module.sol_vpc.aws_vpc.sol_vpc"
          ]
        }
      ]
    },
    {
      "module": "module.sol_lb_k8s_target_group_attachment_master1[5]",
      "mode": "managed",
      "type": "aws_lb_target_group_attachment",
      "name": "sol_target_group_attachment",
      "provider": "provider[\"registry.terraform.io/hashicorp/aws\"]",
      "instances": [
        {
          "schema_version": 0,
          "attributes": {
            "availability_zone": null,
            "id": "arn:aws:elasticloadbalancing:ap-northeast-2:038462790556:targetgroup/cicd-dev-k8s-tg-dashboard/9c027f0ee519a471-20250317001355465500000010",
            "port": null,
            "target_group_arn": "arn:aws:elasticloadbalancing:ap-northeast-2:038462790556:targetgroup/cicd-dev-k8s-tg-dashboard/9c027f0ee519a471",
            "target_id": "i-0ac2aab53e700332a"
          },
          "sensitive_attributes": [],
          "private": "bnVsbA==",
          "dependencies": [
            "aws_key_pair.sol_loginkey",
            "data.aws_internet_gateway.internet_gateway_info",
            "data.aws_vpc.vpc_info",
            "module.sol_iam_master_profile.aws_iam_instance_profile.sol_iam_profile",
            "module.sol_iam_master_role.aws_iam_role.sol_iam_role",
            "module.sol_infra_node.aws_instance.sol_ec2",
            "module.sol_infra_sg.aws_security_group.sol_sg",
            "module.sol_internet_gateway.aws_internet_gateway.sol_internet_gateway",
            "module.sol_lb_k8s_target_group.aws_lb_target_group.sol_target_group",
            "module.sol_master_node.aws_instance.sol_ec2",
            "module.sol_master_sg.aws_security_group.sol_sg",
            "module.sol_nat_eip.aws_eip.sol_eip",
            "module.sol_nic_master.aws_network_interface.sol_nic",
            "module.sol_nic_private.aws_network_interface.sol_nic",
            "module.sol_subnet_private.aws_subnet.sol_subnet",
            "module.sol_vpc.aws_vpc.sol_vpc"
          ]
        }
      ]
    },
    {
      "module": "module.sol_lb_k8s_target_group_attachment_master1[6]",
      "mode": "managed",
      "type": "aws_lb_target_group_attachment",
      "name": "sol_target_group_attachment",
      "provider": "provider[\"registry.terraform.io/hashicorp/aws\"]",
      "instances": [
        {
          "schema_version": 0,
          "attributes": {
            "availability_zone": null,
            "id": "arn:aws:elasticloadbalancing:ap-northeast-2:038462790556:targetgroup/cicd-dev-k8s-tg-istio/8da1ee52b444225e-20250317001357264700000012",
            "port": null,
            "target_group_arn": "arn:aws:elasticloadbalancing:ap-northeast-2:038462790556:targetgroup/cicd-dev-k8s-tg-istio/8da1ee52b444225e",
            "target_id": "i-0ac2aab53e700332a"
          },
          "sensitive_attributes": [],
          "private": "bnVsbA==",
          "dependencies": [
            "aws_key_pair.sol_loginkey",
            "data.aws_internet_gateway.internet_gateway_info",
            "data.aws_vpc.vpc_info",
            "module.sol_iam_master_profile.aws_iam_instance_profile.sol_iam_profile",
            "module.sol_iam_master_role.aws_iam_role.sol_iam_role",
            "module.sol_infra_node.aws_instance.sol_ec2",
            "module.sol_infra_sg.aws_security_group.sol_sg",
            "module.sol_internet_gateway.aws_internet_gateway.sol_internet_gateway",
            "module.sol_lb_k8s_target_group.aws_lb_target_group.sol_target_group",
            "module.sol_master_node.aws_instance.sol_ec2",
            "module.sol_master_sg.aws_security_group.sol_sg",
            "module.sol_nat_eip.aws_eip.sol_eip",
            "module.sol_nic_master.aws_network_interface.sol_nic",
            "module.sol_nic_private.aws_network_interface.sol_nic",
            "module.sol_subnet_private.aws_subnet.sol_subnet",
            "module.sol_vpc.aws_vpc.sol_vpc"
          ]
        }
      ]
    },
    {
      "module": "module.sol_lb_k8s_target_group_attachment_master1[7]",
      "mode": "managed",
      "type": "aws_lb_target_group_attachment",
      "name": "sol_target_group_attachment",
      "provider": "provider[\"registry.terraform.io/hashicorp/aws\"]",
      "instances": [
        {
          "schema_version": 0,
          "attributes": {
            "availability_zone": null,
            "id": "arn:aws:elasticloadbalancing:ap-northeast-2:038462790556:targetgroup/cicd-dev-k8s-tg-hubble/b41f4146ebdbd881-2025031700135510250000000c",
            "port": null,
            "target_group_arn": "arn:aws:elasticloadbalancing:ap-northeast-2:038462790556:targetgroup/cicd-dev-k8s-tg-hubble/b41f4146ebdbd881",
            "target_id": "i-0ac2aab53e700332a"
          },
          "sensitive_attributes": [],
          "private": "bnVsbA==",
          "dependencies": [
            "aws_key_pair.sol_loginkey",
            "data.aws_internet_gateway.internet_gateway_info",
            "data.aws_vpc.vpc_info",
            "module.sol_iam_master_profile.aws_iam_instance_profile.sol_iam_profile",
            "module.sol_iam_master_role.aws_iam_role.sol_iam_role",
            "module.sol_infra_node.aws_instance.sol_ec2",
            "module.sol_infra_sg.aws_security_group.sol_sg",
            "module.sol_internet_gateway.aws_internet_gateway.sol_internet_gateway",
            "module.sol_lb_k8s_target_group.aws_lb_target_group.sol_target_group",
            "module.sol_master_node.aws_instance.sol_ec2",
            "module.sol_master_sg.aws_security_group.sol_sg",
            "module.sol_nat_eip.aws_eip.sol_eip",
            "module.sol_nic_master.aws_network_interface.sol_nic",
            "module.sol_nic_private.aws_network_interface.sol_nic",
            "module.sol_subnet_private.aws_subnet.sol_subnet",
            "module.sol_vpc.aws_vpc.sol_vpc"
          ]
        }
      ]
    },
    {
      "module": "module.sol_lb_listener[0]",
      "mode": "managed",
      "type": "aws_lb_listener",
      "name": "sol_lb_listener",
      "provider": "provider[\"registry.terraform.io/hashicorp/aws\"]",
      "instances": [
        {
          "schema_version": 0,
          "attributes": {
            "alpn_policy": null,
            "arn": "arn:aws:elasticloadbalancing:ap-northeast-2:038462790556:listener/net/cicd-dev-infra-lb/f2c1e964f2453f41/8e765f3c6a7a452d",
            "certificate_arn": null,
            "default_action": [
              {
                "authenticate_cognito": [],
                "authenticate_oidc": [],
                "fixed_response": [],
                "forward": [],
                "order": 1,
                "redirect": [],
                "target_group_arn": "arn:aws:elasticloadbalancing:ap-northeast-2:038462790556:targetgroup/cicd-dev-infra-tg-harbor/11775c632f19e47c",
                "type": "forward"
              }
            ],
            "id": "arn:aws:elasticloadbalancing:ap-northeast-2:038462790556:listener/net/cicd-dev-infra-lb/f2c1e964f2453f41/8e765f3c6a7a452d",
            "load_balancer_arn": "arn:aws:elasticloadbalancing:ap-northeast-2:038462790556:loadbalancer/net/cicd-dev-infra-lb/f2c1e964f2453f41",
            "mutual_authentication": [],
            "port": 5443,
            "protocol": "TCP",
            "ssl_policy": "",
            "tags": {},
            "tags_all": {},
            "tcp_idle_timeout_seconds": 360,
            "timeouts": null
          },
          "sensitive_attributes": [],
          "private": "eyJlMmJmYjczMC1lY2FhLTExZTYtOGY4OC0zNDM2M2JjN2M0YzAiOnsiY3JlYXRlIjozMDAwMDAwMDAwMDAsInVwZGF0ZSI6MzAwMDAwMDAwMDAwfX0=",
          "dependencies": [
            "data.aws_vpc.vpc_info",
            "module.sol_infra_lb_sg.aws_security_group.sol_sg",
            "module.sol_lb_infra.aws_lb.sol_lb",
            "module.sol_lb_infra_target_group.aws_lb_target_group.sol_target_group",
            "module.sol_subnet_public.aws_subnet.sol_subnet",
            "module.sol_vpc.aws_vpc.sol_vpc"
          ]
        }
      ]
    },
    {
      "module": "module.sol_lb_listener[1]",
      "mode": "managed",
      "type": "aws_lb_listener",
      "name": "sol_lb_listener",
      "provider": "provider[\"registry.terraform.io/hashicorp/aws\"]",
      "instances": [
        {
          "schema_version": 0,
          "attributes": {
            "alpn_policy": null,
            "arn": "arn:aws:elasticloadbalancing:ap-northeast-2:038462790556:listener/net/cicd-dev-infra-lb/f2c1e964f2453f41/e97b82fcbf0c4290",
            "certificate_arn": null,
            "default_action": [
              {
                "authenticate_cognito": [],
                "authenticate_oidc": [],
                "fixed_response": [],
                "forward": [],
                "order": 1,
                "redirect": [],
                "target_group_arn": "arn:aws:elasticloadbalancing:ap-northeast-2:038462790556:targetgroup/cicd-dev-infra-tg-gitlab/d7945ad92a0eba5a",
                "type": "forward"
              }
            ],
            "id": "arn:aws:elasticloadbalancing:ap-northeast-2:038462790556:listener/net/cicd-dev-infra-lb/f2c1e964f2453f41/e97b82fcbf0c4290",
            "load_balancer_arn": "arn:aws:elasticloadbalancing:ap-northeast-2:038462790556:loadbalancer/net/cicd-dev-infra-lb/f2c1e964f2453f41",
            "mutual_authentication": [],
            "port": 8443,
            "protocol": "TCP",
            "ssl_policy": "",
            "tags": {},
            "tags_all": {},
            "tcp_idle_timeout_seconds": 360,
            "timeouts": null
          },
          "sensitive_attributes": [],
          "private": "eyJlMmJmYjczMC1lY2FhLTExZTYtOGY4OC0zNDM2M2JjN2M0YzAiOnsiY3JlYXRlIjozMDAwMDAwMDAwMDAsInVwZGF0ZSI6MzAwMDAwMDAwMDAwfX0=",
          "dependencies": [
            "data.aws_vpc.vpc_info",
            "module.sol_infra_lb_sg.aws_security_group.sol_sg",
            "module.sol_lb_infra.aws_lb.sol_lb",
            "module.sol_lb_infra_target_group.aws_lb_target_group.sol_target_group",
            "module.sol_subnet_public.aws_subnet.sol_subnet",
            "module.sol_vpc.aws_vpc.sol_vpc"
          ]
        }
      ]
    },
    {
      "module": "module.sol_lb_listener[2]",
      "mode": "managed",
      "type": "aws_lb_listener",
      "name": "sol_lb_listener",
      "provider": "provider[\"registry.terraform.io/hashicorp/aws\"]",
      "instances": [
        {
          "schema_version": 0,
          "attributes": {
            "alpn_policy": null,
            "arn": "arn:aws:elasticloadbalancing:ap-northeast-2:038462790556:listener/net/cicd-dev-infra-lb/f2c1e964f2453f41/777db8feacab6906",
            "certificate_arn": null,
            "default_action": [
              {
                "authenticate_cognito": [],
                "authenticate_oidc": [],
                "fixed_response": [],
                "forward": [],
                "order": 1,
                "redirect": [],
                "target_group_arn": "arn:aws:elasticloadbalancing:ap-northeast-2:038462790556:targetgroup/cicd-dev-infra-tg-nexus/79754cca1f096b2a",
                "type": "forward"
              }
            ],
            "id": "arn:aws:elasticloadbalancing:ap-northeast-2:038462790556:listener/net/cicd-dev-infra-lb/f2c1e964f2453f41/777db8feacab6906",
            "load_balancer_arn": "arn:aws:elasticloadbalancing:ap-northeast-2:038462790556:loadbalancer/net/cicd-dev-infra-lb/f2c1e964f2453f41",
            "mutual_authentication": [],
            "port": 8081,
            "protocol": "TCP",
            "ssl_policy": "",
            "tags": {},
            "tags_all": {},
            "tcp_idle_timeout_seconds": 360,
            "timeouts": null
          },
          "sensitive_attributes": [],
          "private": "eyJlMmJmYjczMC1lY2FhLTExZTYtOGY4OC0zNDM2M2JjN2M0YzAiOnsiY3JlYXRlIjozMDAwMDAwMDAwMDAsInVwZGF0ZSI6MzAwMDAwMDAwMDAwfX0=",
          "dependencies": [
            "data.aws_vpc.vpc_info",
            "module.sol_infra_lb_sg.aws_security_group.sol_sg",
            "module.sol_lb_infra.aws_lb.sol_lb",
            "module.sol_lb_infra_target_group.aws_lb_target_group.sol_target_group",
            "module.sol_subnet_public.aws_subnet.sol_subnet",
            "module.sol_vpc.aws_vpc.sol_vpc"
          ]
        }
      ]
    },
    {
      "module": "module.sol_lb_listener[3]",
      "mode": "managed",
      "type": "aws_lb_listener",
      "name": "sol_lb_listener",
      "provider": "provider[\"registry.terraform.io/hashicorp/aws\"]",
      "instances": [
        {
          "schema_version": 0,
          "attributes": {
            "alpn_policy": null,
            "arn": "arn:aws:elasticloadbalancing:ap-northeast-2:038462790556:listener/net/cicd-dev-infra-lb/f2c1e964f2453f41/3f91ea008f2dbcf9",
            "certificate_arn": null,
            "default_action": [
              {
                "authenticate_cognito": [],
                "authenticate_oidc": [],
                "fixed_response": [],
                "forward": [],
                "order": 1,
                "redirect": [],
                "target_group_arn": "arn:aws:elasticloadbalancing:ap-northeast-2:038462790556:targetgroup/cicd-dev-infra-tg-jenkins/33a2648401f4d158",
                "type": "forward"
              }
            ],
            "id": "arn:aws:elasticloadbalancing:ap-northeast-2:038462790556:listener/net/cicd-dev-infra-lb/f2c1e964f2453f41/3f91ea008f2dbcf9",
            "load_balancer_arn": "arn:aws:elasticloadbalancing:ap-northeast-2:038462790556:loadbalancer/net/cicd-dev-infra-lb/f2c1e964f2453f41",
            "mutual_authentication": [],
            "port": 8080,
            "protocol": "TCP",
            "ssl_policy": "",
            "tags": {},
            "tags_all": {},
            "tcp_idle_timeout_seconds": 360,
            "timeouts": null
          },
          "sensitive_attributes": [],
          "private": "eyJlMmJmYjczMC1lY2FhLTExZTYtOGY4OC0zNDM2M2JjN2M0YzAiOnsiY3JlYXRlIjozMDAwMDAwMDAwMDAsInVwZGF0ZSI6MzAwMDAwMDAwMDAwfX0=",
          "dependencies": [
            "data.aws_vpc.vpc_info",
            "module.sol_infra_lb_sg.aws_security_group.sol_sg",
            "module.sol_lb_infra.aws_lb.sol_lb",
            "module.sol_lb_infra_target_group.aws_lb_target_group.sol_target_group",
            "module.sol_subnet_public.aws_subnet.sol_subnet",
            "module.sol_vpc.aws_vpc.sol_vpc"
          ]
        }
      ]
    },
    {
      "module": "module.sol_lb_listener[4]",
      "mode": "managed",
      "type": "aws_lb_listener",
      "name": "sol_lb_listener",
      "provider": "provider[\"registry.terraform.io/hashicorp/aws\"]",
      "instances": [
        {
          "schema_version": 0,
          "attributes": {
            "alpn_policy": null,
            "arn": "arn:aws:elasticloadbalancing:ap-northeast-2:038462790556:listener/net/cicd-dev-infra-lb/f2c1e964f2453f41/d9279de95d940883",
            "certificate_arn": null,
            "default_action": [
              {
                "authenticate_cognito": [],
                "authenticate_oidc": [],
                "fixed_response": [],
                "forward": [],
                "order": 1,
                "redirect": [],
                "target_group_arn": "arn:aws:elasticloadbalancing:ap-northeast-2:038462790556:targetgroup/cicd-dev-infra-tg-mysql/d94bd605e4b83198",
                "type": "forward"
              }
            ],
            "id": "arn:aws:elasticloadbalancing:ap-northeast-2:038462790556:listener/net/cicd-dev-infra-lb/f2c1e964f2453f41/d9279de95d940883",
            "load_balancer_arn": "arn:aws:elasticloadbalancing:ap-northeast-2:038462790556:loadbalancer/net/cicd-dev-infra-lb/f2c1e964f2453f41",
            "mutual_authentication": [],
            "port": 30131,
            "protocol": "TCP",
            "ssl_policy": "",
            "tags": {},
            "tags_all": {},
            "tcp_idle_timeout_seconds": 360,
            "timeouts": null
          },
          "sensitive_attributes": [],
          "private": "eyJlMmJmYjczMC1lY2FhLTExZTYtOGY4OC0zNDM2M2JjN2M0YzAiOnsiY3JlYXRlIjozMDAwMDAwMDAwMDAsInVwZGF0ZSI6MzAwMDAwMDAwMDAwfX0=",
          "dependencies": [
            "data.aws_vpc.vpc_info",
            "module.sol_infra_lb_sg.aws_security_group.sol_sg",
            "module.sol_lb_infra.aws_lb.sol_lb",
            "module.sol_lb_infra_target_group.aws_lb_target_group.sol_target_group",
            "module.sol_subnet_public.aws_subnet.sol_subnet",
            "module.sol_vpc.aws_vpc.sol_vpc"
          ]
        }
      ]
    },
    {
      "module": "module.sol_lb_listener[5]",
      "mode": "managed",
      "type": "aws_lb_listener",
      "name": "sol_lb_listener",
      "provider": "provider[\"registry.terraform.io/hashicorp/aws\"]",
      "instances": [
        {
          "schema_version": 0,
          "attributes": {
            "alpn_policy": null,
            "arn": "arn:aws:elasticloadbalancing:ap-northeast-2:038462790556:listener/net/cicd-dev-infra-lb/f2c1e964f2453f41/ae2b090146d55d89",
            "certificate_arn": null,
            "default_action": [
              {
                "authenticate_cognito": [],
                "authenticate_oidc": [],
                "fixed_response": [],
                "forward": [],
                "order": 1,
                "redirect": [],
                "target_group_arn": "arn:aws:elasticloadbalancing:ap-northeast-2:038462790556:targetgroup/cicd-dev-infra-tg-admin/e79fd677eade4204",
                "type": "forward"
              }
            ],
            "id": "arn:aws:elasticloadbalancing:ap-northeast-2:038462790556:listener/net/cicd-dev-infra-lb/f2c1e964f2453f41/ae2b090146d55d89",
            "load_balancer_arn": "arn:aws:elasticloadbalancing:ap-northeast-2:038462790556:loadbalancer/net/cicd-dev-infra-lb/f2c1e964f2453f41",
            "mutual_authentication": [],
            "port": 30130,
            "protocol": "TCP",
            "ssl_policy": "",
            "tags": {},
            "tags_all": {},
            "tcp_idle_timeout_seconds": 360,
            "timeouts": null
          },
          "sensitive_attributes": [],
          "private": "eyJlMmJmYjczMC1lY2FhLTExZTYtOGY4OC0zNDM2M2JjN2M0YzAiOnsiY3JlYXRlIjozMDAwMDAwMDAwMDAsInVwZGF0ZSI6MzAwMDAwMDAwMDAwfX0=",
          "dependencies": [
            "data.aws_vpc.vpc_info",
            "module.sol_infra_lb_sg.aws_security_group.sol_sg",
            "module.sol_lb_infra.aws_lb.sol_lb",
            "module.sol_lb_infra_target_group.aws_lb_target_group.sol_target_group",
            "module.sol_subnet_public.aws_subnet.sol_subnet",
            "module.sol_vpc.aws_vpc.sol_vpc"
          ]
        }
      ]
    },
    {
      "module": "module.sol_master_node[0]",
      "mode": "managed",
      "type": "aws_instance",
      "name": "sol_ec2",
      "provider": "provider[\"registry.terraform.io/hashicorp/aws\"]",
      "instances": [
        {
          "schema_version": 1,
          "attributes": {
            "ami": "ami-0a0cd2f78e9ef322a",
            "arn": "arn:aws:ec2:ap-northeast-2:038462790556:instance/i-0ac2aab53e700332a",
            "associate_public_ip_address": false,
            "availability_zone": "ap-northeast-2a",
            "capacity_reservation_specification": [
              {
                "capacity_reservation_preference": "open",
                "capacity_reservation_target": []
              }
            ],
            "cpu_core_count": 2,
            "cpu_options": [
              {
                "amd_sev_snp": "",
                "core_count": 2,
                "threads_per_core": 2
              }
            ],
            "cpu_threads_per_core": 2,
            "credit_specification": [
              {
                "cpu_credits": "unlimited"
              }
            ],
            "disable_api_stop": false,
            "disable_api_termination": false,
            "ebs_block_device": [
              {
                "delete_on_termination": true,
                "device_name": "/dev/sdf",
                "encrypted": false,
                "iops": 100,
                "kms_key_id": "",
                "snapshot_id": "",
                "tags": {},
                "tags_all": {},
                "throughput": 0,
                "volume_id": "vol-06b22b764dccb5cae",
                "volume_size": 10,
                "volume_type": "gp2"
              }
            ],
            "ebs_optimized": false,
            "enable_primary_ipv6": null,
            "enclave_options": [
              {
                "enabled": false
              }
            ],
            "ephemeral_block_device": [],
            "get_password_data": false,
            "hibernation": false,
            "host_id": "",
            "host_resource_group_arn": null,
            "iam_instance_profile": "cicd-dev-master_profile",
            "id": "i-0ac2aab53e700332a",
            "instance_initiated_shutdown_behavior": "stop",
            "instance_lifecycle": "",
            "instance_market_options": [],
            "instance_state": "running",
            "instance_type": "t3.xlarge",
            "ipv6_address_count": 0,
            "ipv6_addresses": [],
            "key_name": "cicd-dev-key",
            "launch_template": [],
            "maintenance_options": [
              {
                "auto_recovery": "default"
              }
            ],
            "metadata_options": [
              {
                "http_endpoint": "enabled",
                "http_protocol_ipv6": "disabled",
                "http_put_response_hop_limit": 1,
                "http_tokens": "optional",
                "instance_metadata_tags": "disabled"
              }
            ],
            "monitoring": false,
            "network_interface": [
              {
                "delete_on_termination": false,
                "device_index": 0,
                "network_card_index": 0,
                "network_interface_id": "eni-02193e3b1d6463729"
              }
            ],
            "outpost_arn": "",
            "password_data": "",
            "placement_group": "",
            "placement_partition_number": 0,
            "primary_network_interface_id": "eni-02193e3b1d6463729",
            "private_dns": "ip-10-0-2-48.ap-northeast-2.compute.internal",
            "private_dns_name_options": [
              {
                "enable_resource_name_dns_a_record": false,
                "enable_resource_name_dns_aaaa_record": false,
                "hostname_type": "ip-name"
              }
            ],
            "private_ip": "10.0.2.48",
            "public_dns": "",
            "public_ip": "",
            "root_block_device": [
              {
                "delete_on_termination": true,
                "device_name": "/dev/sda1",
                "encrypted": false,
                "iops": 150,
                "kms_key_id": "",
                "tags": null,
                "tags_all": {},
                "throughput": 0,
                "volume_id": "vol-091f8e7eed3a18986",
                "volume_size": 50,
                "volume_type": "gp2"
              }
            ],
            "secondary_private_ips": [],
            "security_groups": [],
            "source_dest_check": true,
            "spot_instance_request_id": "",
            "subnet_id": "subnet-0c2584070c2a77ceb",
            "tags": {
              "Name": "cicd-dev-master-0",
              "kubernetes.io/cluster/cicd/dev": "owned",
              "type": "cicd-dev"
            },
            "tags_all": {
              "Name": "cicd-dev-master-0",
              "kubernetes.io/cluster/cicd/dev": "owned",
              "type": "cicd-dev"
            },
            "tenancy": "default",
            "timeouts": null,
            "user_data": "b565fb7b229b8e553836adef175e26e0382586d6",
            "user_data_base64": null,
            "user_data_replace_on_change": false,
            "volume_tags": null,
            "vpc_security_group_ids": [
              "sg-099cba0c996b0b7dd"
            ]
          },
          "sensitive_attributes": [],
          "private": "eyJlMmJmYjczMC1lY2FhLTExZTYtOGY4OC0zNDM2M2JjN2M0YzAiOnsiY3JlYXRlIjo2MDAwMDAwMDAwMDAsImRlbGV0ZSI6MTIwMDAwMDAwMDAwMCwicmVhZCI6OTAwMDAwMDAwMDAwLCJ1cGRhdGUiOjYwMDAwMDAwMDAwMH0sInNjaGVtYV92ZXJzaW9uIjoiMSJ9",
          "dependencies": [
            "aws_key_pair.sol_loginkey",
            "data.aws_internet_gateway.internet_gateway_info",
            "data.aws_vpc.vpc_info",
            "module.sol_iam_master_profile.aws_iam_instance_profile.sol_iam_profile",
            "module.sol_iam_master_role.aws_iam_role.sol_iam_role",
            "module.sol_infra_node.aws_instance.sol_ec2",
            "module.sol_infra_sg.aws_security_group.sol_sg",
            "module.sol_internet_gateway.aws_internet_gateway.sol_internet_gateway",
            "module.sol_master_sg.aws_security_group.sol_sg",
            "module.sol_nat_eip.aws_eip.sol_eip",
            "module.sol_nic_master.aws_network_interface.sol_nic",
            "module.sol_nic_private.aws_network_interface.sol_nic",
            "module.sol_subnet_private.aws_subnet.sol_subnet",
            "module.sol_vpc.aws_vpc.sol_vpc"
          ]
        }
      ]
    },
    {
      "module": "module.sol_master_sg[0]",
      "mode": "managed",
      "type": "aws_security_group",
      "name": "sol_sg",
      "provider": "provider[\"registry.terraform.io/hashicorp/aws\"]",
      "instances": [
        {
          "schema_version": 1,
          "attributes": {
            "arn": "arn:aws:ec2:ap-northeast-2:038462790556:security-group/sg-099cba0c996b0b7dd",
            "description": "Security Group For Master Node",
            "egress": [
              {
                "cidr_blocks": [
                  "0.0.0.0/0"
                ],
                "description": "",
                "from_port": 0,
                "ipv6_cidr_blocks": [],
                "prefix_list_ids": [],
                "protocol": "-1",
                "security_groups": [],
                "self": false,
                "to_port": 0
              }
            ],
            "id": "sg-099cba0c996b0b7dd",
            "ingress": [
              {
                "cidr_blocks": [
                  "0.0.0.0/0"
                ],
                "description": "",
                "from_port": 0,
                "ipv6_cidr_blocks": [],
                "prefix_list_ids": [],
                "protocol": "-1",
                "security_groups": [],
                "self": false,
                "to_port": 0
              },
              {
                "cidr_blocks": [
                  "10.0.2.0/24"
                ],
                "description": "",
                "from_port": 0,
                "ipv6_cidr_blocks": [],
                "prefix_list_ids": [],
                "protocol": "-1",
                "security_groups": [],
                "self": false,
                "to_port": 0
              },
              {
                "cidr_blocks": [
                  "220.118.2.248/32"
                ],
                "description": "",
                "from_port": 0,
                "ipv6_cidr_blocks": [],
                "prefix_list_ids": [],
                "protocol": "-1",
                "security_groups": [],
                "self": false,
                "to_port": 0
              },
              {
                "cidr_blocks": [
                  "43.201.244.123/32"
                ],
                "description": "",
                "from_port": 0,
                "ipv6_cidr_blocks": [],
                "prefix_list_ids": [],
                "protocol": "-1",
                "security_groups": [],
                "self": false,
                "to_port": 0
              }
            ],
            "name": "cicd-dev-master-sg",
            "name_prefix": "",
            "owner_id": "038462790556",
            "revoke_rules_on_delete": false,
            "tags": {
              "Name": "cicd-dev-master-sg",
              "kubernetes.io/cluster/cicd/dev": "owned"
            },
            "tags_all": {
              "Name": "cicd-dev-master-sg",
              "kubernetes.io/cluster/cicd/dev": "owned"
            },
            "timeouts": null,
            "vpc_id": "vpc-048947297984b79cb"
          },
          "sensitive_attributes": [],
          "private": "eyJlMmJmYjczMC1lY2FhLTExZTYtOGY4OC0zNDM2M2JjN2M0YzAiOnsiY3JlYXRlIjo2MDAwMDAwMDAwMDAsImRlbGV0ZSI6OTAwMDAwMDAwMDAwfSwic2NoZW1hX3ZlcnNpb24iOiIxIn0=",
          "dependencies": [
            "data.aws_internet_gateway.internet_gateway_info",
            "data.aws_vpc.vpc_info",
            "module.sol_internet_gateway.aws_internet_gateway.sol_internet_gateway",
            "module.sol_nat_eip.aws_eip.sol_eip",
            "module.sol_vpc.aws_vpc.sol_vpc"
          ]
        }
      ]
    },
    {
      "module": "module.sol_nas_sg[0]",
      "mode": "managed",
      "type": "aws_security_group",
      "name": "sol_sg",
      "provider": "provider[\"registry.terraform.io/hashicorp/aws\"]",
      "instances": [
        {
          "schema_version": 1,
          "attributes": {
            "arn": "arn:aws:ec2:ap-northeast-2:038462790556:security-group/sg-0712f8f874679c568",
            "description": "Security Group for NAS",
            "egress": [
              {
                "cidr_blocks": [
                  "0.0.0.0/0"
                ],
                "description": "",
                "from_port": 0,
                "ipv6_cidr_blocks": [],
                "prefix_list_ids": [],
                "protocol": "-1",
                "security_groups": [],
                "self": false,
                "to_port": 0
              }
            ],
            "id": "sg-0712f8f874679c568",
            "ingress": [
              {
                "cidr_blocks": [
                  "10.0.2.0/24"
                ],
                "description": "",
                "from_port": 0,
                "ipv6_cidr_blocks": [],
                "prefix_list_ids": [],
                "protocol": "-1",
                "security_groups": [],
                "self": false,
                "to_port": 0
              }
            ],
            "name": "cicd-dev-nas-sg",
            "name_prefix": "",
            "owner_id": "038462790556",
            "revoke_rules_on_delete": false,
            "tags": {
              "Name": "cicd-dev-nas-sg",
              "kubernetes.io/cluster/cicd/dev": "owned"
            },
            "tags_all": {
              "Name": "cicd-dev-nas-sg",
              "kubernetes.io/cluster/cicd/dev": "owned"
            },
            "timeouts": null,
            "vpc_id": "vpc-048947297984b79cb"
          },
          "sensitive_attributes": [],
          "private": "eyJlMmJmYjczMC1lY2FhLTExZTYtOGY4OC0zNDM2M2JjN2M0YzAiOnsiY3JlYXRlIjo2MDAwMDAwMDAwMDAsImRlbGV0ZSI6OTAwMDAwMDAwMDAwfSwic2NoZW1hX3ZlcnNpb24iOiIxIn0=",
          "dependencies": [
            "data.aws_vpc.vpc_info",
            "module.sol_vpc.aws_vpc.sol_vpc"
          ]
        }
      ]
    },
    {
      "module": "module.sol_nat_eip[0]",
      "mode": "managed",
      "type": "aws_eip",
      "name": "sol_eip",
      "provider": "provider[\"registry.terraform.io/hashicorp/aws\"]",
      "instances": [
        {
          "schema_version": 0,
          "attributes": {
            "address": null,
            "allocation_id": "eipalloc-0a550e3edadf966b3",
            "arn": "arn:aws:ec2:ap-northeast-2:038462790556:elastic-ip/eipalloc-0a550e3edadf966b3",
            "associate_with_private_ip": null,
            "association_id": "eipassoc-0d430b3f44ae7baf8",
            "carrier_ip": "",
            "customer_owned_ip": "",
            "customer_owned_ipv4_pool": "",
            "domain": "vpc",
            "id": "eipalloc-0a550e3edadf966b3",
            "instance": "",
            "ipam_pool_id": null,
            "network_border_group": "ap-northeast-2",
            "network_interface": "eni-00fd565461e036ae4",
            "private_dns": "ip-10-0-1-239.ap-northeast-2.compute.internal",
            "private_ip": "10.0.1.239",
            "ptr_record": "",
            "public_dns": "ec2-43-201-244-123.ap-northeast-2.compute.amazonaws.com",
            "public_ip": "43.201.244.123",
            "public_ipv4_pool": "amazon",
            "tags": {
              "Name": "cicd-dev-ap-northeast-2a-nat-eip"
            },
            "tags_all": {
              "Name": "cicd-dev-ap-northeast-2a-nat-eip"
            },
            "timeouts": null,
            "vpc": true
          },
          "sensitive_attributes": [],
          "private": "eyJlMmJmYjczMC1lY2FhLTExZTYtOGY4OC0zNDM2M2JjN2M0YzAiOnsiZGVsZXRlIjoxODAwMDAwMDAwMDAsInJlYWQiOjkwMDAwMDAwMDAwMCwidXBkYXRlIjozMDAwMDAwMDAwMDB9fQ==",
          "dependencies": [
            "data.aws_internet_gateway.internet_gateway_info",
            "data.aws_vpc.vpc_info",
            "module.sol_internet_gateway.aws_internet_gateway.sol_internet_gateway",
            "module.sol_vpc.aws_vpc.sol_vpc"
          ]
        }
      ]
    },
    {
      "module": "module.sol_nat_gateway[0]",
      "mode": "managed",
      "type": "aws_nat_gateway",
      "name": "sol_nat_gateway",
      "provider": "provider[\"registry.terraform.io/hashicorp/aws\"]",
      "instances": [
        {
          "schema_version": 0,
          "attributes": {
            "allocation_id": "eipalloc-0a550e3edadf966b3",
            "association_id": "eipassoc-0d430b3f44ae7baf8",
            "connectivity_type": "public",
            "id": "nat-0cf481ebc7b803aa8",
            "network_interface_id": "eni-00fd565461e036ae4",
            "private_ip": "10.0.1.239",
            "public_ip": "43.201.244.123",
            "secondary_allocation_ids": [],
            "secondary_private_ip_address_count": 0,
            "secondary_private_ip_addresses": [],
            "subnet_id": "subnet-0694eaca2adca262b",
            "tags": {
              "Name": "cicd-dev-ap-northeast-2a-nat"
            },
            "tags_all": {
              "Name": "cicd-dev-ap-northeast-2a-nat"
            },
            "timeouts": null
          },
          "sensitive_attributes": [],
          "private": "eyJlMmJmYjczMC1lY2FhLTExZTYtOGY4OC0zNDM2M2JjN2M0YzAiOnsiY3JlYXRlIjo2MDAwMDAwMDAwMDAsImRlbGV0ZSI6MTgwMDAwMDAwMDAwMCwidXBkYXRlIjo2MDAwMDAwMDAwMDB9fQ==",
          "dependencies": [
            "data.aws_internet_gateway.internet_gateway_info",
            "data.aws_vpc.vpc_info",
            "module.sol_internet_gateway.aws_internet_gateway.sol_internet_gateway",
            "module.sol_nat_eip.aws_eip.sol_eip",
            "module.sol_subnet_public.aws_subnet.sol_subnet",
            "module.sol_vpc.aws_vpc.sol_vpc"
          ]
        }
      ]
    },
    {
      "module": "module.sol_nic_master[0]",
      "mode": "managed",
      "type": "aws_network_interface",
      "name": "sol_nic",
      "provider": "provider[\"registry.terraform.io/hashicorp/aws\"]",
      "instances": [
        {
          "schema_version": 0,
          "attributes": {
            "arn": "arn:aws:ec2:ap-northeast-2:038462790556:network-interface/eni-02193e3b1d6463729",
            "attachment": [],
            "description": "For kubernetes master VM NIC",
            "enable_primary_ipv6": null,
            "id": "eni-02193e3b1d6463729",
            "interface_type": "interface",
            "ipv4_prefix_count": 0,
            "ipv4_prefixes": [],
            "ipv6_address_count": 0,
            "ipv6_address_list": [],
            "ipv6_address_list_enabled": false,
            "ipv6_addresses": [],
            "ipv6_prefix_count": 0,
            "ipv6_prefixes": [],
            "mac_address": "02:e5:03:17:62:95",
            "outpost_arn": "",
            "owner_id": "038462790556",
            "private_dns_name": "ip-10-0-2-48.ap-northeast-2.compute.internal",
            "private_ip": "10.0.2.48",
            "private_ip_list": [
              "10.0.2.48"
            ],
            "private_ip_list_enabled": false,
            "private_ips": [
              "10.0.2.48"
            ],
            "private_ips_count": 0,
            "security_groups": [
              "sg-099cba0c996b0b7dd"
            ],
            "source_dest_check": true,
            "subnet_id": "subnet-0c2584070c2a77ceb",
            "tags": {
              "Name": "cicd-dev-0-master-nic",
              "kubernetes.io/cluster/cicd/dev": "owned"
            },
            "tags_all": {
              "Name": "cicd-dev-0-master-nic",
              "kubernetes.io/cluster/cicd/dev": "owned"
            }
          },
          "sensitive_attributes": [],
          "private": "bnVsbA==",
          "dependencies": [
            "data.aws_internet_gateway.internet_gateway_info",
            "data.aws_vpc.vpc_info",
            "module.sol_internet_gateway.aws_internet_gateway.sol_internet_gateway",
            "module.sol_master_sg.aws_security_group.sol_sg",
            "module.sol_nat_eip.aws_eip.sol_eip",
            "module.sol_subnet_private.aws_subnet.sol_subnet",
            "module.sol_vpc.aws_vpc.sol_vpc"
          ]
        }
      ]
    },
    {
      "module": "module.sol_nic_private[0]",
      "mode": "managed",
      "type": "aws_network_interface",
      "name": "sol_nic",
      "provider": "provider[\"registry.terraform.io/hashicorp/aws\"]",
      "instances": [
        {
          "schema_version": 0,
          "attributes": {
            "arn": "arn:aws:ec2:ap-northeast-2:038462790556:network-interface/eni-0a81798a91cc839ba",
            "attachment": [],
            "description": "For Private Infra VM NIC",
            "enable_primary_ipv6": null,
            "id": "eni-0a81798a91cc839ba",
            "interface_type": "interface",
            "ipv4_prefix_count": 0,
            "ipv4_prefixes": [],
            "ipv6_address_count": 0,
            "ipv6_address_list": [],
            "ipv6_address_list_enabled": false,
            "ipv6_addresses": [],
            "ipv6_prefix_count": 0,
            "ipv6_prefixes": [],
            "mac_address": "02:96:ad:8b:33:2b",
            "outpost_arn": "",
            "owner_id": "038462790556",
            "private_dns_name": "ip-10-0-2-167.ap-northeast-2.compute.internal",
            "private_ip": "10.0.2.167",
            "private_ip_list": [
              "10.0.2.167"
            ],
            "private_ip_list_enabled": false,
            "private_ips": [
              "10.0.2.167"
            ],
            "private_ips_count": 0,
            "security_groups": [
              "sg-072375d830a16e0e3"
            ],
            "source_dest_check": true,
            "subnet_id": "subnet-0c2584070c2a77ceb",
            "tags": {
              "Name": "cicd-dev-0-infra-nic",
              "kubernetes.io/cluster/cicd/dev": "owned"
            },
            "tags_all": {
              "Name": "cicd-dev-0-infra-nic",
              "kubernetes.io/cluster/cicd/dev": "owned"
            }
          },
          "sensitive_attributes": [],
          "private": "bnVsbA==",
          "dependencies": [
            "data.aws_internet_gateway.internet_gateway_info",
            "data.aws_vpc.vpc_info",
            "module.sol_infra_sg.aws_security_group.sol_sg",
            "module.sol_internet_gateway.aws_internet_gateway.sol_internet_gateway",
            "module.sol_nat_eip.aws_eip.sol_eip",
            "module.sol_subnet_private.aws_subnet.sol_subnet",
            "module.sol_vpc.aws_vpc.sol_vpc"
          ]
        }
      ]
    },
    {
      "module": "module.sol_nic_public[0]",
      "mode": "managed",
      "type": "aws_network_interface",
      "name": "sol_nic",
      "provider": "provider[\"registry.terraform.io/hashicorp/aws\"]",
      "instances": [
        {
          "schema_version": 0,
          "attributes": {
            "arn": "arn:aws:ec2:ap-northeast-2:038462790556:network-interface/eni-0480ab18daf60bece",
            "attachment": [
              {
                "attachment_id": "eni-attach-01953316e66d3d759",
                "device_index": 0,
                "instance": "i-0bb5ca882f2cfa6b3"
              }
            ],
            "description": "For Public Jumpbox VM NIC",
            "enable_primary_ipv6": null,
            "id": "eni-0480ab18daf60bece",
            "interface_type": "interface",
            "ipv4_prefix_count": 0,
            "ipv4_prefixes": [],
            "ipv6_address_count": 0,
            "ipv6_address_list": [],
            "ipv6_address_list_enabled": false,
            "ipv6_addresses": [],
            "ipv6_prefix_count": 0,
            "ipv6_prefixes": [],
            "mac_address": "02:9d:df:1a:25:2d",
            "outpost_arn": "",
            "owner_id": "038462790556",
            "private_dns_name": "ip-10-0-1-200.ap-northeast-2.compute.internal",
            "private_ip": "10.0.1.200",
            "private_ip_list": [
              "10.0.1.200"
            ],
            "private_ip_list_enabled": false,
            "private_ips": [
              "10.0.1.200"
            ],
            "private_ips_count": 0,
            "security_groups": [
              "sg-096e449f720ac8811"
            ],
            "source_dest_check": true,
            "subnet_id": "subnet-0694eaca2adca262b",
            "tags": {
              "Name": "cicd-dev-0-jumpbox-nic",
              "kubernetes.io/cluster/cicd/dev": "owned"
            },
            "tags_all": {
              "Name": "cicd-dev-0-jumpbox-nic",
              "kubernetes.io/cluster/cicd/dev": "owned"
            }
          },
          "sensitive_attributes": [],
          "private": "bnVsbA==",
          "dependencies": [
            "data.aws_vpc.vpc_info",
            "module.sol_jumpbox_sg.aws_security_group.sol_sg",
            "module.sol_subnet_public.aws_subnet.sol_subnet",
            "module.sol_vpc.aws_vpc.sol_vpc"
          ]
        }
      ]
    },
    {
      "module": "module.sol_private_acl[0]",
      "mode": "managed",
      "type": "aws_network_acl",
      "name": "sol_acl",
      "provider": "provider[\"registry.terraform.io/hashicorp/aws\"]",
      "instances": [
        {
          "schema_version": 0,
          "attributes": {
            "arn": "arn:aws:ec2:ap-northeast-2:038462790556:network-acl/acl-0611912e0d2c28661",
            "egress": [
              {
                "action": "allow",
                "cidr_block": "0.0.0.0/0",
                "from_port": 0,
                "icmp_code": 0,
                "icmp_type": 0,
                "ipv6_cidr_block": "",
                "protocol": "-1",
                "rule_no": 100,
                "to_port": 0
              }
            ],
            "id": "acl-0611912e0d2c28661",
            "ingress": [
              {
                "action": "allow",
                "cidr_block": "0.0.0.0/0",
                "from_port": 0,
                "icmp_code": 0,
                "icmp_type": 0,
                "ipv6_cidr_block": "",
                "protocol": "-1",
                "rule_no": 100,
                "to_port": 0
              }
            ],
            "owner_id": "038462790556",
            "subnet_ids": [
              "subnet-0c2584070c2a77ceb"
            ],
            "tags": {
              "Name": "cicd-dev-private-0-acl"
            },
            "tags_all": {
              "Name": "cicd-dev-private-0-acl"
            },
            "vpc_id": "vpc-048947297984b79cb"
          },
          "sensitive_attributes": [],
          "private": "bnVsbA==",
          "dependencies": [
            "data.aws_vpc.vpc_info",
            "module.sol_subnet_private.aws_subnet.sol_subnet",
            "module.sol_vpc.aws_vpc.sol_vpc"
          ]
        }
      ]
    },
    {
      "module": "module.sol_private_route[0]",
      "mode": "managed",
      "type": "aws_route",
      "name": "sol_route",
      "provider": "provider[\"registry.terraform.io/hashicorp/aws\"]",
      "instances": [
        {
          "schema_version": 0,
          "attributes": {
            "carrier_gateway_id": "",
            "core_network_arn": "",
            "destination_cidr_block": "0.0.0.0/0",
            "destination_ipv6_cidr_block": "",
            "destination_prefix_list_id": "",
            "egress_only_gateway_id": "",
            "gateway_id": "",
            "id": "r-rtb-07acadbfaeaf3657f1080289494",
            "instance_id": "",
            "instance_owner_id": "",
            "local_gateway_id": "",
            "nat_gateway_id": "nat-0cf481ebc7b803aa8",
            "network_interface_id": "",
            "origin": "CreateRoute",
            "route_table_id": "rtb-07acadbfaeaf3657f",
            "state": "active",
            "timeouts": null,
            "transit_gateway_id": "",
            "vpc_endpoint_id": "",
            "vpc_peering_connection_id": ""
          },
          "sensitive_attributes": [],
          "private": "eyJlMmJmYjczMC1lY2FhLTExZTYtOGY4OC0zNDM2M2JjN2M0YzAiOnsiY3JlYXRlIjozMDAwMDAwMDAwMDAsImRlbGV0ZSI6MzAwMDAwMDAwMDAwLCJ1cGRhdGUiOjEyMDAwMDAwMDAwMH19",
          "dependencies": [
            "data.aws_internet_gateway.internet_gateway_info",
            "data.aws_vpc.vpc_info",
            "module.sol_internet_gateway.aws_internet_gateway.sol_internet_gateway",
            "module.sol_nat_eip.aws_eip.sol_eip",
            "module.sol_nat_gateway.aws_nat_gateway.sol_nat_gateway",
            "module.sol_route_table.aws_route_table.sol_route_table",
            "module.sol_subnet_public.aws_subnet.sol_subnet",
            "module.sol_vpc.aws_vpc.sol_vpc"
          ]
        }
      ]
    },
    {
      "module": "module.sol_private_route_table_associaion[0]",
      "mode": "managed",
      "type": "aws_route_table_association",
      "name": "sol_route_table_association",
      "provider": "provider[\"registry.terraform.io/hashicorp/aws\"]",
      "instances": [
        {
          "schema_version": 0,
          "attributes": {
            "gateway_id": "",
            "id": "rtbassoc-01299f9dd90885f4d",
            "route_table_id": "rtb-07acadbfaeaf3657f",
            "subnet_id": "subnet-0c2584070c2a77ceb",
            "timeouts": null
          },
          "sensitive_attributes": [],
          "private": "eyJlMmJmYjczMC1lY2FhLTExZTYtOGY4OC0zNDM2M2JjN2M0YzAiOnsiY3JlYXRlIjozMDAwMDAwMDAwMDAsImRlbGV0ZSI6MzAwMDAwMDAwMDAwLCJ1cGRhdGUiOjEyMDAwMDAwMDAwMH19",
          "dependencies": [
            "data.aws_vpc.vpc_info",
            "module.sol_route_table.aws_route_table.sol_route_table",
            "module.sol_subnet_private.aws_subnet.sol_subnet",
            "module.sol_vpc.aws_vpc.sol_vpc"
          ]
        }
      ]
    },
    {
      "module": "module.sol_public_acl[0]",
      "mode": "managed",
      "type": "aws_network_acl",
      "name": "sol_acl",
      "provider": "provider[\"registry.terraform.io/hashicorp/aws\"]",
      "instances": [
        {
          "schema_version": 0,
          "attributes": {
            "arn": "arn:aws:ec2:ap-northeast-2:038462790556:network-acl/acl-0952863321d6256e6",
            "egress": [
              {
                "action": "allow",
                "cidr_block": "0.0.0.0/0",
                "from_port": 0,
                "icmp_code": 0,
                "icmp_type": 0,
                "ipv6_cidr_block": "",
                "protocol": "-1",
                "rule_no": 100,
                "to_port": 0
              }
            ],
            "id": "acl-0952863321d6256e6",
            "ingress": [
              {
                "action": "allow",
                "cidr_block": "0.0.0.0/0",
                "from_port": 0,
                "icmp_code": 0,
                "icmp_type": 0,
                "ipv6_cidr_block": "",
                "protocol": "-1",
                "rule_no": 100,
                "to_port": 0
              }
            ],
            "owner_id": "038462790556",
            "subnet_ids": [
              "subnet-0694eaca2adca262b"
            ],
            "tags": {
              "Name": "cicd-dev-public-0-acl"
            },
            "tags_all": {
              "Name": "cicd-dev-public-0-acl"
            },
            "vpc_id": "vpc-048947297984b79cb"
          },
          "sensitive_attributes": [],
          "private": "bnVsbA==",
          "dependencies": [
            "data.aws_vpc.vpc_info",
            "module.sol_subnet_public.aws_subnet.sol_subnet",
            "module.sol_vpc.aws_vpc.sol_vpc"
          ]
        }
      ]
    },
    {
      "module": "module.sol_public_route_table_associaion[0]",
      "mode": "managed",
      "type": "aws_route_table_association",
      "name": "sol_route_table_association",
      "provider": "provider[\"registry.terraform.io/hashicorp/aws\"]",
      "instances": [
        {
          "schema_version": 0,
          "attributes": {
            "gateway_id": "",
            "id": "rtbassoc-0f05542d0a8678efa",
            "route_table_id": "rtb-0d2934620f23a318a",
            "subnet_id": "subnet-0694eaca2adca262b",
            "timeouts": null
          },
          "sensitive_attributes": [],
          "private": "eyJlMmJmYjczMC1lY2FhLTExZTYtOGY4OC0zNDM2M2JjN2M0YzAiOnsiY3JlYXRlIjozMDAwMDAwMDAwMDAsImRlbGV0ZSI6MzAwMDAwMDAwMDAwLCJ1cGRhdGUiOjEyMDAwMDAwMDAwMH19",
          "dependencies": [
            "data.aws_vpc.vpc_info",
            "module.sol_subnet_public.aws_subnet.sol_subnet",
            "module.sol_vpc.aws_vpc.sol_vpc"
          ]
        }
      ]
    },
    {
      "module": "module.sol_route_table[0]",
      "mode": "managed",
      "type": "aws_route_table",
      "name": "sol_route_table",
      "provider": "provider[\"registry.terraform.io/hashicorp/aws\"]",
      "instances": [
        {
          "schema_version": 0,
          "attributes": {
            "arn": "arn:aws:ec2:ap-northeast-2:038462790556:route-table/rtb-07acadbfaeaf3657f",
            "id": "rtb-07acadbfaeaf3657f",
            "owner_id": "038462790556",
            "propagating_vgws": [],
            "route": [
              {
                "carrier_gateway_id": "",
                "cidr_block": "0.0.0.0/0",
                "core_network_arn": "",
                "destination_prefix_list_id": "",
                "egress_only_gateway_id": "",
                "gateway_id": "",
                "ipv6_cidr_block": "",
                "local_gateway_id": "",
                "nat_gateway_id": "nat-0cf481ebc7b803aa8",
                "network_interface_id": "",
                "transit_gateway_id": "",
                "vpc_endpoint_id": "",
                "vpc_peering_connection_id": ""
              }
            ],
            "tags": {
              "Name": "cicd-dev-pri-route_table",
              "kubernetes.io/cluster/cicd-dev": "owned"
            },
            "tags_all": {
              "Name": "cicd-dev-pri-route_table",
              "kubernetes.io/cluster/cicd-dev": "owned"
            },
            "timeouts": null,
            "vpc_id": "vpc-048947297984b79cb"
          },
          "sensitive_attributes": [],
          "private": "eyJlMmJmYjczMC1lY2FhLTExZTYtOGY4OC0zNDM2M2JjN2M0YzAiOnsiY3JlYXRlIjozMDAwMDAwMDAwMDAsImRlbGV0ZSI6MzAwMDAwMDAwMDAwLCJ1cGRhdGUiOjEyMDAwMDAwMDAwMH19",
          "dependencies": [
            "data.aws_vpc.vpc_info",
            "module.sol_vpc.aws_vpc.sol_vpc"
          ]
        }
      ]
    },
    {
      "module": "module.sol_subnet_private[0]",
      "mode": "managed",
      "type": "aws_subnet",
      "name": "sol_subnet",
      "provider": "provider[\"registry.terraform.io/hashicorp/aws\"]",
      "instances": [
        {
          "schema_version": 1,
          "attributes": {
            "arn": "arn:aws:ec2:ap-northeast-2:038462790556:subnet/subnet-0c2584070c2a77ceb",
            "assign_ipv6_address_on_creation": false,
            "availability_zone": "ap-northeast-2a",
            "availability_zone_id": "apne2-az1",
            "cidr_block": "10.0.2.0/24",
            "customer_owned_ipv4_pool": "",
            "enable_dns64": false,
            "enable_lni_at_device_index": 0,
            "enable_resource_name_dns_a_record_on_launch": false,
            "enable_resource_name_dns_aaaa_record_on_launch": false,
            "id": "subnet-0c2584070c2a77ceb",
            "ipv6_cidr_block": "",
            "ipv6_cidr_block_association_id": "",
            "ipv6_native": false,
            "map_customer_owned_ip_on_launch": false,
            "map_public_ip_on_launch": false,
            "outpost_arn": "",
            "owner_id": "038462790556",
            "private_dns_hostname_type_on_launch": "ip-name",
            "tags": {
              "Name": "cicd-ap-northeast-2a-private-subnet",
              "kubernetes.io/cluster/cicd-dev": "owned"
            },
            "tags_all": {
              "Name": "cicd-ap-northeast-2a-private-subnet",
              "kubernetes.io/cluster/cicd-dev": "owned"
            },
            "timeouts": null,
            "vpc_id": "vpc-048947297984b79cb"
          },
          "sensitive_attributes": [],
          "private": "eyJlMmJmYjczMC1lY2FhLTExZTYtOGY4OC0zNDM2M2JjN2M0YzAiOnsiY3JlYXRlIjo2MDAwMDAwMDAwMDAsImRlbGV0ZSI6MTIwMDAwMDAwMDAwMH0sInNjaGVtYV92ZXJzaW9uIjoiMSJ9",
          "dependencies": [
            "data.aws_vpc.vpc_info",
            "module.sol_vpc.aws_vpc.sol_vpc"
          ]
        }
      ]
    },
    {
      "module": "module.sol_subnet_public[0]",
      "mode": "managed",
      "type": "aws_subnet",
      "name": "sol_subnet",
      "provider": "provider[\"registry.terraform.io/hashicorp/aws\"]",
      "instances": [
        {
          "schema_version": 1,
          "attributes": {
            "arn": "arn:aws:ec2:ap-northeast-2:038462790556:subnet/subnet-0694eaca2adca262b",
            "assign_ipv6_address_on_creation": false,
            "availability_zone": "ap-northeast-2a",
            "availability_zone_id": "apne2-az1",
            "cidr_block": "10.0.1.0/24",
            "customer_owned_ipv4_pool": "",
            "enable_dns64": false,
            "enable_lni_at_device_index": 0,
            "enable_resource_name_dns_a_record_on_launch": false,
            "enable_resource_name_dns_aaaa_record_on_launch": false,
            "id": "subnet-0694eaca2adca262b",
            "ipv6_cidr_block": "",
            "ipv6_cidr_block_association_id": "",
            "ipv6_native": false,
            "map_customer_owned_ip_on_launch": false,
            "map_public_ip_on_launch": true,
            "outpost_arn": "",
            "owner_id": "038462790556",
            "private_dns_hostname_type_on_launch": "ip-name",
            "tags": {
              "Name": "cicd-ap-northeast-2a-public-subnet",
              "kubernetes.io/cluster/cicd-dev": "owned"
            },
            "tags_all": {
              "Name": "cicd-ap-northeast-2a-public-subnet",
              "kubernetes.io/cluster/cicd-dev": "owned"
            },
            "timeouts": null,
            "vpc_id": "vpc-048947297984b79cb"
          },
          "sensitive_attributes": [],
          "private": "eyJlMmJmYjczMC1lY2FhLTExZTYtOGY4OC0zNDM2M2JjN2M0YzAiOnsiY3JlYXRlIjo2MDAwMDAwMDAwMDAsImRlbGV0ZSI6MTIwMDAwMDAwMDAwMH0sInNjaGVtYV92ZXJzaW9uIjoiMSJ9",
          "dependencies": [
            "data.aws_vpc.vpc_info",
            "module.sol_vpc.aws_vpc.sol_vpc"
          ]
        }
      ]
    },
    {
      "module": "module.sol_vpc[0]",
      "mode": "managed",
      "type": "aws_vpc",
      "name": "sol_vpc",
      "provider": "provider[\"registry.terraform.io/hashicorp/aws\"]",
      "instances": [
        {
          "schema_version": 1,
          "attributes": {
            "arn": "arn:aws:ec2:ap-northeast-2:038462790556:vpc/vpc-048947297984b79cb",
            "assign_generated_ipv6_cidr_block": false,
            "cidr_block": "10.0.0.0/16",
            "default_network_acl_id": "acl-02da7b35e8d9a387c",
            "default_route_table_id": "rtb-0d2934620f23a318a",
            "default_security_group_id": "sg-0b28a71ead6676381",
            "dhcp_options_id": "dopt-0a03607f9ce8a9f22",
            "enable_dns_hostnames": true,
            "enable_dns_support": true,
            "enable_network_address_usage_metrics": false,
            "id": "vpc-048947297984b79cb",
            "instance_tenancy": "default",
            "ipv4_ipam_pool_id": null,
            "ipv4_netmask_length": null,
            "ipv6_association_id": "",
            "ipv6_cidr_block": "",
            "ipv6_cidr_block_network_border_group": "",
            "ipv6_ipam_pool_id": "",
            "ipv6_netmask_length": 0,
            "main_route_table_id": "rtb-0d2934620f23a318a",
            "owner_id": "038462790556",
            "tags": {
              "Name": "cicd"
            },
            "tags_all": {
              "Name": "cicd"
            }
          },
          "sensitive_attributes": [],
          "private": "eyJzY2hlbWFfdmVyc2lvbiI6IjEifQ=="
        }
      ]
    },
    {
      "module": "module.vars[0]",
      "mode": "managed",
      "type": "local_file",
      "name": "ansible_manual_vars",
      "provider": "provider[\"registry.terraform.io/hashicorp/local\"]",
      "instances": [
        {
          "schema_version": 0,
          "attributes": {
            "content": "cloud_provider: manual # aws, awsM\n\nansible_path : \"/home/sol/cicd-project/automation/ansible\"\n\nvpc_name : cicd\nregion_name: ap-northeast-2\nsystem_type: dev\naccess_key: AKIAQR5EPTOOAFOYWOME \nsecret_key: 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 \njumpbox_ip: 52.79.96.117\ninfra_lb_domain: cicd-dev-infra-lb-f2c1e964f2453f41.elb.ap-northeast-2.amazonaws.com \nk8s_lb_domain: cicd-dev-k8s-lb-2b6d2a622f7d3eb3.elb.ap-northeast-2.amazonaws.com \ninfra_ip: 10.0.2.167 \njenkins_ip :  \"{{infra_lb_domain}}\"\nkafka_ip : \"{{infra_lb_domain}}\"\nharbor_ip : \"{{infra_lb_domain}}\"\ngitlab_ip :  \"{{infra_lb_domain}}\"\n\nnfs_path: 10.0.2.72:/\nnfs_name: fs-05b5546fa8dba7e12\nnfs_dns: fs-05b5546fa8dba7e12.efs.ap-northeast-2.amazonaws.com\nnas_mount_path: \"/mnt/nfs\"\n\nnfs_server: 10.0.2.72\nnfs_mountoptions: nfsvers=4.1\nnfs_pvc_name: solpv\n\nec2_ebs_mount_path : \"/app\"\n\nk8s_multi_master: false\nkube_config: \"/home/sol/.kube/cicd-dev-config\"\n\ndocker_version: \"25.0.2\"\ndocker_bip: 7.7.128.1/18\ndocker_pools_base: 7.7.192.0/18\ndocker_log_max_size : 10m\ndocker_log_max_file : 2\ndocker_root_dir : /var/lib/docker\n# docker_root_dir : \"{{ec2_ebs_mount_path}}/docker\"\n\ncontainerd_version : \"1.6.28\"\ncontainerd_root_dir: /var/lib/containerd\n# containerd_root_dir: {{ec2_ebs_mount_path}}/contianerd\nkubelet_containerLogMaxSize : 10Mi\nkubelet_containerLogMaxFiles : 2\n\ninstall_shell_dir : \"/home/sol/install_shell\"\n\nharbor_host: registry.sol.lab\nharbor_http_port: 5000\nharbor_https_port: 5443\nharbor_ssl: true\nharbor_ssl_path : /home/sol/.ssl/\nharbor_cert_path: /home/sol/.ssl/harbor/harbor.pem\nharbor_key_path: /home/sol/.ssl/harbor/harbor-key.pem\nharbor_install_dir: /home/sol/harbor/install\nharbor_data_dir: /home/sol/harbor/data \nharbor_log_dir: /home/sol/harbor/log\nharbor_username: sol\nharbor_password: solsol1234!\nharbor_cert_CN: registry.sol.lab\nharbor_cert_hosts: \"\\\"registry.sol.lab\\\", \\\"{{infra_lb_domain}}\\\"\"\n\ngitlab_host: gitlab.sol.lab\ngitlab_external_url: https://{{infra_lb_domain}}:{{gitlab_port}}\ngitlab_http_port: 18080\ngitlab_https_port: 8443\ngitlab_config_dir: /home/sol/gitlab/config\ngitlab_install_dir: /home/sol/gitlab/\ngitlab_data_dir: /home/sol/gitlab/data\ngitlab_log_dir: /home/sol/gitlab/logs\ngitlab_ssl_dir: /home/sol/gitlab/config/ssl\ngitlab_root_username: sol\ngitlab_password: solsol1234!\ngitlab_cert_CN: \"{{infra_lb_domain}}\"\ngitlab_ssl: true\ngitlab_cert_hosts: \"\\\"gitlab.sol.lab\\\", \\\"{{infra_lb_domain}}\\\"\"\ngitlab_memory: \"4g\"\ngitlab_cpu: 2\n\njenkins_dir : /home/sol/jenkins\njenkins_port: 8080\njenkins_agent_port: 50000\njenkins_memory: 2g\njenkins_version: 2.444\n\ncrictl_version : v1.30.0\nnerdctl_version : 1.7.3\n\nasg_min_size : 1\nasg_max_size : 1\n\nk8s_pause_version : 3.6 \nnode_status_update_frequency_second : 5     #/var/lib/kubelet/kubeadm-flags.env\nnode_monitor_period_second : 10\nnode_monitor_grace_period_second : 15\ndefault_not_ready_toleration_seconds: 5\ndefault_unreachable_toleration_seconds: 5\n\nkubernetes_version : 1.30.1\nkubernetes_pod_cidr : 20.0.0.0/10\nkubernetes_service_cidr : 25.0.0.0/16\nkubernetes_service_type : nodeport\nk8s_cluster_autoscaler_version : 1.30\n\nk8s_api_ip : \"{{k8s_lb_domain}}\"  # ip 수정\nk8s_api_port : 6443\nmaster_ip : 10.0.2.48\nk8s_cert_svc_ip : 25.0.0.1  # k8s service cidr값의 첫번째 ip\n\nnginx_ssl : false\nnginx_cert_CN: \"{{infra_lb_domain}}\"\nnginx_cert_hosts: \"\\\"jenkins.sol.lab\\\",\\\"monitoring.sol.lab\\\", \\\"{{infra_lb_domain}}\\\"\"  \nnginx_dir : /home/sol/nginx\nnginx_dir_conf : /home/sol/nginx/conf.d\n\nkafka1_dir: /home/sol/automation/kafka/kafka1\nkafka2_dir: /home/sol/automation/kafka/kafka2\nkafka3_dir: /home/sol/automation/kafka/kafka3\nzookeeper_dir: /home/sol/automation/kafka/zookeeper\n\ntrivy_db_dir: /home/sol/trivy\n\nnexus_port: 8081\nnexus_data_dir: /home/sol/nexus\n\nmattermost_port : 8085\nmattermost_dir : /home/sol/mattermost\nmattermost_data_dir : /home/sol/mattermost/volumes\n\nsonarqube_mysql_dir : /home/sol/sonarqube_mysql\nsonarqube_mysql_port: 3305\nsonarqube_port: 9000\n\nmysql_dir : /home/sol/mysql\nmysql_port : 3306",
            "content_base64": null,
            "content_base64sha256": "gLScEz936xZ4hWxQJRgwCvmWIoBnDJwoVVx7pZhx0YI=",
            "content_base64sha512": "DgawHfcqGZ53WDzXZFbM8/wJ5N703KMPmmWvrIOBdu1hWhgQGOXbcYetxGg27ZeNZhOCcFnh7JrOKCB8Egck2w==",
            "content_md5": "19c6b108cc50b90cff741cf7496c4656",
            "content_sha1": "c551cae2f6ccfb1a2092aca98ded28f3f769e48c",
            "content_sha256": "80b49c133f77eb1678856c502518300af9962280670c9c28555c7ba59871d182",
            "content_sha512": "0e06b01df72a199e77583cd76456ccf3fc09e4def4dca30f9a65afac838176ed615a181018e5db7187adc46836ed978d6613827059e1ec9ace28207c120724db",
            "directory_permission": "0777",
            "file_permission": "0777",
            "filename": "/home/sol/cicd-project/automation/ansible/playbooks/vars-aws-cicd-dev.yaml",
            "id": "c551cae2f6ccfb1a2092aca98ded28f3f769e48c",
            "sensitive_content": null,
            "source": null
          },
          "sensitive_attributes": [
            [
              {
                "type": "get_attr",
                "value": "sensitive_content"
              }
            ]
          ],
          "dependencies": [
            "aws_key_pair.sol_loginkey",
            "data.aws_internet_gateway.internet_gateway_info",
            "data.aws_vpc.vpc_info",
            "module.sol_efs.aws_efs_file_system.sol_efs",
            "module.sol_efs_mount_target.aws_efs_mount_target.sol_efs_mount_target",
            "module.sol_eip_for_ec2.aws_eip.sol_eip",
            "module.sol_iam_master_profile.aws_iam_instance_profile.sol_iam_profile",
            "module.sol_iam_master_role.aws_iam_role.sol_iam_role",
            "module.sol_infra_lb_sg.aws_security_group.sol_sg",
            "module.sol_infra_node.aws_instance.sol_ec2",
            "module.sol_infra_sg.aws_security_group.sol_sg",
            "module.sol_internet_gateway.aws_internet_gateway.sol_internet_gateway",
            "module.sol_k8s_lb_sg.aws_security_group.sol_sg",
            "module.sol_lb_infra.aws_lb.sol_lb",
            "module.sol_lb_k8s.aws_lb.sol_lb",
            "module.sol_master_node.aws_instance.sol_ec2",
            "module.sol_master_sg.aws_security_group.sol_sg",
            "module.sol_nas_sg.aws_security_group.sol_sg",
            "module.sol_nat_eip.aws_eip.sol_eip",
            "module.sol_nic_master.aws_network_interface.sol_nic",
            "module.sol_nic_private.aws_network_interface.sol_nic",
            "module.sol_subnet_private.aws_subnet.sol_subnet",
            "module.sol_subnet_public.aws_subnet.sol_subnet",
            "module.sol_vpc.aws_vpc.sol_vpc"
          ]
        }
      ]
    }
  ],
  "check_results": null
}
