{
  "version": 4,
  "terraform_version": "1.10.3",
  "serial": 2125,
  "lineage": "a1ad0426-0a84-188d-af72-792d9d0f82f3",
  "outputs": {
    "kubeconfig": {
      "value": "apiVersion: v1\nclusters:\n- cluster:\n    server: \n    certificate-authority-data: \n  name: kubernetes\ncontexts:\n- context:\n    cluster: kubernetes\n    user: aws\n  name: aws\ncurrent-context: aws\nkind: Config\npreferences: {}\nusers:\n- name: aws\n  user:\n    exec:\n      apiVersion: client.authentication.k8s.io/v1alpha1\n      command: aws-iam-authenticator\n      args:\n        - \"token\"\n        - \"-i\"\n        - \"cicd-dev\"\n      env:\n        - name: AWS_ACCESS_KEY_ID\n          value: \"AKIAQR5EPTOOAFOYWOME\"\n        - name: AWS_SECRET_ACCESS_KEY\n          value: \"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\"\n        - name: AWS_PROFILE\n          value: \"dev\"\n",
      "type": "string"
    }
  },
  "resources": [
    {
      "mode": "data",
      "type": "aws_internet_gateway",
      "name": "internet_gateway_info",
      "provider": "provider[\"registry.terraform.io/hashicorp/aws\"]",
      "instances": [
        {
          "schema_version": 0,
          "attributes": {
            "arn": "arn:aws:ec2:ap-northeast-2:038462790556:internet-gateway/igw-0dfc6c1177be5138a",
            "attachments": [
              {
                "state": "available",
                "vpc_id": "vpc-0e9bc0bdd4f47312c"
              }
            ],
            "filter": [
              {
                "name": "attachment.vpc-id",
                "values": [
                  "vpc-0e9bc0bdd4f47312c"
                ]
              }
            ],
            "id": "igw-0dfc6c1177be5138a",
            "internet_gateway_id": "igw-0dfc6c1177be5138a",
            "owner_id": "038462790556",
            "tags": {
              "Name": "cicd-internet_gw"
            },
            "timeouts": null
          },
          "sensitive_attributes": []
        }
      ]
    },
    {
      "mode": "data",
      "type": "aws_vpc",
      "name": "vpc_info",
      "provider": "provider[\"registry.terraform.io/hashicorp/aws\"]",
      "instances": [
        {
          "schema_version": 0,
          "attributes": {
            "arn": "arn:aws:ec2:ap-northeast-2:038462790556:vpc/vpc-0e9bc0bdd4f47312c",
            "cidr_block": "10.0.0.0/16",
            "cidr_block_associations": [
              {
                "association_id": "vpc-cidr-assoc-0fea42badfb53a6df",
                "cidr_block": "10.0.0.0/16",
                "state": "associated"
              }
            ],
            "default": false,
            "dhcp_options_id": "dopt-0a03607f9ce8a9f22",
            "enable_dns_hostnames": true,
            "enable_dns_support": true,
            "enable_network_address_usage_metrics": false,
            "filter": null,
            "id": "vpc-0e9bc0bdd4f47312c",
            "instance_tenancy": "default",
            "ipv6_association_id": "",
            "ipv6_cidr_block": "",
            "main_route_table_id": "rtb-0add0730df9e4cb3c",
            "owner_id": "038462790556",
            "state": null,
            "tags": {
              "Name": "cicd"
            },
            "timeouts": null
          },
          "sensitive_attributes": []
        }
      ]
    },
    {
      "mode": "managed",
      "type": "aws_key_pair",
      "name": "sol_loginkey",
      "provider": "provider[\"registry.terraform.io/hashicorp/aws\"]",
      "instances": [
        {
          "schema_version": 1,
          "attributes": {
            "arn": "arn:aws:ec2:ap-northeast-2:038462790556:key-pair/cicd-dev-key",
            "fingerprint": "32:ba:e9:10:76:3e:49:5d:f3:1e:c5:c4:4a:62:fc:3d",
            "id": "cicd-dev-key",
            "key_name": "cicd-dev-key",
            "key_name_prefix": "",
            "key_pair_id": "key-0e4305b804fc41f40",
            "key_type": "rsa",
            "public_key": "ssh-rsa AAAAB3NzaC1yc2EAAAADAQABAAABAQDpBLW/4KDuVsSZvReq1QZ9BXAYhhYTo3X7OfKpd7fFBOgJZS9K6cnEHB/jtlaISxWvkHehVruOCeltbZG0eOTUDO+YgXkh6BIDkCxoeW4W1DLewwQ6Y7Q2I4873uFEmERgIr7X9rbbkKnmsSbiA+dHd0LSBzQbXJeCgR7Y5L+cbsATk1itNqN+8EDXAHhqr/iJJ+FNOD0cG0GvO3hGtUAqwMYmYHFpFTXrunDcKIdWcfeRz/rEAoYFSE7duUCStf8R9BP8SLyp+IxZkCM1I3gJ0ERz5ee1CZFnUeRpqashOKBCfI6NE/wlW3jUzjmlVWmATe6wZ6B+nSjsEJ1sd7AB sol@localhost.localdomain",
            "tags": {},
            "tags_all": {}
          },
          "sensitive_attributes": [],
          "private": "eyJzY2hlbWFfdmVyc2lvbiI6IjEifQ=="
        }
      ]
    },
    {
      "module": "module.hosts[0]",
      "mode": "managed",
      "type": "local_file",
      "name": "hosts_manual_cfg",
      "provider": "provider[\"registry.terraform.io/hashicorp/local\"]",
      "instances": [
        {
          "schema_version": 0,
          "attributes": {
            "content": "\n[infra1]\n10.0.2.63\n\n[infra:children]\ninfra1\n\n\n\n[master1]\n10.0.2.41\n\n\n[master:children]\nmaster1\n\n\n\n[gitlab:children]\ninfra1\n[harbor:children]\ninfra1\n[jenkins:children]\ninfra1\n[portal:children]\ninfra1\n[nas:children]\ninfra1\n[nexus:children]\ninfra1\n[kafka:children]\ninfra1\n[ldap:children]\ninfra1\n[mattermost:children]\ninfra1\n[sonarqube:children]\ninfra1\n[mysql:children]\ninfra1\n\n[infra:vars]\nansible_python_interpreter=/usr/bin/python3\nansible_ssh_common_args='-o StrictHostKeyChecking=no -o UserKnownHostsFile=/dev/null -o ProxyCommand=\"ssh -W %h:%p -q sol@15.164.92.53\"'\n\n[master:vars]\nansible_python_interpreter=/usr/bin/python3\nansible_ssh_common_args='-o StrictHostKeyChecking=no -o UserKnownHostsFile=/dev/null -o ProxyCommand=\"ssh -W %h:%p -q sol@15.164.92.53\"'\n\n\n\n\n",
            "content_base64": null,
            "content_base64sha256": "nj5OKtun8dyCx/H5T60kZPZ96ywr4CYlnkr1YGRUB2w=",
            "content_base64sha512": "qwKR9Su7ZxR/WWkhIIsN3hTovEzOCI5tI6YV7G30mjkPzsmTpFubWi0bf8OilAzBLjxXxsNaY6OyPzGd2pgHew==",
            "content_md5": "a49b563a1c114297ad3231dbeec2e77d",
            "content_sha1": "f222d7e4f469e76a7fad5282d8ffb6f8f5ab5dd1",
            "content_sha256": "9e3e4e2adba7f1dc82c7f1f94fad2464f67deb2c2be026259e4af5606454076c",
            "content_sha512": "ab0291f52bbb67147f596921208b0dde14e8bc4cce088e6d23a615ec6df49a390fcec993a45b9b5a2d1b7fc3a2940cc12e3c57c6c35a63a3b23f319dda98077b",
            "directory_permission": "0777",
            "file_permission": "0777",
            "filename": "/home/sol/cicd-project/automation/ansible/inventory/hosts_aws_cicd_dev",
            "id": "f222d7e4f469e76a7fad5282d8ffb6f8f5ab5dd1",
            "sensitive_content": null,
            "source": null
          },
          "sensitive_attributes": [
            [
              {
                "type": "get_attr",
                "value": "sensitive_content"
              }
            ]
          ],
          "dependencies": [
            "aws_key_pair.sol_loginkey",
            "data.aws_internet_gateway.internet_gateway_info",
            "data.aws_vpc.vpc_info",
            "module.sol_eip_for_ec2.aws_eip.sol_eip",
            "module.sol_iam_master_profile.aws_iam_instance_profile.sol_iam_profile",
            "module.sol_iam_master_role.aws_iam_role.sol_iam_role",
            "module.sol_iam_worker_profile_ec2.aws_iam_instance_profile.sol_iam_profile",
            "module.sol_iam_worker_role_ec2.aws_iam_role.sol_iam_role",
            "module.sol_infra_node.aws_instance.sol_ec2",
            "module.sol_infra_sg.aws_security_group.sol_sg",
            "module.sol_internet_gateway.aws_internet_gateway.sol_internet_gateway",
            "module.sol_master_node.aws_instance.sol_ec2",
            "module.sol_master_sg.aws_security_group.sol_sg",
            "module.sol_nat_eip.aws_eip.sol_eip",
            "module.sol_nic_master.aws_network_interface.sol_nic",
            "module.sol_nic_private.aws_network_interface.sol_nic",
            "module.sol_nic_worker.aws_network_interface.sol_nic",
            "module.sol_subnet_private.aws_subnet.sol_subnet",
            "module.sol_vpc.aws_vpc.sol_vpc",
            "module.sol_worker_ec2_sg.aws_security_group.sol_sg",
            "module.sol_worker_node.aws_instance.sol_ec2"
          ]
        }
      ]
    },
    {
      "module": "module.sol_bastion_node[0]",
      "mode": "managed",
      "type": "aws_instance",
      "name": "sol_ec2",
      "provider": "provider[\"registry.terraform.io/hashicorp/aws\"]",
      "instances": [
        {
          "schema_version": 1,
          "attributes": {
            "ami": "ami-0a0cd2f78e9ef322a",
            "arn": "arn:aws:ec2:ap-northeast-2:038462790556:instance/i-0e3fc2f566f8b7e50",
            "associate_public_ip_address": true,
            "availability_zone": "ap-northeast-2a",
            "capacity_reservation_specification": [
              {
                "capacity_reservation_preference": "open",
                "capacity_reservation_target": []
              }
            ],
            "cpu_core_count": 2,
            "cpu_options": [
              {
                "amd_sev_snp": "",
                "core_count": 2,
                "threads_per_core": 1
              }
            ],
            "cpu_threads_per_core": 1,
            "credit_specification": [
              {
                "cpu_credits": "standard"
              }
            ],
            "disable_api_stop": false,
            "disable_api_termination": false,
            "ebs_block_device": [],
            "ebs_optimized": false,
            "enable_primary_ipv6": null,
            "enclave_options": [
              {
                "enabled": false
              }
            ],
            "ephemeral_block_device": [],
            "get_password_data": false,
            "hibernation": false,
            "host_id": "",
            "host_resource_group_arn": null,
            "iam_instance_profile": "",
            "id": "i-0e3fc2f566f8b7e50",
            "instance_initiated_shutdown_behavior": "stop",
            "instance_lifecycle": "",
            "instance_market_options": [],
            "instance_state": "running",
            "instance_type": "t2.medium",
            "ipv6_address_count": 0,
            "ipv6_addresses": [],
            "key_name": "cicd-dev-key",
            "launch_template": [],
            "maintenance_options": [
              {
                "auto_recovery": "default"
              }
            ],
            "metadata_options": [
              {
                "http_endpoint": "enabled",
                "http_protocol_ipv6": "disabled",
                "http_put_response_hop_limit": 1,
                "http_tokens": "optional",
                "instance_metadata_tags": "disabled"
              }
            ],
            "monitoring": false,
            "network_interface": [
              {
                "delete_on_termination": false,
                "device_index": 0,
                "network_card_index": 0,
                "network_interface_id": "eni-073b3246e42922ba3"
              }
            ],
            "outpost_arn": "",
            "password_data": "",
            "placement_group": "",
            "placement_partition_number": 0,
            "primary_network_interface_id": "eni-073b3246e42922ba3",
            "private_dns": "ip-10-0-1-91.ap-northeast-2.compute.internal",
            "private_dns_name_options": [
              {
                "enable_resource_name_dns_a_record": false,
                "enable_resource_name_dns_aaaa_record": false,
                "hostname_type": "ip-name"
              }
            ],
            "private_ip": "10.0.1.91",
            "public_dns": "ec2-15-164-92-53.ap-northeast-2.compute.amazonaws.com",
            "public_ip": "15.164.92.53",
            "root_block_device": [
              {
                "delete_on_termination": true,
                "device_name": "/dev/sda1",
                "encrypted": false,
                "iops": 100,
                "kms_key_id": "",
                "tags": {},
                "tags_all": {},
                "throughput": 0,
                "volume_id": "vol-0cc89d867c58e53f0",
                "volume_size": 16,
                "volume_type": "gp2"
              }
            ],
            "secondary_private_ips": [],
            "security_groups": [],
            "source_dest_check": true,
            "spot_instance_request_id": "",
            "subnet_id": "subnet-0ab1ebba2c4f50bfb",
            "tags": {
              "Name": "cicd-dev-jumpbox-0"
            },
            "tags_all": {
              "Name": "cicd-dev-jumpbox-0"
            },
            "tenancy": "default",
            "timeouts": null,
            "user_data": "3823cb383bef9552ac686e484963cea81d5101b4",
            "user_data_base64": null,
            "user_data_replace_on_change": false,
            "volume_tags": null,
            "vpc_security_group_ids": [
              "sg-07ef477682e17ecbe"
            ]
          },
          "sensitive_attributes": [],
          "private": "eyJlMmJmYjczMC1lY2FhLTExZTYtOGY4OC0zNDM2M2JjN2M0YzAiOnsiY3JlYXRlIjo2MDAwMDAwMDAwMDAsImRlbGV0ZSI6MTIwMDAwMDAwMDAwMCwicmVhZCI6OTAwMDAwMDAwMDAwLCJ1cGRhdGUiOjYwMDAwMDAwMDAwMH0sInNjaGVtYV92ZXJzaW9uIjoiMSJ9",
          "dependencies": [
            "aws_key_pair.sol_loginkey",
            "data.aws_vpc.vpc_info",
            "module.sol_jumpbox_sg.aws_security_group.sol_sg",
            "module.sol_nic_public.aws_network_interface.sol_nic",
            "module.sol_subnet_public.aws_subnet.sol_subnet",
            "module.sol_vpc.aws_vpc.sol_vpc"
          ]
        }
      ]
    },
    {
      "module": "module.sol_default_route[0]",
      "mode": "managed",
      "type": "aws_route",
      "name": "sol_default_route",
      "provider": "provider[\"registry.terraform.io/hashicorp/aws\"]",
      "instances": [
        {
          "schema_version": 0,
          "attributes": {
            "carrier_gateway_id": "",
            "core_network_arn": "",
            "destination_cidr_block": "0.0.0.0/0",
            "destination_ipv6_cidr_block": "",
            "destination_prefix_list_id": "",
            "egress_only_gateway_id": "",
            "gateway_id": "igw-0dfc6c1177be5138a",
            "id": "r-rtb-0add0730df9e4cb3c1080289494",
            "instance_id": "",
            "instance_owner_id": "",
            "local_gateway_id": "",
            "nat_gateway_id": "",
            "network_interface_id": "",
            "origin": "CreateRoute",
            "route_table_id": "rtb-0add0730df9e4cb3c",
            "state": "active",
            "timeouts": null,
            "transit_gateway_id": "",
            "vpc_endpoint_id": "",
            "vpc_peering_connection_id": ""
          },
          "sensitive_attributes": [],
          "private": "eyJlMmJmYjczMC1lY2FhLTExZTYtOGY4OC0zNDM2M2JjN2M0YzAiOnsiY3JlYXRlIjozMDAwMDAwMDAwMDAsImRlbGV0ZSI6MzAwMDAwMDAwMDAwLCJ1cGRhdGUiOjEyMDAwMDAwMDAwMH19",
          "dependencies": [
            "module.sol_internet_gateway.aws_internet_gateway.sol_internet_gateway",
            "module.sol_vpc.aws_vpc.sol_vpc"
          ]
        }
      ]
    },
    {
      "module": "module.sol_default_route_table[0]",
      "mode": "managed",
      "type": "aws_default_route_table",
      "name": "sol_default_route_table",
      "provider": "provider[\"registry.terraform.io/hashicorp/aws\"]",
      "instances": [
        {
          "schema_version": 0,
          "attributes": {
            "arn": "arn:aws:ec2:ap-northeast-2:038462790556:route-table/rtb-0add0730df9e4cb3c",
            "default_route_table_id": "rtb-0add0730df9e4cb3c",
            "id": "rtb-0add0730df9e4cb3c",
            "owner_id": "038462790556",
            "propagating_vgws": [],
            "route": [
              {
                "cidr_block": "0.0.0.0/0",
                "core_network_arn": "",
                "destination_prefix_list_id": "",
                "egress_only_gateway_id": "",
                "gateway_id": "igw-0dfc6c1177be5138a",
                "instance_id": "",
                "ipv6_cidr_block": "",
                "nat_gateway_id": "",
                "network_interface_id": "",
                "transit_gateway_id": "",
                "vpc_endpoint_id": "",
                "vpc_peering_connection_id": ""
              }
            ],
            "tags": {
              "Name": "cicd-main_route_table"
            },
            "tags_all": {
              "Name": "cicd-main_route_table"
            },
            "timeouts": null,
            "vpc_id": "vpc-0e9bc0bdd4f47312c"
          },
          "sensitive_attributes": [],
          "private": "eyJlMmJmYjczMC1lY2FhLTExZTYtOGY4OC0zNDM2M2JjN2M0YzAiOnsiY3JlYXRlIjoxMjAwMDAwMDAwMDAsInVwZGF0ZSI6MTIwMDAwMDAwMDAwfX0=",
          "dependencies": [
            "module.sol_vpc.aws_vpc.sol_vpc"
          ]
        }
      ]
    },
    {
      "module": "module.sol_efs[0]",
      "mode": "managed",
      "type": "aws_efs_file_system",
      "name": "sol_efs",
      "provider": "provider[\"registry.terraform.io/hashicorp/aws\"]",
      "instances": [
        {
          "schema_version": 0,
          "attributes": {
            "arn": "arn:aws:elasticfilesystem:ap-northeast-2:038462790556:file-system/fs-06e05abd6e4885977",
            "availability_zone_id": "",
            "availability_zone_name": "",
            "creation_token": "cicd-dev-efs",
            "dns_name": "fs-06e05abd6e4885977.efs.ap-northeast-2.amazonaws.com",
            "encrypted": false,
            "id": "fs-06e05abd6e4885977",
            "kms_key_id": "",
            "lifecycle_policy": [],
            "name": "cicd-dev-efs",
            "number_of_mount_targets": 1,
            "owner_id": "038462790556",
            "performance_mode": "generalPurpose",
            "protection": [
              {
                "replication_overwrite": "ENABLED"
              }
            ],
            "provisioned_throughput_in_mibps": 0,
            "size_in_bytes": [
              {
                "value": 6144,
                "value_in_ia": 0,
                "value_in_standard": 6144
              }
            ],
            "tags": {
              "Name": "cicd-dev-efs",
              "kubernetes.io/cluster/cicd-dev": "owned"
            },
            "tags_all": {
              "Name": "cicd-dev-efs",
              "kubernetes.io/cluster/cicd-dev": "owned"
            },
            "throughput_mode": "bursting"
          },
          "sensitive_attributes": [],
          "private": "bnVsbA=="
        }
      ]
    },
    {
      "module": "module.sol_efs_access_point_infra[0]",
      "mode": "managed",
      "type": "aws_efs_access_point",
      "name": "sol_efs_access_point",
      "provider": "provider[\"registry.terraform.io/hashicorp/aws\"]",
      "instances": [
        {
          "schema_version": 0,
          "attributes": {
            "arn": "arn:aws:elasticfilesystem:ap-northeast-2:038462790556:access-point/fsap-0b755cd890f432390",
            "file_system_arn": "arn:aws:elasticfilesystem:ap-northeast-2:038462790556:file-system/fs-06e05abd6e4885977",
            "file_system_id": "fs-06e05abd6e4885977",
            "id": "fsap-0b755cd890f432390",
            "owner_id": "038462790556",
            "posix_user": [],
            "root_directory": [
              {
                "creation_info": [
                  {
                    "owner_gid": 0,
                    "owner_uid": 0,
                    "permissions": "0755"
                  }
                ],
                "path": "/mnt/nfs"
              }
            ],
            "tags": {
              "Name": "cicd-dev-infra-efs",
              "kubernetes.io/cluster/cicd-dev": "owned"
            },
            "tags_all": {
              "Name": "cicd-dev-infra-efs",
              "kubernetes.io/cluster/cicd-dev": "owned"
            }
          },
          "sensitive_attributes": [],
          "private": "bnVsbA==",
          "dependencies": [
            "module.sol_efs.aws_efs_file_system.sol_efs"
          ]
        }
      ]
    },
    {
      "module": "module.sol_efs_access_point_k8s[0]",
      "mode": "managed",
      "type": "aws_efs_access_point",
      "name": "sol_efs_access_point",
      "provider": "provider[\"registry.terraform.io/hashicorp/aws\"]",
      "instances": [
        {
          "schema_version": 0,
          "attributes": {
            "arn": "arn:aws:elasticfilesystem:ap-northeast-2:038462790556:access-point/fsap-0c2bb054b6a351c6d",
            "file_system_arn": "arn:aws:elasticfilesystem:ap-northeast-2:038462790556:file-system/fs-06e05abd6e4885977",
            "file_system_id": "fs-06e05abd6e4885977",
            "id": "fsap-0c2bb054b6a351c6d",
            "owner_id": "038462790556",
            "posix_user": [],
            "root_directory": [
              {
                "creation_info": [
                  {
                    "owner_gid": 0,
                    "owner_uid": 0,
                    "permissions": "0755"
                  }
                ],
                "path": "/"
              }
            ],
            "tags": {
              "Name": "cicd-dev-k8s-efs",
              "kubernetes.io/cluster/cicd-dev": "owned"
            },
            "tags_all": {
              "Name": "cicd-dev-k8s-efs",
              "kubernetes.io/cluster/cicd-dev": "owned"
            }
          },
          "sensitive_attributes": [],
          "private": "bnVsbA==",
          "dependencies": [
            "module.sol_efs.aws_efs_file_system.sol_efs"
          ]
        }
      ]
    },
    {
      "module": "module.sol_efs_mount_target[0]",
      "mode": "managed",
      "type": "aws_efs_mount_target",
      "name": "sol_efs_mount_target",
      "provider": "provider[\"registry.terraform.io/hashicorp/aws\"]",
      "instances": [
        {
          "schema_version": 0,
          "attributes": {
            "availability_zone_id": "apne2-az1",
            "availability_zone_name": "ap-northeast-2a",
            "dns_name": "fs-06e05abd6e4885977.efs.ap-northeast-2.amazonaws.com",
            "file_system_arn": "arn:aws:elasticfilesystem:ap-northeast-2:038462790556:file-system/fs-06e05abd6e4885977",
            "file_system_id": "fs-06e05abd6e4885977",
            "id": "fsmt-0ae0ec6c0e666cd7c",
            "ip_address": "10.0.2.204",
            "mount_target_dns_name": "ap-northeast-2a.fs-06e05abd6e4885977.efs.ap-northeast-2.amazonaws.com",
            "network_interface_id": "eni-0285323c7552a98c9",
            "owner_id": "038462790556",
            "security_groups": [
              "sg-0e01415372d27048d"
            ],
            "subnet_id": "subnet-06a7fe0c824bb7577",
            "timeouts": null
          },
          "sensitive_attributes": [],
          "private": "eyJlMmJmYjczMC1lY2FhLTExZTYtOGY4OC0zNDM2M2JjN2M0YzAiOnsiY3JlYXRlIjoxODAwMDAwMDAwMDAwLCJkZWxldGUiOjYwMDAwMDAwMDAwMH19",
          "dependencies": [
            "data.aws_vpc.vpc_info",
            "module.sol_efs.aws_efs_file_system.sol_efs",
            "module.sol_nas_sg.aws_security_group.sol_sg",
            "module.sol_subnet_private.aws_subnet.sol_subnet",
            "module.sol_vpc.aws_vpc.sol_vpc"
          ]
        }
      ]
    },
    {
      "module": "module.sol_eip_association_for_ec2[0]",
      "mode": "managed",
      "type": "aws_eip_association",
      "name": "tf_bxcr_eip_association",
      "provider": "provider[\"registry.terraform.io/hashicorp/aws\"]",
      "instances": [
        {
          "schema_version": 0,
          "attributes": {
            "allocation_id": "eipalloc-06fb341212a0cee61",
            "allow_reassociation": null,
            "id": "eipassoc-0c6039f9b69ee0b8f",
            "instance_id": "i-0e3fc2f566f8b7e50",
            "network_interface_id": "eni-073b3246e42922ba3",
            "private_ip_address": "10.0.1.91",
            "public_ip": "15.164.92.53"
          },
          "sensitive_attributes": [],
          "private": "bnVsbA==",
          "dependencies": [
            "aws_key_pair.sol_loginkey",
            "data.aws_internet_gateway.internet_gateway_info",
            "data.aws_vpc.vpc_info",
            "module.sol_bastion_node.aws_instance.sol_ec2",
            "module.sol_eip_for_ec2.aws_eip.sol_eip",
            "module.sol_internet_gateway.aws_internet_gateway.sol_internet_gateway",
            "module.sol_jumpbox_sg.aws_security_group.sol_sg",
            "module.sol_nic_public.aws_network_interface.sol_nic",
            "module.sol_subnet_public.aws_subnet.sol_subnet",
            "module.sol_vpc.aws_vpc.sol_vpc"
          ]
        }
      ]
    },
    {
      "module": "module.sol_eip_for_ec2[0]",
      "mode": "managed",
      "type": "aws_eip",
      "name": "sol_eip",
      "provider": "provider[\"registry.terraform.io/hashicorp/aws\"]",
      "instances": [
        {
          "schema_version": 0,
          "attributes": {
            "address": null,
            "allocation_id": "eipalloc-06fb341212a0cee61",
            "arn": "arn:aws:ec2:ap-northeast-2:038462790556:elastic-ip/eipalloc-06fb341212a0cee61",
            "associate_with_private_ip": null,
            "association_id": "eipassoc-0c6039f9b69ee0b8f",
            "carrier_ip": "",
            "customer_owned_ip": "",
            "customer_owned_ipv4_pool": "",
            "domain": "vpc",
            "id": "eipalloc-06fb341212a0cee61",
            "instance": "i-0e3fc2f566f8b7e50",
            "ipam_pool_id": null,
            "network_border_group": "ap-northeast-2",
            "network_interface": "eni-073b3246e42922ba3",
            "private_dns": "ip-10-0-1-91.ap-northeast-2.compute.internal",
            "private_ip": "10.0.1.91",
            "ptr_record": "",
            "public_dns": "ec2-15-164-92-53.ap-northeast-2.compute.amazonaws.com",
            "public_ip": "15.164.92.53",
            "public_ipv4_pool": "amazon",
            "tags": {
              "Name": "cicd-dev-ap-northeast-2a-ec2-eip"
            },
            "tags_all": {
              "Name": "cicd-dev-ap-northeast-2a-ec2-eip"
            },
            "timeouts": null,
            "vpc": true
          },
          "sensitive_attributes": [],
          "private": "eyJlMmJmYjczMC1lY2FhLTExZTYtOGY4OC0zNDM2M2JjN2M0YzAiOnsiZGVsZXRlIjoxODAwMDAwMDAwMDAsInJlYWQiOjkwMDAwMDAwMDAwMCwidXBkYXRlIjozMDAwMDAwMDAwMDB9fQ==",
          "dependencies": [
            "data.aws_internet_gateway.internet_gateway_info",
            "data.aws_vpc.vpc_info",
            "module.sol_internet_gateway.aws_internet_gateway.sol_internet_gateway",
            "module.sol_vpc.aws_vpc.sol_vpc"
          ]
        }
      ]
    },
    {
      "module": "module.sol_iam_master_policy[0]",
      "mode": "managed",
      "type": "aws_iam_policy",
      "name": "sol_iam_policy",
      "provider": "provider[\"registry.terraform.io/hashicorp/aws\"]",
      "instances": [
        {
          "schema_version": 0,
          "attributes": {
            "arn": "arn:aws:iam::038462790556:policy/cicd-dev-master_policy",
            "attachment_count": 1,
            "description": "",
            "id": "arn:aws:iam::038462790556:policy/cicd-dev-master_policy",
            "name": "cicd-dev-master_policy",
            "name_prefix": "",
            "path": "/",
            "policy": "{\"Statement\":[{\"Action\":[\"ec2:*\",\"elasticloadbalancing:*\",\"route53:*\",\"ecr:GetAuthorizationToken\",\"ecr:BatchCheckLayerAvailability\",\"ecr:GetDownloadUrlForLayer\",\"ecr:GetRepositoryPolicy\",\"ecr:DescribeRepositories\",\"ecr:ListImages\",\"ecr:BatchGetImage\",\"kms:DescribeKey\",\"kms:Decrypt\",\"kms:GenerateDataKeyWithoutPlaintext\",\"kms:CreateGrant\"],\"Effect\":\"Allow\",\"Resource\":\"*\"}],\"Version\":\"2012-10-17\"}",
            "policy_id": "ANPAQR5EPTOOMMGSO63B5",
            "tags": {},
            "tags_all": {}
          },
          "sensitive_attributes": [],
          "private": "bnVsbA=="
        }
      ]
    },
    {
      "module": "module.sol_iam_master_policy_attachment[0]",
      "mode": "managed",
      "type": "aws_iam_role_policy_attachment",
      "name": "sol_iam_role_policy_attachment",
      "provider": "provider[\"registry.terraform.io/hashicorp/aws\"]",
      "instances": [
        {
          "schema_version": 0,
          "attributes": {
            "id": "cicd-dev-master_role-20250317235820959400000001",
            "policy_arn": "arn:aws:iam::038462790556:policy/cicd-dev-master_policy",
            "role": "cicd-dev-master_role"
          },
          "sensitive_attributes": [],
          "private": "bnVsbA==",
          "dependencies": [
            "module.sol_iam_master_policy.aws_iam_policy.sol_iam_policy",
            "module.sol_iam_master_role.aws_iam_role.sol_iam_role"
          ]
        }
      ]
    },
    {
      "module": "module.sol_iam_master_profile[0]",
      "mode": "managed",
      "type": "aws_iam_instance_profile",
      "name": "sol_iam_profile",
      "provider": "provider[\"registry.terraform.io/hashicorp/aws\"]",
      "instances": [
        {
          "schema_version": 0,
          "attributes": {
            "arn": "arn:aws:iam::038462790556:instance-profile/cicd-dev-master_profile",
            "create_date": "2025-03-17T23:58:20Z",
            "id": "cicd-dev-master_profile",
            "name": "cicd-dev-master_profile",
            "name_prefix": "",
            "path": "/",
            "role": "cicd-dev-master_role",
            "tags": {},
            "tags_all": {},
            "unique_id": "AIPAQR5EPTOONUAZVBZFJ"
          },
          "sensitive_attributes": [],
          "private": "bnVsbA==",
          "dependencies": [
            "module.sol_iam_master_role.aws_iam_role.sol_iam_role"
          ]
        }
      ]
    },
    {
      "module": "module.sol_iam_master_role[0]",
      "mode": "managed",
      "type": "aws_iam_role",
      "name": "sol_iam_role",
      "provider": "provider[\"registry.terraform.io/hashicorp/aws\"]",
      "instances": [
        {
          "schema_version": 0,
          "attributes": {
            "arn": "arn:aws:iam::038462790556:role/cicd-dev-master_role",
            "assume_role_policy": "{\"Statement\":[{\"Action\":\"sts:AssumeRole\",\"Effect\":\"Allow\",\"Principal\":{\"Service\":\"ec2.amazonaws.com\"}}],\"Version\":\"2012-10-17\"}",
            "create_date": "2025-03-17T23:58:19Z",
            "description": "",
            "force_detach_policies": false,
            "id": "cicd-dev-master_role",
            "inline_policy": [],
            "managed_policy_arns": [
              "arn:aws:iam::038462790556:policy/cicd-dev-master_policy"
            ],
            "max_session_duration": 3600,
            "name": "cicd-dev-master_role",
            "name_prefix": "",
            "path": "/",
            "permissions_boundary": "",
            "tags": {
              "name": "cicd-dev-master_role"
            },
            "tags_all": {
              "name": "cicd-dev-master_role"
            },
            "unique_id": "AROAQR5EPTOOAJ34LANSG"
          },
          "sensitive_attributes": [],
          "private": "bnVsbA=="
        }
      ]
    },
    {
      "module": "module.sol_infra_lb_sg[0]",
      "mode": "managed",
      "type": "aws_security_group",
      "name": "sol_sg",
      "provider": "provider[\"registry.terraform.io/hashicorp/aws\"]",
      "instances": [
        {
          "schema_version": 1,
          "attributes": {
            "arn": "arn:aws:ec2:ap-northeast-2:038462790556:security-group/sg-0f5de798aeb31ec9a",
            "description": "Security Group For infra lb",
            "egress": [
              {
                "cidr_blocks": [
                  "0.0.0.0/0"
                ],
                "description": "",
                "from_port": 0,
                "ipv6_cidr_blocks": [],
                "prefix_list_ids": [],
                "protocol": "-1",
                "security_groups": [],
                "self": false,
                "to_port": 0
              }
            ],
            "id": "sg-0f5de798aeb31ec9a",
            "ingress": [
              {
                "cidr_blocks": [
                  "0.0.0.0/0"
                ],
                "description": "",
                "from_port": 0,
                "ipv6_cidr_blocks": [],
                "prefix_list_ids": [],
                "protocol": "-1",
                "security_groups": [],
                "self": false,
                "to_port": 0
              },
              {
                "cidr_blocks": [
                  "10.0.2.0/24"
                ],
                "description": "",
                "from_port": 0,
                "ipv6_cidr_blocks": [],
                "prefix_list_ids": [],
                "protocol": "-1",
                "security_groups": [],
                "self": false,
                "to_port": 0
              },
              {
                "cidr_blocks": [
                  "220.118.2.248/32"
                ],
                "description": "",
                "from_port": 0,
                "ipv6_cidr_blocks": [],
                "prefix_list_ids": [],
                "protocol": "-1",
                "security_groups": [],
                "self": false,
                "to_port": 0
              }
            ],
            "name": "cicd-dev-infra-lb-sg",
            "name_prefix": "",
            "owner_id": "038462790556",
            "revoke_rules_on_delete": false,
            "tags": {
              "Name": "cicd-dev-infra-lb-sg",
              "kubernetes.io/cluster/cicd/dev": "owned"
            },
            "tags_all": {
              "Name": "cicd-dev-infra-lb-sg",
              "kubernetes.io/cluster/cicd/dev": "owned"
            },
            "timeouts": null,
            "vpc_id": "vpc-0e9bc0bdd4f47312c"
          },
          "sensitive_attributes": [],
          "private": "eyJlMmJmYjczMC1lY2FhLTExZTYtOGY4OC0zNDM2M2JjN2M0YzAiOnsiY3JlYXRlIjo2MDAwMDAwMDAwMDAsImRlbGV0ZSI6OTAwMDAwMDAwMDAwfSwic2NoZW1hX3ZlcnNpb24iOiIxIn0=",
          "dependencies": [
            "data.aws_vpc.vpc_info",
            "module.sol_vpc.aws_vpc.sol_vpc"
          ]
        }
      ]
    },
    {
      "module": "module.sol_infra_node[0]",
      "mode": "managed",
      "type": "aws_instance",
      "name": "sol_ec2",
      "provider": "provider[\"registry.terraform.io/hashicorp/aws\"]",
      "instances": [
        {
          "schema_version": 1,
          "attributes": {
            "ami": "ami-0a0cd2f78e9ef322a",
            "arn": "arn:aws:ec2:ap-northeast-2:038462790556:instance/i-02002b28a3f43dc13",
            "associate_public_ip_address": false,
            "availability_zone": "ap-northeast-2a",
            "capacity_reservation_specification": [
              {
                "capacity_reservation_preference": "open",
                "capacity_reservation_target": []
              }
            ],
            "cpu_core_count": 2,
            "cpu_options": [
              {
                "amd_sev_snp": "",
                "core_count": 2,
                "threads_per_core": 2
              }
            ],
            "cpu_threads_per_core": 2,
            "credit_specification": [
              {
                "cpu_credits": "unlimited"
              }
            ],
            "disable_api_stop": false,
            "disable_api_termination": false,
            "ebs_block_device": [
              {
                "delete_on_termination": true,
                "device_name": "/dev/sdf",
                "encrypted": false,
                "iops": 210,
                "kms_key_id": "",
                "snapshot_id": "",
                "tags": {},
                "tags_all": {},
                "throughput": 0,
                "volume_id": "vol-07de10bf64cf0dc0b",
                "volume_size": 70,
                "volume_type": "gp2"
              }
            ],
            "ebs_optimized": false,
            "enable_primary_ipv6": null,
            "enclave_options": [
              {
                "enabled": false
              }
            ],
            "ephemeral_block_device": [],
            "get_password_data": false,
            "hibernation": false,
            "host_id": "",
            "host_resource_group_arn": null,
            "iam_instance_profile": "",
            "id": "i-02002b28a3f43dc13",
            "instance_initiated_shutdown_behavior": "stop",
            "instance_lifecycle": "",
            "instance_market_options": [],
            "instance_state": "running",
            "instance_type": "t3.xlarge",
            "ipv6_address_count": 0,
            "ipv6_addresses": [],
            "key_name": "cicd-dev-key",
            "launch_template": [],
            "maintenance_options": [
              {
                "auto_recovery": "default"
              }
            ],
            "metadata_options": [
              {
                "http_endpoint": "enabled",
                "http_protocol_ipv6": "disabled",
                "http_put_response_hop_limit": 1,
                "http_tokens": "optional",
                "instance_metadata_tags": "disabled"
              }
            ],
            "monitoring": false,
            "network_interface": [
              {
                "delete_on_termination": false,
                "device_index": 0,
                "network_card_index": 0,
                "network_interface_id": "eni-0ab9bb409cc5fe56d"
              }
            ],
            "outpost_arn": "",
            "password_data": "",
            "placement_group": "",
            "placement_partition_number": 0,
            "primary_network_interface_id": "eni-0ab9bb409cc5fe56d",
            "private_dns": "ip-10-0-2-63.ap-northeast-2.compute.internal",
            "private_dns_name_options": [
              {
                "enable_resource_name_dns_a_record": false,
                "enable_resource_name_dns_aaaa_record": false,
                "hostname_type": "ip-name"
              }
            ],
            "private_ip": "10.0.2.63",
            "public_dns": "",
            "public_ip": "",
            "root_block_device": [
              {
                "delete_on_termination": true,
                "device_name": "/dev/sda1",
                "encrypted": false,
                "iops": 150,
                "kms_key_id": "",
                "tags": null,
                "tags_all": {},
                "throughput": 0,
                "volume_id": "vol-079045378bdd225fc",
                "volume_size": 50,
                "volume_type": "gp2"
              }
            ],
            "secondary_private_ips": [],
            "security_groups": [],
            "source_dest_check": true,
            "spot_instance_request_id": "",
            "subnet_id": "subnet-06a7fe0c824bb7577",
            "tags": {
              "Name": "cicd-dev-infra-0"
            },
            "tags_all": {
              "Name": "cicd-dev-infra-0"
            },
            "tenancy": "default",
            "timeouts": null,
            "user_data": "3823cb383bef9552ac686e484963cea81d5101b4",
            "user_data_base64": null,
            "user_data_replace_on_change": false,
            "volume_tags": null,
            "vpc_security_group_ids": [
              "sg-0988c4118ab039cc1"
            ]
          },
          "sensitive_attributes": [],
          "private": "eyJlMmJmYjczMC1lY2FhLTExZTYtOGY4OC0zNDM2M2JjN2M0YzAiOnsiY3JlYXRlIjo2MDAwMDAwMDAwMDAsImRlbGV0ZSI6MTIwMDAwMDAwMDAwMCwicmVhZCI6OTAwMDAwMDAwMDAwLCJ1cGRhdGUiOjYwMDAwMDAwMDAwMH0sInNjaGVtYV92ZXJzaW9uIjoiMSJ9",
          "dependencies": [
            "aws_key_pair.sol_loginkey",
            "data.aws_internet_gateway.internet_gateway_info",
            "data.aws_vpc.vpc_info",
            "module.sol_infra_sg.aws_security_group.sol_sg",
            "module.sol_internet_gateway.aws_internet_gateway.sol_internet_gateway",
            "module.sol_nat_eip.aws_eip.sol_eip",
            "module.sol_nic_private.aws_network_interface.sol_nic",
            "module.sol_subnet_private.aws_subnet.sol_subnet",
            "module.sol_vpc.aws_vpc.sol_vpc"
          ]
        }
      ]
    },
    {
      "module": "module.sol_infra_sg[0]",
      "mode": "managed",
      "type": "aws_security_group",
      "name": "sol_sg",
      "provider": "provider[\"registry.terraform.io/hashicorp/aws\"]",
      "instances": [
        {
          "schema_version": 1,
          "attributes": {
            "arn": "arn:aws:ec2:ap-northeast-2:038462790556:security-group/sg-0988c4118ab039cc1",
            "description": "Security Group For Infra Node",
            "egress": [
              {
                "cidr_blocks": [
                  "0.0.0.0/0"
                ],
                "description": "",
                "from_port": 0,
                "ipv6_cidr_blocks": [],
                "prefix_list_ids": [],
                "protocol": "-1",
                "security_groups": [],
                "self": false,
                "to_port": 0
              }
            ],
            "id": "sg-0988c4118ab039cc1",
            "ingress": [
              {
                "cidr_blocks": [
                  "0.0.0.0/0"
                ],
                "description": "",
                "from_port": 0,
                "ipv6_cidr_blocks": [],
                "prefix_list_ids": [],
                "protocol": "-1",
                "security_groups": [],
                "self": false,
                "to_port": 0
              },
              {
                "cidr_blocks": [
                  "10.0.2.0/24"
                ],
                "description": "",
                "from_port": 0,
                "ipv6_cidr_blocks": [],
                "prefix_list_ids": [],
                "protocol": "-1",
                "security_groups": [],
                "self": false,
                "to_port": 0
              },
              {
                "cidr_blocks": [
                  "220.118.2.248/32"
                ],
                "description": "",
                "from_port": 0,
                "ipv6_cidr_blocks": [],
                "prefix_list_ids": [],
                "protocol": "-1",
                "security_groups": [],
                "self": false,
                "to_port": 0
              },
              {
                "cidr_blocks": [
                  "52.78.142.59/32"
                ],
                "description": "",
                "from_port": 0,
                "ipv6_cidr_blocks": [],
                "prefix_list_ids": [],
                "protocol": "-1",
                "security_groups": [],
                "self": false,
                "to_port": 0
              }
            ],
            "name": "cicd-dev-infra-sg",
            "name_prefix": "",
            "owner_id": "038462790556",
            "revoke_rules_on_delete": false,
            "tags": {
              "Name": "cicd-dev-infra-sg",
              "kubernetes.io/cluster/cicd/dev": "owned"
            },
            "tags_all": {
              "Name": "cicd-dev-infra-sg",
              "kubernetes.io/cluster/cicd/dev": "owned"
            },
            "timeouts": null,
            "vpc_id": "vpc-0e9bc0bdd4f47312c"
          },
          "sensitive_attributes": [],
          "private": "eyJlMmJmYjczMC1lY2FhLTExZTYtOGY4OC0zNDM2M2JjN2M0YzAiOnsiY3JlYXRlIjo2MDAwMDAwMDAwMDAsImRlbGV0ZSI6OTAwMDAwMDAwMDAwfSwic2NoZW1hX3ZlcnNpb24iOiIxIn0=",
          "dependencies": [
            "data.aws_internet_gateway.internet_gateway_info",
            "data.aws_vpc.vpc_info",
            "module.sol_internet_gateway.aws_internet_gateway.sol_internet_gateway",
            "module.sol_nat_eip.aws_eip.sol_eip",
            "module.sol_vpc.aws_vpc.sol_vpc"
          ]
        }
      ]
    },
    {
      "module": "module.sol_internet_gateway[0]",
      "mode": "managed",
      "type": "aws_internet_gateway",
      "name": "sol_internet_gateway",
      "provider": "provider[\"registry.terraform.io/hashicorp/aws\"]",
      "instances": [
        {
          "schema_version": 0,
          "attributes": {
            "arn": "arn:aws:ec2:ap-northeast-2:038462790556:internet-gateway/igw-0dfc6c1177be5138a",
            "id": "igw-0dfc6c1177be5138a",
            "owner_id": "038462790556",
            "tags": {
              "Name": "cicd-internet_gw"
            },
            "tags_all": {
              "Name": "cicd-internet_gw"
            },
            "timeouts": null,
            "vpc_id": "vpc-0e9bc0bdd4f47312c"
          },
          "sensitive_attributes": [],
          "private": "eyJlMmJmYjczMC1lY2FhLTExZTYtOGY4OC0zNDM2M2JjN2M0YzAiOnsiY3JlYXRlIjoxMjAwMDAwMDAwMDAwLCJkZWxldGUiOjEyMDAwMDAwMDAwMDAsInVwZGF0ZSI6MTIwMDAwMDAwMDAwMH19",
          "dependencies": [
            "module.sol_vpc.aws_vpc.sol_vpc"
          ]
        }
      ]
    },
    {
      "module": "module.sol_jumpbox_sg",
      "mode": "managed",
      "type": "aws_security_group",
      "name": "sol_sg",
      "provider": "provider[\"registry.terraform.io/hashicorp/aws\"]",
      "instances": [
        {
          "schema_version": 1,
          "attributes": {
            "arn": "arn:aws:ec2:ap-northeast-2:038462790556:security-group/sg-07ef477682e17ecbe",
            "description": "Security Group For Jumpbox",
            "egress": [
              {
                "cidr_blocks": [
                  "0.0.0.0/0"
                ],
                "description": "",
                "from_port": 0,
                "ipv6_cidr_blocks": [],
                "prefix_list_ids": [],
                "protocol": "-1",
                "security_groups": [],
                "self": false,
                "to_port": 0
              }
            ],
            "id": "sg-07ef477682e17ecbe",
            "ingress": [
              {
                "cidr_blocks": [
                  "0.0.0.0/0"
                ],
                "description": "",
                "from_port": 0,
                "ipv6_cidr_blocks": [],
                "prefix_list_ids": [],
                "protocol": "-1",
                "security_groups": [],
                "self": false,
                "to_port": 0
              },
              {
                "cidr_blocks": [
                  "10.0.2.0/24"
                ],
                "description": "",
                "from_port": 0,
                "ipv6_cidr_blocks": [],
                "prefix_list_ids": [],
                "protocol": "-1",
                "security_groups": [],
                "self": false,
                "to_port": 0
              },
              {
                "cidr_blocks": [
                  "220.118.2.248/32"
                ],
                "description": "",
                "from_port": 0,
                "ipv6_cidr_blocks": [],
                "prefix_list_ids": [],
                "protocol": "-1",
                "security_groups": [],
                "self": false,
                "to_port": 0
              }
            ],
            "name": "cicd-dev-jumpbox-sg",
            "name_prefix": "",
            "owner_id": "038462790556",
            "revoke_rules_on_delete": false,
            "tags": {
              "Name": "cicd-dev-jumpbox-sg",
              "kubernetes.io/cluster/cicd/dev": "owned"
            },
            "tags_all": {
              "Name": "cicd-dev-jumpbox-sg",
              "kubernetes.io/cluster/cicd/dev": "owned"
            },
            "timeouts": null,
            "vpc_id": "vpc-0e9bc0bdd4f47312c"
          },
          "sensitive_attributes": [],
          "private": "eyJlMmJmYjczMC1lY2FhLTExZTYtOGY4OC0zNDM2M2JjN2M0YzAiOnsiY3JlYXRlIjo2MDAwMDAwMDAwMDAsImRlbGV0ZSI6OTAwMDAwMDAwMDAwfSwic2NoZW1hX3ZlcnNpb24iOiIxIn0=",
          "dependencies": [
            "data.aws_vpc.vpc_info",
            "module.sol_vpc.aws_vpc.sol_vpc"
          ]
        }
      ]
    },
    {
      "module": "module.sol_k8s_lb_sg[0]",
      "mode": "managed",
      "type": "aws_security_group",
      "name": "sol_sg",
      "provider": "provider[\"registry.terraform.io/hashicorp/aws\"]",
      "instances": [
        {
          "schema_version": 1,
          "attributes": {
            "arn": "arn:aws:ec2:ap-northeast-2:038462790556:security-group/sg-0e5c04f85e2af3f9b",
            "description": "Security Group For k8s lb",
            "egress": [
              {
                "cidr_blocks": [
                  "0.0.0.0/0"
                ],
                "description": "",
                "from_port": 0,
                "ipv6_cidr_blocks": [],
                "prefix_list_ids": [],
                "protocol": "-1",
                "security_groups": [],
                "self": false,
                "to_port": 0
              }
            ],
            "id": "sg-0e5c04f85e2af3f9b",
            "ingress": [
              {
                "cidr_blocks": [
                  "0.0.0.0/0"
                ],
                "description": "",
                "from_port": 0,
                "ipv6_cidr_blocks": [],
                "prefix_list_ids": [],
                "protocol": "-1",
                "security_groups": [],
                "self": false,
                "to_port": 0
              },
              {
                "cidr_blocks": [
                  "10.0.2.0/24"
                ],
                "description": "",
                "from_port": 0,
                "ipv6_cidr_blocks": [],
                "prefix_list_ids": [],
                "protocol": "-1",
                "security_groups": [],
                "self": false,
                "to_port": 0
              },
              {
                "cidr_blocks": [
                  "220.118.2.248/32"
                ],
                "description": "",
                "from_port": 0,
                "ipv6_cidr_blocks": [],
                "prefix_list_ids": [],
                "protocol": "-1",
                "security_groups": [],
                "self": false,
                "to_port": 0
              }
            ],
            "name": "cicd-dev-k8s-lb-sg",
            "name_prefix": "",
            "owner_id": "038462790556",
            "revoke_rules_on_delete": false,
            "tags": {
              "Name": "cicd-dev-k8s-lb-sg",
              "kubernetes.io/cluster/cicd/dev": "owned"
            },
            "tags_all": {
              "Name": "cicd-dev-k8s-lb-sg",
              "kubernetes.io/cluster/cicd/dev": "owned"
            },
            "timeouts": null,
            "vpc_id": "vpc-0e9bc0bdd4f47312c"
          },
          "sensitive_attributes": [],
          "private": "eyJlMmJmYjczMC1lY2FhLTExZTYtOGY4OC0zNDM2M2JjN2M0YzAiOnsiY3JlYXRlIjo2MDAwMDAwMDAwMDAsImRlbGV0ZSI6OTAwMDAwMDAwMDAwfSwic2NoZW1hX3ZlcnNpb24iOiIxIn0=",
          "dependencies": [
            "data.aws_vpc.vpc_info",
            "module.sol_vpc.aws_vpc.sol_vpc"
          ]
        }
      ]
    },
    {
      "module": "module.sol_lb_infra[0]",
      "mode": "managed",
      "type": "aws_lb",
      "name": "sol_lb",
      "provider": "provider[\"registry.terraform.io/hashicorp/aws\"]",
      "instances": [
        {
          "schema_version": 0,
          "attributes": {
            "access_logs": [
              {
                "bucket": "",
                "enabled": false,
                "prefix": ""
              }
            ],
            "arn": "arn:aws:elasticloadbalancing:ap-northeast-2:038462790556:loadbalancer/net/cicd-dev-infra-lb/7800375cae98720b",
            "arn_suffix": "net/cicd-dev-infra-lb/7800375cae98720b",
            "client_keep_alive": null,
            "connection_logs": [],
            "customer_owned_ipv4_pool": "",
            "desync_mitigation_mode": null,
            "dns_name": "cicd-dev-infra-lb-7800375cae98720b.elb.ap-northeast-2.amazonaws.com",
            "dns_record_client_routing_policy": "any_availability_zone",
            "drop_invalid_header_fields": null,
            "enable_cross_zone_load_balancing": false,
            "enable_deletion_protection": false,
            "enable_http2": null,
            "enable_tls_version_and_cipher_suite_headers": null,
            "enable_waf_fail_open": null,
            "enable_xff_client_port": null,
            "enable_zonal_shift": false,
            "enforce_security_group_inbound_rules_on_private_link_traffic": "",
            "id": "arn:aws:elasticloadbalancing:ap-northeast-2:038462790556:loadbalancer/net/cicd-dev-infra-lb/7800375cae98720b",
            "idle_timeout": null,
            "internal": false,
            "ip_address_type": "ipv4",
            "load_balancer_type": "network",
            "name": "cicd-dev-infra-lb",
            "name_prefix": "",
            "preserve_host_header": null,
            "security_groups": [
              "sg-0f5de798aeb31ec9a"
            ],
            "subnet_mapping": [
              {
                "allocation_id": "",
                "ipv6_address": "",
                "outpost_id": "",
                "private_ipv4_address": "",
                "subnet_id": "subnet-0ab1ebba2c4f50bfb"
              }
            ],
            "subnets": [
              "subnet-0ab1ebba2c4f50bfb"
            ],
            "tags": {
              "Name": "cicd-dev-infra-lb",
              "kubernetes.io/cluster/cicd/dev": "owned"
            },
            "tags_all": {
              "Name": "cicd-dev-infra-lb",
              "kubernetes.io/cluster/cicd/dev": "owned"
            },
            "timeouts": null,
            "vpc_id": "vpc-0e9bc0bdd4f47312c",
            "xff_header_processing_mode": null,
            "zone_id": "ZIBE1TIR4HY56"
          },
          "sensitive_attributes": [],
          "private": "eyJlMmJmYjczMC1lY2FhLTExZTYtOGY4OC0zNDM2M2JjN2M0YzAiOnsiY3JlYXRlIjo2MDAwMDAwMDAwMDAsImRlbGV0ZSI6NjAwMDAwMDAwMDAwLCJ1cGRhdGUiOjYwMDAwMDAwMDAwMH19",
          "dependencies": [
            "data.aws_vpc.vpc_info",
            "module.sol_infra_lb_sg.aws_security_group.sol_sg",
            "module.sol_subnet_public.aws_subnet.sol_subnet",
            "module.sol_vpc.aws_vpc.sol_vpc"
          ]
        }
      ]
    },
    {
      "module": "module.sol_lb_infra_target_group[0]",
      "mode": "managed",
      "type": "aws_lb_target_group",
      "name": "sol_target_group",
      "provider": "provider[\"registry.terraform.io/hashicorp/aws\"]",
      "instances": [
        {
          "schema_version": 0,
          "attributes": {
            "arn": "arn:aws:elasticloadbalancing:ap-northeast-2:038462790556:targetgroup/cicd-dev-infra-tg-harbor/098c0815f897914d",
            "arn_suffix": "targetgroup/cicd-dev-infra-tg-harbor/098c0815f897914d",
            "connection_termination": false,
            "deregistration_delay": "300",
            "health_check": [
              {
                "enabled": true,
                "healthy_threshold": 2,
                "interval": 30,
                "matcher": "",
                "path": "",
                "port": "5443",
                "protocol": "TCP",
                "timeout": 10,
                "unhealthy_threshold": 2
              }
            ],
            "id": "arn:aws:elasticloadbalancing:ap-northeast-2:038462790556:targetgroup/cicd-dev-infra-tg-harbor/098c0815f897914d",
            "ip_address_type": "ipv4",
            "lambda_multi_value_headers_enabled": false,
            "load_balancer_arns": [
              "arn:aws:elasticloadbalancing:ap-northeast-2:038462790556:loadbalancer/net/cicd-dev-infra-lb/7800375cae98720b"
            ],
            "load_balancing_algorithm_type": null,
            "load_balancing_anomaly_mitigation": null,
            "load_balancing_cross_zone_enabled": "false",
            "name": "cicd-dev-infra-tg-harbor",
            "name_prefix": "",
            "port": 5443,
            "preserve_client_ip": "true",
            "protocol": "TCP",
            "protocol_version": null,
            "proxy_protocol_v2": false,
            "slow_start": 0,
            "stickiness": [
              {
                "cookie_duration": 0,
                "cookie_name": "",
                "enabled": false,
                "type": "source_ip"
              }
            ],
            "tags": {
              "Name": "cicd-dev-infra-tg-harbor"
            },
            "tags_all": {
              "Name": "cicd-dev-infra-tg-harbor"
            },
            "target_failover": [
              {
                "on_deregistration": null,
                "on_unhealthy": null
              }
            ],
            "target_group_health": [
              {
                "dns_failover": [
                  {
                    "minimum_healthy_targets_count": "1",
                    "minimum_healthy_targets_percentage": "off"
                  }
                ],
                "unhealthy_state_routing": [
                  {
                    "minimum_healthy_targets_count": 1,
                    "minimum_healthy_targets_percentage": "off"
                  }
                ]
              }
            ],
            "target_health_state": [
              {
                "enable_unhealthy_connection_termination": true,
                "unhealthy_draining_interval": 0
              }
            ],
            "target_type": "instance",
            "vpc_id": "vpc-0e9bc0bdd4f47312c"
          },
          "sensitive_attributes": [],
          "private": "bnVsbA==",
          "dependencies": [
            "data.aws_vpc.vpc_info",
            "module.sol_vpc.aws_vpc.sol_vpc"
          ]
        }
      ]
    },
    {
      "module": "module.sol_lb_infra_target_group[1]",
      "mode": "managed",
      "type": "aws_lb_target_group",
      "name": "sol_target_group",
      "provider": "provider[\"registry.terraform.io/hashicorp/aws\"]",
      "instances": [
        {
          "schema_version": 0,
          "attributes": {
            "arn": "arn:aws:elasticloadbalancing:ap-northeast-2:038462790556:targetgroup/cicd-dev-infra-tg-gitlab/1a4f75acf7fb72a7",
            "arn_suffix": "targetgroup/cicd-dev-infra-tg-gitlab/1a4f75acf7fb72a7",
            "connection_termination": false,
            "deregistration_delay": "300",
            "health_check": [
              {
                "enabled": true,
                "healthy_threshold": 2,
                "interval": 30,
                "matcher": "",
                "path": "",
                "port": "8443",
                "protocol": "TCP",
                "timeout": 10,
                "unhealthy_threshold": 2
              }
            ],
            "id": "arn:aws:elasticloadbalancing:ap-northeast-2:038462790556:targetgroup/cicd-dev-infra-tg-gitlab/1a4f75acf7fb72a7",
            "ip_address_type": "ipv4",
            "lambda_multi_value_headers_enabled": false,
            "load_balancer_arns": [
              "arn:aws:elasticloadbalancing:ap-northeast-2:038462790556:loadbalancer/net/cicd-dev-infra-lb/7800375cae98720b"
            ],
            "load_balancing_algorithm_type": null,
            "load_balancing_anomaly_mitigation": null,
            "load_balancing_cross_zone_enabled": "false",
            "name": "cicd-dev-infra-tg-gitlab",
            "name_prefix": "",
            "port": 8443,
            "preserve_client_ip": "true",
            "protocol": "TCP",
            "protocol_version": null,
            "proxy_protocol_v2": false,
            "slow_start": 0,
            "stickiness": [
              {
                "cookie_duration": 0,
                "cookie_name": "",
                "enabled": false,
                "type": "source_ip"
              }
            ],
            "tags": {
              "Name": "cicd-dev-infra-tg-gitlab"
            },
            "tags_all": {
              "Name": "cicd-dev-infra-tg-gitlab"
            },
            "target_failover": [
              {
                "on_deregistration": null,
                "on_unhealthy": null
              }
            ],
            "target_group_health": [
              {
                "dns_failover": [
                  {
                    "minimum_healthy_targets_count": "1",
                    "minimum_healthy_targets_percentage": "off"
                  }
                ],
                "unhealthy_state_routing": [
                  {
                    "minimum_healthy_targets_count": 1,
                    "minimum_healthy_targets_percentage": "off"
                  }
                ]
              }
            ],
            "target_health_state": [
              {
                "enable_unhealthy_connection_termination": true,
                "unhealthy_draining_interval": 0
              }
            ],
            "target_type": "instance",
            "vpc_id": "vpc-0e9bc0bdd4f47312c"
          },
          "sensitive_attributes": [],
          "private": "bnVsbA==",
          "dependencies": [
            "data.aws_vpc.vpc_info",
            "module.sol_vpc.aws_vpc.sol_vpc"
          ]
        }
      ]
    },
    {
      "module": "module.sol_lb_infra_target_group[2]",
      "mode": "managed",
      "type": "aws_lb_target_group",
      "name": "sol_target_group",
      "provider": "provider[\"registry.terraform.io/hashicorp/aws\"]",
      "instances": [
        {
          "schema_version": 0,
          "attributes": {
            "arn": "arn:aws:elasticloadbalancing:ap-northeast-2:038462790556:targetgroup/cicd-dev-infra-tg-nexus/a4132a56ece7f3cf",
            "arn_suffix": "targetgroup/cicd-dev-infra-tg-nexus/a4132a56ece7f3cf",
            "connection_termination": false,
            "deregistration_delay": "300",
            "health_check": [
              {
                "enabled": true,
                "healthy_threshold": 2,
                "interval": 30,
                "matcher": "",
                "path": "",
                "port": "8081",
                "protocol": "TCP",
                "timeout": 10,
                "unhealthy_threshold": 2
              }
            ],
            "id": "arn:aws:elasticloadbalancing:ap-northeast-2:038462790556:targetgroup/cicd-dev-infra-tg-nexus/a4132a56ece7f3cf",
            "ip_address_type": "ipv4",
            "lambda_multi_value_headers_enabled": false,
            "load_balancer_arns": [
              "arn:aws:elasticloadbalancing:ap-northeast-2:038462790556:loadbalancer/net/cicd-dev-infra-lb/7800375cae98720b"
            ],
            "load_balancing_algorithm_type": null,
            "load_balancing_anomaly_mitigation": null,
            "load_balancing_cross_zone_enabled": "false",
            "name": "cicd-dev-infra-tg-nexus",
            "name_prefix": "",
            "port": 8081,
            "preserve_client_ip": "true",
            "protocol": "TCP",
            "protocol_version": null,
            "proxy_protocol_v2": false,
            "slow_start": 0,
            "stickiness": [
              {
                "cookie_duration": 0,
                "cookie_name": "",
                "enabled": false,
                "type": "source_ip"
              }
            ],
            "tags": {
              "Name": "cicd-dev-infra-tg-nexus"
            },
            "tags_all": {
              "Name": "cicd-dev-infra-tg-nexus"
            },
            "target_failover": [
              {
                "on_deregistration": null,
                "on_unhealthy": null
              }
            ],
            "target_group_health": [
              {
                "dns_failover": [
                  {
                    "minimum_healthy_targets_count": "1",
                    "minimum_healthy_targets_percentage": "off"
                  }
                ],
                "unhealthy_state_routing": [
                  {
                    "minimum_healthy_targets_count": 1,
                    "minimum_healthy_targets_percentage": "off"
                  }
                ]
              }
            ],
            "target_health_state": [
              {
                "enable_unhealthy_connection_termination": true,
                "unhealthy_draining_interval": 0
              }
            ],
            "target_type": "instance",
            "vpc_id": "vpc-0e9bc0bdd4f47312c"
          },
          "sensitive_attributes": [],
          "private": "bnVsbA==",
          "dependencies": [
            "data.aws_vpc.vpc_info",
            "module.sol_vpc.aws_vpc.sol_vpc"
          ]
        }
      ]
    },
    {
      "module": "module.sol_lb_infra_target_group[3]",
      "mode": "managed",
      "type": "aws_lb_target_group",
      "name": "sol_target_group",
      "provider": "provider[\"registry.terraform.io/hashicorp/aws\"]",
      "instances": [
        {
          "schema_version": 0,
          "attributes": {
            "arn": "arn:aws:elasticloadbalancing:ap-northeast-2:038462790556:targetgroup/cicd-dev-infra-tg-jenkins/96a5b8bec86fbbc1",
            "arn_suffix": "targetgroup/cicd-dev-infra-tg-jenkins/96a5b8bec86fbbc1",
            "connection_termination": false,
            "deregistration_delay": "300",
            "health_check": [
              {
                "enabled": true,
                "healthy_threshold": 2,
                "interval": 30,
                "matcher": "",
                "path": "",
                "port": "8080",
                "protocol": "TCP",
                "timeout": 10,
                "unhealthy_threshold": 2
              }
            ],
            "id": "arn:aws:elasticloadbalancing:ap-northeast-2:038462790556:targetgroup/cicd-dev-infra-tg-jenkins/96a5b8bec86fbbc1",
            "ip_address_type": "ipv4",
            "lambda_multi_value_headers_enabled": false,
            "load_balancer_arns": [
              "arn:aws:elasticloadbalancing:ap-northeast-2:038462790556:loadbalancer/net/cicd-dev-infra-lb/7800375cae98720b"
            ],
            "load_balancing_algorithm_type": null,
            "load_balancing_anomaly_mitigation": null,
            "load_balancing_cross_zone_enabled": "false",
            "name": "cicd-dev-infra-tg-jenkins",
            "name_prefix": "",
            "port": 8080,
            "preserve_client_ip": "true",
            "protocol": "TCP",
            "protocol_version": null,
            "proxy_protocol_v2": false,
            "slow_start": 0,
            "stickiness": [
              {
                "cookie_duration": 0,
                "cookie_name": "",
                "enabled": false,
                "type": "source_ip"
              }
            ],
            "tags": {
              "Name": "cicd-dev-infra-tg-jenkins"
            },
            "tags_all": {
              "Name": "cicd-dev-infra-tg-jenkins"
            },
            "target_failover": [
              {
                "on_deregistration": null,
                "on_unhealthy": null
              }
            ],
            "target_group_health": [
              {
                "dns_failover": [
                  {
                    "minimum_healthy_targets_count": "1",
                    "minimum_healthy_targets_percentage": "off"
                  }
                ],
                "unhealthy_state_routing": [
                  {
                    "minimum_healthy_targets_count": 1,
                    "minimum_healthy_targets_percentage": "off"
                  }
                ]
              }
            ],
            "target_health_state": [
              {
                "enable_unhealthy_connection_termination": true,
                "unhealthy_draining_interval": 0
              }
            ],
            "target_type": "instance",
            "vpc_id": "vpc-0e9bc0bdd4f47312c"
          },
          "sensitive_attributes": [],
          "private": "bnVsbA==",
          "dependencies": [
            "data.aws_vpc.vpc_info",
            "module.sol_vpc.aws_vpc.sol_vpc"
          ]
        }
      ]
    },
    {
      "module": "module.sol_lb_infra_target_group[4]",
      "mode": "managed",
      "type": "aws_lb_target_group",
      "name": "sol_target_group",
      "provider": "provider[\"registry.terraform.io/hashicorp/aws\"]",
      "instances": [
        {
          "schema_version": 0,
          "attributes": {
            "arn": "arn:aws:elasticloadbalancing:ap-northeast-2:038462790556:targetgroup/cicd-dev-infra-tg-mysql/4dd406b3780e77dc",
            "arn_suffix": "targetgroup/cicd-dev-infra-tg-mysql/4dd406b3780e77dc",
            "connection_termination": false,
            "deregistration_delay": "300",
            "health_check": [
              {
                "enabled": true,
                "healthy_threshold": 2,
                "interval": 30,
                "matcher": "",
                "path": "",
                "port": "9000",
                "protocol": "TCP",
                "timeout": 10,
                "unhealthy_threshold": 2
              }
            ],
            "id": "arn:aws:elasticloadbalancing:ap-northeast-2:038462790556:targetgroup/cicd-dev-infra-tg-mysql/4dd406b3780e77dc",
            "ip_address_type": "ipv4",
            "lambda_multi_value_headers_enabled": false,
            "load_balancer_arns": [
              "arn:aws:elasticloadbalancing:ap-northeast-2:038462790556:loadbalancer/net/cicd-dev-infra-lb/7800375cae98720b"
            ],
            "load_balancing_algorithm_type": null,
            "load_balancing_anomaly_mitigation": null,
            "load_balancing_cross_zone_enabled": "false",
            "name": "cicd-dev-infra-tg-mysql",
            "name_prefix": "",
            "port": 9000,
            "preserve_client_ip": "true",
            "protocol": "TCP",
            "protocol_version": null,
            "proxy_protocol_v2": false,
            "slow_start": 0,
            "stickiness": [
              {
                "cookie_duration": 0,
                "cookie_name": "",
                "enabled": false,
                "type": "source_ip"
              }
            ],
            "tags": {
              "Name": "cicd-dev-infra-tg-mysql"
            },
            "tags_all": {
              "Name": "cicd-dev-infra-tg-mysql"
            },
            "target_failover": [
              {
                "on_deregistration": null,
                "on_unhealthy": null
              }
            ],
            "target_group_health": [
              {
                "dns_failover": [
                  {
                    "minimum_healthy_targets_count": "1",
                    "minimum_healthy_targets_percentage": "off"
                  }
                ],
                "unhealthy_state_routing": [
                  {
                    "minimum_healthy_targets_count": 1,
                    "minimum_healthy_targets_percentage": "off"
                  }
                ]
              }
            ],
            "target_health_state": [
              {
                "enable_unhealthy_connection_termination": true,
                "unhealthy_draining_interval": 0
              }
            ],
            "target_type": "instance",
            "vpc_id": "vpc-0e9bc0bdd4f47312c"
          },
          "sensitive_attributes": [],
          "private": "bnVsbA==",
          "dependencies": [
            "data.aws_vpc.vpc_info",
            "module.sol_vpc.aws_vpc.sol_vpc"
          ]
        }
      ]
    },
    {
      "module": "module.sol_lb_infra_target_group[5]",
      "mode": "managed",
      "type": "aws_lb_target_group",
      "name": "sol_target_group",
      "provider": "provider[\"registry.terraform.io/hashicorp/aws\"]",
      "instances": [
        {
          "schema_version": 0,
          "attributes": {
            "arn": "arn:aws:elasticloadbalancing:ap-northeast-2:038462790556:targetgroup/cicd-dev-infra-tg-admin/9b153b37a1c7cf24",
            "arn_suffix": "targetgroup/cicd-dev-infra-tg-admin/9b153b37a1c7cf24",
            "connection_termination": false,
            "deregistration_delay": "300",
            "health_check": [
              {
                "enabled": true,
                "healthy_threshold": 2,
                "interval": 30,
                "matcher": "",
                "path": "",
                "port": "30130",
                "protocol": "TCP",
                "timeout": 10,
                "unhealthy_threshold": 2
              }
            ],
            "id": "arn:aws:elasticloadbalancing:ap-northeast-2:038462790556:targetgroup/cicd-dev-infra-tg-admin/9b153b37a1c7cf24",
            "ip_address_type": "ipv4",
            "lambda_multi_value_headers_enabled": false,
            "load_balancer_arns": [
              "arn:aws:elasticloadbalancing:ap-northeast-2:038462790556:loadbalancer/net/cicd-dev-infra-lb/7800375cae98720b"
            ],
            "load_balancing_algorithm_type": null,
            "load_balancing_anomaly_mitigation": null,
            "load_balancing_cross_zone_enabled": "false",
            "name": "cicd-dev-infra-tg-admin",
            "name_prefix": "",
            "port": 30130,
            "preserve_client_ip": "true",
            "protocol": "TCP",
            "protocol_version": null,
            "proxy_protocol_v2": false,
            "slow_start": 0,
            "stickiness": [
              {
                "cookie_duration": 0,
                "cookie_name": "",
                "enabled": false,
                "type": "source_ip"
              }
            ],
            "tags": {
              "Name": "cicd-dev-infra-tg-admin"
            },
            "tags_all": {
              "Name": "cicd-dev-infra-tg-admin"
            },
            "target_failover": [
              {
                "on_deregistration": null,
                "on_unhealthy": null
              }
            ],
            "target_group_health": [
              {
                "dns_failover": [
                  {
                    "minimum_healthy_targets_count": "1",
                    "minimum_healthy_targets_percentage": "off"
                  }
                ],
                "unhealthy_state_routing": [
                  {
                    "minimum_healthy_targets_count": 1,
                    "minimum_healthy_targets_percentage": "off"
                  }
                ]
              }
            ],
            "target_health_state": [
              {
                "enable_unhealthy_connection_termination": true,
                "unhealthy_draining_interval": 0
              }
            ],
            "target_type": "instance",
            "vpc_id": "vpc-0e9bc0bdd4f47312c"
          },
          "sensitive_attributes": [],
          "private": "bnVsbA==",
          "dependencies": [
            "data.aws_vpc.vpc_info",
            "module.sol_vpc.aws_vpc.sol_vpc"
          ]
        }
      ]
    },
    {
      "module": "module.sol_lb_infra_target_group_attachment_infra1[0]",
      "mode": "managed",
      "type": "aws_lb_target_group_attachment",
      "name": "sol_target_group_attachment",
      "provider": "provider[\"registry.terraform.io/hashicorp/aws\"]",
      "instances": [
        {
          "schema_version": 0,
          "attributes": {
            "availability_zone": null,
            "id": "arn:aws:elasticloadbalancing:ap-northeast-2:038462790556:targetgroup/cicd-dev-infra-tg-harbor/098c0815f897914d-20250318000349459900000005",
            "port": null,
            "target_group_arn": "arn:aws:elasticloadbalancing:ap-northeast-2:038462790556:targetgroup/cicd-dev-infra-tg-harbor/098c0815f897914d",
            "target_id": "i-02002b28a3f43dc13"
          },
          "sensitive_attributes": [],
          "private": "bnVsbA==",
          "dependencies": [
            "aws_key_pair.sol_loginkey",
            "data.aws_internet_gateway.internet_gateway_info",
            "data.aws_vpc.vpc_info",
            "module.sol_infra_node.aws_instance.sol_ec2",
            "module.sol_infra_sg.aws_security_group.sol_sg",
            "module.sol_internet_gateway.aws_internet_gateway.sol_internet_gateway",
            "module.sol_lb_infra_target_group.aws_lb_target_group.sol_target_group",
            "module.sol_nat_eip.aws_eip.sol_eip",
            "module.sol_nic_private.aws_network_interface.sol_nic",
            "module.sol_subnet_private.aws_subnet.sol_subnet",
            "module.sol_vpc.aws_vpc.sol_vpc"
          ]
        }
      ]
    },
    {
      "module": "module.sol_lb_infra_target_group_attachment_infra1[1]",
      "mode": "managed",
      "type": "aws_lb_target_group_attachment",
      "name": "sol_target_group_attachment",
      "provider": "provider[\"registry.terraform.io/hashicorp/aws\"]",
      "instances": [
        {
          "schema_version": 0,
          "attributes": {
            "availability_zone": null,
            "id": "arn:aws:elasticloadbalancing:ap-northeast-2:038462790556:targetgroup/cicd-dev-infra-tg-gitlab/1a4f75acf7fb72a7-20250318000349461000000006",
            "port": null,
            "target_group_arn": "arn:aws:elasticloadbalancing:ap-northeast-2:038462790556:targetgroup/cicd-dev-infra-tg-gitlab/1a4f75acf7fb72a7",
            "target_id": "i-02002b28a3f43dc13"
          },
          "sensitive_attributes": [],
          "private": "bnVsbA==",
          "dependencies": [
            "aws_key_pair.sol_loginkey",
            "data.aws_internet_gateway.internet_gateway_info",
            "data.aws_vpc.vpc_info",
            "module.sol_infra_node.aws_instance.sol_ec2",
            "module.sol_infra_sg.aws_security_group.sol_sg",
            "module.sol_internet_gateway.aws_internet_gateway.sol_internet_gateway",
            "module.sol_lb_infra_target_group.aws_lb_target_group.sol_target_group",
            "module.sol_nat_eip.aws_eip.sol_eip",
            "module.sol_nic_private.aws_network_interface.sol_nic",
            "module.sol_subnet_private.aws_subnet.sol_subnet",
            "module.sol_vpc.aws_vpc.sol_vpc"
          ]
        }
      ]
    },
    {
      "module": "module.sol_lb_infra_target_group_attachment_infra1[2]",
      "mode": "managed",
      "type": "aws_lb_target_group_attachment",
      "name": "sol_target_group_attachment",
      "provider": "provider[\"registry.terraform.io/hashicorp/aws\"]",
      "instances": [
        {
          "schema_version": 0,
          "attributes": {
            "availability_zone": null,
            "id": "arn:aws:elasticloadbalancing:ap-northeast-2:038462790556:targetgroup/cicd-dev-infra-tg-nexus/a4132a56ece7f3cf-20250318000349767600000008",
            "port": null,
            "target_group_arn": "arn:aws:elasticloadbalancing:ap-northeast-2:038462790556:targetgroup/cicd-dev-infra-tg-nexus/a4132a56ece7f3cf",
            "target_id": "i-02002b28a3f43dc13"
          },
          "sensitive_attributes": [],
          "private": "bnVsbA==",
          "dependencies": [
            "aws_key_pair.sol_loginkey",
            "data.aws_internet_gateway.internet_gateway_info",
            "data.aws_vpc.vpc_info",
            "module.sol_infra_node.aws_instance.sol_ec2",
            "module.sol_infra_sg.aws_security_group.sol_sg",
            "module.sol_internet_gateway.aws_internet_gateway.sol_internet_gateway",
            "module.sol_lb_infra_target_group.aws_lb_target_group.sol_target_group",
            "module.sol_nat_eip.aws_eip.sol_eip",
            "module.sol_nic_private.aws_network_interface.sol_nic",
            "module.sol_subnet_private.aws_subnet.sol_subnet",
            "module.sol_vpc.aws_vpc.sol_vpc"
          ]
        }
      ]
    },
    {
      "module": "module.sol_lb_infra_target_group_attachment_infra1[3]",
      "mode": "managed",
      "type": "aws_lb_target_group_attachment",
      "name": "sol_target_group_attachment",
      "provider": "provider[\"registry.terraform.io/hashicorp/aws\"]",
      "instances": [
        {
          "schema_version": 0,
          "attributes": {
            "availability_zone": null,
            "id": "arn:aws:elasticloadbalancing:ap-northeast-2:038462790556:targetgroup/cicd-dev-infra-tg-jenkins/96a5b8bec86fbbc1-20250318000349492000000007",
            "port": null,
            "target_group_arn": "arn:aws:elasticloadbalancing:ap-northeast-2:038462790556:targetgroup/cicd-dev-infra-tg-jenkins/96a5b8bec86fbbc1",
            "target_id": "i-02002b28a3f43dc13"
          },
          "sensitive_attributes": [],
          "private": "bnVsbA==",
          "dependencies": [
            "aws_key_pair.sol_loginkey",
            "data.aws_internet_gateway.internet_gateway_info",
            "data.aws_vpc.vpc_info",
            "module.sol_infra_node.aws_instance.sol_ec2",
            "module.sol_infra_sg.aws_security_group.sol_sg",
            "module.sol_internet_gateway.aws_internet_gateway.sol_internet_gateway",
            "module.sol_lb_infra_target_group.aws_lb_target_group.sol_target_group",
            "module.sol_nat_eip.aws_eip.sol_eip",
            "module.sol_nic_private.aws_network_interface.sol_nic",
            "module.sol_subnet_private.aws_subnet.sol_subnet",
            "module.sol_vpc.aws_vpc.sol_vpc"
          ]
        }
      ]
    },
    {
      "module": "module.sol_lb_infra_target_group_attachment_infra1[4]",
      "mode": "managed",
      "type": "aws_lb_target_group_attachment",
      "name": "sol_target_group_attachment",
      "provider": "provider[\"registry.terraform.io/hashicorp/aws\"]",
      "instances": [
        {
          "schema_version": 0,
          "attributes": {
            "availability_zone": null,
            "id": "arn:aws:elasticloadbalancing:ap-northeast-2:038462790556:targetgroup/cicd-dev-infra-tg-mysql/4dd406b3780e77dc-20250318000349793700000009",
            "port": null,
            "target_group_arn": "arn:aws:elasticloadbalancing:ap-northeast-2:038462790556:targetgroup/cicd-dev-infra-tg-mysql/4dd406b3780e77dc",
            "target_id": "i-02002b28a3f43dc13"
          },
          "sensitive_attributes": [],
          "private": "bnVsbA==",
          "dependencies": [
            "aws_key_pair.sol_loginkey",
            "data.aws_internet_gateway.internet_gateway_info",
            "data.aws_vpc.vpc_info",
            "module.sol_infra_node.aws_instance.sol_ec2",
            "module.sol_infra_sg.aws_security_group.sol_sg",
            "module.sol_internet_gateway.aws_internet_gateway.sol_internet_gateway",
            "module.sol_lb_infra_target_group.aws_lb_target_group.sol_target_group",
            "module.sol_nat_eip.aws_eip.sol_eip",
            "module.sol_nic_private.aws_network_interface.sol_nic",
            "module.sol_subnet_private.aws_subnet.sol_subnet",
            "module.sol_vpc.aws_vpc.sol_vpc"
          ]
        }
      ]
    },
    {
      "module": "module.sol_lb_infra_target_group_attachment_infra1[5]",
      "mode": "managed",
      "type": "aws_lb_target_group_attachment",
      "name": "sol_target_group_attachment",
      "provider": "provider[\"registry.terraform.io/hashicorp/aws\"]",
      "instances": [
        {
          "schema_version": 0,
          "attributes": {
            "availability_zone": null,
            "id": "arn:aws:elasticloadbalancing:ap-northeast-2:038462790556:targetgroup/cicd-dev-infra-tg-admin/9b153b37a1c7cf24-2025031800035110040000000a",
            "port": null,
            "target_group_arn": "arn:aws:elasticloadbalancing:ap-northeast-2:038462790556:targetgroup/cicd-dev-infra-tg-admin/9b153b37a1c7cf24",
            "target_id": "i-02002b28a3f43dc13"
          },
          "sensitive_attributes": [],
          "private": "bnVsbA==",
          "dependencies": [
            "aws_key_pair.sol_loginkey",
            "data.aws_internet_gateway.internet_gateway_info",
            "data.aws_vpc.vpc_info",
            "module.sol_infra_node.aws_instance.sol_ec2",
            "module.sol_infra_sg.aws_security_group.sol_sg",
            "module.sol_internet_gateway.aws_internet_gateway.sol_internet_gateway",
            "module.sol_lb_infra_target_group.aws_lb_target_group.sol_target_group",
            "module.sol_nat_eip.aws_eip.sol_eip",
            "module.sol_nic_private.aws_network_interface.sol_nic",
            "module.sol_subnet_private.aws_subnet.sol_subnet",
            "module.sol_vpc.aws_vpc.sol_vpc"
          ]
        }
      ]
    },
    {
      "module": "module.sol_lb_k8s[0]",
      "mode": "managed",
      "type": "aws_lb",
      "name": "sol_lb",
      "provider": "provider[\"registry.terraform.io/hashicorp/aws\"]",
      "instances": [
        {
          "schema_version": 0,
          "attributes": {
            "access_logs": [
              {
                "bucket": "",
                "enabled": false,
                "prefix": ""
              }
            ],
            "arn": "arn:aws:elasticloadbalancing:ap-northeast-2:038462790556:loadbalancer/net/cicd-dev-k8s-lb/c18b578be7536744",
            "arn_suffix": "net/cicd-dev-k8s-lb/c18b578be7536744",
            "client_keep_alive": null,
            "connection_logs": [],
            "customer_owned_ipv4_pool": "",
            "desync_mitigation_mode": null,
            "dns_name": "cicd-dev-k8s-lb-c18b578be7536744.elb.ap-northeast-2.amazonaws.com",
            "dns_record_client_routing_policy": "any_availability_zone",
            "drop_invalid_header_fields": null,
            "enable_cross_zone_load_balancing": false,
            "enable_deletion_protection": false,
            "enable_http2": null,
            "enable_tls_version_and_cipher_suite_headers": null,
            "enable_waf_fail_open": null,
            "enable_xff_client_port": null,
            "enable_zonal_shift": false,
            "enforce_security_group_inbound_rules_on_private_link_traffic": "",
            "id": "arn:aws:elasticloadbalancing:ap-northeast-2:038462790556:loadbalancer/net/cicd-dev-k8s-lb/c18b578be7536744",
            "idle_timeout": null,
            "internal": false,
            "ip_address_type": "ipv4",
            "load_balancer_type": "network",
            "name": "cicd-dev-k8s-lb",
            "name_prefix": "",
            "preserve_host_header": null,
            "security_groups": [
              "sg-0e5c04f85e2af3f9b"
            ],
            "subnet_mapping": [
              {
                "allocation_id": "",
                "ipv6_address": "",
                "outpost_id": "",
                "private_ipv4_address": "",
                "subnet_id": "subnet-0ab1ebba2c4f50bfb"
              }
            ],
            "subnets": [
              "subnet-0ab1ebba2c4f50bfb"
            ],
            "tags": {
              "Name": "cicd-dev-k8s-lb",
              "kubernetes.io/cluster/cicd/dev": "owned"
            },
            "tags_all": {
              "Name": "cicd-dev-k8s-lb",
              "kubernetes.io/cluster/cicd/dev": "owned"
            },
            "timeouts": null,
            "vpc_id": "vpc-0e9bc0bdd4f47312c",
            "xff_header_processing_mode": null,
            "zone_id": "ZIBE1TIR4HY56"
          },
          "sensitive_attributes": [],
          "private": "eyJlMmJmYjczMC1lY2FhLTExZTYtOGY4OC0zNDM2M2JjN2M0YzAiOnsiY3JlYXRlIjo2MDAwMDAwMDAwMDAsImRlbGV0ZSI6NjAwMDAwMDAwMDAwLCJ1cGRhdGUiOjYwMDAwMDAwMDAwMH19",
          "dependencies": [
            "data.aws_vpc.vpc_info",
            "module.sol_k8s_lb_sg.aws_security_group.sol_sg",
            "module.sol_subnet_public.aws_subnet.sol_subnet",
            "module.sol_vpc.aws_vpc.sol_vpc"
          ]
        }
      ]
    },
    {
      "module": "module.sol_lb_k8s_listener[0]",
      "mode": "managed",
      "type": "aws_lb_listener",
      "name": "sol_lb_listener",
      "provider": "provider[\"registry.terraform.io/hashicorp/aws\"]",
      "instances": [
        {
          "schema_version": 0,
          "attributes": {
            "alpn_policy": null,
            "arn": "arn:aws:elasticloadbalancing:ap-northeast-2:038462790556:listener/net/cicd-dev-k8s-lb/c18b578be7536744/1ca95b8e242b29f6",
            "certificate_arn": null,
            "default_action": [
              {
                "authenticate_cognito": [],
                "authenticate_oidc": [],
                "fixed_response": [],
                "forward": [],
                "order": 1,
                "redirect": [],
                "target_group_arn": "arn:aws:elasticloadbalancing:ap-northeast-2:038462790556:targetgroup/cicd-dev-k8s-tg-k8s/09f3449420dc6fa7",
                "type": "forward"
              }
            ],
            "id": "arn:aws:elasticloadbalancing:ap-northeast-2:038462790556:listener/net/cicd-dev-k8s-lb/c18b578be7536744/1ca95b8e242b29f6",
            "load_balancer_arn": "arn:aws:elasticloadbalancing:ap-northeast-2:038462790556:loadbalancer/net/cicd-dev-k8s-lb/c18b578be7536744",
            "mutual_authentication": [],
            "port": 6443,
            "protocol": "TCP",
            "ssl_policy": "",
            "tags": {},
            "tags_all": {},
            "tcp_idle_timeout_seconds": 360,
            "timeouts": null
          },
          "sensitive_attributes": [],
          "private": "eyJlMmJmYjczMC1lY2FhLTExZTYtOGY4OC0zNDM2M2JjN2M0YzAiOnsiY3JlYXRlIjozMDAwMDAwMDAwMDAsInVwZGF0ZSI6MzAwMDAwMDAwMDAwfX0=",
          "dependencies": [
            "data.aws_vpc.vpc_info",
            "module.sol_k8s_lb_sg.aws_security_group.sol_sg",
            "module.sol_lb_k8s.aws_lb.sol_lb",
            "module.sol_lb_k8s_target_group.aws_lb_target_group.sol_target_group",
            "module.sol_subnet_public.aws_subnet.sol_subnet",
            "module.sol_vpc.aws_vpc.sol_vpc"
          ]
        }
      ]
    },
    {
      "module": "module.sol_lb_k8s_listener[1]",
      "mode": "managed",
      "type": "aws_lb_listener",
      "name": "sol_lb_listener",
      "provider": "provider[\"registry.terraform.io/hashicorp/aws\"]",
      "instances": [
        {
          "schema_version": 0,
          "attributes": {
            "alpn_policy": null,
            "arn": "arn:aws:elasticloadbalancing:ap-northeast-2:038462790556:listener/net/cicd-dev-k8s-lb/c18b578be7536744/50ca034f1ad2ec41",
            "certificate_arn": null,
            "default_action": [
              {
                "authenticate_cognito": [],
                "authenticate_oidc": [],
                "fixed_response": [],
                "forward": [],
                "order": 1,
                "redirect": [],
                "target_group_arn": "arn:aws:elasticloadbalancing:ap-northeast-2:038462790556:targetgroup/cicd-dev-k8s-tg-grafana/0b869883dbff7fcb",
                "type": "forward"
              }
            ],
            "id": "arn:aws:elasticloadbalancing:ap-northeast-2:038462790556:listener/net/cicd-dev-k8s-lb/c18b578be7536744/50ca034f1ad2ec41",
            "load_balancer_arn": "arn:aws:elasticloadbalancing:ap-northeast-2:038462790556:loadbalancer/net/cicd-dev-k8s-lb/c18b578be7536744",
            "mutual_authentication": [],
            "port": 31020,
            "protocol": "TCP",
            "ssl_policy": "",
            "tags": {},
            "tags_all": {},
            "tcp_idle_timeout_seconds": 360,
            "timeouts": null
          },
          "sensitive_attributes": [],
          "private": "eyJlMmJmYjczMC1lY2FhLTExZTYtOGY4OC0zNDM2M2JjN2M0YzAiOnsiY3JlYXRlIjozMDAwMDAwMDAwMDAsInVwZGF0ZSI6MzAwMDAwMDAwMDAwfX0=",
          "dependencies": [
            "data.aws_vpc.vpc_info",
            "module.sol_k8s_lb_sg.aws_security_group.sol_sg",
            "module.sol_lb_k8s.aws_lb.sol_lb",
            "module.sol_lb_k8s_target_group.aws_lb_target_group.sol_target_group",
            "module.sol_subnet_public.aws_subnet.sol_subnet",
            "module.sol_vpc.aws_vpc.sol_vpc"
          ]
        }
      ]
    },
    {
      "module": "module.sol_lb_k8s_listener[2]",
      "mode": "managed",
      "type": "aws_lb_listener",
      "name": "sol_lb_listener",
      "provider": "provider[\"registry.terraform.io/hashicorp/aws\"]",
      "instances": [
        {
          "schema_version": 0,
          "attributes": {
            "alpn_policy": null,
            "arn": "arn:aws:elasticloadbalancing:ap-northeast-2:038462790556:listener/net/cicd-dev-k8s-lb/c18b578be7536744/e1eba2148ada8e66",
            "certificate_arn": null,
            "default_action": [
              {
                "authenticate_cognito": [],
                "authenticate_oidc": [],
                "fixed_response": [],
                "forward": [],
                "order": 1,
                "redirect": [],
                "target_group_arn": "arn:aws:elasticloadbalancing:ap-northeast-2:038462790556:targetgroup/cicd-dev-k8s-tg-kiali/6bd84c2d58d59af4",
                "type": "forward"
              }
            ],
            "id": "arn:aws:elasticloadbalancing:ap-northeast-2:038462790556:listener/net/cicd-dev-k8s-lb/c18b578be7536744/e1eba2148ada8e66",
            "load_balancer_arn": "arn:aws:elasticloadbalancing:ap-northeast-2:038462790556:loadbalancer/net/cicd-dev-k8s-lb/c18b578be7536744",
            "mutual_authentication": [],
            "port": 31030,
            "protocol": "TCP",
            "ssl_policy": "",
            "tags": {},
            "tags_all": {},
            "tcp_idle_timeout_seconds": 360,
            "timeouts": null
          },
          "sensitive_attributes": [],
          "private": "eyJlMmJmYjczMC1lY2FhLTExZTYtOGY4OC0zNDM2M2JjN2M0YzAiOnsiY3JlYXRlIjozMDAwMDAwMDAwMDAsInVwZGF0ZSI6MzAwMDAwMDAwMDAwfX0=",
          "dependencies": [
            "data.aws_vpc.vpc_info",
            "module.sol_k8s_lb_sg.aws_security_group.sol_sg",
            "module.sol_lb_k8s.aws_lb.sol_lb",
            "module.sol_lb_k8s_target_group.aws_lb_target_group.sol_target_group",
            "module.sol_subnet_public.aws_subnet.sol_subnet",
            "module.sol_vpc.aws_vpc.sol_vpc"
          ]
        }
      ]
    },
    {
      "module": "module.sol_lb_k8s_listener[3]",
      "mode": "managed",
      "type": "aws_lb_listener",
      "name": "sol_lb_listener",
      "provider": "provider[\"registry.terraform.io/hashicorp/aws\"]",
      "instances": [
        {
          "schema_version": 0,
          "attributes": {
            "alpn_policy": null,
            "arn": "arn:aws:elasticloadbalancing:ap-northeast-2:038462790556:listener/net/cicd-dev-k8s-lb/c18b578be7536744/a693a87a96fb034f",
            "certificate_arn": null,
            "default_action": [
              {
                "authenticate_cognito": [],
                "authenticate_oidc": [],
                "fixed_response": [],
                "forward": [],
                "order": 1,
                "redirect": [],
                "target_group_arn": "arn:aws:elasticloadbalancing:ap-northeast-2:038462790556:targetgroup/cicd-dev-k8s-tg-jaeger/c94f04c2a7b5534a",
                "type": "forward"
              }
            ],
            "id": "arn:aws:elasticloadbalancing:ap-northeast-2:038462790556:listener/net/cicd-dev-k8s-lb/c18b578be7536744/a693a87a96fb034f",
            "load_balancer_arn": "arn:aws:elasticloadbalancing:ap-northeast-2:038462790556:loadbalancer/net/cicd-dev-k8s-lb/c18b578be7536744",
            "mutual_authentication": [],
            "port": 31050,
            "protocol": "TCP",
            "ssl_policy": "",
            "tags": {},
            "tags_all": {},
            "tcp_idle_timeout_seconds": 360,
            "timeouts": null
          },
          "sensitive_attributes": [],
          "private": "eyJlMmJmYjczMC1lY2FhLTExZTYtOGY4OC0zNDM2M2JjN2M0YzAiOnsiY3JlYXRlIjozMDAwMDAwMDAwMDAsInVwZGF0ZSI6MzAwMDAwMDAwMDAwfX0=",
          "dependencies": [
            "data.aws_vpc.vpc_info",
            "module.sol_k8s_lb_sg.aws_security_group.sol_sg",
            "module.sol_lb_k8s.aws_lb.sol_lb",
            "module.sol_lb_k8s_target_group.aws_lb_target_group.sol_target_group",
            "module.sol_subnet_public.aws_subnet.sol_subnet",
            "module.sol_vpc.aws_vpc.sol_vpc"
          ]
        }
      ]
    },
    {
      "module": "module.sol_lb_k8s_listener[4]",
      "mode": "managed",
      "type": "aws_lb_listener",
      "name": "sol_lb_listener",
      "provider": "provider[\"registry.terraform.io/hashicorp/aws\"]",
      "instances": [
        {
          "schema_version": 0,
          "attributes": {
            "alpn_policy": null,
            "arn": "arn:aws:elasticloadbalancing:ap-northeast-2:038462790556:listener/net/cicd-dev-k8s-lb/c18b578be7536744/45be6520d8bdcf2a",
            "certificate_arn": null,
            "default_action": [
              {
                "authenticate_cognito": [],
                "authenticate_oidc": [],
                "fixed_response": [],
                "forward": [],
                "order": 1,
                "redirect": [],
                "target_group_arn": "arn:aws:elasticloadbalancing:ap-northeast-2:038462790556:targetgroup/cicd-dev-k8s-tg-p8s/960917df2b4a493c",
                "type": "forward"
              }
            ],
            "id": "arn:aws:elasticloadbalancing:ap-northeast-2:038462790556:listener/net/cicd-dev-k8s-lb/c18b578be7536744/45be6520d8bdcf2a",
            "load_balancer_arn": "arn:aws:elasticloadbalancing:ap-northeast-2:038462790556:loadbalancer/net/cicd-dev-k8s-lb/c18b578be7536744",
            "mutual_authentication": [],
            "port": 31060,
            "protocol": "TCP",
            "ssl_policy": "",
            "tags": {},
            "tags_all": {},
            "tcp_idle_timeout_seconds": 360,
            "timeouts": null
          },
          "sensitive_attributes": [],
          "private": "eyJlMmJmYjczMC1lY2FhLTExZTYtOGY4OC0zNDM2M2JjN2M0YzAiOnsiY3JlYXRlIjozMDAwMDAwMDAwMDAsInVwZGF0ZSI6MzAwMDAwMDAwMDAwfX0=",
          "dependencies": [
            "data.aws_vpc.vpc_info",
            "module.sol_k8s_lb_sg.aws_security_group.sol_sg",
            "module.sol_lb_k8s.aws_lb.sol_lb",
            "module.sol_lb_k8s_target_group.aws_lb_target_group.sol_target_group",
            "module.sol_subnet_public.aws_subnet.sol_subnet",
            "module.sol_vpc.aws_vpc.sol_vpc"
          ]
        }
      ]
    },
    {
      "module": "module.sol_lb_k8s_listener[5]",
      "mode": "managed",
      "type": "aws_lb_listener",
      "name": "sol_lb_listener",
      "provider": "provider[\"registry.terraform.io/hashicorp/aws\"]",
      "instances": [
        {
          "schema_version": 0,
          "attributes": {
            "alpn_policy": null,
            "arn": "arn:aws:elasticloadbalancing:ap-northeast-2:038462790556:listener/net/cicd-dev-k8s-lb/c18b578be7536744/8b99d7977a71ecf5",
            "certificate_arn": null,
            "default_action": [
              {
                "authenticate_cognito": [],
                "authenticate_oidc": [],
                "fixed_response": [],
                "forward": [],
                "order": 1,
                "redirect": [],
                "target_group_arn": "arn:aws:elasticloadbalancing:ap-northeast-2:038462790556:targetgroup/cicd-dev-k8s-tg-dashboard/00425cd41009d94f",
                "type": "forward"
              }
            ],
            "id": "arn:aws:elasticloadbalancing:ap-northeast-2:038462790556:listener/net/cicd-dev-k8s-lb/c18b578be7536744/8b99d7977a71ecf5",
            "load_balancer_arn": "arn:aws:elasticloadbalancing:ap-northeast-2:038462790556:loadbalancer/net/cicd-dev-k8s-lb/c18b578be7536744",
            "mutual_authentication": [],
            "port": 31000,
            "protocol": "TCP",
            "ssl_policy": "",
            "tags": {},
            "tags_all": {},
            "tcp_idle_timeout_seconds": 360,
            "timeouts": null
          },
          "sensitive_attributes": [],
          "private": "eyJlMmJmYjczMC1lY2FhLTExZTYtOGY4OC0zNDM2M2JjN2M0YzAiOnsiY3JlYXRlIjozMDAwMDAwMDAwMDAsInVwZGF0ZSI6MzAwMDAwMDAwMDAwfX0=",
          "dependencies": [
            "data.aws_vpc.vpc_info",
            "module.sol_k8s_lb_sg.aws_security_group.sol_sg",
            "module.sol_lb_k8s.aws_lb.sol_lb",
            "module.sol_lb_k8s_target_group.aws_lb_target_group.sol_target_group",
            "module.sol_subnet_public.aws_subnet.sol_subnet",
            "module.sol_vpc.aws_vpc.sol_vpc"
          ]
        }
      ]
    },
    {
      "module": "module.sol_lb_k8s_listener[6]",
      "mode": "managed",
      "type": "aws_lb_listener",
      "name": "sol_lb_listener",
      "provider": "provider[\"registry.terraform.io/hashicorp/aws\"]",
      "instances": [
        {
          "schema_version": 0,
          "attributes": {
            "alpn_policy": null,
            "arn": "arn:aws:elasticloadbalancing:ap-northeast-2:038462790556:listener/net/cicd-dev-k8s-lb/c18b578be7536744/23aee9756f0183b2",
            "certificate_arn": null,
            "default_action": [
              {
                "authenticate_cognito": [],
                "authenticate_oidc": [],
                "fixed_response": [],
                "forward": [],
                "order": 1,
                "redirect": [],
                "target_group_arn": "arn:aws:elasticloadbalancing:ap-northeast-2:038462790556:targetgroup/cicd-dev-k8s-tg-istio/59c3acf33f82b51c",
                "type": "forward"
              }
            ],
            "id": "arn:aws:elasticloadbalancing:ap-northeast-2:038462790556:listener/net/cicd-dev-k8s-lb/c18b578be7536744/23aee9756f0183b2",
            "load_balancer_arn": "arn:aws:elasticloadbalancing:ap-northeast-2:038462790556:loadbalancer/net/cicd-dev-k8s-lb/c18b578be7536744",
            "mutual_authentication": [],
            "port": 30080,
            "protocol": "TCP",
            "ssl_policy": "",
            "tags": {},
            "tags_all": {},
            "tcp_idle_timeout_seconds": 360,
            "timeouts": null
          },
          "sensitive_attributes": [],
          "private": "eyJlMmJmYjczMC1lY2FhLTExZTYtOGY4OC0zNDM2M2JjN2M0YzAiOnsiY3JlYXRlIjozMDAwMDAwMDAwMDAsInVwZGF0ZSI6MzAwMDAwMDAwMDAwfX0=",
          "dependencies": [
            "data.aws_vpc.vpc_info",
            "module.sol_k8s_lb_sg.aws_security_group.sol_sg",
            "module.sol_lb_k8s.aws_lb.sol_lb",
            "module.sol_lb_k8s_target_group.aws_lb_target_group.sol_target_group",
            "module.sol_subnet_public.aws_subnet.sol_subnet",
            "module.sol_vpc.aws_vpc.sol_vpc"
          ]
        }
      ]
    },
    {
      "module": "module.sol_lb_k8s_listener[7]",
      "mode": "managed",
      "type": "aws_lb_listener",
      "name": "sol_lb_listener",
      "provider": "provider[\"registry.terraform.io/hashicorp/aws\"]",
      "instances": [
        {
          "schema_version": 0,
          "attributes": {
            "alpn_policy": null,
            "arn": "arn:aws:elasticloadbalancing:ap-northeast-2:038462790556:listener/net/cicd-dev-k8s-lb/c18b578be7536744/175e39ed862b79fa",
            "certificate_arn": null,
            "default_action": [
              {
                "authenticate_cognito": [],
                "authenticate_oidc": [],
                "fixed_response": [],
                "forward": [],
                "order": 1,
                "redirect": [],
                "target_group_arn": "arn:aws:elasticloadbalancing:ap-northeast-2:038462790556:targetgroup/cicd-dev-k8s-tg-hubble/4fccccde958474cf",
                "type": "forward"
              }
            ],
            "id": "arn:aws:elasticloadbalancing:ap-northeast-2:038462790556:listener/net/cicd-dev-k8s-lb/c18b578be7536744/175e39ed862b79fa",
            "load_balancer_arn": "arn:aws:elasticloadbalancing:ap-northeast-2:038462790556:loadbalancer/net/cicd-dev-k8s-lb/c18b578be7536744",
            "mutual_authentication": [],
            "port": 31070,
            "protocol": "TCP",
            "ssl_policy": "",
            "tags": {},
            "tags_all": {},
            "tcp_idle_timeout_seconds": 360,
            "timeouts": null
          },
          "sensitive_attributes": [],
          "private": "eyJlMmJmYjczMC1lY2FhLTExZTYtOGY4OC0zNDM2M2JjN2M0YzAiOnsiY3JlYXRlIjozMDAwMDAwMDAwMDAsInVwZGF0ZSI6MzAwMDAwMDAwMDAwfX0=",
          "dependencies": [
            "data.aws_vpc.vpc_info",
            "module.sol_k8s_lb_sg.aws_security_group.sol_sg",
            "module.sol_lb_k8s.aws_lb.sol_lb",
            "module.sol_lb_k8s_target_group.aws_lb_target_group.sol_target_group",
            "module.sol_subnet_public.aws_subnet.sol_subnet",
            "module.sol_vpc.aws_vpc.sol_vpc"
          ]
        }
      ]
    },
    {
      "module": "module.sol_lb_k8s_target_group[0]",
      "mode": "managed",
      "type": "aws_lb_target_group",
      "name": "sol_target_group",
      "provider": "provider[\"registry.terraform.io/hashicorp/aws\"]",
      "instances": [
        {
          "schema_version": 0,
          "attributes": {
            "arn": "arn:aws:elasticloadbalancing:ap-northeast-2:038462790556:targetgroup/cicd-dev-k8s-tg-k8s/09f3449420dc6fa7",
            "arn_suffix": "targetgroup/cicd-dev-k8s-tg-k8s/09f3449420dc6fa7",
            "connection_termination": false,
            "deregistration_delay": "300",
            "health_check": [
              {
                "enabled": true,
                "healthy_threshold": 2,
                "interval": 30,
                "matcher": "",
                "path": "",
                "port": "6443",
                "protocol": "TCP",
                "timeout": 10,
                "unhealthy_threshold": 2
              }
            ],
            "id": "arn:aws:elasticloadbalancing:ap-northeast-2:038462790556:targetgroup/cicd-dev-k8s-tg-k8s/09f3449420dc6fa7",
            "ip_address_type": "ipv4",
            "lambda_multi_value_headers_enabled": false,
            "load_balancer_arns": [
              "arn:aws:elasticloadbalancing:ap-northeast-2:038462790556:loadbalancer/net/cicd-dev-k8s-lb/c18b578be7536744"
            ],
            "load_balancing_algorithm_type": null,
            "load_balancing_anomaly_mitigation": null,
            "load_balancing_cross_zone_enabled": "false",
            "name": "cicd-dev-k8s-tg-k8s",
            "name_prefix": "",
            "port": 6443,
            "preserve_client_ip": "true",
            "protocol": "TCP",
            "protocol_version": null,
            "proxy_protocol_v2": false,
            "slow_start": 0,
            "stickiness": [
              {
                "cookie_duration": 0,
                "cookie_name": "",
                "enabled": false,
                "type": "source_ip"
              }
            ],
            "tags": {
              "Name": "cicd-dev-k8s-tg-k8s"
            },
            "tags_all": {
              "Name": "cicd-dev-k8s-tg-k8s"
            },
            "target_failover": [
              {
                "on_deregistration": null,
                "on_unhealthy": null
              }
            ],
            "target_group_health": [
              {
                "dns_failover": [
                  {
                    "minimum_healthy_targets_count": "1",
                    "minimum_healthy_targets_percentage": "off"
                  }
                ],
                "unhealthy_state_routing": [
                  {
                    "minimum_healthy_targets_count": 1,
                    "minimum_healthy_targets_percentage": "off"
                  }
                ]
              }
            ],
            "target_health_state": [
              {
                "enable_unhealthy_connection_termination": true,
                "unhealthy_draining_interval": 0
              }
            ],
            "target_type": "instance",
            "vpc_id": "vpc-0e9bc0bdd4f47312c"
          },
          "sensitive_attributes": [],
          "private": "bnVsbA==",
          "dependencies": [
            "data.aws_vpc.vpc_info",
            "module.sol_vpc.aws_vpc.sol_vpc"
          ]
        }
      ]
    },
    {
      "module": "module.sol_lb_k8s_target_group[1]",
      "mode": "managed",
      "type": "aws_lb_target_group",
      "name": "sol_target_group",
      "provider": "provider[\"registry.terraform.io/hashicorp/aws\"]",
      "instances": [
        {
          "schema_version": 0,
          "attributes": {
            "arn": "arn:aws:elasticloadbalancing:ap-northeast-2:038462790556:targetgroup/cicd-dev-k8s-tg-grafana/0b869883dbff7fcb",
            "arn_suffix": "targetgroup/cicd-dev-k8s-tg-grafana/0b869883dbff7fcb",
            "connection_termination": false,
            "deregistration_delay": "300",
            "health_check": [
              {
                "enabled": true,
                "healthy_threshold": 2,
                "interval": 30,
                "matcher": "",
                "path": "",
                "port": "31020",
                "protocol": "TCP",
                "timeout": 10,
                "unhealthy_threshold": 2
              }
            ],
            "id": "arn:aws:elasticloadbalancing:ap-northeast-2:038462790556:targetgroup/cicd-dev-k8s-tg-grafana/0b869883dbff7fcb",
            "ip_address_type": "ipv4",
            "lambda_multi_value_headers_enabled": false,
            "load_balancer_arns": [
              "arn:aws:elasticloadbalancing:ap-northeast-2:038462790556:loadbalancer/net/cicd-dev-k8s-lb/c18b578be7536744"
            ],
            "load_balancing_algorithm_type": null,
            "load_balancing_anomaly_mitigation": null,
            "load_balancing_cross_zone_enabled": "false",
            "name": "cicd-dev-k8s-tg-grafana",
            "name_prefix": "",
            "port": 31020,
            "preserve_client_ip": "true",
            "protocol": "TCP",
            "protocol_version": null,
            "proxy_protocol_v2": false,
            "slow_start": 0,
            "stickiness": [
              {
                "cookie_duration": 0,
                "cookie_name": "",
                "enabled": false,
                "type": "source_ip"
              }
            ],
            "tags": {
              "Name": "cicd-dev-k8s-tg-grafana"
            },
            "tags_all": {
              "Name": "cicd-dev-k8s-tg-grafana"
            },
            "target_failover": [
              {
                "on_deregistration": null,
                "on_unhealthy": null
              }
            ],
            "target_group_health": [
              {
                "dns_failover": [
                  {
                    "minimum_healthy_targets_count": "1",
                    "minimum_healthy_targets_percentage": "off"
                  }
                ],
                "unhealthy_state_routing": [
                  {
                    "minimum_healthy_targets_count": 1,
                    "minimum_healthy_targets_percentage": "off"
                  }
                ]
              }
            ],
            "target_health_state": [
              {
                "enable_unhealthy_connection_termination": true,
                "unhealthy_draining_interval": 0
              }
            ],
            "target_type": "instance",
            "vpc_id": "vpc-0e9bc0bdd4f47312c"
          },
          "sensitive_attributes": [],
          "private": "bnVsbA==",
          "dependencies": [
            "data.aws_vpc.vpc_info",
            "module.sol_vpc.aws_vpc.sol_vpc"
          ]
        }
      ]
    },
    {
      "module": "module.sol_lb_k8s_target_group[2]",
      "mode": "managed",
      "type": "aws_lb_target_group",
      "name": "sol_target_group",
      "provider": "provider[\"registry.terraform.io/hashicorp/aws\"]",
      "instances": [
        {
          "schema_version": 0,
          "attributes": {
            "arn": "arn:aws:elasticloadbalancing:ap-northeast-2:038462790556:targetgroup/cicd-dev-k8s-tg-kiali/6bd84c2d58d59af4",
            "arn_suffix": "targetgroup/cicd-dev-k8s-tg-kiali/6bd84c2d58d59af4",
            "connection_termination": false,
            "deregistration_delay": "300",
            "health_check": [
              {
                "enabled": true,
                "healthy_threshold": 2,
                "interval": 30,
                "matcher": "",
                "path": "",
                "port": "31030",
                "protocol": "TCP",
                "timeout": 10,
                "unhealthy_threshold": 2
              }
            ],
            "id": "arn:aws:elasticloadbalancing:ap-northeast-2:038462790556:targetgroup/cicd-dev-k8s-tg-kiali/6bd84c2d58d59af4",
            "ip_address_type": "ipv4",
            "lambda_multi_value_headers_enabled": false,
            "load_balancer_arns": [
              "arn:aws:elasticloadbalancing:ap-northeast-2:038462790556:loadbalancer/net/cicd-dev-k8s-lb/c18b578be7536744"
            ],
            "load_balancing_algorithm_type": null,
            "load_balancing_anomaly_mitigation": null,
            "load_balancing_cross_zone_enabled": "false",
            "name": "cicd-dev-k8s-tg-kiali",
            "name_prefix": "",
            "port": 31030,
            "preserve_client_ip": "true",
            "protocol": "TCP",
            "protocol_version": null,
            "proxy_protocol_v2": false,
            "slow_start": 0,
            "stickiness": [
              {
                "cookie_duration": 0,
                "cookie_name": "",
                "enabled": false,
                "type": "source_ip"
              }
            ],
            "tags": {
              "Name": "cicd-dev-k8s-tg-kiali"
            },
            "tags_all": {
              "Name": "cicd-dev-k8s-tg-kiali"
            },
            "target_failover": [
              {
                "on_deregistration": null,
                "on_unhealthy": null
              }
            ],
            "target_group_health": [
              {
                "dns_failover": [
                  {
                    "minimum_healthy_targets_count": "1",
                    "minimum_healthy_targets_percentage": "off"
                  }
                ],
                "unhealthy_state_routing": [
                  {
                    "minimum_healthy_targets_count": 1,
                    "minimum_healthy_targets_percentage": "off"
                  }
                ]
              }
            ],
            "target_health_state": [
              {
                "enable_unhealthy_connection_termination": true,
                "unhealthy_draining_interval": 0
              }
            ],
            "target_type": "instance",
            "vpc_id": "vpc-0e9bc0bdd4f47312c"
          },
          "sensitive_attributes": [],
          "private": "bnVsbA==",
          "dependencies": [
            "data.aws_vpc.vpc_info",
            "module.sol_vpc.aws_vpc.sol_vpc"
          ]
        }
      ]
    },
    {
      "module": "module.sol_lb_k8s_target_group[3]",
      "mode": "managed",
      "type": "aws_lb_target_group",
      "name": "sol_target_group",
      "provider": "provider[\"registry.terraform.io/hashicorp/aws\"]",
      "instances": [
        {
          "schema_version": 0,
          "attributes": {
            "arn": "arn:aws:elasticloadbalancing:ap-northeast-2:038462790556:targetgroup/cicd-dev-k8s-tg-jaeger/c94f04c2a7b5534a",
            "arn_suffix": "targetgroup/cicd-dev-k8s-tg-jaeger/c94f04c2a7b5534a",
            "connection_termination": false,
            "deregistration_delay": "300",
            "health_check": [
              {
                "enabled": true,
                "healthy_threshold": 2,
                "interval": 30,
                "matcher": "",
                "path": "",
                "port": "31050",
                "protocol": "TCP",
                "timeout": 10,
                "unhealthy_threshold": 2
              }
            ],
            "id": "arn:aws:elasticloadbalancing:ap-northeast-2:038462790556:targetgroup/cicd-dev-k8s-tg-jaeger/c94f04c2a7b5534a",
            "ip_address_type": "ipv4",
            "lambda_multi_value_headers_enabled": false,
            "load_balancer_arns": [
              "arn:aws:elasticloadbalancing:ap-northeast-2:038462790556:loadbalancer/net/cicd-dev-k8s-lb/c18b578be7536744"
            ],
            "load_balancing_algorithm_type": null,
            "load_balancing_anomaly_mitigation": null,
            "load_balancing_cross_zone_enabled": "false",
            "name": "cicd-dev-k8s-tg-jaeger",
            "name_prefix": "",
            "port": 31050,
            "preserve_client_ip": "true",
            "protocol": "TCP",
            "protocol_version": null,
            "proxy_protocol_v2": false,
            "slow_start": 0,
            "stickiness": [
              {
                "cookie_duration": 0,
                "cookie_name": "",
                "enabled": false,
                "type": "source_ip"
              }
            ],
            "tags": {
              "Name": "cicd-dev-k8s-tg-jaeger"
            },
            "tags_all": {
              "Name": "cicd-dev-k8s-tg-jaeger"
            },
            "target_failover": [
              {
                "on_deregistration": null,
                "on_unhealthy": null
              }
            ],
            "target_group_health": [
              {
                "dns_failover": [
                  {
                    "minimum_healthy_targets_count": "1",
                    "minimum_healthy_targets_percentage": "off"
                  }
                ],
                "unhealthy_state_routing": [
                  {
                    "minimum_healthy_targets_count": 1,
                    "minimum_healthy_targets_percentage": "off"
                  }
                ]
              }
            ],
            "target_health_state": [
              {
                "enable_unhealthy_connection_termination": true,
                "unhealthy_draining_interval": 0
              }
            ],
            "target_type": "instance",
            "vpc_id": "vpc-0e9bc0bdd4f47312c"
          },
          "sensitive_attributes": [],
          "private": "bnVsbA==",
          "dependencies": [
            "data.aws_vpc.vpc_info",
            "module.sol_vpc.aws_vpc.sol_vpc"
          ]
        }
      ]
    },
    {
      "module": "module.sol_lb_k8s_target_group[4]",
      "mode": "managed",
      "type": "aws_lb_target_group",
      "name": "sol_target_group",
      "provider": "provider[\"registry.terraform.io/hashicorp/aws\"]",
      "instances": [
        {
          "schema_version": 0,
          "attributes": {
            "arn": "arn:aws:elasticloadbalancing:ap-northeast-2:038462790556:targetgroup/cicd-dev-k8s-tg-p8s/960917df2b4a493c",
            "arn_suffix": "targetgroup/cicd-dev-k8s-tg-p8s/960917df2b4a493c",
            "connection_termination": false,
            "deregistration_delay": "300",
            "health_check": [
              {
                "enabled": true,
                "healthy_threshold": 2,
                "interval": 30,
                "matcher": "",
                "path": "",
                "port": "31060",
                "protocol": "TCP",
                "timeout": 10,
                "unhealthy_threshold": 2
              }
            ],
            "id": "arn:aws:elasticloadbalancing:ap-northeast-2:038462790556:targetgroup/cicd-dev-k8s-tg-p8s/960917df2b4a493c",
            "ip_address_type": "ipv4",
            "lambda_multi_value_headers_enabled": false,
            "load_balancer_arns": [
              "arn:aws:elasticloadbalancing:ap-northeast-2:038462790556:loadbalancer/net/cicd-dev-k8s-lb/c18b578be7536744"
            ],
            "load_balancing_algorithm_type": null,
            "load_balancing_anomaly_mitigation": null,
            "load_balancing_cross_zone_enabled": "false",
            "name": "cicd-dev-k8s-tg-p8s",
            "name_prefix": "",
            "port": 31060,
            "preserve_client_ip": "true",
            "protocol": "TCP",
            "protocol_version": null,
            "proxy_protocol_v2": false,
            "slow_start": 0,
            "stickiness": [
              {
                "cookie_duration": 0,
                "cookie_name": "",
                "enabled": false,
                "type": "source_ip"
              }
            ],
            "tags": {
              "Name": "cicd-dev-k8s-tg-p8s"
            },
            "tags_all": {
              "Name": "cicd-dev-k8s-tg-p8s"
            },
            "target_failover": [
              {
                "on_deregistration": null,
                "on_unhealthy": null
              }
            ],
            "target_group_health": [
              {
                "dns_failover": [
                  {
                    "minimum_healthy_targets_count": "1",
                    "minimum_healthy_targets_percentage": "off"
                  }
                ],
                "unhealthy_state_routing": [
                  {
                    "minimum_healthy_targets_count": 1,
                    "minimum_healthy_targets_percentage": "off"
                  }
                ]
              }
            ],
            "target_health_state": [
              {
                "enable_unhealthy_connection_termination": true,
                "unhealthy_draining_interval": 0
              }
            ],
            "target_type": "instance",
            "vpc_id": "vpc-0e9bc0bdd4f47312c"
          },
          "sensitive_attributes": [],
          "private": "bnVsbA==",
          "dependencies": [
            "data.aws_vpc.vpc_info",
            "module.sol_vpc.aws_vpc.sol_vpc"
          ]
        }
      ]
    },
    {
      "module": "module.sol_lb_k8s_target_group[5]",
      "mode": "managed",
      "type": "aws_lb_target_group",
      "name": "sol_target_group",
      "provider": "provider[\"registry.terraform.io/hashicorp/aws\"]",
      "instances": [
        {
          "schema_version": 0,
          "attributes": {
            "arn": "arn:aws:elasticloadbalancing:ap-northeast-2:038462790556:targetgroup/cicd-dev-k8s-tg-dashboard/00425cd41009d94f",
            "arn_suffix": "targetgroup/cicd-dev-k8s-tg-dashboard/00425cd41009d94f",
            "connection_termination": false,
            "deregistration_delay": "300",
            "health_check": [
              {
                "enabled": true,
                "healthy_threshold": 2,
                "interval": 30,
                "matcher": "",
                "path": "",
                "port": "31000",
                "protocol": "TCP",
                "timeout": 10,
                "unhealthy_threshold": 2
              }
            ],
            "id": "arn:aws:elasticloadbalancing:ap-northeast-2:038462790556:targetgroup/cicd-dev-k8s-tg-dashboard/00425cd41009d94f",
            "ip_address_type": "ipv4",
            "lambda_multi_value_headers_enabled": false,
            "load_balancer_arns": [
              "arn:aws:elasticloadbalancing:ap-northeast-2:038462790556:loadbalancer/net/cicd-dev-k8s-lb/c18b578be7536744"
            ],
            "load_balancing_algorithm_type": null,
            "load_balancing_anomaly_mitigation": null,
            "load_balancing_cross_zone_enabled": "false",
            "name": "cicd-dev-k8s-tg-dashboard",
            "name_prefix": "",
            "port": 31000,
            "preserve_client_ip": "true",
            "protocol": "TCP",
            "protocol_version": null,
            "proxy_protocol_v2": false,
            "slow_start": 0,
            "stickiness": [
              {
                "cookie_duration": 0,
                "cookie_name": "",
                "enabled": false,
                "type": "source_ip"
              }
            ],
            "tags": {
              "Name": "cicd-dev-k8s-tg-dashboard"
            },
            "tags_all": {
              "Name": "cicd-dev-k8s-tg-dashboard"
            },
            "target_failover": [
              {
                "on_deregistration": null,
                "on_unhealthy": null
              }
            ],
            "target_group_health": [
              {
                "dns_failover": [
                  {
                    "minimum_healthy_targets_count": "1",
                    "minimum_healthy_targets_percentage": "off"
                  }
                ],
                "unhealthy_state_routing": [
                  {
                    "minimum_healthy_targets_count": 1,
                    "minimum_healthy_targets_percentage": "off"
                  }
                ]
              }
            ],
            "target_health_state": [
              {
                "enable_unhealthy_connection_termination": true,
                "unhealthy_draining_interval": 0
              }
            ],
            "target_type": "instance",
            "vpc_id": "vpc-0e9bc0bdd4f47312c"
          },
          "sensitive_attributes": [],
          "private": "bnVsbA==",
          "dependencies": [
            "data.aws_vpc.vpc_info",
            "module.sol_vpc.aws_vpc.sol_vpc"
          ]
        }
      ]
    },
    {
      "module": "module.sol_lb_k8s_target_group[6]",
      "mode": "managed",
      "type": "aws_lb_target_group",
      "name": "sol_target_group",
      "provider": "provider[\"registry.terraform.io/hashicorp/aws\"]",
      "instances": [
        {
          "schema_version": 0,
          "attributes": {
            "arn": "arn:aws:elasticloadbalancing:ap-northeast-2:038462790556:targetgroup/cicd-dev-k8s-tg-istio/59c3acf33f82b51c",
            "arn_suffix": "targetgroup/cicd-dev-k8s-tg-istio/59c3acf33f82b51c",
            "connection_termination": false,
            "deregistration_delay": "300",
            "health_check": [
              {
                "enabled": true,
                "healthy_threshold": 2,
                "interval": 30,
                "matcher": "",
                "path": "",
                "port": "30080",
                "protocol": "TCP",
                "timeout": 10,
                "unhealthy_threshold": 2
              }
            ],
            "id": "arn:aws:elasticloadbalancing:ap-northeast-2:038462790556:targetgroup/cicd-dev-k8s-tg-istio/59c3acf33f82b51c",
            "ip_address_type": "ipv4",
            "lambda_multi_value_headers_enabled": false,
            "load_balancer_arns": [
              "arn:aws:elasticloadbalancing:ap-northeast-2:038462790556:loadbalancer/net/cicd-dev-k8s-lb/c18b578be7536744"
            ],
            "load_balancing_algorithm_type": null,
            "load_balancing_anomaly_mitigation": null,
            "load_balancing_cross_zone_enabled": "false",
            "name": "cicd-dev-k8s-tg-istio",
            "name_prefix": "",
            "port": 30080,
            "preserve_client_ip": "true",
            "protocol": "TCP",
            "protocol_version": null,
            "proxy_protocol_v2": false,
            "slow_start": 0,
            "stickiness": [
              {
                "cookie_duration": 0,
                "cookie_name": "",
                "enabled": false,
                "type": "source_ip"
              }
            ],
            "tags": {
              "Name": "cicd-dev-k8s-tg-istio"
            },
            "tags_all": {
              "Name": "cicd-dev-k8s-tg-istio"
            },
            "target_failover": [
              {
                "on_deregistration": null,
                "on_unhealthy": null
              }
            ],
            "target_group_health": [
              {
                "dns_failover": [
                  {
                    "minimum_healthy_targets_count": "1",
                    "minimum_healthy_targets_percentage": "off"
                  }
                ],
                "unhealthy_state_routing": [
                  {
                    "minimum_healthy_targets_count": 1,
                    "minimum_healthy_targets_percentage": "off"
                  }
                ]
              }
            ],
            "target_health_state": [
              {
                "enable_unhealthy_connection_termination": true,
                "unhealthy_draining_interval": 0
              }
            ],
            "target_type": "instance",
            "vpc_id": "vpc-0e9bc0bdd4f47312c"
          },
          "sensitive_attributes": [],
          "private": "bnVsbA==",
          "dependencies": [
            "data.aws_vpc.vpc_info",
            "module.sol_vpc.aws_vpc.sol_vpc"
          ]
        }
      ]
    },
    {
      "module": "module.sol_lb_k8s_target_group[7]",
      "mode": "managed",
      "type": "aws_lb_target_group",
      "name": "sol_target_group",
      "provider": "provider[\"registry.terraform.io/hashicorp/aws\"]",
      "instances": [
        {
          "schema_version": 0,
          "attributes": {
            "arn": "arn:aws:elasticloadbalancing:ap-northeast-2:038462790556:targetgroup/cicd-dev-k8s-tg-hubble/4fccccde958474cf",
            "arn_suffix": "targetgroup/cicd-dev-k8s-tg-hubble/4fccccde958474cf",
            "connection_termination": false,
            "deregistration_delay": "300",
            "health_check": [
              {
                "enabled": true,
                "healthy_threshold": 2,
                "interval": 30,
                "matcher": "",
                "path": "",
                "port": "31070",
                "protocol": "TCP",
                "timeout": 10,
                "unhealthy_threshold": 2
              }
            ],
            "id": "arn:aws:elasticloadbalancing:ap-northeast-2:038462790556:targetgroup/cicd-dev-k8s-tg-hubble/4fccccde958474cf",
            "ip_address_type": "ipv4",
            "lambda_multi_value_headers_enabled": false,
            "load_balancer_arns": [
              "arn:aws:elasticloadbalancing:ap-northeast-2:038462790556:loadbalancer/net/cicd-dev-k8s-lb/c18b578be7536744"
            ],
            "load_balancing_algorithm_type": null,
            "load_balancing_anomaly_mitigation": null,
            "load_balancing_cross_zone_enabled": "false",
            "name": "cicd-dev-k8s-tg-hubble",
            "name_prefix": "",
            "port": 31070,
            "preserve_client_ip": "true",
            "protocol": "TCP",
            "protocol_version": null,
            "proxy_protocol_v2": false,
            "slow_start": 0,
            "stickiness": [
              {
                "cookie_duration": 0,
                "cookie_name": "",
                "enabled": false,
                "type": "source_ip"
              }
            ],
            "tags": {
              "Name": "cicd-dev-k8s-tg-hubble"
            },
            "tags_all": {
              "Name": "cicd-dev-k8s-tg-hubble"
            },
            "target_failover": [
              {
                "on_deregistration": null,
                "on_unhealthy": null
              }
            ],
            "target_group_health": [
              {
                "dns_failover": [
                  {
                    "minimum_healthy_targets_count": "1",
                    "minimum_healthy_targets_percentage": "off"
                  }
                ],
                "unhealthy_state_routing": [
                  {
                    "minimum_healthy_targets_count": 1,
                    "minimum_healthy_targets_percentage": "off"
                  }
                ]
              }
            ],
            "target_health_state": [
              {
                "enable_unhealthy_connection_termination": true,
                "unhealthy_draining_interval": 0
              }
            ],
            "target_type": "instance",
            "vpc_id": "vpc-0e9bc0bdd4f47312c"
          },
          "sensitive_attributes": [],
          "private": "bnVsbA==",
          "dependencies": [
            "data.aws_vpc.vpc_info",
            "module.sol_vpc.aws_vpc.sol_vpc"
          ]
        }
      ]
    },
    {
      "module": "module.sol_lb_k8s_target_group_attachment_master1[0]",
      "mode": "managed",
      "type": "aws_lb_target_group_attachment",
      "name": "sol_target_group_attachment",
      "provider": "provider[\"registry.terraform.io/hashicorp/aws\"]",
      "instances": [
        {
          "schema_version": 0,
          "attributes": {
            "availability_zone": null,
            "id": "arn:aws:elasticloadbalancing:ap-northeast-2:038462790556:targetgroup/cicd-dev-k8s-tg-k8s/09f3449420dc6fa7-20250318000402671600000010",
            "port": null,
            "target_group_arn": "arn:aws:elasticloadbalancing:ap-northeast-2:038462790556:targetgroup/cicd-dev-k8s-tg-k8s/09f3449420dc6fa7",
            "target_id": "i-0c8e7f0b40f3a7c2e"
          },
          "sensitive_attributes": [],
          "private": "bnVsbA==",
          "dependencies": [
            "aws_key_pair.sol_loginkey",
            "data.aws_internet_gateway.internet_gateway_info",
            "data.aws_vpc.vpc_info",
            "module.sol_iam_master_profile.aws_iam_instance_profile.sol_iam_profile",
            "module.sol_iam_master_role.aws_iam_role.sol_iam_role",
            "module.sol_infra_node.aws_instance.sol_ec2",
            "module.sol_infra_sg.aws_security_group.sol_sg",
            "module.sol_internet_gateway.aws_internet_gateway.sol_internet_gateway",
            "module.sol_lb_k8s_target_group.aws_lb_target_group.sol_target_group",
            "module.sol_master_node.aws_instance.sol_ec2",
            "module.sol_master_sg.aws_security_group.sol_sg",
            "module.sol_nat_eip.aws_eip.sol_eip",
            "module.sol_nic_master.aws_network_interface.sol_nic",
            "module.sol_nic_private.aws_network_interface.sol_nic",
            "module.sol_subnet_private.aws_subnet.sol_subnet",
            "module.sol_vpc.aws_vpc.sol_vpc"
          ]
        }
      ]
    },
    {
      "module": "module.sol_lb_k8s_target_group_attachment_master1[1]",
      "mode": "managed",
      "type": "aws_lb_target_group_attachment",
      "name": "sol_target_group_attachment",
      "provider": "provider[\"registry.terraform.io/hashicorp/aws\"]",
      "instances": [
        {
          "schema_version": 0,
          "attributes": {
            "availability_zone": null,
            "id": "arn:aws:elasticloadbalancing:ap-northeast-2:038462790556:targetgroup/cicd-dev-k8s-tg-grafana/0b869883dbff7fcb-2025031800040242940000000e",
            "port": null,
            "target_group_arn": "arn:aws:elasticloadbalancing:ap-northeast-2:038462790556:targetgroup/cicd-dev-k8s-tg-grafana/0b869883dbff7fcb",
            "target_id": "i-0c8e7f0b40f3a7c2e"
          },
          "sensitive_attributes": [],
          "private": "bnVsbA==",
          "dependencies": [
            "aws_key_pair.sol_loginkey",
            "data.aws_internet_gateway.internet_gateway_info",
            "data.aws_vpc.vpc_info",
            "module.sol_iam_master_profile.aws_iam_instance_profile.sol_iam_profile",
            "module.sol_iam_master_role.aws_iam_role.sol_iam_role",
            "module.sol_infra_node.aws_instance.sol_ec2",
            "module.sol_infra_sg.aws_security_group.sol_sg",
            "module.sol_internet_gateway.aws_internet_gateway.sol_internet_gateway",
            "module.sol_lb_k8s_target_group.aws_lb_target_group.sol_target_group",
            "module.sol_master_node.aws_instance.sol_ec2",
            "module.sol_master_sg.aws_security_group.sol_sg",
            "module.sol_nat_eip.aws_eip.sol_eip",
            "module.sol_nic_master.aws_network_interface.sol_nic",
            "module.sol_nic_private.aws_network_interface.sol_nic",
            "module.sol_subnet_private.aws_subnet.sol_subnet",
            "module.sol_vpc.aws_vpc.sol_vpc"
          ]
        }
      ]
    },
    {
      "module": "module.sol_lb_k8s_target_group_attachment_master1[2]",
      "mode": "managed",
      "type": "aws_lb_target_group_attachment",
      "name": "sol_target_group_attachment",
      "provider": "provider[\"registry.terraform.io/hashicorp/aws\"]",
      "instances": [
        {
          "schema_version": 0,
          "attributes": {
            "availability_zone": null,
            "id": "arn:aws:elasticloadbalancing:ap-northeast-2:038462790556:targetgroup/cicd-dev-k8s-tg-kiali/6bd84c2d58d59af4-20250318000403492900000012",
            "port": null,
            "target_group_arn": "arn:aws:elasticloadbalancing:ap-northeast-2:038462790556:targetgroup/cicd-dev-k8s-tg-kiali/6bd84c2d58d59af4",
            "target_id": "i-0c8e7f0b40f3a7c2e"
          },
          "sensitive_attributes": [],
          "private": "bnVsbA==",
          "dependencies": [
            "aws_key_pair.sol_loginkey",
            "data.aws_internet_gateway.internet_gateway_info",
            "data.aws_vpc.vpc_info",
            "module.sol_iam_master_profile.aws_iam_instance_profile.sol_iam_profile",
            "module.sol_iam_master_role.aws_iam_role.sol_iam_role",
            "module.sol_infra_node.aws_instance.sol_ec2",
            "module.sol_infra_sg.aws_security_group.sol_sg",
            "module.sol_internet_gateway.aws_internet_gateway.sol_internet_gateway",
            "module.sol_lb_k8s_target_group.aws_lb_target_group.sol_target_group",
            "module.sol_master_node.aws_instance.sol_ec2",
            "module.sol_master_sg.aws_security_group.sol_sg",
            "module.sol_nat_eip.aws_eip.sol_eip",
            "module.sol_nic_master.aws_network_interface.sol_nic",
            "module.sol_nic_private.aws_network_interface.sol_nic",
            "module.sol_subnet_private.aws_subnet.sol_subnet",
            "module.sol_vpc.aws_vpc.sol_vpc"
          ]
        }
      ]
    },
    {
      "module": "module.sol_lb_k8s_target_group_attachment_master1[3]",
      "mode": "managed",
      "type": "aws_lb_target_group_attachment",
      "name": "sol_target_group_attachment",
      "provider": "provider[\"registry.terraform.io/hashicorp/aws\"]",
      "instances": [
        {
          "schema_version": 0,
          "attributes": {
            "availability_zone": null,
            "id": "arn:aws:elasticloadbalancing:ap-northeast-2:038462790556:targetgroup/cicd-dev-k8s-tg-jaeger/c94f04c2a7b5534a-2025031800040236270000000b",
            "port": null,
            "target_group_arn": "arn:aws:elasticloadbalancing:ap-northeast-2:038462790556:targetgroup/cicd-dev-k8s-tg-jaeger/c94f04c2a7b5534a",
            "target_id": "i-0c8e7f0b40f3a7c2e"
          },
          "sensitive_attributes": [],
          "private": "bnVsbA==",
          "dependencies": [
            "aws_key_pair.sol_loginkey",
            "data.aws_internet_gateway.internet_gateway_info",
            "data.aws_vpc.vpc_info",
            "module.sol_iam_master_profile.aws_iam_instance_profile.sol_iam_profile",
            "module.sol_iam_master_role.aws_iam_role.sol_iam_role",
            "module.sol_infra_node.aws_instance.sol_ec2",
            "module.sol_infra_sg.aws_security_group.sol_sg",
            "module.sol_internet_gateway.aws_internet_gateway.sol_internet_gateway",
            "module.sol_lb_k8s_target_group.aws_lb_target_group.sol_target_group",
            "module.sol_master_node.aws_instance.sol_ec2",
            "module.sol_master_sg.aws_security_group.sol_sg",
            "module.sol_nat_eip.aws_eip.sol_eip",
            "module.sol_nic_master.aws_network_interface.sol_nic",
            "module.sol_nic_private.aws_network_interface.sol_nic",
            "module.sol_subnet_private.aws_subnet.sol_subnet",
            "module.sol_vpc.aws_vpc.sol_vpc"
          ]
        }
      ]
    },
    {
      "module": "module.sol_lb_k8s_target_group_attachment_master1[4]",
      "mode": "managed",
      "type": "aws_lb_target_group_attachment",
      "name": "sol_target_group_attachment",
      "provider": "provider[\"registry.terraform.io/hashicorp/aws\"]",
      "instances": [
        {
          "schema_version": 0,
          "attributes": {
            "availability_zone": null,
            "id": "arn:aws:elasticloadbalancing:ap-northeast-2:038462790556:targetgroup/cicd-dev-k8s-tg-p8s/960917df2b4a493c-2025031800040246860000000f",
            "port": null,
            "target_group_arn": "arn:aws:elasticloadbalancing:ap-northeast-2:038462790556:targetgroup/cicd-dev-k8s-tg-p8s/960917df2b4a493c",
            "target_id": "i-0c8e7f0b40f3a7c2e"
          },
          "sensitive_attributes": [],
          "private": "bnVsbA==",
          "dependencies": [
            "aws_key_pair.sol_loginkey",
            "data.aws_internet_gateway.internet_gateway_info",
            "data.aws_vpc.vpc_info",
            "module.sol_iam_master_profile.aws_iam_instance_profile.sol_iam_profile",
            "module.sol_iam_master_role.aws_iam_role.sol_iam_role",
            "module.sol_infra_node.aws_instance.sol_ec2",
            "module.sol_infra_sg.aws_security_group.sol_sg",
            "module.sol_internet_gateway.aws_internet_gateway.sol_internet_gateway",
            "module.sol_lb_k8s_target_group.aws_lb_target_group.sol_target_group",
            "module.sol_master_node.aws_instance.sol_ec2",
            "module.sol_master_sg.aws_security_group.sol_sg",
            "module.sol_nat_eip.aws_eip.sol_eip",
            "module.sol_nic_master.aws_network_interface.sol_nic",
            "module.sol_nic_private.aws_network_interface.sol_nic",
            "module.sol_subnet_private.aws_subnet.sol_subnet",
            "module.sol_vpc.aws_vpc.sol_vpc"
          ]
        }
      ]
    },
    {
      "module": "module.sol_lb_k8s_target_group_attachment_master1[5]",
      "mode": "managed",
      "type": "aws_lb_target_group_attachment",
      "name": "sol_target_group_attachment",
      "provider": "provider[\"registry.terraform.io/hashicorp/aws\"]",
      "instances": [
        {
          "schema_version": 0,
          "attributes": {
            "availability_zone": null,
            "id": "arn:aws:elasticloadbalancing:ap-northeast-2:038462790556:targetgroup/cicd-dev-k8s-tg-dashboard/00425cd41009d94f-2025031800040239400000000d",
            "port": null,
            "target_group_arn": "arn:aws:elasticloadbalancing:ap-northeast-2:038462790556:targetgroup/cicd-dev-k8s-tg-dashboard/00425cd41009d94f",
            "target_id": "i-0c8e7f0b40f3a7c2e"
          },
          "sensitive_attributes": [],
          "private": "bnVsbA==",
          "dependencies": [
            "aws_key_pair.sol_loginkey",
            "data.aws_internet_gateway.internet_gateway_info",
            "data.aws_vpc.vpc_info",
            "module.sol_iam_master_profile.aws_iam_instance_profile.sol_iam_profile",
            "module.sol_iam_master_role.aws_iam_role.sol_iam_role",
            "module.sol_infra_node.aws_instance.sol_ec2",
            "module.sol_infra_sg.aws_security_group.sol_sg",
            "module.sol_internet_gateway.aws_internet_gateway.sol_internet_gateway",
            "module.sol_lb_k8s_target_group.aws_lb_target_group.sol_target_group",
            "module.sol_master_node.aws_instance.sol_ec2",
            "module.sol_master_sg.aws_security_group.sol_sg",
            "module.sol_nat_eip.aws_eip.sol_eip",
            "module.sol_nic_master.aws_network_interface.sol_nic",
            "module.sol_nic_private.aws_network_interface.sol_nic",
            "module.sol_subnet_private.aws_subnet.sol_subnet",
            "module.sol_vpc.aws_vpc.sol_vpc"
          ]
        }
      ]
    },
    {
      "module": "module.sol_lb_k8s_target_group_attachment_master1[6]",
      "mode": "managed",
      "type": "aws_lb_target_group_attachment",
      "name": "sol_target_group_attachment",
      "provider": "provider[\"registry.terraform.io/hashicorp/aws\"]",
      "instances": [
        {
          "schema_version": 0,
          "attributes": {
            "availability_zone": null,
            "id": "arn:aws:elasticloadbalancing:ap-northeast-2:038462790556:targetgroup/cicd-dev-k8s-tg-istio/59c3acf33f82b51c-20250318000402874400000011",
            "port": null,
            "target_group_arn": "arn:aws:elasticloadbalancing:ap-northeast-2:038462790556:targetgroup/cicd-dev-k8s-tg-istio/59c3acf33f82b51c",
            "target_id": "i-0c8e7f0b40f3a7c2e"
          },
          "sensitive_attributes": [],
          "private": "bnVsbA==",
          "dependencies": [
            "aws_key_pair.sol_loginkey",
            "data.aws_internet_gateway.internet_gateway_info",
            "data.aws_vpc.vpc_info",
            "module.sol_iam_master_profile.aws_iam_instance_profile.sol_iam_profile",
            "module.sol_iam_master_role.aws_iam_role.sol_iam_role",
            "module.sol_infra_node.aws_instance.sol_ec2",
            "module.sol_infra_sg.aws_security_group.sol_sg",
            "module.sol_internet_gateway.aws_internet_gateway.sol_internet_gateway",
            "module.sol_lb_k8s_target_group.aws_lb_target_group.sol_target_group",
            "module.sol_master_node.aws_instance.sol_ec2",
            "module.sol_master_sg.aws_security_group.sol_sg",
            "module.sol_nat_eip.aws_eip.sol_eip",
            "module.sol_nic_master.aws_network_interface.sol_nic",
            "module.sol_nic_private.aws_network_interface.sol_nic",
            "module.sol_subnet_private.aws_subnet.sol_subnet",
            "module.sol_vpc.aws_vpc.sol_vpc"
          ]
        }
      ]
    },
    {
      "module": "module.sol_lb_k8s_target_group_attachment_master1[7]",
      "mode": "managed",
      "type": "aws_lb_target_group_attachment",
      "name": "sol_target_group_attachment",
      "provider": "provider[\"registry.terraform.io/hashicorp/aws\"]",
      "instances": [
        {
          "schema_version": 0,
          "attributes": {
            "availability_zone": null,
            "id": "arn:aws:elasticloadbalancing:ap-northeast-2:038462790556:targetgroup/cicd-dev-k8s-tg-hubble/4fccccde958474cf-2025031800040236520000000c",
            "port": null,
            "target_group_arn": "arn:aws:elasticloadbalancing:ap-northeast-2:038462790556:targetgroup/cicd-dev-k8s-tg-hubble/4fccccde958474cf",
            "target_id": "i-0c8e7f0b40f3a7c2e"
          },
          "sensitive_attributes": [],
          "private": "bnVsbA==",
          "dependencies": [
            "aws_key_pair.sol_loginkey",
            "data.aws_internet_gateway.internet_gateway_info",
            "data.aws_vpc.vpc_info",
            "module.sol_iam_master_profile.aws_iam_instance_profile.sol_iam_profile",
            "module.sol_iam_master_role.aws_iam_role.sol_iam_role",
            "module.sol_infra_node.aws_instance.sol_ec2",
            "module.sol_infra_sg.aws_security_group.sol_sg",
            "module.sol_internet_gateway.aws_internet_gateway.sol_internet_gateway",
            "module.sol_lb_k8s_target_group.aws_lb_target_group.sol_target_group",
            "module.sol_master_node.aws_instance.sol_ec2",
            "module.sol_master_sg.aws_security_group.sol_sg",
            "module.sol_nat_eip.aws_eip.sol_eip",
            "module.sol_nic_master.aws_network_interface.sol_nic",
            "module.sol_nic_private.aws_network_interface.sol_nic",
            "module.sol_subnet_private.aws_subnet.sol_subnet",
            "module.sol_vpc.aws_vpc.sol_vpc"
          ]
        }
      ]
    },
    {
      "module": "module.sol_lb_listener[0]",
      "mode": "managed",
      "type": "aws_lb_listener",
      "name": "sol_lb_listener",
      "provider": "provider[\"registry.terraform.io/hashicorp/aws\"]",
      "instances": [
        {
          "schema_version": 0,
          "attributes": {
            "alpn_policy": null,
            "arn": "arn:aws:elasticloadbalancing:ap-northeast-2:038462790556:listener/net/cicd-dev-infra-lb/7800375cae98720b/bd66df3d70a602b1",
            "certificate_arn": null,
            "default_action": [
              {
                "authenticate_cognito": [],
                "authenticate_oidc": [],
                "fixed_response": [],
                "forward": [],
                "order": 1,
                "redirect": [],
                "target_group_arn": "arn:aws:elasticloadbalancing:ap-northeast-2:038462790556:targetgroup/cicd-dev-infra-tg-harbor/098c0815f897914d",
                "type": "forward"
              }
            ],
            "id": "arn:aws:elasticloadbalancing:ap-northeast-2:038462790556:listener/net/cicd-dev-infra-lb/7800375cae98720b/bd66df3d70a602b1",
            "load_balancer_arn": "arn:aws:elasticloadbalancing:ap-northeast-2:038462790556:loadbalancer/net/cicd-dev-infra-lb/7800375cae98720b",
            "mutual_authentication": [],
            "port": 5443,
            "protocol": "TCP",
            "ssl_policy": "",
            "tags": {},
            "tags_all": {},
            "tcp_idle_timeout_seconds": 360,
            "timeouts": null
          },
          "sensitive_attributes": [],
          "private": "eyJlMmJmYjczMC1lY2FhLTExZTYtOGY4OC0zNDM2M2JjN2M0YzAiOnsiY3JlYXRlIjozMDAwMDAwMDAwMDAsInVwZGF0ZSI6MzAwMDAwMDAwMDAwfX0=",
          "dependencies": [
            "data.aws_vpc.vpc_info",
            "module.sol_infra_lb_sg.aws_security_group.sol_sg",
            "module.sol_lb_infra.aws_lb.sol_lb",
            "module.sol_lb_infra_target_group.aws_lb_target_group.sol_target_group",
            "module.sol_subnet_public.aws_subnet.sol_subnet",
            "module.sol_vpc.aws_vpc.sol_vpc"
          ]
        }
      ]
    },
    {
      "module": "module.sol_lb_listener[1]",
      "mode": "managed",
      "type": "aws_lb_listener",
      "name": "sol_lb_listener",
      "provider": "provider[\"registry.terraform.io/hashicorp/aws\"]",
      "instances": [
        {
          "schema_version": 0,
          "attributes": {
            "alpn_policy": null,
            "arn": "arn:aws:elasticloadbalancing:ap-northeast-2:038462790556:listener/net/cicd-dev-infra-lb/7800375cae98720b/fe0e12d66f2202d1",
            "certificate_arn": null,
            "default_action": [
              {
                "authenticate_cognito": [],
                "authenticate_oidc": [],
                "fixed_response": [],
                "forward": [],
                "order": 1,
                "redirect": [],
                "target_group_arn": "arn:aws:elasticloadbalancing:ap-northeast-2:038462790556:targetgroup/cicd-dev-infra-tg-gitlab/1a4f75acf7fb72a7",
                "type": "forward"
              }
            ],
            "id": "arn:aws:elasticloadbalancing:ap-northeast-2:038462790556:listener/net/cicd-dev-infra-lb/7800375cae98720b/fe0e12d66f2202d1",
            "load_balancer_arn": "arn:aws:elasticloadbalancing:ap-northeast-2:038462790556:loadbalancer/net/cicd-dev-infra-lb/7800375cae98720b",
            "mutual_authentication": [],
            "port": 8443,
            "protocol": "TCP",
            "ssl_policy": "",
            "tags": {},
            "tags_all": {},
            "tcp_idle_timeout_seconds": 360,
            "timeouts": null
          },
          "sensitive_attributes": [],
          "private": "eyJlMmJmYjczMC1lY2FhLTExZTYtOGY4OC0zNDM2M2JjN2M0YzAiOnsiY3JlYXRlIjozMDAwMDAwMDAwMDAsInVwZGF0ZSI6MzAwMDAwMDAwMDAwfX0=",
          "dependencies": [
            "data.aws_vpc.vpc_info",
            "module.sol_infra_lb_sg.aws_security_group.sol_sg",
            "module.sol_lb_infra.aws_lb.sol_lb",
            "module.sol_lb_infra_target_group.aws_lb_target_group.sol_target_group",
            "module.sol_subnet_public.aws_subnet.sol_subnet",
            "module.sol_vpc.aws_vpc.sol_vpc"
          ]
        }
      ]
    },
    {
      "module": "module.sol_lb_listener[2]",
      "mode": "managed",
      "type": "aws_lb_listener",
      "name": "sol_lb_listener",
      "provider": "provider[\"registry.terraform.io/hashicorp/aws\"]",
      "instances": [
        {
          "schema_version": 0,
          "attributes": {
            "alpn_policy": null,
            "arn": "arn:aws:elasticloadbalancing:ap-northeast-2:038462790556:listener/net/cicd-dev-infra-lb/7800375cae98720b/41cc05251cd61b8b",
            "certificate_arn": null,
            "default_action": [
              {
                "authenticate_cognito": [],
                "authenticate_oidc": [],
                "fixed_response": [],
                "forward": [],
                "order": 1,
                "redirect": [],
                "target_group_arn": "arn:aws:elasticloadbalancing:ap-northeast-2:038462790556:targetgroup/cicd-dev-infra-tg-nexus/a4132a56ece7f3cf",
                "type": "forward"
              }
            ],
            "id": "arn:aws:elasticloadbalancing:ap-northeast-2:038462790556:listener/net/cicd-dev-infra-lb/7800375cae98720b/41cc05251cd61b8b",
            "load_balancer_arn": "arn:aws:elasticloadbalancing:ap-northeast-2:038462790556:loadbalancer/net/cicd-dev-infra-lb/7800375cae98720b",
            "mutual_authentication": [],
            "port": 8081,
            "protocol": "TCP",
            "ssl_policy": "",
            "tags": {},
            "tags_all": {},
            "tcp_idle_timeout_seconds": 360,
            "timeouts": null
          },
          "sensitive_attributes": [],
          "private": "eyJlMmJmYjczMC1lY2FhLTExZTYtOGY4OC0zNDM2M2JjN2M0YzAiOnsiY3JlYXRlIjozMDAwMDAwMDAwMDAsInVwZGF0ZSI6MzAwMDAwMDAwMDAwfX0=",
          "dependencies": [
            "data.aws_vpc.vpc_info",
            "module.sol_infra_lb_sg.aws_security_group.sol_sg",
            "module.sol_lb_infra.aws_lb.sol_lb",
            "module.sol_lb_infra_target_group.aws_lb_target_group.sol_target_group",
            "module.sol_subnet_public.aws_subnet.sol_subnet",
            "module.sol_vpc.aws_vpc.sol_vpc"
          ]
        }
      ]
    },
    {
      "module": "module.sol_lb_listener[3]",
      "mode": "managed",
      "type": "aws_lb_listener",
      "name": "sol_lb_listener",
      "provider": "provider[\"registry.terraform.io/hashicorp/aws\"]",
      "instances": [
        {
          "schema_version": 0,
          "attributes": {
            "alpn_policy": null,
            "arn": "arn:aws:elasticloadbalancing:ap-northeast-2:038462790556:listener/net/cicd-dev-infra-lb/7800375cae98720b/3a0436abff2a522a",
            "certificate_arn": null,
            "default_action": [
              {
                "authenticate_cognito": [],
                "authenticate_oidc": [],
                "fixed_response": [],
                "forward": [],
                "order": 1,
                "redirect": [],
                "target_group_arn": "arn:aws:elasticloadbalancing:ap-northeast-2:038462790556:targetgroup/cicd-dev-infra-tg-jenkins/96a5b8bec86fbbc1",
                "type": "forward"
              }
            ],
            "id": "arn:aws:elasticloadbalancing:ap-northeast-2:038462790556:listener/net/cicd-dev-infra-lb/7800375cae98720b/3a0436abff2a522a",
            "load_balancer_arn": "arn:aws:elasticloadbalancing:ap-northeast-2:038462790556:loadbalancer/net/cicd-dev-infra-lb/7800375cae98720b",
            "mutual_authentication": [],
            "port": 8080,
            "protocol": "TCP",
            "ssl_policy": "",
            "tags": {},
            "tags_all": {},
            "tcp_idle_timeout_seconds": 360,
            "timeouts": null
          },
          "sensitive_attributes": [],
          "private": "eyJlMmJmYjczMC1lY2FhLTExZTYtOGY4OC0zNDM2M2JjN2M0YzAiOnsiY3JlYXRlIjozMDAwMDAwMDAwMDAsInVwZGF0ZSI6MzAwMDAwMDAwMDAwfX0=",
          "dependencies": [
            "data.aws_vpc.vpc_info",
            "module.sol_infra_lb_sg.aws_security_group.sol_sg",
            "module.sol_lb_infra.aws_lb.sol_lb",
            "module.sol_lb_infra_target_group.aws_lb_target_group.sol_target_group",
            "module.sol_subnet_public.aws_subnet.sol_subnet",
            "module.sol_vpc.aws_vpc.sol_vpc"
          ]
        }
      ]
    },
    {
      "module": "module.sol_lb_listener[4]",
      "mode": "managed",
      "type": "aws_lb_listener",
      "name": "sol_lb_listener",
      "provider": "provider[\"registry.terraform.io/hashicorp/aws\"]",
      "instances": [
        {
          "schema_version": 0,
          "attributes": {
            "alpn_policy": null,
            "arn": "arn:aws:elasticloadbalancing:ap-northeast-2:038462790556:listener/net/cicd-dev-infra-lb/7800375cae98720b/6f3d10ffdac6de76",
            "certificate_arn": null,
            "default_action": [
              {
                "authenticate_cognito": [],
                "authenticate_oidc": [],
                "fixed_response": [],
                "forward": [],
                "order": 1,
                "redirect": [],
                "target_group_arn": "arn:aws:elasticloadbalancing:ap-northeast-2:038462790556:targetgroup/cicd-dev-infra-tg-mysql/4dd406b3780e77dc",
                "type": "forward"
              }
            ],
            "id": "arn:aws:elasticloadbalancing:ap-northeast-2:038462790556:listener/net/cicd-dev-infra-lb/7800375cae98720b/6f3d10ffdac6de76",
            "load_balancer_arn": "arn:aws:elasticloadbalancing:ap-northeast-2:038462790556:loadbalancer/net/cicd-dev-infra-lb/7800375cae98720b",
            "mutual_authentication": [],
            "port": 9000,
            "protocol": "TCP",
            "ssl_policy": "",
            "tags": {},
            "tags_all": {},
            "tcp_idle_timeout_seconds": 360,
            "timeouts": null
          },
          "sensitive_attributes": [],
          "private": "eyJlMmJmYjczMC1lY2FhLTExZTYtOGY4OC0zNDM2M2JjN2M0YzAiOnsiY3JlYXRlIjozMDAwMDAwMDAwMDAsInVwZGF0ZSI6MzAwMDAwMDAwMDAwfX0=",
          "dependencies": [
            "data.aws_vpc.vpc_info",
            "module.sol_infra_lb_sg.aws_security_group.sol_sg",
            "module.sol_lb_infra.aws_lb.sol_lb",
            "module.sol_lb_infra_target_group.aws_lb_target_group.sol_target_group",
            "module.sol_subnet_public.aws_subnet.sol_subnet",
            "module.sol_vpc.aws_vpc.sol_vpc"
          ]
        }
      ]
    },
    {
      "module": "module.sol_lb_listener[5]",
      "mode": "managed",
      "type": "aws_lb_listener",
      "name": "sol_lb_listener",
      "provider": "provider[\"registry.terraform.io/hashicorp/aws\"]",
      "instances": [
        {
          "schema_version": 0,
          "attributes": {
            "alpn_policy": null,
            "arn": "arn:aws:elasticloadbalancing:ap-northeast-2:038462790556:listener/net/cicd-dev-infra-lb/7800375cae98720b/f2d6639240bcb834",
            "certificate_arn": null,
            "default_action": [
              {
                "authenticate_cognito": [],
                "authenticate_oidc": [],
                "fixed_response": [],
                "forward": [],
                "order": 1,
                "redirect": [],
                "target_group_arn": "arn:aws:elasticloadbalancing:ap-northeast-2:038462790556:targetgroup/cicd-dev-infra-tg-admin/9b153b37a1c7cf24",
                "type": "forward"
              }
            ],
            "id": "arn:aws:elasticloadbalancing:ap-northeast-2:038462790556:listener/net/cicd-dev-infra-lb/7800375cae98720b/f2d6639240bcb834",
            "load_balancer_arn": "arn:aws:elasticloadbalancing:ap-northeast-2:038462790556:loadbalancer/net/cicd-dev-infra-lb/7800375cae98720b",
            "mutual_authentication": [],
            "port": 30130,
            "protocol": "TCP",
            "ssl_policy": "",
            "tags": {},
            "tags_all": {},
            "tcp_idle_timeout_seconds": 360,
            "timeouts": null
          },
          "sensitive_attributes": [],
          "private": "eyJlMmJmYjczMC1lY2FhLTExZTYtOGY4OC0zNDM2M2JjN2M0YzAiOnsiY3JlYXRlIjozMDAwMDAwMDAwMDAsInVwZGF0ZSI6MzAwMDAwMDAwMDAwfX0=",
          "dependencies": [
            "data.aws_vpc.vpc_info",
            "module.sol_infra_lb_sg.aws_security_group.sol_sg",
            "module.sol_lb_infra.aws_lb.sol_lb",
            "module.sol_lb_infra_target_group.aws_lb_target_group.sol_target_group",
            "module.sol_subnet_public.aws_subnet.sol_subnet",
            "module.sol_vpc.aws_vpc.sol_vpc"
          ]
        }
      ]
    },
    {
      "module": "module.sol_master_node[0]",
      "mode": "managed",
      "type": "aws_instance",
      "name": "sol_ec2",
      "provider": "provider[\"registry.terraform.io/hashicorp/aws\"]",
      "instances": [
        {
          "schema_version": 1,
          "attributes": {
            "ami": "ami-0a0cd2f78e9ef322a",
            "arn": "arn:aws:ec2:ap-northeast-2:038462790556:instance/i-0c8e7f0b40f3a7c2e",
            "associate_public_ip_address": false,
            "availability_zone": "ap-northeast-2a",
            "capacity_reservation_specification": [
              {
                "capacity_reservation_preference": "open",
                "capacity_reservation_target": []
              }
            ],
            "cpu_core_count": 2,
            "cpu_options": [
              {
                "amd_sev_snp": "",
                "core_count": 2,
                "threads_per_core": 2
              }
            ],
            "cpu_threads_per_core": 2,
            "credit_specification": [
              {
                "cpu_credits": "unlimited"
              }
            ],
            "disable_api_stop": false,
            "disable_api_termination": false,
            "ebs_block_device": [
              {
                "delete_on_termination": true,
                "device_name": "/dev/sdf",
                "encrypted": false,
                "iops": 100,
                "kms_key_id": "",
                "snapshot_id": "",
                "tags": {},
                "tags_all": {},
                "throughput": 0,
                "volume_id": "vol-0f6e7167c8d6af2ef",
                "volume_size": 10,
                "volume_type": "gp2"
              }
            ],
            "ebs_optimized": false,
            "enable_primary_ipv6": null,
            "enclave_options": [
              {
                "enabled": false
              }
            ],
            "ephemeral_block_device": [],
            "get_password_data": false,
            "hibernation": false,
            "host_id": "",
            "host_resource_group_arn": null,
            "iam_instance_profile": "cicd-dev-master_profile",
            "id": "i-0c8e7f0b40f3a7c2e",
            "instance_initiated_shutdown_behavior": "stop",
            "instance_lifecycle": "",
            "instance_market_options": [],
            "instance_state": "running",
            "instance_type": "t3.xlarge",
            "ipv6_address_count": 0,
            "ipv6_addresses": [],
            "key_name": "cicd-dev-key",
            "launch_template": [],
            "maintenance_options": [
              {
                "auto_recovery": "default"
              }
            ],
            "metadata_options": [
              {
                "http_endpoint": "enabled",
                "http_protocol_ipv6": "disabled",
                "http_put_response_hop_limit": 1,
                "http_tokens": "optional",
                "instance_metadata_tags": "disabled"
              }
            ],
            "monitoring": false,
            "network_interface": [
              {
                "delete_on_termination": false,
                "device_index": 0,
                "network_card_index": 0,
                "network_interface_id": "eni-00dbda54a99a13466"
              }
            ],
            "outpost_arn": "",
            "password_data": "",
            "placement_group": "",
            "placement_partition_number": 0,
            "primary_network_interface_id": "eni-00dbda54a99a13466",
            "private_dns": "ip-10-0-2-41.ap-northeast-2.compute.internal",
            "private_dns_name_options": [
              {
                "enable_resource_name_dns_a_record": false,
                "enable_resource_name_dns_aaaa_record": false,
                "hostname_type": "ip-name"
              }
            ],
            "private_ip": "10.0.2.41",
            "public_dns": "",
            "public_ip": "",
            "root_block_device": [
              {
                "delete_on_termination": true,
                "device_name": "/dev/sda1",
                "encrypted": false,
                "iops": 150,
                "kms_key_id": "",
                "tags": null,
                "tags_all": {},
                "throughput": 0,
                "volume_id": "vol-0df9881ef8e6faf92",
                "volume_size": 50,
                "volume_type": "gp2"
              }
            ],
            "secondary_private_ips": [],
            "security_groups": [],
            "source_dest_check": true,
            "spot_instance_request_id": "",
            "subnet_id": "subnet-06a7fe0c824bb7577",
            "tags": {
              "Name": "cicd-dev-master-0",
              "kubernetes.io/cluster/cicd/dev": "owned",
              "type": "cicd-dev"
            },
            "tags_all": {
              "Name": "cicd-dev-master-0",
              "kubernetes.io/cluster/cicd/dev": "owned",
              "type": "cicd-dev"
            },
            "tenancy": "default",
            "timeouts": null,
            "user_data": "8e4df20fe671f064b0b625a33fb37f59156a2f34",
            "user_data_base64": null,
            "user_data_replace_on_change": false,
            "volume_tags": null,
            "vpc_security_group_ids": [
              "sg-0682e91254a949095"
            ]
          },
          "sensitive_attributes": [],
          "private": "eyJlMmJmYjczMC1lY2FhLTExZTYtOGY4OC0zNDM2M2JjN2M0YzAiOnsiY3JlYXRlIjo2MDAwMDAwMDAwMDAsImRlbGV0ZSI6MTIwMDAwMDAwMDAwMCwicmVhZCI6OTAwMDAwMDAwMDAwLCJ1cGRhdGUiOjYwMDAwMDAwMDAwMH0sInNjaGVtYV92ZXJzaW9uIjoiMSJ9",
          "dependencies": [
            "aws_key_pair.sol_loginkey",
            "data.aws_internet_gateway.internet_gateway_info",
            "data.aws_vpc.vpc_info",
            "module.sol_iam_master_profile.aws_iam_instance_profile.sol_iam_profile",
            "module.sol_iam_master_role.aws_iam_role.sol_iam_role",
            "module.sol_infra_node.aws_instance.sol_ec2",
            "module.sol_infra_sg.aws_security_group.sol_sg",
            "module.sol_internet_gateway.aws_internet_gateway.sol_internet_gateway",
            "module.sol_master_sg.aws_security_group.sol_sg",
            "module.sol_nat_eip.aws_eip.sol_eip",
            "module.sol_nic_master.aws_network_interface.sol_nic",
            "module.sol_nic_private.aws_network_interface.sol_nic",
            "module.sol_subnet_private.aws_subnet.sol_subnet",
            "module.sol_vpc.aws_vpc.sol_vpc"
          ]
        }
      ]
    },
    {
      "module": "module.sol_master_sg[0]",
      "mode": "managed",
      "type": "aws_security_group",
      "name": "sol_sg",
      "provider": "provider[\"registry.terraform.io/hashicorp/aws\"]",
      "instances": [
        {
          "schema_version": 1,
          "attributes": {
            "arn": "arn:aws:ec2:ap-northeast-2:038462790556:security-group/sg-0682e91254a949095",
            "description": "Security Group For Master Node",
            "egress": [
              {
                "cidr_blocks": [
                  "0.0.0.0/0"
                ],
                "description": "",
                "from_port": 0,
                "ipv6_cidr_blocks": [],
                "prefix_list_ids": [],
                "protocol": "-1",
                "security_groups": [],
                "self": false,
                "to_port": 0
              }
            ],
            "id": "sg-0682e91254a949095",
            "ingress": [
              {
                "cidr_blocks": [
                  "0.0.0.0/0"
                ],
                "description": "",
                "from_port": 0,
                "ipv6_cidr_blocks": [],
                "prefix_list_ids": [],
                "protocol": "-1",
                "security_groups": [],
                "self": false,
                "to_port": 0
              },
              {
                "cidr_blocks": [
                  "10.0.2.0/24"
                ],
                "description": "",
                "from_port": 0,
                "ipv6_cidr_blocks": [],
                "prefix_list_ids": [],
                "protocol": "-1",
                "security_groups": [],
                "self": false,
                "to_port": 0
              },
              {
                "cidr_blocks": [
                  "220.118.2.248/32"
                ],
                "description": "",
                "from_port": 0,
                "ipv6_cidr_blocks": [],
                "prefix_list_ids": [],
                "protocol": "-1",
                "security_groups": [],
                "self": false,
                "to_port": 0
              },
              {
                "cidr_blocks": [
                  "52.78.142.59/32"
                ],
                "description": "",
                "from_port": 0,
                "ipv6_cidr_blocks": [],
                "prefix_list_ids": [],
                "protocol": "-1",
                "security_groups": [],
                "self": false,
                "to_port": 0
              }
            ],
            "name": "cicd-dev-master-sg",
            "name_prefix": "",
            "owner_id": "038462790556",
            "revoke_rules_on_delete": false,
            "tags": {
              "Name": "cicd-dev-master-sg",
              "kubernetes.io/cluster/cicd/dev": "owned"
            },
            "tags_all": {
              "Name": "cicd-dev-master-sg",
              "kubernetes.io/cluster/cicd/dev": "owned"
            },
            "timeouts": null,
            "vpc_id": "vpc-0e9bc0bdd4f47312c"
          },
          "sensitive_attributes": [],
          "private": "eyJlMmJmYjczMC1lY2FhLTExZTYtOGY4OC0zNDM2M2JjN2M0YzAiOnsiY3JlYXRlIjo2MDAwMDAwMDAwMDAsImRlbGV0ZSI6OTAwMDAwMDAwMDAwfSwic2NoZW1hX3ZlcnNpb24iOiIxIn0=",
          "dependencies": [
            "data.aws_internet_gateway.internet_gateway_info",
            "data.aws_vpc.vpc_info",
            "module.sol_internet_gateway.aws_internet_gateway.sol_internet_gateway",
            "module.sol_nat_eip.aws_eip.sol_eip",
            "module.sol_vpc.aws_vpc.sol_vpc"
          ]
        }
      ]
    },
    {
      "module": "module.sol_nas_sg[0]",
      "mode": "managed",
      "type": "aws_security_group",
      "name": "sol_sg",
      "provider": "provider[\"registry.terraform.io/hashicorp/aws\"]",
      "instances": [
        {
          "schema_version": 1,
          "attributes": {
            "arn": "arn:aws:ec2:ap-northeast-2:038462790556:security-group/sg-0e01415372d27048d",
            "description": "Security Group for NAS",
            "egress": [
              {
                "cidr_blocks": [
                  "0.0.0.0/0"
                ],
                "description": "",
                "from_port": 0,
                "ipv6_cidr_blocks": [],
                "prefix_list_ids": [],
                "protocol": "-1",
                "security_groups": [],
                "self": false,
                "to_port": 0
              }
            ],
            "id": "sg-0e01415372d27048d",
            "ingress": [
              {
                "cidr_blocks": [
                  "10.0.2.0/24"
                ],
                "description": "",
                "from_port": 0,
                "ipv6_cidr_blocks": [],
                "prefix_list_ids": [],
                "protocol": "-1",
                "security_groups": [],
                "self": false,
                "to_port": 0
              }
            ],
            "name": "cicd-dev-nas-sg",
            "name_prefix": "",
            "owner_id": "038462790556",
            "revoke_rules_on_delete": false,
            "tags": {
              "Name": "cicd-dev-nas-sg",
              "kubernetes.io/cluster/cicd/dev": "owned"
            },
            "tags_all": {
              "Name": "cicd-dev-nas-sg",
              "kubernetes.io/cluster/cicd/dev": "owned"
            },
            "timeouts": null,
            "vpc_id": "vpc-0e9bc0bdd4f47312c"
          },
          "sensitive_attributes": [],
          "private": "eyJlMmJmYjczMC1lY2FhLTExZTYtOGY4OC0zNDM2M2JjN2M0YzAiOnsiY3JlYXRlIjo2MDAwMDAwMDAwMDAsImRlbGV0ZSI6OTAwMDAwMDAwMDAwfSwic2NoZW1hX3ZlcnNpb24iOiIxIn0=",
          "dependencies": [
            "data.aws_vpc.vpc_info",
            "module.sol_vpc.aws_vpc.sol_vpc"
          ]
        }
      ]
    },
    {
      "module": "module.sol_nat_eip[0]",
      "mode": "managed",
      "type": "aws_eip",
      "name": "sol_eip",
      "provider": "provider[\"registry.terraform.io/hashicorp/aws\"]",
      "instances": [
        {
          "schema_version": 0,
          "attributes": {
            "address": null,
            "allocation_id": "eipalloc-03184dd7cf9d2c79a",
            "arn": "arn:aws:ec2:ap-northeast-2:038462790556:elastic-ip/eipalloc-03184dd7cf9d2c79a",
            "associate_with_private_ip": null,
            "association_id": "eipassoc-0fa15822936bf0c5e",
            "carrier_ip": "",
            "customer_owned_ip": "",
            "customer_owned_ipv4_pool": "",
            "domain": "vpc",
            "id": "eipalloc-03184dd7cf9d2c79a",
            "instance": "",
            "ipam_pool_id": null,
            "network_border_group": "ap-northeast-2",
            "network_interface": "eni-0e4ce1761d43ee643",
            "private_dns": "ip-10-0-1-237.ap-northeast-2.compute.internal",
            "private_ip": "10.0.1.237",
            "ptr_record": "",
            "public_dns": "ec2-52-78-142-59.ap-northeast-2.compute.amazonaws.com",
            "public_ip": "52.78.142.59",
            "public_ipv4_pool": "amazon",
            "tags": {
              "Name": "cicd-dev-ap-northeast-2a-nat-eip"
            },
            "tags_all": {
              "Name": "cicd-dev-ap-northeast-2a-nat-eip"
            },
            "timeouts": null,
            "vpc": true
          },
          "sensitive_attributes": [],
          "private": "eyJlMmJmYjczMC1lY2FhLTExZTYtOGY4OC0zNDM2M2JjN2M0YzAiOnsiZGVsZXRlIjoxODAwMDAwMDAwMDAsInJlYWQiOjkwMDAwMDAwMDAwMCwidXBkYXRlIjozMDAwMDAwMDAwMDB9fQ==",
          "dependencies": [
            "data.aws_internet_gateway.internet_gateway_info",
            "data.aws_vpc.vpc_info",
            "module.sol_internet_gateway.aws_internet_gateway.sol_internet_gateway",
            "module.sol_vpc.aws_vpc.sol_vpc"
          ]
        }
      ]
    },
    {
      "module": "module.sol_nat_gateway[0]",
      "mode": "managed",
      "type": "aws_nat_gateway",
      "name": "sol_nat_gateway",
      "provider": "provider[\"registry.terraform.io/hashicorp/aws\"]",
      "instances": [
        {
          "schema_version": 0,
          "attributes": {
            "allocation_id": "eipalloc-03184dd7cf9d2c79a",
            "association_id": "eipassoc-0fa15822936bf0c5e",
            "connectivity_type": "public",
            "id": "nat-0f638864bc13493ef",
            "network_interface_id": "eni-0e4ce1761d43ee643",
            "private_ip": "10.0.1.237",
            "public_ip": "52.78.142.59",
            "secondary_allocation_ids": [],
            "secondary_private_ip_address_count": 0,
            "secondary_private_ip_addresses": [],
            "subnet_id": "subnet-0ab1ebba2c4f50bfb",
            "tags": {
              "Name": "cicd-dev-ap-northeast-2a-nat"
            },
            "tags_all": {
              "Name": "cicd-dev-ap-northeast-2a-nat"
            },
            "timeouts": null
          },
          "sensitive_attributes": [],
          "private": "eyJlMmJmYjczMC1lY2FhLTExZTYtOGY4OC0zNDM2M2JjN2M0YzAiOnsiY3JlYXRlIjo2MDAwMDAwMDAwMDAsImRlbGV0ZSI6MTgwMDAwMDAwMDAwMCwidXBkYXRlIjo2MDAwMDAwMDAwMDB9fQ==",
          "dependencies": [
            "data.aws_internet_gateway.internet_gateway_info",
            "data.aws_vpc.vpc_info",
            "module.sol_internet_gateway.aws_internet_gateway.sol_internet_gateway",
            "module.sol_nat_eip.aws_eip.sol_eip",
            "module.sol_subnet_public.aws_subnet.sol_subnet",
            "module.sol_vpc.aws_vpc.sol_vpc"
          ]
        }
      ]
    },
    {
      "module": "module.sol_nic_master[0]",
      "mode": "managed",
      "type": "aws_network_interface",
      "name": "sol_nic",
      "provider": "provider[\"registry.terraform.io/hashicorp/aws\"]",
      "instances": [
        {
          "schema_version": 0,
          "attributes": {
            "arn": "arn:aws:ec2:ap-northeast-2:038462790556:network-interface/eni-00dbda54a99a13466",
            "attachment": [],
            "description": "For kubernetes master VM NIC",
            "enable_primary_ipv6": null,
            "id": "eni-00dbda54a99a13466",
            "interface_type": "interface",
            "ipv4_prefix_count": 0,
            "ipv4_prefixes": [],
            "ipv6_address_count": 0,
            "ipv6_address_list": [],
            "ipv6_address_list_enabled": false,
            "ipv6_addresses": [],
            "ipv6_prefix_count": 0,
            "ipv6_prefixes": [],
            "mac_address": "02:71:a3:67:ae:4d",
            "outpost_arn": "",
            "owner_id": "038462790556",
            "private_dns_name": "ip-10-0-2-41.ap-northeast-2.compute.internal",
            "private_ip": "10.0.2.41",
            "private_ip_list": [
              "10.0.2.41"
            ],
            "private_ip_list_enabled": false,
            "private_ips": [
              "10.0.2.41"
            ],
            "private_ips_count": 0,
            "security_groups": [
              "sg-0682e91254a949095"
            ],
            "source_dest_check": true,
            "subnet_id": "subnet-06a7fe0c824bb7577",
            "tags": {
              "Name": "cicd-dev-0-master-nic",
              "kubernetes.io/cluster/cicd/dev": "owned"
            },
            "tags_all": {
              "Name": "cicd-dev-0-master-nic",
              "kubernetes.io/cluster/cicd/dev": "owned"
            }
          },
          "sensitive_attributes": [],
          "private": "bnVsbA==",
          "dependencies": [
            "data.aws_internet_gateway.internet_gateway_info",
            "data.aws_vpc.vpc_info",
            "module.sol_internet_gateway.aws_internet_gateway.sol_internet_gateway",
            "module.sol_master_sg.aws_security_group.sol_sg",
            "module.sol_nat_eip.aws_eip.sol_eip",
            "module.sol_subnet_private.aws_subnet.sol_subnet",
            "module.sol_vpc.aws_vpc.sol_vpc"
          ]
        }
      ]
    },
    {
      "module": "module.sol_nic_private[0]",
      "mode": "managed",
      "type": "aws_network_interface",
      "name": "sol_nic",
      "provider": "provider[\"registry.terraform.io/hashicorp/aws\"]",
      "instances": [
        {
          "schema_version": 0,
          "attributes": {
            "arn": "arn:aws:ec2:ap-northeast-2:038462790556:network-interface/eni-0ab9bb409cc5fe56d",
            "attachment": [],
            "description": "For Private Infra VM NIC",
            "enable_primary_ipv6": null,
            "id": "eni-0ab9bb409cc5fe56d",
            "interface_type": "interface",
            "ipv4_prefix_count": 0,
            "ipv4_prefixes": [],
            "ipv6_address_count": 0,
            "ipv6_address_list": [],
            "ipv6_address_list_enabled": false,
            "ipv6_addresses": [],
            "ipv6_prefix_count": 0,
            "ipv6_prefixes": [],
            "mac_address": "02:13:5d:1f:8e:bd",
            "outpost_arn": "",
            "owner_id": "038462790556",
            "private_dns_name": "ip-10-0-2-63.ap-northeast-2.compute.internal",
            "private_ip": "10.0.2.63",
            "private_ip_list": [
              "10.0.2.63"
            ],
            "private_ip_list_enabled": false,
            "private_ips": [
              "10.0.2.63"
            ],
            "private_ips_count": 0,
            "security_groups": [
              "sg-0988c4118ab039cc1"
            ],
            "source_dest_check": true,
            "subnet_id": "subnet-06a7fe0c824bb7577",
            "tags": {
              "Name": "cicd-dev-0-infra-nic",
              "kubernetes.io/cluster/cicd/dev": "owned"
            },
            "tags_all": {
              "Name": "cicd-dev-0-infra-nic",
              "kubernetes.io/cluster/cicd/dev": "owned"
            }
          },
          "sensitive_attributes": [],
          "private": "bnVsbA==",
          "dependencies": [
            "data.aws_internet_gateway.internet_gateway_info",
            "data.aws_vpc.vpc_info",
            "module.sol_infra_sg.aws_security_group.sol_sg",
            "module.sol_internet_gateway.aws_internet_gateway.sol_internet_gateway",
            "module.sol_nat_eip.aws_eip.sol_eip",
            "module.sol_subnet_private.aws_subnet.sol_subnet",
            "module.sol_vpc.aws_vpc.sol_vpc"
          ]
        }
      ]
    },
    {
      "module": "module.sol_nic_public[0]",
      "mode": "managed",
      "type": "aws_network_interface",
      "name": "sol_nic",
      "provider": "provider[\"registry.terraform.io/hashicorp/aws\"]",
      "instances": [
        {
          "schema_version": 0,
          "attributes": {
            "arn": "arn:aws:ec2:ap-northeast-2:038462790556:network-interface/eni-073b3246e42922ba3",
            "attachment": [
              {
                "attachment_id": "eni-attach-0556b85d39e93f9b0",
                "device_index": 0,
                "instance": "i-0e3fc2f566f8b7e50"
              }
            ],
            "description": "For Public Jumpbox VM NIC",
            "enable_primary_ipv6": null,
            "id": "eni-073b3246e42922ba3",
            "interface_type": "interface",
            "ipv4_prefix_count": 0,
            "ipv4_prefixes": [],
            "ipv6_address_count": 0,
            "ipv6_address_list": [],
            "ipv6_address_list_enabled": false,
            "ipv6_addresses": [],
            "ipv6_prefix_count": 0,
            "ipv6_prefixes": [],
            "mac_address": "02:be:08:aa:11:c5",
            "outpost_arn": "",
            "owner_id": "038462790556",
            "private_dns_name": "ip-10-0-1-91.ap-northeast-2.compute.internal",
            "private_ip": "10.0.1.91",
            "private_ip_list": [
              "10.0.1.91"
            ],
            "private_ip_list_enabled": false,
            "private_ips": [
              "10.0.1.91"
            ],
            "private_ips_count": 0,
            "security_groups": [
              "sg-07ef477682e17ecbe"
            ],
            "source_dest_check": true,
            "subnet_id": "subnet-0ab1ebba2c4f50bfb",
            "tags": {
              "Name": "cicd-dev-0-jumpbox-nic",
              "kubernetes.io/cluster/cicd/dev": "owned"
            },
            "tags_all": {
              "Name": "cicd-dev-0-jumpbox-nic",
              "kubernetes.io/cluster/cicd/dev": "owned"
            }
          },
          "sensitive_attributes": [],
          "private": "bnVsbA==",
          "dependencies": [
            "data.aws_vpc.vpc_info",
            "module.sol_jumpbox_sg.aws_security_group.sol_sg",
            "module.sol_subnet_public.aws_subnet.sol_subnet",
            "module.sol_vpc.aws_vpc.sol_vpc"
          ]
        }
      ]
    },
    {
      "module": "module.sol_private_acl[0]",
      "mode": "managed",
      "type": "aws_network_acl",
      "name": "sol_acl",
      "provider": "provider[\"registry.terraform.io/hashicorp/aws\"]",
      "instances": [
        {
          "schema_version": 0,
          "attributes": {
            "arn": "arn:aws:ec2:ap-northeast-2:038462790556:network-acl/acl-0fdc8f6400ee8b85d",
            "egress": [
              {
                "action": "allow",
                "cidr_block": "0.0.0.0/0",
                "from_port": 0,
                "icmp_code": 0,
                "icmp_type": 0,
                "ipv6_cidr_block": "",
                "protocol": "-1",
                "rule_no": 100,
                "to_port": 0
              }
            ],
            "id": "acl-0fdc8f6400ee8b85d",
            "ingress": [
              {
                "action": "allow",
                "cidr_block": "0.0.0.0/0",
                "from_port": 0,
                "icmp_code": 0,
                "icmp_type": 0,
                "ipv6_cidr_block": "",
                "protocol": "-1",
                "rule_no": 100,
                "to_port": 0
              }
            ],
            "owner_id": "038462790556",
            "subnet_ids": [
              "subnet-06a7fe0c824bb7577"
            ],
            "tags": {
              "Name": "cicd-dev-private-0-acl"
            },
            "tags_all": {
              "Name": "cicd-dev-private-0-acl"
            },
            "vpc_id": "vpc-0e9bc0bdd4f47312c"
          },
          "sensitive_attributes": [],
          "private": "bnVsbA==",
          "dependencies": [
            "data.aws_vpc.vpc_info",
            "module.sol_subnet_private.aws_subnet.sol_subnet",
            "module.sol_vpc.aws_vpc.sol_vpc"
          ]
        }
      ]
    },
    {
      "module": "module.sol_private_route[0]",
      "mode": "managed",
      "type": "aws_route",
      "name": "sol_route",
      "provider": "provider[\"registry.terraform.io/hashicorp/aws\"]",
      "instances": [
        {
          "schema_version": 0,
          "attributes": {
            "carrier_gateway_id": "",
            "core_network_arn": "",
            "destination_cidr_block": "0.0.0.0/0",
            "destination_ipv6_cidr_block": "",
            "destination_prefix_list_id": "",
            "egress_only_gateway_id": "",
            "gateway_id": "",
            "id": "r-rtb-06e4b03b53ef3e8491080289494",
            "instance_id": "",
            "instance_owner_id": "",
            "local_gateway_id": "",
            "nat_gateway_id": "nat-0f638864bc13493ef",
            "network_interface_id": "",
            "origin": "CreateRoute",
            "route_table_id": "rtb-06e4b03b53ef3e849",
            "state": "active",
            "timeouts": null,
            "transit_gateway_id": "",
            "vpc_endpoint_id": "",
            "vpc_peering_connection_id": ""
          },
          "sensitive_attributes": [],
          "private": "eyJlMmJmYjczMC1lY2FhLTExZTYtOGY4OC0zNDM2M2JjN2M0YzAiOnsiY3JlYXRlIjozMDAwMDAwMDAwMDAsImRlbGV0ZSI6MzAwMDAwMDAwMDAwLCJ1cGRhdGUiOjEyMDAwMDAwMDAwMH19",
          "dependencies": [
            "data.aws_internet_gateway.internet_gateway_info",
            "data.aws_vpc.vpc_info",
            "module.sol_internet_gateway.aws_internet_gateway.sol_internet_gateway",
            "module.sol_nat_eip.aws_eip.sol_eip",
            "module.sol_nat_gateway.aws_nat_gateway.sol_nat_gateway",
            "module.sol_route_table.aws_route_table.sol_route_table",
            "module.sol_subnet_public.aws_subnet.sol_subnet",
            "module.sol_vpc.aws_vpc.sol_vpc"
          ]
        }
      ]
    },
    {
      "module": "module.sol_private_route_table_associaion[0]",
      "mode": "managed",
      "type": "aws_route_table_association",
      "name": "sol_route_table_association",
      "provider": "provider[\"registry.terraform.io/hashicorp/aws\"]",
      "instances": [
        {
          "schema_version": 0,
          "attributes": {
            "gateway_id": "",
            "id": "rtbassoc-035c92e0e818833db",
            "route_table_id": "rtb-06e4b03b53ef3e849",
            "subnet_id": "subnet-06a7fe0c824bb7577",
            "timeouts": null
          },
          "sensitive_attributes": [],
          "private": "eyJlMmJmYjczMC1lY2FhLTExZTYtOGY4OC0zNDM2M2JjN2M0YzAiOnsiY3JlYXRlIjozMDAwMDAwMDAwMDAsImRlbGV0ZSI6MzAwMDAwMDAwMDAwLCJ1cGRhdGUiOjEyMDAwMDAwMDAwMH19",
          "dependencies": [
            "data.aws_vpc.vpc_info",
            "module.sol_route_table.aws_route_table.sol_route_table",
            "module.sol_subnet_private.aws_subnet.sol_subnet",
            "module.sol_vpc.aws_vpc.sol_vpc"
          ]
        }
      ]
    },
    {
      "module": "module.sol_public_acl[0]",
      "mode": "managed",
      "type": "aws_network_acl",
      "name": "sol_acl",
      "provider": "provider[\"registry.terraform.io/hashicorp/aws\"]",
      "instances": [
        {
          "schema_version": 0,
          "attributes": {
            "arn": "arn:aws:ec2:ap-northeast-2:038462790556:network-acl/acl-0aa440c1121ddac60",
            "egress": [
              {
                "action": "allow",
                "cidr_block": "0.0.0.0/0",
                "from_port": 0,
                "icmp_code": 0,
                "icmp_type": 0,
                "ipv6_cidr_block": "",
                "protocol": "-1",
                "rule_no": 100,
                "to_port": 0
              }
            ],
            "id": "acl-0aa440c1121ddac60",
            "ingress": [
              {
                "action": "allow",
                "cidr_block": "0.0.0.0/0",
                "from_port": 0,
                "icmp_code": 0,
                "icmp_type": 0,
                "ipv6_cidr_block": "",
                "protocol": "-1",
                "rule_no": 100,
                "to_port": 0
              }
            ],
            "owner_id": "038462790556",
            "subnet_ids": [
              "subnet-0ab1ebba2c4f50bfb"
            ],
            "tags": {
              "Name": "cicd-dev-public-0-acl"
            },
            "tags_all": {
              "Name": "cicd-dev-public-0-acl"
            },
            "vpc_id": "vpc-0e9bc0bdd4f47312c"
          },
          "sensitive_attributes": [],
          "private": "bnVsbA==",
          "dependencies": [
            "data.aws_vpc.vpc_info",
            "module.sol_subnet_public.aws_subnet.sol_subnet",
            "module.sol_vpc.aws_vpc.sol_vpc"
          ]
        }
      ]
    },
    {
      "module": "module.sol_public_route_table_associaion[0]",
      "mode": "managed",
      "type": "aws_route_table_association",
      "name": "sol_route_table_association",
      "provider": "provider[\"registry.terraform.io/hashicorp/aws\"]",
      "instances": [
        {
          "schema_version": 0,
          "attributes": {
            "gateway_id": "",
            "id": "rtbassoc-064d36627db2b0647",
            "route_table_id": "rtb-0add0730df9e4cb3c",
            "subnet_id": "subnet-0ab1ebba2c4f50bfb",
            "timeouts": null
          },
          "sensitive_attributes": [],
          "private": "eyJlMmJmYjczMC1lY2FhLTExZTYtOGY4OC0zNDM2M2JjN2M0YzAiOnsiY3JlYXRlIjozMDAwMDAwMDAwMDAsImRlbGV0ZSI6MzAwMDAwMDAwMDAwLCJ1cGRhdGUiOjEyMDAwMDAwMDAwMH19",
          "dependencies": [
            "data.aws_vpc.vpc_info",
            "module.sol_subnet_public.aws_subnet.sol_subnet",
            "module.sol_vpc.aws_vpc.sol_vpc"
          ]
        }
      ]
    },
    {
      "module": "module.sol_route_table[0]",
      "mode": "managed",
      "type": "aws_route_table",
      "name": "sol_route_table",
      "provider": "provider[\"registry.terraform.io/hashicorp/aws\"]",
      "instances": [
        {
          "schema_version": 0,
          "attributes": {
            "arn": "arn:aws:ec2:ap-northeast-2:038462790556:route-table/rtb-06e4b03b53ef3e849",
            "id": "rtb-06e4b03b53ef3e849",
            "owner_id": "038462790556",
            "propagating_vgws": [],
            "route": [
              {
                "carrier_gateway_id": "",
                "cidr_block": "0.0.0.0/0",
                "core_network_arn": "",
                "destination_prefix_list_id": "",
                "egress_only_gateway_id": "",
                "gateway_id": "",
                "ipv6_cidr_block": "",
                "local_gateway_id": "",
                "nat_gateway_id": "nat-0f638864bc13493ef",
                "network_interface_id": "",
                "transit_gateway_id": "",
                "vpc_endpoint_id": "",
                "vpc_peering_connection_id": ""
              }
            ],
            "tags": {
              "Name": "cicd-dev-pri-route_table",
              "kubernetes.io/cluster/cicd-dev": "owned"
            },
            "tags_all": {
              "Name": "cicd-dev-pri-route_table",
              "kubernetes.io/cluster/cicd-dev": "owned"
            },
            "timeouts": null,
            "vpc_id": "vpc-0e9bc0bdd4f47312c"
          },
          "sensitive_attributes": [],
          "private": "eyJlMmJmYjczMC1lY2FhLTExZTYtOGY4OC0zNDM2M2JjN2M0YzAiOnsiY3JlYXRlIjozMDAwMDAwMDAwMDAsImRlbGV0ZSI6MzAwMDAwMDAwMDAwLCJ1cGRhdGUiOjEyMDAwMDAwMDAwMH19",
          "dependencies": [
            "data.aws_vpc.vpc_info",
            "module.sol_vpc.aws_vpc.sol_vpc"
          ]
        }
      ]
    },
    {
      "module": "module.sol_subnet_private[0]",
      "mode": "managed",
      "type": "aws_subnet",
      "name": "sol_subnet",
      "provider": "provider[\"registry.terraform.io/hashicorp/aws\"]",
      "instances": [
        {
          "schema_version": 1,
          "attributes": {
            "arn": "arn:aws:ec2:ap-northeast-2:038462790556:subnet/subnet-06a7fe0c824bb7577",
            "assign_ipv6_address_on_creation": false,
            "availability_zone": "ap-northeast-2a",
            "availability_zone_id": "apne2-az1",
            "cidr_block": "10.0.2.0/24",
            "customer_owned_ipv4_pool": "",
            "enable_dns64": false,
            "enable_lni_at_device_index": 0,
            "enable_resource_name_dns_a_record_on_launch": false,
            "enable_resource_name_dns_aaaa_record_on_launch": false,
            "id": "subnet-06a7fe0c824bb7577",
            "ipv6_cidr_block": "",
            "ipv6_cidr_block_association_id": "",
            "ipv6_native": false,
            "map_customer_owned_ip_on_launch": false,
            "map_public_ip_on_launch": false,
            "outpost_arn": "",
            "owner_id": "038462790556",
            "private_dns_hostname_type_on_launch": "ip-name",
            "tags": {
              "Name": "cicd-ap-northeast-2a-private-subnet",
              "kubernetes.io/cluster/cicd-dev": "owned"
            },
            "tags_all": {
              "Name": "cicd-ap-northeast-2a-private-subnet",
              "kubernetes.io/cluster/cicd-dev": "owned"
            },
            "timeouts": null,
            "vpc_id": "vpc-0e9bc0bdd4f47312c"
          },
          "sensitive_attributes": [],
          "private": "eyJlMmJmYjczMC1lY2FhLTExZTYtOGY4OC0zNDM2M2JjN2M0YzAiOnsiY3JlYXRlIjo2MDAwMDAwMDAwMDAsImRlbGV0ZSI6MTIwMDAwMDAwMDAwMH0sInNjaGVtYV92ZXJzaW9uIjoiMSJ9",
          "dependencies": [
            "data.aws_vpc.vpc_info",
            "module.sol_vpc.aws_vpc.sol_vpc"
          ]
        }
      ]
    },
    {
      "module": "module.sol_subnet_public[0]",
      "mode": "managed",
      "type": "aws_subnet",
      "name": "sol_subnet",
      "provider": "provider[\"registry.terraform.io/hashicorp/aws\"]",
      "instances": [
        {
          "schema_version": 1,
          "attributes": {
            "arn": "arn:aws:ec2:ap-northeast-2:038462790556:subnet/subnet-0ab1ebba2c4f50bfb",
            "assign_ipv6_address_on_creation": false,
            "availability_zone": "ap-northeast-2a",
            "availability_zone_id": "apne2-az1",
            "cidr_block": "10.0.1.0/24",
            "customer_owned_ipv4_pool": "",
            "enable_dns64": false,
            "enable_lni_at_device_index": 0,
            "enable_resource_name_dns_a_record_on_launch": false,
            "enable_resource_name_dns_aaaa_record_on_launch": false,
            "id": "subnet-0ab1ebba2c4f50bfb",
            "ipv6_cidr_block": "",
            "ipv6_cidr_block_association_id": "",
            "ipv6_native": false,
            "map_customer_owned_ip_on_launch": false,
            "map_public_ip_on_launch": true,
            "outpost_arn": "",
            "owner_id": "038462790556",
            "private_dns_hostname_type_on_launch": "ip-name",
            "tags": {
              "Name": "cicd-ap-northeast-2a-public-subnet",
              "kubernetes.io/cluster/cicd-dev": "owned"
            },
            "tags_all": {
              "Name": "cicd-ap-northeast-2a-public-subnet",
              "kubernetes.io/cluster/cicd-dev": "owned"
            },
            "timeouts": null,
            "vpc_id": "vpc-0e9bc0bdd4f47312c"
          },
          "sensitive_attributes": [],
          "private": "eyJlMmJmYjczMC1lY2FhLTExZTYtOGY4OC0zNDM2M2JjN2M0YzAiOnsiY3JlYXRlIjo2MDAwMDAwMDAwMDAsImRlbGV0ZSI6MTIwMDAwMDAwMDAwMH0sInNjaGVtYV92ZXJzaW9uIjoiMSJ9",
          "dependencies": [
            "data.aws_vpc.vpc_info",
            "module.sol_vpc.aws_vpc.sol_vpc"
          ]
        }
      ]
    },
    {
      "module": "module.sol_vpc[0]",
      "mode": "managed",
      "type": "aws_vpc",
      "name": "sol_vpc",
      "provider": "provider[\"registry.terraform.io/hashicorp/aws\"]",
      "instances": [
        {
          "schema_version": 1,
          "attributes": {
            "arn": "arn:aws:ec2:ap-northeast-2:038462790556:vpc/vpc-0e9bc0bdd4f47312c",
            "assign_generated_ipv6_cidr_block": false,
            "cidr_block": "10.0.0.0/16",
            "default_network_acl_id": "acl-011640fe40e4f8f7b",
            "default_route_table_id": "rtb-0add0730df9e4cb3c",
            "default_security_group_id": "sg-0d7d661bbc00accdd",
            "dhcp_options_id": "dopt-0a03607f9ce8a9f22",
            "enable_dns_hostnames": true,
            "enable_dns_support": true,
            "enable_network_address_usage_metrics": false,
            "id": "vpc-0e9bc0bdd4f47312c",
            "instance_tenancy": "default",
            "ipv4_ipam_pool_id": null,
            "ipv4_netmask_length": null,
            "ipv6_association_id": "",
            "ipv6_cidr_block": "",
            "ipv6_cidr_block_network_border_group": "",
            "ipv6_ipam_pool_id": "",
            "ipv6_netmask_length": 0,
            "main_route_table_id": "rtb-0add0730df9e4cb3c",
            "owner_id": "038462790556",
            "tags": {
              "Name": "cicd"
            },
            "tags_all": {
              "Name": "cicd"
            }
          },
          "sensitive_attributes": [],
          "private": "eyJzY2hlbWFfdmVyc2lvbiI6IjEifQ=="
        }
      ]
    },
    {
      "module": "module.vars[0]",
      "mode": "managed",
      "type": "local_file",
      "name": "ansible_manual_vars",
      "provider": "provider[\"registry.terraform.io/hashicorp/local\"]",
      "instances": [
        {
          "schema_version": 0,
          "attributes": {
            "content": "cloud_provider: manual # aws, awsM\n\nansible_path : \"/home/sol/cicd-project/automation/ansible\"\n\nvpc_name : cicd\nregion_name: ap-northeast-2\nsystem_type: dev\naccess_key: AKIAQR5EPTOOAFOYWOME \nsecret_key: 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 \njumpbox_ip: 15.164.92.53\ninfra_lb_domain: cicd-dev-infra-lb-7800375cae98720b.elb.ap-northeast-2.amazonaws.com \nk8s_lb_domain: cicd-dev-k8s-lb-c18b578be7536744.elb.ap-northeast-2.amazonaws.com \ninfra_ip: 10.0.2.63 \njenkins_ip :  \"{{infra_lb_domain}}\"\nkafka_ip : \"{{infra_lb_domain}}\"\nharbor_ip : \"{{infra_lb_domain}}\"\ngitlab_ip :  \"{{infra_lb_domain}}\"\n\nnfs_path: 10.0.2.204:/\nnfs_name: fs-06e05abd6e4885977\nnfs_dns: fs-06e05abd6e4885977.efs.ap-northeast-2.amazonaws.com\nnas_mount_path: \"/mnt/nfs\"\n\nnfs_server: 10.0.2.204\nnfs_mountoptions: nfsvers=4.1\nnfs_pvc_name: solpv\n\nec2_ebs_mount_path : \"/app\"\n\nk8s_multi_master: false\nkube_config: \"/home/sol/.kube/cicd-dev-config\"\n\ndocker_version: \"25.0.2\"\ndocker_bip: 7.7.128.1/18\ndocker_pools_base: 7.7.192.0/18\ndocker_log_max_size : 10m\ndocker_log_max_file : 2\ndocker_root_dir : /var/lib/docker\n# docker_root_dir : \"{{ec2_ebs_mount_path}}/docker\"\n\ncontainerd_version : \"1.6.28\"\ncontainerd_root_dir: /var/lib/containerd\n# containerd_root_dir: {{ec2_ebs_mount_path}}/contianerd\nkubelet_containerLogMaxSize : 10Mi\nkubelet_containerLogMaxFiles : 2\n\ninstall_shell_dir : \"/home/sol/install_shell\"\n\nharbor_host: registry.sol.lab\nharbor_http_port: 5000\nharbor_https_port: 5443\nharbor_ssl: true\nharbor_ssl_path : /home/sol/.ssl/\nharbor_cert_path: /home/sol/.ssl/harbor/harbor.pem\nharbor_key_path: /home/sol/.ssl/harbor/harbor-key.pem\nharbor_install_dir: /home/sol/harbor/install\nharbor_data_dir: /home/sol/harbor/data \nharbor_log_dir: /home/sol/harbor/log\nharbor_username: sol\nharbor_password: solsol1234!\nharbor_cert_CN: registry.sol.lab\nharbor_cert_hosts: \"\\\"registry.sol.lab\\\", \\\"{{infra_lb_domain}}\\\"\"\n\ngitlab_host: gitlab.sol.lab\ngitlab_external_url: https://{{infra_lb_domain}}:{{gitlab_port}}\ngitlab_http_port: 18080\ngitlab_https_port: 8443\ngitlab_config_dir: /home/sol/gitlab/config\ngitlab_install_dir: /home/sol/gitlab/\ngitlab_data_dir: /home/sol/gitlab/data\ngitlab_log_dir: /home/sol/gitlab/logs\ngitlab_ssl_dir: /home/sol/gitlab/config/ssl\ngitlab_root_username: sol\ngitlab_password: solsol1234!\ngitlab_cert_CN: \"{{infra_lb_domain}}\"\ngitlab_ssl: true\ngitlab_cert_hosts: \"\\\"gitlab.sol.lab\\\", \\\"{{infra_lb_domain}}\\\"\"\ngitlab_memory: \"4g\"\ngitlab_cpu: 2\n\njenkins_dir : /home/sol/jenkins\njenkins_port: 8080\njenkins_agent_port: 50000\njenkins_memory: 2g\njenkins_version: 2.444\n\ncrictl_version : v1.30.0\nnerdctl_version : 1.7.3\n\nasg_min_size : 1\nasg_max_size : 1\n\nk8s_pause_version : 3.6 \nnode_status_update_frequency_second : 5     #/var/lib/kubelet/kubeadm-flags.env\nnode_monitor_period_second : 10\nnode_monitor_grace_period_second : 15\ndefault_not_ready_toleration_seconds: 5\ndefault_unreachable_toleration_seconds: 5\n\nkubernetes_version : 1.30.1\nkubernetes_pod_cidr : 20.0.0.0/10\nkubernetes_service_cidr : 25.0.0.0/16\nkubernetes_service_type : nodeport\nk8s_cluster_autoscaler_version : 1.30\n\nk8s_api_ip : \"{{k8s_lb_domain}}\"  # ip 수정\nk8s_api_port : 6443\nmaster_ip : 10.0.2.41\nk8s_cert_svc_ip : 25.0.0.1  # k8s service cidr값의 첫번째 ip\n\nnginx_ssl : false\nnginx_cert_CN: \"{{infra_lb_domain}}\"\nnginx_cert_hosts: \"\\\"jenkins.sol.lab\\\",\\\"monitoring.sol.lab\\\", \\\"{{infra_lb_domain}}\\\"\"  \nnginx_dir : /home/sol/nginx\nnginx_dir_conf : /home/sol/nginx/conf.d\n\nkafka1_dir: /home/sol/automation/kafka/kafka1\nkafka2_dir: /home/sol/automation/kafka/kafka2\nkafka3_dir: /home/sol/automation/kafka/kafka3\nzookeeper_dir: /home/sol/automation/kafka/zookeeper\n\ntrivy_db_dir: /home/sol/trivy\n\nnexus_port: 8081\nnexus_data_dir: /home/sol/nexus\n\nmattermost_port : 8085\nmattermost_dir : /home/sol/mattermost\nmattermost_data_dir : /home/sol/mattermost/volumes\n\nsonarqube_mysql_dir : /home/sol/sonarqube_mysql\nsonarqube_mysql_port: 3305\nsonarqube_port: 9000\n\nmysql_dir : /home/sol/mysql\nmysql_port : 3306",
            "content_base64": null,
            "content_base64sha256": "dDx0u1MxmACOgjmIgcOwOnpFsRYHk/gD7QXuI1YoEsw=",
            "content_base64sha512": "jSaPI5dvOPcqp1t1YDXRY7xoYMHKTRR5MtQiuHsHUihFnvQI7HFFmpx401OMZ1NWsnnMXQm+spqrWoZRJZbtAQ==",
            "content_md5": "828f85b0f07fc843ae5e1f4b690b2507",
            "content_sha1": "e6d14c3dfcffa2071bcd1abaf1009d618f3255cc",
            "content_sha256": "743c74bb533198008e82398881c3b03a7a45b1160793f803ed05ee23562812cc",
            "content_sha512": "8d268f23976f38f72aa75b756035d163bc6860c1ca4d147932d422b87b075228459ef408ec71459a9c78d3538c675356b279cc5d09beb29aab5a86512596ed01",
            "directory_permission": "0777",
            "file_permission": "0777",
            "filename": "/home/sol/cicd-project/automation/ansible/playbooks/vars-aws-cicd-dev.yaml",
            "id": "e6d14c3dfcffa2071bcd1abaf1009d618f3255cc",
            "sensitive_content": null,
            "source": null
          },
          "sensitive_attributes": [
            [
              {
                "type": "get_attr",
                "value": "sensitive_content"
              }
            ]
          ],
          "dependencies": [
            "aws_key_pair.sol_loginkey",
            "data.aws_internet_gateway.internet_gateway_info",
            "data.aws_vpc.vpc_info",
            "module.sol_efs.aws_efs_file_system.sol_efs",
            "module.sol_efs_mount_target.aws_efs_mount_target.sol_efs_mount_target",
            "module.sol_eip_for_ec2.aws_eip.sol_eip",
            "module.sol_iam_master_profile.aws_iam_instance_profile.sol_iam_profile",
            "module.sol_iam_master_role.aws_iam_role.sol_iam_role",
            "module.sol_infra_lb_sg.aws_security_group.sol_sg",
            "module.sol_infra_node.aws_instance.sol_ec2",
            "module.sol_infra_sg.aws_security_group.sol_sg",
            "module.sol_internet_gateway.aws_internet_gateway.sol_internet_gateway",
            "module.sol_k8s_lb_sg.aws_security_group.sol_sg",
            "module.sol_lb_infra.aws_lb.sol_lb",
            "module.sol_lb_k8s.aws_lb.sol_lb",
            "module.sol_master_node.aws_instance.sol_ec2",
            "module.sol_master_sg.aws_security_group.sol_sg",
            "module.sol_nas_sg.aws_security_group.sol_sg",
            "module.sol_nat_eip.aws_eip.sol_eip",
            "module.sol_nic_master.aws_network_interface.sol_nic",
            "module.sol_nic_private.aws_network_interface.sol_nic",
            "module.sol_subnet_private.aws_subnet.sol_subnet",
            "module.sol_subnet_public.aws_subnet.sol_subnet",
            "module.sol_vpc.aws_vpc.sol_vpc"
          ]
        }
      ]
    }
  ],
  "check_results": null
}
