{
  "version": 4,
  "terraform_version": "1.10.3",
  "serial": 793,
  "lineage": "a1ad0426-0a84-188d-af72-792d9d0f82f3",
  "outputs": {},
  "resources": [
    {
      "mode": "data",
      "type": "aws_internet_gateway",
      "name": "internet_gateway_info",
      "provider": "provider[\"registry.terraform.io/hashicorp/aws\"]",
      "instances": [
        {
          "schema_version": 0,
          "attributes": {
            "arn": "arn:aws:ec2:ap-northeast-2:038462790556:internet-gateway/igw-04b33280d6d07c8ed",
            "attachments": [
              {
                "state": "available",
                "vpc_id": "vpc-071b2d304a71ca7f9"
              }
            ],
            "filter": [
              {
                "name": "attachment.vpc-id",
                "values": [
                  "vpc-071b2d304a71ca7f9"
                ]
              }
            ],
            "id": "igw-04b33280d6d07c8ed",
            "internet_gateway_id": "igw-04b33280d6d07c8ed",
            "owner_id": "038462790556",
            "tags": {
              "Name": "cicd-internet_gw"
            },
            "timeouts": null
          },
          "sensitive_attributes": []
        }
      ]
    },
    {
      "mode": "data",
      "type": "aws_vpc",
      "name": "vpc_info",
      "provider": "provider[\"registry.terraform.io/hashicorp/aws\"]",
      "instances": [
        {
          "schema_version": 0,
          "attributes": {
            "arn": "arn:aws:ec2:ap-northeast-2:038462790556:vpc/vpc-071b2d304a71ca7f9",
            "cidr_block": "10.0.0.0/16",
            "cidr_block_associations": [
              {
                "association_id": "vpc-cidr-assoc-0df7536ff1a6d77a6",
                "cidr_block": "10.0.0.0/16",
                "state": "associated"
              }
            ],
            "default": false,
            "dhcp_options_id": "dopt-0a03607f9ce8a9f22",
            "enable_dns_hostnames": true,
            "enable_dns_support": true,
            "enable_network_address_usage_metrics": false,
            "filter": null,
            "id": "vpc-071b2d304a71ca7f9",
            "instance_tenancy": "default",
            "ipv6_association_id": "",
            "ipv6_cidr_block": "",
            "main_route_table_id": "rtb-08e2d42cfadecf5e4",
            "owner_id": "038462790556",
            "state": null,
            "tags": {
              "Name": "cicd"
            },
            "timeouts": null
          },
          "sensitive_attributes": []
        }
      ]
    },
    {
      "mode": "managed",
      "type": "aws_key_pair",
      "name": "sol_loginkey",
      "provider": "provider[\"registry.terraform.io/hashicorp/aws\"]",
      "instances": [
        {
          "schema_version": 1,
          "attributes": {
            "arn": "arn:aws:ec2:ap-northeast-2:038462790556:key-pair/cicd-dev-key",
            "fingerprint": "32:ba:e9:10:76:3e:49:5d:f3:1e:c5:c4:4a:62:fc:3d",
            "id": "cicd-dev-key",
            "key_name": "cicd-dev-key",
            "key_name_prefix": "",
            "key_pair_id": "key-02f248d33b95a1112",
            "key_type": "rsa",
            "public_key": "ssh-rsa AAAAB3NzaC1yc2EAAAADAQABAAABAQDpBLW/4KDuVsSZvReq1QZ9BXAYhhYTo3X7OfKpd7fFBOgJZS9K6cnEHB/jtlaISxWvkHehVruOCeltbZG0eOTUDO+YgXkh6BIDkCxoeW4W1DLewwQ6Y7Q2I4873uFEmERgIr7X9rbbkKnmsSbiA+dHd0LSBzQbXJeCgR7Y5L+cbsATk1itNqN+8EDXAHhqr/iJJ+FNOD0cG0GvO3hGtUAqwMYmYHFpFTXrunDcKIdWcfeRz/rEAoYFSE7duUCStf8R9BP8SLyp+IxZkCM1I3gJ0ERz5ee1CZFnUeRpqashOKBCfI6NE/wlW3jUzjmlVWmATe6wZ6B+nSjsEJ1sd7AB sol@localhost.localdomain",
            "tags": {},
            "tags_all": {}
          },
          "sensitive_attributes": [],
          "private": "eyJzY2hlbWFfdmVyc2lvbiI6IjEifQ=="
        }
      ]
    },
    {
      "module": "module.hosts[0]",
      "mode": "managed",
      "type": "local_file",
      "name": "hosts_manual_cfg",
      "provider": "provider[\"registry.terraform.io/hashicorp/local\"]",
      "instances": [
        {
          "schema_version": 0,
          "attributes": {
            "content": "\n[infra1]\n10.0.2.45\n\n[infra:children]\ninfra1\n\n\n\n[master1]\n10.0.2.239\n\n\n[master:children]\nmaster1\n\n\n\n[gitlab:children]\ninfra1\n[harbor:children]\ninfra1\n[jenkins:children]\ninfra1\n[portal:children]\ninfra1\n[nas:children]\ninfra1\n[nexus:children]\ninfra1\n[jfrog:children]\ninfra1\n[kafka:children]\ninfra1\n[ldap:children]\ninfra1\n[mattermost:children]\ninfra1\n[sonarqube:children]\ninfra1\n\n[infra:vars]\nansible_python_interpreter=/usr/bin/python3\nansible_ssh_common_args='-o StrictHostKeyChecking=no -o UserKnownHostsFile=/dev/null -o ProxyCommand=\"ssh -W %h:%p -q sol@3.34.155.106\"'\n\n[master:vars]\nansible_python_interpreter=/usr/bin/python3\nansible_ssh_common_args='-o StrictHostKeyChecking=no -o UserKnownHostsFile=/dev/null -o ProxyCommand=\"ssh -W %h:%p -q sol@3.34.155.106\"'\n\n\n\n\n",
            "content_base64": null,
            "content_base64sha256": "9YlBcKQ5tkQ4NCGb82ijZ/ygVJzVsyAtf7O6ze0CNbo=",
            "content_base64sha512": "Q8Ji+cJ2xO1AON4nXr8KmdCL9tD0wUmrWYY9ZiuherR0fcKzgkn+PqS/xm1oyjbKbN4hSK0rtvBBI1ut7TE0jA==",
            "content_md5": "f26ef743a9b093e65a2bdca030368304",
            "content_sha1": "04c28d6e9160337a8049e96401f5b36ff4475d3c",
            "content_sha256": "f5894170a439b6443834219bf368a367fca0549cd5b3202d7fb3bacded0235ba",
            "content_sha512": "43c262f9c276c4ed4038de275ebf0a99d08bf6d0f4c149ab59863d662ba17ab4747dc2b38249fe3ea4bfc66d68ca36ca6cde2148ad2bb6f041235baded31348c",
            "directory_permission": "0777",
            "file_permission": "0777",
            "filename": "/home/sol/cicd-project/automation/ansible/inventory/hosts_aws_cicd_dev",
            "id": "04c28d6e9160337a8049e96401f5b36ff4475d3c",
            "sensitive_content": null,
            "source": null
          },
          "sensitive_attributes": [
            [
              {
                "type": "get_attr",
                "value": "sensitive_content"
              }
            ]
          ],
          "dependencies": [
            "aws_key_pair.sol_loginkey",
            "data.aws_internet_gateway.internet_gateway_info",
            "data.aws_vpc.vpc_info",
            "module.sol_eip_for_ec2.aws_eip.sol_eip",
            "module.sol_iam_master_profile.aws_iam_instance_profile.sol_iam_profile",
            "module.sol_iam_master_role.aws_iam_role.sol_iam_role",
            "module.sol_iam_worker_profile_ec2.aws_iam_instance_profile.sol_iam_profile",
            "module.sol_iam_worker_role_ec2.aws_iam_role.sol_iam_role",
            "module.sol_infra_node.aws_instance.sol_ec2",
            "module.sol_infra_sg.aws_security_group.sol_sg",
            "module.sol_internet_gateway.aws_internet_gateway.sol_internet_gateway",
            "module.sol_master_node.aws_instance.sol_ec2",
            "module.sol_master_sg.aws_security_group.sol_sg",
            "module.sol_nat_eip.aws_eip.sol_eip",
            "module.sol_nic_master.aws_network_interface.sol_nic",
            "module.sol_nic_private.aws_network_interface.sol_nic",
            "module.sol_nic_worker.aws_network_interface.sol_nic",
            "module.sol_subnet_private.aws_subnet.sol_subnet",
            "module.sol_vpc.aws_vpc.sol_vpc",
            "module.sol_worker_ec2_sg.aws_security_group.sol_sg",
            "module.sol_worker_node.aws_instance.sol_ec2"
          ]
        }
      ]
    },
    {
      "module": "module.sol_bastion_node[0]",
      "mode": "managed",
      "type": "aws_instance",
      "name": "sol_ec2",
      "provider": "provider[\"registry.terraform.io/hashicorp/aws\"]",
      "instances": [
        {
          "schema_version": 1,
          "attributes": {
            "ami": "ami-0a0cd2f78e9ef322a",
            "arn": "arn:aws:ec2:ap-northeast-2:038462790556:instance/i-056f84742470b6e18",
            "associate_public_ip_address": true,
            "availability_zone": "ap-northeast-2a",
            "capacity_reservation_specification": [
              {
                "capacity_reservation_preference": "open",
                "capacity_reservation_target": []
              }
            ],
            "cpu_core_count": 2,
            "cpu_options": [
              {
                "amd_sev_snp": "",
                "core_count": 2,
                "threads_per_core": 1
              }
            ],
            "cpu_threads_per_core": 1,
            "credit_specification": [
              {
                "cpu_credits": "standard"
              }
            ],
            "disable_api_stop": false,
            "disable_api_termination": false,
            "ebs_block_device": [],
            "ebs_optimized": false,
            "enable_primary_ipv6": null,
            "enclave_options": [
              {
                "enabled": false
              }
            ],
            "ephemeral_block_device": [],
            "get_password_data": false,
            "hibernation": false,
            "host_id": "",
            "host_resource_group_arn": null,
            "iam_instance_profile": "",
            "id": "i-056f84742470b6e18",
            "instance_initiated_shutdown_behavior": "stop",
            "instance_lifecycle": "",
            "instance_market_options": [],
            "instance_state": "running",
            "instance_type": "t2.medium",
            "ipv6_address_count": 0,
            "ipv6_addresses": [],
            "key_name": "cicd-dev-key",
            "launch_template": [],
            "maintenance_options": [
              {
                "auto_recovery": "default"
              }
            ],
            "metadata_options": [
              {
                "http_endpoint": "enabled",
                "http_protocol_ipv6": "disabled",
                "http_put_response_hop_limit": 1,
                "http_tokens": "optional",
                "instance_metadata_tags": "disabled"
              }
            ],
            "monitoring": false,
            "network_interface": [
              {
                "delete_on_termination": false,
                "device_index": 0,
                "network_card_index": 0,
                "network_interface_id": "eni-0dd381010909db8dd"
              }
            ],
            "outpost_arn": "",
            "password_data": "",
            "placement_group": "",
            "placement_partition_number": 0,
            "primary_network_interface_id": "eni-0dd381010909db8dd",
            "private_dns": "ip-10-0-1-46.ap-northeast-2.compute.internal",
            "private_dns_name_options": [
              {
                "enable_resource_name_dns_a_record": false,
                "enable_resource_name_dns_aaaa_record": false,
                "hostname_type": "ip-name"
              }
            ],
            "private_ip": "10.0.1.46",
            "public_dns": "ec2-3-34-155-106.ap-northeast-2.compute.amazonaws.com",
            "public_ip": "3.34.155.106",
            "root_block_device": [
              {
                "delete_on_termination": true,
                "device_name": "/dev/sda1",
                "encrypted": false,
                "iops": 100,
                "kms_key_id": "",
                "tags": {},
                "tags_all": {},
                "throughput": 0,
                "volume_id": "vol-01ffb76255db2f232",
                "volume_size": 16,
                "volume_type": "gp2"
              }
            ],
            "secondary_private_ips": [],
            "security_groups": [],
            "source_dest_check": true,
            "spot_instance_request_id": "",
            "subnet_id": "subnet-0bd8f10f3bba2f43d",
            "tags": {
              "Name": "cicd-dev-jumpbox-0"
            },
            "tags_all": {
              "Name": "cicd-dev-jumpbox-0"
            },
            "tenancy": "default",
            "timeouts": null,
            "user_data": "3823cb383bef9552ac686e484963cea81d5101b4",
            "user_data_base64": null,
            "user_data_replace_on_change": false,
            "volume_tags": null,
            "vpc_security_group_ids": [
              "sg-0e54b46c123cb76ca"
            ]
          },
          "sensitive_attributes": [],
          "private": "eyJlMmJmYjczMC1lY2FhLTExZTYtOGY4OC0zNDM2M2JjN2M0YzAiOnsiY3JlYXRlIjo2MDAwMDAwMDAwMDAsImRlbGV0ZSI6MTIwMDAwMDAwMDAwMCwicmVhZCI6OTAwMDAwMDAwMDAwLCJ1cGRhdGUiOjYwMDAwMDAwMDAwMH0sInNjaGVtYV92ZXJzaW9uIjoiMSJ9",
          "dependencies": [
            "aws_key_pair.sol_loginkey",
            "data.aws_vpc.vpc_info",
            "module.sol_jumpbox_sg.aws_security_group.sol_sg",
            "module.sol_nic_public.aws_network_interface.sol_nic",
            "module.sol_subnet_public.aws_subnet.sol_subnet",
            "module.sol_vpc.aws_vpc.sol_vpc"
          ]
        }
      ]
    },
    {
      "module": "module.sol_default_route[0]",
      "mode": "managed",
      "type": "aws_route",
      "name": "sol_default_route",
      "provider": "provider[\"registry.terraform.io/hashicorp/aws\"]",
      "instances": [
        {
          "schema_version": 0,
          "attributes": {
            "carrier_gateway_id": "",
            "core_network_arn": "",
            "destination_cidr_block": "0.0.0.0/0",
            "destination_ipv6_cidr_block": "",
            "destination_prefix_list_id": "",
            "egress_only_gateway_id": "",
            "gateway_id": "igw-04b33280d6d07c8ed",
            "id": "r-rtb-08e2d42cfadecf5e41080289494",
            "instance_id": "",
            "instance_owner_id": "",
            "local_gateway_id": "",
            "nat_gateway_id": "",
            "network_interface_id": "",
            "origin": "CreateRoute",
            "route_table_id": "rtb-08e2d42cfadecf5e4",
            "state": "active",
            "timeouts": null,
            "transit_gateway_id": "",
            "vpc_endpoint_id": "",
            "vpc_peering_connection_id": ""
          },
          "sensitive_attributes": [],
          "private": "eyJlMmJmYjczMC1lY2FhLTExZTYtOGY4OC0zNDM2M2JjN2M0YzAiOnsiY3JlYXRlIjozMDAwMDAwMDAwMDAsImRlbGV0ZSI6MzAwMDAwMDAwMDAwLCJ1cGRhdGUiOjEyMDAwMDAwMDAwMH19",
          "dependencies": [
            "module.sol_internet_gateway.aws_internet_gateway.sol_internet_gateway",
            "module.sol_vpc.aws_vpc.sol_vpc"
          ]
        }
      ]
    },
    {
      "module": "module.sol_default_route_table[0]",
      "mode": "managed",
      "type": "aws_default_route_table",
      "name": "sol_default_route_table",
      "provider": "provider[\"registry.terraform.io/hashicorp/aws\"]",
      "instances": [
        {
          "schema_version": 0,
          "attributes": {
            "arn": "arn:aws:ec2:ap-northeast-2:038462790556:route-table/rtb-08e2d42cfadecf5e4",
            "default_route_table_id": "rtb-08e2d42cfadecf5e4",
            "id": "rtb-08e2d42cfadecf5e4",
            "owner_id": "038462790556",
            "propagating_vgws": [],
            "route": [
              {
                "cidr_block": "0.0.0.0/0",
                "core_network_arn": "",
                "destination_prefix_list_id": "",
                "egress_only_gateway_id": "",
                "gateway_id": "igw-04b33280d6d07c8ed",
                "instance_id": "",
                "ipv6_cidr_block": "",
                "nat_gateway_id": "",
                "network_interface_id": "",
                "transit_gateway_id": "",
                "vpc_endpoint_id": "",
                "vpc_peering_connection_id": ""
              }
            ],
            "tags": {
              "Name": "cicd-main_route_table"
            },
            "tags_all": {
              "Name": "cicd-main_route_table"
            },
            "timeouts": null,
            "vpc_id": "vpc-071b2d304a71ca7f9"
          },
          "sensitive_attributes": [],
          "private": "eyJlMmJmYjczMC1lY2FhLTExZTYtOGY4OC0zNDM2M2JjN2M0YzAiOnsiY3JlYXRlIjoxMjAwMDAwMDAwMDAsInVwZGF0ZSI6MTIwMDAwMDAwMDAwfX0=",
          "dependencies": [
            "module.sol_vpc.aws_vpc.sol_vpc"
          ]
        }
      ]
    },
    {
      "module": "module.sol_eip_association_for_ec2[0]",
      "mode": "managed",
      "type": "aws_eip_association",
      "name": "tf_bxcr_eip_association",
      "provider": "provider[\"registry.terraform.io/hashicorp/aws\"]",
      "instances": [
        {
          "schema_version": 0,
          "attributes": {
            "allocation_id": "eipalloc-0170e58a05d39ae0c",
            "allow_reassociation": null,
            "id": "eipassoc-02914ae2a9b7cbcc9",
            "instance_id": "i-056f84742470b6e18",
            "network_interface_id": "eni-0dd381010909db8dd",
            "private_ip_address": "10.0.1.46",
            "public_ip": "3.34.155.106"
          },
          "sensitive_attributes": [],
          "private": "bnVsbA==",
          "dependencies": [
            "aws_key_pair.sol_loginkey",
            "data.aws_internet_gateway.internet_gateway_info",
            "data.aws_vpc.vpc_info",
            "module.sol_bastion_node.aws_instance.sol_ec2",
            "module.sol_eip_for_ec2.aws_eip.sol_eip",
            "module.sol_internet_gateway.aws_internet_gateway.sol_internet_gateway",
            "module.sol_jumpbox_sg.aws_security_group.sol_sg",
            "module.sol_nic_public.aws_network_interface.sol_nic",
            "module.sol_subnet_public.aws_subnet.sol_subnet",
            "module.sol_vpc.aws_vpc.sol_vpc"
          ]
        }
      ]
    },
    {
      "module": "module.sol_eip_for_ec2[0]",
      "mode": "managed",
      "type": "aws_eip",
      "name": "sol_eip",
      "provider": "provider[\"registry.terraform.io/hashicorp/aws\"]",
      "instances": [
        {
          "schema_version": 0,
          "attributes": {
            "address": null,
            "allocation_id": "eipalloc-0170e58a05d39ae0c",
            "arn": "arn:aws:ec2:ap-northeast-2:038462790556:elastic-ip/eipalloc-0170e58a05d39ae0c",
            "associate_with_private_ip": null,
            "association_id": "eipassoc-02914ae2a9b7cbcc9",
            "carrier_ip": "",
            "customer_owned_ip": "",
            "customer_owned_ipv4_pool": "",
            "domain": "vpc",
            "id": "eipalloc-0170e58a05d39ae0c",
            "instance": "i-056f84742470b6e18",
            "ipam_pool_id": null,
            "network_border_group": "ap-northeast-2",
            "network_interface": "eni-0dd381010909db8dd",
            "private_dns": "ip-10-0-1-46.ap-northeast-2.compute.internal",
            "private_ip": "10.0.1.46",
            "ptr_record": "",
            "public_dns": "ec2-3-34-155-106.ap-northeast-2.compute.amazonaws.com",
            "public_ip": "3.34.155.106",
            "public_ipv4_pool": "amazon",
            "tags": {
              "Name": "cicd-dev-ap-northeast-2a-ec2-eip"
            },
            "tags_all": {
              "Name": "cicd-dev-ap-northeast-2a-ec2-eip"
            },
            "timeouts": null,
            "vpc": true
          },
          "sensitive_attributes": [],
          "private": "eyJlMmJmYjczMC1lY2FhLTExZTYtOGY4OC0zNDM2M2JjN2M0YzAiOnsiZGVsZXRlIjoxODAwMDAwMDAwMDAsInJlYWQiOjkwMDAwMDAwMDAwMCwidXBkYXRlIjozMDAwMDAwMDAwMDB9fQ==",
          "dependencies": [
            "data.aws_internet_gateway.internet_gateway_info",
            "data.aws_vpc.vpc_info",
            "module.sol_internet_gateway.aws_internet_gateway.sol_internet_gateway",
            "module.sol_vpc.aws_vpc.sol_vpc"
          ]
        }
      ]
    },
    {
      "module": "module.sol_iam_master_policy[0]",
      "mode": "managed",
      "type": "aws_iam_policy",
      "name": "sol_iam_policy",
      "provider": "provider[\"registry.terraform.io/hashicorp/aws\"]",
      "instances": [
        {
          "schema_version": 0,
          "attributes": {
            "arn": "arn:aws:iam::038462790556:policy/cicd-dev-master_policy",
            "attachment_count": 1,
            "description": "",
            "id": "arn:aws:iam::038462790556:policy/cicd-dev-master_policy",
            "name": "cicd-dev-master_policy",
            "name_prefix": "",
            "path": "/",
            "policy": "{\"Statement\":[{\"Action\":[\"ec2:*\",\"elasticloadbalancing:*\",\"route53:*\",\"ecr:GetAuthorizationToken\",\"ecr:BatchCheckLayerAvailability\",\"ecr:GetDownloadUrlForLayer\",\"ecr:GetRepositoryPolicy\",\"ecr:DescribeRepositories\",\"ecr:ListImages\",\"ecr:BatchGetImage\",\"kms:DescribeKey\",\"kms:Decrypt\",\"kms:GenerateDataKeyWithoutPlaintext\",\"kms:CreateGrant\"],\"Effect\":\"Allow\",\"Resource\":\"*\"}],\"Version\":\"2012-10-17\"}",
            "policy_id": "ANPAQR5EPTOOET5VCA5YP",
            "tags": {},
            "tags_all": {}
          },
          "sensitive_attributes": [],
          "private": "bnVsbA=="
        }
      ]
    },
    {
      "module": "module.sol_iam_master_policy_attachment[0]",
      "mode": "managed",
      "type": "aws_iam_role_policy_attachment",
      "name": "sol_iam_role_policy_attachment",
      "provider": "provider[\"registry.terraform.io/hashicorp/aws\"]",
      "instances": [
        {
          "schema_version": 0,
          "attributes": {
            "id": "cicd-dev-master_role-20250130102106622600000001",
            "policy_arn": "arn:aws:iam::038462790556:policy/cicd-dev-master_policy",
            "role": "cicd-dev-master_role"
          },
          "sensitive_attributes": [],
          "private": "bnVsbA==",
          "dependencies": [
            "module.sol_iam_master_policy.aws_iam_policy.sol_iam_policy",
            "module.sol_iam_master_role.aws_iam_role.sol_iam_role"
          ]
        }
      ]
    },
    {
      "module": "module.sol_iam_master_profile[0]",
      "mode": "managed",
      "type": "aws_iam_instance_profile",
      "name": "sol_iam_profile",
      "provider": "provider[\"registry.terraform.io/hashicorp/aws\"]",
      "instances": [
        {
          "schema_version": 0,
          "attributes": {
            "arn": "arn:aws:iam::038462790556:instance-profile/cicd-dev-master_profile",
            "create_date": "2025-01-30T10:21:06Z",
            "id": "cicd-dev-master_profile",
            "name": "cicd-dev-master_profile",
            "name_prefix": "",
            "path": "/",
            "role": "cicd-dev-master_role",
            "tags": {},
            "tags_all": {},
            "unique_id": "AIPAQR5EPTOOH6Q4DNICM"
          },
          "sensitive_attributes": [],
          "private": "bnVsbA==",
          "dependencies": [
            "module.sol_iam_master_role.aws_iam_role.sol_iam_role"
          ]
        }
      ]
    },
    {
      "module": "module.sol_iam_master_role[0]",
      "mode": "managed",
      "type": "aws_iam_role",
      "name": "sol_iam_role",
      "provider": "provider[\"registry.terraform.io/hashicorp/aws\"]",
      "instances": [
        {
          "schema_version": 0,
          "attributes": {
            "arn": "arn:aws:iam::038462790556:role/cicd-dev-master_role",
            "assume_role_policy": "{\"Statement\":[{\"Action\":\"sts:AssumeRole\",\"Effect\":\"Allow\",\"Principal\":{\"Service\":\"ec2.amazonaws.com\"}}],\"Version\":\"2012-10-17\"}",
            "create_date": "2025-01-30T10:21:05Z",
            "description": "",
            "force_detach_policies": false,
            "id": "cicd-dev-master_role",
            "inline_policy": [],
            "managed_policy_arns": [
              "arn:aws:iam::038462790556:policy/cicd-dev-master_policy"
            ],
            "max_session_duration": 3600,
            "name": "cicd-dev-master_role",
            "name_prefix": "",
            "path": "/",
            "permissions_boundary": "",
            "tags": {
              "name": "cicd-dev-master_role"
            },
            "tags_all": {
              "name": "cicd-dev-master_role"
            },
            "unique_id": "AROAQR5EPTOOANDAIQ7XP"
          },
          "sensitive_attributes": [],
          "private": "bnVsbA=="
        }
      ]
    },
    {
      "module": "module.sol_infra_lb_sg[0]",
      "mode": "managed",
      "type": "aws_security_group",
      "name": "sol_sg",
      "provider": "provider[\"registry.terraform.io/hashicorp/aws\"]",
      "instances": [
        {
          "schema_version": 1,
          "attributes": {
            "arn": "arn:aws:ec2:ap-northeast-2:038462790556:security-group/sg-0a529a2896ded3896",
            "description": "Security Group For infra lb",
            "egress": [
              {
                "cidr_blocks": [
                  "0.0.0.0/0"
                ],
                "description": "",
                "from_port": 0,
                "ipv6_cidr_blocks": [],
                "prefix_list_ids": [],
                "protocol": "-1",
                "security_groups": [],
                "self": false,
                "to_port": 0
              }
            ],
            "id": "sg-0a529a2896ded3896",
            "ingress": [
              {
                "cidr_blocks": [
                  "10.0.2.0/24"
                ],
                "description": "",
                "from_port": 0,
                "ipv6_cidr_blocks": [],
                "prefix_list_ids": [],
                "protocol": "-1",
                "security_groups": [],
                "self": false,
                "to_port": 0
              },
              {
                "cidr_blocks": [
                  "220.118.2.248/32"
                ],
                "description": "",
                "from_port": 0,
                "ipv6_cidr_blocks": [],
                "prefix_list_ids": [],
                "protocol": "-1",
                "security_groups": [],
                "self": false,
                "to_port": 0
              }
            ],
            "name": "cicd-dev-infra-lb-sg",
            "name_prefix": "",
            "owner_id": "038462790556",
            "revoke_rules_on_delete": false,
            "tags": {
              "Name": "cicd-dev-infra-lb-sg",
              "kubernetes.io/cluster/cicd/dev": "owned"
            },
            "tags_all": {
              "Name": "cicd-dev-infra-lb-sg",
              "kubernetes.io/cluster/cicd/dev": "owned"
            },
            "timeouts": null,
            "vpc_id": "vpc-071b2d304a71ca7f9"
          },
          "sensitive_attributes": [],
          "private": "eyJlMmJmYjczMC1lY2FhLTExZTYtOGY4OC0zNDM2M2JjN2M0YzAiOnsiY3JlYXRlIjo2MDAwMDAwMDAwMDAsImRlbGV0ZSI6OTAwMDAwMDAwMDAwfSwic2NoZW1hX3ZlcnNpb24iOiIxIn0=",
          "dependencies": [
            "data.aws_vpc.vpc_info",
            "module.sol_vpc.aws_vpc.sol_vpc"
          ]
        }
      ]
    },
    {
      "module": "module.sol_infra_node[0]",
      "mode": "managed",
      "type": "aws_instance",
      "name": "sol_ec2",
      "provider": "provider[\"registry.terraform.io/hashicorp/aws\"]",
      "instances": [
        {
          "schema_version": 1,
          "attributes": {
            "ami": "ami-0a0cd2f78e9ef322a",
            "arn": "arn:aws:ec2:ap-northeast-2:038462790556:instance/i-006e38946e2f2fde6",
            "associate_public_ip_address": false,
            "availability_zone": "ap-northeast-2a",
            "capacity_reservation_specification": [
              {
                "capacity_reservation_preference": "open",
                "capacity_reservation_target": []
              }
            ],
            "cpu_core_count": 2,
            "cpu_options": [
              {
                "amd_sev_snp": "",
                "core_count": 2,
                "threads_per_core": 1
              }
            ],
            "cpu_threads_per_core": 1,
            "credit_specification": [
              {
                "cpu_credits": "standard"
              }
            ],
            "disable_api_stop": false,
            "disable_api_termination": false,
            "ebs_block_device": [
              {
                "delete_on_termination": true,
                "device_name": "/dev/sdf",
                "encrypted": false,
                "iops": 210,
                "kms_key_id": "",
                "snapshot_id": "",
                "tags": {},
                "tags_all": {},
                "throughput": 0,
                "volume_id": "vol-04659b3cf1ec37384",
                "volume_size": 70,
                "volume_type": "gp2"
              }
            ],
            "ebs_optimized": false,
            "enable_primary_ipv6": null,
            "enclave_options": [
              {
                "enabled": false
              }
            ],
            "ephemeral_block_device": [],
            "get_password_data": false,
            "hibernation": false,
            "host_id": "",
            "host_resource_group_arn": null,
            "iam_instance_profile": "",
            "id": "i-006e38946e2f2fde6",
            "instance_initiated_shutdown_behavior": "stop",
            "instance_lifecycle": "",
            "instance_market_options": [],
            "instance_state": "running",
            "instance_type": "t2.medium",
            "ipv6_address_count": 0,
            "ipv6_addresses": [],
            "key_name": "cicd-dev-key",
            "launch_template": [],
            "maintenance_options": [
              {
                "auto_recovery": "default"
              }
            ],
            "metadata_options": [
              {
                "http_endpoint": "enabled",
                "http_protocol_ipv6": "disabled",
                "http_put_response_hop_limit": 1,
                "http_tokens": "optional",
                "instance_metadata_tags": "disabled"
              }
            ],
            "monitoring": false,
            "network_interface": [
              {
                "delete_on_termination": false,
                "device_index": 0,
                "network_card_index": 0,
                "network_interface_id": "eni-0a87a872a0811227b"
              }
            ],
            "outpost_arn": "",
            "password_data": "",
            "placement_group": "",
            "placement_partition_number": 0,
            "primary_network_interface_id": "eni-0a87a872a0811227b",
            "private_dns": "ip-10-0-2-45.ap-northeast-2.compute.internal",
            "private_dns_name_options": [
              {
                "enable_resource_name_dns_a_record": false,
                "enable_resource_name_dns_aaaa_record": false,
                "hostname_type": "ip-name"
              }
            ],
            "private_ip": "10.0.2.45",
            "public_dns": "",
            "public_ip": "",
            "root_block_device": [
              {
                "delete_on_termination": true,
                "device_name": "/dev/sda1",
                "encrypted": false,
                "iops": 150,
                "kms_key_id": "",
                "tags": null,
                "tags_all": {},
                "throughput": 0,
                "volume_id": "vol-0045ef07ecc1b8370",
                "volume_size": 50,
                "volume_type": "gp2"
              }
            ],
            "secondary_private_ips": [],
            "security_groups": [],
            "source_dest_check": true,
            "spot_instance_request_id": "",
            "subnet_id": "subnet-05945ea2a8d4fb3d7",
            "tags": {
              "Name": "cicd-dev-infra-0"
            },
            "tags_all": {
              "Name": "cicd-dev-infra-0"
            },
            "tenancy": "default",
            "timeouts": null,
            "user_data": "3823cb383bef9552ac686e484963cea81d5101b4",
            "user_data_base64": null,
            "user_data_replace_on_change": false,
            "volume_tags": null,
            "vpc_security_group_ids": [
              "sg-0ddaa56d153231b68"
            ]
          },
          "sensitive_attributes": [],
          "private": "eyJlMmJmYjczMC1lY2FhLTExZTYtOGY4OC0zNDM2M2JjN2M0YzAiOnsiY3JlYXRlIjo2MDAwMDAwMDAwMDAsImRlbGV0ZSI6MTIwMDAwMDAwMDAwMCwicmVhZCI6OTAwMDAwMDAwMDAwLCJ1cGRhdGUiOjYwMDAwMDAwMDAwMH0sInNjaGVtYV92ZXJzaW9uIjoiMSJ9",
          "dependencies": [
            "aws_key_pair.sol_loginkey",
            "data.aws_internet_gateway.internet_gateway_info",
            "data.aws_vpc.vpc_info",
            "module.sol_infra_sg.aws_security_group.sol_sg",
            "module.sol_internet_gateway.aws_internet_gateway.sol_internet_gateway",
            "module.sol_nat_eip.aws_eip.sol_eip",
            "module.sol_nic_private.aws_network_interface.sol_nic",
            "module.sol_subnet_private.aws_subnet.sol_subnet",
            "module.sol_vpc.aws_vpc.sol_vpc"
          ]
        }
      ]
    },
    {
      "module": "module.sol_infra_sg[0]",
      "mode": "managed",
      "type": "aws_security_group",
      "name": "sol_sg",
      "provider": "provider[\"registry.terraform.io/hashicorp/aws\"]",
      "instances": [
        {
          "schema_version": 1,
          "attributes": {
            "arn": "arn:aws:ec2:ap-northeast-2:038462790556:security-group/sg-0ddaa56d153231b68",
            "description": "Security Group For Infra Node",
            "egress": [
              {
                "cidr_blocks": [
                  "0.0.0.0/0"
                ],
                "description": "",
                "from_port": 0,
                "ipv6_cidr_blocks": [],
                "prefix_list_ids": [],
                "protocol": "-1",
                "security_groups": [],
                "self": false,
                "to_port": 0
              }
            ],
            "id": "sg-0ddaa56d153231b68",
            "ingress": [
              {
                "cidr_blocks": [
                  "0.0.0.0/0"
                ],
                "description": "",
                "from_port": 0,
                "ipv6_cidr_blocks": [],
                "prefix_list_ids": [],
                "protocol": "-1",
                "security_groups": [],
                "self": false,
                "to_port": 0
              },
              {
                "cidr_blocks": [
                  "10.0.2.0/24"
                ],
                "description": "",
                "from_port": 0,
                "ipv6_cidr_blocks": [],
                "prefix_list_ids": [],
                "protocol": "-1",
                "security_groups": [],
                "self": false,
                "to_port": 0
              },
              {
                "cidr_blocks": [
                  "220.118.2.248/32"
                ],
                "description": "",
                "from_port": 0,
                "ipv6_cidr_blocks": [],
                "prefix_list_ids": [],
                "protocol": "-1",
                "security_groups": [],
                "self": false,
                "to_port": 0
              },
              {
                "cidr_blocks": [
                  "3.38.236.52/32"
                ],
                "description": "",
                "from_port": 0,
                "ipv6_cidr_blocks": [],
                "prefix_list_ids": [],
                "protocol": "-1",
                "security_groups": [],
                "self": false,
                "to_port": 0
              }
            ],
            "name": "cicd-dev-infra-sg",
            "name_prefix": "",
            "owner_id": "038462790556",
            "revoke_rules_on_delete": false,
            "tags": {
              "Name": "cicd-dev-infra-sg",
              "kubernetes.io/cluster/cicd/dev": "owned"
            },
            "tags_all": {
              "Name": "cicd-dev-infra-sg",
              "kubernetes.io/cluster/cicd/dev": "owned"
            },
            "timeouts": null,
            "vpc_id": "vpc-071b2d304a71ca7f9"
          },
          "sensitive_attributes": [],
          "private": "eyJlMmJmYjczMC1lY2FhLTExZTYtOGY4OC0zNDM2M2JjN2M0YzAiOnsiY3JlYXRlIjo2MDAwMDAwMDAwMDAsImRlbGV0ZSI6OTAwMDAwMDAwMDAwfSwic2NoZW1hX3ZlcnNpb24iOiIxIn0=",
          "dependencies": [
            "data.aws_internet_gateway.internet_gateway_info",
            "data.aws_vpc.vpc_info",
            "module.sol_internet_gateway.aws_internet_gateway.sol_internet_gateway",
            "module.sol_nat_eip.aws_eip.sol_eip",
            "module.sol_vpc.aws_vpc.sol_vpc"
          ]
        }
      ]
    },
    {
      "module": "module.sol_internet_gateway[0]",
      "mode": "managed",
      "type": "aws_internet_gateway",
      "name": "sol_internet_gateway",
      "provider": "provider[\"registry.terraform.io/hashicorp/aws\"]",
      "instances": [
        {
          "schema_version": 0,
          "attributes": {
            "arn": "arn:aws:ec2:ap-northeast-2:038462790556:internet-gateway/igw-04b33280d6d07c8ed",
            "id": "igw-04b33280d6d07c8ed",
            "owner_id": "038462790556",
            "tags": {
              "Name": "cicd-internet_gw"
            },
            "tags_all": {
              "Name": "cicd-internet_gw"
            },
            "timeouts": null,
            "vpc_id": "vpc-071b2d304a71ca7f9"
          },
          "sensitive_attributes": [],
          "private": "eyJlMmJmYjczMC1lY2FhLTExZTYtOGY4OC0zNDM2M2JjN2M0YzAiOnsiY3JlYXRlIjoxMjAwMDAwMDAwMDAwLCJkZWxldGUiOjEyMDAwMDAwMDAwMDAsInVwZGF0ZSI6MTIwMDAwMDAwMDAwMH19",
          "dependencies": [
            "module.sol_vpc.aws_vpc.sol_vpc"
          ]
        }
      ]
    },
    {
      "module": "module.sol_jumpbox_sg",
      "mode": "managed",
      "type": "aws_security_group",
      "name": "sol_sg",
      "provider": "provider[\"registry.terraform.io/hashicorp/aws\"]",
      "instances": [
        {
          "schema_version": 1,
          "attributes": {
            "arn": "arn:aws:ec2:ap-northeast-2:038462790556:security-group/sg-0e54b46c123cb76ca",
            "description": "Security Group For Jumpbox",
            "egress": [
              {
                "cidr_blocks": [
                  "0.0.0.0/0"
                ],
                "description": "",
                "from_port": 0,
                "ipv6_cidr_blocks": [],
                "prefix_list_ids": [],
                "protocol": "-1",
                "security_groups": [],
                "self": false,
                "to_port": 0
              }
            ],
            "id": "sg-0e54b46c123cb76ca",
            "ingress": [
              {
                "cidr_blocks": [
                  "0.0.0.0/0"
                ],
                "description": "",
                "from_port": 0,
                "ipv6_cidr_blocks": [],
                "prefix_list_ids": [],
                "protocol": "-1",
                "security_groups": [],
                "self": false,
                "to_port": 0
              },
              {
                "cidr_blocks": [
                  "10.0.2.0/24"
                ],
                "description": "",
                "from_port": 0,
                "ipv6_cidr_blocks": [],
                "prefix_list_ids": [],
                "protocol": "-1",
                "security_groups": [],
                "self": false,
                "to_port": 0
              },
              {
                "cidr_blocks": [
                  "220.118.2.248/32"
                ],
                "description": "",
                "from_port": 0,
                "ipv6_cidr_blocks": [],
                "prefix_list_ids": [],
                "protocol": "-1",
                "security_groups": [],
                "self": false,
                "to_port": 0
              }
            ],
            "name": "cicd-dev-jumpbox-sg",
            "name_prefix": "",
            "owner_id": "038462790556",
            "revoke_rules_on_delete": false,
            "tags": {
              "Name": "cicd-dev-jumpbox-sg",
              "kubernetes.io/cluster/cicd/dev": "owned"
            },
            "tags_all": {
              "Name": "cicd-dev-jumpbox-sg",
              "kubernetes.io/cluster/cicd/dev": "owned"
            },
            "timeouts": null,
            "vpc_id": "vpc-071b2d304a71ca7f9"
          },
          "sensitive_attributes": [],
          "private": "eyJlMmJmYjczMC1lY2FhLTExZTYtOGY4OC0zNDM2M2JjN2M0YzAiOnsiY3JlYXRlIjo2MDAwMDAwMDAwMDAsImRlbGV0ZSI6OTAwMDAwMDAwMDAwfSwic2NoZW1hX3ZlcnNpb24iOiIxIn0=",
          "dependencies": [
            "data.aws_vpc.vpc_info",
            "module.sol_vpc.aws_vpc.sol_vpc"
          ]
        }
      ]
    },
    {
      "module": "module.sol_k8s_lb_sg[0]",
      "mode": "managed",
      "type": "aws_security_group",
      "name": "sol_sg",
      "provider": "provider[\"registry.terraform.io/hashicorp/aws\"]",
      "instances": [
        {
          "schema_version": 1,
          "attributes": {
            "arn": "arn:aws:ec2:ap-northeast-2:038462790556:security-group/sg-0d923eabcaee6d60e",
            "description": "Security Group For k8s lb",
            "egress": [
              {
                "cidr_blocks": [
                  "0.0.0.0/0"
                ],
                "description": "",
                "from_port": 0,
                "ipv6_cidr_blocks": [],
                "prefix_list_ids": [],
                "protocol": "-1",
                "security_groups": [],
                "self": false,
                "to_port": 0
              }
            ],
            "id": "sg-0d923eabcaee6d60e",
            "ingress": [
              {
                "cidr_blocks": [
                  "10.0.2.0/24"
                ],
                "description": "",
                "from_port": 0,
                "ipv6_cidr_blocks": [],
                "prefix_list_ids": [],
                "protocol": "-1",
                "security_groups": [],
                "self": false,
                "to_port": 0
              },
              {
                "cidr_blocks": [
                  "220.118.2.248/32"
                ],
                "description": "",
                "from_port": 0,
                "ipv6_cidr_blocks": [],
                "prefix_list_ids": [],
                "protocol": "-1",
                "security_groups": [],
                "self": false,
                "to_port": 0
              }
            ],
            "name": "cicd-dev-k8s-lb-sg",
            "name_prefix": "",
            "owner_id": "038462790556",
            "revoke_rules_on_delete": false,
            "tags": {
              "Name": "cicd-dev-k8s-lb-sg",
              "kubernetes.io/cluster/cicd/dev": "owned"
            },
            "tags_all": {
              "Name": "cicd-dev-k8s-lb-sg",
              "kubernetes.io/cluster/cicd/dev": "owned"
            },
            "timeouts": null,
            "vpc_id": "vpc-071b2d304a71ca7f9"
          },
          "sensitive_attributes": [],
          "private": "eyJlMmJmYjczMC1lY2FhLTExZTYtOGY4OC0zNDM2M2JjN2M0YzAiOnsiY3JlYXRlIjo2MDAwMDAwMDAwMDAsImRlbGV0ZSI6OTAwMDAwMDAwMDAwfSwic2NoZW1hX3ZlcnNpb24iOiIxIn0=",
          "dependencies": [
            "data.aws_vpc.vpc_info",
            "module.sol_vpc.aws_vpc.sol_vpc"
          ]
        }
      ]
    },
    {
      "module": "module.sol_lb_infra[0]",
      "mode": "managed",
      "type": "aws_lb",
      "name": "sol_lb",
      "provider": "provider[\"registry.terraform.io/hashicorp/aws\"]",
      "instances": [
        {
          "schema_version": 0,
          "attributes": {
            "access_logs": [
              {
                "bucket": "",
                "enabled": false,
                "prefix": ""
              }
            ],
            "arn": "arn:aws:elasticloadbalancing:ap-northeast-2:038462790556:loadbalancer/net/cicd-dev-infra-lb/1abb0ec6015282eb",
            "arn_suffix": "net/cicd-dev-infra-lb/1abb0ec6015282eb",
            "client_keep_alive": null,
            "connection_logs": [],
            "customer_owned_ipv4_pool": "",
            "desync_mitigation_mode": null,
            "dns_name": "cicd-dev-infra-lb-1abb0ec6015282eb.elb.ap-northeast-2.amazonaws.com",
            "dns_record_client_routing_policy": "any_availability_zone",
            "drop_invalid_header_fields": null,
            "enable_cross_zone_load_balancing": false,
            "enable_deletion_protection": false,
            "enable_http2": null,
            "enable_tls_version_and_cipher_suite_headers": null,
            "enable_waf_fail_open": null,
            "enable_xff_client_port": null,
            "enable_zonal_shift": false,
            "enforce_security_group_inbound_rules_on_private_link_traffic": "",
            "id": "arn:aws:elasticloadbalancing:ap-northeast-2:038462790556:loadbalancer/net/cicd-dev-infra-lb/1abb0ec6015282eb",
            "idle_timeout": null,
            "internal": false,
            "ip_address_type": "ipv4",
            "load_balancer_type": "network",
            "name": "cicd-dev-infra-lb",
            "name_prefix": "",
            "preserve_host_header": null,
            "security_groups": [
              "sg-0a529a2896ded3896"
            ],
            "subnet_mapping": [
              {
                "allocation_id": "",
                "ipv6_address": "",
                "outpost_id": "",
                "private_ipv4_address": "",
                "subnet_id": "subnet-05945ea2a8d4fb3d7"
              }
            ],
            "subnets": [
              "subnet-05945ea2a8d4fb3d7"
            ],
            "tags": {
              "Name": "cicd-dev-infra-lb",
              "kubernetes.io/cluster/cicd/dev": "owned"
            },
            "tags_all": {
              "Name": "cicd-dev-infra-lb",
              "kubernetes.io/cluster/cicd/dev": "owned"
            },
            "timeouts": null,
            "vpc_id": "vpc-071b2d304a71ca7f9",
            "xff_header_processing_mode": null,
            "zone_id": "ZIBE1TIR4HY56"
          },
          "sensitive_attributes": [],
          "private": "eyJlMmJmYjczMC1lY2FhLTExZTYtOGY4OC0zNDM2M2JjN2M0YzAiOnsiY3JlYXRlIjo2MDAwMDAwMDAwMDAsImRlbGV0ZSI6NjAwMDAwMDAwMDAwLCJ1cGRhdGUiOjYwMDAwMDAwMDAwMH19",
          "dependencies": [
            "data.aws_vpc.vpc_info",
            "module.sol_infra_lb_sg.aws_security_group.sol_sg",
            "module.sol_subnet_private.aws_subnet.sol_subnet",
            "module.sol_vpc.aws_vpc.sol_vpc"
          ]
        }
      ]
    },
    {
      "module": "module.sol_lb_infra_target_group[0]",
      "mode": "managed",
      "type": "aws_lb_target_group",
      "name": "sol_target_group",
      "provider": "provider[\"registry.terraform.io/hashicorp/aws\"]",
      "instances": [
        {
          "schema_version": 0,
          "attributes": {
            "arn": "arn:aws:elasticloadbalancing:ap-northeast-2:038462790556:targetgroup/cicd-dev-infra-tg-harbor/1ae1c39e2a991358",
            "arn_suffix": "targetgroup/cicd-dev-infra-tg-harbor/1ae1c39e2a991358",
            "connection_termination": false,
            "deregistration_delay": "300",
            "health_check": [
              {
                "enabled": true,
                "healthy_threshold": 2,
                "interval": 30,
                "matcher": "",
                "path": "",
                "port": "5443",
                "protocol": "TCP",
                "timeout": 10,
                "unhealthy_threshold": 2
              }
            ],
            "id": "arn:aws:elasticloadbalancing:ap-northeast-2:038462790556:targetgroup/cicd-dev-infra-tg-harbor/1ae1c39e2a991358",
            "ip_address_type": "ipv4",
            "lambda_multi_value_headers_enabled": false,
            "load_balancer_arns": [
              "arn:aws:elasticloadbalancing:ap-northeast-2:038462790556:loadbalancer/net/cicd-dev-infra-lb/1abb0ec6015282eb"
            ],
            "load_balancing_algorithm_type": null,
            "load_balancing_anomaly_mitigation": null,
            "load_balancing_cross_zone_enabled": "false",
            "name": "cicd-dev-infra-tg-harbor",
            "name_prefix": "",
            "port": 5443,
            "preserve_client_ip": "true",
            "protocol": "TCP",
            "protocol_version": null,
            "proxy_protocol_v2": false,
            "slow_start": 0,
            "stickiness": [
              {
                "cookie_duration": 0,
                "cookie_name": "",
                "enabled": false,
                "type": "source_ip"
              }
            ],
            "tags": {
              "Name": "cicd-dev-infra-tg-harbor"
            },
            "tags_all": {
              "Name": "cicd-dev-infra-tg-harbor"
            },
            "target_failover": [
              {
                "on_deregistration": null,
                "on_unhealthy": null
              }
            ],
            "target_group_health": [
              {
                "dns_failover": [
                  {
                    "minimum_healthy_targets_count": "1",
                    "minimum_healthy_targets_percentage": "off"
                  }
                ],
                "unhealthy_state_routing": [
                  {
                    "minimum_healthy_targets_count": 1,
                    "minimum_healthy_targets_percentage": "off"
                  }
                ]
              }
            ],
            "target_health_state": [
              {
                "enable_unhealthy_connection_termination": true,
                "unhealthy_draining_interval": 0
              }
            ],
            "target_type": "instance",
            "vpc_id": "vpc-071b2d304a71ca7f9"
          },
          "sensitive_attributes": [],
          "private": "bnVsbA==",
          "dependencies": [
            "data.aws_vpc.vpc_info",
            "module.sol_vpc.aws_vpc.sol_vpc"
          ]
        }
      ]
    },
    {
      "module": "module.sol_lb_infra_target_group[1]",
      "mode": "managed",
      "type": "aws_lb_target_group",
      "name": "sol_target_group",
      "provider": "provider[\"registry.terraform.io/hashicorp/aws\"]",
      "instances": [
        {
          "schema_version": 0,
          "attributes": {
            "arn": "arn:aws:elasticloadbalancing:ap-northeast-2:038462790556:targetgroup/cicd-dev-infra-tg-gitlab/06214adc12f5b17f",
            "arn_suffix": "targetgroup/cicd-dev-infra-tg-gitlab/06214adc12f5b17f",
            "connection_termination": false,
            "deregistration_delay": "300",
            "health_check": [
              {
                "enabled": true,
                "healthy_threshold": 2,
                "interval": 30,
                "matcher": "",
                "path": "",
                "port": "8443",
                "protocol": "TCP",
                "timeout": 10,
                "unhealthy_threshold": 2
              }
            ],
            "id": "arn:aws:elasticloadbalancing:ap-northeast-2:038462790556:targetgroup/cicd-dev-infra-tg-gitlab/06214adc12f5b17f",
            "ip_address_type": "ipv4",
            "lambda_multi_value_headers_enabled": false,
            "load_balancer_arns": [
              "arn:aws:elasticloadbalancing:ap-northeast-2:038462790556:loadbalancer/net/cicd-dev-infra-lb/1abb0ec6015282eb"
            ],
            "load_balancing_algorithm_type": null,
            "load_balancing_anomaly_mitigation": null,
            "load_balancing_cross_zone_enabled": "false",
            "name": "cicd-dev-infra-tg-gitlab",
            "name_prefix": "",
            "port": 8443,
            "preserve_client_ip": "true",
            "protocol": "TCP",
            "protocol_version": null,
            "proxy_protocol_v2": false,
            "slow_start": 0,
            "stickiness": [
              {
                "cookie_duration": 0,
                "cookie_name": "",
                "enabled": false,
                "type": "source_ip"
              }
            ],
            "tags": {
              "Name": "cicd-dev-infra-tg-gitlab"
            },
            "tags_all": {
              "Name": "cicd-dev-infra-tg-gitlab"
            },
            "target_failover": [
              {
                "on_deregistration": null,
                "on_unhealthy": null
              }
            ],
            "target_group_health": [
              {
                "dns_failover": [
                  {
                    "minimum_healthy_targets_count": "1",
                    "minimum_healthy_targets_percentage": "off"
                  }
                ],
                "unhealthy_state_routing": [
                  {
                    "minimum_healthy_targets_count": 1,
                    "minimum_healthy_targets_percentage": "off"
                  }
                ]
              }
            ],
            "target_health_state": [
              {
                "enable_unhealthy_connection_termination": true,
                "unhealthy_draining_interval": 0
              }
            ],
            "target_type": "instance",
            "vpc_id": "vpc-071b2d304a71ca7f9"
          },
          "sensitive_attributes": [],
          "private": "bnVsbA==",
          "dependencies": [
            "data.aws_vpc.vpc_info",
            "module.sol_vpc.aws_vpc.sol_vpc"
          ]
        }
      ]
    },
    {
      "module": "module.sol_lb_infra_target_group[2]",
      "mode": "managed",
      "type": "aws_lb_target_group",
      "name": "sol_target_group",
      "provider": "provider[\"registry.terraform.io/hashicorp/aws\"]",
      "instances": [
        {
          "schema_version": 0,
          "attributes": {
            "arn": "arn:aws:elasticloadbalancing:ap-northeast-2:038462790556:targetgroup/cicd-dev-infra-tg-nexus/b77959a0d7b54ae9",
            "arn_suffix": "targetgroup/cicd-dev-infra-tg-nexus/b77959a0d7b54ae9",
            "connection_termination": false,
            "deregistration_delay": "300",
            "health_check": [
              {
                "enabled": true,
                "healthy_threshold": 2,
                "interval": 30,
                "matcher": "",
                "path": "",
                "port": "8081",
                "protocol": "TCP",
                "timeout": 10,
                "unhealthy_threshold": 2
              }
            ],
            "id": "arn:aws:elasticloadbalancing:ap-northeast-2:038462790556:targetgroup/cicd-dev-infra-tg-nexus/b77959a0d7b54ae9",
            "ip_address_type": "ipv4",
            "lambda_multi_value_headers_enabled": false,
            "load_balancer_arns": [
              "arn:aws:elasticloadbalancing:ap-northeast-2:038462790556:loadbalancer/net/cicd-dev-infra-lb/1abb0ec6015282eb"
            ],
            "load_balancing_algorithm_type": null,
            "load_balancing_anomaly_mitigation": null,
            "load_balancing_cross_zone_enabled": "false",
            "name": "cicd-dev-infra-tg-nexus",
            "name_prefix": "",
            "port": 8081,
            "preserve_client_ip": "true",
            "protocol": "TCP",
            "protocol_version": null,
            "proxy_protocol_v2": false,
            "slow_start": 0,
            "stickiness": [
              {
                "cookie_duration": 0,
                "cookie_name": "",
                "enabled": false,
                "type": "source_ip"
              }
            ],
            "tags": {
              "Name": "cicd-dev-infra-tg-nexus"
            },
            "tags_all": {
              "Name": "cicd-dev-infra-tg-nexus"
            },
            "target_failover": [
              {
                "on_deregistration": null,
                "on_unhealthy": null
              }
            ],
            "target_group_health": [
              {
                "dns_failover": [
                  {
                    "minimum_healthy_targets_count": "1",
                    "minimum_healthy_targets_percentage": "off"
                  }
                ],
                "unhealthy_state_routing": [
                  {
                    "minimum_healthy_targets_count": 1,
                    "minimum_healthy_targets_percentage": "off"
                  }
                ]
              }
            ],
            "target_health_state": [
              {
                "enable_unhealthy_connection_termination": true,
                "unhealthy_draining_interval": 0
              }
            ],
            "target_type": "instance",
            "vpc_id": "vpc-071b2d304a71ca7f9"
          },
          "sensitive_attributes": [],
          "private": "bnVsbA==",
          "dependencies": [
            "data.aws_vpc.vpc_info",
            "module.sol_vpc.aws_vpc.sol_vpc"
          ]
        }
      ]
    },
    {
      "module": "module.sol_lb_infra_target_group[3]",
      "mode": "managed",
      "type": "aws_lb_target_group",
      "name": "sol_target_group",
      "provider": "provider[\"registry.terraform.io/hashicorp/aws\"]",
      "instances": [
        {
          "schema_version": 0,
          "attributes": {
            "arn": "arn:aws:elasticloadbalancing:ap-northeast-2:038462790556:targetgroup/cicd-dev-infra-tg-jenkins/a6d506b9efb27760",
            "arn_suffix": "targetgroup/cicd-dev-infra-tg-jenkins/a6d506b9efb27760",
            "connection_termination": false,
            "deregistration_delay": "300",
            "health_check": [
              {
                "enabled": true,
                "healthy_threshold": 2,
                "interval": 30,
                "matcher": "",
                "path": "",
                "port": "8080",
                "protocol": "TCP",
                "timeout": 10,
                "unhealthy_threshold": 2
              }
            ],
            "id": "arn:aws:elasticloadbalancing:ap-northeast-2:038462790556:targetgroup/cicd-dev-infra-tg-jenkins/a6d506b9efb27760",
            "ip_address_type": "ipv4",
            "lambda_multi_value_headers_enabled": false,
            "load_balancer_arns": [
              "arn:aws:elasticloadbalancing:ap-northeast-2:038462790556:loadbalancer/net/cicd-dev-infra-lb/1abb0ec6015282eb"
            ],
            "load_balancing_algorithm_type": null,
            "load_balancing_anomaly_mitigation": null,
            "load_balancing_cross_zone_enabled": "false",
            "name": "cicd-dev-infra-tg-jenkins",
            "name_prefix": "",
            "port": 8080,
            "preserve_client_ip": "true",
            "protocol": "TCP",
            "protocol_version": null,
            "proxy_protocol_v2": false,
            "slow_start": 0,
            "stickiness": [
              {
                "cookie_duration": 0,
                "cookie_name": "",
                "enabled": false,
                "type": "source_ip"
              }
            ],
            "tags": {
              "Name": "cicd-dev-infra-tg-jenkins"
            },
            "tags_all": {
              "Name": "cicd-dev-infra-tg-jenkins"
            },
            "target_failover": [
              {
                "on_deregistration": null,
                "on_unhealthy": null
              }
            ],
            "target_group_health": [
              {
                "dns_failover": [
                  {
                    "minimum_healthy_targets_count": "1",
                    "minimum_healthy_targets_percentage": "off"
                  }
                ],
                "unhealthy_state_routing": [
                  {
                    "minimum_healthy_targets_count": 1,
                    "minimum_healthy_targets_percentage": "off"
                  }
                ]
              }
            ],
            "target_health_state": [
              {
                "enable_unhealthy_connection_termination": true,
                "unhealthy_draining_interval": 0
              }
            ],
            "target_type": "instance",
            "vpc_id": "vpc-071b2d304a71ca7f9"
          },
          "sensitive_attributes": [],
          "private": "bnVsbA==",
          "dependencies": [
            "data.aws_vpc.vpc_info",
            "module.sol_vpc.aws_vpc.sol_vpc"
          ]
        }
      ]
    },
    {
      "module": "module.sol_lb_infra_target_group_attachment_infra1[0]",
      "mode": "managed",
      "type": "aws_lb_target_group_attachment",
      "name": "sol_target_group_attachment",
      "provider": "provider[\"registry.terraform.io/hashicorp/aws\"]",
      "instances": [
        {
          "schema_version": 0,
          "attributes": {
            "availability_zone": null,
            "id": "arn:aws:elasticloadbalancing:ap-northeast-2:038462790556:targetgroup/cicd-dev-infra-tg-harbor/1ae1c39e2a991358-20250130102533789900000006",
            "port": null,
            "target_group_arn": "arn:aws:elasticloadbalancing:ap-northeast-2:038462790556:targetgroup/cicd-dev-infra-tg-harbor/1ae1c39e2a991358",
            "target_id": "i-006e38946e2f2fde6"
          },
          "sensitive_attributes": [],
          "private": "bnVsbA==",
          "dependencies": [
            "aws_key_pair.sol_loginkey",
            "data.aws_internet_gateway.internet_gateway_info",
            "data.aws_vpc.vpc_info",
            "module.sol_infra_node.aws_instance.sol_ec2",
            "module.sol_infra_sg.aws_security_group.sol_sg",
            "module.sol_internet_gateway.aws_internet_gateway.sol_internet_gateway",
            "module.sol_lb_infra_target_group.aws_lb_target_group.sol_target_group",
            "module.sol_nat_eip.aws_eip.sol_eip",
            "module.sol_nic_private.aws_network_interface.sol_nic",
            "module.sol_subnet_private.aws_subnet.sol_subnet",
            "module.sol_vpc.aws_vpc.sol_vpc"
          ]
        }
      ]
    },
    {
      "module": "module.sol_lb_infra_target_group_attachment_infra1[1]",
      "mode": "managed",
      "type": "aws_lb_target_group_attachment",
      "name": "sol_target_group_attachment",
      "provider": "provider[\"registry.terraform.io/hashicorp/aws\"]",
      "instances": [
        {
          "schema_version": 0,
          "attributes": {
            "availability_zone": null,
            "id": "arn:aws:elasticloadbalancing:ap-northeast-2:038462790556:targetgroup/cicd-dev-infra-tg-gitlab/06214adc12f5b17f-20250130102534197200000007",
            "port": null,
            "target_group_arn": "arn:aws:elasticloadbalancing:ap-northeast-2:038462790556:targetgroup/cicd-dev-infra-tg-gitlab/06214adc12f5b17f",
            "target_id": "i-006e38946e2f2fde6"
          },
          "sensitive_attributes": [],
          "private": "bnVsbA==",
          "dependencies": [
            "aws_key_pair.sol_loginkey",
            "data.aws_internet_gateway.internet_gateway_info",
            "data.aws_vpc.vpc_info",
            "module.sol_infra_node.aws_instance.sol_ec2",
            "module.sol_infra_sg.aws_security_group.sol_sg",
            "module.sol_internet_gateway.aws_internet_gateway.sol_internet_gateway",
            "module.sol_lb_infra_target_group.aws_lb_target_group.sol_target_group",
            "module.sol_nat_eip.aws_eip.sol_eip",
            "module.sol_nic_private.aws_network_interface.sol_nic",
            "module.sol_subnet_private.aws_subnet.sol_subnet",
            "module.sol_vpc.aws_vpc.sol_vpc"
          ]
        }
      ]
    },
    {
      "module": "module.sol_lb_infra_target_group_attachment_infra1[2]",
      "mode": "managed",
      "type": "aws_lb_target_group_attachment",
      "name": "sol_target_group_attachment",
      "provider": "provider[\"registry.terraform.io/hashicorp/aws\"]",
      "instances": [
        {
          "schema_version": 0,
          "attributes": {
            "availability_zone": null,
            "id": "arn:aws:elasticloadbalancing:ap-northeast-2:038462790556:targetgroup/cicd-dev-infra-tg-nexus/b77959a0d7b54ae9-20250130102536146500000008",
            "port": null,
            "target_group_arn": "arn:aws:elasticloadbalancing:ap-northeast-2:038462790556:targetgroup/cicd-dev-infra-tg-nexus/b77959a0d7b54ae9",
            "target_id": "i-006e38946e2f2fde6"
          },
          "sensitive_attributes": [],
          "private": "bnVsbA==",
          "dependencies": [
            "aws_key_pair.sol_loginkey",
            "data.aws_internet_gateway.internet_gateway_info",
            "data.aws_vpc.vpc_info",
            "module.sol_infra_node.aws_instance.sol_ec2",
            "module.sol_infra_sg.aws_security_group.sol_sg",
            "module.sol_internet_gateway.aws_internet_gateway.sol_internet_gateway",
            "module.sol_lb_infra_target_group.aws_lb_target_group.sol_target_group",
            "module.sol_nat_eip.aws_eip.sol_eip",
            "module.sol_nic_private.aws_network_interface.sol_nic",
            "module.sol_subnet_private.aws_subnet.sol_subnet",
            "module.sol_vpc.aws_vpc.sol_vpc"
          ]
        }
      ]
    },
    {
      "module": "module.sol_lb_infra_target_group_attachment_infra1[3]",
      "mode": "managed",
      "type": "aws_lb_target_group_attachment",
      "name": "sol_target_group_attachment",
      "provider": "provider[\"registry.terraform.io/hashicorp/aws\"]",
      "instances": [
        {
          "schema_version": 0,
          "attributes": {
            "availability_zone": null,
            "id": "arn:aws:elasticloadbalancing:ap-northeast-2:038462790556:targetgroup/cicd-dev-infra-tg-jenkins/a6d506b9efb27760-20250130102533789600000005",
            "port": null,
            "target_group_arn": "arn:aws:elasticloadbalancing:ap-northeast-2:038462790556:targetgroup/cicd-dev-infra-tg-jenkins/a6d506b9efb27760",
            "target_id": "i-006e38946e2f2fde6"
          },
          "sensitive_attributes": [],
          "private": "bnVsbA==",
          "dependencies": [
            "aws_key_pair.sol_loginkey",
            "data.aws_internet_gateway.internet_gateway_info",
            "data.aws_vpc.vpc_info",
            "module.sol_infra_node.aws_instance.sol_ec2",
            "module.sol_infra_sg.aws_security_group.sol_sg",
            "module.sol_internet_gateway.aws_internet_gateway.sol_internet_gateway",
            "module.sol_lb_infra_target_group.aws_lb_target_group.sol_target_group",
            "module.sol_nat_eip.aws_eip.sol_eip",
            "module.sol_nic_private.aws_network_interface.sol_nic",
            "module.sol_subnet_private.aws_subnet.sol_subnet",
            "module.sol_vpc.aws_vpc.sol_vpc"
          ]
        }
      ]
    },
    {
      "module": "module.sol_lb_k8s[0]",
      "mode": "managed",
      "type": "aws_lb",
      "name": "sol_lb",
      "provider": "provider[\"registry.terraform.io/hashicorp/aws\"]",
      "instances": [
        {
          "schema_version": 0,
          "attributes": {
            "access_logs": [
              {
                "bucket": "",
                "enabled": false,
                "prefix": ""
              }
            ],
            "arn": "arn:aws:elasticloadbalancing:ap-northeast-2:038462790556:loadbalancer/net/cicd-dev-k8s-lb/e0a76c3e5210be6a",
            "arn_suffix": "net/cicd-dev-k8s-lb/e0a76c3e5210be6a",
            "client_keep_alive": null,
            "connection_logs": [],
            "customer_owned_ipv4_pool": "",
            "desync_mitigation_mode": null,
            "dns_name": "cicd-dev-k8s-lb-e0a76c3e5210be6a.elb.ap-northeast-2.amazonaws.com",
            "dns_record_client_routing_policy": "any_availability_zone",
            "drop_invalid_header_fields": null,
            "enable_cross_zone_load_balancing": false,
            "enable_deletion_protection": false,
            "enable_http2": null,
            "enable_tls_version_and_cipher_suite_headers": null,
            "enable_waf_fail_open": null,
            "enable_xff_client_port": null,
            "enable_zonal_shift": false,
            "enforce_security_group_inbound_rules_on_private_link_traffic": "",
            "id": "arn:aws:elasticloadbalancing:ap-northeast-2:038462790556:loadbalancer/net/cicd-dev-k8s-lb/e0a76c3e5210be6a",
            "idle_timeout": null,
            "internal": false,
            "ip_address_type": "ipv4",
            "load_balancer_type": "network",
            "name": "cicd-dev-k8s-lb",
            "name_prefix": "",
            "preserve_host_header": null,
            "security_groups": [
              "sg-0d923eabcaee6d60e"
            ],
            "subnet_mapping": [
              {
                "allocation_id": "",
                "ipv6_address": "",
                "outpost_id": "",
                "private_ipv4_address": "",
                "subnet_id": "subnet-05945ea2a8d4fb3d7"
              }
            ],
            "subnets": [
              "subnet-05945ea2a8d4fb3d7"
            ],
            "tags": {
              "Name": "cicd-dev-k8s-lb",
              "kubernetes.io/cluster/cicd/dev": "owned"
            },
            "tags_all": {
              "Name": "cicd-dev-k8s-lb",
              "kubernetes.io/cluster/cicd/dev": "owned"
            },
            "timeouts": null,
            "vpc_id": "vpc-071b2d304a71ca7f9",
            "xff_header_processing_mode": null,
            "zone_id": "ZIBE1TIR4HY56"
          },
          "sensitive_attributes": [],
          "private": "eyJlMmJmYjczMC1lY2FhLTExZTYtOGY4OC0zNDM2M2JjN2M0YzAiOnsiY3JlYXRlIjo2MDAwMDAwMDAwMDAsImRlbGV0ZSI6NjAwMDAwMDAwMDAwLCJ1cGRhdGUiOjYwMDAwMDAwMDAwMH19",
          "dependencies": [
            "data.aws_vpc.vpc_info",
            "module.sol_k8s_lb_sg.aws_security_group.sol_sg",
            "module.sol_subnet_private.aws_subnet.sol_subnet",
            "module.sol_vpc.aws_vpc.sol_vpc"
          ]
        }
      ]
    },
    {
      "module": "module.sol_lb_k8s_listener[0]",
      "mode": "managed",
      "type": "aws_lb_listener",
      "name": "sol_lb_listener",
      "provider": "provider[\"registry.terraform.io/hashicorp/aws\"]",
      "instances": [
        {
          "schema_version": 0,
          "attributes": {
            "alpn_policy": null,
            "arn": "arn:aws:elasticloadbalancing:ap-northeast-2:038462790556:listener/net/cicd-dev-k8s-lb/e0a76c3e5210be6a/b769915fba60ad8b",
            "certificate_arn": null,
            "default_action": [
              {
                "authenticate_cognito": [],
                "authenticate_oidc": [],
                "fixed_response": [],
                "forward": [],
                "order": 1,
                "redirect": [],
                "target_group_arn": "arn:aws:elasticloadbalancing:ap-northeast-2:038462790556:targetgroup/cicd-dev-k8s-tg-k8s/15a4f31afb2b8da7",
                "type": "forward"
              }
            ],
            "id": "arn:aws:elasticloadbalancing:ap-northeast-2:038462790556:listener/net/cicd-dev-k8s-lb/e0a76c3e5210be6a/b769915fba60ad8b",
            "load_balancer_arn": "arn:aws:elasticloadbalancing:ap-northeast-2:038462790556:loadbalancer/net/cicd-dev-k8s-lb/e0a76c3e5210be6a",
            "mutual_authentication": [],
            "port": 6443,
            "protocol": "TCP",
            "ssl_policy": "",
            "tags": {},
            "tags_all": {},
            "tcp_idle_timeout_seconds": 360,
            "timeouts": null
          },
          "sensitive_attributes": [],
          "private": "eyJlMmJmYjczMC1lY2FhLTExZTYtOGY4OC0zNDM2M2JjN2M0YzAiOnsiY3JlYXRlIjozMDAwMDAwMDAwMDAsInVwZGF0ZSI6MzAwMDAwMDAwMDAwfX0=",
          "dependencies": [
            "data.aws_vpc.vpc_info",
            "module.sol_k8s_lb_sg.aws_security_group.sol_sg",
            "module.sol_lb_k8s.aws_lb.sol_lb",
            "module.sol_lb_k8s_target_group.aws_lb_target_group.sol_target_group",
            "module.sol_subnet_private.aws_subnet.sol_subnet",
            "module.sol_vpc.aws_vpc.sol_vpc"
          ]
        }
      ]
    },
    {
      "module": "module.sol_lb_k8s_target_group[0]",
      "mode": "managed",
      "type": "aws_lb_target_group",
      "name": "sol_target_group",
      "provider": "provider[\"registry.terraform.io/hashicorp/aws\"]",
      "instances": [
        {
          "schema_version": 0,
          "attributes": {
            "arn": "arn:aws:elasticloadbalancing:ap-northeast-2:038462790556:targetgroup/cicd-dev-k8s-tg-k8s/15a4f31afb2b8da7",
            "arn_suffix": "targetgroup/cicd-dev-k8s-tg-k8s/15a4f31afb2b8da7",
            "connection_termination": false,
            "deregistration_delay": "300",
            "health_check": [
              {
                "enabled": true,
                "healthy_threshold": 2,
                "interval": 30,
                "matcher": "",
                "path": "",
                "port": "6443",
                "protocol": "TCP",
                "timeout": 10,
                "unhealthy_threshold": 2
              }
            ],
            "id": "arn:aws:elasticloadbalancing:ap-northeast-2:038462790556:targetgroup/cicd-dev-k8s-tg-k8s/15a4f31afb2b8da7",
            "ip_address_type": "ipv4",
            "lambda_multi_value_headers_enabled": false,
            "load_balancer_arns": [
              "arn:aws:elasticloadbalancing:ap-northeast-2:038462790556:loadbalancer/net/cicd-dev-k8s-lb/e0a76c3e5210be6a"
            ],
            "load_balancing_algorithm_type": null,
            "load_balancing_anomaly_mitigation": null,
            "load_balancing_cross_zone_enabled": "false",
            "name": "cicd-dev-k8s-tg-k8s",
            "name_prefix": "",
            "port": 6443,
            "preserve_client_ip": "true",
            "protocol": "TCP",
            "protocol_version": null,
            "proxy_protocol_v2": false,
            "slow_start": 0,
            "stickiness": [
              {
                "cookie_duration": 0,
                "cookie_name": "",
                "enabled": false,
                "type": "source_ip"
              }
            ],
            "tags": {
              "Name": "cicd-dev-k8s-tg-k8s"
            },
            "tags_all": {
              "Name": "cicd-dev-k8s-tg-k8s"
            },
            "target_failover": [
              {
                "on_deregistration": null,
                "on_unhealthy": null
              }
            ],
            "target_group_health": [
              {
                "dns_failover": [
                  {
                    "minimum_healthy_targets_count": "1",
                    "minimum_healthy_targets_percentage": "off"
                  }
                ],
                "unhealthy_state_routing": [
                  {
                    "minimum_healthy_targets_count": 1,
                    "minimum_healthy_targets_percentage": "off"
                  }
                ]
              }
            ],
            "target_health_state": [
              {
                "enable_unhealthy_connection_termination": true,
                "unhealthy_draining_interval": 0
              }
            ],
            "target_type": "instance",
            "vpc_id": "vpc-071b2d304a71ca7f9"
          },
          "sensitive_attributes": [],
          "private": "bnVsbA==",
          "dependencies": [
            "data.aws_vpc.vpc_info",
            "module.sol_vpc.aws_vpc.sol_vpc"
          ]
        }
      ]
    },
    {
      "module": "module.sol_lb_k8s_target_group_attachment_master1[0]",
      "mode": "managed",
      "type": "aws_lb_target_group_attachment",
      "name": "sol_target_group_attachment",
      "provider": "provider[\"registry.terraform.io/hashicorp/aws\"]",
      "instances": [
        {
          "schema_version": 0,
          "attributes": {
            "availability_zone": null,
            "id": "arn:aws:elasticloadbalancing:ap-northeast-2:038462790556:targetgroup/cicd-dev-k8s-tg-k8s/15a4f31afb2b8da7-20250130102547141900000009",
            "port": null,
            "target_group_arn": "arn:aws:elasticloadbalancing:ap-northeast-2:038462790556:targetgroup/cicd-dev-k8s-tg-k8s/15a4f31afb2b8da7",
            "target_id": "i-087da2d3460f02d39"
          },
          "sensitive_attributes": [],
          "private": "bnVsbA==",
          "dependencies": [
            "aws_key_pair.sol_loginkey",
            "data.aws_internet_gateway.internet_gateway_info",
            "data.aws_vpc.vpc_info",
            "module.sol_iam_master_profile.aws_iam_instance_profile.sol_iam_profile",
            "module.sol_iam_master_role.aws_iam_role.sol_iam_role",
            "module.sol_infra_node.aws_instance.sol_ec2",
            "module.sol_infra_sg.aws_security_group.sol_sg",
            "module.sol_internet_gateway.aws_internet_gateway.sol_internet_gateway",
            "module.sol_lb_k8s_target_group.aws_lb_target_group.sol_target_group",
            "module.sol_master_node.aws_instance.sol_ec2",
            "module.sol_master_sg.aws_security_group.sol_sg",
            "module.sol_nat_eip.aws_eip.sol_eip",
            "module.sol_nic_master.aws_network_interface.sol_nic",
            "module.sol_nic_private.aws_network_interface.sol_nic",
            "module.sol_subnet_private.aws_subnet.sol_subnet",
            "module.sol_vpc.aws_vpc.sol_vpc"
          ]
        }
      ]
    },
    {
      "module": "module.sol_lb_listener[0]",
      "mode": "managed",
      "type": "aws_lb_listener",
      "name": "sol_lb_listener",
      "provider": "provider[\"registry.terraform.io/hashicorp/aws\"]",
      "instances": [
        {
          "schema_version": 0,
          "attributes": {
            "alpn_policy": null,
            "arn": "arn:aws:elasticloadbalancing:ap-northeast-2:038462790556:listener/net/cicd-dev-infra-lb/1abb0ec6015282eb/9bf6b33c0b0d664c",
            "certificate_arn": null,
            "default_action": [
              {
                "authenticate_cognito": [],
                "authenticate_oidc": [],
                "fixed_response": [],
                "forward": [],
                "order": 1,
                "redirect": [],
                "target_group_arn": "arn:aws:elasticloadbalancing:ap-northeast-2:038462790556:targetgroup/cicd-dev-infra-tg-harbor/1ae1c39e2a991358",
                "type": "forward"
              }
            ],
            "id": "arn:aws:elasticloadbalancing:ap-northeast-2:038462790556:listener/net/cicd-dev-infra-lb/1abb0ec6015282eb/9bf6b33c0b0d664c",
            "load_balancer_arn": "arn:aws:elasticloadbalancing:ap-northeast-2:038462790556:loadbalancer/net/cicd-dev-infra-lb/1abb0ec6015282eb",
            "mutual_authentication": [],
            "port": 5443,
            "protocol": "TCP",
            "ssl_policy": "",
            "tags": {},
            "tags_all": {},
            "tcp_idle_timeout_seconds": 360,
            "timeouts": null
          },
          "sensitive_attributes": [],
          "private": "eyJlMmJmYjczMC1lY2FhLTExZTYtOGY4OC0zNDM2M2JjN2M0YzAiOnsiY3JlYXRlIjozMDAwMDAwMDAwMDAsInVwZGF0ZSI6MzAwMDAwMDAwMDAwfX0=",
          "dependencies": [
            "data.aws_vpc.vpc_info",
            "module.sol_infra_lb_sg.aws_security_group.sol_sg",
            "module.sol_lb_infra.aws_lb.sol_lb",
            "module.sol_lb_infra_target_group.aws_lb_target_group.sol_target_group",
            "module.sol_subnet_private.aws_subnet.sol_subnet",
            "module.sol_vpc.aws_vpc.sol_vpc"
          ]
        }
      ]
    },
    {
      "module": "module.sol_lb_listener[1]",
      "mode": "managed",
      "type": "aws_lb_listener",
      "name": "sol_lb_listener",
      "provider": "provider[\"registry.terraform.io/hashicorp/aws\"]",
      "instances": [
        {
          "schema_version": 0,
          "attributes": {
            "alpn_policy": null,
            "arn": "arn:aws:elasticloadbalancing:ap-northeast-2:038462790556:listener/net/cicd-dev-infra-lb/1abb0ec6015282eb/28312fc3c77dddbf",
            "certificate_arn": null,
            "default_action": [
              {
                "authenticate_cognito": [],
                "authenticate_oidc": [],
                "fixed_response": [],
                "forward": [],
                "order": 1,
                "redirect": [],
                "target_group_arn": "arn:aws:elasticloadbalancing:ap-northeast-2:038462790556:targetgroup/cicd-dev-infra-tg-gitlab/06214adc12f5b17f",
                "type": "forward"
              }
            ],
            "id": "arn:aws:elasticloadbalancing:ap-northeast-2:038462790556:listener/net/cicd-dev-infra-lb/1abb0ec6015282eb/28312fc3c77dddbf",
            "load_balancer_arn": "arn:aws:elasticloadbalancing:ap-northeast-2:038462790556:loadbalancer/net/cicd-dev-infra-lb/1abb0ec6015282eb",
            "mutual_authentication": [],
            "port": 8443,
            "protocol": "TCP",
            "ssl_policy": "",
            "tags": {},
            "tags_all": {},
            "tcp_idle_timeout_seconds": 360,
            "timeouts": null
          },
          "sensitive_attributes": [],
          "private": "eyJlMmJmYjczMC1lY2FhLTExZTYtOGY4OC0zNDM2M2JjN2M0YzAiOnsiY3JlYXRlIjozMDAwMDAwMDAwMDAsInVwZGF0ZSI6MzAwMDAwMDAwMDAwfX0=",
          "dependencies": [
            "data.aws_vpc.vpc_info",
            "module.sol_infra_lb_sg.aws_security_group.sol_sg",
            "module.sol_lb_infra.aws_lb.sol_lb",
            "module.sol_lb_infra_target_group.aws_lb_target_group.sol_target_group",
            "module.sol_subnet_private.aws_subnet.sol_subnet",
            "module.sol_vpc.aws_vpc.sol_vpc"
          ]
        }
      ]
    },
    {
      "module": "module.sol_lb_listener[2]",
      "mode": "managed",
      "type": "aws_lb_listener",
      "name": "sol_lb_listener",
      "provider": "provider[\"registry.terraform.io/hashicorp/aws\"]",
      "instances": [
        {
          "schema_version": 0,
          "attributes": {
            "alpn_policy": null,
            "arn": "arn:aws:elasticloadbalancing:ap-northeast-2:038462790556:listener/net/cicd-dev-infra-lb/1abb0ec6015282eb/15f2b52c7cb15df7",
            "certificate_arn": null,
            "default_action": [
              {
                "authenticate_cognito": [],
                "authenticate_oidc": [],
                "fixed_response": [],
                "forward": [],
                "order": 1,
                "redirect": [],
                "target_group_arn": "arn:aws:elasticloadbalancing:ap-northeast-2:038462790556:targetgroup/cicd-dev-infra-tg-nexus/b77959a0d7b54ae9",
                "type": "forward"
              }
            ],
            "id": "arn:aws:elasticloadbalancing:ap-northeast-2:038462790556:listener/net/cicd-dev-infra-lb/1abb0ec6015282eb/15f2b52c7cb15df7",
            "load_balancer_arn": "arn:aws:elasticloadbalancing:ap-northeast-2:038462790556:loadbalancer/net/cicd-dev-infra-lb/1abb0ec6015282eb",
            "mutual_authentication": [],
            "port": 8081,
            "protocol": "TCP",
            "ssl_policy": "",
            "tags": {},
            "tags_all": {},
            "tcp_idle_timeout_seconds": 360,
            "timeouts": null
          },
          "sensitive_attributes": [],
          "private": "eyJlMmJmYjczMC1lY2FhLTExZTYtOGY4OC0zNDM2M2JjN2M0YzAiOnsiY3JlYXRlIjozMDAwMDAwMDAwMDAsInVwZGF0ZSI6MzAwMDAwMDAwMDAwfX0=",
          "dependencies": [
            "data.aws_vpc.vpc_info",
            "module.sol_infra_lb_sg.aws_security_group.sol_sg",
            "module.sol_lb_infra.aws_lb.sol_lb",
            "module.sol_lb_infra_target_group.aws_lb_target_group.sol_target_group",
            "module.sol_subnet_private.aws_subnet.sol_subnet",
            "module.sol_vpc.aws_vpc.sol_vpc"
          ]
        }
      ]
    },
    {
      "module": "module.sol_lb_listener[3]",
      "mode": "managed",
      "type": "aws_lb_listener",
      "name": "sol_lb_listener",
      "provider": "provider[\"registry.terraform.io/hashicorp/aws\"]",
      "instances": [
        {
          "schema_version": 0,
          "attributes": {
            "alpn_policy": null,
            "arn": "arn:aws:elasticloadbalancing:ap-northeast-2:038462790556:listener/net/cicd-dev-infra-lb/1abb0ec6015282eb/463774a5f6b0e526",
            "certificate_arn": null,
            "default_action": [
              {
                "authenticate_cognito": [],
                "authenticate_oidc": [],
                "fixed_response": [],
                "forward": [],
                "order": 1,
                "redirect": [],
                "target_group_arn": "arn:aws:elasticloadbalancing:ap-northeast-2:038462790556:targetgroup/cicd-dev-infra-tg-jenkins/a6d506b9efb27760",
                "type": "forward"
              }
            ],
            "id": "arn:aws:elasticloadbalancing:ap-northeast-2:038462790556:listener/net/cicd-dev-infra-lb/1abb0ec6015282eb/463774a5f6b0e526",
            "load_balancer_arn": "arn:aws:elasticloadbalancing:ap-northeast-2:038462790556:loadbalancer/net/cicd-dev-infra-lb/1abb0ec6015282eb",
            "mutual_authentication": [],
            "port": 8080,
            "protocol": "TCP",
            "ssl_policy": "",
            "tags": {},
            "tags_all": {},
            "tcp_idle_timeout_seconds": 360,
            "timeouts": null
          },
          "sensitive_attributes": [],
          "private": "eyJlMmJmYjczMC1lY2FhLTExZTYtOGY4OC0zNDM2M2JjN2M0YzAiOnsiY3JlYXRlIjozMDAwMDAwMDAwMDAsInVwZGF0ZSI6MzAwMDAwMDAwMDAwfX0=",
          "dependencies": [
            "data.aws_vpc.vpc_info",
            "module.sol_infra_lb_sg.aws_security_group.sol_sg",
            "module.sol_lb_infra.aws_lb.sol_lb",
            "module.sol_lb_infra_target_group.aws_lb_target_group.sol_target_group",
            "module.sol_subnet_private.aws_subnet.sol_subnet",
            "module.sol_vpc.aws_vpc.sol_vpc"
          ]
        }
      ]
    },
    {
      "module": "module.sol_master_node[0]",
      "mode": "managed",
      "type": "aws_instance",
      "name": "sol_ec2",
      "provider": "provider[\"registry.terraform.io/hashicorp/aws\"]",
      "instances": [
        {
          "schema_version": 1,
          "attributes": {
            "ami": "ami-0a0cd2f78e9ef322a",
            "arn": "arn:aws:ec2:ap-northeast-2:038462790556:instance/i-087da2d3460f02d39",
            "associate_public_ip_address": false,
            "availability_zone": "ap-northeast-2a",
            "capacity_reservation_specification": [
              {
                "capacity_reservation_preference": "open",
                "capacity_reservation_target": []
              }
            ],
            "cpu_core_count": 2,
            "cpu_options": [
              {
                "amd_sev_snp": "",
                "core_count": 2,
                "threads_per_core": 1
              }
            ],
            "cpu_threads_per_core": 1,
            "credit_specification": [
              {
                "cpu_credits": "standard"
              }
            ],
            "disable_api_stop": false,
            "disable_api_termination": false,
            "ebs_block_device": [
              {
                "delete_on_termination": true,
                "device_name": "/dev/sdf",
                "encrypted": false,
                "iops": 210,
                "kms_key_id": "",
                "snapshot_id": "",
                "tags": {},
                "tags_all": {},
                "throughput": 0,
                "volume_id": "vol-001d833a21e5660a2",
                "volume_size": 70,
                "volume_type": "gp2"
              }
            ],
            "ebs_optimized": false,
            "enable_primary_ipv6": null,
            "enclave_options": [
              {
                "enabled": false
              }
            ],
            "ephemeral_block_device": [],
            "get_password_data": false,
            "hibernation": false,
            "host_id": "",
            "host_resource_group_arn": null,
            "iam_instance_profile": "cicd-dev-master_profile",
            "id": "i-087da2d3460f02d39",
            "instance_initiated_shutdown_behavior": "stop",
            "instance_lifecycle": "",
            "instance_market_options": [],
            "instance_state": "running",
            "instance_type": "t2.medium",
            "ipv6_address_count": 0,
            "ipv6_addresses": [],
            "key_name": "cicd-dev-key",
            "launch_template": [],
            "maintenance_options": [
              {
                "auto_recovery": "default"
              }
            ],
            "metadata_options": [
              {
                "http_endpoint": "enabled",
                "http_protocol_ipv6": "disabled",
                "http_put_response_hop_limit": 1,
                "http_tokens": "optional",
                "instance_metadata_tags": "disabled"
              }
            ],
            "monitoring": false,
            "network_interface": [
              {
                "delete_on_termination": false,
                "device_index": 0,
                "network_card_index": 0,
                "network_interface_id": "eni-0fae3073e29f77c22"
              }
            ],
            "outpost_arn": "",
            "password_data": "",
            "placement_group": "",
            "placement_partition_number": 0,
            "primary_network_interface_id": "eni-0fae3073e29f77c22",
            "private_dns": "ip-10-0-2-239.ap-northeast-2.compute.internal",
            "private_dns_name_options": [
              {
                "enable_resource_name_dns_a_record": false,
                "enable_resource_name_dns_aaaa_record": false,
                "hostname_type": "ip-name"
              }
            ],
            "private_ip": "10.0.2.239",
            "public_dns": "",
            "public_ip": "",
            "root_block_device": [
              {
                "delete_on_termination": true,
                "device_name": "/dev/sda1",
                "encrypted": false,
                "iops": 150,
                "kms_key_id": "",
                "tags": null,
                "tags_all": {},
                "throughput": 0,
                "volume_id": "vol-0e2260923445708b8",
                "volume_size": 50,
                "volume_type": "gp2"
              }
            ],
            "secondary_private_ips": [],
            "security_groups": [],
            "source_dest_check": true,
            "spot_instance_request_id": "",
            "subnet_id": "subnet-05945ea2a8d4fb3d7",
            "tags": {
              "Name": "cicd-dev-master-0",
              "kubernetes.io/cluster/cicd/dev": "owned",
              "type": "cicd-dev"
            },
            "tags_all": {
              "Name": "cicd-dev-master-0",
              "kubernetes.io/cluster/cicd/dev": "owned",
              "type": "cicd-dev"
            },
            "tenancy": "default",
            "timeouts": null,
            "user_data": "633dc4d0264c05ae34c7f851f864eb743539c566",
            "user_data_base64": null,
            "user_data_replace_on_change": false,
            "volume_tags": null,
            "vpc_security_group_ids": [
              "sg-0e844365f9c92fab9"
            ]
          },
          "sensitive_attributes": [],
          "private": "eyJlMmJmYjczMC1lY2FhLTExZTYtOGY4OC0zNDM2M2JjN2M0YzAiOnsiY3JlYXRlIjo2MDAwMDAwMDAwMDAsImRlbGV0ZSI6MTIwMDAwMDAwMDAwMCwicmVhZCI6OTAwMDAwMDAwMDAwLCJ1cGRhdGUiOjYwMDAwMDAwMDAwMH0sInNjaGVtYV92ZXJzaW9uIjoiMSJ9",
          "dependencies": [
            "aws_key_pair.sol_loginkey",
            "data.aws_internet_gateway.internet_gateway_info",
            "data.aws_vpc.vpc_info",
            "module.sol_iam_master_profile.aws_iam_instance_profile.sol_iam_profile",
            "module.sol_iam_master_role.aws_iam_role.sol_iam_role",
            "module.sol_infra_node.aws_instance.sol_ec2",
            "module.sol_infra_sg.aws_security_group.sol_sg",
            "module.sol_internet_gateway.aws_internet_gateway.sol_internet_gateway",
            "module.sol_master_sg.aws_security_group.sol_sg",
            "module.sol_nat_eip.aws_eip.sol_eip",
            "module.sol_nic_master.aws_network_interface.sol_nic",
            "module.sol_nic_private.aws_network_interface.sol_nic",
            "module.sol_subnet_private.aws_subnet.sol_subnet",
            "module.sol_vpc.aws_vpc.sol_vpc"
          ]
        }
      ]
    },
    {
      "module": "module.sol_master_sg[0]",
      "mode": "managed",
      "type": "aws_security_group",
      "name": "sol_sg",
      "provider": "provider[\"registry.terraform.io/hashicorp/aws\"]",
      "instances": [
        {
          "schema_version": 1,
          "attributes": {
            "arn": "arn:aws:ec2:ap-northeast-2:038462790556:security-group/sg-0e844365f9c92fab9",
            "description": "Security Group For Master Node",
            "egress": [
              {
                "cidr_blocks": [
                  "0.0.0.0/0"
                ],
                "description": "",
                "from_port": 0,
                "ipv6_cidr_blocks": [],
                "prefix_list_ids": [],
                "protocol": "-1",
                "security_groups": [],
                "self": false,
                "to_port": 0
              }
            ],
            "id": "sg-0e844365f9c92fab9",
            "ingress": [
              {
                "cidr_blocks": [
                  "0.0.0.0/0"
                ],
                "description": "",
                "from_port": 0,
                "ipv6_cidr_blocks": [],
                "prefix_list_ids": [],
                "protocol": "-1",
                "security_groups": [],
                "self": false,
                "to_port": 0
              },
              {
                "cidr_blocks": [
                  "10.0.2.0/24"
                ],
                "description": "",
                "from_port": 0,
                "ipv6_cidr_blocks": [],
                "prefix_list_ids": [],
                "protocol": "-1",
                "security_groups": [],
                "self": false,
                "to_port": 0
              },
              {
                "cidr_blocks": [
                  "220.118.2.248/32"
                ],
                "description": "",
                "from_port": 0,
                "ipv6_cidr_blocks": [],
                "prefix_list_ids": [],
                "protocol": "-1",
                "security_groups": [],
                "self": false,
                "to_port": 0
              },
              {
                "cidr_blocks": [
                  "3.38.236.52/32"
                ],
                "description": "",
                "from_port": 0,
                "ipv6_cidr_blocks": [],
                "prefix_list_ids": [],
                "protocol": "-1",
                "security_groups": [],
                "self": false,
                "to_port": 0
              }
            ],
            "name": "cicd-dev-master-sg",
            "name_prefix": "",
            "owner_id": "038462790556",
            "revoke_rules_on_delete": false,
            "tags": {
              "Name": "cicd-dev-master-sg",
              "kubernetes.io/cluster/cicd/dev": "owned"
            },
            "tags_all": {
              "Name": "cicd-dev-master-sg",
              "kubernetes.io/cluster/cicd/dev": "owned"
            },
            "timeouts": null,
            "vpc_id": "vpc-071b2d304a71ca7f9"
          },
          "sensitive_attributes": [],
          "private": "eyJlMmJmYjczMC1lY2FhLTExZTYtOGY4OC0zNDM2M2JjN2M0YzAiOnsiY3JlYXRlIjo2MDAwMDAwMDAwMDAsImRlbGV0ZSI6OTAwMDAwMDAwMDAwfSwic2NoZW1hX3ZlcnNpb24iOiIxIn0=",
          "dependencies": [
            "data.aws_internet_gateway.internet_gateway_info",
            "data.aws_vpc.vpc_info",
            "module.sol_internet_gateway.aws_internet_gateway.sol_internet_gateway",
            "module.sol_nat_eip.aws_eip.sol_eip",
            "module.sol_vpc.aws_vpc.sol_vpc"
          ]
        }
      ]
    },
    {
      "module": "module.sol_nat_eip[0]",
      "mode": "managed",
      "type": "aws_eip",
      "name": "sol_eip",
      "provider": "provider[\"registry.terraform.io/hashicorp/aws\"]",
      "instances": [
        {
          "schema_version": 0,
          "attributes": {
            "address": null,
            "allocation_id": "eipalloc-0514f33bd70cdc734",
            "arn": "arn:aws:ec2:ap-northeast-2:038462790556:elastic-ip/eipalloc-0514f33bd70cdc734",
            "associate_with_private_ip": null,
            "association_id": "eipassoc-0204f2680d373c05a",
            "carrier_ip": "",
            "customer_owned_ip": "",
            "customer_owned_ipv4_pool": "",
            "domain": "vpc",
            "id": "eipalloc-0514f33bd70cdc734",
            "instance": "",
            "ipam_pool_id": null,
            "network_border_group": "ap-northeast-2",
            "network_interface": "eni-0a1e14939a02a7181",
            "private_dns": "ip-10-0-1-69.ap-northeast-2.compute.internal",
            "private_ip": "10.0.1.69",
            "ptr_record": "",
            "public_dns": "ec2-3-38-236-52.ap-northeast-2.compute.amazonaws.com",
            "public_ip": "3.38.236.52",
            "public_ipv4_pool": "amazon",
            "tags": {
              "Name": "cicd-dev-ap-northeast-2a-nat-eip"
            },
            "tags_all": {
              "Name": "cicd-dev-ap-northeast-2a-nat-eip"
            },
            "timeouts": null,
            "vpc": true
          },
          "sensitive_attributes": [],
          "private": "eyJlMmJmYjczMC1lY2FhLTExZTYtOGY4OC0zNDM2M2JjN2M0YzAiOnsiZGVsZXRlIjoxODAwMDAwMDAwMDAsInJlYWQiOjkwMDAwMDAwMDAwMCwidXBkYXRlIjozMDAwMDAwMDAwMDB9fQ==",
          "dependencies": [
            "data.aws_internet_gateway.internet_gateway_info",
            "data.aws_vpc.vpc_info",
            "module.sol_internet_gateway.aws_internet_gateway.sol_internet_gateway",
            "module.sol_vpc.aws_vpc.sol_vpc"
          ]
        }
      ]
    },
    {
      "module": "module.sol_nat_gateway[0]",
      "mode": "managed",
      "type": "aws_nat_gateway",
      "name": "sol_nat_gateway",
      "provider": "provider[\"registry.terraform.io/hashicorp/aws\"]",
      "instances": [
        {
          "schema_version": 0,
          "attributes": {
            "allocation_id": "eipalloc-0514f33bd70cdc734",
            "association_id": "eipassoc-0204f2680d373c05a",
            "connectivity_type": "public",
            "id": "nat-0e6fae08aee199a31",
            "network_interface_id": "eni-0a1e14939a02a7181",
            "private_ip": "10.0.1.69",
            "public_ip": "3.38.236.52",
            "secondary_allocation_ids": [],
            "secondary_private_ip_address_count": 0,
            "secondary_private_ip_addresses": [],
            "subnet_id": "subnet-0bd8f10f3bba2f43d",
            "tags": {
              "Name": "cicd-dev-ap-northeast-2a-nat"
            },
            "tags_all": {
              "Name": "cicd-dev-ap-northeast-2a-nat"
            },
            "timeouts": null
          },
          "sensitive_attributes": [],
          "private": "eyJlMmJmYjczMC1lY2FhLTExZTYtOGY4OC0zNDM2M2JjN2M0YzAiOnsiY3JlYXRlIjo2MDAwMDAwMDAwMDAsImRlbGV0ZSI6MTgwMDAwMDAwMDAwMCwidXBkYXRlIjo2MDAwMDAwMDAwMDB9fQ==",
          "dependencies": [
            "data.aws_internet_gateway.internet_gateway_info",
            "data.aws_vpc.vpc_info",
            "module.sol_internet_gateway.aws_internet_gateway.sol_internet_gateway",
            "module.sol_nat_eip.aws_eip.sol_eip",
            "module.sol_subnet_public.aws_subnet.sol_subnet",
            "module.sol_vpc.aws_vpc.sol_vpc"
          ]
        }
      ]
    },
    {
      "module": "module.sol_nic_master[0]",
      "mode": "managed",
      "type": "aws_network_interface",
      "name": "sol_nic",
      "provider": "provider[\"registry.terraform.io/hashicorp/aws\"]",
      "instances": [
        {
          "schema_version": 0,
          "attributes": {
            "arn": "arn:aws:ec2:ap-northeast-2:038462790556:network-interface/eni-0fae3073e29f77c22",
            "attachment": [],
            "description": "For kubernetes master VM NIC",
            "enable_primary_ipv6": null,
            "id": "eni-0fae3073e29f77c22",
            "interface_type": "interface",
            "ipv4_prefix_count": 0,
            "ipv4_prefixes": [],
            "ipv6_address_count": 0,
            "ipv6_address_list": [],
            "ipv6_address_list_enabled": false,
            "ipv6_addresses": [],
            "ipv6_prefix_count": 0,
            "ipv6_prefixes": [],
            "mac_address": "02:07:43:51:71:0b",
            "outpost_arn": "",
            "owner_id": "038462790556",
            "private_dns_name": "ip-10-0-2-239.ap-northeast-2.compute.internal",
            "private_ip": "10.0.2.239",
            "private_ip_list": [
              "10.0.2.239"
            ],
            "private_ip_list_enabled": false,
            "private_ips": [
              "10.0.2.239"
            ],
            "private_ips_count": 0,
            "security_groups": [
              "sg-0e844365f9c92fab9"
            ],
            "source_dest_check": true,
            "subnet_id": "subnet-05945ea2a8d4fb3d7",
            "tags": {
              "Name": "cicd-dev-0-master-nic",
              "kubernetes.io/cluster/cicd/dev": "owned"
            },
            "tags_all": {
              "Name": "cicd-dev-0-master-nic",
              "kubernetes.io/cluster/cicd/dev": "owned"
            }
          },
          "sensitive_attributes": [],
          "private": "bnVsbA==",
          "dependencies": [
            "data.aws_internet_gateway.internet_gateway_info",
            "data.aws_vpc.vpc_info",
            "module.sol_internet_gateway.aws_internet_gateway.sol_internet_gateway",
            "module.sol_master_sg.aws_security_group.sol_sg",
            "module.sol_nat_eip.aws_eip.sol_eip",
            "module.sol_subnet_private.aws_subnet.sol_subnet",
            "module.sol_vpc.aws_vpc.sol_vpc"
          ]
        }
      ]
    },
    {
      "module": "module.sol_nic_private[0]",
      "mode": "managed",
      "type": "aws_network_interface",
      "name": "sol_nic",
      "provider": "provider[\"registry.terraform.io/hashicorp/aws\"]",
      "instances": [
        {
          "schema_version": 0,
          "attributes": {
            "arn": "arn:aws:ec2:ap-northeast-2:038462790556:network-interface/eni-0a87a872a0811227b",
            "attachment": [],
            "description": "For Private Infra VM NIC",
            "enable_primary_ipv6": null,
            "id": "eni-0a87a872a0811227b",
            "interface_type": "interface",
            "ipv4_prefix_count": 0,
            "ipv4_prefixes": [],
            "ipv6_address_count": 0,
            "ipv6_address_list": [],
            "ipv6_address_list_enabled": false,
            "ipv6_addresses": [],
            "ipv6_prefix_count": 0,
            "ipv6_prefixes": [],
            "mac_address": "02:79:a4:c2:fd:ed",
            "outpost_arn": "",
            "owner_id": "038462790556",
            "private_dns_name": "ip-10-0-2-45.ap-northeast-2.compute.internal",
            "private_ip": "10.0.2.45",
            "private_ip_list": [
              "10.0.2.45"
            ],
            "private_ip_list_enabled": false,
            "private_ips": [
              "10.0.2.45"
            ],
            "private_ips_count": 0,
            "security_groups": [
              "sg-0ddaa56d153231b68"
            ],
            "source_dest_check": true,
            "subnet_id": "subnet-05945ea2a8d4fb3d7",
            "tags": {
              "Name": "cicd-dev-0-infra-nic",
              "kubernetes.io/cluster/cicd/dev": "owned"
            },
            "tags_all": {
              "Name": "cicd-dev-0-infra-nic",
              "kubernetes.io/cluster/cicd/dev": "owned"
            }
          },
          "sensitive_attributes": [],
          "private": "bnVsbA==",
          "dependencies": [
            "data.aws_internet_gateway.internet_gateway_info",
            "data.aws_vpc.vpc_info",
            "module.sol_infra_sg.aws_security_group.sol_sg",
            "module.sol_internet_gateway.aws_internet_gateway.sol_internet_gateway",
            "module.sol_nat_eip.aws_eip.sol_eip",
            "module.sol_subnet_private.aws_subnet.sol_subnet",
            "module.sol_vpc.aws_vpc.sol_vpc"
          ]
        }
      ]
    },
    {
      "module": "module.sol_nic_public[0]",
      "mode": "managed",
      "type": "aws_network_interface",
      "name": "sol_nic",
      "provider": "provider[\"registry.terraform.io/hashicorp/aws\"]",
      "instances": [
        {
          "schema_version": 0,
          "attributes": {
            "arn": "arn:aws:ec2:ap-northeast-2:038462790556:network-interface/eni-0dd381010909db8dd",
            "attachment": [
              {
                "attachment_id": "eni-attach-0718056fceef8f512",
                "device_index": 0,
                "instance": "i-056f84742470b6e18"
              }
            ],
            "description": "For Public Jumpbox VM NIC",
            "enable_primary_ipv6": null,
            "id": "eni-0dd381010909db8dd",
            "interface_type": "interface",
            "ipv4_prefix_count": 0,
            "ipv4_prefixes": [],
            "ipv6_address_count": 0,
            "ipv6_address_list": [],
            "ipv6_address_list_enabled": false,
            "ipv6_addresses": [],
            "ipv6_prefix_count": 0,
            "ipv6_prefixes": [],
            "mac_address": "02:f6:30:8a:05:71",
            "outpost_arn": "",
            "owner_id": "038462790556",
            "private_dns_name": "ip-10-0-1-46.ap-northeast-2.compute.internal",
            "private_ip": "10.0.1.46",
            "private_ip_list": [
              "10.0.1.46"
            ],
            "private_ip_list_enabled": false,
            "private_ips": [
              "10.0.1.46"
            ],
            "private_ips_count": 0,
            "security_groups": [
              "sg-0e54b46c123cb76ca"
            ],
            "source_dest_check": true,
            "subnet_id": "subnet-0bd8f10f3bba2f43d",
            "tags": {
              "Name": "cicd-dev-0-jumpbox-nic",
              "kubernetes.io/cluster/cicd/dev": "owned"
            },
            "tags_all": {
              "Name": "cicd-dev-0-jumpbox-nic",
              "kubernetes.io/cluster/cicd/dev": "owned"
            }
          },
          "sensitive_attributes": [],
          "private": "bnVsbA==",
          "dependencies": [
            "data.aws_vpc.vpc_info",
            "module.sol_jumpbox_sg.aws_security_group.sol_sg",
            "module.sol_subnet_public.aws_subnet.sol_subnet",
            "module.sol_vpc.aws_vpc.sol_vpc"
          ]
        }
      ]
    },
    {
      "module": "module.sol_private_acl[0]",
      "mode": "managed",
      "type": "aws_network_acl",
      "name": "sol_acl",
      "provider": "provider[\"registry.terraform.io/hashicorp/aws\"]",
      "instances": [
        {
          "schema_version": 0,
          "attributes": {
            "arn": "arn:aws:ec2:ap-northeast-2:038462790556:network-acl/acl-075bd0c3155e83956",
            "egress": [
              {
                "action": "allow",
                "cidr_block": "0.0.0.0/0",
                "from_port": 0,
                "icmp_code": 0,
                "icmp_type": 0,
                "ipv6_cidr_block": "",
                "protocol": "-1",
                "rule_no": 100,
                "to_port": 0
              }
            ],
            "id": "acl-075bd0c3155e83956",
            "ingress": [
              {
                "action": "allow",
                "cidr_block": "0.0.0.0/0",
                "from_port": 0,
                "icmp_code": 0,
                "icmp_type": 0,
                "ipv6_cidr_block": "",
                "protocol": "-1",
                "rule_no": 100,
                "to_port": 0
              }
            ],
            "owner_id": "038462790556",
            "subnet_ids": [
              "subnet-05945ea2a8d4fb3d7"
            ],
            "tags": {
              "Name": "cicd-dev-private-0-acl"
            },
            "tags_all": {
              "Name": "cicd-dev-private-0-acl"
            },
            "vpc_id": "vpc-071b2d304a71ca7f9"
          },
          "sensitive_attributes": [],
          "private": "bnVsbA==",
          "dependencies": [
            "data.aws_vpc.vpc_info",
            "module.sol_subnet_private.aws_subnet.sol_subnet",
            "module.sol_vpc.aws_vpc.sol_vpc"
          ]
        }
      ]
    },
    {
      "module": "module.sol_private_route[0]",
      "mode": "managed",
      "type": "aws_route",
      "name": "sol_route",
      "provider": "provider[\"registry.terraform.io/hashicorp/aws\"]",
      "instances": [
        {
          "schema_version": 0,
          "attributes": {
            "carrier_gateway_id": "",
            "core_network_arn": "",
            "destination_cidr_block": "0.0.0.0/0",
            "destination_ipv6_cidr_block": "",
            "destination_prefix_list_id": "",
            "egress_only_gateway_id": "",
            "gateway_id": "",
            "id": "r-rtb-0cf8d6ed41c2bd13c1080289494",
            "instance_id": "",
            "instance_owner_id": "",
            "local_gateway_id": "",
            "nat_gateway_id": "nat-0e6fae08aee199a31",
            "network_interface_id": "",
            "origin": "CreateRoute",
            "route_table_id": "rtb-0cf8d6ed41c2bd13c",
            "state": "active",
            "timeouts": null,
            "transit_gateway_id": "",
            "vpc_endpoint_id": "",
            "vpc_peering_connection_id": ""
          },
          "sensitive_attributes": [],
          "private": "eyJlMmJmYjczMC1lY2FhLTExZTYtOGY4OC0zNDM2M2JjN2M0YzAiOnsiY3JlYXRlIjozMDAwMDAwMDAwMDAsImRlbGV0ZSI6MzAwMDAwMDAwMDAwLCJ1cGRhdGUiOjEyMDAwMDAwMDAwMH19",
          "dependencies": [
            "data.aws_internet_gateway.internet_gateway_info",
            "data.aws_vpc.vpc_info",
            "module.sol_internet_gateway.aws_internet_gateway.sol_internet_gateway",
            "module.sol_nat_eip.aws_eip.sol_eip",
            "module.sol_nat_gateway.aws_nat_gateway.sol_nat_gateway",
            "module.sol_route_table.aws_route_table.sol_route_table",
            "module.sol_subnet_public.aws_subnet.sol_subnet",
            "module.sol_vpc.aws_vpc.sol_vpc"
          ]
        }
      ]
    },
    {
      "module": "module.sol_private_route_table_associaion[0]",
      "mode": "managed",
      "type": "aws_route_table_association",
      "name": "sol_route_table_association",
      "provider": "provider[\"registry.terraform.io/hashicorp/aws\"]",
      "instances": [
        {
          "schema_version": 0,
          "attributes": {
            "gateway_id": "",
            "id": "rtbassoc-0258a09692eaf68a8",
            "route_table_id": "rtb-0cf8d6ed41c2bd13c",
            "subnet_id": "subnet-05945ea2a8d4fb3d7",
            "timeouts": null
          },
          "sensitive_attributes": [],
          "private": "eyJlMmJmYjczMC1lY2FhLTExZTYtOGY4OC0zNDM2M2JjN2M0YzAiOnsiY3JlYXRlIjozMDAwMDAwMDAwMDAsImRlbGV0ZSI6MzAwMDAwMDAwMDAwLCJ1cGRhdGUiOjEyMDAwMDAwMDAwMH19",
          "dependencies": [
            "data.aws_vpc.vpc_info",
            "module.sol_route_table.aws_route_table.sol_route_table",
            "module.sol_subnet_private.aws_subnet.sol_subnet",
            "module.sol_vpc.aws_vpc.sol_vpc"
          ]
        }
      ]
    },
    {
      "module": "module.sol_public_acl[0]",
      "mode": "managed",
      "type": "aws_network_acl",
      "name": "sol_acl",
      "provider": "provider[\"registry.terraform.io/hashicorp/aws\"]",
      "instances": [
        {
          "schema_version": 0,
          "attributes": {
            "arn": "arn:aws:ec2:ap-northeast-2:038462790556:network-acl/acl-0e6b0695391250f3a",
            "egress": [
              {
                "action": "allow",
                "cidr_block": "0.0.0.0/0",
                "from_port": 0,
                "icmp_code": 0,
                "icmp_type": 0,
                "ipv6_cidr_block": "",
                "protocol": "-1",
                "rule_no": 100,
                "to_port": 0
              }
            ],
            "id": "acl-0e6b0695391250f3a",
            "ingress": [
              {
                "action": "allow",
                "cidr_block": "0.0.0.0/0",
                "from_port": 0,
                "icmp_code": 0,
                "icmp_type": 0,
                "ipv6_cidr_block": "",
                "protocol": "-1",
                "rule_no": 100,
                "to_port": 0
              }
            ],
            "owner_id": "038462790556",
            "subnet_ids": [
              "subnet-0bd8f10f3bba2f43d"
            ],
            "tags": {
              "Name": "cicd-dev-public-0-acl"
            },
            "tags_all": {
              "Name": "cicd-dev-public-0-acl"
            },
            "vpc_id": "vpc-071b2d304a71ca7f9"
          },
          "sensitive_attributes": [],
          "private": "bnVsbA==",
          "dependencies": [
            "data.aws_vpc.vpc_info",
            "module.sol_subnet_public.aws_subnet.sol_subnet",
            "module.sol_vpc.aws_vpc.sol_vpc"
          ]
        }
      ]
    },
    {
      "module": "module.sol_public_route_table_associaion[0]",
      "mode": "managed",
      "type": "aws_route_table_association",
      "name": "sol_route_table_association",
      "provider": "provider[\"registry.terraform.io/hashicorp/aws\"]",
      "instances": [
        {
          "schema_version": 0,
          "attributes": {
            "gateway_id": "",
            "id": "rtbassoc-0ed43cc5fbdbaa155",
            "route_table_id": "rtb-08e2d42cfadecf5e4",
            "subnet_id": "subnet-0bd8f10f3bba2f43d",
            "timeouts": null
          },
          "sensitive_attributes": [],
          "private": "eyJlMmJmYjczMC1lY2FhLTExZTYtOGY4OC0zNDM2M2JjN2M0YzAiOnsiY3JlYXRlIjozMDAwMDAwMDAwMDAsImRlbGV0ZSI6MzAwMDAwMDAwMDAwLCJ1cGRhdGUiOjEyMDAwMDAwMDAwMH19",
          "dependencies": [
            "data.aws_vpc.vpc_info",
            "module.sol_subnet_public.aws_subnet.sol_subnet",
            "module.sol_vpc.aws_vpc.sol_vpc"
          ]
        }
      ]
    },
    {
      "module": "module.sol_route_table[0]",
      "mode": "managed",
      "type": "aws_route_table",
      "name": "sol_route_table",
      "provider": "provider[\"registry.terraform.io/hashicorp/aws\"]",
      "instances": [
        {
          "schema_version": 0,
          "attributes": {
            "arn": "arn:aws:ec2:ap-northeast-2:038462790556:route-table/rtb-0cf8d6ed41c2bd13c",
            "id": "rtb-0cf8d6ed41c2bd13c",
            "owner_id": "038462790556",
            "propagating_vgws": [],
            "route": [
              {
                "carrier_gateway_id": "",
                "cidr_block": "0.0.0.0/0",
                "core_network_arn": "",
                "destination_prefix_list_id": "",
                "egress_only_gateway_id": "",
                "gateway_id": "",
                "ipv6_cidr_block": "",
                "local_gateway_id": "",
                "nat_gateway_id": "nat-0e6fae08aee199a31",
                "network_interface_id": "",
                "transit_gateway_id": "",
                "vpc_endpoint_id": "",
                "vpc_peering_connection_id": ""
              }
            ],
            "tags": {
              "Name": "cicd-dev-pri-route_table",
              "kubernetes.io/cluster/cicd-dev": "owned"
            },
            "tags_all": {
              "Name": "cicd-dev-pri-route_table",
              "kubernetes.io/cluster/cicd-dev": "owned"
            },
            "timeouts": null,
            "vpc_id": "vpc-071b2d304a71ca7f9"
          },
          "sensitive_attributes": [],
          "private": "eyJlMmJmYjczMC1lY2FhLTExZTYtOGY4OC0zNDM2M2JjN2M0YzAiOnsiY3JlYXRlIjozMDAwMDAwMDAwMDAsImRlbGV0ZSI6MzAwMDAwMDAwMDAwLCJ1cGRhdGUiOjEyMDAwMDAwMDAwMH19",
          "dependencies": [
            "data.aws_vpc.vpc_info",
            "module.sol_vpc.aws_vpc.sol_vpc"
          ]
        }
      ]
    },
    {
      "module": "module.sol_subnet_private[0]",
      "mode": "managed",
      "type": "aws_subnet",
      "name": "sol_subnet",
      "provider": "provider[\"registry.terraform.io/hashicorp/aws\"]",
      "instances": [
        {
          "schema_version": 1,
          "attributes": {
            "arn": "arn:aws:ec2:ap-northeast-2:038462790556:subnet/subnet-05945ea2a8d4fb3d7",
            "assign_ipv6_address_on_creation": false,
            "availability_zone": "ap-northeast-2a",
            "availability_zone_id": "apne2-az1",
            "cidr_block": "10.0.2.0/24",
            "customer_owned_ipv4_pool": "",
            "enable_dns64": false,
            "enable_lni_at_device_index": 0,
            "enable_resource_name_dns_a_record_on_launch": false,
            "enable_resource_name_dns_aaaa_record_on_launch": false,
            "id": "subnet-05945ea2a8d4fb3d7",
            "ipv6_cidr_block": "",
            "ipv6_cidr_block_association_id": "",
            "ipv6_native": false,
            "map_customer_owned_ip_on_launch": false,
            "map_public_ip_on_launch": false,
            "outpost_arn": "",
            "owner_id": "038462790556",
            "private_dns_hostname_type_on_launch": "ip-name",
            "tags": {
              "Name": "cicd-ap-northeast-2a-private-subnet",
              "kubernetes.io/cluster/cicd-dev": "owned"
            },
            "tags_all": {
              "Name": "cicd-ap-northeast-2a-private-subnet",
              "kubernetes.io/cluster/cicd-dev": "owned"
            },
            "timeouts": null,
            "vpc_id": "vpc-071b2d304a71ca7f9"
          },
          "sensitive_attributes": [],
          "private": "eyJlMmJmYjczMC1lY2FhLTExZTYtOGY4OC0zNDM2M2JjN2M0YzAiOnsiY3JlYXRlIjo2MDAwMDAwMDAwMDAsImRlbGV0ZSI6MTIwMDAwMDAwMDAwMH0sInNjaGVtYV92ZXJzaW9uIjoiMSJ9",
          "dependencies": [
            "data.aws_vpc.vpc_info",
            "module.sol_vpc.aws_vpc.sol_vpc"
          ]
        }
      ]
    },
    {
      "module": "module.sol_subnet_public[0]",
      "mode": "managed",
      "type": "aws_subnet",
      "name": "sol_subnet",
      "provider": "provider[\"registry.terraform.io/hashicorp/aws\"]",
      "instances": [
        {
          "schema_version": 1,
          "attributes": {
            "arn": "arn:aws:ec2:ap-northeast-2:038462790556:subnet/subnet-0bd8f10f3bba2f43d",
            "assign_ipv6_address_on_creation": false,
            "availability_zone": "ap-northeast-2a",
            "availability_zone_id": "apne2-az1",
            "cidr_block": "10.0.1.0/24",
            "customer_owned_ipv4_pool": "",
            "enable_dns64": false,
            "enable_lni_at_device_index": 0,
            "enable_resource_name_dns_a_record_on_launch": false,
            "enable_resource_name_dns_aaaa_record_on_launch": false,
            "id": "subnet-0bd8f10f3bba2f43d",
            "ipv6_cidr_block": "",
            "ipv6_cidr_block_association_id": "",
            "ipv6_native": false,
            "map_customer_owned_ip_on_launch": false,
            "map_public_ip_on_launch": true,
            "outpost_arn": "",
            "owner_id": "038462790556",
            "private_dns_hostname_type_on_launch": "ip-name",
            "tags": {
              "Name": "cicd-ap-northeast-2a-public-subnet",
              "kubernetes.io/cluster/cicd-dev": "owned"
            },
            "tags_all": {
              "Name": "cicd-ap-northeast-2a-public-subnet",
              "kubernetes.io/cluster/cicd-dev": "owned"
            },
            "timeouts": null,
            "vpc_id": "vpc-071b2d304a71ca7f9"
          },
          "sensitive_attributes": [],
          "private": "eyJlMmJmYjczMC1lY2FhLTExZTYtOGY4OC0zNDM2M2JjN2M0YzAiOnsiY3JlYXRlIjo2MDAwMDAwMDAwMDAsImRlbGV0ZSI6MTIwMDAwMDAwMDAwMH0sInNjaGVtYV92ZXJzaW9uIjoiMSJ9",
          "dependencies": [
            "data.aws_vpc.vpc_info",
            "module.sol_vpc.aws_vpc.sol_vpc"
          ]
        }
      ]
    },
    {
      "module": "module.sol_vpc[0]",
      "mode": "managed",
      "type": "aws_vpc",
      "name": "sol_vpc",
      "provider": "provider[\"registry.terraform.io/hashicorp/aws\"]",
      "instances": [
        {
          "schema_version": 1,
          "attributes": {
            "arn": "arn:aws:ec2:ap-northeast-2:038462790556:vpc/vpc-071b2d304a71ca7f9",
            "assign_generated_ipv6_cidr_block": false,
            "cidr_block": "10.0.0.0/16",
            "default_network_acl_id": "acl-07be6177f15484785",
            "default_route_table_id": "rtb-08e2d42cfadecf5e4",
            "default_security_group_id": "sg-0dc54e4c2d9a2d23b",
            "dhcp_options_id": "dopt-0a03607f9ce8a9f22",
            "enable_dns_hostnames": true,
            "enable_dns_support": true,
            "enable_network_address_usage_metrics": false,
            "id": "vpc-071b2d304a71ca7f9",
            "instance_tenancy": "default",
            "ipv4_ipam_pool_id": null,
            "ipv4_netmask_length": null,
            "ipv6_association_id": "",
            "ipv6_cidr_block": "",
            "ipv6_cidr_block_network_border_group": "",
            "ipv6_ipam_pool_id": "",
            "ipv6_netmask_length": 0,
            "main_route_table_id": "rtb-08e2d42cfadecf5e4",
            "owner_id": "038462790556",
            "tags": {
              "Name": "cicd"
            },
            "tags_all": {
              "Name": "cicd"
            }
          },
          "sensitive_attributes": [],
          "private": "eyJzY2hlbWFfdmVyc2lvbiI6IjEifQ=="
        }
      ]
    },
    {
      "module": "module.vars[0]",
      "mode": "managed",
      "type": "local_file",
      "name": "ansible_manual_vars",
      "provider": "provider[\"registry.terraform.io/hashicorp/local\"]",
      "instances": [
        {
          "schema_version": 0,
          "attributes": {
            "content": "cloud_provider: manual # aws, awsM\n\nansible_path : \"/home/sol/cicd-project/automation/ansible\"\n\nvpc_name : cicd\nregion_name: ap-northeast-2\nsystem_type: dev\naccess_key: AKIAQR5EPTOOAFOYWOME \nsecret_key: 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 \njumpbox_ip: 3.34.155.106\ninfra_lb_domain: cicd-dev-infra-lb-1abb0ec6015282eb.elb.ap-northeast-2.amazonaws.com \nk8s_lb_domain: cicd-dev-k8s-lb-e0a76c3e5210be6a.elb.ap-northeast-2.amazonaws.com \ninfra_ip: 10.0.2.45 \njenkins_ip :  \"{{infra_lb_domain}}\"\nkafka_ip : \"{{infra_lb_domain}}\"\nharbor_ip : \"{{infra_lb_domain}}\"\ngitlab_ip :  \"{{infra_lb_domain}}\"\n\nnfs_path: :/\nnfs_name: \nnfs_dns: \nnas_mount_path: \"\"\n\nnfs_server: \nnfs_mountoptions: nfsvers=4.1\nnfs_pvc_name: solpv\n\nec2_ebs_mount_path : \"/app\"\n\nk8s_multi_master: false\nkube_config: \"/root/.kube/cicd-dev-config\"\n\ndocker_version: \"25.0.2\"\ndocker_bip: 7.7.128.1/18\ndocker_pools_base: 7.7.192.0/18\ndocker_log_max_size : 10m\ndocker_log_max_file : 2\ndocker_root_dir : /var/lib/docker\n# docker_root_dir : \"{{ec2_ebs_mount_path}}/docker\"\n\ncontainerd_version : \"1.6.28\"\ncontainerd_root_dir: /var/lib/containerd\n# containerd_root_dir: {{ec2_ebs_mount_path}}/contianerd\nkubelet_containerLogMaxSize : 10Mi\nkubelet_containerLogMaxFiles : 2\n\nharbor_host: registry.sol.lab\nharbor_http_port: 5000\nharbor_https_port: 5443\nharbor_ssl: true\nharbor_ssl_path : /home/sol/.ssl/\nharbor_cert_path: /home/sol/.ssl/harbor/harbor.pem\nharbor_key_path: /home/sol/.ssl/harbor/harbor-key.pem\nharbor_install_dir: /home/sol/harbor/harbor\nharbor_data_dir: /home/sol/harbor/data \nharbor_log_dir: /home/sol/harbor/log\nharbor_username: sol\nharbor_password: solsol1234!\nharbor_cert_CN: registry.sol.lab\nharbor_cert_hosts: \"\\\"registry.sol.lab\\\", \\\"{{infra_lb_domain}}\\\"\"\n\ngitlab_host: gitlab.sol.lab\ngitlab_external_url: https://{{infra_lb_domain}}:{{gitlab_port}}\ngitlab_http_port: 18080\ngitlab_https_port: 8443\ngitlab_config_dir: /home/sol/gitlab/config\ngitlab_install_dir: /home/sol/gitlab/\ngitlab_data_dir: /home/sol/gitlab/data\ngitlab_log_dir: /home/sol/gitlab/logs\ngitlab_ssl_dir: /home/sol/gitlab/config/ssl\ngitlab_root_username: sol\ngitlab_password: solsol1234!\ngitlab_cert_CN: \"{{infra_lb_domain}}\"\ngitlab_ssl: true\ngitlab_cert_hosts: \"\\\"gitlab.sol.lab\\\", \\\"{{infra_lb_domain}}\\\"\"\ngitlab_memory: \"4g\"\ngitlab_cpu: 2\n\njenkins_version : 2.417\njenkins_base_dir : /mnt/nfs/jenkins\njenkins_port: 8080\njenkins_agent_port: 50000\njenkins_memory: 2g\n\ncrictl_version : v1.23.0\nnerdctl_version : 0.22.2\n\nasg_min_size : 2\nasg_max_size : 2\n\nk8s_pause_version : 3.6 \nnode_status_update_frequency_second : 5     #/var/lib/kubelet/kubeadm-flags.env\nnode_monitor_period_second : 10\nnode_monitor_grace_period_second : 15\ndefault_not_ready_toleration_seconds: 5\ndefault_unreachable_toleration_seconds: 5\n\nkubernetes_version : 1.30.1\nkubernetes_pod_cidr : 20.0.0.0/10\nkubernetes_service_cidr : 25.0.0.0/16\nk8s_cluster_autoscaler_version : 1.24\n\nk8s_api_ip : \"{{k8s_lb_domain}}\"  # ip 수정\nk8s_api_port : 6443\nmaster_ip : 10.0.2.239\nk8s_cert_svc_ip : 25.0.0.1  # k8s service cidr값의 첫번째 ip\n\nnginx_ssl : false\nnginx_cert_CN: \"{{infra_lb_domain}}\"\nnginx_cert_hosts: \"\\\"jenkins.sol.lab\\\",\\\"monitoring.sol.lab\\\", \\\"{{infra_lb_domain}}\\\"\"  \nnginx_dir : /home/sol/nginx\nnginx_dir_conf : /home/sol/nginx/conf.d\n\nkafka1_dir: /home/sol/automation/kafka/kafka1\nkafka2_dir: /home/sol/automation/kafka/kafka2\nkafka3_dir: /home/sol/automation/kafka/kafka3\nzookeeper_dir: /home/sol/automation/kafka/zookeeper\n\ntrivy_db_dir: /home/sol/trivy\n\nnexus_port: 80\nnexus_data_dir: /home/sol/nexus\n\nmattermost_port : 8085\nmattermost_dir : /home/sol/mattermost\nmattermost_data_dir : /home/sol/mattermost/volumes\n\nsonarqube_mysql_dir : /home/sol/sonarqube_mysql\nsonarqube_mysql_port: 3306\nsonarqube_port: 9000\n",
            "content_base64": null,
            "content_base64sha256": "ZU6zYCrCvuX6Rb/OUa/A+6CtrOKAXwp8qpO9iK1bgUI=",
            "content_base64sha512": "+YHNcm+Wc1CNpWPqgpJRmrIXg6or95X/pg1ju2Ffgg6nsBYoiYuxYwCe89bU+hHsEtal0DRjgCuxjR/SCCo9Eg==",
            "content_md5": "ee779ce4d2934d3fe77f2d493d994206",
            "content_sha1": "a7422600eb4f8853d95e33607bb9472e5c90e41b",
            "content_sha256": "654eb3602ac2bee5fa45bfce51afc0fba0adace2805f0a7caa93bd88ad5b8142",
            "content_sha512": "f981cd726f9673508da563ea8292519ab21783aa2bf795ffa60d63bb615f820ea7b01628898bb163009ef3d6d4fa11ec12d6a5d03463802bb18d1fd2082a3d12",
            "directory_permission": "0777",
            "file_permission": "0777",
            "filename": "/home/sol/cicd-project/automation/ansible/playbooks/vars-aws-cicd-dev.yaml",
            "id": "a7422600eb4f8853d95e33607bb9472e5c90e41b",
            "sensitive_content": null,
            "source": null
          },
          "sensitive_attributes": [
            [
              {
                "type": "get_attr",
                "value": "sensitive_content"
              }
            ]
          ],
          "dependencies": [
            "aws_key_pair.sol_loginkey",
            "data.aws_internet_gateway.internet_gateway_info",
            "data.aws_vpc.vpc_info",
            "module.sol_efs.aws_efs_file_system.sol_efs",
            "module.sol_efs_mount_target.aws_efs_mount_target.sol_efs_mount_target",
            "module.sol_eip_for_ec2.aws_eip.sol_eip",
            "module.sol_iam_master_profile.aws_iam_instance_profile.sol_iam_profile",
            "module.sol_iam_master_role.aws_iam_role.sol_iam_role",
            "module.sol_infra_lb_sg.aws_security_group.sol_sg",
            "module.sol_infra_node.aws_instance.sol_ec2",
            "module.sol_infra_sg.aws_security_group.sol_sg",
            "module.sol_internet_gateway.aws_internet_gateway.sol_internet_gateway",
            "module.sol_k8s_lb_sg.aws_security_group.sol_sg",
            "module.sol_lb_infra.aws_lb.sol_lb",
            "module.sol_lb_k8s.aws_lb.sol_lb",
            "module.sol_master_node.aws_instance.sol_ec2",
            "module.sol_master_sg.aws_security_group.sol_sg",
            "module.sol_nas_sg.aws_security_group.sol_sg",
            "module.sol_nat_eip.aws_eip.sol_eip",
            "module.sol_nic_master.aws_network_interface.sol_nic",
            "module.sol_nic_private.aws_network_interface.sol_nic",
            "module.sol_subnet_private.aws_subnet.sol_subnet",
            "module.sol_vpc.aws_vpc.sol_vpc"
          ]
        }
      ]
    }
  ],
  "check_results": null
}
